{
  "version": 4,
  "terraform_version": "1.9.2",
  "serial": 397,
  "lineage": "ae012dab-a36d-a99e-29bc-85b68e6f3e62",
  "outputs": {},
  "resources": [
    {
      "module": "module.api_gateway",
      "mode": "managed",
      "type": "aws_apigatewayv2_api",
      "name": "main",
      "provider": "provider[\"registry.terraform.io/hashicorp/aws\"]",
      "instances": [
        {
          "schema_version": 0,
          "attributes": {
            "api_endpoint": "https://ayxe7yhn4f.execute-api.us-east-1.amazonaws.com",
            "api_key_selection_expression": "$request.header.x-api-key",
            "arn": "arn:aws:apigateway:us-east-1::/apis/ayxe7yhn4f",
            "body": null,
            "cors_configuration": [
              {
                "allow_credentials": false,
                "allow_headers": [
                  "*"
                ],
                "allow_methods": [
                  "DELETE",
                  "GET",
                  "OPTIONS",
                  "POST",
                  "PUT"
                ],
                "allow_origins": [
                  "*",
                  "http://localhost:3000"
                ],
                "expose_headers": null,
                "max_age": 300
              }
            ],
            "credentials_arn": null,
            "description": "api-appma-dev API Gateway",
            "disable_execute_api_endpoint": false,
            "execution_arn": "arn:aws:execute-api:us-east-1:233925838033:ayxe7yhn4f",
            "fail_on_warnings": null,
            "id": "ayxe7yhn4f",
            "name": "api-appma-dev",
            "protocol_type": "HTTP",
            "route_key": null,
            "route_selection_expression": "$request.method $request.path",
            "tags": {},
            "tags_all": {
              "iac": "terraform"
            },
            "target": null,
            "version": ""
          },
          "sensitive_attributes": [],
          "private": "bnVsbA=="
        }
      ]
    },
    {
      "module": "module.api_gateway",
      "mode": "managed",
      "type": "aws_apigatewayv2_stage",
      "name": "dev",
      "provider": "provider[\"registry.terraform.io/hashicorp/aws\"]",
      "instances": [
        {
          "schema_version": 0,
          "attributes": {
            "access_log_settings": [
              {
                "destination_arn": "arn:aws:logs:us-east-1:233925838033:log-group:/aws/api-gw/api-appma-dev",
                "format": "{\"apiGatewayError\":\"$context.error.message\",\"authorizationError\":\"$context.authorizer.error\",\"httpMethod\":\"$context.httpMethod\",\"integrationErrorMessage\":\"$context.integrationErrorMessage\",\"integrationRealError\":\"$context.integration.error\",\"protocol\":\"$context.protocol\",\"requestId\":\"$context.requestId\",\"requestTime\":\"$context.requestTime\",\"resourcePath\":\"$context.resourcePath\",\"responseLength\":\"$context.responseLength\",\"routeKey\":\"$context.routeKey\",\"sourceIp\":\"$context.identity.sourceIp\",\"status\":\"$context.status\"}"
              }
            ],
            "api_id": "ayxe7yhn4f",
            "arn": "arn:aws:apigateway:us-east-1::/apis/ayxe7yhn4f/stages/dev",
            "auto_deploy": true,
            "client_certificate_id": "",
            "default_route_settings": [
              {
                "data_trace_enabled": false,
                "detailed_metrics_enabled": false,
                "logging_level": "",
                "throttling_burst_limit": 0,
                "throttling_rate_limit": 0
              }
            ],
            "deployment_id": "asd1co",
            "description": "",
            "execution_arn": "arn:aws:execute-api:us-east-1:233925838033:ayxe7yhn4f/dev",
            "id": "dev",
            "invoke_url": "https://ayxe7yhn4f.execute-api.us-east-1.amazonaws.com/dev",
            "name": "dev",
            "route_settings": [],
            "stage_variables": {},
            "tags": {},
            "tags_all": {
              "iac": "terraform"
            }
          },
          "sensitive_attributes": [],
          "private": "bnVsbA==",
          "dependencies": [
            "module.api_gateway.aws_apigatewayv2_api.main",
            "module.api_gateway.aws_cloudwatch_log_group.main_api_gw"
          ]
        }
      ]
    },
    {
      "module": "module.api_gateway",
      "mode": "managed",
      "type": "aws_cloudwatch_log_group",
      "name": "main_api_gw",
      "provider": "provider[\"registry.terraform.io/hashicorp/aws\"]",
      "instances": [
        {
          "schema_version": 0,
          "attributes": {
            "arn": "arn:aws:logs:us-east-1:233925838033:log-group:/aws/api-gw/api-appma-dev",
            "id": "/aws/api-gw/api-appma-dev",
            "kms_key_id": "",
            "log_group_class": "STANDARD",
            "name": "/aws/api-gw/api-appma-dev",
            "name_prefix": "",
            "retention_in_days": 7,
            "skip_destroy": false,
            "tags": {},
            "tags_all": {
              "iac": "terraform"
            }
          },
          "sensitive_attributes": [],
          "private": "bnVsbA==",
          "dependencies": [
            "module.api_gateway.aws_apigatewayv2_api.main"
          ]
        }
      ]
    },
    {
      "module": "module.api_gateway_resources_core_customer_create",
      "mode": "data",
      "type": "archive_file",
      "name": "lambda_package",
      "provider": "provider[\"registry.terraform.io/hashicorp/archive\"]",
      "instances": [
        {
          "schema_version": 0,
          "attributes": {
            "exclude_symlink_directories": null,
            "excludes": null,
            "id": "5ffac32621a595811ec2972425558bfc5735f00d",
            "output_base64sha256": "CjXG3A0l6Zqs1pamAczDH2Q3sn7gVsaCViRZMVtWcSw=",
            "output_base64sha512": "pRO2t4KfZTmzcReTo6BheWaVssrR4kxcsxC0IDeNhdloW+wEdwEL/zV6veRpEjMTPow0cgSU6uCTtHce7k+2FQ==",
            "output_file_mode": null,
            "output_md5": "9f2722af4e75ac313b5d4b0fc9463aef",
            "output_path": "./resources/core/customer-create/index.zip",
            "output_sha": "5ffac32621a595811ec2972425558bfc5735f00d",
            "output_sha256": "0a35c6dc0d25e99aacd696a601ccc31f6437b27ee056c682562459315b56712c",
            "output_sha512": "a513b6b7829f6539b3711793a3a061796695b2cad1e24c5cb310b420378d85d9685bec0477010bff357abde4691233133e8c34720494eae093b4771eee4fb615",
            "output_size": 3055032,
            "source": [],
            "source_content": null,
            "source_content_filename": null,
            "source_dir": "./lambdas/core/customer-create",
            "source_file": null,
            "type": "zip"
          },
          "sensitive_attributes": []
        }
      ]
    },
    {
      "module": "module.api_gateway_resources_core_customer_create",
      "mode": "data",
      "type": "aws_apigatewayv2_api",
      "name": "selected",
      "provider": "provider[\"registry.terraform.io/hashicorp/aws\"]",
      "instances": [
        {
          "schema_version": 0,
          "attributes": {
            "api_endpoint": "https://ayxe7yhn4f.execute-api.us-east-1.amazonaws.com",
            "api_id": "ayxe7yhn4f",
            "api_key_selection_expression": "$request.header.x-api-key",
            "arn": "arn:aws:apigateway:us-east-1::/apis/ayxe7yhn4f",
            "cors_configuration": [
              {
                "allow_credentials": false,
                "allow_headers": [
                  "*"
                ],
                "allow_methods": [
                  "DELETE",
                  "GET",
                  "OPTIONS",
                  "POST",
                  "PUT"
                ],
                "allow_origins": [
                  "*",
                  "http://localhost:3000"
                ],
                "expose_headers": [],
                "max_age": 300
              }
            ],
            "description": "api-appma-dev API Gateway",
            "disable_execute_api_endpoint": false,
            "execution_arn": "arn:aws:execute-api:us-east-1:233925838033:ayxe7yhn4f",
            "id": "ayxe7yhn4f",
            "name": "api-appma-dev",
            "protocol_type": "HTTP",
            "route_selection_expression": "$request.method $request.path",
            "tags": {
              "iac": "terraform"
            },
            "version": ""
          },
          "sensitive_attributes": []
        }
      ]
    },
    {
      "module": "module.api_gateway_resources_core_customer_create",
      "mode": "data",
      "type": "aws_caller_identity",
      "name": "current",
      "provider": "provider[\"registry.terraform.io/hashicorp/aws\"]",
      "instances": [
        {
          "schema_version": 0,
          "attributes": {
            "account_id": "233925838033",
            "arn": "arn:aws:iam::233925838033:root",
            "id": "233925838033",
            "user_id": "233925838033"
          },
          "sensitive_attributes": []
        }
      ]
    },
    {
      "module": "module.api_gateway_resources_core_customer_create",
      "mode": "data",
      "type": "aws_iam_policy_document",
      "name": "lambda_policy_document",
      "provider": "provider[\"registry.terraform.io/hashicorp/aws\"]",
      "instances": [
        {
          "schema_version": 0,
          "attributes": {
            "id": "1899902370",
            "json": "{\n  \"Version\": \"2012-10-17\",\n  \"Statement\": [\n    {\n      \"Effect\": \"Allow\",\n      \"Action\": [\n        \"dynamodb:Scan\",\n        \"dynamodb:PutItem\"\n      ],\n      \"Resource\": \"arn:aws:dynamodb:us-east-1:233925838033:table/tbl-appma-customers-dev\"\n    }\n  ]\n}",
            "minified_json": "{\"Version\":\"2012-10-17\",\"Statement\":[{\"Effect\":\"Allow\",\"Action\":[\"dynamodb:Scan\",\"dynamodb:PutItem\"],\"Resource\":\"arn:aws:dynamodb:us-east-1:233925838033:table/tbl-appma-customers-dev\"}]}",
            "override_json": null,
            "override_policy_documents": null,
            "policy_id": null,
            "source_json": null,
            "source_policy_documents": null,
            "statement": [
              {
                "actions": [
                  "dynamodb:PutItem",
                  "dynamodb:Scan"
                ],
                "condition": [],
                "effect": "Allow",
                "not_actions": [],
                "not_principals": [],
                "not_resources": [],
                "principals": [],
                "resources": [
                  "arn:aws:dynamodb:us-east-1:233925838033:table/tbl-appma-customers-dev"
                ],
                "sid": ""
              }
            ],
            "version": "2012-10-17"
          },
          "sensitive_attributes": []
        }
      ]
    },
    {
      "module": "module.api_gateway_resources_core_customer_create",
      "mode": "data",
      "type": "aws_region",
      "name": "current",
      "provider": "provider[\"registry.terraform.io/hashicorp/aws\"]",
      "instances": [
        {
          "schema_version": 0,
          "attributes": {
            "description": "US East (N. Virginia)",
            "endpoint": "ec2.us-east-1.amazonaws.com",
            "id": "us-east-1",
            "name": "us-east-1"
          },
          "sensitive_attributes": []
        }
      ]
    },
    {
      "module": "module.api_gateway_resources_core_customer_create",
      "mode": "managed",
      "type": "aws_apigatewayv2_integration",
      "name": "lambda_handler",
      "provider": "provider[\"registry.terraform.io/hashicorp/aws\"]",
      "instances": [
        {
          "schema_version": 0,
          "attributes": {
            "api_id": "ayxe7yhn4f",
            "connection_id": "",
            "connection_type": "INTERNET",
            "content_handling_strategy": "",
            "credentials_arn": "",
            "description": "",
            "id": "wqkgi1a",
            "integration_method": "POST",
            "integration_response_selection_expression": "",
            "integration_subtype": "",
            "integration_type": "AWS_PROXY",
            "integration_uri": "arn:aws:apigateway:us-east-1:lambda:path/2015-03-31/functions/arn:aws:lambda:us-east-1:233925838033:function:lmb-appma-core-customers-customers-dev/invocations",
            "passthrough_behavior": "",
            "payload_format_version": "1.0",
            "request_parameters": null,
            "request_templates": null,
            "response_parameters": [],
            "template_selection_expression": "",
            "timeout_milliseconds": 30000,
            "tls_config": []
          },
          "sensitive_attributes": [],
          "private": "bnVsbA==",
          "dependencies": [
            "module.api_gateway.aws_apigatewayv2_api.main",
            "module.api_gateway.aws_apigatewayv2_stage.dev",
            "module.api_gateway.aws_cloudwatch_log_group.main_api_gw",
            "module.api_gateway_resources_core_customer_create.aws_iam_role.lambda_role",
            "module.api_gateway_resources_core_customer_create.aws_lambda_function.html_lambda",
            "module.api_gateway_resources_core_customer_create.data.archive_file.lambda_package",
            "module.api_gateway_resources_core_customer_create.data.aws_apigatewayv2_api.selected",
            "module.customers_dynamodb.aws_dynamodb_table.customers-dynamodb-table"
          ]
        }
      ]
    },
    {
      "module": "module.api_gateway_resources_core_customer_create",
      "mode": "managed",
      "type": "aws_apigatewayv2_route",
      "name": "post_handler",
      "provider": "provider[\"registry.terraform.io/hashicorp/aws\"]",
      "instances": [
        {
          "schema_version": 0,
          "attributes": {
            "api_id": "ayxe7yhn4f",
            "api_key_required": false,
            "authorization_scopes": null,
            "authorization_type": "CUSTOM",
            "authorizer_id": "hhayli",
            "id": "8vvbzs2",
            "model_selection_expression": "",
            "operation_name": "",
            "request_models": null,
            "request_parameter": [],
            "route_key": "POST /api/core/customers",
            "route_response_selection_expression": "",
            "target": "integrations/wqkgi1a"
          },
          "sensitive_attributes": [],
          "private": "bnVsbA==",
          "dependencies": [
            "module.api_gateway.aws_apigatewayv2_api.main",
            "module.api_gateway.aws_apigatewayv2_stage.dev",
            "module.api_gateway.aws_cloudwatch_log_group.main_api_gw",
            "module.api_gateway_resources_core_customer_create.aws_apigatewayv2_integration.lambda_handler",
            "module.api_gateway_resources_core_customer_create.aws_iam_role.lambda_role",
            "module.api_gateway_resources_core_customer_create.aws_lambda_function.html_lambda",
            "module.api_gateway_resources_core_customer_create.data.archive_file.lambda_package",
            "module.api_gateway_resources_core_customer_create.data.aws_apigatewayv2_api.selected",
            "module.api_gateway_resources_security_authorizer.aws_apigatewayv2_authorizer.header_based_authorizer",
            "module.api_gateway_resources_security_authorizer.aws_iam_role.lambda_role",
            "module.api_gateway_resources_security_authorizer.aws_lambda_function.html_lambda",
            "module.api_gateway_resources_security_authorizer.data.archive_file.lambda_package",
            "module.api_gateway_resources_security_authorizer.data.aws_apigatewayv2_api.selected",
            "module.customers_dynamodb.aws_dynamodb_table.customers-dynamodb-table"
          ]
        }
      ]
    },
    {
      "module": "module.api_gateway_resources_core_customer_create",
      "mode": "managed",
      "type": "aws_cloudwatch_log_group",
      "name": "html_loggroup_lambda",
      "provider": "provider[\"registry.terraform.io/hashicorp/aws\"]",
      "instances": [
        {
          "schema_version": 0,
          "attributes": {
            "arn": "arn:aws:logs:us-east-1:233925838033:log-group:/aws/lambda/lmb-appma-core-customers-customers-dev",
            "id": "/aws/lambda/lmb-appma-core-customers-customers-dev",
            "kms_key_id": "",
            "log_group_class": "STANDARD",
            "name": "/aws/lambda/lmb-appma-core-customers-customers-dev",
            "name_prefix": "",
            "retention_in_days": 0,
            "skip_destroy": false,
            "tags": {},
            "tags_all": {
              "iac": "terraform"
            }
          },
          "sensitive_attributes": [],
          "private": "bnVsbA==",
          "dependencies": [
            "module.api_gateway.aws_apigatewayv2_api.main",
            "module.api_gateway.aws_apigatewayv2_stage.dev",
            "module.api_gateway.aws_cloudwatch_log_group.main_api_gw",
            "module.api_gateway_resources_core_customer_create.aws_iam_role.lambda_role",
            "module.api_gateway_resources_core_customer_create.aws_lambda_function.html_lambda",
            "module.api_gateway_resources_core_customer_create.data.archive_file.lambda_package",
            "module.customers_dynamodb.aws_dynamodb_table.customers-dynamodb-table"
          ]
        }
      ]
    },
    {
      "module": "module.api_gateway_resources_core_customer_create",
      "mode": "managed",
      "type": "aws_iam_policy",
      "name": "dynamodb_lambda_policy",
      "provider": "provider[\"registry.terraform.io/hashicorp/aws\"]",
      "instances": [
        {
          "schema_version": 0,
          "attributes": {
            "arn": "arn:aws:iam::233925838033:policy/policy-appma-core-customers-customers-dev",
            "attachment_count": 1,
            "description": "This policy will be used by the lambda to write get data from DynamoDB",
            "id": "arn:aws:iam::233925838033:policy/policy-appma-core-customers-customers-dev",
            "name": "policy-appma-core-customers-customers-dev",
            "name_prefix": "",
            "path": "/",
            "policy": "{\"Statement\":[{\"Action\":[\"dynamodb:Scan\",\"dynamodb:PutItem\"],\"Effect\":\"Allow\",\"Resource\":\"arn:aws:dynamodb:us-east-1:233925838033:table/tbl-appma-customers-dev\"}],\"Version\":\"2012-10-17\"}",
            "policy_id": "ANPATM5YRATI3ZGWVKFQG",
            "tags": {},
            "tags_all": {
              "iac": "terraform"
            }
          },
          "sensitive_attributes": [],
          "private": "bnVsbA==",
          "dependencies": [
            "module.api_gateway.aws_apigatewayv2_api.main",
            "module.api_gateway.aws_apigatewayv2_stage.dev",
            "module.api_gateway.aws_cloudwatch_log_group.main_api_gw",
            "module.api_gateway_resources_core_customer_create.data.aws_caller_identity.current",
            "module.api_gateway_resources_core_customer_create.data.aws_iam_policy_document.lambda_policy_document",
            "module.api_gateway_resources_core_customer_create.data.aws_region.current",
            "module.customers_dynamodb.aws_dynamodb_table.customers-dynamodb-table"
          ]
        }
      ]
    },
    {
      "module": "module.api_gateway_resources_core_customer_create",
      "mode": "managed",
      "type": "aws_iam_role",
      "name": "lambda_role",
      "provider": "provider[\"registry.terraform.io/hashicorp/aws\"]",
      "instances": [
        {
          "schema_version": 0,
          "attributes": {
            "arn": "arn:aws:iam::233925838033:role/role-appma-core-customers-customers-dev",
            "assume_role_policy": "{\"Statement\":[{\"Action\":\"sts:AssumeRole\",\"Effect\":\"Allow\",\"Principal\":{\"Service\":\"lambda.amazonaws.com\"}}],\"Version\":\"2012-10-17\"}",
            "create_date": "2024-07-24T16:31:26Z",
            "description": "",
            "force_detach_policies": false,
            "id": "role-appma-core-customers-customers-dev",
            "inline_policy": [],
            "managed_policy_arns": [
              "arn:aws:iam::233925838033:policy/policy-appma-core-customers-customers-dev",
              "arn:aws:iam::aws:policy/service-role/AWSLambdaBasicExecutionRole"
            ],
            "max_session_duration": 3600,
            "name": "role-appma-core-customers-customers-dev",
            "name_prefix": "",
            "path": "/",
            "permissions_boundary": "",
            "tags": {},
            "tags_all": {
              "iac": "terraform"
            },
            "unique_id": "AROATM5YRATI72MRLZ4WU"
          },
          "sensitive_attributes": [],
          "private": "bnVsbA==",
          "dependencies": [
            "module.api_gateway.aws_apigatewayv2_api.main",
            "module.api_gateway.aws_apigatewayv2_stage.dev",
            "module.api_gateway.aws_cloudwatch_log_group.main_api_gw",
            "module.customers_dynamodb.aws_dynamodb_table.customers-dynamodb-table"
          ]
        }
      ]
    },
    {
      "module": "module.api_gateway_resources_core_customer_create",
      "mode": "managed",
      "type": "aws_iam_role_policy_attachment",
      "name": "lambda_attachements",
      "provider": "provider[\"registry.terraform.io/hashicorp/aws\"]",
      "instances": [
        {
          "schema_version": 0,
          "attributes": {
            "id": "role-appma-core-customers-customers-dev-2024072416321428030000001d",
            "policy_arn": "arn:aws:iam::233925838033:policy/policy-appma-core-customers-customers-dev",
            "role": "role-appma-core-customers-customers-dev"
          },
          "sensitive_attributes": [],
          "private": "bnVsbA==",
          "dependencies": [
            "module.api_gateway.aws_apigatewayv2_api.main",
            "module.api_gateway.aws_apigatewayv2_stage.dev",
            "module.api_gateway.aws_cloudwatch_log_group.main_api_gw",
            "module.api_gateway_resources_core_customer_create.aws_iam_policy.dynamodb_lambda_policy",
            "module.api_gateway_resources_core_customer_create.aws_iam_role.lambda_role",
            "module.api_gateway_resources_core_customer_create.data.aws_caller_identity.current",
            "module.api_gateway_resources_core_customer_create.data.aws_iam_policy_document.lambda_policy_document",
            "module.api_gateway_resources_core_customer_create.data.aws_region.current",
            "module.customers_dynamodb.aws_dynamodb_table.customers-dynamodb-table"
          ]
        }
      ]
    },
    {
      "module": "module.api_gateway_resources_core_customer_create",
      "mode": "managed",
      "type": "aws_iam_role_policy_attachment",
      "name": "lambda_role_policy",
      "provider": "provider[\"registry.terraform.io/hashicorp/aws\"]",
      "instances": [
        {
          "schema_version": 0,
          "attributes": {
            "id": "role-appma-core-customers-customers-dev-20240724163128994100000011",
            "policy_arn": "arn:aws:iam::aws:policy/service-role/AWSLambdaBasicExecutionRole",
            "role": "role-appma-core-customers-customers-dev"
          },
          "sensitive_attributes": [],
          "private": "bnVsbA==",
          "dependencies": [
            "module.api_gateway.aws_apigatewayv2_api.main",
            "module.api_gateway.aws_apigatewayv2_stage.dev",
            "module.api_gateway.aws_cloudwatch_log_group.main_api_gw",
            "module.api_gateway_resources_core_customer_create.aws_iam_role.lambda_role",
            "module.customers_dynamodb.aws_dynamodb_table.customers-dynamodb-table"
          ]
        }
      ]
    },
    {
      "module": "module.api_gateway_resources_core_customer_create",
      "mode": "managed",
      "type": "aws_lambda_function",
      "name": "html_lambda",
      "provider": "provider[\"registry.terraform.io/hashicorp/aws\"]",
      "instances": [
        {
          "schema_version": 0,
          "attributes": {
            "architectures": [
              "arm64"
            ],
            "arn": "arn:aws:lambda:us-east-1:233925838033:function:lmb-appma-core-customers-customers-dev",
            "code_sha256": "CjXG3A0l6Zqs1pamAczDH2Q3sn7gVsaCViRZMVtWcSw=",
            "code_signing_config_arn": "",
            "dead_letter_config": [],
            "description": "",
            "environment": [],
            "ephemeral_storage": [
              {
                "size": 512
              }
            ],
            "file_system_config": [],
            "filename": "./resources/core/customer-create/index.zip",
            "function_name": "lmb-appma-core-customers-customers-dev",
            "handler": "index.handler",
            "id": "lmb-appma-core-customers-customers-dev",
            "image_config": [],
            "image_uri": "",
            "invoke_arn": "arn:aws:apigateway:us-east-1:lambda:path/2015-03-31/functions/arn:aws:lambda:us-east-1:233925838033:function:lmb-appma-core-customers-customers-dev/invocations",
            "kms_key_arn": "",
            "last_modified": "2024-07-24T16:32:53.758+0000",
            "layers": [],
            "logging_config": [
              {
                "application_log_level": "",
                "log_format": "Text",
                "log_group": "/aws/lambda/lmb-appma-core-customers-customers-dev",
                "system_log_level": ""
              }
            ],
            "memory_size": 128,
            "package_type": "Zip",
            "publish": false,
            "qualified_arn": "arn:aws:lambda:us-east-1:233925838033:function:lmb-appma-core-customers-customers-dev:$LATEST",
            "qualified_invoke_arn": "arn:aws:apigateway:us-east-1:lambda:path/2015-03-31/functions/arn:aws:lambda:us-east-1:233925838033:function:lmb-appma-core-customers-customers-dev:$LATEST/invocations",
            "replace_security_groups_on_destroy": null,
            "replacement_security_group_ids": null,
            "reserved_concurrent_executions": -1,
            "role": "arn:aws:iam::233925838033:role/role-appma-core-customers-customers-dev",
            "runtime": "nodejs20.x",
            "s3_bucket": null,
            "s3_key": null,
            "s3_object_version": null,
            "signing_job_arn": "",
            "signing_profile_version_arn": "",
            "skip_destroy": false,
            "snap_start": [],
            "source_code_hash": "CjXG3A0l6Zqs1pamAczDH2Q3sn7gVsaCViRZMVtWcSw=",
            "source_code_size": 3055032,
            "tags": {
              "component": "customers-create",
              "domain": "core",
              "env": "dev"
            },
            "tags_all": {
              "component": "customers-create",
              "domain": "core",
              "env": "dev",
              "iac": "terraform"
            },
            "timeout": 30,
            "timeouts": null,
            "tracing_config": [
              {
                "mode": "PassThrough"
              }
            ],
            "version": "$LATEST",
            "vpc_config": []
          },
          "sensitive_attributes": [],
          "private": "eyJlMmJmYjczMC1lY2FhLTExZTYtOGY4OC0zNDM2M2JjN2M0YzAiOnsiY3JlYXRlIjo2MDAwMDAwMDAwMDAsImRlbGV0ZSI6NjAwMDAwMDAwMDAwLCJ1cGRhdGUiOjYwMDAwMDAwMDAwMH19",
          "dependencies": [
            "module.api_gateway.aws_apigatewayv2_api.main",
            "module.api_gateway.aws_apigatewayv2_stage.dev",
            "module.api_gateway.aws_cloudwatch_log_group.main_api_gw",
            "module.api_gateway_resources_core_customer_create.aws_iam_role.lambda_role",
            "module.api_gateway_resources_core_customer_create.data.archive_file.lambda_package",
            "module.customers_dynamodb.aws_dynamodb_table.customers-dynamodb-table"
          ]
        }
      ]
    },
    {
      "module": "module.api_gateway_resources_core_customer_create",
      "mode": "managed",
      "type": "aws_lambda_permission",
      "name": "api_gw",
      "provider": "provider[\"registry.terraform.io/hashicorp/aws\"]",
      "instances": [
        {
          "schema_version": 0,
          "attributes": {
            "action": "lambda:InvokeFunction",
            "event_source_token": null,
            "function_name": "lmb-appma-core-customers-customers-dev",
            "function_url_auth_type": null,
            "id": "AllowExecutionFromAPIGateway",
            "principal": "apigateway.amazonaws.com",
            "principal_org_id": null,
            "qualifier": "",
            "source_account": null,
            "source_arn": "arn:aws:execute-api:us-east-1:233925838033:ayxe7yhn4f/*/*",
            "statement_id": "AllowExecutionFromAPIGateway",
            "statement_id_prefix": ""
          },
          "sensitive_attributes": [],
          "private": "bnVsbA==",
          "dependencies": [
            "module.api_gateway.aws_apigatewayv2_api.main",
            "module.api_gateway.aws_apigatewayv2_stage.dev",
            "module.api_gateway.aws_cloudwatch_log_group.main_api_gw",
            "module.api_gateway_resources_core_customer_create.aws_iam_role.lambda_role",
            "module.api_gateway_resources_core_customer_create.aws_lambda_function.html_lambda",
            "module.api_gateway_resources_core_customer_create.data.archive_file.lambda_package",
            "module.api_gateway_resources_core_customer_create.data.aws_apigatewayv2_api.selected",
            "module.customers_dynamodb.aws_dynamodb_table.customers-dynamodb-table"
          ]
        }
      ]
    },
    {
      "module": "module.api_gateway_resources_core_customer_delete",
      "mode": "data",
      "type": "archive_file",
      "name": "lambda_package",
      "provider": "provider[\"registry.terraform.io/hashicorp/archive\"]",
      "instances": [
        {
          "schema_version": 0,
          "attributes": {
            "exclude_symlink_directories": null,
            "excludes": null,
            "id": "d9185b601067230c745ee18eec4faa3a59ea2f42",
            "output_base64sha256": "FhZBK0pE9H8vCGkQvxRUowr/Y5KJz66wDJueLTEXM8g=",
            "output_base64sha512": "LN2nrkVBZJI5/k6AbnjHGhvXzngmeos/KftUdZtrTtHys1vd4Huz32CgEnMjvbKNdQMl59qG6E8+fQbex9Qxsw==",
            "output_file_mode": null,
            "output_md5": "2e607a71b880aab72b2b86860e5438c6",
            "output_path": "./resources/core/customer-delete-by-id/index.zip",
            "output_sha": "d9185b601067230c745ee18eec4faa3a59ea2f42",
            "output_sha256": "1616412b4a44f47f2f086910bf1454a30aff639289cfaeb00c9b9e2d311733c8",
            "output_sha512": "2cdda7ae4541649239fe4e806e78c71a1bd7ce78267a8b3f29fb54759b6b4ed1f2b35bdde07bb3df60a0127323bdb28d750325e7da86e84f3e7d06dec7d431b3",
            "output_size": 2776947,
            "source": [],
            "source_content": null,
            "source_content_filename": null,
            "source_dir": "./lambdas/core/customer-delete-by-id",
            "source_file": null,
            "type": "zip"
          },
          "sensitive_attributes": []
        }
      ]
    },
    {
      "module": "module.api_gateway_resources_core_customer_delete",
      "mode": "data",
      "type": "aws_apigatewayv2_api",
      "name": "selected",
      "provider": "provider[\"registry.terraform.io/hashicorp/aws\"]",
      "instances": [
        {
          "schema_version": 0,
          "attributes": {
            "api_endpoint": "https://ayxe7yhn4f.execute-api.us-east-1.amazonaws.com",
            "api_id": "ayxe7yhn4f",
            "api_key_selection_expression": "$request.header.x-api-key",
            "arn": "arn:aws:apigateway:us-east-1::/apis/ayxe7yhn4f",
            "cors_configuration": [
              {
                "allow_credentials": false,
                "allow_headers": [
                  "*"
                ],
                "allow_methods": [
                  "DELETE",
                  "GET",
                  "OPTIONS",
                  "POST",
                  "PUT"
                ],
                "allow_origins": [
                  "*",
                  "http://localhost:3000"
                ],
                "expose_headers": [],
                "max_age": 300
              }
            ],
            "description": "api-appma-dev API Gateway",
            "disable_execute_api_endpoint": false,
            "execution_arn": "arn:aws:execute-api:us-east-1:233925838033:ayxe7yhn4f",
            "id": "ayxe7yhn4f",
            "name": "api-appma-dev",
            "protocol_type": "HTTP",
            "route_selection_expression": "$request.method $request.path",
            "tags": {
              "iac": "terraform"
            },
            "version": ""
          },
          "sensitive_attributes": []
        }
      ]
    },
    {
      "module": "module.api_gateway_resources_core_customer_delete",
      "mode": "data",
      "type": "aws_caller_identity",
      "name": "current",
      "provider": "provider[\"registry.terraform.io/hashicorp/aws\"]",
      "instances": [
        {
          "schema_version": 0,
          "attributes": {
            "account_id": "233925838033",
            "arn": "arn:aws:iam::233925838033:root",
            "id": "233925838033",
            "user_id": "233925838033"
          },
          "sensitive_attributes": []
        }
      ]
    },
    {
      "module": "module.api_gateway_resources_core_customer_delete",
      "mode": "data",
      "type": "aws_iam_policy_document",
      "name": "lambda_policy_document",
      "provider": "provider[\"registry.terraform.io/hashicorp/aws\"]",
      "instances": [
        {
          "schema_version": 0,
          "attributes": {
            "id": "1539524332",
            "json": "{\n  \"Version\": \"2012-10-17\",\n  \"Statement\": [\n    {\n      \"Effect\": \"Allow\",\n      \"Action\": \"dynamodb:DeleteItem\",\n      \"Resource\": \"arn:aws:dynamodb:us-east-1:233925838033:table/tbl-appma-customers-dev\"\n    }\n  ]\n}",
            "minified_json": "{\"Version\":\"2012-10-17\",\"Statement\":[{\"Effect\":\"Allow\",\"Action\":\"dynamodb:DeleteItem\",\"Resource\":\"arn:aws:dynamodb:us-east-1:233925838033:table/tbl-appma-customers-dev\"}]}",
            "override_json": null,
            "override_policy_documents": null,
            "policy_id": null,
            "source_json": null,
            "source_policy_documents": null,
            "statement": [
              {
                "actions": [
                  "dynamodb:DeleteItem"
                ],
                "condition": [],
                "effect": "Allow",
                "not_actions": [],
                "not_principals": [],
                "not_resources": [],
                "principals": [],
                "resources": [
                  "arn:aws:dynamodb:us-east-1:233925838033:table/tbl-appma-customers-dev"
                ],
                "sid": ""
              }
            ],
            "version": "2012-10-17"
          },
          "sensitive_attributes": []
        }
      ]
    },
    {
      "module": "module.api_gateway_resources_core_customer_delete",
      "mode": "data",
      "type": "aws_region",
      "name": "current",
      "provider": "provider[\"registry.terraform.io/hashicorp/aws\"]",
      "instances": [
        {
          "schema_version": 0,
          "attributes": {
            "description": "US East (N. Virginia)",
            "endpoint": "ec2.us-east-1.amazonaws.com",
            "id": "us-east-1",
            "name": "us-east-1"
          },
          "sensitive_attributes": []
        }
      ]
    },
    {
      "module": "module.api_gateway_resources_core_customer_delete",
      "mode": "managed",
      "type": "aws_apigatewayv2_integration",
      "name": "lambda_handler",
      "provider": "provider[\"registry.terraform.io/hashicorp/aws\"]",
      "instances": [
        {
          "schema_version": 0,
          "attributes": {
            "api_id": "ayxe7yhn4f",
            "connection_id": "",
            "connection_type": "INTERNET",
            "content_handling_strategy": "",
            "credentials_arn": "",
            "description": "",
            "id": "ph3xxl8",
            "integration_method": "POST",
            "integration_response_selection_expression": "",
            "integration_subtype": "",
            "integration_type": "AWS_PROXY",
            "integration_uri": "arn:aws:apigateway:us-east-1:lambda:path/2015-03-31/functions/arn:aws:lambda:us-east-1:233925838033:function:lmb-appma-core-customers-delete-by-id-dev/invocations",
            "passthrough_behavior": "",
            "payload_format_version": "1.0",
            "request_parameters": null,
            "request_templates": null,
            "response_parameters": [],
            "template_selection_expression": "",
            "timeout_milliseconds": 30000,
            "tls_config": []
          },
          "sensitive_attributes": [],
          "private": "bnVsbA==",
          "dependencies": [
            "module.api_gateway.aws_apigatewayv2_api.main",
            "module.api_gateway.aws_apigatewayv2_stage.dev",
            "module.api_gateway.aws_cloudwatch_log_group.main_api_gw",
            "module.api_gateway_resources_core_customer_delete.aws_iam_role.lambda_role",
            "module.api_gateway_resources_core_customer_delete.aws_lambda_function.html_lambda",
            "module.api_gateway_resources_core_customer_delete.data.archive_file.lambda_package",
            "module.api_gateway_resources_core_customer_delete.data.aws_apigatewayv2_api.selected",
            "module.customers_dynamodb.aws_dynamodb_table.customers-dynamodb-table"
          ]
        }
      ]
    },
    {
      "module": "module.api_gateway_resources_core_customer_delete",
      "mode": "managed",
      "type": "aws_apigatewayv2_route",
      "name": "post_handler",
      "provider": "provider[\"registry.terraform.io/hashicorp/aws\"]",
      "instances": [
        {
          "schema_version": 0,
          "attributes": {
            "api_id": "ayxe7yhn4f",
            "api_key_required": false,
            "authorization_scopes": null,
            "authorization_type": "CUSTOM",
            "authorizer_id": "hhayli",
            "id": "z35x0op",
            "model_selection_expression": "",
            "operation_name": "",
            "request_models": null,
            "request_parameter": [],
            "route_key": "DELETE /api/core/customers/{id}",
            "route_response_selection_expression": "",
            "target": "integrations/ph3xxl8"
          },
          "sensitive_attributes": [],
          "private": "bnVsbA==",
          "dependencies": [
            "module.api_gateway.aws_apigatewayv2_api.main",
            "module.api_gateway.aws_apigatewayv2_stage.dev",
            "module.api_gateway.aws_cloudwatch_log_group.main_api_gw",
            "module.api_gateway_resources_core_customer_delete.aws_apigatewayv2_integration.lambda_handler",
            "module.api_gateway_resources_core_customer_delete.aws_iam_role.lambda_role",
            "module.api_gateway_resources_core_customer_delete.aws_lambda_function.html_lambda",
            "module.api_gateway_resources_core_customer_delete.data.archive_file.lambda_package",
            "module.api_gateway_resources_core_customer_delete.data.aws_apigatewayv2_api.selected",
            "module.api_gateway_resources_security_authorizer.aws_apigatewayv2_authorizer.header_based_authorizer",
            "module.api_gateway_resources_security_authorizer.aws_iam_role.lambda_role",
            "module.api_gateway_resources_security_authorizer.aws_lambda_function.html_lambda",
            "module.api_gateway_resources_security_authorizer.data.archive_file.lambda_package",
            "module.api_gateway_resources_security_authorizer.data.aws_apigatewayv2_api.selected",
            "module.customers_dynamodb.aws_dynamodb_table.customers-dynamodb-table"
          ]
        }
      ]
    },
    {
      "module": "module.api_gateway_resources_core_customer_delete",
      "mode": "managed",
      "type": "aws_cloudwatch_log_group",
      "name": "html_loggroup_lambda",
      "provider": "provider[\"registry.terraform.io/hashicorp/aws\"]",
      "instances": [
        {
          "schema_version": 0,
          "attributes": {
            "arn": "arn:aws:logs:us-east-1:233925838033:log-group:/aws/lambda/lmb-appma-core-customers-delete-by-id-dev",
            "id": "/aws/lambda/lmb-appma-core-customers-delete-by-id-dev",
            "kms_key_id": "",
            "log_group_class": "STANDARD",
            "name": "/aws/lambda/lmb-appma-core-customers-delete-by-id-dev",
            "name_prefix": "",
            "retention_in_days": 0,
            "skip_destroy": false,
            "tags": {},
            "tags_all": {
              "iac": "terraform"
            }
          },
          "sensitive_attributes": [],
          "private": "bnVsbA==",
          "dependencies": [
            "module.api_gateway.aws_apigatewayv2_api.main",
            "module.api_gateway.aws_apigatewayv2_stage.dev",
            "module.api_gateway.aws_cloudwatch_log_group.main_api_gw",
            "module.api_gateway_resources_core_customer_delete.aws_iam_role.lambda_role",
            "module.api_gateway_resources_core_customer_delete.aws_lambda_function.html_lambda",
            "module.api_gateway_resources_core_customer_delete.data.archive_file.lambda_package",
            "module.customers_dynamodb.aws_dynamodb_table.customers-dynamodb-table"
          ]
        }
      ]
    },
    {
      "module": "module.api_gateway_resources_core_customer_delete",
      "mode": "managed",
      "type": "aws_iam_policy",
      "name": "dynamodb_lambda_policy",
      "provider": "provider[\"registry.terraform.io/hashicorp/aws\"]",
      "instances": [
        {
          "schema_version": 0,
          "attributes": {
            "arn": "arn:aws:iam::233925838033:policy/policy-appma-core-customers-delete-by-id-dev",
            "attachment_count": 1,
            "description": "This policy will be used by the lambda to write get data from DynamoDB",
            "id": "arn:aws:iam::233925838033:policy/policy-appma-core-customers-delete-by-id-dev",
            "name": "policy-appma-core-customers-delete-by-id-dev",
            "name_prefix": "",
            "path": "/",
            "policy": "{\"Statement\":[{\"Action\":\"dynamodb:DeleteItem\",\"Effect\":\"Allow\",\"Resource\":\"arn:aws:dynamodb:us-east-1:233925838033:table/tbl-appma-customers-dev\"}],\"Version\":\"2012-10-17\"}",
            "policy_id": "ANPATM5YRATIQ7HBY7B5Y",
            "tags": {},
            "tags_all": {
              "iac": "terraform"
            }
          },
          "sensitive_attributes": [],
          "private": "bnVsbA==",
          "dependencies": [
            "module.api_gateway.aws_apigatewayv2_api.main",
            "module.api_gateway.aws_apigatewayv2_stage.dev",
            "module.api_gateway.aws_cloudwatch_log_group.main_api_gw",
            "module.api_gateway_resources_core_customer_delete.data.aws_caller_identity.current",
            "module.api_gateway_resources_core_customer_delete.data.aws_iam_policy_document.lambda_policy_document",
            "module.api_gateway_resources_core_customer_delete.data.aws_region.current",
            "module.customers_dynamodb.aws_dynamodb_table.customers-dynamodb-table"
          ]
        }
      ]
    },
    {
      "module": "module.api_gateway_resources_core_customer_delete",
      "mode": "managed",
      "type": "aws_iam_role",
      "name": "lambda_role",
      "provider": "provider[\"registry.terraform.io/hashicorp/aws\"]",
      "instances": [
        {
          "schema_version": 0,
          "attributes": {
            "arn": "arn:aws:iam::233925838033:role/role-appma-core-customers-delete-by-id-dev",
            "assume_role_policy": "{\"Statement\":[{\"Action\":\"sts:AssumeRole\",\"Effect\":\"Allow\",\"Principal\":{\"Service\":\"lambda.amazonaws.com\"}}],\"Version\":\"2012-10-17\"}",
            "create_date": "2024-07-24T16:31:26Z",
            "description": "",
            "force_detach_policies": false,
            "id": "role-appma-core-customers-delete-by-id-dev",
            "inline_policy": [],
            "managed_policy_arns": [
              "arn:aws:iam::233925838033:policy/policy-appma-core-customers-delete-by-id-dev",
              "arn:aws:iam::aws:policy/service-role/AWSLambdaBasicExecutionRole"
            ],
            "max_session_duration": 3600,
            "name": "role-appma-core-customers-delete-by-id-dev",
            "name_prefix": "",
            "path": "/",
            "permissions_boundary": "",
            "tags": {},
            "tags_all": {
              "iac": "terraform"
            },
            "unique_id": "AROATM5YRATITLU73YVTI"
          },
          "sensitive_attributes": [],
          "private": "bnVsbA==",
          "dependencies": [
            "module.api_gateway.aws_apigatewayv2_api.main",
            "module.api_gateway.aws_apigatewayv2_stage.dev",
            "module.api_gateway.aws_cloudwatch_log_group.main_api_gw",
            "module.customers_dynamodb.aws_dynamodb_table.customers-dynamodb-table"
          ]
        }
      ]
    },
    {
      "module": "module.api_gateway_resources_core_customer_delete",
      "mode": "managed",
      "type": "aws_iam_role_policy_attachment",
      "name": "lambda_attachements",
      "provider": "provider[\"registry.terraform.io/hashicorp/aws\"]",
      "instances": [
        {
          "schema_version": 0,
          "attributes": {
            "id": "role-appma-core-customers-delete-by-id-dev-2024072416321369580000001b",
            "policy_arn": "arn:aws:iam::233925838033:policy/policy-appma-core-customers-delete-by-id-dev",
            "role": "role-appma-core-customers-delete-by-id-dev"
          },
          "sensitive_attributes": [],
          "private": "bnVsbA==",
          "dependencies": [
            "module.api_gateway.aws_apigatewayv2_api.main",
            "module.api_gateway.aws_apigatewayv2_stage.dev",
            "module.api_gateway.aws_cloudwatch_log_group.main_api_gw",
            "module.api_gateway_resources_core_customer_delete.aws_iam_policy.dynamodb_lambda_policy",
            "module.api_gateway_resources_core_customer_delete.aws_iam_role.lambda_role",
            "module.api_gateway_resources_core_customer_delete.data.aws_caller_identity.current",
            "module.api_gateway_resources_core_customer_delete.data.aws_iam_policy_document.lambda_policy_document",
            "module.api_gateway_resources_core_customer_delete.data.aws_region.current",
            "module.customers_dynamodb.aws_dynamodb_table.customers-dynamodb-table"
          ]
        }
      ]
    },
    {
      "module": "module.api_gateway_resources_core_customer_delete",
      "mode": "managed",
      "type": "aws_iam_role_policy_attachment",
      "name": "lambda_role_policy",
      "provider": "provider[\"registry.terraform.io/hashicorp/aws\"]",
      "instances": [
        {
          "schema_version": 0,
          "attributes": {
            "id": "role-appma-core-customers-delete-by-id-dev-20240724163138943600000012",
            "policy_arn": "arn:aws:iam::aws:policy/service-role/AWSLambdaBasicExecutionRole",
            "role": "role-appma-core-customers-delete-by-id-dev"
          },
          "sensitive_attributes": [],
          "private": "bnVsbA==",
          "dependencies": [
            "module.api_gateway.aws_apigatewayv2_api.main",
            "module.api_gateway.aws_apigatewayv2_stage.dev",
            "module.api_gateway.aws_cloudwatch_log_group.main_api_gw",
            "module.api_gateway_resources_core_customer_delete.aws_iam_role.lambda_role",
            "module.customers_dynamodb.aws_dynamodb_table.customers-dynamodb-table"
          ]
        }
      ]
    },
    {
      "module": "module.api_gateway_resources_core_customer_delete",
      "mode": "managed",
      "type": "aws_lambda_function",
      "name": "html_lambda",
      "provider": "provider[\"registry.terraform.io/hashicorp/aws\"]",
      "instances": [
        {
          "schema_version": 0,
          "attributes": {
            "architectures": [
              "arm64"
            ],
            "arn": "arn:aws:lambda:us-east-1:233925838033:function:lmb-appma-core-customers-delete-by-id-dev",
            "code_sha256": "FhZBK0pE9H8vCGkQvxRUowr/Y5KJz66wDJueLTEXM8g=",
            "code_signing_config_arn": "",
            "dead_letter_config": [],
            "description": "",
            "environment": [],
            "ephemeral_storage": [
              {
                "size": 512
              }
            ],
            "file_system_config": [],
            "filename": "./resources/core/customer-delete-by-id/index.zip",
            "function_name": "lmb-appma-core-customers-delete-by-id-dev",
            "handler": "index.handler",
            "id": "lmb-appma-core-customers-delete-by-id-dev",
            "image_config": [],
            "image_uri": "",
            "invoke_arn": "arn:aws:apigateway:us-east-1:lambda:path/2015-03-31/functions/arn:aws:lambda:us-east-1:233925838033:function:lmb-appma-core-customers-delete-by-id-dev/invocations",
            "kms_key_arn": "",
            "last_modified": "2024-07-24T16:33:01.995+0000",
            "layers": [],
            "logging_config": [
              {
                "application_log_level": "",
                "log_format": "Text",
                "log_group": "/aws/lambda/lmb-appma-core-customers-delete-by-id-dev",
                "system_log_level": ""
              }
            ],
            "memory_size": 128,
            "package_type": "Zip",
            "publish": false,
            "qualified_arn": "arn:aws:lambda:us-east-1:233925838033:function:lmb-appma-core-customers-delete-by-id-dev:$LATEST",
            "qualified_invoke_arn": "arn:aws:apigateway:us-east-1:lambda:path/2015-03-31/functions/arn:aws:lambda:us-east-1:233925838033:function:lmb-appma-core-customers-delete-by-id-dev:$LATEST/invocations",
            "replace_security_groups_on_destroy": null,
            "replacement_security_group_ids": null,
            "reserved_concurrent_executions": -1,
            "role": "arn:aws:iam::233925838033:role/role-appma-core-customers-delete-by-id-dev",
            "runtime": "nodejs20.x",
            "s3_bucket": null,
            "s3_key": null,
            "s3_object_version": null,
            "signing_job_arn": "",
            "signing_profile_version_arn": "",
            "skip_destroy": false,
            "snap_start": [],
            "source_code_hash": "FhZBK0pE9H8vCGkQvxRUowr/Y5KJz66wDJueLTEXM8g=",
            "source_code_size": 2776947,
            "tags": {
              "component": "customer-delete-by-id",
              "domain": "core",
              "env": "dev"
            },
            "tags_all": {
              "component": "customer-delete-by-id",
              "domain": "core",
              "env": "dev",
              "iac": "terraform"
            },
            "timeout": 30,
            "timeouts": null,
            "tracing_config": [
              {
                "mode": "PassThrough"
              }
            ],
            "version": "$LATEST",
            "vpc_config": []
          },
          "sensitive_attributes": [],
          "private": "eyJlMmJmYjczMC1lY2FhLTExZTYtOGY4OC0zNDM2M2JjN2M0YzAiOnsiY3JlYXRlIjo2MDAwMDAwMDAwMDAsImRlbGV0ZSI6NjAwMDAwMDAwMDAwLCJ1cGRhdGUiOjYwMDAwMDAwMDAwMH19",
          "dependencies": [
            "module.api_gateway.aws_apigatewayv2_api.main",
            "module.api_gateway.aws_apigatewayv2_stage.dev",
            "module.api_gateway.aws_cloudwatch_log_group.main_api_gw",
            "module.api_gateway_resources_core_customer_delete.aws_iam_role.lambda_role",
            "module.api_gateway_resources_core_customer_delete.data.archive_file.lambda_package",
            "module.customers_dynamodb.aws_dynamodb_table.customers-dynamodb-table"
          ]
        }
      ]
    },
    {
      "module": "module.api_gateway_resources_core_customer_delete",
      "mode": "managed",
      "type": "aws_lambda_permission",
      "name": "api_gw",
      "provider": "provider[\"registry.terraform.io/hashicorp/aws\"]",
      "instances": [
        {
          "schema_version": 0,
          "attributes": {
            "action": "lambda:InvokeFunction",
            "event_source_token": null,
            "function_name": "lmb-appma-core-customers-delete-by-id-dev",
            "function_url_auth_type": null,
            "id": "AllowExecutionFromAPIGateway",
            "principal": "apigateway.amazonaws.com",
            "principal_org_id": null,
            "qualifier": "",
            "source_account": null,
            "source_arn": "arn:aws:execute-api:us-east-1:233925838033:ayxe7yhn4f/*/*",
            "statement_id": "AllowExecutionFromAPIGateway",
            "statement_id_prefix": ""
          },
          "sensitive_attributes": [],
          "private": "bnVsbA==",
          "dependencies": [
            "module.api_gateway.aws_apigatewayv2_api.main",
            "module.api_gateway.aws_apigatewayv2_stage.dev",
            "module.api_gateway.aws_cloudwatch_log_group.main_api_gw",
            "module.api_gateway_resources_core_customer_delete.aws_iam_role.lambda_role",
            "module.api_gateway_resources_core_customer_delete.aws_lambda_function.html_lambda",
            "module.api_gateway_resources_core_customer_delete.data.archive_file.lambda_package",
            "module.api_gateway_resources_core_customer_delete.data.aws_apigatewayv2_api.selected",
            "module.customers_dynamodb.aws_dynamodb_table.customers-dynamodb-table"
          ]
        }
      ]
    },
    {
      "module": "module.api_gateway_resources_core_customer_find_all_or_filter",
      "mode": "data",
      "type": "archive_file",
      "name": "lambda_package",
      "provider": "provider[\"registry.terraform.io/hashicorp/archive\"]",
      "instances": [
        {
          "schema_version": 0,
          "attributes": {
            "exclude_symlink_directories": null,
            "excludes": null,
            "id": "9fea1f52827dc92c2061265660d2623ce3f102f3",
            "output_base64sha256": "05wqEbjOxq/gzqeEyrt0aiUo5tOmURDaUHERMvwQ3qg=",
            "output_base64sha512": "zSOxOyGoEwqrqIXzailKqpHgfc1HHaUSc9hZolW8VP7ZZ/3R4UQrDvWW3UZpRSCqiA9Mr6SJJNpIX9Tvpgh7qQ==",
            "output_file_mode": null,
            "output_md5": "fc01aa1b4c863886e963ba70d750d22f",
            "output_path": "./resources/core/customer-find-all-or-filter/index.zip",
            "output_sha": "9fea1f52827dc92c2061265660d2623ce3f102f3",
            "output_sha256": "d39c2a11b8cec6afe0cea784cabb746a2528e6d3a65110da50711132fc10dea8",
            "output_sha512": "cd23b13b21a8130aaba885f36a294aaa91e07dcd471da51273d859a255bc54fed967fdd1e1442b0ef596dd46694520aa880f4cafa48924da485fd4efa6087ba9",
            "output_size": 2778102,
            "source": [],
            "source_content": null,
            "source_content_filename": null,
            "source_dir": "./lambdas/core/customer-find-all-or-filter",
            "source_file": null,
            "type": "zip"
          },
          "sensitive_attributes": []
        }
      ]
    },
    {
      "module": "module.api_gateway_resources_core_customer_find_all_or_filter",
      "mode": "data",
      "type": "aws_apigatewayv2_api",
      "name": "selected",
      "provider": "provider[\"registry.terraform.io/hashicorp/aws\"]",
      "instances": [
        {
          "schema_version": 0,
          "attributes": {
            "api_endpoint": "https://ayxe7yhn4f.execute-api.us-east-1.amazonaws.com",
            "api_id": "ayxe7yhn4f",
            "api_key_selection_expression": "$request.header.x-api-key",
            "arn": "arn:aws:apigateway:us-east-1::/apis/ayxe7yhn4f",
            "cors_configuration": [
              {
                "allow_credentials": false,
                "allow_headers": [
                  "*"
                ],
                "allow_methods": [
                  "DELETE",
                  "GET",
                  "OPTIONS",
                  "POST",
                  "PUT"
                ],
                "allow_origins": [
                  "*",
                  "http://localhost:3000"
                ],
                "expose_headers": [],
                "max_age": 300
              }
            ],
            "description": "api-appma-dev API Gateway",
            "disable_execute_api_endpoint": false,
            "execution_arn": "arn:aws:execute-api:us-east-1:233925838033:ayxe7yhn4f",
            "id": "ayxe7yhn4f",
            "name": "api-appma-dev",
            "protocol_type": "HTTP",
            "route_selection_expression": "$request.method $request.path",
            "tags": {
              "iac": "terraform"
            },
            "version": ""
          },
          "sensitive_attributes": []
        }
      ]
    },
    {
      "module": "module.api_gateway_resources_core_customer_find_all_or_filter",
      "mode": "data",
      "type": "aws_caller_identity",
      "name": "current",
      "provider": "provider[\"registry.terraform.io/hashicorp/aws\"]",
      "instances": [
        {
          "schema_version": 0,
          "attributes": {
            "account_id": "233925838033",
            "arn": "arn:aws:iam::233925838033:root",
            "id": "233925838033",
            "user_id": "233925838033"
          },
          "sensitive_attributes": []
        }
      ]
    },
    {
      "module": "module.api_gateway_resources_core_customer_find_all_or_filter",
      "mode": "data",
      "type": "aws_iam_policy_document",
      "name": "lambda_policy_document",
      "provider": "provider[\"registry.terraform.io/hashicorp/aws\"]",
      "instances": [
        {
          "schema_version": 0,
          "attributes": {
            "id": "1822380836",
            "json": "{\n  \"Version\": \"2012-10-17\",\n  \"Statement\": [\n    {\n      \"Effect\": \"Allow\",\n      \"Action\": \"dynamodb:Scan\",\n      \"Resource\": \"arn:aws:dynamodb:us-east-1:233925838033:table/tbl-appma-customers-dev\"\n    }\n  ]\n}",
            "minified_json": "{\"Version\":\"2012-10-17\",\"Statement\":[{\"Effect\":\"Allow\",\"Action\":\"dynamodb:Scan\",\"Resource\":\"arn:aws:dynamodb:us-east-1:233925838033:table/tbl-appma-customers-dev\"}]}",
            "override_json": null,
            "override_policy_documents": null,
            "policy_id": null,
            "source_json": null,
            "source_policy_documents": null,
            "statement": [
              {
                "actions": [
                  "dynamodb:Scan"
                ],
                "condition": [],
                "effect": "Allow",
                "not_actions": [],
                "not_principals": [],
                "not_resources": [],
                "principals": [],
                "resources": [
                  "arn:aws:dynamodb:us-east-1:233925838033:table/tbl-appma-customers-dev"
                ],
                "sid": ""
              }
            ],
            "version": "2012-10-17"
          },
          "sensitive_attributes": []
        }
      ]
    },
    {
      "module": "module.api_gateway_resources_core_customer_find_all_or_filter",
      "mode": "data",
      "type": "aws_region",
      "name": "current",
      "provider": "provider[\"registry.terraform.io/hashicorp/aws\"]",
      "instances": [
        {
          "schema_version": 0,
          "attributes": {
            "description": "US East (N. Virginia)",
            "endpoint": "ec2.us-east-1.amazonaws.com",
            "id": "us-east-1",
            "name": "us-east-1"
          },
          "sensitive_attributes": []
        }
      ]
    },
    {
      "module": "module.api_gateway_resources_core_customer_find_all_or_filter",
      "mode": "managed",
      "type": "aws_apigatewayv2_integration",
      "name": "lambda_handler",
      "provider": "provider[\"registry.terraform.io/hashicorp/aws\"]",
      "instances": [
        {
          "schema_version": 0,
          "attributes": {
            "api_id": "ayxe7yhn4f",
            "connection_id": "",
            "connection_type": "INTERNET",
            "content_handling_strategy": "",
            "credentials_arn": "",
            "description": "",
            "id": "shub0cu",
            "integration_method": "POST",
            "integration_response_selection_expression": "",
            "integration_subtype": "",
            "integration_type": "AWS_PROXY",
            "integration_uri": "arn:aws:apigateway:us-east-1:lambda:path/2015-03-31/functions/arn:aws:lambda:us-east-1:233925838033:function:lmb-appma-core-customers-find-all-or-filter-dev/invocations",
            "passthrough_behavior": "",
            "payload_format_version": "1.0",
            "request_parameters": null,
            "request_templates": null,
            "response_parameters": [],
            "template_selection_expression": "",
            "timeout_milliseconds": 30000,
            "tls_config": []
          },
          "sensitive_attributes": [],
          "private": "bnVsbA==",
          "dependencies": [
            "module.api_gateway.aws_apigatewayv2_api.main",
            "module.api_gateway.aws_apigatewayv2_stage.dev",
            "module.api_gateway.aws_cloudwatch_log_group.main_api_gw",
            "module.api_gateway_resources_core_customer_find_all_or_filter.aws_iam_role.lambda_role",
            "module.api_gateway_resources_core_customer_find_all_or_filter.aws_lambda_function.html_lambda",
            "module.api_gateway_resources_core_customer_find_all_or_filter.data.archive_file.lambda_package",
            "module.api_gateway_resources_core_customer_find_all_or_filter.data.aws_apigatewayv2_api.selected",
            "module.customers_dynamodb.aws_dynamodb_table.customers-dynamodb-table"
          ]
        }
      ]
    },
    {
      "module": "module.api_gateway_resources_core_customer_find_all_or_filter",
      "mode": "managed",
      "type": "aws_apigatewayv2_route",
      "name": "post_handler",
      "provider": "provider[\"registry.terraform.io/hashicorp/aws\"]",
      "instances": [
        {
          "schema_version": 0,
          "attributes": {
            "api_id": "ayxe7yhn4f",
            "api_key_required": false,
            "authorization_scopes": null,
            "authorization_type": "CUSTOM",
            "authorizer_id": "hhayli",
            "id": "lfowkdo",
            "model_selection_expression": "",
            "operation_name": "",
            "request_models": null,
            "request_parameter": [],
            "route_key": "GET /api/core/customers",
            "route_response_selection_expression": "",
            "target": "integrations/shub0cu"
          },
          "sensitive_attributes": [],
          "private": "bnVsbA==",
          "dependencies": [
            "module.api_gateway.aws_apigatewayv2_api.main",
            "module.api_gateway.aws_apigatewayv2_stage.dev",
            "module.api_gateway.aws_cloudwatch_log_group.main_api_gw",
            "module.api_gateway_resources_core_customer_find_all_or_filter.aws_apigatewayv2_integration.lambda_handler",
            "module.api_gateway_resources_core_customer_find_all_or_filter.aws_iam_role.lambda_role",
            "module.api_gateway_resources_core_customer_find_all_or_filter.aws_lambda_function.html_lambda",
            "module.api_gateway_resources_core_customer_find_all_or_filter.data.archive_file.lambda_package",
            "module.api_gateway_resources_core_customer_find_all_or_filter.data.aws_apigatewayv2_api.selected",
            "module.api_gateway_resources_security_authorizer.aws_apigatewayv2_authorizer.header_based_authorizer",
            "module.api_gateway_resources_security_authorizer.aws_iam_role.lambda_role",
            "module.api_gateway_resources_security_authorizer.aws_lambda_function.html_lambda",
            "module.api_gateway_resources_security_authorizer.data.archive_file.lambda_package",
            "module.api_gateway_resources_security_authorizer.data.aws_apigatewayv2_api.selected",
            "module.customers_dynamodb.aws_dynamodb_table.customers-dynamodb-table"
          ]
        }
      ]
    },
    {
      "module": "module.api_gateway_resources_core_customer_find_all_or_filter",
      "mode": "managed",
      "type": "aws_cloudwatch_log_group",
      "name": "html_loggroup_lambda",
      "provider": "provider[\"registry.terraform.io/hashicorp/aws\"]",
      "instances": [
        {
          "schema_version": 0,
          "attributes": {
            "arn": "arn:aws:logs:us-east-1:233925838033:log-group:/aws/lambda/lmb-appma-core-customers-find-all-or-filter-dev",
            "id": "/aws/lambda/lmb-appma-core-customers-find-all-or-filter-dev",
            "kms_key_id": "",
            "log_group_class": "STANDARD",
            "name": "/aws/lambda/lmb-appma-core-customers-find-all-or-filter-dev",
            "name_prefix": "",
            "retention_in_days": 0,
            "skip_destroy": false,
            "tags": {},
            "tags_all": {
              "iac": "terraform"
            }
          },
          "sensitive_attributes": [],
          "private": "bnVsbA==",
          "dependencies": [
            "module.api_gateway.aws_apigatewayv2_api.main",
            "module.api_gateway.aws_apigatewayv2_stage.dev",
            "module.api_gateway.aws_cloudwatch_log_group.main_api_gw",
            "module.api_gateway_resources_core_customer_find_all_or_filter.aws_iam_role.lambda_role",
            "module.api_gateway_resources_core_customer_find_all_or_filter.aws_lambda_function.html_lambda",
            "module.api_gateway_resources_core_customer_find_all_or_filter.data.archive_file.lambda_package",
            "module.customers_dynamodb.aws_dynamodb_table.customers-dynamodb-table"
          ]
        }
      ]
    },
    {
      "module": "module.api_gateway_resources_core_customer_find_all_or_filter",
      "mode": "managed",
      "type": "aws_iam_policy",
      "name": "dynamodb_lambda_policy",
      "provider": "provider[\"registry.terraform.io/hashicorp/aws\"]",
      "instances": [
        {
          "schema_version": 0,
          "attributes": {
            "arn": "arn:aws:iam::233925838033:policy/policy-appma-core-customers-find-all-or-filter-dev",
            "attachment_count": 1,
            "description": "This policy will be used by the lambda to write get data from DynamoDB",
            "id": "arn:aws:iam::233925838033:policy/policy-appma-core-customers-find-all-or-filter-dev",
            "name": "policy-appma-core-customers-find-all-or-filter-dev",
            "name_prefix": "",
            "path": "/",
            "policy": "{\"Statement\":[{\"Action\":\"dynamodb:Scan\",\"Effect\":\"Allow\",\"Resource\":\"arn:aws:dynamodb:us-east-1:233925838033:table/tbl-appma-customers-dev\"}],\"Version\":\"2012-10-17\"}",
            "policy_id": "ANPATM5YRATI2GPX7GY5L",
            "tags": {},
            "tags_all": {
              "iac": "terraform"
            }
          },
          "sensitive_attributes": [],
          "private": "bnVsbA==",
          "dependencies": [
            "module.api_gateway.aws_apigatewayv2_api.main",
            "module.api_gateway.aws_apigatewayv2_stage.dev",
            "module.api_gateway.aws_cloudwatch_log_group.main_api_gw",
            "module.api_gateway_resources_core_customer_find_all_or_filter.data.aws_caller_identity.current",
            "module.api_gateway_resources_core_customer_find_all_or_filter.data.aws_iam_policy_document.lambda_policy_document",
            "module.api_gateway_resources_core_customer_find_all_or_filter.data.aws_region.current",
            "module.customers_dynamodb.aws_dynamodb_table.customers-dynamodb-table"
          ]
        }
      ]
    },
    {
      "module": "module.api_gateway_resources_core_customer_find_all_or_filter",
      "mode": "managed",
      "type": "aws_iam_role",
      "name": "lambda_role",
      "provider": "provider[\"registry.terraform.io/hashicorp/aws\"]",
      "instances": [
        {
          "schema_version": 0,
          "attributes": {
            "arn": "arn:aws:iam::233925838033:role/role-appma-core-customers-find-all-or-filter-dev",
            "assume_role_policy": "{\"Statement\":[{\"Action\":\"sts:AssumeRole\",\"Effect\":\"Allow\",\"Principal\":{\"Service\":\"lambda.amazonaws.com\"}}],\"Version\":\"2012-10-17\"}",
            "create_date": "2024-07-24T16:31:26Z",
            "description": "",
            "force_detach_policies": false,
            "id": "role-appma-core-customers-find-all-or-filter-dev",
            "inline_policy": [],
            "managed_policy_arns": [
              "arn:aws:iam::233925838033:policy/policy-appma-core-customers-find-all-or-filter-dev",
              "arn:aws:iam::aws:policy/service-role/AWSLambdaBasicExecutionRole"
            ],
            "max_session_duration": 3600,
            "name": "role-appma-core-customers-find-all-or-filter-dev",
            "name_prefix": "",
            "path": "/",
            "permissions_boundary": "",
            "tags": {},
            "tags_all": {
              "iac": "terraform"
            },
            "unique_id": "AROATM5YRATIZMT5QIN7I"
          },
          "sensitive_attributes": [],
          "private": "bnVsbA==",
          "dependencies": [
            "module.api_gateway.aws_apigatewayv2_api.main",
            "module.api_gateway.aws_apigatewayv2_stage.dev",
            "module.api_gateway.aws_cloudwatch_log_group.main_api_gw",
            "module.customers_dynamodb.aws_dynamodb_table.customers-dynamodb-table"
          ]
        }
      ]
    },
    {
      "module": "module.api_gateway_resources_core_customer_find_all_or_filter",
      "mode": "managed",
      "type": "aws_iam_role_policy_attachment",
      "name": "lambda_attachements",
      "provider": "provider[\"registry.terraform.io/hashicorp/aws\"]",
      "instances": [
        {
          "schema_version": 0,
          "attributes": {
            "id": "role-appma-core-customers-find-all-or-filter-dev-2024072416321491120000001f",
            "policy_arn": "arn:aws:iam::233925838033:policy/policy-appma-core-customers-find-all-or-filter-dev",
            "role": "role-appma-core-customers-find-all-or-filter-dev"
          },
          "sensitive_attributes": [],
          "private": "bnVsbA==",
          "dependencies": [
            "module.api_gateway.aws_apigatewayv2_api.main",
            "module.api_gateway.aws_apigatewayv2_stage.dev",
            "module.api_gateway.aws_cloudwatch_log_group.main_api_gw",
            "module.api_gateway_resources_core_customer_find_all_or_filter.aws_iam_policy.dynamodb_lambda_policy",
            "module.api_gateway_resources_core_customer_find_all_or_filter.aws_iam_role.lambda_role",
            "module.api_gateway_resources_core_customer_find_all_or_filter.data.aws_caller_identity.current",
            "module.api_gateway_resources_core_customer_find_all_or_filter.data.aws_iam_policy_document.lambda_policy_document",
            "module.api_gateway_resources_core_customer_find_all_or_filter.data.aws_region.current",
            "module.customers_dynamodb.aws_dynamodb_table.customers-dynamodb-table"
          ]
        }
      ]
    },
    {
      "module": "module.api_gateway_resources_core_customer_find_all_or_filter",
      "mode": "managed",
      "type": "aws_iam_role_policy_attachment",
      "name": "lambda_role_policy",
      "provider": "provider[\"registry.terraform.io/hashicorp/aws\"]",
      "instances": [
        {
          "schema_version": 0,
          "attributes": {
            "id": "role-appma-core-customers-find-all-or-filter-dev-20240724163211194400000016",
            "policy_arn": "arn:aws:iam::aws:policy/service-role/AWSLambdaBasicExecutionRole",
            "role": "role-appma-core-customers-find-all-or-filter-dev"
          },
          "sensitive_attributes": [],
          "private": "bnVsbA==",
          "dependencies": [
            "module.api_gateway.aws_apigatewayv2_api.main",
            "module.api_gateway.aws_apigatewayv2_stage.dev",
            "module.api_gateway.aws_cloudwatch_log_group.main_api_gw",
            "module.api_gateway_resources_core_customer_find_all_or_filter.aws_iam_role.lambda_role",
            "module.customers_dynamodb.aws_dynamodb_table.customers-dynamodb-table"
          ]
        }
      ]
    },
    {
      "module": "module.api_gateway_resources_core_customer_find_all_or_filter",
      "mode": "managed",
      "type": "aws_lambda_function",
      "name": "html_lambda",
      "provider": "provider[\"registry.terraform.io/hashicorp/aws\"]",
      "instances": [
        {
          "schema_version": 0,
          "attributes": {
            "architectures": [
              "arm64"
            ],
            "arn": "arn:aws:lambda:us-east-1:233925838033:function:lmb-appma-core-customers-find-all-or-filter-dev",
            "code_sha256": "05wqEbjOxq/gzqeEyrt0aiUo5tOmURDaUHERMvwQ3qg=",
            "code_signing_config_arn": "",
            "dead_letter_config": [],
            "description": "",
            "environment": [],
            "ephemeral_storage": [
              {
                "size": 512
              }
            ],
            "file_system_config": [],
            "filename": "./resources/core/customer-find-all-or-filter/index.zip",
            "function_name": "lmb-appma-core-customers-find-all-or-filter-dev",
            "handler": "index.handler",
            "id": "lmb-appma-core-customers-find-all-or-filter-dev",
            "image_config": [],
            "image_uri": "",
            "invoke_arn": "arn:aws:apigateway:us-east-1:lambda:path/2015-03-31/functions/arn:aws:lambda:us-east-1:233925838033:function:lmb-appma-core-customers-find-all-or-filter-dev/invocations",
            "kms_key_arn": "",
            "last_modified": "2024-07-24T16:33:27.782+0000",
            "layers": [],
            "logging_config": [
              {
                "application_log_level": "",
                "log_format": "Text",
                "log_group": "/aws/lambda/lmb-appma-core-customers-find-all-or-filter-dev",
                "system_log_level": ""
              }
            ],
            "memory_size": 128,
            "package_type": "Zip",
            "publish": false,
            "qualified_arn": "arn:aws:lambda:us-east-1:233925838033:function:lmb-appma-core-customers-find-all-or-filter-dev:$LATEST",
            "qualified_invoke_arn": "arn:aws:apigateway:us-east-1:lambda:path/2015-03-31/functions/arn:aws:lambda:us-east-1:233925838033:function:lmb-appma-core-customers-find-all-or-filter-dev:$LATEST/invocations",
            "replace_security_groups_on_destroy": null,
            "replacement_security_group_ids": null,
            "reserved_concurrent_executions": -1,
            "role": "arn:aws:iam::233925838033:role/role-appma-core-customers-find-all-or-filter-dev",
            "runtime": "nodejs20.x",
            "s3_bucket": null,
            "s3_key": null,
            "s3_object_version": null,
            "signing_job_arn": "",
            "signing_profile_version_arn": "",
            "skip_destroy": false,
            "snap_start": [],
            "source_code_hash": "05wqEbjOxq/gzqeEyrt0aiUo5tOmURDaUHERMvwQ3qg=",
            "source_code_size": 2778102,
            "tags": {
              "component": "customer-find-all-or-filter",
              "domain": "core",
              "env": "dev"
            },
            "tags_all": {
              "component": "customer-find-all-or-filter",
              "domain": "core",
              "env": "dev",
              "iac": "terraform"
            },
            "timeout": 30,
            "timeouts": null,
            "tracing_config": [
              {
                "mode": "PassThrough"
              }
            ],
            "version": "$LATEST",
            "vpc_config": []
          },
          "sensitive_attributes": [],
          "private": "eyJlMmJmYjczMC1lY2FhLTExZTYtOGY4OC0zNDM2M2JjN2M0YzAiOnsiY3JlYXRlIjo2MDAwMDAwMDAwMDAsImRlbGV0ZSI6NjAwMDAwMDAwMDAwLCJ1cGRhdGUiOjYwMDAwMDAwMDAwMH19",
          "dependencies": [
            "module.api_gateway.aws_apigatewayv2_api.main",
            "module.api_gateway.aws_apigatewayv2_stage.dev",
            "module.api_gateway.aws_cloudwatch_log_group.main_api_gw",
            "module.api_gateway_resources_core_customer_find_all_or_filter.aws_iam_role.lambda_role",
            "module.api_gateway_resources_core_customer_find_all_or_filter.data.archive_file.lambda_package",
            "module.customers_dynamodb.aws_dynamodb_table.customers-dynamodb-table"
          ]
        }
      ]
    },
    {
      "module": "module.api_gateway_resources_core_customer_find_all_or_filter",
      "mode": "managed",
      "type": "aws_lambda_permission",
      "name": "api_gw",
      "provider": "provider[\"registry.terraform.io/hashicorp/aws\"]",
      "instances": [
        {
          "schema_version": 0,
          "attributes": {
            "action": "lambda:InvokeFunction",
            "event_source_token": null,
            "function_name": "lmb-appma-core-customers-find-all-or-filter-dev",
            "function_url_auth_type": null,
            "id": "AllowExecutionFromAPIGateway",
            "principal": "apigateway.amazonaws.com",
            "principal_org_id": null,
            "qualifier": "",
            "source_account": null,
            "source_arn": "arn:aws:execute-api:us-east-1:233925838033:ayxe7yhn4f/*/*",
            "statement_id": "AllowExecutionFromAPIGateway",
            "statement_id_prefix": ""
          },
          "sensitive_attributes": [],
          "private": "bnVsbA==",
          "dependencies": [
            "module.api_gateway.aws_apigatewayv2_api.main",
            "module.api_gateway.aws_apigatewayv2_stage.dev",
            "module.api_gateway.aws_cloudwatch_log_group.main_api_gw",
            "module.api_gateway_resources_core_customer_find_all_or_filter.aws_iam_role.lambda_role",
            "module.api_gateway_resources_core_customer_find_all_or_filter.aws_lambda_function.html_lambda",
            "module.api_gateway_resources_core_customer_find_all_or_filter.data.archive_file.lambda_package",
            "module.api_gateway_resources_core_customer_find_all_or_filter.data.aws_apigatewayv2_api.selected",
            "module.customers_dynamodb.aws_dynamodb_table.customers-dynamodb-table"
          ]
        }
      ]
    },
    {
      "module": "module.api_gateway_resources_core_customer_find_by_id",
      "mode": "data",
      "type": "archive_file",
      "name": "lambda_package",
      "provider": "provider[\"registry.terraform.io/hashicorp/archive\"]",
      "instances": [
        {
          "schema_version": 0,
          "attributes": {
            "exclude_symlink_directories": null,
            "excludes": null,
            "id": "58a753eca3022580563cdae93e61bbcf4894ca50",
            "output_base64sha256": "8y/LXA0/roN98jMbgcIcjt4BYBT6tUDwt1zIY4Thoco=",
            "output_base64sha512": "Vm0RWDlfyO2X5WFxHT+cY4e9QyXELV93W48zsJLFB4PsFYqT/A216eg9y4LXZnaUezFFhYGLMHIp09sheDTUkw==",
            "output_file_mode": null,
            "output_md5": "ce6021fa1ea6624385947b2774bbea47",
            "output_path": "./resources/core/customer-find-by-id/index.zip",
            "output_sha": "58a753eca3022580563cdae93e61bbcf4894ca50",
            "output_sha256": "f32fcb5c0d3fae837df2331b81c21c8ede016014fab540f0b75cc86384e1a1ca",
            "output_sha512": "566d1158395fc8ed97e561711d3f9c6387bd4325c42d5f775b8f33b092c50783ec158a93fc0db5e9e83dcb82d76676947b314585818b307229d3db217834d493",
            "output_size": 2777480,
            "source": [],
            "source_content": null,
            "source_content_filename": null,
            "source_dir": "./lambdas/core/customer-find-by-id",
            "source_file": null,
            "type": "zip"
          },
          "sensitive_attributes": []
        }
      ]
    },
    {
      "module": "module.api_gateway_resources_core_customer_find_by_id",
      "mode": "data",
      "type": "aws_apigatewayv2_api",
      "name": "selected",
      "provider": "provider[\"registry.terraform.io/hashicorp/aws\"]",
      "instances": [
        {
          "schema_version": 0,
          "attributes": {
            "api_endpoint": "https://ayxe7yhn4f.execute-api.us-east-1.amazonaws.com",
            "api_id": "ayxe7yhn4f",
            "api_key_selection_expression": "$request.header.x-api-key",
            "arn": "arn:aws:apigateway:us-east-1::/apis/ayxe7yhn4f",
            "cors_configuration": [
              {
                "allow_credentials": false,
                "allow_headers": [
                  "*"
                ],
                "allow_methods": [
                  "DELETE",
                  "GET",
                  "OPTIONS",
                  "POST",
                  "PUT"
                ],
                "allow_origins": [
                  "*",
                  "http://localhost:3000"
                ],
                "expose_headers": [],
                "max_age": 300
              }
            ],
            "description": "api-appma-dev API Gateway",
            "disable_execute_api_endpoint": false,
            "execution_arn": "arn:aws:execute-api:us-east-1:233925838033:ayxe7yhn4f",
            "id": "ayxe7yhn4f",
            "name": "api-appma-dev",
            "protocol_type": "HTTP",
            "route_selection_expression": "$request.method $request.path",
            "tags": {
              "iac": "terraform"
            },
            "version": ""
          },
          "sensitive_attributes": []
        }
      ]
    },
    {
      "module": "module.api_gateway_resources_core_customer_find_by_id",
      "mode": "data",
      "type": "aws_caller_identity",
      "name": "current",
      "provider": "provider[\"registry.terraform.io/hashicorp/aws\"]",
      "instances": [
        {
          "schema_version": 0,
          "attributes": {
            "account_id": "233925838033",
            "arn": "arn:aws:iam::233925838033:root",
            "id": "233925838033",
            "user_id": "233925838033"
          },
          "sensitive_attributes": []
        }
      ]
    },
    {
      "module": "module.api_gateway_resources_core_customer_find_by_id",
      "mode": "data",
      "type": "aws_iam_policy_document",
      "name": "lambda_policy_document",
      "provider": "provider[\"registry.terraform.io/hashicorp/aws\"]",
      "instances": [
        {
          "schema_version": 0,
          "attributes": {
            "id": "429682608",
            "json": "{\n  \"Version\": \"2012-10-17\",\n  \"Statement\": [\n    {\n      \"Effect\": \"Allow\",\n      \"Action\": \"dynamodb:GetItem\",\n      \"Resource\": \"arn:aws:dynamodb:us-east-1:233925838033:table/tbl-appma-customers-dev\"\n    }\n  ]\n}",
            "minified_json": "{\"Version\":\"2012-10-17\",\"Statement\":[{\"Effect\":\"Allow\",\"Action\":\"dynamodb:GetItem\",\"Resource\":\"arn:aws:dynamodb:us-east-1:233925838033:table/tbl-appma-customers-dev\"}]}",
            "override_json": null,
            "override_policy_documents": null,
            "policy_id": null,
            "source_json": null,
            "source_policy_documents": null,
            "statement": [
              {
                "actions": [
                  "dynamodb:GetItem"
                ],
                "condition": [],
                "effect": "Allow",
                "not_actions": [],
                "not_principals": [],
                "not_resources": [],
                "principals": [],
                "resources": [
                  "arn:aws:dynamodb:us-east-1:233925838033:table/tbl-appma-customers-dev"
                ],
                "sid": ""
              }
            ],
            "version": "2012-10-17"
          },
          "sensitive_attributes": []
        }
      ]
    },
    {
      "module": "module.api_gateway_resources_core_customer_find_by_id",
      "mode": "data",
      "type": "aws_region",
      "name": "current",
      "provider": "provider[\"registry.terraform.io/hashicorp/aws\"]",
      "instances": [
        {
          "schema_version": 0,
          "attributes": {
            "description": "US East (N. Virginia)",
            "endpoint": "ec2.us-east-1.amazonaws.com",
            "id": "us-east-1",
            "name": "us-east-1"
          },
          "sensitive_attributes": []
        }
      ]
    },
    {
      "module": "module.api_gateway_resources_core_customer_find_by_id",
      "mode": "managed",
      "type": "aws_apigatewayv2_integration",
      "name": "lambda_handler",
      "provider": "provider[\"registry.terraform.io/hashicorp/aws\"]",
      "instances": [
        {
          "schema_version": 0,
          "attributes": {
            "api_id": "ayxe7yhn4f",
            "connection_id": "",
            "connection_type": "INTERNET",
            "content_handling_strategy": "",
            "credentials_arn": "",
            "description": "",
            "id": "zsiwudb",
            "integration_method": "POST",
            "integration_response_selection_expression": "",
            "integration_subtype": "",
            "integration_type": "AWS_PROXY",
            "integration_uri": "arn:aws:apigateway:us-east-1:lambda:path/2015-03-31/functions/arn:aws:lambda:us-east-1:233925838033:function:lmb-appma-core-customers-find-by-id-dev/invocations",
            "passthrough_behavior": "",
            "payload_format_version": "1.0",
            "request_parameters": null,
            "request_templates": null,
            "response_parameters": [],
            "template_selection_expression": "",
            "timeout_milliseconds": 30000,
            "tls_config": []
          },
          "sensitive_attributes": [],
          "private": "bnVsbA==",
          "dependencies": [
            "module.api_gateway.aws_apigatewayv2_api.main",
            "module.api_gateway.aws_apigatewayv2_stage.dev",
            "module.api_gateway.aws_cloudwatch_log_group.main_api_gw",
            "module.api_gateway_resources_core_customer_find_by_id.aws_iam_role.lambda_role",
            "module.api_gateway_resources_core_customer_find_by_id.aws_lambda_function.html_lambda",
            "module.api_gateway_resources_core_customer_find_by_id.data.archive_file.lambda_package",
            "module.api_gateway_resources_core_customer_find_by_id.data.aws_apigatewayv2_api.selected",
            "module.customers_dynamodb.aws_dynamodb_table.customers-dynamodb-table"
          ]
        }
      ]
    },
    {
      "module": "module.api_gateway_resources_core_customer_find_by_id",
      "mode": "managed",
      "type": "aws_apigatewayv2_route",
      "name": "post_handler",
      "provider": "provider[\"registry.terraform.io/hashicorp/aws\"]",
      "instances": [
        {
          "schema_version": 0,
          "attributes": {
            "api_id": "ayxe7yhn4f",
            "api_key_required": false,
            "authorization_scopes": null,
            "authorization_type": "CUSTOM",
            "authorizer_id": "hhayli",
            "id": "wrp9ex4",
            "model_selection_expression": "",
            "operation_name": "",
            "request_models": null,
            "request_parameter": [],
            "route_key": "GET /api/core/customers/{id}",
            "route_response_selection_expression": "",
            "target": "integrations/zsiwudb"
          },
          "sensitive_attributes": [],
          "private": "bnVsbA==",
          "dependencies": [
            "module.api_gateway.aws_apigatewayv2_api.main",
            "module.api_gateway.aws_apigatewayv2_stage.dev",
            "module.api_gateway.aws_cloudwatch_log_group.main_api_gw",
            "module.api_gateway_resources_core_customer_find_by_id.aws_apigatewayv2_integration.lambda_handler",
            "module.api_gateway_resources_core_customer_find_by_id.aws_iam_role.lambda_role",
            "module.api_gateway_resources_core_customer_find_by_id.aws_lambda_function.html_lambda",
            "module.api_gateway_resources_core_customer_find_by_id.data.archive_file.lambda_package",
            "module.api_gateway_resources_core_customer_find_by_id.data.aws_apigatewayv2_api.selected",
            "module.api_gateway_resources_security_authorizer.aws_apigatewayv2_authorizer.header_based_authorizer",
            "module.api_gateway_resources_security_authorizer.aws_iam_role.lambda_role",
            "module.api_gateway_resources_security_authorizer.aws_lambda_function.html_lambda",
            "module.api_gateway_resources_security_authorizer.data.archive_file.lambda_package",
            "module.api_gateway_resources_security_authorizer.data.aws_apigatewayv2_api.selected",
            "module.customers_dynamodb.aws_dynamodb_table.customers-dynamodb-table"
          ]
        }
      ]
    },
    {
      "module": "module.api_gateway_resources_core_customer_find_by_id",
      "mode": "managed",
      "type": "aws_cloudwatch_log_group",
      "name": "html_loggroup_lambda",
      "provider": "provider[\"registry.terraform.io/hashicorp/aws\"]",
      "instances": [
        {
          "schema_version": 0,
          "attributes": {
            "arn": "arn:aws:logs:us-east-1:233925838033:log-group:/aws/lambda/lmb-appma-core-customers-find-by-id-dev",
            "id": "/aws/lambda/lmb-appma-core-customers-find-by-id-dev",
            "kms_key_id": "",
            "log_group_class": "STANDARD",
            "name": "/aws/lambda/lmb-appma-core-customers-find-by-id-dev",
            "name_prefix": "",
            "retention_in_days": 0,
            "skip_destroy": false,
            "tags": {},
            "tags_all": {
              "iac": "terraform"
            }
          },
          "sensitive_attributes": [],
          "private": "bnVsbA==",
          "dependencies": [
            "module.api_gateway.aws_apigatewayv2_api.main",
            "module.api_gateway.aws_apigatewayv2_stage.dev",
            "module.api_gateway.aws_cloudwatch_log_group.main_api_gw",
            "module.api_gateway_resources_core_customer_find_by_id.aws_iam_role.lambda_role",
            "module.api_gateway_resources_core_customer_find_by_id.aws_lambda_function.html_lambda",
            "module.api_gateway_resources_core_customer_find_by_id.data.archive_file.lambda_package",
            "module.customers_dynamodb.aws_dynamodb_table.customers-dynamodb-table"
          ]
        }
      ]
    },
    {
      "module": "module.api_gateway_resources_core_customer_find_by_id",
      "mode": "managed",
      "type": "aws_iam_policy",
      "name": "dynamodb_lambda_policy",
      "provider": "provider[\"registry.terraform.io/hashicorp/aws\"]",
      "instances": [
        {
          "schema_version": 0,
          "attributes": {
            "arn": "arn:aws:iam::233925838033:policy/policy-appma-core-customers-find-by-id-dev",
            "attachment_count": 1,
            "description": "This policy will be used by the lambda to write get data from DynamoDB",
            "id": "arn:aws:iam::233925838033:policy/policy-appma-core-customers-find-by-id-dev",
            "name": "policy-appma-core-customers-find-by-id-dev",
            "name_prefix": "",
            "path": "/",
            "policy": "{\"Statement\":[{\"Action\":\"dynamodb:GetItem\",\"Effect\":\"Allow\",\"Resource\":\"arn:aws:dynamodb:us-east-1:233925838033:table/tbl-appma-customers-dev\"}],\"Version\":\"2012-10-17\"}",
            "policy_id": "ANPATM5YRATITWGKD3FGZ",
            "tags": {},
            "tags_all": {
              "iac": "terraform"
            }
          },
          "sensitive_attributes": [],
          "private": "bnVsbA==",
          "dependencies": [
            "module.api_gateway.aws_apigatewayv2_api.main",
            "module.api_gateway.aws_apigatewayv2_stage.dev",
            "module.api_gateway.aws_cloudwatch_log_group.main_api_gw",
            "module.api_gateway_resources_core_customer_find_by_id.data.aws_caller_identity.current",
            "module.api_gateway_resources_core_customer_find_by_id.data.aws_iam_policy_document.lambda_policy_document",
            "module.api_gateway_resources_core_customer_find_by_id.data.aws_region.current",
            "module.customers_dynamodb.aws_dynamodb_table.customers-dynamodb-table"
          ]
        }
      ]
    },
    {
      "module": "module.api_gateway_resources_core_customer_find_by_id",
      "mode": "managed",
      "type": "aws_iam_role",
      "name": "lambda_role",
      "provider": "provider[\"registry.terraform.io/hashicorp/aws\"]",
      "instances": [
        {
          "schema_version": 0,
          "attributes": {
            "arn": "arn:aws:iam::233925838033:role/role-appma-core-customers-find-by-id-dev",
            "assume_role_policy": "{\"Statement\":[{\"Action\":\"sts:AssumeRole\",\"Effect\":\"Allow\",\"Principal\":{\"Service\":\"lambda.amazonaws.com\"}}],\"Version\":\"2012-10-17\"}",
            "create_date": "2024-07-24T16:31:26Z",
            "description": "",
            "force_detach_policies": false,
            "id": "role-appma-core-customers-find-by-id-dev",
            "inline_policy": [],
            "managed_policy_arns": [
              "arn:aws:iam::233925838033:policy/policy-appma-core-customers-find-by-id-dev",
              "arn:aws:iam::aws:policy/service-role/AWSLambdaBasicExecutionRole"
            ],
            "max_session_duration": 3600,
            "name": "role-appma-core-customers-find-by-id-dev",
            "name_prefix": "",
            "path": "/",
            "permissions_boundary": "",
            "tags": {},
            "tags_all": {
              "iac": "terraform"
            },
            "unique_id": "AROATM5YRATI3H6WDYFRW"
          },
          "sensitive_attributes": [],
          "private": "bnVsbA==",
          "dependencies": [
            "module.api_gateway.aws_apigatewayv2_api.main",
            "module.api_gateway.aws_apigatewayv2_stage.dev",
            "module.api_gateway.aws_cloudwatch_log_group.main_api_gw",
            "module.customers_dynamodb.aws_dynamodb_table.customers-dynamodb-table"
          ]
        }
      ]
    },
    {
      "module": "module.api_gateway_resources_core_customer_find_by_id",
      "mode": "managed",
      "type": "aws_iam_role_policy_attachment",
      "name": "lambda_attachements",
      "provider": "provider[\"registry.terraform.io/hashicorp/aws\"]",
      "instances": [
        {
          "schema_version": 0,
          "attributes": {
            "id": "role-appma-core-customers-find-by-id-dev-2024072416321460990000001e",
            "policy_arn": "arn:aws:iam::233925838033:policy/policy-appma-core-customers-find-by-id-dev",
            "role": "role-appma-core-customers-find-by-id-dev"
          },
          "sensitive_attributes": [],
          "private": "bnVsbA==",
          "dependencies": [
            "module.api_gateway.aws_apigatewayv2_api.main",
            "module.api_gateway.aws_apigatewayv2_stage.dev",
            "module.api_gateway.aws_cloudwatch_log_group.main_api_gw",
            "module.api_gateway_resources_core_customer_find_by_id.aws_iam_policy.dynamodb_lambda_policy",
            "module.api_gateway_resources_core_customer_find_by_id.aws_iam_role.lambda_role",
            "module.api_gateway_resources_core_customer_find_by_id.data.aws_caller_identity.current",
            "module.api_gateway_resources_core_customer_find_by_id.data.aws_iam_policy_document.lambda_policy_document",
            "module.api_gateway_resources_core_customer_find_by_id.data.aws_region.current",
            "module.customers_dynamodb.aws_dynamodb_table.customers-dynamodb-table"
          ]
        }
      ]
    },
    {
      "module": "module.api_gateway_resources_core_customer_find_by_id",
      "mode": "managed",
      "type": "aws_iam_role_policy_attachment",
      "name": "lambda_role_policy",
      "provider": "provider[\"registry.terraform.io/hashicorp/aws\"]",
      "instances": [
        {
          "schema_version": 0,
          "attributes": {
            "id": "role-appma-core-customers-find-by-id-dev-20240724163147602100000014",
            "policy_arn": "arn:aws:iam::aws:policy/service-role/AWSLambdaBasicExecutionRole",
            "role": "role-appma-core-customers-find-by-id-dev"
          },
          "sensitive_attributes": [],
          "private": "bnVsbA==",
          "dependencies": [
            "module.api_gateway.aws_apigatewayv2_api.main",
            "module.api_gateway.aws_apigatewayv2_stage.dev",
            "module.api_gateway.aws_cloudwatch_log_group.main_api_gw",
            "module.api_gateway_resources_core_customer_find_by_id.aws_iam_role.lambda_role",
            "module.customers_dynamodb.aws_dynamodb_table.customers-dynamodb-table"
          ]
        }
      ]
    },
    {
      "module": "module.api_gateway_resources_core_customer_find_by_id",
      "mode": "managed",
      "type": "aws_lambda_function",
      "name": "html_lambda",
      "provider": "provider[\"registry.terraform.io/hashicorp/aws\"]",
      "instances": [
        {
          "schema_version": 0,
          "attributes": {
            "architectures": [
              "arm64"
            ],
            "arn": "arn:aws:lambda:us-east-1:233925838033:function:lmb-appma-core-customers-find-by-id-dev",
            "code_sha256": "8y/LXA0/roN98jMbgcIcjt4BYBT6tUDwt1zIY4Thoco=",
            "code_signing_config_arn": "",
            "dead_letter_config": [],
            "description": "",
            "environment": [],
            "ephemeral_storage": [
              {
                "size": 512
              }
            ],
            "file_system_config": [],
            "filename": "./resources/core/customer-find-by-id/index.zip",
            "function_name": "lmb-appma-core-customers-find-by-id-dev",
            "handler": "index.handler",
            "id": "lmb-appma-core-customers-find-by-id-dev",
            "image_config": [],
            "image_uri": "",
            "invoke_arn": "arn:aws:apigateway:us-east-1:lambda:path/2015-03-31/functions/arn:aws:lambda:us-east-1:233925838033:function:lmb-appma-core-customers-find-by-id-dev/invocations",
            "kms_key_arn": "",
            "last_modified": "2024-07-24T16:33:19.301+0000",
            "layers": [],
            "logging_config": [
              {
                "application_log_level": "",
                "log_format": "Text",
                "log_group": "/aws/lambda/lmb-appma-core-customers-find-by-id-dev",
                "system_log_level": ""
              }
            ],
            "memory_size": 128,
            "package_type": "Zip",
            "publish": false,
            "qualified_arn": "arn:aws:lambda:us-east-1:233925838033:function:lmb-appma-core-customers-find-by-id-dev:$LATEST",
            "qualified_invoke_arn": "arn:aws:apigateway:us-east-1:lambda:path/2015-03-31/functions/arn:aws:lambda:us-east-1:233925838033:function:lmb-appma-core-customers-find-by-id-dev:$LATEST/invocations",
            "replace_security_groups_on_destroy": null,
            "replacement_security_group_ids": null,
            "reserved_concurrent_executions": -1,
            "role": "arn:aws:iam::233925838033:role/role-appma-core-customers-find-by-id-dev",
            "runtime": "nodejs20.x",
            "s3_bucket": null,
            "s3_key": null,
            "s3_object_version": null,
            "signing_job_arn": "",
            "signing_profile_version_arn": "",
            "skip_destroy": false,
            "snap_start": [],
            "source_code_hash": "8y/LXA0/roN98jMbgcIcjt4BYBT6tUDwt1zIY4Thoco=",
            "source_code_size": 2777480,
            "tags": {
              "component": "customer-find-by-id",
              "domain": "core",
              "env": "dev"
            },
            "tags_all": {
              "component": "customer-find-by-id",
              "domain": "core",
              "env": "dev",
              "iac": "terraform"
            },
            "timeout": 30,
            "timeouts": null,
            "tracing_config": [
              {
                "mode": "PassThrough"
              }
            ],
            "version": "$LATEST",
            "vpc_config": []
          },
          "sensitive_attributes": [],
          "private": "eyJlMmJmYjczMC1lY2FhLTExZTYtOGY4OC0zNDM2M2JjN2M0YzAiOnsiY3JlYXRlIjo2MDAwMDAwMDAwMDAsImRlbGV0ZSI6NjAwMDAwMDAwMDAwLCJ1cGRhdGUiOjYwMDAwMDAwMDAwMH19",
          "dependencies": [
            "module.api_gateway.aws_apigatewayv2_api.main",
            "module.api_gateway.aws_apigatewayv2_stage.dev",
            "module.api_gateway.aws_cloudwatch_log_group.main_api_gw",
            "module.api_gateway_resources_core_customer_find_by_id.aws_iam_role.lambda_role",
            "module.api_gateway_resources_core_customer_find_by_id.data.archive_file.lambda_package",
            "module.customers_dynamodb.aws_dynamodb_table.customers-dynamodb-table"
          ]
        }
      ]
    },
    {
      "module": "module.api_gateway_resources_core_customer_find_by_id",
      "mode": "managed",
      "type": "aws_lambda_permission",
      "name": "api_gw",
      "provider": "provider[\"registry.terraform.io/hashicorp/aws\"]",
      "instances": [
        {
          "schema_version": 0,
          "attributes": {
            "action": "lambda:InvokeFunction",
            "event_source_token": null,
            "function_name": "lmb-appma-core-customers-find-by-id-dev",
            "function_url_auth_type": null,
            "id": "AllowExecutionFromAPIGateway",
            "principal": "apigateway.amazonaws.com",
            "principal_org_id": null,
            "qualifier": "",
            "source_account": null,
            "source_arn": "arn:aws:execute-api:us-east-1:233925838033:ayxe7yhn4f/*/*",
            "statement_id": "AllowExecutionFromAPIGateway",
            "statement_id_prefix": ""
          },
          "sensitive_attributes": [],
          "private": "bnVsbA==",
          "dependencies": [
            "module.api_gateway.aws_apigatewayv2_api.main",
            "module.api_gateway.aws_apigatewayv2_stage.dev",
            "module.api_gateway.aws_cloudwatch_log_group.main_api_gw",
            "module.api_gateway_resources_core_customer_find_by_id.aws_iam_role.lambda_role",
            "module.api_gateway_resources_core_customer_find_by_id.aws_lambda_function.html_lambda",
            "module.api_gateway_resources_core_customer_find_by_id.data.archive_file.lambda_package",
            "module.api_gateway_resources_core_customer_find_by_id.data.aws_apigatewayv2_api.selected",
            "module.customers_dynamodb.aws_dynamodb_table.customers-dynamodb-table"
          ]
        }
      ]
    },
    {
      "module": "module.api_gateway_resources_core_customer_update",
      "mode": "data",
      "type": "archive_file",
      "name": "lambda_package",
      "provider": "provider[\"registry.terraform.io/hashicorp/archive\"]",
      "instances": [
        {
          "schema_version": 0,
          "attributes": {
            "exclude_symlink_directories": null,
            "excludes": null,
            "id": "e8694ddba6fcefce743757565f68ddbb9cca92d6",
            "output_base64sha256": "Ry/M9lklyLrpZVVKxTnLz0kwOgCN1YytjsSuMxHsU/s=",
            "output_base64sha512": "weOe81+ie/hg2Buj4NpPzry0pY79zf4y7IRk6qX0Wr7R0tgu9/6gMng62EsgHMlqVnnDrZFwFkJoi01UEcuXtw==",
            "output_file_mode": null,
            "output_md5": "331a928e6da37df9088774dedc32b596",
            "output_path": "./resources/core/customer-update-by-id/index.zip",
            "output_sha": "e8694ddba6fcefce743757565f68ddbb9cca92d6",
            "output_sha256": "472fccf65925c8bae965554ac539cbcf49303a008dd58cad8ec4ae3311ec53fb",
            "output_sha512": "c1e39ef35fa27bf860d81ba3e0da4fcebcb4a58efdcdfe32ec8464eaa5f45abed1d2d82ef7fea032783ad84b201cc96a5679c3ad91701642688b4d5411cb97b7",
            "output_size": 2972308,
            "source": [],
            "source_content": null,
            "source_content_filename": null,
            "source_dir": "./lambdas/core/customer-update-by-id",
            "source_file": null,
            "type": "zip"
          },
          "sensitive_attributes": []
        }
      ]
    },
    {
      "module": "module.api_gateway_resources_core_customer_update",
      "mode": "data",
      "type": "aws_apigatewayv2_api",
      "name": "selected",
      "provider": "provider[\"registry.terraform.io/hashicorp/aws\"]",
      "instances": [
        {
          "schema_version": 0,
          "attributes": {
            "api_endpoint": "https://ayxe7yhn4f.execute-api.us-east-1.amazonaws.com",
            "api_id": "ayxe7yhn4f",
            "api_key_selection_expression": "$request.header.x-api-key",
            "arn": "arn:aws:apigateway:us-east-1::/apis/ayxe7yhn4f",
            "cors_configuration": [
              {
                "allow_credentials": false,
                "allow_headers": [
                  "*"
                ],
                "allow_methods": [
                  "DELETE",
                  "GET",
                  "OPTIONS",
                  "POST",
                  "PUT"
                ],
                "allow_origins": [
                  "*",
                  "http://localhost:3000"
                ],
                "expose_headers": [],
                "max_age": 300
              }
            ],
            "description": "api-appma-dev API Gateway",
            "disable_execute_api_endpoint": false,
            "execution_arn": "arn:aws:execute-api:us-east-1:233925838033:ayxe7yhn4f",
            "id": "ayxe7yhn4f",
            "name": "api-appma-dev",
            "protocol_type": "HTTP",
            "route_selection_expression": "$request.method $request.path",
            "tags": {
              "iac": "terraform"
            },
            "version": ""
          },
          "sensitive_attributes": []
        }
      ]
    },
    {
      "module": "module.api_gateway_resources_core_customer_update",
      "mode": "data",
      "type": "aws_caller_identity",
      "name": "current",
      "provider": "provider[\"registry.terraform.io/hashicorp/aws\"]",
      "instances": [
        {
          "schema_version": 0,
          "attributes": {
            "account_id": "233925838033",
            "arn": "arn:aws:iam::233925838033:root",
            "id": "233925838033",
            "user_id": "233925838033"
          },
          "sensitive_attributes": []
        }
      ]
    },
    {
      "module": "module.api_gateway_resources_core_customer_update",
      "mode": "data",
      "type": "aws_iam_policy_document",
      "name": "lambda_policy_document",
      "provider": "provider[\"registry.terraform.io/hashicorp/aws\"]",
      "instances": [
        {
          "schema_version": 0,
          "attributes": {
            "id": "2006185767",
            "json": "{\n  \"Version\": \"2012-10-17\",\n  \"Statement\": [\n    {\n      \"Effect\": \"Allow\",\n      \"Action\": \"dynamodb:UpdateItem\",\n      \"Resource\": \"arn:aws:dynamodb:us-east-1:233925838033:table/tbl-appma-customers-dev\"\n    }\n  ]\n}",
            "minified_json": "{\"Version\":\"2012-10-17\",\"Statement\":[{\"Effect\":\"Allow\",\"Action\":\"dynamodb:UpdateItem\",\"Resource\":\"arn:aws:dynamodb:us-east-1:233925838033:table/tbl-appma-customers-dev\"}]}",
            "override_json": null,
            "override_policy_documents": null,
            "policy_id": null,
            "source_json": null,
            "source_policy_documents": null,
            "statement": [
              {
                "actions": [
                  "dynamodb:UpdateItem"
                ],
                "condition": [],
                "effect": "Allow",
                "not_actions": [],
                "not_principals": [],
                "not_resources": [],
                "principals": [],
                "resources": [
                  "arn:aws:dynamodb:us-east-1:233925838033:table/tbl-appma-customers-dev"
                ],
                "sid": ""
              }
            ],
            "version": "2012-10-17"
          },
          "sensitive_attributes": []
        }
      ]
    },
    {
      "module": "module.api_gateway_resources_core_customer_update",
      "mode": "data",
      "type": "aws_region",
      "name": "current",
      "provider": "provider[\"registry.terraform.io/hashicorp/aws\"]",
      "instances": [
        {
          "schema_version": 0,
          "attributes": {
            "description": "US East (N. Virginia)",
            "endpoint": "ec2.us-east-1.amazonaws.com",
            "id": "us-east-1",
            "name": "us-east-1"
          },
          "sensitive_attributes": []
        }
      ]
    },
    {
      "module": "module.api_gateway_resources_core_customer_update",
      "mode": "managed",
      "type": "aws_apigatewayv2_integration",
      "name": "lambda_handler",
      "provider": "provider[\"registry.terraform.io/hashicorp/aws\"]",
      "instances": [
        {
          "schema_version": 0,
          "attributes": {
            "api_id": "ayxe7yhn4f",
            "connection_id": "",
            "connection_type": "INTERNET",
            "content_handling_strategy": "",
            "credentials_arn": "",
            "description": "",
            "id": "73l2ftc",
            "integration_method": "POST",
            "integration_response_selection_expression": "",
            "integration_subtype": "",
            "integration_type": "AWS_PROXY",
            "integration_uri": "arn:aws:apigateway:us-east-1:lambda:path/2015-03-31/functions/arn:aws:lambda:us-east-1:233925838033:function:lmb-appma-core-customers-update-by-id-dev/invocations",
            "passthrough_behavior": "",
            "payload_format_version": "1.0",
            "request_parameters": null,
            "request_templates": null,
            "response_parameters": [],
            "template_selection_expression": "",
            "timeout_milliseconds": 30000,
            "tls_config": []
          },
          "sensitive_attributes": [],
          "private": "bnVsbA==",
          "dependencies": [
            "module.api_gateway.aws_apigatewayv2_api.main",
            "module.api_gateway.aws_apigatewayv2_stage.dev",
            "module.api_gateway.aws_cloudwatch_log_group.main_api_gw",
            "module.api_gateway_resources_core_customer_update.aws_iam_role.lambda_role",
            "module.api_gateway_resources_core_customer_update.aws_lambda_function.html_lambda",
            "module.api_gateway_resources_core_customer_update.data.archive_file.lambda_package",
            "module.api_gateway_resources_core_customer_update.data.aws_apigatewayv2_api.selected",
            "module.customers_dynamodb.aws_dynamodb_table.customers-dynamodb-table"
          ]
        }
      ]
    },
    {
      "module": "module.api_gateway_resources_core_customer_update",
      "mode": "managed",
      "type": "aws_apigatewayv2_route",
      "name": "post_handler",
      "provider": "provider[\"registry.terraform.io/hashicorp/aws\"]",
      "instances": [
        {
          "schema_version": 0,
          "attributes": {
            "api_id": "ayxe7yhn4f",
            "api_key_required": false,
            "authorization_scopes": null,
            "authorization_type": "CUSTOM",
            "authorizer_id": "hhayli",
            "id": "zm58fac",
            "model_selection_expression": "",
            "operation_name": "",
            "request_models": null,
            "request_parameter": [],
            "route_key": "PUT /api/core/customers/{id}",
            "route_response_selection_expression": "",
            "target": "integrations/73l2ftc"
          },
          "sensitive_attributes": [],
          "private": "bnVsbA==",
          "dependencies": [
            "module.api_gateway.aws_apigatewayv2_api.main",
            "module.api_gateway.aws_apigatewayv2_stage.dev",
            "module.api_gateway.aws_cloudwatch_log_group.main_api_gw",
            "module.api_gateway_resources_core_customer_update.aws_apigatewayv2_integration.lambda_handler",
            "module.api_gateway_resources_core_customer_update.aws_iam_role.lambda_role",
            "module.api_gateway_resources_core_customer_update.aws_lambda_function.html_lambda",
            "module.api_gateway_resources_core_customer_update.data.archive_file.lambda_package",
            "module.api_gateway_resources_core_customer_update.data.aws_apigatewayv2_api.selected",
            "module.api_gateway_resources_security_authorizer.aws_apigatewayv2_authorizer.header_based_authorizer",
            "module.api_gateway_resources_security_authorizer.aws_iam_role.lambda_role",
            "module.api_gateway_resources_security_authorizer.aws_lambda_function.html_lambda",
            "module.api_gateway_resources_security_authorizer.data.archive_file.lambda_package",
            "module.api_gateway_resources_security_authorizer.data.aws_apigatewayv2_api.selected",
            "module.customers_dynamodb.aws_dynamodb_table.customers-dynamodb-table"
          ]
        }
      ]
    },
    {
      "module": "module.api_gateway_resources_core_customer_update",
      "mode": "managed",
      "type": "aws_cloudwatch_log_group",
      "name": "html_loggroup_lambda",
      "provider": "provider[\"registry.terraform.io/hashicorp/aws\"]",
      "instances": [
        {
          "schema_version": 0,
          "attributes": {
            "arn": "arn:aws:logs:us-east-1:233925838033:log-group:/aws/lambda/lmb-appma-core-customers-update-by-id-dev",
            "id": "/aws/lambda/lmb-appma-core-customers-update-by-id-dev",
            "kms_key_id": "",
            "log_group_class": "STANDARD",
            "name": "/aws/lambda/lmb-appma-core-customers-update-by-id-dev",
            "name_prefix": "",
            "retention_in_days": 0,
            "skip_destroy": false,
            "tags": {},
            "tags_all": {
              "iac": "terraform"
            }
          },
          "sensitive_attributes": [],
          "private": "bnVsbA==",
          "dependencies": [
            "module.api_gateway.aws_apigatewayv2_api.main",
            "module.api_gateway.aws_apigatewayv2_stage.dev",
            "module.api_gateway.aws_cloudwatch_log_group.main_api_gw",
            "module.api_gateway_resources_core_customer_update.aws_iam_role.lambda_role",
            "module.api_gateway_resources_core_customer_update.aws_lambda_function.html_lambda",
            "module.api_gateway_resources_core_customer_update.data.archive_file.lambda_package",
            "module.customers_dynamodb.aws_dynamodb_table.customers-dynamodb-table"
          ]
        }
      ]
    },
    {
      "module": "module.api_gateway_resources_core_customer_update",
      "mode": "managed",
      "type": "aws_iam_policy",
      "name": "dynamodb_lambda_policy",
      "provider": "provider[\"registry.terraform.io/hashicorp/aws\"]",
      "instances": [
        {
          "schema_version": 0,
          "attributes": {
            "arn": "arn:aws:iam::233925838033:policy/policy-appma-core-customers-update-by-id-dev",
            "attachment_count": 1,
            "description": "This policy will be used by the lambda to write get data from DynamoDB",
            "id": "arn:aws:iam::233925838033:policy/policy-appma-core-customers-update-by-id-dev",
            "name": "policy-appma-core-customers-update-by-id-dev",
            "name_prefix": "",
            "path": "/",
            "policy": "{\"Statement\":[{\"Action\":\"dynamodb:UpdateItem\",\"Effect\":\"Allow\",\"Resource\":\"arn:aws:dynamodb:us-east-1:233925838033:table/tbl-appma-customers-dev\"}],\"Version\":\"2012-10-17\"}",
            "policy_id": "ANPATM5YRATI2I37HJPZE",
            "tags": {},
            "tags_all": {
              "iac": "terraform"
            }
          },
          "sensitive_attributes": [],
          "private": "bnVsbA==",
          "dependencies": [
            "module.api_gateway.aws_apigatewayv2_api.main",
            "module.api_gateway.aws_apigatewayv2_stage.dev",
            "module.api_gateway.aws_cloudwatch_log_group.main_api_gw",
            "module.api_gateway_resources_core_customer_update.data.aws_caller_identity.current",
            "module.api_gateway_resources_core_customer_update.data.aws_iam_policy_document.lambda_policy_document",
            "module.api_gateway_resources_core_customer_update.data.aws_region.current",
            "module.customers_dynamodb.aws_dynamodb_table.customers-dynamodb-table"
          ]
        }
      ]
    },
    {
      "module": "module.api_gateway_resources_core_customer_update",
      "mode": "managed",
      "type": "aws_iam_role",
      "name": "lambda_role",
      "provider": "provider[\"registry.terraform.io/hashicorp/aws\"]",
      "instances": [
        {
          "schema_version": 0,
          "attributes": {
            "arn": "arn:aws:iam::233925838033:role/role-appma-core-customers-update-by-id-dev",
            "assume_role_policy": "{\"Statement\":[{\"Action\":\"sts:AssumeRole\",\"Effect\":\"Allow\",\"Principal\":{\"Service\":\"lambda.amazonaws.com\"}}],\"Version\":\"2012-10-17\"}",
            "create_date": "2024-07-24T16:31:26Z",
            "description": "",
            "force_detach_policies": false,
            "id": "role-appma-core-customers-update-by-id-dev",
            "inline_policy": [],
            "managed_policy_arns": [
              "arn:aws:iam::233925838033:policy/policy-appma-core-customers-update-by-id-dev",
              "arn:aws:iam::aws:policy/service-role/AWSLambdaBasicExecutionRole"
            ],
            "max_session_duration": 3600,
            "name": "role-appma-core-customers-update-by-id-dev",
            "name_prefix": "",
            "path": "/",
            "permissions_boundary": "",
            "tags": {},
            "tags_all": {
              "iac": "terraform"
            },
            "unique_id": "AROATM5YRATI7NDIJQQGH"
          },
          "sensitive_attributes": [],
          "private": "bnVsbA==",
          "dependencies": [
            "module.api_gateway.aws_apigatewayv2_api.main",
            "module.api_gateway.aws_apigatewayv2_stage.dev",
            "module.api_gateway.aws_cloudwatch_log_group.main_api_gw",
            "module.customers_dynamodb.aws_dynamodb_table.customers-dynamodb-table"
          ]
        }
      ]
    },
    {
      "module": "module.api_gateway_resources_core_customer_update",
      "mode": "managed",
      "type": "aws_iam_role_policy_attachment",
      "name": "lambda_attachements",
      "provider": "provider[\"registry.terraform.io/hashicorp/aws\"]",
      "instances": [
        {
          "schema_version": 0,
          "attributes": {
            "id": "role-appma-core-customers-update-by-id-dev-2024072416321398040000001c",
            "policy_arn": "arn:aws:iam::233925838033:policy/policy-appma-core-customers-update-by-id-dev",
            "role": "role-appma-core-customers-update-by-id-dev"
          },
          "sensitive_attributes": [],
          "private": "bnVsbA==",
          "dependencies": [
            "module.api_gateway.aws_apigatewayv2_api.main",
            "module.api_gateway.aws_apigatewayv2_stage.dev",
            "module.api_gateway.aws_cloudwatch_log_group.main_api_gw",
            "module.api_gateway_resources_core_customer_update.aws_iam_policy.dynamodb_lambda_policy",
            "module.api_gateway_resources_core_customer_update.aws_iam_role.lambda_role",
            "module.api_gateway_resources_core_customer_update.data.aws_caller_identity.current",
            "module.api_gateway_resources_core_customer_update.data.aws_iam_policy_document.lambda_policy_document",
            "module.api_gateway_resources_core_customer_update.data.aws_region.current",
            "module.customers_dynamodb.aws_dynamodb_table.customers-dynamodb-table"
          ]
        }
      ]
    },
    {
      "module": "module.api_gateway_resources_core_customer_update",
      "mode": "managed",
      "type": "aws_iam_role_policy_attachment",
      "name": "lambda_role_policy",
      "provider": "provider[\"registry.terraform.io/hashicorp/aws\"]",
      "instances": [
        {
          "schema_version": 0,
          "attributes": {
            "id": "role-appma-core-customers-update-by-id-dev-20240724163128686600000010",
            "policy_arn": "arn:aws:iam::aws:policy/service-role/AWSLambdaBasicExecutionRole",
            "role": "role-appma-core-customers-update-by-id-dev"
          },
          "sensitive_attributes": [],
          "private": "bnVsbA==",
          "dependencies": [
            "module.api_gateway.aws_apigatewayv2_api.main",
            "module.api_gateway.aws_apigatewayv2_stage.dev",
            "module.api_gateway.aws_cloudwatch_log_group.main_api_gw",
            "module.api_gateway_resources_core_customer_update.aws_iam_role.lambda_role",
            "module.customers_dynamodb.aws_dynamodb_table.customers-dynamodb-table"
          ]
        }
      ]
    },
    {
      "module": "module.api_gateway_resources_core_customer_update",
      "mode": "managed",
      "type": "aws_lambda_function",
      "name": "html_lambda",
      "provider": "provider[\"registry.terraform.io/hashicorp/aws\"]",
      "instances": [
        {
          "schema_version": 0,
          "attributes": {
            "architectures": [
              "arm64"
            ],
            "arn": "arn:aws:lambda:us-east-1:233925838033:function:lmb-appma-core-customers-update-by-id-dev",
            "code_sha256": "Ry/M9lklyLrpZVVKxTnLz0kwOgCN1YytjsSuMxHsU/s=",
            "code_signing_config_arn": "",
            "dead_letter_config": [],
            "description": "",
            "environment": [],
            "ephemeral_storage": [
              {
                "size": 512
              }
            ],
            "file_system_config": [],
            "filename": "./resources/core/customer-update-by-id/index.zip",
            "function_name": "lmb-appma-core-customers-update-by-id-dev",
            "handler": "index.handler",
            "id": "lmb-appma-core-customers-update-by-id-dev",
            "image_config": [],
            "image_uri": "",
            "invoke_arn": "arn:aws:apigateway:us-east-1:lambda:path/2015-03-31/functions/arn:aws:lambda:us-east-1:233925838033:function:lmb-appma-core-customers-update-by-id-dev/invocations",
            "kms_key_arn": "",
            "last_modified": "2024-07-24T16:32:45.022+0000",
            "layers": [],
            "logging_config": [
              {
                "application_log_level": "",
                "log_format": "Text",
                "log_group": "/aws/lambda/lmb-appma-core-customers-update-by-id-dev",
                "system_log_level": ""
              }
            ],
            "memory_size": 128,
            "package_type": "Zip",
            "publish": false,
            "qualified_arn": "arn:aws:lambda:us-east-1:233925838033:function:lmb-appma-core-customers-update-by-id-dev:$LATEST",
            "qualified_invoke_arn": "arn:aws:apigateway:us-east-1:lambda:path/2015-03-31/functions/arn:aws:lambda:us-east-1:233925838033:function:lmb-appma-core-customers-update-by-id-dev:$LATEST/invocations",
            "replace_security_groups_on_destroy": null,
            "replacement_security_group_ids": null,
            "reserved_concurrent_executions": -1,
            "role": "arn:aws:iam::233925838033:role/role-appma-core-customers-update-by-id-dev",
            "runtime": "nodejs20.x",
            "s3_bucket": null,
            "s3_key": null,
            "s3_object_version": null,
            "signing_job_arn": "",
            "signing_profile_version_arn": "",
            "skip_destroy": false,
            "snap_start": [],
            "source_code_hash": "Ry/M9lklyLrpZVVKxTnLz0kwOgCN1YytjsSuMxHsU/s=",
            "source_code_size": 2972308,
            "tags": {
              "component": "customer-update-by-id",
              "domain": "core",
              "env": "dev"
            },
            "tags_all": {
              "component": "customer-update-by-id",
              "domain": "core",
              "env": "dev",
              "iac": "terraform"
            },
            "timeout": 30,
            "timeouts": null,
            "tracing_config": [
              {
                "mode": "PassThrough"
              }
            ],
            "version": "$LATEST",
            "vpc_config": []
          },
          "sensitive_attributes": [],
          "private": "eyJlMmJmYjczMC1lY2FhLTExZTYtOGY4OC0zNDM2M2JjN2M0YzAiOnsiY3JlYXRlIjo2MDAwMDAwMDAwMDAsImRlbGV0ZSI6NjAwMDAwMDAwMDAwLCJ1cGRhdGUiOjYwMDAwMDAwMDAwMH19",
          "dependencies": [
            "module.api_gateway.aws_apigatewayv2_api.main",
            "module.api_gateway.aws_apigatewayv2_stage.dev",
            "module.api_gateway.aws_cloudwatch_log_group.main_api_gw",
            "module.api_gateway_resources_core_customer_update.aws_iam_role.lambda_role",
            "module.api_gateway_resources_core_customer_update.data.archive_file.lambda_package",
            "module.customers_dynamodb.aws_dynamodb_table.customers-dynamodb-table"
          ]
        }
      ]
    },
    {
      "module": "module.api_gateway_resources_core_customer_update",
      "mode": "managed",
      "type": "aws_lambda_permission",
      "name": "api_gw",
      "provider": "provider[\"registry.terraform.io/hashicorp/aws\"]",
      "instances": [
        {
          "schema_version": 0,
          "attributes": {
            "action": "lambda:InvokeFunction",
            "event_source_token": null,
            "function_name": "lmb-appma-core-customers-update-by-id-dev",
            "function_url_auth_type": null,
            "id": "AllowExecutionFromAPIGateway",
            "principal": "apigateway.amazonaws.com",
            "principal_org_id": null,
            "qualifier": "",
            "source_account": null,
            "source_arn": "arn:aws:execute-api:us-east-1:233925838033:ayxe7yhn4f/*/*",
            "statement_id": "AllowExecutionFromAPIGateway",
            "statement_id_prefix": ""
          },
          "sensitive_attributes": [],
          "private": "bnVsbA==",
          "dependencies": [
            "module.api_gateway.aws_apigatewayv2_api.main",
            "module.api_gateway.aws_apigatewayv2_stage.dev",
            "module.api_gateway.aws_cloudwatch_log_group.main_api_gw",
            "module.api_gateway_resources_core_customer_update.aws_iam_role.lambda_role",
            "module.api_gateway_resources_core_customer_update.aws_lambda_function.html_lambda",
            "module.api_gateway_resources_core_customer_update.data.archive_file.lambda_package",
            "module.api_gateway_resources_core_customer_update.data.aws_apigatewayv2_api.selected",
            "module.customers_dynamodb.aws_dynamodb_table.customers-dynamodb-table"
          ]
        }
      ]
    },
    {
      "module": "module.api_gateway_resources_core_service_create",
      "mode": "data",
      "type": "archive_file",
      "name": "lambda_package",
      "provider": "provider[\"registry.terraform.io/hashicorp/archive\"]",
      "instances": [
        {
          "schema_version": 0,
          "attributes": {
            "exclude_symlink_directories": null,
            "excludes": null,
            "id": "3fbf591b4d9f06f996885f89cf597da4bcfde02c",
            "output_base64sha256": "Lue1Ns6NkJzzXbH/yNux7ym35R6cht4AmzJO9yDiLMM=",
            "output_base64sha512": "ml34k4QacXtlDVV+GXVXe+0ufX2BSr71w1/oxQyl3u49V0M73K5HQGMB/TJlFFVU85zJMObBpcA8FbowU+srkA==",
            "output_file_mode": null,
            "output_md5": "689f64d5984d210a4ddad2871d04d37a",
            "output_path": "./resources/core/service-create/index.zip",
            "output_sha": "3fbf591b4d9f06f996885f89cf597da4bcfde02c",
            "output_sha256": "2ee7b536ce8d909cf35db1ffc8dbb1ef29b7e51e9c86de009b324ef720e22cc3",
            "output_sha512": "9a5df893841a717b650d557e1975577bed2e7d7d814abef5c35fe8c50ca5deee3d57433bdcae47406301fd3265145554f39cc930e6c1a5c03c15ba3053eb2b90",
            "output_size": 3053796,
            "source": [],
            "source_content": null,
            "source_content_filename": null,
            "source_dir": "./lambdas/core/service-create",
            "source_file": null,
            "type": "zip"
          },
          "sensitive_attributes": []
        }
      ]
    },
    {
      "module": "module.api_gateway_resources_core_service_create",
      "mode": "data",
      "type": "aws_apigatewayv2_api",
      "name": "selected",
      "provider": "provider[\"registry.terraform.io/hashicorp/aws\"]",
      "instances": [
        {
          "schema_version": 0,
          "attributes": {
            "api_endpoint": "https://ayxe7yhn4f.execute-api.us-east-1.amazonaws.com",
            "api_id": "ayxe7yhn4f",
            "api_key_selection_expression": "$request.header.x-api-key",
            "arn": "arn:aws:apigateway:us-east-1::/apis/ayxe7yhn4f",
            "cors_configuration": [
              {
                "allow_credentials": false,
                "allow_headers": [
                  "*"
                ],
                "allow_methods": [
                  "DELETE",
                  "GET",
                  "OPTIONS",
                  "POST",
                  "PUT"
                ],
                "allow_origins": [
                  "*",
                  "http://localhost:3000"
                ],
                "expose_headers": [],
                "max_age": 300
              }
            ],
            "description": "api-appma-dev API Gateway",
            "disable_execute_api_endpoint": false,
            "execution_arn": "arn:aws:execute-api:us-east-1:233925838033:ayxe7yhn4f",
            "id": "ayxe7yhn4f",
            "name": "api-appma-dev",
            "protocol_type": "HTTP",
            "route_selection_expression": "$request.method $request.path",
            "tags": {
              "iac": "terraform"
            },
            "version": ""
          },
          "sensitive_attributes": []
        }
      ]
    },
    {
      "module": "module.api_gateway_resources_core_service_create",
      "mode": "data",
      "type": "aws_caller_identity",
      "name": "current",
      "provider": "provider[\"registry.terraform.io/hashicorp/aws\"]",
      "instances": [
        {
          "schema_version": 0,
          "attributes": {
            "account_id": "233925838033",
            "arn": "arn:aws:iam::233925838033:root",
            "id": "233925838033",
            "user_id": "233925838033"
          },
          "sensitive_attributes": []
        }
      ]
    },
    {
      "module": "module.api_gateway_resources_core_service_create",
      "mode": "data",
      "type": "aws_iam_policy_document",
      "name": "lambda_policy_document",
      "provider": "provider[\"registry.terraform.io/hashicorp/aws\"]",
      "instances": [
        {
          "schema_version": 0,
          "attributes": {
            "id": "1304290317",
            "json": "{\n  \"Version\": \"2012-10-17\",\n  \"Statement\": [\n    {\n      \"Effect\": \"Allow\",\n      \"Action\": [\n        \"dynamodb:Scan\",\n        \"dynamodb:PutItem\"\n      ],\n      \"Resource\": \"arn:aws:dynamodb:us-east-1:233925838033:table/tbl-appma-services-dev\"\n    }\n  ]\n}",
            "minified_json": "{\"Version\":\"2012-10-17\",\"Statement\":[{\"Effect\":\"Allow\",\"Action\":[\"dynamodb:Scan\",\"dynamodb:PutItem\"],\"Resource\":\"arn:aws:dynamodb:us-east-1:233925838033:table/tbl-appma-services-dev\"}]}",
            "override_json": null,
            "override_policy_documents": null,
            "policy_id": null,
            "source_json": null,
            "source_policy_documents": null,
            "statement": [
              {
                "actions": [
                  "dynamodb:PutItem",
                  "dynamodb:Scan"
                ],
                "condition": [],
                "effect": "Allow",
                "not_actions": [],
                "not_principals": [],
                "not_resources": [],
                "principals": [],
                "resources": [
                  "arn:aws:dynamodb:us-east-1:233925838033:table/tbl-appma-services-dev"
                ],
                "sid": ""
              }
            ],
            "version": "2012-10-17"
          },
          "sensitive_attributes": []
        }
      ]
    },
    {
      "module": "module.api_gateway_resources_core_service_create",
      "mode": "data",
      "type": "aws_region",
      "name": "current",
      "provider": "provider[\"registry.terraform.io/hashicorp/aws\"]",
      "instances": [
        {
          "schema_version": 0,
          "attributes": {
            "description": "US East (N. Virginia)",
            "endpoint": "ec2.us-east-1.amazonaws.com",
            "id": "us-east-1",
            "name": "us-east-1"
          },
          "sensitive_attributes": []
        }
      ]
    },
    {
      "module": "module.api_gateway_resources_core_service_create",
      "mode": "managed",
      "type": "aws_apigatewayv2_integration",
      "name": "lambda_handler",
      "provider": "provider[\"registry.terraform.io/hashicorp/aws\"]",
      "instances": [
        {
          "schema_version": 0,
          "attributes": {
            "api_id": "ayxe7yhn4f",
            "connection_id": "",
            "connection_type": "INTERNET",
            "content_handling_strategy": "",
            "credentials_arn": "",
            "description": "",
            "id": "c5kqwnl",
            "integration_method": "POST",
            "integration_response_selection_expression": "",
            "integration_subtype": "",
            "integration_type": "AWS_PROXY",
            "integration_uri": "arn:aws:apigateway:us-east-1:lambda:path/2015-03-31/functions/arn:aws:lambda:us-east-1:233925838033:function:lmb-appma-core-services-create-dev/invocations",
            "passthrough_behavior": "",
            "payload_format_version": "1.0",
            "request_parameters": null,
            "request_templates": null,
            "response_parameters": [],
            "template_selection_expression": "",
            "timeout_milliseconds": 30000,
            "tls_config": []
          },
          "sensitive_attributes": [],
          "private": "bnVsbA==",
          "dependencies": [
            "module.api_gateway.aws_apigatewayv2_api.main",
            "module.api_gateway.aws_apigatewayv2_stage.dev",
            "module.api_gateway.aws_cloudwatch_log_group.main_api_gw",
            "module.api_gateway_resources_core_service_create.aws_iam_role.lambda_role",
            "module.api_gateway_resources_core_service_create.aws_lambda_function.html_lambda",
            "module.api_gateway_resources_core_service_create.data.archive_file.lambda_package",
            "module.api_gateway_resources_core_service_create.data.aws_apigatewayv2_api.selected",
            "module.services_dynamodb.aws_dynamodb_table.services-dynamodb-table"
          ]
        }
      ]
    },
    {
      "module": "module.api_gateway_resources_core_service_create",
      "mode": "managed",
      "type": "aws_apigatewayv2_route",
      "name": "post_handler",
      "provider": "provider[\"registry.terraform.io/hashicorp/aws\"]",
      "instances": [
        {
          "schema_version": 0,
          "attributes": {
            "api_id": "ayxe7yhn4f",
            "api_key_required": false,
            "authorization_scopes": null,
            "authorization_type": "CUSTOM",
            "authorizer_id": "hhayli",
            "id": "wylxtce",
            "model_selection_expression": "",
            "operation_name": "",
            "request_models": null,
            "request_parameter": [],
            "route_key": "POST /api/core/services",
            "route_response_selection_expression": "",
            "target": "integrations/c5kqwnl"
          },
          "sensitive_attributes": [],
          "private": "bnVsbA==",
          "dependencies": [
            "module.api_gateway.aws_apigatewayv2_api.main",
            "module.api_gateway.aws_apigatewayv2_stage.dev",
            "module.api_gateway.aws_cloudwatch_log_group.main_api_gw",
            "module.api_gateway_resources_core_service_create.aws_apigatewayv2_integration.lambda_handler",
            "module.api_gateway_resources_core_service_create.aws_iam_role.lambda_role",
            "module.api_gateway_resources_core_service_create.aws_lambda_function.html_lambda",
            "module.api_gateway_resources_core_service_create.data.archive_file.lambda_package",
            "module.api_gateway_resources_core_service_create.data.aws_apigatewayv2_api.selected",
            "module.api_gateway_resources_security_authorizer.aws_apigatewayv2_authorizer.header_based_authorizer",
            "module.api_gateway_resources_security_authorizer.aws_iam_role.lambda_role",
            "module.api_gateway_resources_security_authorizer.aws_lambda_function.html_lambda",
            "module.api_gateway_resources_security_authorizer.data.archive_file.lambda_package",
            "module.api_gateway_resources_security_authorizer.data.aws_apigatewayv2_api.selected",
            "module.services_dynamodb.aws_dynamodb_table.services-dynamodb-table"
          ]
        }
      ]
    },
    {
      "module": "module.api_gateway_resources_core_service_create",
      "mode": "managed",
      "type": "aws_cloudwatch_log_group",
      "name": "html_loggroup_lambda",
      "provider": "provider[\"registry.terraform.io/hashicorp/aws\"]",
      "instances": [
        {
          "schema_version": 0,
          "attributes": {
            "arn": "arn:aws:logs:us-east-1:233925838033:log-group:/aws/lambda/lmb-appma-core-services-create-dev",
            "id": "/aws/lambda/lmb-appma-core-services-create-dev",
            "kms_key_id": "",
            "log_group_class": "STANDARD",
            "name": "/aws/lambda/lmb-appma-core-services-create-dev",
            "name_prefix": "",
            "retention_in_days": 0,
            "skip_destroy": false,
            "tags": {},
            "tags_all": {
              "iac": "terraform"
            }
          },
          "sensitive_attributes": [],
          "private": "bnVsbA==",
          "dependencies": [
            "module.api_gateway.aws_apigatewayv2_api.main",
            "module.api_gateway.aws_apigatewayv2_stage.dev",
            "module.api_gateway.aws_cloudwatch_log_group.main_api_gw",
            "module.api_gateway_resources_core_service_create.aws_iam_role.lambda_role",
            "module.api_gateway_resources_core_service_create.aws_lambda_function.html_lambda",
            "module.api_gateway_resources_core_service_create.data.archive_file.lambda_package",
            "module.services_dynamodb.aws_dynamodb_table.services-dynamodb-table"
          ]
        }
      ]
    },
    {
      "module": "module.api_gateway_resources_core_service_create",
      "mode": "managed",
      "type": "aws_iam_policy",
      "name": "dynamodb_lambda_policy",
      "provider": "provider[\"registry.terraform.io/hashicorp/aws\"]",
      "instances": [
        {
          "schema_version": 0,
          "attributes": {
            "arn": "arn:aws:iam::233925838033:policy/policy-appma-core-services-create-dev",
            "attachment_count": 1,
            "description": "This policy will be used by the lambda to write get data from DynamoDB",
            "id": "arn:aws:iam::233925838033:policy/policy-appma-core-services-create-dev",
            "name": "policy-appma-core-services-create-dev",
            "name_prefix": "",
            "path": "/",
            "policy": "{\"Statement\":[{\"Action\":[\"dynamodb:Scan\",\"dynamodb:PutItem\"],\"Effect\":\"Allow\",\"Resource\":\"arn:aws:dynamodb:us-east-1:233925838033:table/tbl-appma-services-dev\"}],\"Version\":\"2012-10-17\"}",
            "policy_id": "ANPATM5YRATI37YZ42WKP",
            "tags": {},
            "tags_all": {
              "iac": "terraform"
            }
          },
          "sensitive_attributes": [],
          "private": "bnVsbA==",
          "dependencies": [
            "module.api_gateway.aws_apigatewayv2_api.main",
            "module.api_gateway.aws_apigatewayv2_stage.dev",
            "module.api_gateway.aws_cloudwatch_log_group.main_api_gw",
            "module.api_gateway_resources_core_service_create.data.aws_caller_identity.current",
            "module.api_gateway_resources_core_service_create.data.aws_iam_policy_document.lambda_policy_document",
            "module.api_gateway_resources_core_service_create.data.aws_region.current",
            "module.services_dynamodb.aws_dynamodb_table.services-dynamodb-table"
          ]
        }
      ]
    },
    {
      "module": "module.api_gateway_resources_core_service_create",
      "mode": "managed",
      "type": "aws_iam_role",
      "name": "lambda_role",
      "provider": "provider[\"registry.terraform.io/hashicorp/aws\"]",
      "instances": [
        {
          "schema_version": 0,
          "attributes": {
            "arn": "arn:aws:iam::233925838033:role/role-appma-core-services-create-dev",
            "assume_role_policy": "{\"Statement\":[{\"Action\":\"sts:AssumeRole\",\"Effect\":\"Allow\",\"Principal\":{\"Service\":\"lambda.amazonaws.com\"}}],\"Version\":\"2012-10-17\"}",
            "create_date": "2024-07-24T16:31:15Z",
            "description": "",
            "force_detach_policies": false,
            "id": "role-appma-core-services-create-dev",
            "inline_policy": [],
            "managed_policy_arns": [
              "arn:aws:iam::233925838033:policy/policy-appma-core-services-create-dev",
              "arn:aws:iam::aws:policy/service-role/AWSLambdaBasicExecutionRole"
            ],
            "max_session_duration": 3600,
            "name": "role-appma-core-services-create-dev",
            "name_prefix": "",
            "path": "/",
            "permissions_boundary": "",
            "tags": {},
            "tags_all": {
              "iac": "terraform"
            },
            "unique_id": "AROATM5YRATIY2LJOF5RO"
          },
          "sensitive_attributes": [],
          "private": "bnVsbA==",
          "dependencies": [
            "module.api_gateway.aws_apigatewayv2_api.main",
            "module.api_gateway.aws_apigatewayv2_stage.dev",
            "module.api_gateway.aws_cloudwatch_log_group.main_api_gw",
            "module.services_dynamodb.aws_dynamodb_table.services-dynamodb-table"
          ]
        }
      ]
    },
    {
      "module": "module.api_gateway_resources_core_service_create",
      "mode": "managed",
      "type": "aws_iam_role_policy_attachment",
      "name": "lambda_attachements",
      "provider": "provider[\"registry.terraform.io/hashicorp/aws\"]",
      "instances": [
        {
          "schema_version": 0,
          "attributes": {
            "id": "role-appma-core-services-create-dev-2024072416312640960000000a",
            "policy_arn": "arn:aws:iam::233925838033:policy/policy-appma-core-services-create-dev",
            "role": "role-appma-core-services-create-dev"
          },
          "sensitive_attributes": [],
          "private": "bnVsbA==",
          "dependencies": [
            "module.api_gateway.aws_apigatewayv2_api.main",
            "module.api_gateway.aws_apigatewayv2_stage.dev",
            "module.api_gateway.aws_cloudwatch_log_group.main_api_gw",
            "module.api_gateway_resources_core_service_create.aws_iam_policy.dynamodb_lambda_policy",
            "module.api_gateway_resources_core_service_create.aws_iam_role.lambda_role",
            "module.api_gateway_resources_core_service_create.data.aws_caller_identity.current",
            "module.api_gateway_resources_core_service_create.data.aws_iam_policy_document.lambda_policy_document",
            "module.api_gateway_resources_core_service_create.data.aws_region.current",
            "module.services_dynamodb.aws_dynamodb_table.services-dynamodb-table"
          ]
        }
      ]
    },
    {
      "module": "module.api_gateway_resources_core_service_create",
      "mode": "managed",
      "type": "aws_iam_role_policy_attachment",
      "name": "lambda_role_policy",
      "provider": "provider[\"registry.terraform.io/hashicorp/aws\"]",
      "instances": [
        {
          "schema_version": 0,
          "attributes": {
            "id": "role-appma-core-services-create-dev-20240724163122107300000004",
            "policy_arn": "arn:aws:iam::aws:policy/service-role/AWSLambdaBasicExecutionRole",
            "role": "role-appma-core-services-create-dev"
          },
          "sensitive_attributes": [],
          "private": "bnVsbA==",
          "dependencies": [
            "module.api_gateway.aws_apigatewayv2_api.main",
            "module.api_gateway.aws_apigatewayv2_stage.dev",
            "module.api_gateway.aws_cloudwatch_log_group.main_api_gw",
            "module.api_gateway_resources_core_service_create.aws_iam_role.lambda_role",
            "module.services_dynamodb.aws_dynamodb_table.services-dynamodb-table"
          ]
        }
      ]
    },
    {
      "module": "module.api_gateway_resources_core_service_create",
      "mode": "managed",
      "type": "aws_lambda_function",
      "name": "html_lambda",
      "provider": "provider[\"registry.terraform.io/hashicorp/aws\"]",
      "instances": [
        {
          "schema_version": 0,
          "attributes": {
            "architectures": [
              "arm64"
            ],
            "arn": "arn:aws:lambda:us-east-1:233925838033:function:lmb-appma-core-services-create-dev",
            "code_sha256": "Lue1Ns6NkJzzXbH/yNux7ym35R6cht4AmzJO9yDiLMM=",
            "code_signing_config_arn": "",
            "dead_letter_config": [],
            "description": "",
            "environment": [],
            "ephemeral_storage": [
              {
                "size": 512
              }
            ],
            "file_system_config": [],
            "filename": "./resources/core/service-create/index.zip",
            "function_name": "lmb-appma-core-services-create-dev",
            "handler": "index.handler",
            "id": "lmb-appma-core-services-create-dev",
            "image_config": [],
            "image_uri": "",
            "invoke_arn": "arn:aws:apigateway:us-east-1:lambda:path/2015-03-31/functions/arn:aws:lambda:us-east-1:233925838033:function:lmb-appma-core-services-create-dev/invocations",
            "kms_key_arn": "",
            "last_modified": "2024-07-24T16:32:18.768+0000",
            "layers": [],
            "logging_config": [
              {
                "application_log_level": "",
                "log_format": "Text",
                "log_group": "/aws/lambda/lmb-appma-core-services-create-dev",
                "system_log_level": ""
              }
            ],
            "memory_size": 128,
            "package_type": "Zip",
            "publish": false,
            "qualified_arn": "arn:aws:lambda:us-east-1:233925838033:function:lmb-appma-core-services-create-dev:$LATEST",
            "qualified_invoke_arn": "arn:aws:apigateway:us-east-1:lambda:path/2015-03-31/functions/arn:aws:lambda:us-east-1:233925838033:function:lmb-appma-core-services-create-dev:$LATEST/invocations",
            "replace_security_groups_on_destroy": null,
            "replacement_security_group_ids": null,
            "reserved_concurrent_executions": -1,
            "role": "arn:aws:iam::233925838033:role/role-appma-core-services-create-dev",
            "runtime": "nodejs20.x",
            "s3_bucket": null,
            "s3_key": null,
            "s3_object_version": null,
            "signing_job_arn": "",
            "signing_profile_version_arn": "",
            "skip_destroy": false,
            "snap_start": [],
            "source_code_hash": "Lue1Ns6NkJzzXbH/yNux7ym35R6cht4AmzJO9yDiLMM=",
            "source_code_size": 3053796,
            "tags": {
              "component": "services-create",
              "domain": "core",
              "env": "dev"
            },
            "tags_all": {
              "component": "services-create",
              "domain": "core",
              "env": "dev",
              "iac": "terraform"
            },
            "timeout": 30,
            "timeouts": null,
            "tracing_config": [
              {
                "mode": "PassThrough"
              }
            ],
            "version": "$LATEST",
            "vpc_config": []
          },
          "sensitive_attributes": [],
          "private": "eyJlMmJmYjczMC1lY2FhLTExZTYtOGY4OC0zNDM2M2JjN2M0YzAiOnsiY3JlYXRlIjo2MDAwMDAwMDAwMDAsImRlbGV0ZSI6NjAwMDAwMDAwMDAwLCJ1cGRhdGUiOjYwMDAwMDAwMDAwMH19",
          "dependencies": [
            "module.api_gateway.aws_apigatewayv2_api.main",
            "module.api_gateway.aws_apigatewayv2_stage.dev",
            "module.api_gateway.aws_cloudwatch_log_group.main_api_gw",
            "module.api_gateway_resources_core_service_create.aws_iam_role.lambda_role",
            "module.api_gateway_resources_core_service_create.data.archive_file.lambda_package",
            "module.services_dynamodb.aws_dynamodb_table.services-dynamodb-table"
          ]
        }
      ]
    },
    {
      "module": "module.api_gateway_resources_core_service_create",
      "mode": "managed",
      "type": "aws_lambda_permission",
      "name": "api_gw",
      "provider": "provider[\"registry.terraform.io/hashicorp/aws\"]",
      "instances": [
        {
          "schema_version": 0,
          "attributes": {
            "action": "lambda:InvokeFunction",
            "event_source_token": null,
            "function_name": "lmb-appma-core-services-create-dev",
            "function_url_auth_type": null,
            "id": "AllowExecutionFromAPIGateway",
            "principal": "apigateway.amazonaws.com",
            "principal_org_id": null,
            "qualifier": "",
            "source_account": null,
            "source_arn": "arn:aws:execute-api:us-east-1:233925838033:ayxe7yhn4f/*/*",
            "statement_id": "AllowExecutionFromAPIGateway",
            "statement_id_prefix": ""
          },
          "sensitive_attributes": [],
          "private": "bnVsbA==",
          "dependencies": [
            "module.api_gateway.aws_apigatewayv2_api.main",
            "module.api_gateway.aws_apigatewayv2_stage.dev",
            "module.api_gateway.aws_cloudwatch_log_group.main_api_gw",
            "module.api_gateway_resources_core_service_create.aws_iam_role.lambda_role",
            "module.api_gateway_resources_core_service_create.aws_lambda_function.html_lambda",
            "module.api_gateway_resources_core_service_create.data.archive_file.lambda_package",
            "module.api_gateway_resources_core_service_create.data.aws_apigatewayv2_api.selected",
            "module.services_dynamodb.aws_dynamodb_table.services-dynamodb-table"
          ]
        }
      ]
    },
    {
      "module": "module.api_gateway_resources_core_service_delete",
      "mode": "data",
      "type": "archive_file",
      "name": "lambda_package",
      "provider": "provider[\"registry.terraform.io/hashicorp/archive\"]",
      "instances": [
        {
          "schema_version": 0,
          "attributes": {
            "exclude_symlink_directories": null,
            "excludes": null,
            "id": "4795bde5be1a4d14098beb4563991d70b5d590bd",
            "output_base64sha256": "2wPuu0lc5KLr2Gc3ECMC9Yxs+sUvbjy5lngo8fa4WGc=",
            "output_base64sha512": "vpLFu0XobFolXYMuhUO0867QlNkkmhg6tDuItHH9hnkwUDHfffZYkUSuj/bq3LKjor2kUHoAsrdrO9IAPANPcw==",
            "output_file_mode": null,
            "output_md5": "52c101578b63e191d900e6c8a3876445",
            "output_path": "./resources/core/service-delete-by-id/index.zip",
            "output_sha": "4795bde5be1a4d14098beb4563991d70b5d590bd",
            "output_sha256": "db03eebb495ce4a2ebd86737102302f58c6cfac52f6e3cb9967828f1f6b85867",
            "output_sha512": "be92c5bb45e86c5a255d832e8543b4f3aed094d9249a183ab43b88b471fd8679305031df7df6589144ae8ff6eadcb2a3a2bda4507a00b2b76b3bd2003c034f73",
            "output_size": 2970126,
            "source": [],
            "source_content": null,
            "source_content_filename": null,
            "source_dir": "./lambdas/core/service-delete-by-id",
            "source_file": null,
            "type": "zip"
          },
          "sensitive_attributes": []
        }
      ]
    },
    {
      "module": "module.api_gateway_resources_core_service_delete",
      "mode": "data",
      "type": "aws_apigatewayv2_api",
      "name": "selected",
      "provider": "provider[\"registry.terraform.io/hashicorp/aws\"]",
      "instances": [
        {
          "schema_version": 0,
          "attributes": {
            "api_endpoint": "https://ayxe7yhn4f.execute-api.us-east-1.amazonaws.com",
            "api_id": "ayxe7yhn4f",
            "api_key_selection_expression": "$request.header.x-api-key",
            "arn": "arn:aws:apigateway:us-east-1::/apis/ayxe7yhn4f",
            "cors_configuration": [
              {
                "allow_credentials": false,
                "allow_headers": [
                  "*"
                ],
                "allow_methods": [
                  "DELETE",
                  "GET",
                  "OPTIONS",
                  "POST",
                  "PUT"
                ],
                "allow_origins": [
                  "*",
                  "http://localhost:3000"
                ],
                "expose_headers": [],
                "max_age": 300
              }
            ],
            "description": "api-appma-dev API Gateway",
            "disable_execute_api_endpoint": false,
            "execution_arn": "arn:aws:execute-api:us-east-1:233925838033:ayxe7yhn4f",
            "id": "ayxe7yhn4f",
            "name": "api-appma-dev",
            "protocol_type": "HTTP",
            "route_selection_expression": "$request.method $request.path",
            "tags": {
              "iac": "terraform"
            },
            "version": ""
          },
          "sensitive_attributes": []
        }
      ]
    },
    {
      "module": "module.api_gateway_resources_core_service_delete",
      "mode": "data",
      "type": "aws_caller_identity",
      "name": "current",
      "provider": "provider[\"registry.terraform.io/hashicorp/aws\"]",
      "instances": [
        {
          "schema_version": 0,
          "attributes": {
            "account_id": "233925838033",
            "arn": "arn:aws:iam::233925838033:root",
            "id": "233925838033",
            "user_id": "233925838033"
          },
          "sensitive_attributes": []
        }
      ]
    },
    {
      "module": "module.api_gateway_resources_core_service_delete",
      "mode": "data",
      "type": "aws_iam_policy_document",
      "name": "lambda_policy_document",
      "provider": "provider[\"registry.terraform.io/hashicorp/aws\"]",
      "instances": [
        {
          "schema_version": 0,
          "attributes": {
            "id": "795914799",
            "json": "{\n  \"Version\": \"2012-10-17\",\n  \"Statement\": [\n    {\n      \"Effect\": \"Allow\",\n      \"Action\": \"dynamodb:DeleteItem\",\n      \"Resource\": \"arn:aws:dynamodb:us-east-1:233925838033:table/tbl-appma-services-dev\"\n    }\n  ]\n}",
            "minified_json": "{\"Version\":\"2012-10-17\",\"Statement\":[{\"Effect\":\"Allow\",\"Action\":\"dynamodb:DeleteItem\",\"Resource\":\"arn:aws:dynamodb:us-east-1:233925838033:table/tbl-appma-services-dev\"}]}",
            "override_json": null,
            "override_policy_documents": null,
            "policy_id": null,
            "source_json": null,
            "source_policy_documents": null,
            "statement": [
              {
                "actions": [
                  "dynamodb:DeleteItem"
                ],
                "condition": [],
                "effect": "Allow",
                "not_actions": [],
                "not_principals": [],
                "not_resources": [],
                "principals": [],
                "resources": [
                  "arn:aws:dynamodb:us-east-1:233925838033:table/tbl-appma-services-dev"
                ],
                "sid": ""
              }
            ],
            "version": "2012-10-17"
          },
          "sensitive_attributes": []
        }
      ]
    },
    {
      "module": "module.api_gateway_resources_core_service_delete",
      "mode": "data",
      "type": "aws_region",
      "name": "current",
      "provider": "provider[\"registry.terraform.io/hashicorp/aws\"]",
      "instances": [
        {
          "schema_version": 0,
          "attributes": {
            "description": "US East (N. Virginia)",
            "endpoint": "ec2.us-east-1.amazonaws.com",
            "id": "us-east-1",
            "name": "us-east-1"
          },
          "sensitive_attributes": []
        }
      ]
    },
    {
      "module": "module.api_gateway_resources_core_service_delete",
      "mode": "managed",
      "type": "aws_apigatewayv2_integration",
      "name": "lambda_handler",
      "provider": "provider[\"registry.terraform.io/hashicorp/aws\"]",
      "instances": [
        {
          "schema_version": 0,
          "attributes": {
            "api_id": "ayxe7yhn4f",
            "connection_id": "",
            "connection_type": "INTERNET",
            "content_handling_strategy": "",
            "credentials_arn": "",
            "description": "",
            "id": "06zffsr",
            "integration_method": "POST",
            "integration_response_selection_expression": "",
            "integration_subtype": "",
            "integration_type": "AWS_PROXY",
            "integration_uri": "arn:aws:apigateway:us-east-1:lambda:path/2015-03-31/functions/arn:aws:lambda:us-east-1:233925838033:function:lmb-appma-core-services-delete-by-id-dev/invocations",
            "passthrough_behavior": "",
            "payload_format_version": "1.0",
            "request_parameters": null,
            "request_templates": null,
            "response_parameters": [],
            "template_selection_expression": "",
            "timeout_milliseconds": 30000,
            "tls_config": []
          },
          "sensitive_attributes": [],
          "private": "bnVsbA==",
          "dependencies": [
            "module.api_gateway.aws_apigatewayv2_api.main",
            "module.api_gateway.aws_apigatewayv2_stage.dev",
            "module.api_gateway.aws_cloudwatch_log_group.main_api_gw",
            "module.api_gateway_resources_core_service_delete.aws_iam_role.lambda_role",
            "module.api_gateway_resources_core_service_delete.aws_lambda_function.html_lambda",
            "module.api_gateway_resources_core_service_delete.data.archive_file.lambda_package",
            "module.api_gateway_resources_core_service_delete.data.aws_apigatewayv2_api.selected",
            "module.services_dynamodb.aws_dynamodb_table.services-dynamodb-table"
          ]
        }
      ]
    },
    {
      "module": "module.api_gateway_resources_core_service_delete",
      "mode": "managed",
      "type": "aws_apigatewayv2_route",
      "name": "post_handler",
      "provider": "provider[\"registry.terraform.io/hashicorp/aws\"]",
      "instances": [
        {
          "schema_version": 0,
          "attributes": {
            "api_id": "ayxe7yhn4f",
            "api_key_required": false,
            "authorization_scopes": null,
            "authorization_type": "CUSTOM",
            "authorizer_id": "hhayli",
            "id": "3fwwvz4",
            "model_selection_expression": "",
            "operation_name": "",
            "request_models": null,
            "request_parameter": [],
            "route_key": "DELETE /api/core/services/{id}",
            "route_response_selection_expression": "",
            "target": "integrations/06zffsr"
          },
          "sensitive_attributes": [],
          "private": "bnVsbA==",
          "dependencies": [
            "module.api_gateway.aws_apigatewayv2_api.main",
            "module.api_gateway.aws_apigatewayv2_stage.dev",
            "module.api_gateway.aws_cloudwatch_log_group.main_api_gw",
            "module.api_gateway_resources_core_service_delete.aws_apigatewayv2_integration.lambda_handler",
            "module.api_gateway_resources_core_service_delete.aws_iam_role.lambda_role",
            "module.api_gateway_resources_core_service_delete.aws_lambda_function.html_lambda",
            "module.api_gateway_resources_core_service_delete.data.archive_file.lambda_package",
            "module.api_gateway_resources_core_service_delete.data.aws_apigatewayv2_api.selected",
            "module.api_gateway_resources_security_authorizer.aws_apigatewayv2_authorizer.header_based_authorizer",
            "module.api_gateway_resources_security_authorizer.aws_iam_role.lambda_role",
            "module.api_gateway_resources_security_authorizer.aws_lambda_function.html_lambda",
            "module.api_gateway_resources_security_authorizer.data.archive_file.lambda_package",
            "module.api_gateway_resources_security_authorizer.data.aws_apigatewayv2_api.selected",
            "module.services_dynamodb.aws_dynamodb_table.services-dynamodb-table"
          ]
        }
      ]
    },
    {
      "module": "module.api_gateway_resources_core_service_delete",
      "mode": "managed",
      "type": "aws_cloudwatch_log_group",
      "name": "html_loggroup_lambda",
      "provider": "provider[\"registry.terraform.io/hashicorp/aws\"]",
      "instances": [
        {
          "schema_version": 0,
          "attributes": {
            "arn": "arn:aws:logs:us-east-1:233925838033:log-group:/aws/lambda/lmb-appma-core-services-delete-by-id-dev",
            "id": "/aws/lambda/lmb-appma-core-services-delete-by-id-dev",
            "kms_key_id": "",
            "log_group_class": "STANDARD",
            "name": "/aws/lambda/lmb-appma-core-services-delete-by-id-dev",
            "name_prefix": "",
            "retention_in_days": 0,
            "skip_destroy": false,
            "tags": {},
            "tags_all": {
              "iac": "terraform"
            }
          },
          "sensitive_attributes": [],
          "private": "bnVsbA==",
          "dependencies": [
            "module.api_gateway.aws_apigatewayv2_api.main",
            "module.api_gateway.aws_apigatewayv2_stage.dev",
            "module.api_gateway.aws_cloudwatch_log_group.main_api_gw",
            "module.api_gateway_resources_core_service_delete.aws_iam_role.lambda_role",
            "module.api_gateway_resources_core_service_delete.aws_lambda_function.html_lambda",
            "module.api_gateway_resources_core_service_delete.data.archive_file.lambda_package",
            "module.services_dynamodb.aws_dynamodb_table.services-dynamodb-table"
          ]
        }
      ]
    },
    {
      "module": "module.api_gateway_resources_core_service_delete",
      "mode": "managed",
      "type": "aws_iam_policy",
      "name": "dynamodb_lambda_policy",
      "provider": "provider[\"registry.terraform.io/hashicorp/aws\"]",
      "instances": [
        {
          "schema_version": 0,
          "attributes": {
            "arn": "arn:aws:iam::233925838033:policy/policy-appma-core-services-delete-by-id-dev",
            "attachment_count": 1,
            "description": "This policy will be used by the lambda to write get data from DynamoDB",
            "id": "arn:aws:iam::233925838033:policy/policy-appma-core-services-delete-by-id-dev",
            "name": "policy-appma-core-services-delete-by-id-dev",
            "name_prefix": "",
            "path": "/",
            "policy": "{\"Statement\":[{\"Action\":\"dynamodb:DeleteItem\",\"Effect\":\"Allow\",\"Resource\":\"arn:aws:dynamodb:us-east-1:233925838033:table/tbl-appma-services-dev\"}],\"Version\":\"2012-10-17\"}",
            "policy_id": "ANPATM5YRATI4RAFCMTMR",
            "tags": {},
            "tags_all": {
              "iac": "terraform"
            }
          },
          "sensitive_attributes": [],
          "private": "bnVsbA==",
          "dependencies": [
            "module.api_gateway.aws_apigatewayv2_api.main",
            "module.api_gateway.aws_apigatewayv2_stage.dev",
            "module.api_gateway.aws_cloudwatch_log_group.main_api_gw",
            "module.api_gateway_resources_core_service_delete.data.aws_caller_identity.current",
            "module.api_gateway_resources_core_service_delete.data.aws_iam_policy_document.lambda_policy_document",
            "module.api_gateway_resources_core_service_delete.data.aws_region.current",
            "module.services_dynamodb.aws_dynamodb_table.services-dynamodb-table"
          ]
        }
      ]
    },
    {
      "module": "module.api_gateway_resources_core_service_delete",
      "mode": "managed",
      "type": "aws_iam_role",
      "name": "lambda_role",
      "provider": "provider[\"registry.terraform.io/hashicorp/aws\"]",
      "instances": [
        {
          "schema_version": 0,
          "attributes": {
            "arn": "arn:aws:iam::233925838033:role/role-appma-core-services-delete-by-id-dev",
            "assume_role_policy": "{\"Statement\":[{\"Action\":\"sts:AssumeRole\",\"Effect\":\"Allow\",\"Principal\":{\"Service\":\"lambda.amazonaws.com\"}}],\"Version\":\"2012-10-17\"}",
            "create_date": "2024-07-24T16:31:21Z",
            "description": "",
            "force_detach_policies": false,
            "id": "role-appma-core-services-delete-by-id-dev",
            "inline_policy": [],
            "managed_policy_arns": [
              "arn:aws:iam::233925838033:policy/policy-appma-core-services-delete-by-id-dev",
              "arn:aws:iam::aws:policy/service-role/AWSLambdaBasicExecutionRole"
            ],
            "max_session_duration": 3600,
            "name": "role-appma-core-services-delete-by-id-dev",
            "name_prefix": "",
            "path": "/",
            "permissions_boundary": "",
            "tags": {},
            "tags_all": {
              "iac": "terraform"
            },
            "unique_id": "AROATM5YRATIRVVEUAJEA"
          },
          "sensitive_attributes": [],
          "private": "bnVsbA==",
          "dependencies": [
            "module.api_gateway.aws_apigatewayv2_api.main",
            "module.api_gateway.aws_apigatewayv2_stage.dev",
            "module.api_gateway.aws_cloudwatch_log_group.main_api_gw",
            "module.services_dynamodb.aws_dynamodb_table.services-dynamodb-table"
          ]
        }
      ]
    },
    {
      "module": "module.api_gateway_resources_core_service_delete",
      "mode": "managed",
      "type": "aws_iam_role_policy_attachment",
      "name": "lambda_attachements",
      "provider": "provider[\"registry.terraform.io/hashicorp/aws\"]",
      "instances": [
        {
          "schema_version": 0,
          "attributes": {
            "id": "role-appma-core-services-delete-by-id-dev-20240724163156525400000015",
            "policy_arn": "arn:aws:iam::233925838033:policy/policy-appma-core-services-delete-by-id-dev",
            "role": "role-appma-core-services-delete-by-id-dev"
          },
          "sensitive_attributes": [],
          "private": "bnVsbA==",
          "dependencies": [
            "module.api_gateway.aws_apigatewayv2_api.main",
            "module.api_gateway.aws_apigatewayv2_stage.dev",
            "module.api_gateway.aws_cloudwatch_log_group.main_api_gw",
            "module.api_gateway_resources_core_service_delete.aws_iam_policy.dynamodb_lambda_policy",
            "module.api_gateway_resources_core_service_delete.aws_iam_role.lambda_role",
            "module.api_gateway_resources_core_service_delete.data.aws_caller_identity.current",
            "module.api_gateway_resources_core_service_delete.data.aws_iam_policy_document.lambda_policy_document",
            "module.api_gateway_resources_core_service_delete.data.aws_region.current",
            "module.services_dynamodb.aws_dynamodb_table.services-dynamodb-table"
          ]
        }
      ]
    },
    {
      "module": "module.api_gateway_resources_core_service_delete",
      "mode": "managed",
      "type": "aws_iam_role_policy_attachment",
      "name": "lambda_role_policy",
      "provider": "provider[\"registry.terraform.io/hashicorp/aws\"]",
      "instances": [
        {
          "schema_version": 0,
          "attributes": {
            "id": "role-appma-core-services-delete-by-id-dev-20240724163124981500000006",
            "policy_arn": "arn:aws:iam::aws:policy/service-role/AWSLambdaBasicExecutionRole",
            "role": "role-appma-core-services-delete-by-id-dev"
          },
          "sensitive_attributes": [],
          "private": "bnVsbA==",
          "dependencies": [
            "module.api_gateway.aws_apigatewayv2_api.main",
            "module.api_gateway.aws_apigatewayv2_stage.dev",
            "module.api_gateway.aws_cloudwatch_log_group.main_api_gw",
            "module.api_gateway_resources_core_service_delete.aws_iam_role.lambda_role",
            "module.services_dynamodb.aws_dynamodb_table.services-dynamodb-table"
          ]
        }
      ]
    },
    {
      "module": "module.api_gateway_resources_core_service_delete",
      "mode": "managed",
      "type": "aws_lambda_function",
      "name": "html_lambda",
      "provider": "provider[\"registry.terraform.io/hashicorp/aws\"]",
      "instances": [
        {
          "schema_version": 0,
          "attributes": {
            "architectures": [
              "arm64"
            ],
            "arn": "arn:aws:lambda:us-east-1:233925838033:function:lmb-appma-core-services-delete-by-id-dev",
            "code_sha256": "2wPuu0lc5KLr2Gc3ECMC9Yxs+sUvbjy5lngo8fa4WGc=",
            "code_signing_config_arn": "",
            "dead_letter_config": [],
            "description": "",
            "environment": [],
            "ephemeral_storage": [
              {
                "size": 512
              }
            ],
            "file_system_config": [],
            "filename": "./resources/core/service-delete-by-id/index.zip",
            "function_name": "lmb-appma-core-services-delete-by-id-dev",
            "handler": "index.handler",
            "id": "lmb-appma-core-services-delete-by-id-dev",
            "image_config": [],
            "image_uri": "",
            "invoke_arn": "arn:aws:apigateway:us-east-1:lambda:path/2015-03-31/functions/arn:aws:lambda:us-east-1:233925838033:function:lmb-appma-core-services-delete-by-id-dev/invocations",
            "kms_key_arn": "",
            "last_modified": "2024-07-24T16:32:19.865+0000",
            "layers": [],
            "logging_config": [
              {
                "application_log_level": "",
                "log_format": "Text",
                "log_group": "/aws/lambda/lmb-appma-core-services-delete-by-id-dev",
                "system_log_level": ""
              }
            ],
            "memory_size": 128,
            "package_type": "Zip",
            "publish": false,
            "qualified_arn": "arn:aws:lambda:us-east-1:233925838033:function:lmb-appma-core-services-delete-by-id-dev:$LATEST",
            "qualified_invoke_arn": "arn:aws:apigateway:us-east-1:lambda:path/2015-03-31/functions/arn:aws:lambda:us-east-1:233925838033:function:lmb-appma-core-services-delete-by-id-dev:$LATEST/invocations",
            "replace_security_groups_on_destroy": null,
            "replacement_security_group_ids": null,
            "reserved_concurrent_executions": -1,
            "role": "arn:aws:iam::233925838033:role/role-appma-core-services-delete-by-id-dev",
            "runtime": "nodejs20.x",
            "s3_bucket": null,
            "s3_key": null,
            "s3_object_version": null,
            "signing_job_arn": "",
            "signing_profile_version_arn": "",
            "skip_destroy": false,
            "snap_start": [],
            "source_code_hash": "2wPuu0lc5KLr2Gc3ECMC9Yxs+sUvbjy5lngo8fa4WGc=",
            "source_code_size": 2970126,
            "tags": {
              "component": "services-delete-by-id",
              "domain": "core",
              "env": "dev"
            },
            "tags_all": {
              "component": "services-delete-by-id",
              "domain": "core",
              "env": "dev",
              "iac": "terraform"
            },
            "timeout": 30,
            "timeouts": null,
            "tracing_config": [
              {
                "mode": "PassThrough"
              }
            ],
            "version": "$LATEST",
            "vpc_config": []
          },
          "sensitive_attributes": [],
          "private": "eyJlMmJmYjczMC1lY2FhLTExZTYtOGY4OC0zNDM2M2JjN2M0YzAiOnsiY3JlYXRlIjo2MDAwMDAwMDAwMDAsImRlbGV0ZSI6NjAwMDAwMDAwMDAwLCJ1cGRhdGUiOjYwMDAwMDAwMDAwMH19",
          "dependencies": [
            "module.api_gateway.aws_apigatewayv2_api.main",
            "module.api_gateway.aws_apigatewayv2_stage.dev",
            "module.api_gateway.aws_cloudwatch_log_group.main_api_gw",
            "module.api_gateway_resources_core_service_delete.aws_iam_role.lambda_role",
            "module.api_gateway_resources_core_service_delete.data.archive_file.lambda_package",
            "module.services_dynamodb.aws_dynamodb_table.services-dynamodb-table"
          ]
        }
      ]
    },
    {
      "module": "module.api_gateway_resources_core_service_delete",
      "mode": "managed",
      "type": "aws_lambda_permission",
      "name": "api_gw",
      "provider": "provider[\"registry.terraform.io/hashicorp/aws\"]",
      "instances": [
        {
          "schema_version": 0,
          "attributes": {
            "action": "lambda:InvokeFunction",
            "event_source_token": null,
            "function_name": "lmb-appma-core-services-delete-by-id-dev",
            "function_url_auth_type": null,
            "id": "AllowExecutionFromAPIGateway",
            "principal": "apigateway.amazonaws.com",
            "principal_org_id": null,
            "qualifier": "",
            "source_account": null,
            "source_arn": "arn:aws:execute-api:us-east-1:233925838033:ayxe7yhn4f/*/*",
            "statement_id": "AllowExecutionFromAPIGateway",
            "statement_id_prefix": ""
          },
          "sensitive_attributes": [],
          "private": "bnVsbA==",
          "dependencies": [
            "module.api_gateway.aws_apigatewayv2_api.main",
            "module.api_gateway.aws_apigatewayv2_stage.dev",
            "module.api_gateway.aws_cloudwatch_log_group.main_api_gw",
            "module.api_gateway_resources_core_service_delete.aws_iam_role.lambda_role",
            "module.api_gateway_resources_core_service_delete.aws_lambda_function.html_lambda",
            "module.api_gateway_resources_core_service_delete.data.archive_file.lambda_package",
            "module.api_gateway_resources_core_service_delete.data.aws_apigatewayv2_api.selected",
            "module.services_dynamodb.aws_dynamodb_table.services-dynamodb-table"
          ]
        }
      ]
    },
    {
      "module": "module.api_gateway_resources_core_service_find_all_or_filter",
      "mode": "data",
      "type": "archive_file",
      "name": "lambda_package",
      "provider": "provider[\"registry.terraform.io/hashicorp/archive\"]",
      "instances": [
        {
          "schema_version": 0,
          "attributes": {
            "exclude_symlink_directories": null,
            "excludes": null,
            "id": "607e841cdcb845ec4971a3ce348065ffcc724322",
            "output_base64sha256": "OAepSz8eaXokKTbWW+9KrbJsNbLR61SRxMgO4JmlJYk=",
            "output_base64sha512": "IG747yzXVtWnpjOtljhcQhBzdHs468v1yAKUPncLBB9+ecK/LEQGWzGDCjPAgxp2uFO26hJOE1c3rFXoYcuJkA==",
            "output_file_mode": null,
            "output_md5": "132ef4cf4422d4bea93f4956f9ed2447",
            "output_path": "./resources/core/service-find-all-or-filter/index.zip",
            "output_sha": "607e841cdcb845ec4971a3ce348065ffcc724322",
            "output_sha256": "3807a94b3f1e697a242936d65bef4aadb26c35b2d1eb5491c4c80ee099a52589",
            "output_sha512": "206ef8ef2cd756d5a7a633ad96385c421073747b38ebcbf5c802943e770b041f7e79c2bf2c44065b31830a33c0831a76b853b6ea124e135737ac55e861cb8990",
            "output_size": 2777676,
            "source": [],
            "source_content": null,
            "source_content_filename": null,
            "source_dir": "./lambdas/core/service-find-all-or-filter",
            "source_file": null,
            "type": "zip"
          },
          "sensitive_attributes": []
        }
      ]
    },
    {
      "module": "module.api_gateway_resources_core_service_find_all_or_filter",
      "mode": "data",
      "type": "aws_apigatewayv2_api",
      "name": "selected",
      "provider": "provider[\"registry.terraform.io/hashicorp/aws\"]",
      "instances": [
        {
          "schema_version": 0,
          "attributes": {
            "api_endpoint": "https://ayxe7yhn4f.execute-api.us-east-1.amazonaws.com",
            "api_id": "ayxe7yhn4f",
            "api_key_selection_expression": "$request.header.x-api-key",
            "arn": "arn:aws:apigateway:us-east-1::/apis/ayxe7yhn4f",
            "cors_configuration": [
              {
                "allow_credentials": false,
                "allow_headers": [
                  "*"
                ],
                "allow_methods": [
                  "DELETE",
                  "GET",
                  "OPTIONS",
                  "POST",
                  "PUT"
                ],
                "allow_origins": [
                  "*",
                  "http://localhost:3000"
                ],
                "expose_headers": [],
                "max_age": 300
              }
            ],
            "description": "api-appma-dev API Gateway",
            "disable_execute_api_endpoint": false,
            "execution_arn": "arn:aws:execute-api:us-east-1:233925838033:ayxe7yhn4f",
            "id": "ayxe7yhn4f",
            "name": "api-appma-dev",
            "protocol_type": "HTTP",
            "route_selection_expression": "$request.method $request.path",
            "tags": {
              "iac": "terraform"
            },
            "version": ""
          },
          "sensitive_attributes": []
        }
      ]
    },
    {
      "module": "module.api_gateway_resources_core_service_find_all_or_filter",
      "mode": "data",
      "type": "aws_caller_identity",
      "name": "current",
      "provider": "provider[\"registry.terraform.io/hashicorp/aws\"]",
      "instances": [
        {
          "schema_version": 0,
          "attributes": {
            "account_id": "233925838033",
            "arn": "arn:aws:iam::233925838033:root",
            "id": "233925838033",
            "user_id": "233925838033"
          },
          "sensitive_attributes": []
        }
      ]
    },
    {
      "module": "module.api_gateway_resources_core_service_find_all_or_filter",
      "mode": "data",
      "type": "aws_iam_policy_document",
      "name": "lambda_policy_document",
      "provider": "provider[\"registry.terraform.io/hashicorp/aws\"]",
      "instances": [
        {
          "schema_version": 0,
          "attributes": {
            "id": "1540031005",
            "json": "{\n  \"Version\": \"2012-10-17\",\n  \"Statement\": [\n    {\n      \"Effect\": \"Allow\",\n      \"Action\": \"dynamodb:Scan\",\n      \"Resource\": \"arn:aws:dynamodb:us-east-1:233925838033:table/tbl-appma-services-dev\"\n    }\n  ]\n}",
            "minified_json": "{\"Version\":\"2012-10-17\",\"Statement\":[{\"Effect\":\"Allow\",\"Action\":\"dynamodb:Scan\",\"Resource\":\"arn:aws:dynamodb:us-east-1:233925838033:table/tbl-appma-services-dev\"}]}",
            "override_json": null,
            "override_policy_documents": null,
            "policy_id": null,
            "source_json": null,
            "source_policy_documents": null,
            "statement": [
              {
                "actions": [
                  "dynamodb:Scan"
                ],
                "condition": [],
                "effect": "Allow",
                "not_actions": [],
                "not_principals": [],
                "not_resources": [],
                "principals": [],
                "resources": [
                  "arn:aws:dynamodb:us-east-1:233925838033:table/tbl-appma-services-dev"
                ],
                "sid": ""
              }
            ],
            "version": "2012-10-17"
          },
          "sensitive_attributes": []
        }
      ]
    },
    {
      "module": "module.api_gateway_resources_core_service_find_all_or_filter",
      "mode": "data",
      "type": "aws_region",
      "name": "current",
      "provider": "provider[\"registry.terraform.io/hashicorp/aws\"]",
      "instances": [
        {
          "schema_version": 0,
          "attributes": {
            "description": "US East (N. Virginia)",
            "endpoint": "ec2.us-east-1.amazonaws.com",
            "id": "us-east-1",
            "name": "us-east-1"
          },
          "sensitive_attributes": []
        }
      ]
    },
    {
      "module": "module.api_gateway_resources_core_service_find_all_or_filter",
      "mode": "managed",
      "type": "aws_apigatewayv2_integration",
      "name": "lambda_handler",
      "provider": "provider[\"registry.terraform.io/hashicorp/aws\"]",
      "instances": [
        {
          "schema_version": 0,
          "attributes": {
            "api_id": "ayxe7yhn4f",
            "connection_id": "",
            "connection_type": "INTERNET",
            "content_handling_strategy": "",
            "credentials_arn": "",
            "description": "",
            "id": "emrkdfp",
            "integration_method": "POST",
            "integration_response_selection_expression": "",
            "integration_subtype": "",
            "integration_type": "AWS_PROXY",
            "integration_uri": "arn:aws:apigateway:us-east-1:lambda:path/2015-03-31/functions/arn:aws:lambda:us-east-1:233925838033:function:lmb-appma-core-services-find-all-or-filter-dev/invocations",
            "passthrough_behavior": "",
            "payload_format_version": "1.0",
            "request_parameters": null,
            "request_templates": null,
            "response_parameters": [],
            "template_selection_expression": "",
            "timeout_milliseconds": 30000,
            "tls_config": []
          },
          "sensitive_attributes": [],
          "private": "bnVsbA==",
          "dependencies": [
            "module.api_gateway.aws_apigatewayv2_api.main",
            "module.api_gateway.aws_apigatewayv2_stage.dev",
            "module.api_gateway.aws_cloudwatch_log_group.main_api_gw",
            "module.api_gateway_resources_core_service_find_all_or_filter.aws_iam_role.lambda_role",
            "module.api_gateway_resources_core_service_find_all_or_filter.aws_lambda_function.html_lambda",
            "module.api_gateway_resources_core_service_find_all_or_filter.data.archive_file.lambda_package",
            "module.api_gateway_resources_core_service_find_all_or_filter.data.aws_apigatewayv2_api.selected",
            "module.services_dynamodb.aws_dynamodb_table.services-dynamodb-table"
          ]
        }
      ]
    },
    {
      "module": "module.api_gateway_resources_core_service_find_all_or_filter",
      "mode": "managed",
      "type": "aws_apigatewayv2_route",
      "name": "post_handler",
      "provider": "provider[\"registry.terraform.io/hashicorp/aws\"]",
      "instances": [
        {
          "schema_version": 0,
          "attributes": {
            "api_id": "ayxe7yhn4f",
            "api_key_required": false,
            "authorization_scopes": null,
            "authorization_type": "CUSTOM",
            "authorizer_id": "hhayli",
            "id": "9hbe95e",
            "model_selection_expression": "",
            "operation_name": "",
            "request_models": null,
            "request_parameter": [],
            "route_key": "GET /api/core/services",
            "route_response_selection_expression": "",
            "target": "integrations/emrkdfp"
          },
          "sensitive_attributes": [],
          "private": "bnVsbA==",
          "dependencies": [
            "module.api_gateway.aws_apigatewayv2_api.main",
            "module.api_gateway.aws_apigatewayv2_stage.dev",
            "module.api_gateway.aws_cloudwatch_log_group.main_api_gw",
            "module.api_gateway_resources_core_service_find_all_or_filter.aws_apigatewayv2_integration.lambda_handler",
            "module.api_gateway_resources_core_service_find_all_or_filter.aws_iam_role.lambda_role",
            "module.api_gateway_resources_core_service_find_all_or_filter.aws_lambda_function.html_lambda",
            "module.api_gateway_resources_core_service_find_all_or_filter.data.archive_file.lambda_package",
            "module.api_gateway_resources_core_service_find_all_or_filter.data.aws_apigatewayv2_api.selected",
            "module.api_gateway_resources_security_authorizer.aws_apigatewayv2_authorizer.header_based_authorizer",
            "module.api_gateway_resources_security_authorizer.aws_iam_role.lambda_role",
            "module.api_gateway_resources_security_authorizer.aws_lambda_function.html_lambda",
            "module.api_gateway_resources_security_authorizer.data.archive_file.lambda_package",
            "module.api_gateway_resources_security_authorizer.data.aws_apigatewayv2_api.selected",
            "module.services_dynamodb.aws_dynamodb_table.services-dynamodb-table"
          ]
        }
      ]
    },
    {
      "module": "module.api_gateway_resources_core_service_find_all_or_filter",
      "mode": "managed",
      "type": "aws_cloudwatch_log_group",
      "name": "html_loggroup_lambda",
      "provider": "provider[\"registry.terraform.io/hashicorp/aws\"]",
      "instances": [
        {
          "schema_version": 0,
          "attributes": {
            "arn": "arn:aws:logs:us-east-1:233925838033:log-group:/aws/lambda/lmb-appma-core-services-find-all-or-filter-dev",
            "id": "/aws/lambda/lmb-appma-core-services-find-all-or-filter-dev",
            "kms_key_id": "",
            "log_group_class": "STANDARD",
            "name": "/aws/lambda/lmb-appma-core-services-find-all-or-filter-dev",
            "name_prefix": "",
            "retention_in_days": 0,
            "skip_destroy": false,
            "tags": {},
            "tags_all": {
              "iac": "terraform"
            }
          },
          "sensitive_attributes": [],
          "private": "bnVsbA==",
          "dependencies": [
            "module.api_gateway.aws_apigatewayv2_api.main",
            "module.api_gateway.aws_apigatewayv2_stage.dev",
            "module.api_gateway.aws_cloudwatch_log_group.main_api_gw",
            "module.api_gateway_resources_core_service_find_all_or_filter.aws_iam_role.lambda_role",
            "module.api_gateway_resources_core_service_find_all_or_filter.aws_lambda_function.html_lambda",
            "module.api_gateway_resources_core_service_find_all_or_filter.data.archive_file.lambda_package",
            "module.services_dynamodb.aws_dynamodb_table.services-dynamodb-table"
          ]
        }
      ]
    },
    {
      "module": "module.api_gateway_resources_core_service_find_all_or_filter",
      "mode": "managed",
      "type": "aws_iam_policy",
      "name": "dynamodb_lambda_policy",
      "provider": "provider[\"registry.terraform.io/hashicorp/aws\"]",
      "instances": [
        {
          "schema_version": 0,
          "attributes": {
            "arn": "arn:aws:iam::233925838033:policy/policy-appma-core-services-find-all-or-filter-dev",
            "attachment_count": 1,
            "description": "This policy will be used by the lambda to write get data from DynamoDB",
            "id": "arn:aws:iam::233925838033:policy/policy-appma-core-services-find-all-or-filter-dev",
            "name": "policy-appma-core-services-find-all-or-filter-dev",
            "name_prefix": "",
            "path": "/",
            "policy": "{\"Statement\":[{\"Action\":\"dynamodb:Scan\",\"Effect\":\"Allow\",\"Resource\":\"arn:aws:dynamodb:us-east-1:233925838033:table/tbl-appma-services-dev\"}],\"Version\":\"2012-10-17\"}",
            "policy_id": "ANPATM5YRATIXD5ZPS3IQ",
            "tags": {},
            "tags_all": {
              "iac": "terraform"
            }
          },
          "sensitive_attributes": [],
          "private": "bnVsbA==",
          "dependencies": [
            "module.api_gateway.aws_apigatewayv2_api.main",
            "module.api_gateway.aws_apigatewayv2_stage.dev",
            "module.api_gateway.aws_cloudwatch_log_group.main_api_gw",
            "module.api_gateway_resources_core_service_find_all_or_filter.data.aws_caller_identity.current",
            "module.api_gateway_resources_core_service_find_all_or_filter.data.aws_iam_policy_document.lambda_policy_document",
            "module.api_gateway_resources_core_service_find_all_or_filter.data.aws_region.current",
            "module.services_dynamodb.aws_dynamodb_table.services-dynamodb-table"
          ]
        }
      ]
    },
    {
      "module": "module.api_gateway_resources_core_service_find_all_or_filter",
      "mode": "managed",
      "type": "aws_iam_role",
      "name": "lambda_role",
      "provider": "provider[\"registry.terraform.io/hashicorp/aws\"]",
      "instances": [
        {
          "schema_version": 0,
          "attributes": {
            "arn": "arn:aws:iam::233925838033:role/role-appma-core-services-find-all-or-filter-dev",
            "assume_role_policy": "{\"Statement\":[{\"Action\":\"sts:AssumeRole\",\"Effect\":\"Allow\",\"Principal\":{\"Service\":\"lambda.amazonaws.com\"}}],\"Version\":\"2012-10-17\"}",
            "create_date": "2024-07-24T16:31:15Z",
            "description": "",
            "force_detach_policies": false,
            "id": "role-appma-core-services-find-all-or-filter-dev",
            "inline_policy": [],
            "managed_policy_arns": [
              "arn:aws:iam::233925838033:policy/policy-appma-core-services-find-all-or-filter-dev",
              "arn:aws:iam::aws:policy/service-role/AWSLambdaBasicExecutionRole"
            ],
            "max_session_duration": 3600,
            "name": "role-appma-core-services-find-all-or-filter-dev",
            "name_prefix": "",
            "path": "/",
            "permissions_boundary": "",
            "tags": {},
            "tags_all": {
              "iac": "terraform"
            },
            "unique_id": "AROATM5YRATITL3PQK2KA"
          },
          "sensitive_attributes": [],
          "private": "bnVsbA==",
          "dependencies": [
            "module.api_gateway.aws_apigatewayv2_api.main",
            "module.api_gateway.aws_apigatewayv2_stage.dev",
            "module.api_gateway.aws_cloudwatch_log_group.main_api_gw",
            "module.services_dynamodb.aws_dynamodb_table.services-dynamodb-table"
          ]
        }
      ]
    },
    {
      "module": "module.api_gateway_resources_core_service_find_all_or_filter",
      "mode": "managed",
      "type": "aws_iam_role_policy_attachment",
      "name": "lambda_attachements",
      "provider": "provider[\"registry.terraform.io/hashicorp/aws\"]",
      "instances": [
        {
          "schema_version": 0,
          "attributes": {
            "id": "role-appma-core-services-find-all-or-filter-dev-20240724163126269700000009",
            "policy_arn": "arn:aws:iam::233925838033:policy/policy-appma-core-services-find-all-or-filter-dev",
            "role": "role-appma-core-services-find-all-or-filter-dev"
          },
          "sensitive_attributes": [],
          "private": "bnVsbA==",
          "dependencies": [
            "module.api_gateway.aws_apigatewayv2_api.main",
            "module.api_gateway.aws_apigatewayv2_stage.dev",
            "module.api_gateway.aws_cloudwatch_log_group.main_api_gw",
            "module.api_gateway_resources_core_service_find_all_or_filter.aws_iam_policy.dynamodb_lambda_policy",
            "module.api_gateway_resources_core_service_find_all_or_filter.aws_iam_role.lambda_role",
            "module.api_gateway_resources_core_service_find_all_or_filter.data.aws_caller_identity.current",
            "module.api_gateway_resources_core_service_find_all_or_filter.data.aws_iam_policy_document.lambda_policy_document",
            "module.api_gateway_resources_core_service_find_all_or_filter.data.aws_region.current",
            "module.services_dynamodb.aws_dynamodb_table.services-dynamodb-table"
          ]
        }
      ]
    },
    {
      "module": "module.api_gateway_resources_core_service_find_all_or_filter",
      "mode": "managed",
      "type": "aws_iam_role_policy_attachment",
      "name": "lambda_role_policy",
      "provider": "provider[\"registry.terraform.io/hashicorp/aws\"]",
      "instances": [
        {
          "schema_version": 0,
          "attributes": {
            "id": "role-appma-core-services-find-all-or-filter-dev-20240724163122375300000005",
            "policy_arn": "arn:aws:iam::aws:policy/service-role/AWSLambdaBasicExecutionRole",
            "role": "role-appma-core-services-find-all-or-filter-dev"
          },
          "sensitive_attributes": [],
          "private": "bnVsbA==",
          "dependencies": [
            "module.api_gateway.aws_apigatewayv2_api.main",
            "module.api_gateway.aws_apigatewayv2_stage.dev",
            "module.api_gateway.aws_cloudwatch_log_group.main_api_gw",
            "module.api_gateway_resources_core_service_find_all_or_filter.aws_iam_role.lambda_role",
            "module.services_dynamodb.aws_dynamodb_table.services-dynamodb-table"
          ]
        }
      ]
    },
    {
      "module": "module.api_gateway_resources_core_service_find_all_or_filter",
      "mode": "managed",
      "type": "aws_lambda_function",
      "name": "html_lambda",
      "provider": "provider[\"registry.terraform.io/hashicorp/aws\"]",
      "instances": [
        {
          "schema_version": 0,
          "attributes": {
            "architectures": [
              "arm64"
            ],
            "arn": "arn:aws:lambda:us-east-1:233925838033:function:lmb-appma-core-services-find-all-or-filter-dev",
            "code_sha256": "OAepSz8eaXokKTbWW+9KrbJsNbLR61SRxMgO4JmlJYk=",
            "code_signing_config_arn": "",
            "dead_letter_config": [],
            "description": "",
            "environment": [],
            "ephemeral_storage": [
              {
                "size": 512
              }
            ],
            "file_system_config": [],
            "filename": "./resources/core/service-find-all-or-filter/index.zip",
            "function_name": "lmb-appma-core-services-find-all-or-filter-dev",
            "handler": "index.handler",
            "id": "lmb-appma-core-services-find-all-or-filter-dev",
            "image_config": [],
            "image_uri": "",
            "invoke_arn": "arn:aws:apigateway:us-east-1:lambda:path/2015-03-31/functions/arn:aws:lambda:us-east-1:233925838033:function:lmb-appma-core-services-find-all-or-filter-dev/invocations",
            "kms_key_arn": "",
            "last_modified": "2024-07-24T16:32:18.507+0000",
            "layers": [],
            "logging_config": [
              {
                "application_log_level": "",
                "log_format": "Text",
                "log_group": "/aws/lambda/lmb-appma-core-services-find-all-or-filter-dev",
                "system_log_level": ""
              }
            ],
            "memory_size": 128,
            "package_type": "Zip",
            "publish": false,
            "qualified_arn": "arn:aws:lambda:us-east-1:233925838033:function:lmb-appma-core-services-find-all-or-filter-dev:$LATEST",
            "qualified_invoke_arn": "arn:aws:apigateway:us-east-1:lambda:path/2015-03-31/functions/arn:aws:lambda:us-east-1:233925838033:function:lmb-appma-core-services-find-all-or-filter-dev:$LATEST/invocations",
            "replace_security_groups_on_destroy": null,
            "replacement_security_group_ids": null,
            "reserved_concurrent_executions": -1,
            "role": "arn:aws:iam::233925838033:role/role-appma-core-services-find-all-or-filter-dev",
            "runtime": "nodejs20.x",
            "s3_bucket": null,
            "s3_key": null,
            "s3_object_version": null,
            "signing_job_arn": "",
            "signing_profile_version_arn": "",
            "skip_destroy": false,
            "snap_start": [],
            "source_code_hash": "OAepSz8eaXokKTbWW+9KrbJsNbLR61SRxMgO4JmlJYk=",
            "source_code_size": 2777676,
            "tags": {
              "component": "services-find-all-or-filter",
              "domain": "core",
              "env": "dev"
            },
            "tags_all": {
              "component": "services-find-all-or-filter",
              "domain": "core",
              "env": "dev",
              "iac": "terraform"
            },
            "timeout": 30,
            "timeouts": null,
            "tracing_config": [
              {
                "mode": "PassThrough"
              }
            ],
            "version": "$LATEST",
            "vpc_config": []
          },
          "sensitive_attributes": [],
          "private": "eyJlMmJmYjczMC1lY2FhLTExZTYtOGY4OC0zNDM2M2JjN2M0YzAiOnsiY3JlYXRlIjo2MDAwMDAwMDAwMDAsImRlbGV0ZSI6NjAwMDAwMDAwMDAwLCJ1cGRhdGUiOjYwMDAwMDAwMDAwMH19",
          "dependencies": [
            "module.api_gateway.aws_apigatewayv2_api.main",
            "module.api_gateway.aws_apigatewayv2_stage.dev",
            "module.api_gateway.aws_cloudwatch_log_group.main_api_gw",
            "module.api_gateway_resources_core_service_find_all_or_filter.aws_iam_role.lambda_role",
            "module.api_gateway_resources_core_service_find_all_or_filter.data.archive_file.lambda_package",
            "module.services_dynamodb.aws_dynamodb_table.services-dynamodb-table"
          ]
        }
      ]
    },
    {
      "module": "module.api_gateway_resources_core_service_find_all_or_filter",
      "mode": "managed",
      "type": "aws_lambda_permission",
      "name": "api_gw",
      "provider": "provider[\"registry.terraform.io/hashicorp/aws\"]",
      "instances": [
        {
          "schema_version": 0,
          "attributes": {
            "action": "lambda:InvokeFunction",
            "event_source_token": null,
            "function_name": "lmb-appma-core-services-find-all-or-filter-dev",
            "function_url_auth_type": null,
            "id": "AllowExecutionFromAPIGateway",
            "principal": "apigateway.amazonaws.com",
            "principal_org_id": null,
            "qualifier": "",
            "source_account": null,
            "source_arn": "arn:aws:execute-api:us-east-1:233925838033:ayxe7yhn4f/*/*",
            "statement_id": "AllowExecutionFromAPIGateway",
            "statement_id_prefix": ""
          },
          "sensitive_attributes": [],
          "private": "bnVsbA==",
          "dependencies": [
            "module.api_gateway.aws_apigatewayv2_api.main",
            "module.api_gateway.aws_apigatewayv2_stage.dev",
            "module.api_gateway.aws_cloudwatch_log_group.main_api_gw",
            "module.api_gateway_resources_core_service_find_all_or_filter.aws_iam_role.lambda_role",
            "module.api_gateway_resources_core_service_find_all_or_filter.aws_lambda_function.html_lambda",
            "module.api_gateway_resources_core_service_find_all_or_filter.data.archive_file.lambda_package",
            "module.api_gateway_resources_core_service_find_all_or_filter.data.aws_apigatewayv2_api.selected",
            "module.services_dynamodb.aws_dynamodb_table.services-dynamodb-table"
          ]
        }
      ]
    },
    {
      "module": "module.api_gateway_resources_core_service_find_by_id",
      "mode": "data",
      "type": "archive_file",
      "name": "lambda_package",
      "provider": "provider[\"registry.terraform.io/hashicorp/archive\"]",
      "instances": [
        {
          "schema_version": 0,
          "attributes": {
            "exclude_symlink_directories": null,
            "excludes": null,
            "id": "6f9af2cd106eba9e4390c27f85fcf137d57c4d28",
            "output_base64sha256": "DvdChpGved22iyz2AgrQ9Gn0/f2pVcezWx+rbIbdoHE=",
            "output_base64sha512": "C8CCmifXtCnTHMMF/GiPTJhrdQmsXNyuK7GuLqBOeKaVD5weLJ9sgHyIqV8BuEDG3+vAU/iAeKwk+HxQb842gQ==",
            "output_file_mode": null,
            "output_md5": "64c878cddf91201a87deb6e71bb2bf2e",
            "output_path": "./resources/core/service-find-by-id/index.zip",
            "output_sha": "6f9af2cd106eba9e4390c27f85fcf137d57c4d28",
            "output_sha256": "0ef7428691af79ddb68b2cf6020ad0f469f4fdfda955c7b35b1fab6c86dda071",
            "output_sha512": "0bc0829a27d7b429d31cc305fc688f4c986b7509ac5cdcae2bb1ae2ea04e78a6950f9c1e2c9f6c807c88a95f01b840c6dfebc053f88078ac24f87c506fce3681",
            "output_size": 2777222,
            "source": [],
            "source_content": null,
            "source_content_filename": null,
            "source_dir": "./lambdas/core/service-find-by-id",
            "source_file": null,
            "type": "zip"
          },
          "sensitive_attributes": []
        }
      ]
    },
    {
      "module": "module.api_gateway_resources_core_service_find_by_id",
      "mode": "data",
      "type": "aws_apigatewayv2_api",
      "name": "selected",
      "provider": "provider[\"registry.terraform.io/hashicorp/aws\"]",
      "instances": [
        {
          "schema_version": 0,
          "attributes": {
            "api_endpoint": "https://ayxe7yhn4f.execute-api.us-east-1.amazonaws.com",
            "api_id": "ayxe7yhn4f",
            "api_key_selection_expression": "$request.header.x-api-key",
            "arn": "arn:aws:apigateway:us-east-1::/apis/ayxe7yhn4f",
            "cors_configuration": [
              {
                "allow_credentials": false,
                "allow_headers": [
                  "*"
                ],
                "allow_methods": [
                  "DELETE",
                  "GET",
                  "OPTIONS",
                  "POST",
                  "PUT"
                ],
                "allow_origins": [
                  "*",
                  "http://localhost:3000"
                ],
                "expose_headers": [],
                "max_age": 300
              }
            ],
            "description": "api-appma-dev API Gateway",
            "disable_execute_api_endpoint": false,
            "execution_arn": "arn:aws:execute-api:us-east-1:233925838033:ayxe7yhn4f",
            "id": "ayxe7yhn4f",
            "name": "api-appma-dev",
            "protocol_type": "HTTP",
            "route_selection_expression": "$request.method $request.path",
            "tags": {
              "iac": "terraform"
            },
            "version": ""
          },
          "sensitive_attributes": []
        }
      ]
    },
    {
      "module": "module.api_gateway_resources_core_service_find_by_id",
      "mode": "data",
      "type": "aws_caller_identity",
      "name": "current",
      "provider": "provider[\"registry.terraform.io/hashicorp/aws\"]",
      "instances": [
        {
          "schema_version": 0,
          "attributes": {
            "account_id": "233925838033",
            "arn": "arn:aws:iam::233925838033:root",
            "id": "233925838033",
            "user_id": "233925838033"
          },
          "sensitive_attributes": []
        }
      ]
    },
    {
      "module": "module.api_gateway_resources_core_service_find_by_id",
      "mode": "data",
      "type": "aws_iam_policy_document",
      "name": "lambda_policy_document",
      "provider": "provider[\"registry.terraform.io/hashicorp/aws\"]",
      "instances": [
        {
          "schema_version": 0,
          "attributes": {
            "id": "844370655",
            "json": "{\n  \"Version\": \"2012-10-17\",\n  \"Statement\": [\n    {\n      \"Effect\": \"Allow\",\n      \"Action\": \"dynamodb:GetItem\",\n      \"Resource\": \"arn:aws:dynamodb:us-east-1:233925838033:table/tbl-appma-services-dev\"\n    }\n  ]\n}",
            "minified_json": "{\"Version\":\"2012-10-17\",\"Statement\":[{\"Effect\":\"Allow\",\"Action\":\"dynamodb:GetItem\",\"Resource\":\"arn:aws:dynamodb:us-east-1:233925838033:table/tbl-appma-services-dev\"}]}",
            "override_json": null,
            "override_policy_documents": null,
            "policy_id": null,
            "source_json": null,
            "source_policy_documents": null,
            "statement": [
              {
                "actions": [
                  "dynamodb:GetItem"
                ],
                "condition": [],
                "effect": "Allow",
                "not_actions": [],
                "not_principals": [],
                "not_resources": [],
                "principals": [],
                "resources": [
                  "arn:aws:dynamodb:us-east-1:233925838033:table/tbl-appma-services-dev"
                ],
                "sid": ""
              }
            ],
            "version": "2012-10-17"
          },
          "sensitive_attributes": []
        }
      ]
    },
    {
      "module": "module.api_gateway_resources_core_service_find_by_id",
      "mode": "data",
      "type": "aws_region",
      "name": "current",
      "provider": "provider[\"registry.terraform.io/hashicorp/aws\"]",
      "instances": [
        {
          "schema_version": 0,
          "attributes": {
            "description": "US East (N. Virginia)",
            "endpoint": "ec2.us-east-1.amazonaws.com",
            "id": "us-east-1",
            "name": "us-east-1"
          },
          "sensitive_attributes": []
        }
      ]
    },
    {
      "module": "module.api_gateway_resources_core_service_find_by_id",
      "mode": "managed",
      "type": "aws_apigatewayv2_integration",
      "name": "lambda_handler",
      "provider": "provider[\"registry.terraform.io/hashicorp/aws\"]",
      "instances": [
        {
          "schema_version": 0,
          "attributes": {
            "api_id": "ayxe7yhn4f",
            "connection_id": "",
            "connection_type": "INTERNET",
            "content_handling_strategy": "",
            "credentials_arn": "",
            "description": "",
            "id": "dnupgo8",
            "integration_method": "POST",
            "integration_response_selection_expression": "",
            "integration_subtype": "",
            "integration_type": "AWS_PROXY",
            "integration_uri": "arn:aws:apigateway:us-east-1:lambda:path/2015-03-31/functions/arn:aws:lambda:us-east-1:233925838033:function:lmb-appma-core-services-find-by-id-dev/invocations",
            "passthrough_behavior": "",
            "payload_format_version": "1.0",
            "request_parameters": null,
            "request_templates": null,
            "response_parameters": [],
            "template_selection_expression": "",
            "timeout_milliseconds": 30000,
            "tls_config": []
          },
          "sensitive_attributes": [],
          "private": "bnVsbA==",
          "dependencies": [
            "module.api_gateway.aws_apigatewayv2_api.main",
            "module.api_gateway.aws_apigatewayv2_stage.dev",
            "module.api_gateway.aws_cloudwatch_log_group.main_api_gw",
            "module.api_gateway_resources_core_service_find_by_id.aws_iam_role.lambda_role",
            "module.api_gateway_resources_core_service_find_by_id.aws_lambda_function.html_lambda",
            "module.api_gateway_resources_core_service_find_by_id.data.archive_file.lambda_package",
            "module.api_gateway_resources_core_service_find_by_id.data.aws_apigatewayv2_api.selected",
            "module.services_dynamodb.aws_dynamodb_table.services-dynamodb-table"
          ]
        }
      ]
    },
    {
      "module": "module.api_gateway_resources_core_service_find_by_id",
      "mode": "managed",
      "type": "aws_apigatewayv2_route",
      "name": "post_handler",
      "provider": "provider[\"registry.terraform.io/hashicorp/aws\"]",
      "instances": [
        {
          "schema_version": 0,
          "attributes": {
            "api_id": "ayxe7yhn4f",
            "api_key_required": false,
            "authorization_scopes": null,
            "authorization_type": "CUSTOM",
            "authorizer_id": "hhayli",
            "id": "ke5mkub",
            "model_selection_expression": "",
            "operation_name": "",
            "request_models": null,
            "request_parameter": [],
            "route_key": "GET /api/core/services/{id}",
            "route_response_selection_expression": "",
            "target": "integrations/dnupgo8"
          },
          "sensitive_attributes": [],
          "private": "bnVsbA==",
          "dependencies": [
            "module.api_gateway.aws_apigatewayv2_api.main",
            "module.api_gateway.aws_apigatewayv2_stage.dev",
            "module.api_gateway.aws_cloudwatch_log_group.main_api_gw",
            "module.api_gateway_resources_core_service_find_by_id.aws_apigatewayv2_integration.lambda_handler",
            "module.api_gateway_resources_core_service_find_by_id.aws_iam_role.lambda_role",
            "module.api_gateway_resources_core_service_find_by_id.aws_lambda_function.html_lambda",
            "module.api_gateway_resources_core_service_find_by_id.data.archive_file.lambda_package",
            "module.api_gateway_resources_core_service_find_by_id.data.aws_apigatewayv2_api.selected",
            "module.api_gateway_resources_security_authorizer.aws_apigatewayv2_authorizer.header_based_authorizer",
            "module.api_gateway_resources_security_authorizer.aws_iam_role.lambda_role",
            "module.api_gateway_resources_security_authorizer.aws_lambda_function.html_lambda",
            "module.api_gateway_resources_security_authorizer.data.archive_file.lambda_package",
            "module.api_gateway_resources_security_authorizer.data.aws_apigatewayv2_api.selected",
            "module.services_dynamodb.aws_dynamodb_table.services-dynamodb-table"
          ]
        }
      ]
    },
    {
      "module": "module.api_gateway_resources_core_service_find_by_id",
      "mode": "managed",
      "type": "aws_cloudwatch_log_group",
      "name": "html_loggroup_lambda",
      "provider": "provider[\"registry.terraform.io/hashicorp/aws\"]",
      "instances": [
        {
          "schema_version": 0,
          "attributes": {
            "arn": "arn:aws:logs:us-east-1:233925838033:log-group:/aws/lambda/lmb-appma-core-services-find-by-id-dev",
            "id": "/aws/lambda/lmb-appma-core-services-find-by-id-dev",
            "kms_key_id": "",
            "log_group_class": "STANDARD",
            "name": "/aws/lambda/lmb-appma-core-services-find-by-id-dev",
            "name_prefix": "",
            "retention_in_days": 0,
            "skip_destroy": false,
            "tags": {},
            "tags_all": {
              "iac": "terraform"
            }
          },
          "sensitive_attributes": [],
          "private": "bnVsbA==",
          "dependencies": [
            "module.api_gateway.aws_apigatewayv2_api.main",
            "module.api_gateway.aws_apigatewayv2_stage.dev",
            "module.api_gateway.aws_cloudwatch_log_group.main_api_gw",
            "module.api_gateway_resources_core_service_find_by_id.aws_iam_role.lambda_role",
            "module.api_gateway_resources_core_service_find_by_id.aws_lambda_function.html_lambda",
            "module.api_gateway_resources_core_service_find_by_id.data.archive_file.lambda_package",
            "module.services_dynamodb.aws_dynamodb_table.services-dynamodb-table"
          ]
        }
      ]
    },
    {
      "module": "module.api_gateway_resources_core_service_find_by_id",
      "mode": "managed",
      "type": "aws_iam_policy",
      "name": "dynamodb_lambda_policy",
      "provider": "provider[\"registry.terraform.io/hashicorp/aws\"]",
      "instances": [
        {
          "schema_version": 0,
          "attributes": {
            "arn": "arn:aws:iam::233925838033:policy/policy-appma-core-services-find-by-id-dev",
            "attachment_count": 1,
            "description": "This policy will be used by the lambda to write get data from DynamoDB",
            "id": "arn:aws:iam::233925838033:policy/policy-appma-core-services-find-by-id-dev",
            "name": "policy-appma-core-services-find-by-id-dev",
            "name_prefix": "",
            "path": "/",
            "policy": "{\"Statement\":[{\"Action\":\"dynamodb:GetItem\",\"Effect\":\"Allow\",\"Resource\":\"arn:aws:dynamodb:us-east-1:233925838033:table/tbl-appma-services-dev\"}],\"Version\":\"2012-10-17\"}",
            "policy_id": "ANPATM5YRATITIAFLIH5A",
            "tags": {},
            "tags_all": {
              "iac": "terraform"
            }
          },
          "sensitive_attributes": [],
          "private": "bnVsbA==",
          "dependencies": [
            "module.api_gateway.aws_apigatewayv2_api.main",
            "module.api_gateway.aws_apigatewayv2_stage.dev",
            "module.api_gateway.aws_cloudwatch_log_group.main_api_gw",
            "module.api_gateway_resources_core_service_find_by_id.data.aws_caller_identity.current",
            "module.api_gateway_resources_core_service_find_by_id.data.aws_iam_policy_document.lambda_policy_document",
            "module.api_gateway_resources_core_service_find_by_id.data.aws_region.current",
            "module.services_dynamodb.aws_dynamodb_table.services-dynamodb-table"
          ]
        }
      ]
    },
    {
      "module": "module.api_gateway_resources_core_service_find_by_id",
      "mode": "managed",
      "type": "aws_iam_role",
      "name": "lambda_role",
      "provider": "provider[\"registry.terraform.io/hashicorp/aws\"]",
      "instances": [
        {
          "schema_version": 0,
          "attributes": {
            "arn": "arn:aws:iam::233925838033:role/role-appma-core-services-find-by-id-dev",
            "assume_role_policy": "{\"Statement\":[{\"Action\":\"sts:AssumeRole\",\"Effect\":\"Allow\",\"Principal\":{\"Service\":\"lambda.amazonaws.com\"}}],\"Version\":\"2012-10-17\"}",
            "create_date": "2024-07-24T16:31:14Z",
            "description": "",
            "force_detach_policies": false,
            "id": "role-appma-core-services-find-by-id-dev",
            "inline_policy": [],
            "managed_policy_arns": [
              "arn:aws:iam::233925838033:policy/policy-appma-core-services-find-by-id-dev",
              "arn:aws:iam::aws:policy/service-role/AWSLambdaBasicExecutionRole"
            ],
            "max_session_duration": 3600,
            "name": "role-appma-core-services-find-by-id-dev",
            "name_prefix": "",
            "path": "/",
            "permissions_boundary": "",
            "tags": {},
            "tags_all": {
              "iac": "terraform"
            },
            "unique_id": "AROATM5YRATITUB7NLMGK"
          },
          "sensitive_attributes": [],
          "private": "bnVsbA==",
          "dependencies": [
            "module.api_gateway.aws_apigatewayv2_api.main",
            "module.api_gateway.aws_apigatewayv2_stage.dev",
            "module.api_gateway.aws_cloudwatch_log_group.main_api_gw",
            "module.services_dynamodb.aws_dynamodb_table.services-dynamodb-table"
          ]
        }
      ]
    },
    {
      "module": "module.api_gateway_resources_core_service_find_by_id",
      "mode": "managed",
      "type": "aws_iam_role_policy_attachment",
      "name": "lambda_attachements",
      "provider": "provider[\"registry.terraform.io/hashicorp/aws\"]",
      "instances": [
        {
          "schema_version": 0,
          "attributes": {
            "id": "role-appma-core-services-find-by-id-dev-20240724163126125400000008",
            "policy_arn": "arn:aws:iam::233925838033:policy/policy-appma-core-services-find-by-id-dev",
            "role": "role-appma-core-services-find-by-id-dev"
          },
          "sensitive_attributes": [],
          "private": "bnVsbA==",
          "dependencies": [
            "module.api_gateway.aws_apigatewayv2_api.main",
            "module.api_gateway.aws_apigatewayv2_stage.dev",
            "module.api_gateway.aws_cloudwatch_log_group.main_api_gw",
            "module.api_gateway_resources_core_service_find_by_id.aws_iam_policy.dynamodb_lambda_policy",
            "module.api_gateway_resources_core_service_find_by_id.aws_iam_role.lambda_role",
            "module.api_gateway_resources_core_service_find_by_id.data.aws_caller_identity.current",
            "module.api_gateway_resources_core_service_find_by_id.data.aws_iam_policy_document.lambda_policy_document",
            "module.api_gateway_resources_core_service_find_by_id.data.aws_region.current",
            "module.services_dynamodb.aws_dynamodb_table.services-dynamodb-table"
          ]
        }
      ]
    },
    {
      "module": "module.api_gateway_resources_core_service_find_by_id",
      "mode": "managed",
      "type": "aws_iam_role_policy_attachment",
      "name": "lambda_role_policy",
      "provider": "provider[\"registry.terraform.io/hashicorp/aws\"]",
      "instances": [
        {
          "schema_version": 0,
          "attributes": {
            "id": "role-appma-core-services-find-by-id-dev-20240724163121961500000003",
            "policy_arn": "arn:aws:iam::aws:policy/service-role/AWSLambdaBasicExecutionRole",
            "role": "role-appma-core-services-find-by-id-dev"
          },
          "sensitive_attributes": [],
          "private": "bnVsbA==",
          "dependencies": [
            "module.api_gateway.aws_apigatewayv2_api.main",
            "module.api_gateway.aws_apigatewayv2_stage.dev",
            "module.api_gateway.aws_cloudwatch_log_group.main_api_gw",
            "module.api_gateway_resources_core_service_find_by_id.aws_iam_role.lambda_role",
            "module.services_dynamodb.aws_dynamodb_table.services-dynamodb-table"
          ]
        }
      ]
    },
    {
      "module": "module.api_gateway_resources_core_service_find_by_id",
      "mode": "managed",
      "type": "aws_lambda_function",
      "name": "html_lambda",
      "provider": "provider[\"registry.terraform.io/hashicorp/aws\"]",
      "instances": [
        {
          "schema_version": 0,
          "attributes": {
            "architectures": [
              "arm64"
            ],
            "arn": "arn:aws:lambda:us-east-1:233925838033:function:lmb-appma-core-services-find-by-id-dev",
            "code_sha256": "DvdChpGved22iyz2AgrQ9Gn0/f2pVcezWx+rbIbdoHE=",
            "code_signing_config_arn": "",
            "dead_letter_config": [],
            "description": "",
            "environment": [],
            "ephemeral_storage": [
              {
                "size": 512
              }
            ],
            "file_system_config": [],
            "filename": "./resources/core/service-find-by-id/index.zip",
            "function_name": "lmb-appma-core-services-find-by-id-dev",
            "handler": "index.handler",
            "id": "lmb-appma-core-services-find-by-id-dev",
            "image_config": [],
            "image_uri": "",
            "invoke_arn": "arn:aws:apigateway:us-east-1:lambda:path/2015-03-31/functions/arn:aws:lambda:us-east-1:233925838033:function:lmb-appma-core-services-find-by-id-dev/invocations",
            "kms_key_arn": "",
            "last_modified": "2024-07-24T16:32:16.553+0000",
            "layers": [],
            "logging_config": [
              {
                "application_log_level": "",
                "log_format": "Text",
                "log_group": "/aws/lambda/lmb-appma-core-services-find-by-id-dev",
                "system_log_level": ""
              }
            ],
            "memory_size": 128,
            "package_type": "Zip",
            "publish": false,
            "qualified_arn": "arn:aws:lambda:us-east-1:233925838033:function:lmb-appma-core-services-find-by-id-dev:$LATEST",
            "qualified_invoke_arn": "arn:aws:apigateway:us-east-1:lambda:path/2015-03-31/functions/arn:aws:lambda:us-east-1:233925838033:function:lmb-appma-core-services-find-by-id-dev:$LATEST/invocations",
            "replace_security_groups_on_destroy": null,
            "replacement_security_group_ids": null,
            "reserved_concurrent_executions": -1,
            "role": "arn:aws:iam::233925838033:role/role-appma-core-services-find-by-id-dev",
            "runtime": "nodejs20.x",
            "s3_bucket": null,
            "s3_key": null,
            "s3_object_version": null,
            "signing_job_arn": "",
            "signing_profile_version_arn": "",
            "skip_destroy": false,
            "snap_start": [],
            "source_code_hash": "DvdChpGved22iyz2AgrQ9Gn0/f2pVcezWx+rbIbdoHE=",
            "source_code_size": 2777222,
            "tags": {
              "component": "services-find-by-id",
              "domain": "core",
              "env": "dev"
            },
            "tags_all": {
              "component": "services-find-by-id",
              "domain": "core",
              "env": "dev",
              "iac": "terraform"
            },
            "timeout": 30,
            "timeouts": null,
            "tracing_config": [
              {
                "mode": "PassThrough"
              }
            ],
            "version": "$LATEST",
            "vpc_config": []
          },
          "sensitive_attributes": [],
          "private": "eyJlMmJmYjczMC1lY2FhLTExZTYtOGY4OC0zNDM2M2JjN2M0YzAiOnsiY3JlYXRlIjo2MDAwMDAwMDAwMDAsImRlbGV0ZSI6NjAwMDAwMDAwMDAwLCJ1cGRhdGUiOjYwMDAwMDAwMDAwMH19",
          "dependencies": [
            "module.api_gateway.aws_apigatewayv2_api.main",
            "module.api_gateway.aws_apigatewayv2_stage.dev",
            "module.api_gateway.aws_cloudwatch_log_group.main_api_gw",
            "module.api_gateway_resources_core_service_find_by_id.aws_iam_role.lambda_role",
            "module.api_gateway_resources_core_service_find_by_id.data.archive_file.lambda_package",
            "module.services_dynamodb.aws_dynamodb_table.services-dynamodb-table"
          ]
        }
      ]
    },
    {
      "module": "module.api_gateway_resources_core_service_find_by_id",
      "mode": "managed",
      "type": "aws_lambda_permission",
      "name": "api_gw",
      "provider": "provider[\"registry.terraform.io/hashicorp/aws\"]",
      "instances": [
        {
          "schema_version": 0,
          "attributes": {
            "action": "lambda:InvokeFunction",
            "event_source_token": null,
            "function_name": "lmb-appma-core-services-find-by-id-dev",
            "function_url_auth_type": null,
            "id": "AllowExecutionFromAPIGateway",
            "principal": "apigateway.amazonaws.com",
            "principal_org_id": null,
            "qualifier": "",
            "source_account": null,
            "source_arn": "arn:aws:execute-api:us-east-1:233925838033:ayxe7yhn4f/*/*",
            "statement_id": "AllowExecutionFromAPIGateway",
            "statement_id_prefix": ""
          },
          "sensitive_attributes": [],
          "private": "bnVsbA==",
          "dependencies": [
            "module.api_gateway.aws_apigatewayv2_api.main",
            "module.api_gateway.aws_apigatewayv2_stage.dev",
            "module.api_gateway.aws_cloudwatch_log_group.main_api_gw",
            "module.api_gateway_resources_core_service_find_by_id.aws_iam_role.lambda_role",
            "module.api_gateway_resources_core_service_find_by_id.aws_lambda_function.html_lambda",
            "module.api_gateway_resources_core_service_find_by_id.data.archive_file.lambda_package",
            "module.api_gateway_resources_core_service_find_by_id.data.aws_apigatewayv2_api.selected",
            "module.services_dynamodb.aws_dynamodb_table.services-dynamodb-table"
          ]
        }
      ]
    },
    {
      "module": "module.api_gateway_resources_core_service_update",
      "mode": "data",
      "type": "archive_file",
      "name": "lambda_package",
      "provider": "provider[\"registry.terraform.io/hashicorp/archive\"]",
      "instances": [
        {
          "schema_version": 0,
          "attributes": {
            "exclude_symlink_directories": null,
            "excludes": null,
            "id": "681cfbdf49fd683a0e2eb991b71fd131cb5fc416",
            "output_base64sha256": "6bZQbcwKReCvlW2TFHYgwET920+hx3POzyYnUDqckdI=",
            "output_base64sha512": "ixGpDbVvzTQFNoScSlKXOxkJ86k0LltTO2kvrKd+Vpri3PiwBl0LKqWoNVWNUucBe7ov5Ych7hiV41Wc8ZIomg==",
            "output_file_mode": null,
            "output_md5": "aa55711b99e5d4a12788ceda1a6c03c3",
            "output_path": "./resources/core/service-update-by-id/index.zip",
            "output_sha": "681cfbdf49fd683a0e2eb991b71fd131cb5fc416",
            "output_sha256": "e9b6506dcc0a45e0af956d93147620c044fddb4fa1c773cecf2627503a9c91d2",
            "output_sha512": "8b11a90db56fcd340536849c4a52973b1909f3a9342e5b533b692faca77e569ae2dcf8b0065d0b2aa5a835558d52e7017bba2fe58721ee1895e3559cf192289a",
            "output_size": 2971416,
            "source": [],
            "source_content": null,
            "source_content_filename": null,
            "source_dir": "./lambdas/core/service-update-by-id",
            "source_file": null,
            "type": "zip"
          },
          "sensitive_attributes": []
        }
      ]
    },
    {
      "module": "module.api_gateway_resources_core_service_update",
      "mode": "data",
      "type": "aws_apigatewayv2_api",
      "name": "selected",
      "provider": "provider[\"registry.terraform.io/hashicorp/aws\"]",
      "instances": [
        {
          "schema_version": 0,
          "attributes": {
            "api_endpoint": "https://ayxe7yhn4f.execute-api.us-east-1.amazonaws.com",
            "api_id": "ayxe7yhn4f",
            "api_key_selection_expression": "$request.header.x-api-key",
            "arn": "arn:aws:apigateway:us-east-1::/apis/ayxe7yhn4f",
            "cors_configuration": [
              {
                "allow_credentials": false,
                "allow_headers": [
                  "*"
                ],
                "allow_methods": [
                  "DELETE",
                  "GET",
                  "OPTIONS",
                  "POST",
                  "PUT"
                ],
                "allow_origins": [
                  "*",
                  "http://localhost:3000"
                ],
                "expose_headers": [],
                "max_age": 300
              }
            ],
            "description": "api-appma-dev API Gateway",
            "disable_execute_api_endpoint": false,
            "execution_arn": "arn:aws:execute-api:us-east-1:233925838033:ayxe7yhn4f",
            "id": "ayxe7yhn4f",
            "name": "api-appma-dev",
            "protocol_type": "HTTP",
            "route_selection_expression": "$request.method $request.path",
            "tags": {
              "iac": "terraform"
            },
            "version": ""
          },
          "sensitive_attributes": []
        }
      ]
    },
    {
      "module": "module.api_gateway_resources_core_service_update",
      "mode": "data",
      "type": "aws_caller_identity",
      "name": "current",
      "provider": "provider[\"registry.terraform.io/hashicorp/aws\"]",
      "instances": [
        {
          "schema_version": 0,
          "attributes": {
            "account_id": "233925838033",
            "arn": "arn:aws:iam::233925838033:root",
            "id": "233925838033",
            "user_id": "233925838033"
          },
          "sensitive_attributes": []
        }
      ]
    },
    {
      "module": "module.api_gateway_resources_core_service_update",
      "mode": "data",
      "type": "aws_iam_policy_document",
      "name": "lambda_policy_document",
      "provider": "provider[\"registry.terraform.io/hashicorp/aws\"]",
      "instances": [
        {
          "schema_version": 0,
          "attributes": {
            "id": "1503661423",
            "json": "{\n  \"Version\": \"2012-10-17\",\n  \"Statement\": [\n    {\n      \"Effect\": \"Allow\",\n      \"Action\": \"dynamodb:UpdateItem\",\n      \"Resource\": \"arn:aws:dynamodb:us-east-1:233925838033:table/tbl-appma-services-dev\"\n    }\n  ]\n}",
            "minified_json": "{\"Version\":\"2012-10-17\",\"Statement\":[{\"Effect\":\"Allow\",\"Action\":\"dynamodb:UpdateItem\",\"Resource\":\"arn:aws:dynamodb:us-east-1:233925838033:table/tbl-appma-services-dev\"}]}",
            "override_json": null,
            "override_policy_documents": null,
            "policy_id": null,
            "source_json": null,
            "source_policy_documents": null,
            "statement": [
              {
                "actions": [
                  "dynamodb:UpdateItem"
                ],
                "condition": [],
                "effect": "Allow",
                "not_actions": [],
                "not_principals": [],
                "not_resources": [],
                "principals": [],
                "resources": [
                  "arn:aws:dynamodb:us-east-1:233925838033:table/tbl-appma-services-dev"
                ],
                "sid": ""
              }
            ],
            "version": "2012-10-17"
          },
          "sensitive_attributes": []
        }
      ]
    },
    {
      "module": "module.api_gateway_resources_core_service_update",
      "mode": "data",
      "type": "aws_region",
      "name": "current",
      "provider": "provider[\"registry.terraform.io/hashicorp/aws\"]",
      "instances": [
        {
          "schema_version": 0,
          "attributes": {
            "description": "US East (N. Virginia)",
            "endpoint": "ec2.us-east-1.amazonaws.com",
            "id": "us-east-1",
            "name": "us-east-1"
          },
          "sensitive_attributes": []
        }
      ]
    },
    {
      "module": "module.api_gateway_resources_core_service_update",
      "mode": "managed",
      "type": "aws_apigatewayv2_integration",
      "name": "lambda_handler",
      "provider": "provider[\"registry.terraform.io/hashicorp/aws\"]",
      "instances": [
        {
          "schema_version": 0,
          "attributes": {
            "api_id": "ayxe7yhn4f",
            "connection_id": "",
            "connection_type": "INTERNET",
            "content_handling_strategy": "",
            "credentials_arn": "",
            "description": "",
            "id": "6r2z5z7",
            "integration_method": "POST",
            "integration_response_selection_expression": "",
            "integration_subtype": "",
            "integration_type": "AWS_PROXY",
            "integration_uri": "arn:aws:apigateway:us-east-1:lambda:path/2015-03-31/functions/arn:aws:lambda:us-east-1:233925838033:function:lmb-appma-core-services-update-by-id-dev/invocations",
            "passthrough_behavior": "",
            "payload_format_version": "1.0",
            "request_parameters": null,
            "request_templates": null,
            "response_parameters": [],
            "template_selection_expression": "",
            "timeout_milliseconds": 30000,
            "tls_config": []
          },
          "sensitive_attributes": [],
          "private": "bnVsbA==",
          "dependencies": [
            "module.api_gateway.aws_apigatewayv2_api.main",
            "module.api_gateway.aws_apigatewayv2_stage.dev",
            "module.api_gateway.aws_cloudwatch_log_group.main_api_gw",
            "module.api_gateway_resources_core_service_update.aws_iam_role.lambda_role",
            "module.api_gateway_resources_core_service_update.aws_lambda_function.html_lambda",
            "module.api_gateway_resources_core_service_update.data.archive_file.lambda_package",
            "module.api_gateway_resources_core_service_update.data.aws_apigatewayv2_api.selected",
            "module.services_dynamodb.aws_dynamodb_table.services-dynamodb-table"
          ]
        }
      ]
    },
    {
      "module": "module.api_gateway_resources_core_service_update",
      "mode": "managed",
      "type": "aws_apigatewayv2_route",
      "name": "post_handler",
      "provider": "provider[\"registry.terraform.io/hashicorp/aws\"]",
      "instances": [
        {
          "schema_version": 0,
          "attributes": {
            "api_id": "ayxe7yhn4f",
            "api_key_required": false,
            "authorization_scopes": null,
            "authorization_type": "CUSTOM",
            "authorizer_id": "hhayli",
            "id": "ego5koe",
            "model_selection_expression": "",
            "operation_name": "",
            "request_models": null,
            "request_parameter": [],
            "route_key": "PUT /api/core/services/{id}",
            "route_response_selection_expression": "",
            "target": "integrations/6r2z5z7"
          },
          "sensitive_attributes": [],
          "private": "bnVsbA==",
          "dependencies": [
            "module.api_gateway.aws_apigatewayv2_api.main",
            "module.api_gateway.aws_apigatewayv2_stage.dev",
            "module.api_gateway.aws_cloudwatch_log_group.main_api_gw",
            "module.api_gateway_resources_core_service_update.aws_apigatewayv2_integration.lambda_handler",
            "module.api_gateway_resources_core_service_update.aws_iam_role.lambda_role",
            "module.api_gateway_resources_core_service_update.aws_lambda_function.html_lambda",
            "module.api_gateway_resources_core_service_update.data.archive_file.lambda_package",
            "module.api_gateway_resources_core_service_update.data.aws_apigatewayv2_api.selected",
            "module.api_gateway_resources_security_authorizer.aws_apigatewayv2_authorizer.header_based_authorizer",
            "module.api_gateway_resources_security_authorizer.aws_iam_role.lambda_role",
            "module.api_gateway_resources_security_authorizer.aws_lambda_function.html_lambda",
            "module.api_gateway_resources_security_authorizer.data.archive_file.lambda_package",
            "module.api_gateway_resources_security_authorizer.data.aws_apigatewayv2_api.selected",
            "module.services_dynamodb.aws_dynamodb_table.services-dynamodb-table"
          ]
        }
      ]
    },
    {
      "module": "module.api_gateway_resources_core_service_update",
      "mode": "managed",
      "type": "aws_cloudwatch_log_group",
      "name": "html_loggroup_lambda",
      "provider": "provider[\"registry.terraform.io/hashicorp/aws\"]",
      "instances": [
        {
          "schema_version": 0,
          "attributes": {
            "arn": "arn:aws:logs:us-east-1:233925838033:log-group:/aws/lambda/lmb-appma-core-services-update-by-id-dev",
            "id": "/aws/lambda/lmb-appma-core-services-update-by-id-dev",
            "kms_key_id": "",
            "log_group_class": "STANDARD",
            "name": "/aws/lambda/lmb-appma-core-services-update-by-id-dev",
            "name_prefix": "",
            "retention_in_days": 0,
            "skip_destroy": false,
            "tags": {},
            "tags_all": {
              "iac": "terraform"
            }
          },
          "sensitive_attributes": [],
          "private": "bnVsbA==",
          "dependencies": [
            "module.api_gateway.aws_apigatewayv2_api.main",
            "module.api_gateway.aws_apigatewayv2_stage.dev",
            "module.api_gateway.aws_cloudwatch_log_group.main_api_gw",
            "module.api_gateway_resources_core_service_update.aws_iam_role.lambda_role",
            "module.api_gateway_resources_core_service_update.aws_lambda_function.html_lambda",
            "module.api_gateway_resources_core_service_update.data.archive_file.lambda_package",
            "module.services_dynamodb.aws_dynamodb_table.services-dynamodb-table"
          ]
        }
      ]
    },
    {
      "module": "module.api_gateway_resources_core_service_update",
      "mode": "managed",
      "type": "aws_iam_policy",
      "name": "dynamodb_lambda_policy",
      "provider": "provider[\"registry.terraform.io/hashicorp/aws\"]",
      "instances": [
        {
          "schema_version": 0,
          "attributes": {
            "arn": "arn:aws:iam::233925838033:policy/policy-appma-core-services-update-by-id-dev",
            "attachment_count": 1,
            "description": "This policy will be used by the lambda to write get data from DynamoDB",
            "id": "arn:aws:iam::233925838033:policy/policy-appma-core-services-update-by-id-dev",
            "name": "policy-appma-core-services-update-by-id-dev",
            "name_prefix": "",
            "path": "/",
            "policy": "{\"Statement\":[{\"Action\":\"dynamodb:UpdateItem\",\"Effect\":\"Allow\",\"Resource\":\"arn:aws:dynamodb:us-east-1:233925838033:table/tbl-appma-services-dev\"}],\"Version\":\"2012-10-17\"}",
            "policy_id": "ANPATM5YRATIQGYHWXDP4",
            "tags": {},
            "tags_all": {
              "iac": "terraform"
            }
          },
          "sensitive_attributes": [],
          "private": "bnVsbA==",
          "dependencies": [
            "module.api_gateway.aws_apigatewayv2_api.main",
            "module.api_gateway.aws_apigatewayv2_stage.dev",
            "module.api_gateway.aws_cloudwatch_log_group.main_api_gw",
            "module.api_gateway_resources_core_service_update.data.aws_caller_identity.current",
            "module.api_gateway_resources_core_service_update.data.aws_iam_policy_document.lambda_policy_document",
            "module.api_gateway_resources_core_service_update.data.aws_region.current",
            "module.services_dynamodb.aws_dynamodb_table.services-dynamodb-table"
          ]
        }
      ]
    },
    {
      "module": "module.api_gateway_resources_core_service_update",
      "mode": "managed",
      "type": "aws_iam_role",
      "name": "lambda_role",
      "provider": "provider[\"registry.terraform.io/hashicorp/aws\"]",
      "instances": [
        {
          "schema_version": 0,
          "attributes": {
            "arn": "arn:aws:iam::233925838033:role/role-appma-core-services-update-by-id-dev",
            "assume_role_policy": "{\"Statement\":[{\"Action\":\"sts:AssumeRole\",\"Effect\":\"Allow\",\"Principal\":{\"Service\":\"lambda.amazonaws.com\"}}],\"Version\":\"2012-10-17\"}",
            "create_date": "2024-07-24T16:31:21Z",
            "description": "",
            "force_detach_policies": false,
            "id": "role-appma-core-services-update-by-id-dev",
            "inline_policy": [],
            "managed_policy_arns": [
              "arn:aws:iam::233925838033:policy/policy-appma-core-services-update-by-id-dev",
              "arn:aws:iam::aws:policy/service-role/AWSLambdaBasicExecutionRole"
            ],
            "max_session_duration": 3600,
            "name": "role-appma-core-services-update-by-id-dev",
            "name_prefix": "",
            "path": "/",
            "permissions_boundary": "",
            "tags": {},
            "tags_all": {
              "iac": "terraform"
            },
            "unique_id": "AROATM5YRATI56FBDIQSR"
          },
          "sensitive_attributes": [],
          "private": "bnVsbA==",
          "dependencies": [
            "module.api_gateway.aws_apigatewayv2_api.main",
            "module.api_gateway.aws_apigatewayv2_stage.dev",
            "module.api_gateway.aws_cloudwatch_log_group.main_api_gw",
            "module.services_dynamodb.aws_dynamodb_table.services-dynamodb-table"
          ]
        }
      ]
    },
    {
      "module": "module.api_gateway_resources_core_service_update",
      "mode": "managed",
      "type": "aws_iam_role_policy_attachment",
      "name": "lambda_attachements",
      "provider": "provider[\"registry.terraform.io/hashicorp/aws\"]",
      "instances": [
        {
          "schema_version": 0,
          "attributes": {
            "id": "role-appma-core-services-update-by-id-dev-2024072416312666400000000b",
            "policy_arn": "arn:aws:iam::233925838033:policy/policy-appma-core-services-update-by-id-dev",
            "role": "role-appma-core-services-update-by-id-dev"
          },
          "sensitive_attributes": [],
          "private": "bnVsbA==",
          "dependencies": [
            "module.api_gateway.aws_apigatewayv2_api.main",
            "module.api_gateway.aws_apigatewayv2_stage.dev",
            "module.api_gateway.aws_cloudwatch_log_group.main_api_gw",
            "module.api_gateway_resources_core_service_update.aws_iam_policy.dynamodb_lambda_policy",
            "module.api_gateway_resources_core_service_update.aws_iam_role.lambda_role",
            "module.api_gateway_resources_core_service_update.data.aws_caller_identity.current",
            "module.api_gateway_resources_core_service_update.data.aws_iam_policy_document.lambda_policy_document",
            "module.api_gateway_resources_core_service_update.data.aws_region.current",
            "module.services_dynamodb.aws_dynamodb_table.services-dynamodb-table"
          ]
        }
      ]
    },
    {
      "module": "module.api_gateway_resources_core_service_update",
      "mode": "managed",
      "type": "aws_iam_role_policy_attachment",
      "name": "lambda_role_policy",
      "provider": "provider[\"registry.terraform.io/hashicorp/aws\"]",
      "instances": [
        {
          "schema_version": 0,
          "attributes": {
            "id": "role-appma-core-services-update-by-id-dev-20240724163125444300000007",
            "policy_arn": "arn:aws:iam::aws:policy/service-role/AWSLambdaBasicExecutionRole",
            "role": "role-appma-core-services-update-by-id-dev"
          },
          "sensitive_attributes": [],
          "private": "bnVsbA==",
          "dependencies": [
            "module.api_gateway.aws_apigatewayv2_api.main",
            "module.api_gateway.aws_apigatewayv2_stage.dev",
            "module.api_gateway.aws_cloudwatch_log_group.main_api_gw",
            "module.api_gateway_resources_core_service_update.aws_iam_role.lambda_role",
            "module.services_dynamodb.aws_dynamodb_table.services-dynamodb-table"
          ]
        }
      ]
    },
    {
      "module": "module.api_gateway_resources_core_service_update",
      "mode": "managed",
      "type": "aws_lambda_function",
      "name": "html_lambda",
      "provider": "provider[\"registry.terraform.io/hashicorp/aws\"]",
      "instances": [
        {
          "schema_version": 0,
          "attributes": {
            "architectures": [
              "arm64"
            ],
            "arn": "arn:aws:lambda:us-east-1:233925838033:function:lmb-appma-core-services-update-by-id-dev",
            "code_sha256": "6bZQbcwKReCvlW2TFHYgwET920+hx3POzyYnUDqckdI=",
            "code_signing_config_arn": "",
            "dead_letter_config": [],
            "description": "",
            "environment": [],
            "ephemeral_storage": [
              {
                "size": 512
              }
            ],
            "file_system_config": [],
            "filename": "./resources/core/service-update-by-id/index.zip",
            "function_name": "lmb-appma-core-services-update-by-id-dev",
            "handler": "index.handler",
            "id": "lmb-appma-core-services-update-by-id-dev",
            "image_config": [],
            "image_uri": "",
            "invoke_arn": "arn:aws:apigateway:us-east-1:lambda:path/2015-03-31/functions/arn:aws:lambda:us-east-1:233925838033:function:lmb-appma-core-services-update-by-id-dev/invocations",
            "kms_key_arn": "",
            "last_modified": "2024-07-24T16:32:20.193+0000",
            "layers": [],
            "logging_config": [
              {
                "application_log_level": "",
                "log_format": "Text",
                "log_group": "/aws/lambda/lmb-appma-core-services-update-by-id-dev",
                "system_log_level": ""
              }
            ],
            "memory_size": 128,
            "package_type": "Zip",
            "publish": false,
            "qualified_arn": "arn:aws:lambda:us-east-1:233925838033:function:lmb-appma-core-services-update-by-id-dev:$LATEST",
            "qualified_invoke_arn": "arn:aws:apigateway:us-east-1:lambda:path/2015-03-31/functions/arn:aws:lambda:us-east-1:233925838033:function:lmb-appma-core-services-update-by-id-dev:$LATEST/invocations",
            "replace_security_groups_on_destroy": null,
            "replacement_security_group_ids": null,
            "reserved_concurrent_executions": -1,
            "role": "arn:aws:iam::233925838033:role/role-appma-core-services-update-by-id-dev",
            "runtime": "nodejs20.x",
            "s3_bucket": null,
            "s3_key": null,
            "s3_object_version": null,
            "signing_job_arn": "",
            "signing_profile_version_arn": "",
            "skip_destroy": false,
            "snap_start": [],
            "source_code_hash": "6bZQbcwKReCvlW2TFHYgwET920+hx3POzyYnUDqckdI=",
            "source_code_size": 2971416,
            "tags": {
              "component": "services-update-by-id",
              "domain": "core",
              "env": "dev"
            },
            "tags_all": {
              "component": "services-update-by-id",
              "domain": "core",
              "env": "dev",
              "iac": "terraform"
            },
            "timeout": 30,
            "timeouts": null,
            "tracing_config": [
              {
                "mode": "PassThrough"
              }
            ],
            "version": "$LATEST",
            "vpc_config": []
          },
          "sensitive_attributes": [],
          "private": "eyJlMmJmYjczMC1lY2FhLTExZTYtOGY4OC0zNDM2M2JjN2M0YzAiOnsiY3JlYXRlIjo2MDAwMDAwMDAwMDAsImRlbGV0ZSI6NjAwMDAwMDAwMDAwLCJ1cGRhdGUiOjYwMDAwMDAwMDAwMH19",
          "dependencies": [
            "module.api_gateway.aws_apigatewayv2_api.main",
            "module.api_gateway.aws_apigatewayv2_stage.dev",
            "module.api_gateway.aws_cloudwatch_log_group.main_api_gw",
            "module.api_gateway_resources_core_service_update.aws_iam_role.lambda_role",
            "module.api_gateway_resources_core_service_update.data.archive_file.lambda_package",
            "module.services_dynamodb.aws_dynamodb_table.services-dynamodb-table"
          ]
        }
      ]
    },
    {
      "module": "module.api_gateway_resources_core_service_update",
      "mode": "managed",
      "type": "aws_lambda_permission",
      "name": "api_gw",
      "provider": "provider[\"registry.terraform.io/hashicorp/aws\"]",
      "instances": [
        {
          "schema_version": 0,
          "attributes": {
            "action": "lambda:InvokeFunction",
            "event_source_token": null,
            "function_name": "lmb-appma-core-services-update-by-id-dev",
            "function_url_auth_type": null,
            "id": "AllowExecutionFromAPIGateway",
            "principal": "apigateway.amazonaws.com",
            "principal_org_id": null,
            "qualifier": "",
            "source_account": null,
            "source_arn": "arn:aws:execute-api:us-east-1:233925838033:ayxe7yhn4f/*/*",
            "statement_id": "AllowExecutionFromAPIGateway",
            "statement_id_prefix": ""
          },
          "sensitive_attributes": [],
          "private": "bnVsbA==",
          "dependencies": [
            "module.api_gateway.aws_apigatewayv2_api.main",
            "module.api_gateway.aws_apigatewayv2_stage.dev",
            "module.api_gateway.aws_cloudwatch_log_group.main_api_gw",
            "module.api_gateway_resources_core_service_update.aws_iam_role.lambda_role",
            "module.api_gateway_resources_core_service_update.aws_lambda_function.html_lambda",
            "module.api_gateway_resources_core_service_update.data.archive_file.lambda_package",
            "module.api_gateway_resources_core_service_update.data.aws_apigatewayv2_api.selected",
            "module.services_dynamodb.aws_dynamodb_table.services-dynamodb-table"
          ]
        }
      ]
    },
    {
      "module": "module.api_gateway_resources_core_user_associate-employee",
      "mode": "data",
      "type": "archive_file",
      "name": "lambda_package",
      "provider": "provider[\"registry.terraform.io/hashicorp/archive\"]",
      "instances": [
        {
          "schema_version": 0,
          "attributes": {
            "exclude_symlink_directories": null,
            "excludes": null,
            "id": "4b6a3cbc4129c51379682b98fad18f06bd4c789b",
            "output_base64sha256": "3ubGOGcuRmHZiUmCQFtqxQTjTvYo/v1Sa7mpyo/gIKU=",
            "output_base64sha512": "uOth5gxMdfxccUfLRIa2Tw7n1Umdr8inok3POeVjgJ3eaexGfisIFji9+mV8fcKpnBhk58+5QRbFFDfeBi9CWg==",
            "output_file_mode": null,
            "output_md5": "d86a474a04eaf82defdec2c2fe5afa3a",
            "output_path": "./resources/core/user-associate-employee/index.zip",
            "output_sha": "4b6a3cbc4129c51379682b98fad18f06bd4c789b",
            "output_sha256": "dee6c638672e4661d9894982405b6ac504e34ef628fefd526bb9a9ca8fe020a5",
            "output_sha512": "b8eb61e60c4c75fc5c7147cb4486b64f0ee7d5499dafc8a7a24dcf39e563809dde69ec467e2b081638bdfa657c7dc2a99c1864e7cfb94116c51437de062f425a",
            "output_size": 2972404,
            "source": [],
            "source_content": null,
            "source_content_filename": null,
            "source_dir": "./lambdas/core/user-associate-employee",
            "source_file": null,
            "type": "zip"
          },
          "sensitive_attributes": []
        }
      ]
    },
    {
      "module": "module.api_gateway_resources_core_user_associate-employee",
      "mode": "data",
      "type": "aws_apigatewayv2_api",
      "name": "selected",
      "provider": "provider[\"registry.terraform.io/hashicorp/aws\"]",
      "instances": [
        {
          "schema_version": 0,
          "attributes": {
            "api_endpoint": "https://ayxe7yhn4f.execute-api.us-east-1.amazonaws.com",
            "api_id": "ayxe7yhn4f",
            "api_key_selection_expression": "$request.header.x-api-key",
            "arn": "arn:aws:apigateway:us-east-1::/apis/ayxe7yhn4f",
            "cors_configuration": [
              {
                "allow_credentials": false,
                "allow_headers": [
                  "*"
                ],
                "allow_methods": [
                  "DELETE",
                  "GET",
                  "OPTIONS",
                  "POST",
                  "PUT"
                ],
                "allow_origins": [
                  "*",
                  "http://localhost:3000"
                ],
                "expose_headers": [],
                "max_age": 300
              }
            ],
            "description": "api-appma-dev API Gateway",
            "disable_execute_api_endpoint": false,
            "execution_arn": "arn:aws:execute-api:us-east-1:233925838033:ayxe7yhn4f",
            "id": "ayxe7yhn4f",
            "name": "api-appma-dev",
            "protocol_type": "HTTP",
            "route_selection_expression": "$request.method $request.path",
            "tags": {
              "iac": "terraform"
            },
            "version": ""
          },
          "sensitive_attributes": []
        }
      ]
    },
    {
      "module": "module.api_gateway_resources_core_user_associate-employee",
      "mode": "data",
      "type": "aws_caller_identity",
      "name": "current",
      "provider": "provider[\"registry.terraform.io/hashicorp/aws\"]",
      "instances": [
        {
          "schema_version": 0,
          "attributes": {
            "account_id": "233925838033",
            "arn": "arn:aws:iam::233925838033:root",
            "id": "233925838033",
            "user_id": "233925838033"
          },
          "sensitive_attributes": []
        }
      ]
    },
    {
      "module": "module.api_gateway_resources_core_user_associate-employee",
      "mode": "data",
      "type": "aws_iam_policy_document",
      "name": "lambda_policy_document",
      "provider": "provider[\"registry.terraform.io/hashicorp/aws\"]",
      "instances": [
        {
          "schema_version": 0,
          "attributes": {
            "id": "1923866676",
            "json": "{\n  \"Version\": \"2012-10-17\",\n  \"Statement\": [\n    {\n      \"Effect\": \"Allow\",\n      \"Action\": [\n        \"dynamodb:UpdateItem\",\n        \"dynamodb:GetItem\"\n      ],\n      \"Resource\": \"arn:aws:dynamodb:us-east-1:233925838033:table/tbl-appma-users-dev\"\n    }\n  ]\n}",
            "minified_json": "{\"Version\":\"2012-10-17\",\"Statement\":[{\"Effect\":\"Allow\",\"Action\":[\"dynamodb:UpdateItem\",\"dynamodb:GetItem\"],\"Resource\":\"arn:aws:dynamodb:us-east-1:233925838033:table/tbl-appma-users-dev\"}]}",
            "override_json": null,
            "override_policy_documents": null,
            "policy_id": null,
            "source_json": null,
            "source_policy_documents": null,
            "statement": [
              {
                "actions": [
                  "dynamodb:GetItem",
                  "dynamodb:UpdateItem"
                ],
                "condition": [],
                "effect": "Allow",
                "not_actions": [],
                "not_principals": [],
                "not_resources": [],
                "principals": [],
                "resources": [
                  "arn:aws:dynamodb:us-east-1:233925838033:table/tbl-appma-users-dev"
                ],
                "sid": ""
              }
            ],
            "version": "2012-10-17"
          },
          "sensitive_attributes": []
        }
      ]
    },
    {
      "module": "module.api_gateway_resources_core_user_associate-employee",
      "mode": "data",
      "type": "aws_region",
      "name": "current",
      "provider": "provider[\"registry.terraform.io/hashicorp/aws\"]",
      "instances": [
        {
          "schema_version": 0,
          "attributes": {
            "description": "US East (N. Virginia)",
            "endpoint": "ec2.us-east-1.amazonaws.com",
            "id": "us-east-1",
            "name": "us-east-1"
          },
          "sensitive_attributes": []
        }
      ]
    },
    {
      "module": "module.api_gateway_resources_core_user_associate-employee",
      "mode": "managed",
      "type": "aws_apigatewayv2_integration",
      "name": "lambda_handler",
      "provider": "provider[\"registry.terraform.io/hashicorp/aws\"]",
      "instances": [
        {
          "schema_version": 0,
          "attributes": {
            "api_id": "ayxe7yhn4f",
            "connection_id": "",
            "connection_type": "INTERNET",
            "content_handling_strategy": "",
            "credentials_arn": "",
            "description": "",
            "id": "o0eq7lt",
            "integration_method": "POST",
            "integration_response_selection_expression": "",
            "integration_subtype": "",
            "integration_type": "AWS_PROXY",
            "integration_uri": "arn:aws:apigateway:us-east-1:lambda:path/2015-03-31/functions/arn:aws:lambda:us-east-1:233925838033:function:lmb-appma-core-users-associate-employee-dev/invocations",
            "passthrough_behavior": "",
            "payload_format_version": "1.0",
            "request_parameters": null,
            "request_templates": null,
            "response_parameters": [],
            "template_selection_expression": "",
            "timeout_milliseconds": 30000,
            "tls_config": []
          },
          "sensitive_attributes": [],
          "private": "bnVsbA==",
          "dependencies": [
            "module.api_gateway.aws_apigatewayv2_api.main",
            "module.api_gateway.aws_apigatewayv2_stage.dev",
            "module.api_gateway.aws_cloudwatch_log_group.main_api_gw",
            "module.api_gateway_resources_core_user_associate-employee.aws_iam_role.lambda_role",
            "module.api_gateway_resources_core_user_associate-employee.aws_lambda_function.html_lambda",
            "module.api_gateway_resources_core_user_associate-employee.data.archive_file.lambda_package",
            "module.api_gateway_resources_core_user_associate-employee.data.aws_apigatewayv2_api.selected",
            "module.users_dynamodb.aws_dynamodb_table.users-dynamodb-table"
          ]
        }
      ]
    },
    {
      "module": "module.api_gateway_resources_core_user_associate-employee",
      "mode": "managed",
      "type": "aws_apigatewayv2_route",
      "name": "post_handler",
      "provider": "provider[\"registry.terraform.io/hashicorp/aws\"]",
      "instances": [
        {
          "schema_version": 0,
          "attributes": {
            "api_id": "ayxe7yhn4f",
            "api_key_required": false,
            "authorization_scopes": null,
            "authorization_type": "CUSTOM",
            "authorizer_id": "hhayli",
            "id": "a4cnys3",
            "model_selection_expression": "",
            "operation_name": "",
            "request_models": null,
            "request_parameter": [],
            "route_key": "PUT /api/core/users/associate-employee/{id}",
            "route_response_selection_expression": "",
            "target": "integrations/o0eq7lt"
          },
          "sensitive_attributes": [],
          "private": "bnVsbA==",
          "dependencies": [
            "module.api_gateway.aws_apigatewayv2_api.main",
            "module.api_gateway.aws_apigatewayv2_stage.dev",
            "module.api_gateway.aws_cloudwatch_log_group.main_api_gw",
            "module.api_gateway_resources_core_user_associate-employee.aws_apigatewayv2_integration.lambda_handler",
            "module.api_gateway_resources_core_user_associate-employee.aws_iam_role.lambda_role",
            "module.api_gateway_resources_core_user_associate-employee.aws_lambda_function.html_lambda",
            "module.api_gateway_resources_core_user_associate-employee.data.archive_file.lambda_package",
            "module.api_gateway_resources_core_user_associate-employee.data.aws_apigatewayv2_api.selected",
            "module.api_gateway_resources_security_authorizer.aws_apigatewayv2_authorizer.header_based_authorizer",
            "module.api_gateway_resources_security_authorizer.aws_iam_role.lambda_role",
            "module.api_gateway_resources_security_authorizer.aws_lambda_function.html_lambda",
            "module.api_gateway_resources_security_authorizer.data.archive_file.lambda_package",
            "module.api_gateway_resources_security_authorizer.data.aws_apigatewayv2_api.selected",
            "module.users_dynamodb.aws_dynamodb_table.users-dynamodb-table"
          ]
        }
      ]
    },
    {
      "module": "module.api_gateway_resources_core_user_associate-employee",
      "mode": "managed",
      "type": "aws_cloudwatch_log_group",
      "name": "html_loggroup_lambda",
      "provider": "provider[\"registry.terraform.io/hashicorp/aws\"]",
      "instances": [
        {
          "schema_version": 0,
          "attributes": {
            "arn": "arn:aws:logs:us-east-1:233925838033:log-group:/aws/lambda/lmb-appma-core-users-associate-employee-dev",
            "id": "/aws/lambda/lmb-appma-core-users-associate-employee-dev",
            "kms_key_id": "",
            "log_group_class": "STANDARD",
            "name": "/aws/lambda/lmb-appma-core-users-associate-employee-dev",
            "name_prefix": "",
            "retention_in_days": 0,
            "skip_destroy": false,
            "tags": {},
            "tags_all": {
              "iac": "terraform"
            }
          },
          "sensitive_attributes": [],
          "private": "bnVsbA==",
          "dependencies": [
            "module.api_gateway.aws_apigatewayv2_api.main",
            "module.api_gateway.aws_apigatewayv2_stage.dev",
            "module.api_gateway.aws_cloudwatch_log_group.main_api_gw",
            "module.api_gateway_resources_core_user_associate-employee.aws_iam_role.lambda_role",
            "module.api_gateway_resources_core_user_associate-employee.aws_lambda_function.html_lambda",
            "module.api_gateway_resources_core_user_associate-employee.data.archive_file.lambda_package",
            "module.users_dynamodb.aws_dynamodb_table.users-dynamodb-table"
          ]
        }
      ]
    },
    {
      "module": "module.api_gateway_resources_core_user_associate-employee",
      "mode": "managed",
      "type": "aws_iam_policy",
      "name": "dynamodb_lambda_policy",
      "provider": "provider[\"registry.terraform.io/hashicorp/aws\"]",
      "instances": [
        {
          "schema_version": 0,
          "attributes": {
            "arn": "arn:aws:iam::233925838033:policy/policy-appma-core-users-associate-employee-dev",
            "attachment_count": 1,
            "description": "This policy will be used by the lambda to write get data from DynamoDB",
            "id": "arn:aws:iam::233925838033:policy/policy-appma-core-users-associate-employee-dev",
            "name": "policy-appma-core-users-associate-employee-dev",
            "name_prefix": "",
            "path": "/",
            "policy": "{\"Statement\":[{\"Action\":[\"dynamodb:UpdateItem\",\"dynamodb:GetItem\"],\"Effect\":\"Allow\",\"Resource\":\"arn:aws:dynamodb:us-east-1:233925838033:table/tbl-appma-users-dev\"}],\"Version\":\"2012-10-17\"}",
            "policy_id": "ANPATM5YRATIWXJTFK5NZ",
            "tags": {},
            "tags_all": {
              "iac": "terraform"
            }
          },
          "sensitive_attributes": [],
          "private": "bnVsbA==",
          "dependencies": [
            "module.api_gateway.aws_apigatewayv2_api.main",
            "module.api_gateway.aws_apigatewayv2_stage.dev",
            "module.api_gateway.aws_cloudwatch_log_group.main_api_gw",
            "module.api_gateway_resources_core_user_associate-employee.data.aws_caller_identity.current",
            "module.api_gateway_resources_core_user_associate-employee.data.aws_iam_policy_document.lambda_policy_document",
            "module.api_gateway_resources_core_user_associate-employee.data.aws_region.current",
            "module.users_dynamodb.aws_dynamodb_table.users-dynamodb-table"
          ]
        }
      ]
    },
    {
      "module": "module.api_gateway_resources_core_user_associate-employee",
      "mode": "managed",
      "type": "aws_iam_role",
      "name": "lambda_role",
      "provider": "provider[\"registry.terraform.io/hashicorp/aws\"]",
      "instances": [
        {
          "schema_version": 0,
          "attributes": {
            "arn": "arn:aws:iam::233925838033:role/role-appma-core-users-associate-employee-dev",
            "assume_role_policy": "{\"Statement\":[{\"Action\":\"sts:AssumeRole\",\"Effect\":\"Allow\",\"Principal\":{\"Service\":\"lambda.amazonaws.com\"}}],\"Version\":\"2012-10-17\"}",
            "create_date": "2024-07-24T16:31:25Z",
            "description": "",
            "force_detach_policies": false,
            "id": "role-appma-core-users-associate-employee-dev",
            "inline_policy": [],
            "managed_policy_arns": [
              "arn:aws:iam::233925838033:policy/policy-appma-core-users-associate-employee-dev",
              "arn:aws:iam::aws:policy/service-role/AWSLambdaBasicExecutionRole"
            ],
            "max_session_duration": 3600,
            "name": "role-appma-core-users-associate-employee-dev",
            "name_prefix": "",
            "path": "/",
            "permissions_boundary": "",
            "tags": {},
            "tags_all": {
              "iac": "terraform"
            },
            "unique_id": "AROATM5YRATIX4JX7AZFB"
          },
          "sensitive_attributes": [],
          "private": "bnVsbA==",
          "dependencies": [
            "module.api_gateway.aws_apigatewayv2_api.main",
            "module.api_gateway.aws_apigatewayv2_stage.dev",
            "module.api_gateway.aws_cloudwatch_log_group.main_api_gw",
            "module.users_dynamodb.aws_dynamodb_table.users-dynamodb-table"
          ]
        }
      ]
    },
    {
      "module": "module.api_gateway_resources_core_user_associate-employee",
      "mode": "managed",
      "type": "aws_iam_role_policy_attachment",
      "name": "lambda_attachements",
      "provider": "provider[\"registry.terraform.io/hashicorp/aws\"]",
      "instances": [
        {
          "schema_version": 0,
          "attributes": {
            "id": "role-appma-core-users-associate-employee-dev-20240724163212500000000018",
            "policy_arn": "arn:aws:iam::233925838033:policy/policy-appma-core-users-associate-employee-dev",
            "role": "role-appma-core-users-associate-employee-dev"
          },
          "sensitive_attributes": [],
          "private": "bnVsbA==",
          "dependencies": [
            "module.api_gateway.aws_apigatewayv2_api.main",
            "module.api_gateway.aws_apigatewayv2_stage.dev",
            "module.api_gateway.aws_cloudwatch_log_group.main_api_gw",
            "module.api_gateway_resources_core_user_associate-employee.aws_iam_policy.dynamodb_lambda_policy",
            "module.api_gateway_resources_core_user_associate-employee.aws_iam_role.lambda_role",
            "module.api_gateway_resources_core_user_associate-employee.data.aws_caller_identity.current",
            "module.api_gateway_resources_core_user_associate-employee.data.aws_iam_policy_document.lambda_policy_document",
            "module.api_gateway_resources_core_user_associate-employee.data.aws_region.current",
            "module.users_dynamodb.aws_dynamodb_table.users-dynamodb-table"
          ]
        }
      ]
    },
    {
      "module": "module.api_gateway_resources_core_user_associate-employee",
      "mode": "managed",
      "type": "aws_iam_role_policy_attachment",
      "name": "lambda_role_policy",
      "provider": "provider[\"registry.terraform.io/hashicorp/aws\"]",
      "instances": [
        {
          "schema_version": 0,
          "attributes": {
            "id": "role-appma-core-users-associate-employee-dev-2024072416312730230000000e",
            "policy_arn": "arn:aws:iam::aws:policy/service-role/AWSLambdaBasicExecutionRole",
            "role": "role-appma-core-users-associate-employee-dev"
          },
          "sensitive_attributes": [],
          "private": "bnVsbA==",
          "dependencies": [
            "module.api_gateway.aws_apigatewayv2_api.main",
            "module.api_gateway.aws_apigatewayv2_stage.dev",
            "module.api_gateway.aws_cloudwatch_log_group.main_api_gw",
            "module.api_gateway_resources_core_user_associate-employee.aws_iam_role.lambda_role",
            "module.users_dynamodb.aws_dynamodb_table.users-dynamodb-table"
          ]
        }
      ]
    },
    {
      "module": "module.api_gateway_resources_core_user_associate-employee",
      "mode": "managed",
      "type": "aws_lambda_function",
      "name": "html_lambda",
      "provider": "provider[\"registry.terraform.io/hashicorp/aws\"]",
      "instances": [
        {
          "schema_version": 0,
          "attributes": {
            "architectures": [
              "arm64"
            ],
            "arn": "arn:aws:lambda:us-east-1:233925838033:function:lmb-appma-core-users-associate-employee-dev",
            "code_sha256": "3ubGOGcuRmHZiUmCQFtqxQTjTvYo/v1Sa7mpyo/gIKU=",
            "code_signing_config_arn": "",
            "dead_letter_config": [],
            "description": "",
            "environment": [],
            "ephemeral_storage": [
              {
                "size": 512
              }
            ],
            "file_system_config": [],
            "filename": "./resources/core/user-associate-employee/index.zip",
            "function_name": "lmb-appma-core-users-associate-employee-dev",
            "handler": "index.handler",
            "id": "lmb-appma-core-users-associate-employee-dev",
            "image_config": [],
            "image_uri": "",
            "invoke_arn": "arn:aws:apigateway:us-east-1:lambda:path/2015-03-31/functions/arn:aws:lambda:us-east-1:233925838033:function:lmb-appma-core-users-associate-employee-dev/invocations",
            "kms_key_arn": "",
            "last_modified": "2024-07-24T19:23:48.000+0000",
            "layers": [],
            "logging_config": [
              {
                "application_log_level": "",
                "log_format": "Text",
                "log_group": "/aws/lambda/lmb-appma-core-users-associate-employee-dev",
                "system_log_level": ""
              }
            ],
            "memory_size": 128,
            "package_type": "Zip",
            "publish": false,
            "qualified_arn": "arn:aws:lambda:us-east-1:233925838033:function:lmb-appma-core-users-associate-employee-dev:$LATEST",
            "qualified_invoke_arn": "arn:aws:apigateway:us-east-1:lambda:path/2015-03-31/functions/arn:aws:lambda:us-east-1:233925838033:function:lmb-appma-core-users-associate-employee-dev:$LATEST/invocations",
            "replace_security_groups_on_destroy": null,
            "replacement_security_group_ids": null,
            "reserved_concurrent_executions": -1,
            "role": "arn:aws:iam::233925838033:role/role-appma-core-users-associate-employee-dev",
            "runtime": "nodejs20.x",
            "s3_bucket": null,
            "s3_key": null,
            "s3_object_version": null,
            "signing_job_arn": "",
            "signing_profile_version_arn": "",
            "skip_destroy": false,
            "snap_start": [],
            "source_code_hash": "3ubGOGcuRmHZiUmCQFtqxQTjTvYo/v1Sa7mpyo/gIKU=",
            "source_code_size": 2972404,
            "tags": {
              "component": "user-associate-employee",
              "domain": "core",
              "env": "dev"
            },
            "tags_all": {
              "component": "user-associate-employee",
              "domain": "core",
              "env": "dev",
              "iac": "terraform"
            },
            "timeout": 30,
            "timeouts": null,
            "tracing_config": [
              {
                "mode": "PassThrough"
              }
            ],
            "version": "$LATEST",
            "vpc_config": []
          },
          "sensitive_attributes": [],
          "private": "eyJlMmJmYjczMC1lY2FhLTExZTYtOGY4OC0zNDM2M2JjN2M0YzAiOnsiY3JlYXRlIjo2MDAwMDAwMDAwMDAsImRlbGV0ZSI6NjAwMDAwMDAwMDAwLCJ1cGRhdGUiOjYwMDAwMDAwMDAwMH19",
          "dependencies": [
            "module.api_gateway.aws_apigatewayv2_api.main",
            "module.api_gateway.aws_apigatewayv2_stage.dev",
            "module.api_gateway.aws_cloudwatch_log_group.main_api_gw",
            "module.api_gateway_resources_core_user_associate-employee.aws_iam_role.lambda_role",
            "module.api_gateway_resources_core_user_associate-employee.data.archive_file.lambda_package",
            "module.users_dynamodb.aws_dynamodb_table.users-dynamodb-table"
          ]
        }
      ]
    },
    {
      "module": "module.api_gateway_resources_core_user_associate-employee",
      "mode": "managed",
      "type": "aws_lambda_permission",
      "name": "api_gw",
      "provider": "provider[\"registry.terraform.io/hashicorp/aws\"]",
      "instances": [
        {
          "schema_version": 0,
          "attributes": {
            "action": "lambda:InvokeFunction",
            "event_source_token": null,
            "function_name": "lmb-appma-core-users-associate-employee-dev",
            "function_url_auth_type": null,
            "id": "AllowExecutionFromAPIGateway",
            "principal": "apigateway.amazonaws.com",
            "principal_org_id": null,
            "qualifier": "",
            "source_account": null,
            "source_arn": "arn:aws:execute-api:us-east-1:233925838033:ayxe7yhn4f/*/*",
            "statement_id": "AllowExecutionFromAPIGateway",
            "statement_id_prefix": ""
          },
          "sensitive_attributes": [],
          "private": "bnVsbA==",
          "dependencies": [
            "module.api_gateway.aws_apigatewayv2_api.main",
            "module.api_gateway.aws_apigatewayv2_stage.dev",
            "module.api_gateway.aws_cloudwatch_log_group.main_api_gw",
            "module.api_gateway_resources_core_user_associate-employee.aws_iam_role.lambda_role",
            "module.api_gateway_resources_core_user_associate-employee.aws_lambda_function.html_lambda",
            "module.api_gateway_resources_core_user_associate-employee.data.archive_file.lambda_package",
            "module.api_gateway_resources_core_user_associate-employee.data.aws_apigatewayv2_api.selected",
            "module.users_dynamodb.aws_dynamodb_table.users-dynamodb-table"
          ]
        }
      ]
    },
    {
      "module": "module.api_gateway_resources_core_user_create",
      "mode": "data",
      "type": "archive_file",
      "name": "lambda_package",
      "provider": "provider[\"registry.terraform.io/hashicorp/archive\"]",
      "instances": [
        {
          "schema_version": 0,
          "attributes": {
            "exclude_symlink_directories": null,
            "excludes": null,
            "id": "49b8458eb588efb4fb8f3f6b77775e35ece37e2b",
            "output_base64sha256": "9wtfA1eU2LjYv8skXSNmAAVCgMrHmAU9qCA+6dfgomw=",
            "output_base64sha512": "ZpdN0/YB5xtCJi6WPbVKbRU5VB0WhgJi8knz8biBMP4dOpfd/O+yYLL5KaqeU+EVdNZQeuds3mbzI+EaF+hDkA==",
            "output_file_mode": null,
            "output_md5": "1ae8f3f560b55deed22d1c7952e7708a",
            "output_path": "./resources/core/user-create/index.zip",
            "output_sha": "49b8458eb588efb4fb8f3f6b77775e35ece37e2b",
            "output_sha256": "f70b5f035794d8b8d8bfcb245d236600054280cac798053da8203ee9d7e0a26c",
            "output_sha512": "66974dd3f601e71b42262e963db54a6d1539541d16860262f249f3f1b88130fe1d3a97ddfcefb260b2f929aa9e53e11574d6507ae76cde66f323e11a17e84390",
            "output_size": 2922620,
            "source": [],
            "source_content": null,
            "source_content_filename": null,
            "source_dir": "./lambdas/core/user-create",
            "source_file": null,
            "type": "zip"
          },
          "sensitive_attributes": []
        }
      ]
    },
    {
      "module": "module.api_gateway_resources_core_user_create",
      "mode": "data",
      "type": "aws_apigatewayv2_api",
      "name": "selected",
      "provider": "provider[\"registry.terraform.io/hashicorp/aws\"]",
      "instances": [
        {
          "schema_version": 0,
          "attributes": {
            "api_endpoint": "https://ayxe7yhn4f.execute-api.us-east-1.amazonaws.com",
            "api_id": "ayxe7yhn4f",
            "api_key_selection_expression": "$request.header.x-api-key",
            "arn": "arn:aws:apigateway:us-east-1::/apis/ayxe7yhn4f",
            "cors_configuration": [
              {
                "allow_credentials": false,
                "allow_headers": [
                  "*"
                ],
                "allow_methods": [
                  "DELETE",
                  "GET",
                  "OPTIONS",
                  "POST",
                  "PUT"
                ],
                "allow_origins": [
                  "*",
                  "http://localhost:3000"
                ],
                "expose_headers": [],
                "max_age": 300
              }
            ],
            "description": "api-appma-dev API Gateway",
            "disable_execute_api_endpoint": false,
            "execution_arn": "arn:aws:execute-api:us-east-1:233925838033:ayxe7yhn4f",
            "id": "ayxe7yhn4f",
            "name": "api-appma-dev",
            "protocol_type": "HTTP",
            "route_selection_expression": "$request.method $request.path",
            "tags": {
              "iac": "terraform"
            },
            "version": ""
          },
          "sensitive_attributes": []
        }
      ]
    },
    {
      "module": "module.api_gateway_resources_core_user_create",
      "mode": "data",
      "type": "aws_caller_identity",
      "name": "current",
      "provider": "provider[\"registry.terraform.io/hashicorp/aws\"]",
      "instances": [
        {
          "schema_version": 0,
          "attributes": {
            "account_id": "233925838033",
            "arn": "arn:aws:iam::233925838033:root",
            "id": "233925838033",
            "user_id": "233925838033"
          },
          "sensitive_attributes": []
        }
      ]
    },
    {
      "module": "module.api_gateway_resources_core_user_create",
      "mode": "data",
      "type": "aws_iam_policy_document",
      "name": "lambda_policy_document",
      "provider": "provider[\"registry.terraform.io/hashicorp/aws\"]",
      "instances": [
        {
          "schema_version": 0,
          "attributes": {
            "id": "1707289149",
            "json": "{\n  \"Version\": \"2012-10-17\",\n  \"Statement\": [\n    {\n      \"Effect\": \"Allow\",\n      \"Action\": [\n        \"dynamodb:Scan\",\n        \"dynamodb:PutItem\"\n      ],\n      \"Resource\": \"arn:aws:dynamodb:us-east-1:233925838033:table/tbl-appma-users-dev\"\n    }\n  ]\n}",
            "minified_json": "{\"Version\":\"2012-10-17\",\"Statement\":[{\"Effect\":\"Allow\",\"Action\":[\"dynamodb:Scan\",\"dynamodb:PutItem\"],\"Resource\":\"arn:aws:dynamodb:us-east-1:233925838033:table/tbl-appma-users-dev\"}]}",
            "override_json": null,
            "override_policy_documents": null,
            "policy_id": null,
            "source_json": null,
            "source_policy_documents": null,
            "statement": [
              {
                "actions": [
                  "dynamodb:PutItem",
                  "dynamodb:Scan"
                ],
                "condition": [],
                "effect": "Allow",
                "not_actions": [],
                "not_principals": [],
                "not_resources": [],
                "principals": [],
                "resources": [
                  "arn:aws:dynamodb:us-east-1:233925838033:table/tbl-appma-users-dev"
                ],
                "sid": ""
              }
            ],
            "version": "2012-10-17"
          },
          "sensitive_attributes": []
        }
      ]
    },
    {
      "module": "module.api_gateway_resources_core_user_create",
      "mode": "data",
      "type": "aws_region",
      "name": "current",
      "provider": "provider[\"registry.terraform.io/hashicorp/aws\"]",
      "instances": [
        {
          "schema_version": 0,
          "attributes": {
            "description": "US East (N. Virginia)",
            "endpoint": "ec2.us-east-1.amazonaws.com",
            "id": "us-east-1",
            "name": "us-east-1"
          },
          "sensitive_attributes": []
        }
      ]
    },
    {
      "module": "module.api_gateway_resources_core_user_create",
      "mode": "managed",
      "type": "aws_apigatewayv2_integration",
      "name": "lambda_handler",
      "provider": "provider[\"registry.terraform.io/hashicorp/aws\"]",
      "instances": [
        {
          "schema_version": 0,
          "attributes": {
            "api_id": "ayxe7yhn4f",
            "connection_id": "",
            "connection_type": "INTERNET",
            "content_handling_strategy": "",
            "credentials_arn": "",
            "description": "",
            "id": "eoe7c2v",
            "integration_method": "POST",
            "integration_response_selection_expression": "",
            "integration_subtype": "",
            "integration_type": "AWS_PROXY",
            "integration_uri": "arn:aws:apigateway:us-east-1:lambda:path/2015-03-31/functions/arn:aws:lambda:us-east-1:233925838033:function:lmb-appma-core-users-customers-dev/invocations",
            "passthrough_behavior": "",
            "payload_format_version": "1.0",
            "request_parameters": null,
            "request_templates": null,
            "response_parameters": [],
            "template_selection_expression": "",
            "timeout_milliseconds": 30000,
            "tls_config": []
          },
          "sensitive_attributes": [],
          "private": "bnVsbA==",
          "dependencies": [
            "module.api_gateway.aws_apigatewayv2_api.main",
            "module.api_gateway.aws_apigatewayv2_stage.dev",
            "module.api_gateway.aws_cloudwatch_log_group.main_api_gw",
            "module.api_gateway_resources_core_user_create.aws_iam_role.lambda_role",
            "module.api_gateway_resources_core_user_create.aws_lambda_function.html_lambda",
            "module.api_gateway_resources_core_user_create.data.archive_file.lambda_package",
            "module.api_gateway_resources_core_user_create.data.aws_apigatewayv2_api.selected",
            "module.users_dynamodb.aws_dynamodb_table.users-dynamodb-table"
          ]
        }
      ]
    },
    {
      "module": "module.api_gateway_resources_core_user_create",
      "mode": "managed",
      "type": "aws_apigatewayv2_route",
      "name": "post_handler",
      "provider": "provider[\"registry.terraform.io/hashicorp/aws\"]",
      "instances": [
        {
          "schema_version": 0,
          "attributes": {
            "api_id": "ayxe7yhn4f",
            "api_key_required": false,
            "authorization_scopes": null,
            "authorization_type": "NONE",
            "authorizer_id": "",
            "id": "fk74jke",
            "model_selection_expression": "",
            "operation_name": "",
            "request_models": null,
            "request_parameter": [],
            "route_key": "POST /api/core/users",
            "route_response_selection_expression": "",
            "target": "integrations/eoe7c2v"
          },
          "sensitive_attributes": [],
          "private": "bnVsbA==",
          "dependencies": [
            "module.api_gateway.aws_apigatewayv2_api.main",
            "module.api_gateway.aws_apigatewayv2_stage.dev",
            "module.api_gateway.aws_cloudwatch_log_group.main_api_gw",
            "module.api_gateway_resources_core_user_create.aws_apigatewayv2_integration.lambda_handler",
            "module.api_gateway_resources_core_user_create.aws_iam_role.lambda_role",
            "module.api_gateway_resources_core_user_create.aws_lambda_function.html_lambda",
            "module.api_gateway_resources_core_user_create.data.archive_file.lambda_package",
            "module.api_gateway_resources_core_user_create.data.aws_apigatewayv2_api.selected",
            "module.users_dynamodb.aws_dynamodb_table.users-dynamodb-table"
          ]
        }
      ]
    },
    {
      "module": "module.api_gateway_resources_core_user_create",
      "mode": "managed",
      "type": "aws_cloudwatch_log_group",
      "name": "html_loggroup_lambda",
      "provider": "provider[\"registry.terraform.io/hashicorp/aws\"]",
      "instances": [
        {
          "schema_version": 0,
          "attributes": {
            "arn": "arn:aws:logs:us-east-1:233925838033:log-group:/aws/lambda/lmb-appma-core-users-customers-dev",
            "id": "/aws/lambda/lmb-appma-core-users-customers-dev",
            "kms_key_id": "",
            "log_group_class": "STANDARD",
            "name": "/aws/lambda/lmb-appma-core-users-customers-dev",
            "name_prefix": "",
            "retention_in_days": 0,
            "skip_destroy": false,
            "tags": {},
            "tags_all": {
              "iac": "terraform"
            }
          },
          "sensitive_attributes": [],
          "private": "bnVsbA==",
          "dependencies": [
            "module.api_gateway.aws_apigatewayv2_api.main",
            "module.api_gateway.aws_apigatewayv2_stage.dev",
            "module.api_gateway.aws_cloudwatch_log_group.main_api_gw",
            "module.api_gateway_resources_core_user_create.aws_iam_role.lambda_role",
            "module.api_gateway_resources_core_user_create.aws_lambda_function.html_lambda",
            "module.api_gateway_resources_core_user_create.data.archive_file.lambda_package",
            "module.users_dynamodb.aws_dynamodb_table.users-dynamodb-table"
          ]
        }
      ]
    },
    {
      "module": "module.api_gateway_resources_core_user_create",
      "mode": "managed",
      "type": "aws_iam_policy",
      "name": "dynamodb_lambda_policy",
      "provider": "provider[\"registry.terraform.io/hashicorp/aws\"]",
      "instances": [
        {
          "schema_version": 0,
          "attributes": {
            "arn": "arn:aws:iam::233925838033:policy/policy-appma-core-users-customers-dev",
            "attachment_count": 1,
            "description": "This policy will be used by the lambda to write get data from DynamoDB",
            "id": "arn:aws:iam::233925838033:policy/policy-appma-core-users-customers-dev",
            "name": "policy-appma-core-users-customers-dev",
            "name_prefix": "",
            "path": "/",
            "policy": "{\"Statement\":[{\"Action\":[\"dynamodb:Scan\",\"dynamodb:PutItem\"],\"Effect\":\"Allow\",\"Resource\":\"arn:aws:dynamodb:us-east-1:233925838033:table/tbl-appma-users-dev\"}],\"Version\":\"2012-10-17\"}",
            "policy_id": "ANPATM5YRATIXAA55A5QR",
            "tags": {},
            "tags_all": {
              "iac": "terraform"
            }
          },
          "sensitive_attributes": [],
          "private": "bnVsbA==",
          "dependencies": [
            "module.api_gateway.aws_apigatewayv2_api.main",
            "module.api_gateway.aws_apigatewayv2_stage.dev",
            "module.api_gateway.aws_cloudwatch_log_group.main_api_gw",
            "module.api_gateway_resources_core_user_create.data.aws_caller_identity.current",
            "module.api_gateway_resources_core_user_create.data.aws_iam_policy_document.lambda_policy_document",
            "module.api_gateway_resources_core_user_create.data.aws_region.current",
            "module.users_dynamodb.aws_dynamodb_table.users-dynamodb-table"
          ]
        }
      ]
    },
    {
      "module": "module.api_gateway_resources_core_user_create",
      "mode": "managed",
      "type": "aws_iam_role",
      "name": "lambda_role",
      "provider": "provider[\"registry.terraform.io/hashicorp/aws\"]",
      "instances": [
        {
          "schema_version": 0,
          "attributes": {
            "arn": "arn:aws:iam::233925838033:role/role-appma-core-users-customers-dev",
            "assume_role_policy": "{\"Statement\":[{\"Action\":\"sts:AssumeRole\",\"Effect\":\"Allow\",\"Principal\":{\"Service\":\"lambda.amazonaws.com\"}}],\"Version\":\"2012-10-17\"}",
            "create_date": "2024-07-24T16:31:25Z",
            "description": "",
            "force_detach_policies": false,
            "id": "role-appma-core-users-customers-dev",
            "inline_policy": [],
            "managed_policy_arns": [
              "arn:aws:iam::233925838033:policy/policy-appma-core-users-customers-dev",
              "arn:aws:iam::aws:policy/service-role/AWSLambdaBasicExecutionRole"
            ],
            "max_session_duration": 3600,
            "name": "role-appma-core-users-customers-dev",
            "name_prefix": "",
            "path": "/",
            "permissions_boundary": "",
            "tags": {},
            "tags_all": {
              "iac": "terraform"
            },
            "unique_id": "AROATM5YRATIUNDHM3WAP"
          },
          "sensitive_attributes": [],
          "private": "bnVsbA==",
          "dependencies": [
            "module.api_gateway.aws_apigatewayv2_api.main",
            "module.api_gateway.aws_apigatewayv2_stage.dev",
            "module.api_gateway.aws_cloudwatch_log_group.main_api_gw",
            "module.users_dynamodb.aws_dynamodb_table.users-dynamodb-table"
          ]
        }
      ]
    },
    {
      "module": "module.api_gateway_resources_core_user_create",
      "mode": "managed",
      "type": "aws_iam_role_policy_attachment",
      "name": "lambda_attachements",
      "provider": "provider[\"registry.terraform.io/hashicorp/aws\"]",
      "instances": [
        {
          "schema_version": 0,
          "attributes": {
            "id": "role-appma-core-users-customers-dev-20240724163213073600000019",
            "policy_arn": "arn:aws:iam::233925838033:policy/policy-appma-core-users-customers-dev",
            "role": "role-appma-core-users-customers-dev"
          },
          "sensitive_attributes": [],
          "private": "bnVsbA==",
          "dependencies": [
            "module.api_gateway.aws_apigatewayv2_api.main",
            "module.api_gateway.aws_apigatewayv2_stage.dev",
            "module.api_gateway.aws_cloudwatch_log_group.main_api_gw",
            "module.api_gateway_resources_core_user_create.aws_iam_policy.dynamodb_lambda_policy",
            "module.api_gateway_resources_core_user_create.aws_iam_role.lambda_role",
            "module.api_gateway_resources_core_user_create.data.aws_caller_identity.current",
            "module.api_gateway_resources_core_user_create.data.aws_iam_policy_document.lambda_policy_document",
            "module.api_gateway_resources_core_user_create.data.aws_region.current",
            "module.users_dynamodb.aws_dynamodb_table.users-dynamodb-table"
          ]
        }
      ]
    },
    {
      "module": "module.api_gateway_resources_core_user_create",
      "mode": "managed",
      "type": "aws_iam_role_policy_attachment",
      "name": "lambda_role_policy",
      "provider": "provider[\"registry.terraform.io/hashicorp/aws\"]",
      "instances": [
        {
          "schema_version": 0,
          "attributes": {
            "id": "role-appma-core-users-customers-dev-2024072416312702270000000d",
            "policy_arn": "arn:aws:iam::aws:policy/service-role/AWSLambdaBasicExecutionRole",
            "role": "role-appma-core-users-customers-dev"
          },
          "sensitive_attributes": [],
          "private": "bnVsbA==",
          "dependencies": [
            "module.api_gateway.aws_apigatewayv2_api.main",
            "module.api_gateway.aws_apigatewayv2_stage.dev",
            "module.api_gateway.aws_cloudwatch_log_group.main_api_gw",
            "module.api_gateway_resources_core_user_create.aws_iam_role.lambda_role",
            "module.users_dynamodb.aws_dynamodb_table.users-dynamodb-table"
          ]
        }
      ]
    },
    {
      "module": "module.api_gateway_resources_core_user_create",
      "mode": "managed",
      "type": "aws_lambda_function",
      "name": "html_lambda",
      "provider": "provider[\"registry.terraform.io/hashicorp/aws\"]",
      "instances": [
        {
          "schema_version": 0,
          "attributes": {
            "architectures": [
              "arm64"
            ],
            "arn": "arn:aws:lambda:us-east-1:233925838033:function:lmb-appma-core-users-customers-dev",
            "code_sha256": "9wtfA1eU2LjYv8skXSNmAAVCgMrHmAU9qCA+6dfgomw=",
            "code_signing_config_arn": "",
            "dead_letter_config": [],
            "description": "",
            "environment": [],
            "ephemeral_storage": [
              {
                "size": 512
              }
            ],
            "file_system_config": [],
            "filename": "./resources/core/user-create/index.zip",
            "function_name": "lmb-appma-core-users-customers-dev",
            "handler": "index.handler",
            "id": "lmb-appma-core-users-customers-dev",
            "image_config": [],
            "image_uri": "",
            "invoke_arn": "arn:aws:apigateway:us-east-1:lambda:path/2015-03-31/functions/arn:aws:lambda:us-east-1:233925838033:function:lmb-appma-core-users-customers-dev/invocations",
            "kms_key_arn": "",
            "last_modified": "2024-07-24T19:24:01.000+0000",
            "layers": [],
            "logging_config": [
              {
                "application_log_level": "",
                "log_format": "Text",
                "log_group": "/aws/lambda/lmb-appma-core-users-customers-dev",
                "system_log_level": ""
              }
            ],
            "memory_size": 128,
            "package_type": "Zip",
            "publish": false,
            "qualified_arn": "arn:aws:lambda:us-east-1:233925838033:function:lmb-appma-core-users-customers-dev:$LATEST",
            "qualified_invoke_arn": "arn:aws:apigateway:us-east-1:lambda:path/2015-03-31/functions/arn:aws:lambda:us-east-1:233925838033:function:lmb-appma-core-users-customers-dev:$LATEST/invocations",
            "replace_security_groups_on_destroy": null,
            "replacement_security_group_ids": null,
            "reserved_concurrent_executions": -1,
            "role": "arn:aws:iam::233925838033:role/role-appma-core-users-customers-dev",
            "runtime": "nodejs20.x",
            "s3_bucket": null,
            "s3_key": null,
            "s3_object_version": null,
            "signing_job_arn": "",
            "signing_profile_version_arn": "",
            "skip_destroy": false,
            "snap_start": [],
            "source_code_hash": "9wtfA1eU2LjYv8skXSNmAAVCgMrHmAU9qCA+6dfgomw=",
            "source_code_size": 2922620,
            "tags": {
              "component": "user-create",
              "domain": "core",
              "env": "dev"
            },
            "tags_all": {
              "component": "user-create",
              "domain": "core",
              "env": "dev",
              "iac": "terraform"
            },
            "timeout": 30,
            "timeouts": null,
            "tracing_config": [
              {
                "mode": "PassThrough"
              }
            ],
            "version": "$LATEST",
            "vpc_config": []
          },
          "sensitive_attributes": [],
          "private": "eyJlMmJmYjczMC1lY2FhLTExZTYtOGY4OC0zNDM2M2JjN2M0YzAiOnsiY3JlYXRlIjo2MDAwMDAwMDAwMDAsImRlbGV0ZSI6NjAwMDAwMDAwMDAwLCJ1cGRhdGUiOjYwMDAwMDAwMDAwMH19",
          "dependencies": [
            "module.api_gateway.aws_apigatewayv2_api.main",
            "module.api_gateway.aws_apigatewayv2_stage.dev",
            "module.api_gateway.aws_cloudwatch_log_group.main_api_gw",
            "module.api_gateway_resources_core_user_create.aws_iam_role.lambda_role",
            "module.api_gateway_resources_core_user_create.data.archive_file.lambda_package",
            "module.users_dynamodb.aws_dynamodb_table.users-dynamodb-table"
          ]
        }
      ]
    },
    {
      "module": "module.api_gateway_resources_core_user_create",
      "mode": "managed",
      "type": "aws_lambda_permission",
      "name": "api_gw",
      "provider": "provider[\"registry.terraform.io/hashicorp/aws\"]",
      "instances": [
        {
          "schema_version": 0,
          "attributes": {
            "action": "lambda:InvokeFunction",
            "event_source_token": null,
            "function_name": "lmb-appma-core-users-customers-dev",
            "function_url_auth_type": null,
            "id": "AllowExecutionFromAPIGateway",
            "principal": "apigateway.amazonaws.com",
            "principal_org_id": null,
            "qualifier": "",
            "source_account": null,
            "source_arn": "arn:aws:execute-api:us-east-1:233925838033:ayxe7yhn4f/*/*",
            "statement_id": "AllowExecutionFromAPIGateway",
            "statement_id_prefix": ""
          },
          "sensitive_attributes": [],
          "private": "bnVsbA==",
          "dependencies": [
            "module.api_gateway.aws_apigatewayv2_api.main",
            "module.api_gateway.aws_apigatewayv2_stage.dev",
            "module.api_gateway.aws_cloudwatch_log_group.main_api_gw",
            "module.api_gateway_resources_core_user_create.aws_iam_role.lambda_role",
            "module.api_gateway_resources_core_user_create.aws_lambda_function.html_lambda",
            "module.api_gateway_resources_core_user_create.data.archive_file.lambda_package",
            "module.api_gateway_resources_core_user_create.data.aws_apigatewayv2_api.selected",
            "module.users_dynamodb.aws_dynamodb_table.users-dynamodb-table"
          ]
        }
      ]
    },
    {
      "module": "module.api_gateway_resources_core_user_find_by_id",
      "mode": "data",
      "type": "archive_file",
      "name": "lambda_package",
      "provider": "provider[\"registry.terraform.io/hashicorp/archive\"]",
      "instances": [
        {
          "schema_version": 0,
          "attributes": {
            "exclude_symlink_directories": null,
            "excludes": null,
            "id": "64ad52c9ed3db154fa43477a66f4c5b1eae55fc2",
            "output_base64sha256": "vMNd15Q8605VkI6loYH3eFH3huKh+R52FHaIJHMLehc=",
            "output_base64sha512": "U2OsEip+wR2qTumifaFcR5K/XZ5B4CpuzSgx+mQ0ZKDxL5TxqXTwo3CRlxS+XG6ODpUJRRVMaOgQXnYjChmAcA==",
            "output_file_mode": null,
            "output_md5": "09ee783656d4dcd92522118ee6cbd753",
            "output_path": "./resources/core/user-find-by-id/index.zip",
            "output_sha": "64ad52c9ed3db154fa43477a66f4c5b1eae55fc2",
            "output_sha256": "bcc35dd7943ceb4e55908ea5a181f77851f786e2a1f91e7614768824730b7a17",
            "output_sha512": "5363ac122a7ec11daa4ee9a27da15c4792bf5d9e41e02a6ecd2831fa643464a0f12f94f1a974f0a370919714be5c6e8e0e950945154c68e8105e76230a198070",
            "output_size": 2777675,
            "source": [],
            "source_content": null,
            "source_content_filename": null,
            "source_dir": "./lambdas/core/user-find-by-id",
            "source_file": null,
            "type": "zip"
          },
          "sensitive_attributes": []
        }
      ]
    },
    {
      "module": "module.api_gateway_resources_core_user_find_by_id",
      "mode": "data",
      "type": "aws_apigatewayv2_api",
      "name": "selected",
      "provider": "provider[\"registry.terraform.io/hashicorp/aws\"]",
      "instances": [
        {
          "schema_version": 0,
          "attributes": {
            "api_endpoint": "https://ayxe7yhn4f.execute-api.us-east-1.amazonaws.com",
            "api_id": "ayxe7yhn4f",
            "api_key_selection_expression": "$request.header.x-api-key",
            "arn": "arn:aws:apigateway:us-east-1::/apis/ayxe7yhn4f",
            "cors_configuration": [
              {
                "allow_credentials": false,
                "allow_headers": [
                  "*"
                ],
                "allow_methods": [
                  "DELETE",
                  "GET",
                  "OPTIONS",
                  "POST",
                  "PUT"
                ],
                "allow_origins": [
                  "*",
                  "http://localhost:3000"
                ],
                "expose_headers": [],
                "max_age": 300
              }
            ],
            "description": "api-appma-dev API Gateway",
            "disable_execute_api_endpoint": false,
            "execution_arn": "arn:aws:execute-api:us-east-1:233925838033:ayxe7yhn4f",
            "id": "ayxe7yhn4f",
            "name": "api-appma-dev",
            "protocol_type": "HTTP",
            "route_selection_expression": "$request.method $request.path",
            "tags": {
              "iac": "terraform"
            },
            "version": ""
          },
          "sensitive_attributes": []
        }
      ]
    },
    {
      "module": "module.api_gateway_resources_core_user_find_by_id",
      "mode": "data",
      "type": "aws_caller_identity",
      "name": "current",
      "provider": "provider[\"registry.terraform.io/hashicorp/aws\"]",
      "instances": [
        {
          "schema_version": 0,
          "attributes": {
            "account_id": "233925838033",
            "arn": "arn:aws:iam::233925838033:root",
            "id": "233925838033",
            "user_id": "233925838033"
          },
          "sensitive_attributes": []
        }
      ]
    },
    {
      "module": "module.api_gateway_resources_core_user_find_by_id",
      "mode": "data",
      "type": "aws_iam_policy_document",
      "name": "lambda_policy_document",
      "provider": "provider[\"registry.terraform.io/hashicorp/aws\"]",
      "instances": [
        {
          "schema_version": 0,
          "attributes": {
            "id": "1947163899",
            "json": "{\n  \"Version\": \"2012-10-17\",\n  \"Statement\": [\n    {\n      \"Effect\": \"Allow\",\n      \"Action\": \"dynamodb:GetItem\",\n      \"Resource\": \"arn:aws:dynamodb:us-east-1:233925838033:table/tbl-appma-users-dev\"\n    }\n  ]\n}",
            "minified_json": "{\"Version\":\"2012-10-17\",\"Statement\":[{\"Effect\":\"Allow\",\"Action\":\"dynamodb:GetItem\",\"Resource\":\"arn:aws:dynamodb:us-east-1:233925838033:table/tbl-appma-users-dev\"}]}",
            "override_json": null,
            "override_policy_documents": null,
            "policy_id": null,
            "source_json": null,
            "source_policy_documents": null,
            "statement": [
              {
                "actions": [
                  "dynamodb:GetItem"
                ],
                "condition": [],
                "effect": "Allow",
                "not_actions": [],
                "not_principals": [],
                "not_resources": [],
                "principals": [],
                "resources": [
                  "arn:aws:dynamodb:us-east-1:233925838033:table/tbl-appma-users-dev"
                ],
                "sid": ""
              }
            ],
            "version": "2012-10-17"
          },
          "sensitive_attributes": []
        }
      ]
    },
    {
      "module": "module.api_gateway_resources_core_user_find_by_id",
      "mode": "data",
      "type": "aws_region",
      "name": "current",
      "provider": "provider[\"registry.terraform.io/hashicorp/aws\"]",
      "instances": [
        {
          "schema_version": 0,
          "attributes": {
            "description": "US East (N. Virginia)",
            "endpoint": "ec2.us-east-1.amazonaws.com",
            "id": "us-east-1",
            "name": "us-east-1"
          },
          "sensitive_attributes": []
        }
      ]
    },
    {
      "module": "module.api_gateway_resources_core_user_find_by_id",
      "mode": "managed",
      "type": "aws_apigatewayv2_integration",
      "name": "lambda_handler",
      "provider": "provider[\"registry.terraform.io/hashicorp/aws\"]",
      "instances": [
        {
          "schema_version": 0,
          "attributes": {
            "api_id": "ayxe7yhn4f",
            "connection_id": "",
            "connection_type": "INTERNET",
            "content_handling_strategy": "",
            "credentials_arn": "",
            "description": "",
            "id": "o3am6d3",
            "integration_method": "POST",
            "integration_response_selection_expression": "",
            "integration_subtype": "",
            "integration_type": "AWS_PROXY",
            "integration_uri": "arn:aws:apigateway:us-east-1:lambda:path/2015-03-31/functions/arn:aws:lambda:us-east-1:233925838033:function:lmb-appma-core-users-find-by-id-dev/invocations",
            "passthrough_behavior": "",
            "payload_format_version": "1.0",
            "request_parameters": null,
            "request_templates": null,
            "response_parameters": [],
            "template_selection_expression": "",
            "timeout_milliseconds": 30000,
            "tls_config": []
          },
          "sensitive_attributes": [],
          "private": "bnVsbA==",
          "dependencies": [
            "module.api_gateway.aws_apigatewayv2_api.main",
            "module.api_gateway.aws_apigatewayv2_stage.dev",
            "module.api_gateway.aws_cloudwatch_log_group.main_api_gw",
            "module.api_gateway_resources_core_user_find_by_id.aws_iam_role.lambda_role",
            "module.api_gateway_resources_core_user_find_by_id.aws_lambda_function.html_lambda",
            "module.api_gateway_resources_core_user_find_by_id.data.archive_file.lambda_package",
            "module.api_gateway_resources_core_user_find_by_id.data.aws_apigatewayv2_api.selected",
            "module.users_dynamodb.aws_dynamodb_table.users-dynamodb-table"
          ]
        }
      ]
    },
    {
      "module": "module.api_gateway_resources_core_user_find_by_id",
      "mode": "managed",
      "type": "aws_apigatewayv2_route",
      "name": "post_handler",
      "provider": "provider[\"registry.terraform.io/hashicorp/aws\"]",
      "instances": [
        {
          "schema_version": 0,
          "attributes": {
            "api_id": "ayxe7yhn4f",
            "api_key_required": false,
            "authorization_scopes": null,
            "authorization_type": "CUSTOM",
            "authorizer_id": "hhayli",
            "id": "ylfnlif",
            "model_selection_expression": "",
            "operation_name": "",
            "request_models": null,
            "request_parameter": [],
            "route_key": "GET /api/core/users/{id}",
            "route_response_selection_expression": "",
            "target": "integrations/o3am6d3"
          },
          "sensitive_attributes": [],
          "private": "bnVsbA==",
          "dependencies": [
            "module.api_gateway.aws_apigatewayv2_api.main",
            "module.api_gateway.aws_apigatewayv2_stage.dev",
            "module.api_gateway.aws_cloudwatch_log_group.main_api_gw",
            "module.api_gateway_resources_core_user_find_by_id.aws_apigatewayv2_integration.lambda_handler",
            "module.api_gateway_resources_core_user_find_by_id.aws_iam_role.lambda_role",
            "module.api_gateway_resources_core_user_find_by_id.aws_lambda_function.html_lambda",
            "module.api_gateway_resources_core_user_find_by_id.data.archive_file.lambda_package",
            "module.api_gateway_resources_core_user_find_by_id.data.aws_apigatewayv2_api.selected",
            "module.api_gateway_resources_security_authorizer.aws_apigatewayv2_authorizer.header_based_authorizer",
            "module.api_gateway_resources_security_authorizer.aws_iam_role.lambda_role",
            "module.api_gateway_resources_security_authorizer.aws_lambda_function.html_lambda",
            "module.api_gateway_resources_security_authorizer.data.archive_file.lambda_package",
            "module.api_gateway_resources_security_authorizer.data.aws_apigatewayv2_api.selected",
            "module.users_dynamodb.aws_dynamodb_table.users-dynamodb-table"
          ]
        }
      ]
    },
    {
      "module": "module.api_gateway_resources_core_user_find_by_id",
      "mode": "managed",
      "type": "aws_cloudwatch_log_group",
      "name": "html_loggroup_lambda",
      "provider": "provider[\"registry.terraform.io/hashicorp/aws\"]",
      "instances": [
        {
          "schema_version": 0,
          "attributes": {
            "arn": "arn:aws:logs:us-east-1:233925838033:log-group:/aws/lambda/lmb-appma-core-users-find-by-id-dev",
            "id": "/aws/lambda/lmb-appma-core-users-find-by-id-dev",
            "kms_key_id": "",
            "log_group_class": "STANDARD",
            "name": "/aws/lambda/lmb-appma-core-users-find-by-id-dev",
            "name_prefix": "",
            "retention_in_days": 0,
            "skip_destroy": false,
            "tags": {},
            "tags_all": {
              "iac": "terraform"
            }
          },
          "sensitive_attributes": [],
          "private": "bnVsbA==",
          "dependencies": [
            "module.api_gateway.aws_apigatewayv2_api.main",
            "module.api_gateway.aws_apigatewayv2_stage.dev",
            "module.api_gateway.aws_cloudwatch_log_group.main_api_gw",
            "module.api_gateway_resources_core_user_find_by_id.aws_iam_role.lambda_role",
            "module.api_gateway_resources_core_user_find_by_id.aws_lambda_function.html_lambda",
            "module.api_gateway_resources_core_user_find_by_id.data.archive_file.lambda_package",
            "module.users_dynamodb.aws_dynamodb_table.users-dynamodb-table"
          ]
        }
      ]
    },
    {
      "module": "module.api_gateway_resources_core_user_find_by_id",
      "mode": "managed",
      "type": "aws_iam_policy",
      "name": "dynamodb_lambda_policy",
      "provider": "provider[\"registry.terraform.io/hashicorp/aws\"]",
      "instances": [
        {
          "schema_version": 0,
          "attributes": {
            "arn": "arn:aws:iam::233925838033:policy/policy-appma-core-users-find-by-id-dev",
            "attachment_count": 1,
            "description": "This policy will be used by the lambda to write get data from DynamoDB",
            "id": "arn:aws:iam::233925838033:policy/policy-appma-core-users-find-by-id-dev",
            "name": "policy-appma-core-users-find-by-id-dev",
            "name_prefix": "",
            "path": "/",
            "policy": "{\"Statement\":[{\"Action\":\"dynamodb:GetItem\",\"Effect\":\"Allow\",\"Resource\":\"arn:aws:dynamodb:us-east-1:233925838033:table/tbl-appma-users-dev\"}],\"Version\":\"2012-10-17\"}",
            "policy_id": "ANPATM5YRATIYIPHBBBWA",
            "tags": {},
            "tags_all": {
              "iac": "terraform"
            }
          },
          "sensitive_attributes": [],
          "private": "bnVsbA==",
          "dependencies": [
            "module.api_gateway.aws_apigatewayv2_api.main",
            "module.api_gateway.aws_apigatewayv2_stage.dev",
            "module.api_gateway.aws_cloudwatch_log_group.main_api_gw",
            "module.api_gateway_resources_core_user_find_by_id.data.aws_caller_identity.current",
            "module.api_gateway_resources_core_user_find_by_id.data.aws_iam_policy_document.lambda_policy_document",
            "module.api_gateway_resources_core_user_find_by_id.data.aws_region.current",
            "module.users_dynamodb.aws_dynamodb_table.users-dynamodb-table"
          ]
        }
      ]
    },
    {
      "module": "module.api_gateway_resources_core_user_find_by_id",
      "mode": "managed",
      "type": "aws_iam_role",
      "name": "lambda_role",
      "provider": "provider[\"registry.terraform.io/hashicorp/aws\"]",
      "instances": [
        {
          "schema_version": 0,
          "attributes": {
            "arn": "arn:aws:iam::233925838033:role/role-appma-core-users-find-by-id-dev",
            "assume_role_policy": "{\"Statement\":[{\"Action\":\"sts:AssumeRole\",\"Effect\":\"Allow\",\"Principal\":{\"Service\":\"lambda.amazonaws.com\"}}],\"Version\":\"2012-10-17\"}",
            "create_date": "2024-07-24T16:31:25Z",
            "description": "",
            "force_detach_policies": false,
            "id": "role-appma-core-users-find-by-id-dev",
            "inline_policy": [],
            "managed_policy_arns": [
              "arn:aws:iam::233925838033:policy/policy-appma-core-users-find-by-id-dev",
              "arn:aws:iam::aws:policy/service-role/AWSLambdaBasicExecutionRole"
            ],
            "max_session_duration": 3600,
            "name": "role-appma-core-users-find-by-id-dev",
            "name_prefix": "",
            "path": "/",
            "permissions_boundary": "",
            "tags": {},
            "tags_all": {
              "iac": "terraform"
            },
            "unique_id": "AROATM5YRATIZUOE44DSW"
          },
          "sensitive_attributes": [],
          "private": "bnVsbA==",
          "dependencies": [
            "module.api_gateway.aws_apigatewayv2_api.main",
            "module.api_gateway.aws_apigatewayv2_stage.dev",
            "module.api_gateway.aws_cloudwatch_log_group.main_api_gw",
            "module.users_dynamodb.aws_dynamodb_table.users-dynamodb-table"
          ]
        }
      ]
    },
    {
      "module": "module.api_gateway_resources_core_user_find_by_id",
      "mode": "managed",
      "type": "aws_iam_role_policy_attachment",
      "name": "lambda_attachements",
      "provider": "provider[\"registry.terraform.io/hashicorp/aws\"]",
      "instances": [
        {
          "schema_version": 0,
          "attributes": {
            "id": "role-appma-core-users-find-by-id-dev-20240724163211471300000017",
            "policy_arn": "arn:aws:iam::233925838033:policy/policy-appma-core-users-find-by-id-dev",
            "role": "role-appma-core-users-find-by-id-dev"
          },
          "sensitive_attributes": [],
          "private": "bnVsbA==",
          "dependencies": [
            "module.api_gateway.aws_apigatewayv2_api.main",
            "module.api_gateway.aws_apigatewayv2_stage.dev",
            "module.api_gateway.aws_cloudwatch_log_group.main_api_gw",
            "module.api_gateway_resources_core_user_find_by_id.aws_iam_policy.dynamodb_lambda_policy",
            "module.api_gateway_resources_core_user_find_by_id.aws_iam_role.lambda_role",
            "module.api_gateway_resources_core_user_find_by_id.data.aws_caller_identity.current",
            "module.api_gateway_resources_core_user_find_by_id.data.aws_iam_policy_document.lambda_policy_document",
            "module.api_gateway_resources_core_user_find_by_id.data.aws_region.current",
            "module.users_dynamodb.aws_dynamodb_table.users-dynamodb-table"
          ]
        }
      ]
    },
    {
      "module": "module.api_gateway_resources_core_user_find_by_id",
      "mode": "managed",
      "type": "aws_iam_role_policy_attachment",
      "name": "lambda_role_policy",
      "provider": "provider[\"registry.terraform.io/hashicorp/aws\"]",
      "instances": [
        {
          "schema_version": 0,
          "attributes": {
            "id": "role-appma-core-users-find-by-id-dev-2024072416312699250000000c",
            "policy_arn": "arn:aws:iam::aws:policy/service-role/AWSLambdaBasicExecutionRole",
            "role": "role-appma-core-users-find-by-id-dev"
          },
          "sensitive_attributes": [],
          "private": "bnVsbA==",
          "dependencies": [
            "module.api_gateway.aws_apigatewayv2_api.main",
            "module.api_gateway.aws_apigatewayv2_stage.dev",
            "module.api_gateway.aws_cloudwatch_log_group.main_api_gw",
            "module.api_gateway_resources_core_user_find_by_id.aws_iam_role.lambda_role",
            "module.users_dynamodb.aws_dynamodb_table.users-dynamodb-table"
          ]
        }
      ]
    },
    {
      "module": "module.api_gateway_resources_core_user_find_by_id",
      "mode": "managed",
      "type": "aws_lambda_function",
      "name": "html_lambda",
      "provider": "provider[\"registry.terraform.io/hashicorp/aws\"]",
      "instances": [
        {
          "schema_version": 0,
          "attributes": {
            "architectures": [
              "arm64"
            ],
            "arn": "arn:aws:lambda:us-east-1:233925838033:function:lmb-appma-core-users-find-by-id-dev",
            "code_sha256": "vMNd15Q8605VkI6loYH3eFH3huKh+R52FHaIJHMLehc=",
            "code_signing_config_arn": "",
            "dead_letter_config": [],
            "description": "",
            "environment": [],
            "ephemeral_storage": [
              {
                "size": 512
              }
            ],
            "file_system_config": [],
            "filename": "./resources/core/user-find-by-id/index.zip",
            "function_name": "lmb-appma-core-users-find-by-id-dev",
            "handler": "index.handler",
            "id": "lmb-appma-core-users-find-by-id-dev",
            "image_config": [],
            "image_uri": "",
            "invoke_arn": "arn:aws:apigateway:us-east-1:lambda:path/2015-03-31/functions/arn:aws:lambda:us-east-1:233925838033:function:lmb-appma-core-users-find-by-id-dev/invocations",
            "kms_key_arn": "",
            "last_modified": "2024-07-24T19:24:31.000+0000",
            "layers": [],
            "logging_config": [
              {
                "application_log_level": "",
                "log_format": "Text",
                "log_group": "/aws/lambda/lmb-appma-core-users-find-by-id-dev",
                "system_log_level": ""
              }
            ],
            "memory_size": 128,
            "package_type": "Zip",
            "publish": false,
            "qualified_arn": "arn:aws:lambda:us-east-1:233925838033:function:lmb-appma-core-users-find-by-id-dev:$LATEST",
            "qualified_invoke_arn": "arn:aws:apigateway:us-east-1:lambda:path/2015-03-31/functions/arn:aws:lambda:us-east-1:233925838033:function:lmb-appma-core-users-find-by-id-dev:$LATEST/invocations",
            "replace_security_groups_on_destroy": null,
            "replacement_security_group_ids": null,
            "reserved_concurrent_executions": -1,
            "role": "arn:aws:iam::233925838033:role/role-appma-core-users-find-by-id-dev",
            "runtime": "nodejs20.x",
            "s3_bucket": null,
            "s3_key": null,
            "s3_object_version": null,
            "signing_job_arn": "",
            "signing_profile_version_arn": "",
            "skip_destroy": false,
            "snap_start": [],
            "source_code_hash": "vMNd15Q8605VkI6loYH3eFH3huKh+R52FHaIJHMLehc=",
            "source_code_size": 2777675,
            "tags": {
              "component": "user-find-by-id",
              "domain": "core",
              "env": "dev"
            },
            "tags_all": {
              "component": "user-find-by-id",
              "domain": "core",
              "env": "dev",
              "iac": "terraform"
            },
            "timeout": 30,
            "timeouts": null,
            "tracing_config": [
              {
                "mode": "PassThrough"
              }
            ],
            "version": "$LATEST",
            "vpc_config": []
          },
          "sensitive_attributes": [],
          "private": "eyJlMmJmYjczMC1lY2FhLTExZTYtOGY4OC0zNDM2M2JjN2M0YzAiOnsiY3JlYXRlIjo2MDAwMDAwMDAwMDAsImRlbGV0ZSI6NjAwMDAwMDAwMDAwLCJ1cGRhdGUiOjYwMDAwMDAwMDAwMH19",
          "dependencies": [
            "module.api_gateway.aws_apigatewayv2_api.main",
            "module.api_gateway.aws_apigatewayv2_stage.dev",
            "module.api_gateway.aws_cloudwatch_log_group.main_api_gw",
            "module.api_gateway_resources_core_user_find_by_id.aws_iam_role.lambda_role",
            "module.api_gateway_resources_core_user_find_by_id.data.archive_file.lambda_package",
            "module.users_dynamodb.aws_dynamodb_table.users-dynamodb-table"
          ]
        }
      ]
    },
    {
      "module": "module.api_gateway_resources_core_user_find_by_id",
      "mode": "managed",
      "type": "aws_lambda_permission",
      "name": "api_gw",
      "provider": "provider[\"registry.terraform.io/hashicorp/aws\"]",
      "instances": [
        {
          "schema_version": 0,
          "attributes": {
            "action": "lambda:InvokeFunction",
            "event_source_token": null,
            "function_name": "lmb-appma-core-users-find-by-id-dev",
            "function_url_auth_type": null,
            "id": "AllowExecutionFromAPIGateway",
            "principal": "apigateway.amazonaws.com",
            "principal_org_id": null,
            "qualifier": "",
            "source_account": null,
            "source_arn": "arn:aws:execute-api:us-east-1:233925838033:ayxe7yhn4f/*/*",
            "statement_id": "AllowExecutionFromAPIGateway",
            "statement_id_prefix": ""
          },
          "sensitive_attributes": [],
          "private": "bnVsbA==",
          "dependencies": [
            "module.api_gateway.aws_apigatewayv2_api.main",
            "module.api_gateway.aws_apigatewayv2_stage.dev",
            "module.api_gateway.aws_cloudwatch_log_group.main_api_gw",
            "module.api_gateway_resources_core_user_find_by_id.aws_iam_role.lambda_role",
            "module.api_gateway_resources_core_user_find_by_id.aws_lambda_function.html_lambda",
            "module.api_gateway_resources_core_user_find_by_id.data.archive_file.lambda_package",
            "module.api_gateway_resources_core_user_find_by_id.data.aws_apigatewayv2_api.selected",
            "module.users_dynamodb.aws_dynamodb_table.users-dynamodb-table"
          ]
        }
      ]
    },
    {
      "module": "module.api_gateway_resources_core_user_update",
      "mode": "data",
      "type": "archive_file",
      "name": "lambda_package",
      "provider": "provider[\"registry.terraform.io/hashicorp/archive\"]",
      "instances": [
        {
          "schema_version": 0,
          "attributes": {
            "exclude_symlink_directories": null,
            "excludes": null,
            "id": "e4d634e797fec244ea3a211d8f88d828a57e9d20",
            "output_base64sha256": "hy52kzEDxKhdvYZukApqyNH6CiuXHEypOHrP54A5U+Q=",
            "output_base64sha512": "l7y8wgiDVOa5lcA4WEqk2RgkMrZYUhmfmiIx0h/pNWfYdYW7lXDNZURXyJ+Yh+xVh8ok5I0+jS++zoaBHxfkvw==",
            "output_file_mode": null,
            "output_md5": "fae53d771f2ebeca822853909b2b4253",
            "output_path": "./resources/core/user-update-by-id/index.zip",
            "output_sha": "e4d634e797fec244ea3a211d8f88d828a57e9d20",
            "output_sha256": "872e76933103c4a85dbd866e900a6ac8d1fa0a2b971c4ca9387acfe7803953e4",
            "output_sha512": "97bcbcc2088354e6b995c038584aa4d9182432b65852199f9a2231d21fe93567d87585bb9570cd654457c89f9887ec5587ca24e48d3e8d2fbece86811f17e4bf",
            "output_size": 2972165,
            "source": [],
            "source_content": null,
            "source_content_filename": null,
            "source_dir": "./lambdas/core/user-update-by-id",
            "source_file": null,
            "type": "zip"
          },
          "sensitive_attributes": []
        }
      ]
    },
    {
      "module": "module.api_gateway_resources_core_user_update",
      "mode": "data",
      "type": "aws_apigatewayv2_api",
      "name": "selected",
      "provider": "provider[\"registry.terraform.io/hashicorp/aws\"]",
      "instances": [
        {
          "schema_version": 0,
          "attributes": {
            "api_endpoint": "https://ayxe7yhn4f.execute-api.us-east-1.amazonaws.com",
            "api_id": "ayxe7yhn4f",
            "api_key_selection_expression": "$request.header.x-api-key",
            "arn": "arn:aws:apigateway:us-east-1::/apis/ayxe7yhn4f",
            "cors_configuration": [
              {
                "allow_credentials": false,
                "allow_headers": [
                  "*"
                ],
                "allow_methods": [
                  "DELETE",
                  "GET",
                  "OPTIONS",
                  "POST",
                  "PUT"
                ],
                "allow_origins": [
                  "*",
                  "http://localhost:3000"
                ],
                "expose_headers": [],
                "max_age": 300
              }
            ],
            "description": "api-appma-dev API Gateway",
            "disable_execute_api_endpoint": false,
            "execution_arn": "arn:aws:execute-api:us-east-1:233925838033:ayxe7yhn4f",
            "id": "ayxe7yhn4f",
            "name": "api-appma-dev",
            "protocol_type": "HTTP",
            "route_selection_expression": "$request.method $request.path",
            "tags": {
              "iac": "terraform"
            },
            "version": ""
          },
          "sensitive_attributes": []
        }
      ]
    },
    {
      "module": "module.api_gateway_resources_core_user_update",
      "mode": "data",
      "type": "aws_caller_identity",
      "name": "current",
      "provider": "provider[\"registry.terraform.io/hashicorp/aws\"]",
      "instances": [
        {
          "schema_version": 0,
          "attributes": {
            "account_id": "233925838033",
            "arn": "arn:aws:iam::233925838033:root",
            "id": "233925838033",
            "user_id": "233925838033"
          },
          "sensitive_attributes": []
        }
      ]
    },
    {
      "module": "module.api_gateway_resources_core_user_update",
      "mode": "data",
      "type": "aws_iam_policy_document",
      "name": "lambda_policy_document",
      "provider": "provider[\"registry.terraform.io/hashicorp/aws\"]",
      "instances": [
        {
          "schema_version": 0,
          "attributes": {
            "id": "1573486933",
            "json": "{\n  \"Version\": \"2012-10-17\",\n  \"Statement\": [\n    {\n      \"Effect\": \"Allow\",\n      \"Action\": \"dynamodb:UpdateItem\",\n      \"Resource\": \"arn:aws:dynamodb:us-east-1:233925838033:table/tbl-appma-users-dev\"\n    }\n  ]\n}",
            "minified_json": "{\"Version\":\"2012-10-17\",\"Statement\":[{\"Effect\":\"Allow\",\"Action\":\"dynamodb:UpdateItem\",\"Resource\":\"arn:aws:dynamodb:us-east-1:233925838033:table/tbl-appma-users-dev\"}]}",
            "override_json": null,
            "override_policy_documents": null,
            "policy_id": null,
            "source_json": null,
            "source_policy_documents": null,
            "statement": [
              {
                "actions": [
                  "dynamodb:UpdateItem"
                ],
                "condition": [],
                "effect": "Allow",
                "not_actions": [],
                "not_principals": [],
                "not_resources": [],
                "principals": [],
                "resources": [
                  "arn:aws:dynamodb:us-east-1:233925838033:table/tbl-appma-users-dev"
                ],
                "sid": ""
              }
            ],
            "version": "2012-10-17"
          },
          "sensitive_attributes": []
        }
      ]
    },
    {
      "module": "module.api_gateway_resources_core_user_update",
      "mode": "data",
      "type": "aws_region",
      "name": "current",
      "provider": "provider[\"registry.terraform.io/hashicorp/aws\"]",
      "instances": [
        {
          "schema_version": 0,
          "attributes": {
            "description": "US East (N. Virginia)",
            "endpoint": "ec2.us-east-1.amazonaws.com",
            "id": "us-east-1",
            "name": "us-east-1"
          },
          "sensitive_attributes": []
        }
      ]
    },
    {
      "module": "module.api_gateway_resources_core_user_update",
      "mode": "managed",
      "type": "aws_apigatewayv2_integration",
      "name": "lambda_handler",
      "provider": "provider[\"registry.terraform.io/hashicorp/aws\"]",
      "instances": [
        {
          "schema_version": 0,
          "attributes": {
            "api_id": "ayxe7yhn4f",
            "connection_id": "",
            "connection_type": "INTERNET",
            "content_handling_strategy": "",
            "credentials_arn": "",
            "description": "",
            "id": "4y3woc2",
            "integration_method": "POST",
            "integration_response_selection_expression": "",
            "integration_subtype": "",
            "integration_type": "AWS_PROXY",
            "integration_uri": "arn:aws:apigateway:us-east-1:lambda:path/2015-03-31/functions/arn:aws:lambda:us-east-1:233925838033:function:lmb-appma-core-users-update-by-id-dev/invocations",
            "passthrough_behavior": "",
            "payload_format_version": "1.0",
            "request_parameters": null,
            "request_templates": null,
            "response_parameters": [],
            "template_selection_expression": "",
            "timeout_milliseconds": 30000,
            "tls_config": []
          },
          "sensitive_attributes": [],
          "private": "bnVsbA==",
          "dependencies": [
            "module.api_gateway.aws_apigatewayv2_api.main",
            "module.api_gateway.aws_apigatewayv2_stage.dev",
            "module.api_gateway.aws_cloudwatch_log_group.main_api_gw",
            "module.api_gateway_resources_core_user_update.aws_iam_role.lambda_role",
            "module.api_gateway_resources_core_user_update.aws_lambda_function.html_lambda",
            "module.api_gateway_resources_core_user_update.data.archive_file.lambda_package",
            "module.api_gateway_resources_core_user_update.data.aws_apigatewayv2_api.selected",
            "module.users_dynamodb.aws_dynamodb_table.users-dynamodb-table"
          ]
        }
      ]
    },
    {
      "module": "module.api_gateway_resources_core_user_update",
      "mode": "managed",
      "type": "aws_apigatewayv2_route",
      "name": "post_handler",
      "provider": "provider[\"registry.terraform.io/hashicorp/aws\"]",
      "instances": [
        {
          "schema_version": 0,
          "attributes": {
            "api_id": "ayxe7yhn4f",
            "api_key_required": false,
            "authorization_scopes": null,
            "authorization_type": "CUSTOM",
            "authorizer_id": "hhayli",
            "id": "okh6zx1",
            "model_selection_expression": "",
            "operation_name": "",
            "request_models": null,
            "request_parameter": [],
            "route_key": "PUT /api/core/users/{id}",
            "route_response_selection_expression": "",
            "target": "integrations/4y3woc2"
          },
          "sensitive_attributes": [],
          "private": "bnVsbA==",
          "dependencies": [
            "module.api_gateway.aws_apigatewayv2_api.main",
            "module.api_gateway.aws_apigatewayv2_stage.dev",
            "module.api_gateway.aws_cloudwatch_log_group.main_api_gw",
            "module.api_gateway_resources_core_user_update.aws_apigatewayv2_integration.lambda_handler",
            "module.api_gateway_resources_core_user_update.aws_iam_role.lambda_role",
            "module.api_gateway_resources_core_user_update.aws_lambda_function.html_lambda",
            "module.api_gateway_resources_core_user_update.data.archive_file.lambda_package",
            "module.api_gateway_resources_core_user_update.data.aws_apigatewayv2_api.selected",
            "module.api_gateway_resources_security_authorizer.aws_apigatewayv2_authorizer.header_based_authorizer",
            "module.api_gateway_resources_security_authorizer.aws_iam_role.lambda_role",
            "module.api_gateway_resources_security_authorizer.aws_lambda_function.html_lambda",
            "module.api_gateway_resources_security_authorizer.data.archive_file.lambda_package",
            "module.api_gateway_resources_security_authorizer.data.aws_apigatewayv2_api.selected",
            "module.users_dynamodb.aws_dynamodb_table.users-dynamodb-table"
          ]
        }
      ]
    },
    {
      "module": "module.api_gateway_resources_core_user_update",
      "mode": "managed",
      "type": "aws_cloudwatch_log_group",
      "name": "html_loggroup_lambda",
      "provider": "provider[\"registry.terraform.io/hashicorp/aws\"]",
      "instances": [
        {
          "schema_version": 0,
          "attributes": {
            "arn": "arn:aws:logs:us-east-1:233925838033:log-group:/aws/lambda/lmb-appma-core-users-update-by-id-dev",
            "id": "/aws/lambda/lmb-appma-core-users-update-by-id-dev",
            "kms_key_id": "",
            "log_group_class": "STANDARD",
            "name": "/aws/lambda/lmb-appma-core-users-update-by-id-dev",
            "name_prefix": "",
            "retention_in_days": 0,
            "skip_destroy": false,
            "tags": {},
            "tags_all": {
              "iac": "terraform"
            }
          },
          "sensitive_attributes": [],
          "private": "bnVsbA==",
          "dependencies": [
            "module.api_gateway.aws_apigatewayv2_api.main",
            "module.api_gateway.aws_apigatewayv2_stage.dev",
            "module.api_gateway.aws_cloudwatch_log_group.main_api_gw",
            "module.api_gateway_resources_core_user_update.aws_iam_role.lambda_role",
            "module.api_gateway_resources_core_user_update.aws_lambda_function.html_lambda",
            "module.api_gateway_resources_core_user_update.data.archive_file.lambda_package",
            "module.users_dynamodb.aws_dynamodb_table.users-dynamodb-table"
          ]
        }
      ]
    },
    {
      "module": "module.api_gateway_resources_core_user_update",
      "mode": "managed",
      "type": "aws_iam_policy",
      "name": "dynamodb_lambda_policy",
      "provider": "provider[\"registry.terraform.io/hashicorp/aws\"]",
      "instances": [
        {
          "schema_version": 0,
          "attributes": {
            "arn": "arn:aws:iam::233925838033:policy/policy-appma-core-users-update-by-id-dev",
            "attachment_count": 1,
            "description": "This policy will be used by the lambda to write get data from DynamoDB",
            "id": "arn:aws:iam::233925838033:policy/policy-appma-core-users-update-by-id-dev",
            "name": "policy-appma-core-users-update-by-id-dev",
            "name_prefix": "",
            "path": "/",
            "policy": "{\"Statement\":[{\"Action\":\"dynamodb:UpdateItem\",\"Effect\":\"Allow\",\"Resource\":\"arn:aws:dynamodb:us-east-1:233925838033:table/tbl-appma-users-dev\"}],\"Version\":\"2012-10-17\"}",
            "policy_id": "ANPATM5YRATI2LXKKZI4E",
            "tags": {},
            "tags_all": {
              "iac": "terraform"
            }
          },
          "sensitive_attributes": [],
          "private": "bnVsbA==",
          "dependencies": [
            "module.api_gateway.aws_apigatewayv2_api.main",
            "module.api_gateway.aws_apigatewayv2_stage.dev",
            "module.api_gateway.aws_cloudwatch_log_group.main_api_gw",
            "module.api_gateway_resources_core_user_update.data.aws_caller_identity.current",
            "module.api_gateway_resources_core_user_update.data.aws_iam_policy_document.lambda_policy_document",
            "module.api_gateway_resources_core_user_update.data.aws_region.current",
            "module.users_dynamodb.aws_dynamodb_table.users-dynamodb-table"
          ]
        }
      ]
    },
    {
      "module": "module.api_gateway_resources_core_user_update",
      "mode": "managed",
      "type": "aws_iam_role",
      "name": "lambda_role",
      "provider": "provider[\"registry.terraform.io/hashicorp/aws\"]",
      "instances": [
        {
          "schema_version": 0,
          "attributes": {
            "arn": "arn:aws:iam::233925838033:role/role-appma-core-users-update-by-id-dev",
            "assume_role_policy": "{\"Statement\":[{\"Action\":\"sts:AssumeRole\",\"Effect\":\"Allow\",\"Principal\":{\"Service\":\"lambda.amazonaws.com\"}}],\"Version\":\"2012-10-17\"}",
            "create_date": "2024-07-24T16:31:25Z",
            "description": "",
            "force_detach_policies": false,
            "id": "role-appma-core-users-update-by-id-dev",
            "inline_policy": [],
            "managed_policy_arns": [
              "arn:aws:iam::233925838033:policy/policy-appma-core-users-update-by-id-dev",
              "arn:aws:iam::aws:policy/service-role/AWSLambdaBasicExecutionRole"
            ],
            "max_session_duration": 3600,
            "name": "role-appma-core-users-update-by-id-dev",
            "name_prefix": "",
            "path": "/",
            "permissions_boundary": "",
            "tags": {},
            "tags_all": {
              "iac": "terraform"
            },
            "unique_id": "AROATM5YRATI7XKMT3KN3"
          },
          "sensitive_attributes": [],
          "private": "bnVsbA==",
          "dependencies": [
            "module.api_gateway.aws_apigatewayv2_api.main",
            "module.api_gateway.aws_apigatewayv2_stage.dev",
            "module.api_gateway.aws_cloudwatch_log_group.main_api_gw",
            "module.users_dynamodb.aws_dynamodb_table.users-dynamodb-table"
          ]
        }
      ]
    },
    {
      "module": "module.api_gateway_resources_core_user_update",
      "mode": "managed",
      "type": "aws_iam_role_policy_attachment",
      "name": "lambda_attachements",
      "provider": "provider[\"registry.terraform.io/hashicorp/aws\"]",
      "instances": [
        {
          "schema_version": 0,
          "attributes": {
            "id": "role-appma-core-users-update-by-id-dev-2024072416321339030000001a",
            "policy_arn": "arn:aws:iam::233925838033:policy/policy-appma-core-users-update-by-id-dev",
            "role": "role-appma-core-users-update-by-id-dev"
          },
          "sensitive_attributes": [],
          "private": "bnVsbA==",
          "dependencies": [
            "module.api_gateway.aws_apigatewayv2_api.main",
            "module.api_gateway.aws_apigatewayv2_stage.dev",
            "module.api_gateway.aws_cloudwatch_log_group.main_api_gw",
            "module.api_gateway_resources_core_user_update.aws_iam_policy.dynamodb_lambda_policy",
            "module.api_gateway_resources_core_user_update.aws_iam_role.lambda_role",
            "module.api_gateway_resources_core_user_update.data.aws_caller_identity.current",
            "module.api_gateway_resources_core_user_update.data.aws_iam_policy_document.lambda_policy_document",
            "module.api_gateway_resources_core_user_update.data.aws_region.current",
            "module.users_dynamodb.aws_dynamodb_table.users-dynamodb-table"
          ]
        }
      ]
    },
    {
      "module": "module.api_gateway_resources_core_user_update",
      "mode": "managed",
      "type": "aws_iam_role_policy_attachment",
      "name": "lambda_role_policy",
      "provider": "provider[\"registry.terraform.io/hashicorp/aws\"]",
      "instances": [
        {
          "schema_version": 0,
          "attributes": {
            "id": "role-appma-core-users-update-by-id-dev-2024072416312760200000000f",
            "policy_arn": "arn:aws:iam::aws:policy/service-role/AWSLambdaBasicExecutionRole",
            "role": "role-appma-core-users-update-by-id-dev"
          },
          "sensitive_attributes": [],
          "private": "bnVsbA==",
          "dependencies": [
            "module.api_gateway.aws_apigatewayv2_api.main",
            "module.api_gateway.aws_apigatewayv2_stage.dev",
            "module.api_gateway.aws_cloudwatch_log_group.main_api_gw",
            "module.api_gateway_resources_core_user_update.aws_iam_role.lambda_role",
            "module.users_dynamodb.aws_dynamodb_table.users-dynamodb-table"
          ]
        }
      ]
    },
    {
      "module": "module.api_gateway_resources_core_user_update",
      "mode": "managed",
      "type": "aws_lambda_function",
      "name": "html_lambda",
      "provider": "provider[\"registry.terraform.io/hashicorp/aws\"]",
      "instances": [
        {
          "schema_version": 0,
          "attributes": {
            "architectures": [
              "arm64"
            ],
            "arn": "arn:aws:lambda:us-east-1:233925838033:function:lmb-appma-core-users-update-by-id-dev",
            "code_sha256": "hy52kzEDxKhdvYZukApqyNH6CiuXHEypOHrP54A5U+Q=",
            "code_signing_config_arn": "",
            "dead_letter_config": [],
            "description": "",
            "environment": [],
            "ephemeral_storage": [
              {
                "size": 512
              }
            ],
            "file_system_config": [],
            "filename": "./resources/core/user-update-by-id/index.zip",
            "function_name": "lmb-appma-core-users-update-by-id-dev",
            "handler": "index.handler",
            "id": "lmb-appma-core-users-update-by-id-dev",
            "image_config": [],
            "image_uri": "",
            "invoke_arn": "arn:aws:apigateway:us-east-1:lambda:path/2015-03-31/functions/arn:aws:lambda:us-east-1:233925838033:function:lmb-appma-core-users-update-by-id-dev/invocations",
            "kms_key_arn": "",
            "last_modified": "2024-07-24T16:32:36.663+0000",
            "layers": [],
            "logging_config": [
              {
                "application_log_level": "",
                "log_format": "Text",
                "log_group": "/aws/lambda/lmb-appma-core-users-update-by-id-dev",
                "system_log_level": ""
              }
            ],
            "memory_size": 128,
            "package_type": "Zip",
            "publish": false,
            "qualified_arn": "arn:aws:lambda:us-east-1:233925838033:function:lmb-appma-core-users-update-by-id-dev:$LATEST",
            "qualified_invoke_arn": "arn:aws:apigateway:us-east-1:lambda:path/2015-03-31/functions/arn:aws:lambda:us-east-1:233925838033:function:lmb-appma-core-users-update-by-id-dev:$LATEST/invocations",
            "replace_security_groups_on_destroy": null,
            "replacement_security_group_ids": null,
            "reserved_concurrent_executions": -1,
            "role": "arn:aws:iam::233925838033:role/role-appma-core-users-update-by-id-dev",
            "runtime": "nodejs20.x",
            "s3_bucket": null,
            "s3_key": null,
            "s3_object_version": null,
            "signing_job_arn": "",
            "signing_profile_version_arn": "",
            "skip_destroy": false,
            "snap_start": [],
            "source_code_hash": "hy52kzEDxKhdvYZukApqyNH6CiuXHEypOHrP54A5U+Q=",
            "source_code_size": 2972165,
            "tags": {
              "component": "user-update-by-id",
              "domain": "core",
              "env": "dev"
            },
            "tags_all": {
              "component": "user-update-by-id",
              "domain": "core",
              "env": "dev",
              "iac": "terraform"
            },
            "timeout": 30,
            "timeouts": null,
            "tracing_config": [
              {
                "mode": "PassThrough"
              }
            ],
            "version": "$LATEST",
            "vpc_config": []
          },
          "sensitive_attributes": [],
          "private": "eyJlMmJmYjczMC1lY2FhLTExZTYtOGY4OC0zNDM2M2JjN2M0YzAiOnsiY3JlYXRlIjo2MDAwMDAwMDAwMDAsImRlbGV0ZSI6NjAwMDAwMDAwMDAwLCJ1cGRhdGUiOjYwMDAwMDAwMDAwMH19",
          "dependencies": [
            "module.api_gateway.aws_apigatewayv2_api.main",
            "module.api_gateway.aws_apigatewayv2_stage.dev",
            "module.api_gateway.aws_cloudwatch_log_group.main_api_gw",
            "module.api_gateway_resources_core_user_update.aws_iam_role.lambda_role",
            "module.api_gateway_resources_core_user_update.data.archive_file.lambda_package",
            "module.users_dynamodb.aws_dynamodb_table.users-dynamodb-table"
          ]
        }
      ]
    },
    {
      "module": "module.api_gateway_resources_core_user_update",
      "mode": "managed",
      "type": "aws_lambda_permission",
      "name": "api_gw",
      "provider": "provider[\"registry.terraform.io/hashicorp/aws\"]",
      "instances": [
        {
          "schema_version": 0,
          "attributes": {
            "action": "lambda:InvokeFunction",
            "event_source_token": null,
            "function_name": "lmb-appma-core-users-update-by-id-dev",
            "function_url_auth_type": null,
            "id": "AllowExecutionFromAPIGateway",
            "principal": "apigateway.amazonaws.com",
            "principal_org_id": null,
            "qualifier": "",
            "source_account": null,
            "source_arn": "arn:aws:execute-api:us-east-1:233925838033:ayxe7yhn4f/*/*",
            "statement_id": "AllowExecutionFromAPIGateway",
            "statement_id_prefix": ""
          },
          "sensitive_attributes": [],
          "private": "bnVsbA==",
          "dependencies": [
            "module.api_gateway.aws_apigatewayv2_api.main",
            "module.api_gateway.aws_apigatewayv2_stage.dev",
            "module.api_gateway.aws_cloudwatch_log_group.main_api_gw",
            "module.api_gateway_resources_core_user_update.aws_iam_role.lambda_role",
            "module.api_gateway_resources_core_user_update.aws_lambda_function.html_lambda",
            "module.api_gateway_resources_core_user_update.data.archive_file.lambda_package",
            "module.api_gateway_resources_core_user_update.data.aws_apigatewayv2_api.selected",
            "module.users_dynamodb.aws_dynamodb_table.users-dynamodb-table"
          ]
        }
      ]
    },
    {
      "module": "module.api_gateway_resources_security_authorizer",
      "mode": "data",
      "type": "archive_file",
      "name": "lambda_package",
      "provider": "provider[\"registry.terraform.io/hashicorp/archive\"]",
      "instances": [
        {
          "schema_version": 0,
          "attributes": {
            "exclude_symlink_directories": null,
            "excludes": null,
            "id": "0e9692e9e9bada8eb181cb338c63b03cabec8d8d",
            "output_base64sha256": "DSAGWyZ4R5IR2D8b6r3O0IPpc+Vid2uGE/pMgtlp5lY=",
            "output_base64sha512": "JkoxeQisLIhrKPEPNUHn7QhqSkTdTazJXcymQDVF0XmW6EMg4/QSSLjvAg/Ryfl30+VhqSHgUP3ZZdNBes3UMA==",
            "output_file_mode": null,
            "output_md5": "77de5d9a53eacfed2d96888977515104",
            "output_path": "./resources/auth/authorizer/index.zip",
            "output_sha": "0e9692e9e9bada8eb181cb338c63b03cabec8d8d",
            "output_sha256": "0d20065b2678479211d83f1beabdced083e973e562776b8613fa4c82d969e656",
            "output_sha512": "264a317908ac2c886b28f10f3541e7ed086a4a44dd4dacc95dcca6403545d17996e84320e3f41248b8ef020fd1c9f977d3e561a921e050fdd965d3417acdd430",
            "output_size": 2859487,
            "source": [],
            "source_content": null,
            "source_content_filename": null,
            "source_dir": "./lambdas/auth/authorizer",
            "source_file": null,
            "type": "zip"
          },
          "sensitive_attributes": []
        }
      ]
    },
    {
      "module": "module.api_gateway_resources_security_authorizer",
      "mode": "data",
      "type": "aws_apigatewayv2_api",
      "name": "selected",
      "provider": "provider[\"registry.terraform.io/hashicorp/aws\"]",
      "instances": [
        {
          "schema_version": 0,
          "attributes": {
            "api_endpoint": "https://ayxe7yhn4f.execute-api.us-east-1.amazonaws.com",
            "api_id": "ayxe7yhn4f",
            "api_key_selection_expression": "$request.header.x-api-key",
            "arn": "arn:aws:apigateway:us-east-1::/apis/ayxe7yhn4f",
            "cors_configuration": [],
            "description": "api-appma-dev API Gateway",
            "disable_execute_api_endpoint": false,
            "execution_arn": "arn:aws:execute-api:us-east-1:233925838033:ayxe7yhn4f",
            "id": "ayxe7yhn4f",
            "name": "api-appma-dev",
            "protocol_type": "HTTP",
            "route_selection_expression": "$request.method $request.path",
            "tags": {
              "iac": "terraform"
            },
            "version": ""
          },
          "sensitive_attributes": []
        }
      ]
    },
    {
      "module": "module.api_gateway_resources_security_authorizer",
      "mode": "data",
      "type": "aws_caller_identity",
      "name": "current",
      "provider": "provider[\"registry.terraform.io/hashicorp/aws\"]",
      "instances": [
        {
          "schema_version": 0,
          "attributes": {
            "account_id": "233925838033",
            "arn": "arn:aws:iam::233925838033:root",
            "id": "233925838033",
            "user_id": "233925838033"
          },
          "sensitive_attributes": []
        }
      ]
    },
    {
      "module": "module.api_gateway_resources_security_authorizer",
      "mode": "data",
      "type": "aws_iam_policy_document",
      "name": "lambda_policy_document",
      "provider": "provider[\"registry.terraform.io/hashicorp/aws\"]",
      "instances": [
        {
          "schema_version": 0,
          "attributes": {
            "id": "1807035367",
            "json": "{\n  \"Version\": \"2012-10-17\",\n  \"Statement\": [\n    {\n      \"Effect\": \"Allow\",\n      \"Action\": [\n        \"dynamodb:Scan\",\n        \"dynamodb:PutItem\",\n        \"dynamodb:GetItem\",\n        \"dynamodb:DeleteItem\"\n      ],\n      \"Resource\": \"arn:aws:dynamodb:us-east-1:233925838033:table/tbl-appma-token-dev\"\n    }\n  ]\n}",
            "minified_json": "{\"Version\":\"2012-10-17\",\"Statement\":[{\"Effect\":\"Allow\",\"Action\":[\"dynamodb:Scan\",\"dynamodb:PutItem\",\"dynamodb:GetItem\",\"dynamodb:DeleteItem\"],\"Resource\":\"arn:aws:dynamodb:us-east-1:233925838033:table/tbl-appma-token-dev\"}]}",
            "override_json": null,
            "override_policy_documents": null,
            "policy_id": null,
            "source_json": null,
            "source_policy_documents": null,
            "statement": [
              {
                "actions": [
                  "dynamodb:DeleteItem",
                  "dynamodb:GetItem",
                  "dynamodb:PutItem",
                  "dynamodb:Scan"
                ],
                "condition": [],
                "effect": "Allow",
                "not_actions": [],
                "not_principals": [],
                "not_resources": [],
                "principals": [],
                "resources": [
                  "arn:aws:dynamodb:us-east-1:233925838033:table/tbl-appma-token-dev"
                ],
                "sid": ""
              }
            ],
            "version": "2012-10-17"
          },
          "sensitive_attributes": []
        }
      ]
    },
    {
      "module": "module.api_gateway_resources_security_authorizer",
      "mode": "data",
      "type": "aws_region",
      "name": "current",
      "provider": "provider[\"registry.terraform.io/hashicorp/aws\"]",
      "instances": [
        {
          "schema_version": 0,
          "attributes": {
            "description": "US East (N. Virginia)",
            "endpoint": "ec2.us-east-1.amazonaws.com",
            "id": "us-east-1",
            "name": "us-east-1"
          },
          "sensitive_attributes": []
        }
      ]
    },
    {
      "module": "module.api_gateway_resources_security_authorizer",
      "mode": "managed",
      "type": "aws_apigatewayv2_authorizer",
      "name": "header_based_authorizer",
      "provider": "provider[\"registry.terraform.io/hashicorp/aws\"]",
      "instances": [
        {
          "schema_version": 0,
          "attributes": {
            "api_id": "ayxe7yhn4f",
            "authorizer_credentials_arn": "",
            "authorizer_payload_format_version": "2.0",
            "authorizer_result_ttl_in_seconds": 0,
            "authorizer_type": "REQUEST",
            "authorizer_uri": "arn:aws:apigateway:us-east-1:lambda:path/2015-03-31/functions/arn:aws:lambda:us-east-1:233925838033:function:lmb-appma-security-auth-authorizer-dev/invocations",
            "enable_simple_responses": true,
            "id": "hhayli",
            "identity_sources": [
              "$request.header.authorization"
            ],
            "jwt_configuration": [],
            "name": "lmb-appma-security-auth-authorizer-dev",
            "timeouts": null
          },
          "sensitive_attributes": [],
          "private": "eyJlMmJmYjczMC1lY2FhLTExZTYtOGY4OC0zNDM2M2JjN2M0YzAiOnsiZGVsZXRlIjoxODAwMDAwMDAwMDAwfX0=",
          "dependencies": [
            "module.api_gateway.aws_apigatewayv2_api.main",
            "module.api_gateway_resources_security_authorizer.aws_iam_role.lambda_role",
            "module.api_gateway_resources_security_authorizer.aws_lambda_function.html_lambda",
            "module.api_gateway_resources_security_authorizer.data.archive_file.lambda_package",
            "module.api_gateway_resources_security_authorizer.data.aws_apigatewayv2_api.selected"
          ]
        }
      ]
    },
    {
      "module": "module.api_gateway_resources_security_authorizer",
      "mode": "managed",
      "type": "aws_cloudwatch_log_group",
      "name": "html_loggroup_lambda",
      "provider": "provider[\"registry.terraform.io/hashicorp/aws\"]",
      "instances": [
        {
          "schema_version": 0,
          "attributes": {
            "arn": "arn:aws:logs:us-east-1:233925838033:log-group:/aws/lambda/lmb-appma-security-auth-authorizer-dev",
            "id": "/aws/lambda/lmb-appma-security-auth-authorizer-dev",
            "kms_key_id": "",
            "log_group_class": "STANDARD",
            "name": "/aws/lambda/lmb-appma-security-auth-authorizer-dev",
            "name_prefix": "",
            "retention_in_days": 7,
            "skip_destroy": false,
            "tags": {},
            "tags_all": {
              "iac": "terraform"
            }
          },
          "sensitive_attributes": [],
          "private": "bnVsbA==",
          "dependencies": [
            "module.api_gateway_resources_security_authorizer.aws_iam_role.lambda_role",
            "module.api_gateway_resources_security_authorizer.aws_lambda_function.html_lambda",
            "module.api_gateway_resources_security_authorizer.data.archive_file.lambda_package"
          ]
        }
      ]
    },
    {
      "module": "module.api_gateway_resources_security_authorizer",
      "mode": "managed",
      "type": "aws_iam_policy",
      "name": "dynamodb_lambda_policy",
      "provider": "provider[\"registry.terraform.io/hashicorp/aws\"]",
      "instances": [
        {
          "schema_version": 0,
          "attributes": {
            "arn": "arn:aws:iam::233925838033:policy/policy-appma-security-auth-authorizer-dev",
            "attachment_count": 1,
            "description": "This policy will be used by the lambda to write get data from DynamoDB",
            "id": "arn:aws:iam::233925838033:policy/policy-appma-security-auth-authorizer-dev",
            "name": "policy-appma-security-auth-authorizer-dev",
            "name_prefix": "",
            "path": "/",
            "policy": "{\"Statement\":[{\"Action\":[\"dynamodb:Scan\",\"dynamodb:PutItem\",\"dynamodb:GetItem\",\"dynamodb:DeleteItem\"],\"Effect\":\"Allow\",\"Resource\":\"arn:aws:dynamodb:us-east-1:233925838033:table/tbl-appma-token-dev\"}],\"Version\":\"2012-10-17\"}",
            "policy_id": "ANPATM5YRATIZV2C27ZKW",
            "tags": {},
            "tags_all": {
              "iac": "terraform"
            }
          },
          "sensitive_attributes": [],
          "private": "bnVsbA==",
          "dependencies": [
            "module.api_gateway_resources_security_authorizer.data.aws_caller_identity.current",
            "module.api_gateway_resources_security_authorizer.data.aws_iam_policy_document.lambda_policy_document",
            "module.api_gateway_resources_security_authorizer.data.aws_region.current"
          ]
        }
      ]
    },
    {
      "module": "module.api_gateway_resources_security_authorizer",
      "mode": "managed",
      "type": "aws_iam_role",
      "name": "lambda_role",
      "provider": "provider[\"registry.terraform.io/hashicorp/aws\"]",
      "instances": [
        {
          "schema_version": 0,
          "attributes": {
            "arn": "arn:aws:iam::233925838033:role/role-appma-security-auth-authorizer-dev",
            "assume_role_policy": "{\"Statement\":[{\"Action\":\"sts:AssumeRole\",\"Effect\":\"Allow\",\"Principal\":{\"Service\":\"lambda.amazonaws.com\"}}],\"Version\":\"2012-10-17\"}",
            "create_date": "2024-07-24T16:31:06Z",
            "description": "",
            "force_detach_policies": false,
            "id": "role-appma-security-auth-authorizer-dev",
            "inline_policy": [],
            "managed_policy_arns": [
              "arn:aws:iam::233925838033:policy/policy-appma-security-auth-authorizer-dev",
              "arn:aws:iam::aws:policy/service-role/AWSLambdaBasicExecutionRole"
            ],
            "max_session_duration": 3600,
            "name": "role-appma-security-auth-authorizer-dev",
            "name_prefix": "",
            "path": "/",
            "permissions_boundary": "",
            "tags": {},
            "tags_all": {
              "iac": "terraform"
            },
            "unique_id": "AROATM5YRATIT2QU2MVW7"
          },
          "sensitive_attributes": [],
          "private": "bnVsbA=="
        }
      ]
    },
    {
      "module": "module.api_gateway_resources_security_authorizer",
      "mode": "managed",
      "type": "aws_iam_role_policy_attachment",
      "name": "lambda_attachements",
      "provider": "provider[\"registry.terraform.io/hashicorp/aws\"]",
      "instances": [
        {
          "schema_version": 0,
          "attributes": {
            "id": "role-appma-security-auth-authorizer-dev-20240724163106692000000001",
            "policy_arn": "arn:aws:iam::233925838033:policy/policy-appma-security-auth-authorizer-dev",
            "role": "role-appma-security-auth-authorizer-dev"
          },
          "sensitive_attributes": [],
          "private": "bnVsbA==",
          "dependencies": [
            "module.api_gateway_resources_security_authorizer.aws_iam_policy.dynamodb_lambda_policy",
            "module.api_gateway_resources_security_authorizer.aws_iam_role.lambda_role",
            "module.api_gateway_resources_security_authorizer.data.aws_caller_identity.current",
            "module.api_gateway_resources_security_authorizer.data.aws_iam_policy_document.lambda_policy_document",
            "module.api_gateway_resources_security_authorizer.data.aws_region.current"
          ]
        }
      ]
    },
    {
      "module": "module.api_gateway_resources_security_authorizer",
      "mode": "managed",
      "type": "aws_iam_role_policy_attachment",
      "name": "lambda_role_policy",
      "provider": "provider[\"registry.terraform.io/hashicorp/aws\"]",
      "instances": [
        {
          "schema_version": 0,
          "attributes": {
            "id": "role-appma-security-auth-authorizer-dev-20240724163106711700000002",
            "policy_arn": "arn:aws:iam::aws:policy/service-role/AWSLambdaBasicExecutionRole",
            "role": "role-appma-security-auth-authorizer-dev"
          },
          "sensitive_attributes": [],
          "private": "bnVsbA==",
          "dependencies": [
            "module.api_gateway_resources_security_authorizer.aws_iam_role.lambda_role"
          ]
        }
      ]
    },
    {
      "module": "module.api_gateway_resources_security_authorizer",
      "mode": "managed",
      "type": "aws_lambda_function",
      "name": "html_lambda",
      "provider": "provider[\"registry.terraform.io/hashicorp/aws\"]",
      "instances": [
        {
          "schema_version": 0,
          "attributes": {
            "architectures": [
              "arm64"
            ],
            "arn": "arn:aws:lambda:us-east-1:233925838033:function:lmb-appma-security-auth-authorizer-dev",
            "code_sha256": "DSAGWyZ4R5IR2D8b6r3O0IPpc+Vid2uGE/pMgtlp5lY=",
            "code_signing_config_arn": "",
            "dead_letter_config": [],
            "description": "",
            "environment": [],
            "ephemeral_storage": [
              {
                "size": 512
              }
            ],
            "file_system_config": [],
            "filename": "./resources/auth/authorizer/index.zip",
            "function_name": "lmb-appma-security-auth-authorizer-dev",
            "handler": "index.handler",
            "id": "lmb-appma-security-auth-authorizer-dev",
            "image_config": [],
            "image_uri": "",
            "invoke_arn": "arn:aws:apigateway:us-east-1:lambda:path/2015-03-31/functions/arn:aws:lambda:us-east-1:233925838033:function:lmb-appma-security-auth-authorizer-dev/invocations",
            "kms_key_arn": "",
            "last_modified": "2024-07-24T16:31:26.860+0000",
            "layers": [],
            "logging_config": [
              {
                "application_log_level": "",
                "log_format": "Text",
                "log_group": "/aws/lambda/lmb-appma-security-auth-authorizer-dev",
                "system_log_level": ""
              }
            ],
            "memory_size": 128,
            "package_type": "Zip",
            "publish": false,
            "qualified_arn": "arn:aws:lambda:us-east-1:233925838033:function:lmb-appma-security-auth-authorizer-dev:$LATEST",
            "qualified_invoke_arn": "arn:aws:apigateway:us-east-1:lambda:path/2015-03-31/functions/arn:aws:lambda:us-east-1:233925838033:function:lmb-appma-security-auth-authorizer-dev:$LATEST/invocations",
            "replace_security_groups_on_destroy": null,
            "replacement_security_group_ids": null,
            "reserved_concurrent_executions": -1,
            "role": "arn:aws:iam::233925838033:role/role-appma-security-auth-authorizer-dev",
            "runtime": "nodejs20.x",
            "s3_bucket": null,
            "s3_key": null,
            "s3_object_version": null,
            "signing_job_arn": "",
            "signing_profile_version_arn": "",
            "skip_destroy": false,
            "snap_start": [],
            "source_code_hash": "DSAGWyZ4R5IR2D8b6r3O0IPpc+Vid2uGE/pMgtlp5lY=",
            "source_code_size": 2859487,
            "tags": {
              "component": "authorizer",
              "domain": "security",
              "env": "dev"
            },
            "tags_all": {
              "component": "authorizer",
              "domain": "security",
              "env": "dev",
              "iac": "terraform"
            },
            "timeout": 30,
            "timeouts": null,
            "tracing_config": [
              {
                "mode": "PassThrough"
              }
            ],
            "version": "$LATEST",
            "vpc_config": []
          },
          "sensitive_attributes": [],
          "private": "eyJlMmJmYjczMC1lY2FhLTExZTYtOGY4OC0zNDM2M2JjN2M0YzAiOnsiY3JlYXRlIjo2MDAwMDAwMDAwMDAsImRlbGV0ZSI6NjAwMDAwMDAwMDAwLCJ1cGRhdGUiOjYwMDAwMDAwMDAwMH19",
          "dependencies": [
            "module.api_gateway_resources_security_authorizer.aws_iam_role.lambda_role",
            "module.api_gateway_resources_security_authorizer.data.archive_file.lambda_package"
          ]
        }
      ]
    },
    {
      "module": "module.api_gateway_resources_security_authorizer",
      "mode": "managed",
      "type": "aws_lambda_permission",
      "name": "allow_api_gw_invoke_authorizer",
      "provider": "provider[\"registry.terraform.io/hashicorp/aws\"]",
      "instances": [
        {
          "schema_version": 0,
          "attributes": {
            "action": "lambda:InvokeFunction",
            "event_source_token": null,
            "function_name": "lmb-appma-security-auth-authorizer-dev",
            "function_url_auth_type": null,
            "id": "allowInvokeFromAPIGatewayAuthorizer",
            "principal": "apigateway.amazonaws.com",
            "principal_org_id": null,
            "qualifier": "",
            "source_account": null,
            "source_arn": "arn:aws:execute-api:us-east-1:233925838033:ayxe7yhn4f/authorizers/hhayli",
            "statement_id": "allowInvokeFromAPIGatewayAuthorizer",
            "statement_id_prefix": ""
          },
          "sensitive_attributes": [],
          "private": "bnVsbA==",
          "dependencies": [
            "module.api_gateway.aws_apigatewayv2_api.main",
            "module.api_gateway_resources_security_authorizer.aws_apigatewayv2_authorizer.header_based_authorizer",
            "module.api_gateway_resources_security_authorizer.aws_iam_role.lambda_role",
            "module.api_gateway_resources_security_authorizer.aws_lambda_function.html_lambda",
            "module.api_gateway_resources_security_authorizer.data.archive_file.lambda_package",
            "module.api_gateway_resources_security_authorizer.data.aws_apigatewayv2_api.selected"
          ]
        }
      ]
    },
    {
      "module": "module.api_gateway_resources_security_login",
      "mode": "data",
      "type": "archive_file",
      "name": "lambda_package",
      "provider": "provider[\"registry.terraform.io/hashicorp/archive\"]",
      "instances": [
        {
          "schema_version": 0,
          "attributes": {
            "exclude_symlink_directories": null,
            "excludes": null,
            "id": "5f8601efd9d4840ac55772ff746def06b515fdc3",
            "output_base64sha256": "du+B9qHLoqjOZRlDNJRWZmsf3crYWIgoLobmn0jIB4Y=",
            "output_base64sha512": "Gab/7WctbajLKsEeRIG+0lX97xH00gPGyem0i1tzkhRO1yn4DdyPfbQfDZGvqcwtkb7ex6J+7970dMjzYk5cFg==",
            "output_file_mode": null,
            "output_md5": "63657bb57d564bcb3fa36f68d9365209",
            "output_path": "./resources/auth/login/index.zip",
            "output_sha": "5f8601efd9d4840ac55772ff746def06b515fdc3",
            "output_sha256": "76ef81f6a1cba2a8ce651943349456666b1fddcad85888282e86e69f48c80786",
            "output_sha512": "19a6ffed672d6da8cb2ac11e4481bed255fdef11f4d203c6c9e9b48b5b7392144ed729f80ddc8f7db41f0d91afa9cc2d91bedec7a27eefdef474c8f3624e5c16",
            "output_size": 3316805,
            "source": [],
            "source_content": null,
            "source_content_filename": null,
            "source_dir": "./lambdas/auth/login",
            "source_file": null,
            "type": "zip"
          },
          "sensitive_attributes": []
        }
      ]
    },
    {
      "module": "module.api_gateway_resources_security_login",
      "mode": "data",
      "type": "aws_apigatewayv2_api",
      "name": "selected",
      "provider": "provider[\"registry.terraform.io/hashicorp/aws\"]",
      "instances": [
        {
          "schema_version": 0,
          "attributes": {
            "api_endpoint": "https://ayxe7yhn4f.execute-api.us-east-1.amazonaws.com",
            "api_id": "ayxe7yhn4f",
            "api_key_selection_expression": "$request.header.x-api-key",
            "arn": "arn:aws:apigateway:us-east-1::/apis/ayxe7yhn4f",
            "cors_configuration": [
              {
                "allow_credentials": false,
                "allow_headers": [
                  "*"
                ],
                "allow_methods": [
                  "DELETE",
                  "GET",
                  "OPTIONS",
                  "POST",
                  "PUT"
                ],
                "allow_origins": [
                  "*",
                  "http://localhost:3000"
                ],
                "expose_headers": [],
                "max_age": 300
              }
            ],
            "description": "api-appma-dev API Gateway",
            "disable_execute_api_endpoint": false,
            "execution_arn": "arn:aws:execute-api:us-east-1:233925838033:ayxe7yhn4f",
            "id": "ayxe7yhn4f",
            "name": "api-appma-dev",
            "protocol_type": "HTTP",
            "route_selection_expression": "$request.method $request.path",
            "tags": {
              "iac": "terraform"
            },
            "version": ""
          },
          "sensitive_attributes": []
        }
      ]
    },
    {
      "module": "module.api_gateway_resources_security_login",
      "mode": "data",
      "type": "aws_caller_identity",
      "name": "current",
      "provider": "provider[\"registry.terraform.io/hashicorp/aws\"]",
      "instances": [
        {
          "schema_version": 0,
          "attributes": {
            "account_id": "233925838033",
            "arn": "arn:aws:iam::233925838033:root",
            "id": "233925838033",
            "user_id": "233925838033"
          },
          "sensitive_attributes": []
        }
      ]
    },
    {
      "module": "module.api_gateway_resources_security_login",
      "mode": "data",
      "type": "aws_iam_policy_document",
      "name": "lambda_policy_document",
      "provider": "provider[\"registry.terraform.io/hashicorp/aws\"]",
      "instances": [
        {
          "schema_version": 0,
          "attributes": {
            "id": "140084577",
            "json": "{\n  \"Version\": \"2012-10-17\",\n  \"Statement\": [\n    {\n      \"Effect\": \"Allow\",\n      \"Action\": [\n        \"dynamodb:Scan\",\n        \"dynamodb:PutItem\",\n        \"dynamodb:DeleteItem\"\n      ],\n      \"Resource\": [\n        \"arn:aws:dynamodb:us-east-1:233925838033:table/tbl-appma-users-dev\",\n        \"arn:aws:dynamodb:us-east-1:233925838033:table/tbl-appma-token-dev\"\n      ]\n    }\n  ]\n}",
            "minified_json": "{\"Version\":\"2012-10-17\",\"Statement\":[{\"Effect\":\"Allow\",\"Action\":[\"dynamodb:Scan\",\"dynamodb:PutItem\",\"dynamodb:DeleteItem\"],\"Resource\":[\"arn:aws:dynamodb:us-east-1:233925838033:table/tbl-appma-users-dev\",\"arn:aws:dynamodb:us-east-1:233925838033:table/tbl-appma-token-dev\"]}]}",
            "override_json": null,
            "override_policy_documents": null,
            "policy_id": null,
            "source_json": null,
            "source_policy_documents": null,
            "statement": [
              {
                "actions": [
                  "dynamodb:DeleteItem",
                  "dynamodb:PutItem",
                  "dynamodb:Scan"
                ],
                "condition": [],
                "effect": "Allow",
                "not_actions": [],
                "not_principals": [],
                "not_resources": [],
                "principals": [],
                "resources": [
                  "arn:aws:dynamodb:us-east-1:233925838033:table/tbl-appma-token-dev",
                  "arn:aws:dynamodb:us-east-1:233925838033:table/tbl-appma-users-dev"
                ],
                "sid": ""
              }
            ],
            "version": "2012-10-17"
          },
          "sensitive_attributes": []
        }
      ]
    },
    {
      "module": "module.api_gateway_resources_security_login",
      "mode": "data",
      "type": "aws_region",
      "name": "current",
      "provider": "provider[\"registry.terraform.io/hashicorp/aws\"]",
      "instances": [
        {
          "schema_version": 0,
          "attributes": {
            "description": "US East (N. Virginia)",
            "endpoint": "ec2.us-east-1.amazonaws.com",
            "id": "us-east-1",
            "name": "us-east-1"
          },
          "sensitive_attributes": []
        }
      ]
    },
    {
      "module": "module.api_gateway_resources_security_login",
      "mode": "managed",
      "type": "aws_apigatewayv2_integration",
      "name": "lambda_handler",
      "provider": "provider[\"registry.terraform.io/hashicorp/aws\"]",
      "instances": [
        {
          "schema_version": 0,
          "attributes": {
            "api_id": "ayxe7yhn4f",
            "connection_id": "",
            "connection_type": "INTERNET",
            "content_handling_strategy": "",
            "credentials_arn": "",
            "description": "",
            "id": "yifypxi",
            "integration_method": "POST",
            "integration_response_selection_expression": "",
            "integration_subtype": "",
            "integration_type": "AWS_PROXY",
            "integration_uri": "arn:aws:apigateway:us-east-1:lambda:path/2015-03-31/functions/arn:aws:lambda:us-east-1:233925838033:function:lmb-appma-security-auth-login-dev/invocations",
            "passthrough_behavior": "",
            "payload_format_version": "1.0",
            "request_parameters": null,
            "request_templates": null,
            "response_parameters": [],
            "template_selection_expression": "",
            "timeout_milliseconds": 30000,
            "tls_config": []
          },
          "sensitive_attributes": [],
          "private": "bnVsbA==",
          "dependencies": [
            "module.api_gateway.aws_apigatewayv2_api.main",
            "module.api_gateway.aws_apigatewayv2_stage.dev",
            "module.api_gateway.aws_cloudwatch_log_group.main_api_gw",
            "module.api_gateway_resources_security_login.aws_iam_role.lambda_role",
            "module.api_gateway_resources_security_login.aws_lambda_function.html_lambda",
            "module.api_gateway_resources_security_login.data.archive_file.lambda_package",
            "module.api_gateway_resources_security_login.data.aws_apigatewayv2_api.selected",
            "module.customers_dynamodb.aws_dynamodb_table.customers-dynamodb-table",
            "module.token_dynamodb.aws_dynamodb_table.token-dynamodb-table",
            "module.users_dynamodb.aws_dynamodb_table.users-dynamodb-table"
          ]
        }
      ]
    },
    {
      "module": "module.api_gateway_resources_security_login",
      "mode": "managed",
      "type": "aws_apigatewayv2_route",
      "name": "post_handler",
      "provider": "provider[\"registry.terraform.io/hashicorp/aws\"]",
      "instances": [
        {
          "schema_version": 0,
          "attributes": {
            "api_id": "ayxe7yhn4f",
            "api_key_required": false,
            "authorization_scopes": null,
            "authorization_type": "NONE",
            "authorizer_id": "",
            "id": "q05jzse",
            "model_selection_expression": "",
            "operation_name": "",
            "request_models": null,
            "request_parameter": [],
            "route_key": "POST /api/security/auth/login",
            "route_response_selection_expression": "",
            "target": "integrations/yifypxi"
          },
          "sensitive_attributes": [],
          "private": "bnVsbA==",
          "dependencies": [
            "module.api_gateway.aws_apigatewayv2_api.main",
            "module.api_gateway.aws_apigatewayv2_stage.dev",
            "module.api_gateway.aws_cloudwatch_log_group.main_api_gw",
            "module.api_gateway_resources_security_login.aws_apigatewayv2_integration.lambda_handler",
            "module.api_gateway_resources_security_login.aws_iam_role.lambda_role",
            "module.api_gateway_resources_security_login.aws_lambda_function.html_lambda",
            "module.api_gateway_resources_security_login.data.archive_file.lambda_package",
            "module.api_gateway_resources_security_login.data.aws_apigatewayv2_api.selected",
            "module.customers_dynamodb.aws_dynamodb_table.customers-dynamodb-table",
            "module.token_dynamodb.aws_dynamodb_table.token-dynamodb-table",
            "module.users_dynamodb.aws_dynamodb_table.users-dynamodb-table"
          ]
        }
      ]
    },
    {
      "module": "module.api_gateway_resources_security_login",
      "mode": "managed",
      "type": "aws_cloudwatch_log_group",
      "name": "html_loggroup_lambda",
      "provider": "provider[\"registry.terraform.io/hashicorp/aws\"]",
      "instances": [
        {
          "schema_version": 0,
          "attributes": {
            "arn": "arn:aws:logs:us-east-1:233925838033:log-group:/aws/lambda/lmb-appma-security-auth-login-dev",
            "id": "/aws/lambda/lmb-appma-security-auth-login-dev",
            "kms_key_id": "",
            "log_group_class": "STANDARD",
            "name": "/aws/lambda/lmb-appma-security-auth-login-dev",
            "name_prefix": "",
            "retention_in_days": 0,
            "skip_destroy": false,
            "tags": {},
            "tags_all": {
              "iac": "terraform"
            }
          },
          "sensitive_attributes": [],
          "private": "bnVsbA==",
          "dependencies": [
            "module.api_gateway.aws_apigatewayv2_api.main",
            "module.api_gateway.aws_apigatewayv2_stage.dev",
            "module.api_gateway.aws_cloudwatch_log_group.main_api_gw",
            "module.api_gateway_resources_security_login.aws_iam_role.lambda_role",
            "module.api_gateway_resources_security_login.aws_lambda_function.html_lambda",
            "module.api_gateway_resources_security_login.data.archive_file.lambda_package",
            "module.customers_dynamodb.aws_dynamodb_table.customers-dynamodb-table",
            "module.token_dynamodb.aws_dynamodb_table.token-dynamodb-table",
            "module.users_dynamodb.aws_dynamodb_table.users-dynamodb-table"
          ]
        }
      ]
    },
    {
      "module": "module.api_gateway_resources_security_login",
      "mode": "managed",
      "type": "aws_iam_policy",
      "name": "dynamodb_lambda_policy",
      "provider": "provider[\"registry.terraform.io/hashicorp/aws\"]",
      "instances": [
        {
          "schema_version": 0,
          "attributes": {
            "arn": "arn:aws:iam::233925838033:policy/policy-appma-security-auth-login-dev",
            "attachment_count": 1,
            "description": "This policy will be used by the lambda to write get data from DynamoDB",
            "id": "arn:aws:iam::233925838033:policy/policy-appma-security-auth-login-dev",
            "name": "policy-appma-security-auth-login-dev",
            "name_prefix": "",
            "path": "/",
            "policy": "{\"Statement\":[{\"Action\":[\"dynamodb:Scan\",\"dynamodb:PutItem\",\"dynamodb:DeleteItem\"],\"Effect\":\"Allow\",\"Resource\":[\"arn:aws:dynamodb:us-east-1:233925838033:table/tbl-appma-users-dev\",\"arn:aws:dynamodb:us-east-1:233925838033:table/tbl-appma-token-dev\"]}],\"Version\":\"2012-10-17\"}",
            "policy_id": "ANPATM5YRATIZXQZWARAC",
            "tags": {},
            "tags_all": {
              "iac": "terraform"
            }
          },
          "sensitive_attributes": [],
          "private": "bnVsbA==",
          "dependencies": [
            "module.api_gateway.aws_apigatewayv2_api.main",
            "module.api_gateway.aws_apigatewayv2_stage.dev",
            "module.api_gateway.aws_cloudwatch_log_group.main_api_gw",
            "module.api_gateway_resources_security_login.data.aws_caller_identity.current",
            "module.api_gateway_resources_security_login.data.aws_iam_policy_document.lambda_policy_document",
            "module.api_gateway_resources_security_login.data.aws_region.current",
            "module.customers_dynamodb.aws_dynamodb_table.customers-dynamodb-table",
            "module.token_dynamodb.aws_dynamodb_table.token-dynamodb-table",
            "module.users_dynamodb.aws_dynamodb_table.users-dynamodb-table"
          ]
        }
      ]
    },
    {
      "module": "module.api_gateway_resources_security_login",
      "mode": "managed",
      "type": "aws_iam_role",
      "name": "lambda_role",
      "provider": "provider[\"registry.terraform.io/hashicorp/aws\"]",
      "instances": [
        {
          "schema_version": 0,
          "attributes": {
            "arn": "arn:aws:iam::233925838033:role/role-appma-security-auth-login-dev",
            "assume_role_policy": "{\"Statement\":[{\"Action\":\"sts:AssumeRole\",\"Effect\":\"Allow\",\"Principal\":{\"Service\":\"lambda.amazonaws.com\"}}],\"Version\":\"2012-10-17\"}",
            "create_date": "2024-07-24T16:31:26Z",
            "description": "",
            "force_detach_policies": false,
            "id": "role-appma-security-auth-login-dev",
            "inline_policy": [],
            "managed_policy_arns": [
              "arn:aws:iam::233925838033:policy/policy-appma-security-auth-login-dev",
              "arn:aws:iam::aws:policy/service-role/AWSLambdaBasicExecutionRole"
            ],
            "max_session_duration": 3600,
            "name": "role-appma-security-auth-login-dev",
            "name_prefix": "",
            "path": "/",
            "permissions_boundary": "",
            "tags": {},
            "tags_all": {
              "iac": "terraform"
            },
            "unique_id": "AROATM5YRATI27IY4RIX5"
          },
          "sensitive_attributes": [],
          "private": "bnVsbA==",
          "dependencies": [
            "module.api_gateway.aws_apigatewayv2_api.main",
            "module.api_gateway.aws_apigatewayv2_stage.dev",
            "module.api_gateway.aws_cloudwatch_log_group.main_api_gw",
            "module.customers_dynamodb.aws_dynamodb_table.customers-dynamodb-table",
            "module.token_dynamodb.aws_dynamodb_table.token-dynamodb-table",
            "module.users_dynamodb.aws_dynamodb_table.users-dynamodb-table"
          ]
        }
      ]
    },
    {
      "module": "module.api_gateway_resources_security_login",
      "mode": "managed",
      "type": "aws_iam_role_policy_attachment",
      "name": "lambda_attachements",
      "provider": "provider[\"registry.terraform.io/hashicorp/aws\"]",
      "instances": [
        {
          "schema_version": 0,
          "attributes": {
            "id": "role-appma-security-auth-login-dev-20240724163215218500000020",
            "policy_arn": "arn:aws:iam::233925838033:policy/policy-appma-security-auth-login-dev",
            "role": "role-appma-security-auth-login-dev"
          },
          "sensitive_attributes": [],
          "private": "bnVsbA==",
          "dependencies": [
            "module.api_gateway.aws_apigatewayv2_api.main",
            "module.api_gateway.aws_apigatewayv2_stage.dev",
            "module.api_gateway.aws_cloudwatch_log_group.main_api_gw",
            "module.api_gateway_resources_security_login.aws_iam_policy.dynamodb_lambda_policy",
            "module.api_gateway_resources_security_login.aws_iam_role.lambda_role",
            "module.api_gateway_resources_security_login.data.aws_caller_identity.current",
            "module.api_gateway_resources_security_login.data.aws_iam_policy_document.lambda_policy_document",
            "module.api_gateway_resources_security_login.data.aws_region.current",
            "module.customers_dynamodb.aws_dynamodb_table.customers-dynamodb-table",
            "module.token_dynamodb.aws_dynamodb_table.token-dynamodb-table",
            "module.users_dynamodb.aws_dynamodb_table.users-dynamodb-table"
          ]
        }
      ]
    },
    {
      "module": "module.api_gateway_resources_security_login",
      "mode": "managed",
      "type": "aws_iam_role_policy_attachment",
      "name": "lambda_role_policy",
      "provider": "provider[\"registry.terraform.io/hashicorp/aws\"]",
      "instances": [
        {
          "schema_version": 0,
          "attributes": {
            "id": "role-appma-security-auth-login-dev-20240724163139234800000013",
            "policy_arn": "arn:aws:iam::aws:policy/service-role/AWSLambdaBasicExecutionRole",
            "role": "role-appma-security-auth-login-dev"
          },
          "sensitive_attributes": [],
          "private": "bnVsbA==",
          "dependencies": [
            "module.api_gateway.aws_apigatewayv2_api.main",
            "module.api_gateway.aws_apigatewayv2_stage.dev",
            "module.api_gateway.aws_cloudwatch_log_group.main_api_gw",
            "module.api_gateway_resources_security_login.aws_iam_role.lambda_role",
            "module.customers_dynamodb.aws_dynamodb_table.customers-dynamodb-table",
            "module.token_dynamodb.aws_dynamodb_table.token-dynamodb-table",
            "module.users_dynamodb.aws_dynamodb_table.users-dynamodb-table"
          ]
        }
      ]
    },
    {
      "module": "module.api_gateway_resources_security_login",
      "mode": "managed",
      "type": "aws_lambda_function",
      "name": "html_lambda",
      "provider": "provider[\"registry.terraform.io/hashicorp/aws\"]",
      "instances": [
        {
          "schema_version": 0,
          "attributes": {
            "architectures": [
              "arm64"
            ],
            "arn": "arn:aws:lambda:us-east-1:233925838033:function:lmb-appma-security-auth-login-dev",
            "code_sha256": "du+B9qHLoqjOZRlDNJRWZmsf3crYWIgoLobmn0jIB4Y=",
            "code_signing_config_arn": "",
            "dead_letter_config": [],
            "description": "",
            "environment": [],
            "ephemeral_storage": [
              {
                "size": 512
              }
            ],
            "file_system_config": [],
            "filename": "./resources/auth/login/index.zip",
            "function_name": "lmb-appma-security-auth-login-dev",
            "handler": "index.handler",
            "id": "lmb-appma-security-auth-login-dev",
            "image_config": [],
            "image_uri": "",
            "invoke_arn": "arn:aws:apigateway:us-east-1:lambda:path/2015-03-31/functions/arn:aws:lambda:us-east-1:233925838033:function:lmb-appma-security-auth-login-dev/invocations",
            "kms_key_arn": "",
            "last_modified": "2024-07-24T16:33:10.776+0000",
            "layers": [],
            "logging_config": [
              {
                "application_log_level": "",
                "log_format": "Text",
                "log_group": "/aws/lambda/lmb-appma-security-auth-login-dev",
                "system_log_level": ""
              }
            ],
            "memory_size": 128,
            "package_type": "Zip",
            "publish": false,
            "qualified_arn": "arn:aws:lambda:us-east-1:233925838033:function:lmb-appma-security-auth-login-dev:$LATEST",
            "qualified_invoke_arn": "arn:aws:apigateway:us-east-1:lambda:path/2015-03-31/functions/arn:aws:lambda:us-east-1:233925838033:function:lmb-appma-security-auth-login-dev:$LATEST/invocations",
            "replace_security_groups_on_destroy": null,
            "replacement_security_group_ids": null,
            "reserved_concurrent_executions": -1,
            "role": "arn:aws:iam::233925838033:role/role-appma-security-auth-login-dev",
            "runtime": "nodejs20.x",
            "s3_bucket": null,
            "s3_key": null,
            "s3_object_version": null,
            "signing_job_arn": "",
            "signing_profile_version_arn": "",
            "skip_destroy": false,
            "snap_start": [],
            "source_code_hash": "du+B9qHLoqjOZRlDNJRWZmsf3crYWIgoLobmn0jIB4Y=",
            "source_code_size": 3316805,
            "tags": {
              "component": "login",
              "domain": "security",
              "env": "dev"
            },
            "tags_all": {
              "component": "login",
              "domain": "security",
              "env": "dev",
              "iac": "terraform"
            },
            "timeout": 30,
            "timeouts": null,
            "tracing_config": [
              {
                "mode": "PassThrough"
              }
            ],
            "version": "$LATEST",
            "vpc_config": []
          },
          "sensitive_attributes": [],
          "private": "eyJlMmJmYjczMC1lY2FhLTExZTYtOGY4OC0zNDM2M2JjN2M0YzAiOnsiY3JlYXRlIjo2MDAwMDAwMDAwMDAsImRlbGV0ZSI6NjAwMDAwMDAwMDAwLCJ1cGRhdGUiOjYwMDAwMDAwMDAwMH19",
          "dependencies": [
            "module.api_gateway.aws_apigatewayv2_api.main",
            "module.api_gateway.aws_apigatewayv2_stage.dev",
            "module.api_gateway.aws_cloudwatch_log_group.main_api_gw",
            "module.api_gateway_resources_security_login.aws_iam_role.lambda_role",
            "module.api_gateway_resources_security_login.data.archive_file.lambda_package",
            "module.customers_dynamodb.aws_dynamodb_table.customers-dynamodb-table",
            "module.token_dynamodb.aws_dynamodb_table.token-dynamodb-table",
            "module.users_dynamodb.aws_dynamodb_table.users-dynamodb-table"
          ]
        }
      ]
    },
    {
      "module": "module.api_gateway_resources_security_login",
      "mode": "managed",
      "type": "aws_lambda_permission",
      "name": "api_gw",
      "provider": "provider[\"registry.terraform.io/hashicorp/aws\"]",
      "instances": [
        {
          "schema_version": 0,
          "attributes": {
            "action": "lambda:InvokeFunction",
            "event_source_token": null,
            "function_name": "lmb-appma-security-auth-login-dev",
            "function_url_auth_type": null,
            "id": "AllowExecutionFromAPIGateway",
            "principal": "apigateway.amazonaws.com",
            "principal_org_id": null,
            "qualifier": "",
            "source_account": null,
            "source_arn": "arn:aws:execute-api:us-east-1:233925838033:ayxe7yhn4f/*/*",
            "statement_id": "AllowExecutionFromAPIGateway",
            "statement_id_prefix": ""
          },
          "sensitive_attributes": [],
          "private": "bnVsbA==",
          "dependencies": [
            "module.api_gateway.aws_apigatewayv2_api.main",
            "module.api_gateway.aws_apigatewayv2_stage.dev",
            "module.api_gateway.aws_cloudwatch_log_group.main_api_gw",
            "module.api_gateway_resources_security_login.aws_iam_role.lambda_role",
            "module.api_gateway_resources_security_login.aws_lambda_function.html_lambda",
            "module.api_gateway_resources_security_login.data.archive_file.lambda_package",
            "module.api_gateway_resources_security_login.data.aws_apigatewayv2_api.selected",
            "module.customers_dynamodb.aws_dynamodb_table.customers-dynamodb-table",
            "module.token_dynamodb.aws_dynamodb_table.token-dynamodb-table",
            "module.users_dynamodb.aws_dynamodb_table.users-dynamodb-table"
          ]
        }
      ]
    },
    {
      "module": "module.customers_dynamodb",
      "mode": "managed",
      "type": "aws_dynamodb_table",
      "name": "customers-dynamodb-table",
      "provider": "provider[\"registry.terraform.io/hashicorp/aws\"]",
      "instances": [
        {
          "schema_version": 1,
          "attributes": {
            "arn": "arn:aws:dynamodb:us-east-1:233925838033:table/tbl-appma-customers-dev",
            "attribute": [
              {
                "name": "id",
                "type": "S"
              },
              {
                "name": "userId",
                "type": "S"
              }
            ],
            "billing_mode": "PAY_PER_REQUEST",
            "deletion_protection_enabled": false,
            "global_secondary_index": [],
            "hash_key": "id",
            "id": "tbl-appma-customers-dev",
            "import_table": [],
            "local_secondary_index": [],
            "name": "tbl-appma-customers-dev",
            "point_in_time_recovery": [
              {
                "enabled": false
              }
            ],
            "range_key": "userId",
            "read_capacity": 0,
            "replica": [],
            "restore_date_time": null,
            "restore_source_name": null,
            "restore_to_latest_time": null,
            "server_side_encryption": [],
            "stream_arn": "",
            "stream_enabled": false,
            "stream_label": "",
            "stream_view_type": "",
            "table_class": "STANDARD",
            "tags": {
              "APP_NAME": "apma",
              "ENVIRONMENT": "dev",
              "JTW_SECRET_VALUE": "secret",
              "JWT_TOKEN_LIFE": "1000",
              "LOGGER_LEVEL": "DEBUG",
              "REGION": "us-east-1"
            },
            "tags_all": {
              "APP_NAME": "apma",
              "ENVIRONMENT": "dev",
              "JTW_SECRET_VALUE": "secret",
              "JWT_TOKEN_LIFE": "1000",
              "LOGGER_LEVEL": "DEBUG",
              "REGION": "us-east-1",
              "iac": "terraform"
            },
            "timeouts": null,
            "ttl": [
              {
                "attribute_name": "",
                "enabled": false
              }
            ],
            "write_capacity": 0
          },
          "sensitive_attributes": [],
          "private": "eyJlMmJmYjczMC1lY2FhLTExZTYtOGY4OC0zNDM2M2JjN2M0YzAiOnsiY3JlYXRlIjoxODAwMDAwMDAwMDAwLCJkZWxldGUiOjYwMDAwMDAwMDAwMCwidXBkYXRlIjozNjAwMDAwMDAwMDAwfSwic2NoZW1hX3ZlcnNpb24iOiIxIn0="
        }
      ]
    },
    {
      "module": "module.services_dynamodb",
      "mode": "managed",
      "type": "aws_dynamodb_table",
      "name": "services-dynamodb-table",
      "provider": "provider[\"registry.terraform.io/hashicorp/aws\"]",
      "instances": [
        {
          "schema_version": 1,
          "attributes": {
            "arn": "arn:aws:dynamodb:us-east-1:233925838033:table/tbl-appma-services-dev",
            "attribute": [
              {
                "name": "id",
                "type": "S"
              },
              {
                "name": "userId",
                "type": "S"
              }
            ],
            "billing_mode": "PAY_PER_REQUEST",
            "deletion_protection_enabled": false,
            "global_secondary_index": [],
            "hash_key": "id",
            "id": "tbl-appma-services-dev",
            "import_table": [],
            "local_secondary_index": [],
            "name": "tbl-appma-services-dev",
            "point_in_time_recovery": [
              {
                "enabled": false
              }
            ],
            "range_key": "userId",
            "read_capacity": 0,
            "replica": [],
            "restore_date_time": null,
            "restore_source_name": null,
            "restore_to_latest_time": null,
            "server_side_encryption": [],
            "stream_arn": "",
            "stream_enabled": false,
            "stream_label": "",
            "stream_view_type": "",
            "table_class": "STANDARD",
            "tags": {
              "APP_NAME": "apma",
              "ENVIRONMENT": "dev",
              "JTW_SECRET_VALUE": "secret",
              "JWT_TOKEN_LIFE": "1000",
              "LOGGER_LEVEL": "DEBUG",
              "REGION": "us-east-1"
            },
            "tags_all": {
              "APP_NAME": "apma",
              "ENVIRONMENT": "dev",
              "JTW_SECRET_VALUE": "secret",
              "JWT_TOKEN_LIFE": "1000",
              "LOGGER_LEVEL": "DEBUG",
              "REGION": "us-east-1",
              "iac": "terraform"
            },
            "timeouts": null,
            "ttl": [
              {
                "attribute_name": "",
                "enabled": false
              }
            ],
            "write_capacity": 0
          },
          "sensitive_attributes": [],
          "private": "eyJlMmJmYjczMC1lY2FhLTExZTYtOGY4OC0zNDM2M2JjN2M0YzAiOnsiY3JlYXRlIjoxODAwMDAwMDAwMDAwLCJkZWxldGUiOjYwMDAwMDAwMDAwMCwidXBkYXRlIjozNjAwMDAwMDAwMDAwfSwic2NoZW1hX3ZlcnNpb24iOiIxIn0="
        }
      ]
    },
    {
      "module": "module.token_dynamodb",
      "mode": "managed",
      "type": "aws_dynamodb_table",
      "name": "token-dynamodb-table",
      "provider": "provider[\"registry.terraform.io/hashicorp/aws\"]",
      "instances": [
        {
          "schema_version": 1,
          "attributes": {
            "arn": "arn:aws:dynamodb:us-east-1:233925838033:table/tbl-appma-token-dev",
            "attribute": [
              {
                "name": "id",
                "type": "S"
              }
            ],
            "billing_mode": "PAY_PER_REQUEST",
            "deletion_protection_enabled": false,
            "global_secondary_index": [],
            "hash_key": "id",
            "id": "tbl-appma-token-dev",
            "import_table": [],
            "local_secondary_index": [],
            "name": "tbl-appma-token-dev",
            "point_in_time_recovery": [
              {
                "enabled": false
              }
            ],
            "range_key": null,
            "read_capacity": 0,
            "replica": [],
            "restore_date_time": null,
            "restore_source_name": null,
            "restore_to_latest_time": null,
            "server_side_encryption": [],
            "stream_arn": "",
            "stream_enabled": false,
            "stream_label": "",
            "stream_view_type": "",
            "table_class": "STANDARD",
            "tags": {
              "APP_NAME": "apma",
              "ENVIRONMENT": "dev",
              "JTW_SECRET_VALUE": "secret",
              "JWT_TOKEN_LIFE": "1000",
              "LOGGER_LEVEL": "DEBUG",
              "REGION": "us-east-1"
            },
            "tags_all": {
              "APP_NAME": "apma",
              "ENVIRONMENT": "dev",
              "JTW_SECRET_VALUE": "secret",
              "JWT_TOKEN_LIFE": "1000",
              "LOGGER_LEVEL": "DEBUG",
              "REGION": "us-east-1",
              "iac": "terraform"
            },
            "timeouts": null,
            "ttl": [
              {
                "attribute_name": "",
                "enabled": false
              }
            ],
            "write_capacity": 0
          },
          "sensitive_attributes": [],
          "private": "eyJlMmJmYjczMC1lY2FhLTExZTYtOGY4OC0zNDM2M2JjN2M0YzAiOnsiY3JlYXRlIjoxODAwMDAwMDAwMDAwLCJkZWxldGUiOjYwMDAwMDAwMDAwMCwidXBkYXRlIjozNjAwMDAwMDAwMDAwfSwic2NoZW1hX3ZlcnNpb24iOiIxIn0="
        }
      ]
    },
    {
      "module": "module.users_dynamodb",
      "mode": "managed",
      "type": "aws_dynamodb_table",
      "name": "users-dynamodb-table",
      "provider": "provider[\"registry.terraform.io/hashicorp/aws\"]",
      "instances": [
        {
          "schema_version": 1,
          "attributes": {
            "arn": "arn:aws:dynamodb:us-east-1:233925838033:table/tbl-appma-users-dev",
            "attribute": [
              {
                "name": "id",
                "type": "S"
              }
            ],
            "billing_mode": "PAY_PER_REQUEST",
            "deletion_protection_enabled": false,
            "global_secondary_index": [],
            "hash_key": "id",
            "id": "tbl-appma-users-dev",
            "import_table": [],
            "local_secondary_index": [],
            "name": "tbl-appma-users-dev",
            "point_in_time_recovery": [
              {
                "enabled": false
              }
            ],
            "range_key": null,
            "read_capacity": 0,
            "replica": [],
            "restore_date_time": null,
            "restore_source_name": null,
            "restore_to_latest_time": null,
            "server_side_encryption": [],
            "stream_arn": "",
            "stream_enabled": false,
            "stream_label": "",
            "stream_view_type": "",
            "table_class": "STANDARD",
            "tags": {
              "APP_NAME": "apma",
              "ENVIRONMENT": "dev",
              "JTW_SECRET_VALUE": "secret",
              "JWT_TOKEN_LIFE": "1000",
              "LOGGER_LEVEL": "DEBUG",
              "REGION": "us-east-1"
            },
            "tags_all": {
              "APP_NAME": "apma",
              "ENVIRONMENT": "dev",
              "JTW_SECRET_VALUE": "secret",
              "JWT_TOKEN_LIFE": "1000",
              "LOGGER_LEVEL": "DEBUG",
              "REGION": "us-east-1",
              "iac": "terraform"
            },
            "timeouts": null,
            "ttl": [
              {
                "attribute_name": "",
                "enabled": false
              }
            ],
            "write_capacity": 0
          },
          "sensitive_attributes": [],
          "private": "eyJlMmJmYjczMC1lY2FhLTExZTYtOGY4OC0zNDM2M2JjN2M0YzAiOnsiY3JlYXRlIjoxODAwMDAwMDAwMDAwLCJkZWxldGUiOjYwMDAwMDAwMDAwMCwidXBkYXRlIjozNjAwMDAwMDAwMDAwfSwic2NoZW1hX3ZlcnNpb24iOiIxIn0="
        }
      ]
    }
  ],
  "check_results": [
    {
      "object_kind": "var",
      "config_addr": "module.customers_dynamodb.var.lambda_runtime",
      "status": "pass",
      "objects": [
        {
          "object_addr": "module.customers_dynamodb.var.lambda_runtime",
          "status": "pass"
        }
      ]
    },
    {
      "object_kind": "var",
      "config_addr": "module.customers_dynamodb.var.env",
      "status": "pass",
      "objects": [
        {
          "object_addr": "module.customers_dynamodb.var.env",
          "status": "pass"
        }
      ]
    },
    {
      "object_kind": "var",
      "config_addr": "module.api_gateway_resources_core_customer_update.var.env",
      "status": "pass",
      "objects": [
        {
          "object_addr": "module.api_gateway_resources_core_customer_update.var.env",
          "status": "pass"
        }
      ]
    },
    {
      "object_kind": "var",
      "config_addr": "module.api_gateway_resources_core_customer_find_by_id.var.lambda_runtime",
      "status": "pass",
      "objects": [
        {
          "object_addr": "module.api_gateway_resources_core_customer_find_by_id.var.lambda_runtime",
          "status": "pass"
        }
      ]
    },
    {
      "object_kind": "var",
      "config_addr": "module.api_gateway_resources_core_user_find_by_id.var.lambda_runtime",
      "status": "pass",
      "objects": [
        {
          "object_addr": "module.api_gateway_resources_core_user_find_by_id.var.lambda_runtime",
          "status": "pass"
        }
      ]
    },
    {
      "object_kind": "var",
      "config_addr": "module.users_dynamodb.var.lambda_runtime",
      "status": "pass",
      "objects": [
        {
          "object_addr": "module.users_dynamodb.var.lambda_runtime",
          "status": "pass"
        }
      ]
    },
    {
      "object_kind": "var",
      "config_addr": "module.api_gateway_resources_core_service_update.var.lambda_runtime",
      "status": "pass",
      "objects": [
        {
          "object_addr": "module.api_gateway_resources_core_service_update.var.lambda_runtime",
          "status": "pass"
        }
      ]
    },
    {
      "object_kind": "var",
      "config_addr": "module.api_gateway_resources_core_user_associate-employee.var.env",
      "status": "pass",
      "objects": [
        {
          "object_addr": "module.api_gateway_resources_core_user_associate-employee.var.env",
          "status": "pass"
        }
      ]
    },
    {
      "object_kind": "var",
      "config_addr": "module.api_gateway_resources_core_user_update.var.lambda_runtime",
      "status": "pass",
      "objects": [
        {
          "object_addr": "module.api_gateway_resources_core_user_update.var.lambda_runtime",
          "status": "pass"
        }
      ]
    },
    {
      "object_kind": "var",
      "config_addr": "module.api_gateway_resources_core_user_find_by_id.var.subdomain",
      "status": "pass",
      "objects": [
        {
          "object_addr": "module.api_gateway_resources_core_user_find_by_id.var.subdomain",
          "status": "pass"
        }
      ]
    },
    {
      "object_kind": "var",
      "config_addr": "module.api_gateway_resources_core_service_find_by_id.var.lambda_runtime",
      "status": "pass",
      "objects": [
        {
          "object_addr": "module.api_gateway_resources_core_service_find_by_id.var.lambda_runtime",
          "status": "pass"
        }
      ]
    },
    {
      "object_kind": "var",
      "config_addr": "module.api_gateway_resources_core_service_delete.var.domain",
      "status": "pass",
      "objects": [
        {
          "object_addr": "module.api_gateway_resources_core_service_delete.var.domain",
          "status": "pass"
        }
      ]
    },
    {
      "object_kind": "var",
      "config_addr": "module.api_gateway_resources_core_user_create.var.subdomain",
      "status": "pass",
      "objects": [
        {
          "object_addr": "module.api_gateway_resources_core_user_create.var.subdomain",
          "status": "pass"
        }
      ]
    },
    {
      "object_kind": "var",
      "config_addr": "module.api_gateway_resources_core_service_find_all_or_filter.var.env",
      "status": "pass",
      "objects": [
        {
          "object_addr": "module.api_gateway_resources_core_service_find_all_or_filter.var.env",
          "status": "pass"
        }
      ]
    },
    {
      "object_kind": "var",
      "config_addr": "module.api_gateway_resources_core_customer_delete.var.env",
      "status": "pass",
      "objects": [
        {
          "object_addr": "module.api_gateway_resources_core_customer_delete.var.env",
          "status": "pass"
        }
      ]
    },
    {
      "object_kind": "var",
      "config_addr": "module.api_gateway_resources_core_customer_create.var.env",
      "status": "pass",
      "objects": [
        {
          "object_addr": "module.api_gateway_resources_core_customer_create.var.env",
          "status": "pass"
        }
      ]
    },
    {
      "object_kind": "var",
      "config_addr": "module.services_dynamodb.var.env",
      "status": "pass",
      "objects": [
        {
          "object_addr": "module.services_dynamodb.var.env",
          "status": "pass"
        }
      ]
    },
    {
      "object_kind": "var",
      "config_addr": "module.api_gateway_resources_core_service_update.var.domain",
      "status": "pass",
      "objects": [
        {
          "object_addr": "module.api_gateway_resources_core_service_update.var.domain",
          "status": "pass"
        }
      ]
    },
    {
      "object_kind": "var",
      "config_addr": "module.api_gateway_resources_core_customer_create.var.domain",
      "status": "pass",
      "objects": [
        {
          "object_addr": "module.api_gateway_resources_core_customer_create.var.domain",
          "status": "pass"
        }
      ]
    },
    {
      "object_kind": "var",
      "config_addr": "module.api_gateway_resources_core_user_associate-employee.var.lambda_runtime",
      "status": "pass",
      "objects": [
        {
          "object_addr": "module.api_gateway_resources_core_user_associate-employee.var.lambda_runtime",
          "status": "pass"
        }
      ]
    },
    {
      "object_kind": "var",
      "config_addr": "module.api_gateway_resources_core_service_create.var.domain",
      "status": "pass",
      "objects": [
        {
          "object_addr": "module.api_gateway_resources_core_service_create.var.domain",
          "status": "pass"
        }
      ]
    },
    {
      "object_kind": "var",
      "config_addr": "module.api_gateway_resources_core_service_create.var.lambda_runtime",
      "status": "pass",
      "objects": [
        {
          "object_addr": "module.api_gateway_resources_core_service_create.var.lambda_runtime",
          "status": "pass"
        }
      ]
    },
    {
      "object_kind": "var",
      "config_addr": "module.api_gateway_resources_security_login.var.domain",
      "status": "pass",
      "objects": [
        {
          "object_addr": "module.api_gateway_resources_security_login.var.domain",
          "status": "pass"
        }
      ]
    },
    {
      "object_kind": "var",
      "config_addr": "module.token_dynamodb.var.subdomain",
      "status": "pass",
      "objects": [
        {
          "object_addr": "module.token_dynamodb.var.subdomain",
          "status": "pass"
        }
      ]
    },
    {
      "object_kind": "var",
      "config_addr": "module.api_gateway.var.env",
      "status": "pass",
      "objects": [
        {
          "object_addr": "module.api_gateway.var.env",
          "status": "pass"
        }
      ]
    },
    {
      "object_kind": "var",
      "config_addr": "module.api_gateway_resources_core_service_find_all_or_filter.var.lambda_runtime",
      "status": "pass",
      "objects": [
        {
          "object_addr": "module.api_gateway_resources_core_service_find_all_or_filter.var.lambda_runtime",
          "status": "pass"
        }
      ]
    },
    {
      "object_kind": "var",
      "config_addr": "module.api_gateway.var.domain",
      "status": "pass",
      "objects": [
        {
          "object_addr": "module.api_gateway.var.domain",
          "status": "pass"
        }
      ]
    },
    {
      "object_kind": "var",
      "config_addr": "module.api_gateway_resources_core_customer_find_all_or_filter.var.env",
      "status": "pass",
      "objects": [
        {
          "object_addr": "module.api_gateway_resources_core_customer_find_all_or_filter.var.env",
          "status": "pass"
        }
      ]
    },
    {
      "object_kind": "var",
      "config_addr": "module.api_gateway_resources_core_service_create.var.subdomain",
      "status": "pass",
      "objects": [
        {
          "object_addr": "module.api_gateway_resources_core_service_create.var.subdomain",
          "status": "pass"
        }
      ]
    },
    {
      "object_kind": "var",
      "config_addr": "module.token_dynamodb.var.lambda_runtime",
      "status": "pass",
      "objects": [
        {
          "object_addr": "module.token_dynamodb.var.lambda_runtime",
          "status": "pass"
        }
      ]
    },
    {
      "object_kind": "var",
      "config_addr": "module.users_dynamodb.var.domain",
      "status": "pass",
      "objects": [
        {
          "object_addr": "module.users_dynamodb.var.domain",
          "status": "pass"
        }
      ]
    },
    {
      "object_kind": "var",
      "config_addr": "module.api_gateway_resources_core_service_update.var.env",
      "status": "pass",
      "objects": [
        {
          "object_addr": "module.api_gateway_resources_core_service_update.var.env",
          "status": "pass"
        }
      ]
    },
    {
      "object_kind": "var",
      "config_addr": "module.api_gateway_resources_core_user_create.var.env",
      "status": "pass",
      "objects": [
        {
          "object_addr": "module.api_gateway_resources_core_user_create.var.env",
          "status": "pass"
        }
      ]
    },
    {
      "object_kind": "var",
      "config_addr": "module.api_gateway_resources_core_user_create.var.lambda_runtime",
      "status": "pass",
      "objects": [
        {
          "object_addr": "module.api_gateway_resources_core_user_create.var.lambda_runtime",
          "status": "pass"
        }
      ]
    },
    {
      "object_kind": "var",
      "config_addr": "module.users_dynamodb.var.env",
      "status": "pass",
      "objects": [
        {
          "object_addr": "module.users_dynamodb.var.env",
          "status": "pass"
        }
      ]
    },
    {
      "object_kind": "var",
      "config_addr": "module.api_gateway_resources_security_login.var.subdomain",
      "status": "pass",
      "objects": [
        {
          "object_addr": "module.api_gateway_resources_security_login.var.subdomain",
          "status": "pass"
        }
      ]
    },
    {
      "object_kind": "var",
      "config_addr": "module.api_gateway_resources_core_customer_delete.var.domain",
      "status": "pass",
      "objects": [
        {
          "object_addr": "module.api_gateway_resources_core_customer_delete.var.domain",
          "status": "pass"
        }
      ]
    },
    {
      "object_kind": "var",
      "config_addr": "module.api_gateway_resources_core_service_find_all_or_filter.var.domain",
      "status": "pass",
      "objects": [
        {
          "object_addr": "module.api_gateway_resources_core_service_find_all_or_filter.var.domain",
          "status": "pass"
        }
      ]
    },
    {
      "object_kind": "var",
      "config_addr": "module.api_gateway_resources_core_service_find_all_or_filter.var.subdomain",
      "status": "pass",
      "objects": [
        {
          "object_addr": "module.api_gateway_resources_core_service_find_all_or_filter.var.subdomain",
          "status": "pass"
        }
      ]
    },
    {
      "object_kind": "var",
      "config_addr": "module.api_gateway_resources_core_customer_create.var.subdomain",
      "status": "pass",
      "objects": [
        {
          "object_addr": "module.api_gateway_resources_core_customer_create.var.subdomain",
          "status": "pass"
        }
      ]
    },
    {
      "object_kind": "var",
      "config_addr": "module.api_gateway_resources_core_customer_find_by_id.var.domain",
      "status": "pass",
      "objects": [
        {
          "object_addr": "module.api_gateway_resources_core_customer_find_by_id.var.domain",
          "status": "pass"
        }
      ]
    },
    {
      "object_kind": "var",
      "config_addr": "module.api_gateway_resources_core_customer_delete.var.lambda_runtime",
      "status": "pass",
      "objects": [
        {
          "object_addr": "module.api_gateway_resources_core_customer_delete.var.lambda_runtime",
          "status": "pass"
        }
      ]
    },
    {
      "object_kind": "var",
      "config_addr": "module.api_gateway_resources_core_user_update.var.env",
      "status": "pass",
      "objects": [
        {
          "object_addr": "module.api_gateway_resources_core_user_update.var.env",
          "status": "pass"
        }
      ]
    },
    {
      "object_kind": "var",
      "config_addr": "module.api_gateway.var.subdomain",
      "status": "pass",
      "objects": [
        {
          "object_addr": "module.api_gateway.var.subdomain",
          "status": "pass"
        }
      ]
    },
    {
      "object_kind": "var",
      "config_addr": "module.api_gateway_resources_core_customer_find_all_or_filter.var.subdomain",
      "status": "pass",
      "objects": [
        {
          "object_addr": "module.api_gateway_resources_core_customer_find_all_or_filter.var.subdomain",
          "status": "pass"
        }
      ]
    },
    {
      "object_kind": "var",
      "config_addr": "module.api_gateway_resources_core_customer_create.var.lambda_runtime",
      "status": "pass",
      "objects": [
        {
          "object_addr": "module.api_gateway_resources_core_customer_create.var.lambda_runtime",
          "status": "pass"
        }
      ]
    },
    {
      "object_kind": "var",
      "config_addr": "module.customers_dynamodb.var.subdomain",
      "status": "pass",
      "objects": [
        {
          "object_addr": "module.customers_dynamodb.var.subdomain",
          "status": "pass"
        }
      ]
    },
    {
      "object_kind": "var",
      "config_addr": "module.api_gateway_resources_core_customer_update.var.lambda_runtime",
      "status": "pass",
      "objects": [
        {
          "object_addr": "module.api_gateway_resources_core_customer_update.var.lambda_runtime",
          "status": "pass"
        }
      ]
    },
    {
      "object_kind": "var",
      "config_addr": "module.api_gateway_resources_core_customer_find_all_or_filter.var.lambda_runtime",
      "status": "pass",
      "objects": [
        {
          "object_addr": "module.api_gateway_resources_core_customer_find_all_or_filter.var.lambda_runtime",
          "status": "pass"
        }
      ]
    },
    {
      "object_kind": "var",
      "config_addr": "module.api_gateway_resources_security_login.var.lambda_runtime",
      "status": "pass",
      "objects": [
        {
          "object_addr": "module.api_gateway_resources_security_login.var.lambda_runtime",
          "status": "pass"
        }
      ]
    },
    {
      "object_kind": "var",
      "config_addr": "module.api_gateway_resources_core_customer_find_all_or_filter.var.domain",
      "status": "pass",
      "objects": [
        {
          "object_addr": "module.api_gateway_resources_core_customer_find_all_or_filter.var.domain",
          "status": "pass"
        }
      ]
    },
    {
      "object_kind": "var",
      "config_addr": "module.api_gateway_resources_core_service_create.var.env",
      "status": "pass",
      "objects": [
        {
          "object_addr": "module.api_gateway_resources_core_service_create.var.env",
          "status": "pass"
        }
      ]
    },
    {
      "object_kind": "var",
      "config_addr": "module.api_gateway_resources_core_customer_find_by_id.var.subdomain",
      "status": "pass",
      "objects": [
        {
          "object_addr": "module.api_gateway_resources_core_customer_find_by_id.var.subdomain",
          "status": "pass"
        }
      ]
    },
    {
      "object_kind": "var",
      "config_addr": "module.api_gateway.var.lambda_runtime",
      "status": "pass",
      "objects": [
        {
          "object_addr": "module.api_gateway.var.lambda_runtime",
          "status": "pass"
        }
      ]
    },
    {
      "object_kind": "var",
      "config_addr": "module.api_gateway_resources_core_user_associate-employee.var.subdomain",
      "status": "pass",
      "objects": [
        {
          "object_addr": "module.api_gateway_resources_core_user_associate-employee.var.subdomain",
          "status": "pass"
        }
      ]
    },
    {
      "object_kind": "var",
      "config_addr": "module.api_gateway_resources_core_customer_delete.var.subdomain",
      "status": "pass",
      "objects": [
        {
          "object_addr": "module.api_gateway_resources_core_customer_delete.var.subdomain",
          "status": "pass"
        }
      ]
    },
    {
      "object_kind": "var",
      "config_addr": "module.services_dynamodb.var.subdomain",
      "status": "pass",
      "objects": [
        {
          "object_addr": "module.services_dynamodb.var.subdomain",
          "status": "pass"
        }
      ]
    },
    {
      "object_kind": "var",
      "config_addr": "module.services_dynamodb.var.domain",
      "status": "pass",
      "objects": [
        {
          "object_addr": "module.services_dynamodb.var.domain",
          "status": "pass"
        }
      ]
    },
    {
      "object_kind": "var",
      "config_addr": "module.api_gateway_resources_core_user_associate-employee.var.domain",
      "status": "pass",
      "objects": [
        {
          "object_addr": "module.api_gateway_resources_core_user_associate-employee.var.domain",
          "status": "pass"
        }
      ]
    },
    {
      "object_kind": "var",
      "config_addr": "module.api_gateway_resources_core_service_delete.var.lambda_runtime",
      "status": "pass",
      "objects": [
        {
          "object_addr": "module.api_gateway_resources_core_service_delete.var.lambda_runtime",
          "status": "pass"
        }
      ]
    },
    {
      "object_kind": "var",
      "config_addr": "module.api_gateway_resources_security_authorizer.var.subdomain",
      "status": "pass",
      "objects": [
        {
          "object_addr": "module.api_gateway_resources_security_authorizer.var.subdomain",
          "status": "pass"
        }
      ]
    },
    {
      "object_kind": "var",
      "config_addr": "module.users_dynamodb.var.subdomain",
      "status": "pass",
      "objects": [
        {
          "object_addr": "module.users_dynamodb.var.subdomain",
          "status": "pass"
        }
      ]
    },
    {
      "object_kind": "var",
      "config_addr": "module.services_dynamodb.var.lambda_runtime",
      "status": "pass",
      "objects": [
        {
          "object_addr": "module.services_dynamodb.var.lambda_runtime",
          "status": "pass"
        }
      ]
    },
    {
      "object_kind": "var",
      "config_addr": "module.api_gateway_resources_core_user_create.var.domain",
      "status": "pass",
      "objects": [
        {
          "object_addr": "module.api_gateway_resources_core_user_create.var.domain",
          "status": "pass"
        }
      ]
    },
    {
      "object_kind": "var",
      "config_addr": "module.token_dynamodb.var.domain",
      "status": "pass",
      "objects": [
        {
          "object_addr": "module.token_dynamodb.var.domain",
          "status": "pass"
        }
      ]
    },
    {
      "object_kind": "var",
      "config_addr": "module.api_gateway_resources_core_service_delete.var.env",
      "status": "pass",
      "objects": [
        {
          "object_addr": "module.api_gateway_resources_core_service_delete.var.env",
          "status": "pass"
        }
      ]
    },
    {
      "object_kind": "var",
      "config_addr": "module.api_gateway_resources_core_customer_update.var.domain",
      "status": "pass",
      "objects": [
        {
          "object_addr": "module.api_gateway_resources_core_customer_update.var.domain",
          "status": "pass"
        }
      ]
    },
    {
      "object_kind": "var",
      "config_addr": "module.api_gateway_resources_core_service_delete.var.subdomain",
      "status": "pass",
      "objects": [
        {
          "object_addr": "module.api_gateway_resources_core_service_delete.var.subdomain",
          "status": "pass"
        }
      ]
    },
    {
      "object_kind": "var",
      "config_addr": "module.api_gateway_resources_core_service_find_by_id.var.domain",
      "status": "pass",
      "objects": [
        {
          "object_addr": "module.api_gateway_resources_core_service_find_by_id.var.domain",
          "status": "pass"
        }
      ]
    },
    {
      "object_kind": "var",
      "config_addr": "module.api_gateway_resources_core_user_find_by_id.var.env",
      "status": "pass",
      "objects": [
        {
          "object_addr": "module.api_gateway_resources_core_user_find_by_id.var.env",
          "status": "pass"
        }
      ]
    },
    {
      "object_kind": "var",
      "config_addr": "module.api_gateway_resources_security_authorizer.var.domain",
      "status": "pass",
      "objects": [
        {
          "object_addr": "module.api_gateway_resources_security_authorizer.var.domain",
          "status": "pass"
        }
      ]
    },
    {
      "object_kind": "var",
      "config_addr": "module.customers_dynamodb.var.domain",
      "status": "pass",
      "objects": [
        {
          "object_addr": "module.customers_dynamodb.var.domain",
          "status": "pass"
        }
      ]
    },
    {
      "object_kind": "var",
      "config_addr": "module.token_dynamodb.var.env",
      "status": "pass",
      "objects": [
        {
          "object_addr": "module.token_dynamodb.var.env",
          "status": "pass"
        }
      ]
    },
    {
      "object_kind": "var",
      "config_addr": "module.api_gateway_resources_core_customer_find_by_id.var.env",
      "status": "pass",
      "objects": [
        {
          "object_addr": "module.api_gateway_resources_core_customer_find_by_id.var.env",
          "status": "pass"
        }
      ]
    },
    {
      "object_kind": "var",
      "config_addr": "module.api_gateway_resources_core_service_update.var.subdomain",
      "status": "pass",
      "objects": [
        {
          "object_addr": "module.api_gateway_resources_core_service_update.var.subdomain",
          "status": "pass"
        }
      ]
    },
    {
      "object_kind": "var",
      "config_addr": "module.api_gateway_resources_core_user_update.var.domain",
      "status": "pass",
      "objects": [
        {
          "object_addr": "module.api_gateway_resources_core_user_update.var.domain",
          "status": "pass"
        }
      ]
    },
    {
      "object_kind": "var",
      "config_addr": "module.api_gateway_resources_core_user_find_by_id.var.domain",
      "status": "pass",
      "objects": [
        {
          "object_addr": "module.api_gateway_resources_core_user_find_by_id.var.domain",
          "status": "pass"
        }
      ]
    },
    {
      "object_kind": "var",
      "config_addr": "module.api_gateway_resources_core_user_update.var.subdomain",
      "status": "pass",
      "objects": [
        {
          "object_addr": "module.api_gateway_resources_core_user_update.var.subdomain",
          "status": "pass"
        }
      ]
    },
    {
      "object_kind": "var",
      "config_addr": "module.api_gateway_resources_security_login.var.env",
      "status": "pass",
      "objects": [
        {
          "object_addr": "module.api_gateway_resources_security_login.var.env",
          "status": "pass"
        }
      ]
    },
    {
      "object_kind": "var",
      "config_addr": "module.api_gateway_resources_core_service_find_by_id.var.env",
      "status": "pass",
      "objects": [
        {
          "object_addr": "module.api_gateway_resources_core_service_find_by_id.var.env",
          "status": "pass"
        }
      ]
    },
    {
      "object_kind": "var",
      "config_addr": "module.api_gateway_resources_core_service_find_by_id.var.subdomain",
      "status": "pass",
      "objects": [
        {
          "object_addr": "module.api_gateway_resources_core_service_find_by_id.var.subdomain",
          "status": "pass"
        }
      ]
    },
    {
      "object_kind": "var",
      "config_addr": "module.api_gateway_resources_security_authorizer.var.env",
      "status": "pass",
      "objects": [
        {
          "object_addr": "module.api_gateway_resources_security_authorizer.var.env",
          "status": "pass"
        }
      ]
    },
    {
      "object_kind": "var",
      "config_addr": "module.api_gateway_resources_security_authorizer.var.lambda_runtime",
      "status": "pass",
      "objects": [
        {
          "object_addr": "module.api_gateway_resources_security_authorizer.var.lambda_runtime",
          "status": "pass"
        }
      ]
    },
    {
      "object_kind": "var",
      "config_addr": "module.api_gateway_resources_core_customer_update.var.subdomain",
      "status": "pass",
      "objects": [
        {
          "object_addr": "module.api_gateway_resources_core_customer_update.var.subdomain",
          "status": "pass"
        }
      ]
    }
  ]
}
