{
  "version": 4,
  "terraform_version": "1.9.2",
  "serial": 284,
  "lineage": "0292a180-aba1-5141-1609-1c4fd9b366bb",
  "outputs": {},
  "resources": [
    {
      "module": "module.api_gateway",
      "mode": "managed",
      "type": "aws_apigatewayv2_api",
      "name": "main",
      "provider": "provider[\"registry.terraform.io/hashicorp/aws\"]",
      "instances": [
        {
          "schema_version": 0,
          "attributes": {
            "api_endpoint": "https://1xfslfeqxf.execute-api.us-east-1.amazonaws.com",
            "api_key_selection_expression": "$request.header.x-api-key",
            "arn": "arn:aws:apigateway:us-east-1::/apis/1xfslfeqxf",
            "body": null,
            "cors_configuration": [
              {
                "allow_credentials": false,
                "allow_headers": [
                  "*"
                ],
                "allow_methods": [
                  "DELETE",
                  "GET",
                  "OPTIONS",
                  "POST",
                  "PUT"
                ],
                "allow_origins": [
                  "*",
                  "http://localhost:3000"
                ],
                "expose_headers": [],
                "max_age": 300
              }
            ],
            "credentials_arn": null,
            "description": "api-appma-dev API Gateway",
            "disable_execute_api_endpoint": false,
            "execution_arn": "arn:aws:execute-api:us-east-1:233925838033:1xfslfeqxf",
            "fail_on_warnings": null,
            "id": "1xfslfeqxf",
            "name": "api-appma-dev",
            "protocol_type": "HTTP",
            "route_key": null,
            "route_selection_expression": "$request.method $request.path",
            "tags": {},
            "tags_all": {
              "iac": "terraform"
            },
            "target": null,
            "version": ""
          },
          "sensitive_attributes": [],
          "private": "bnVsbA=="
        }
      ]
    },
    {
      "module": "module.api_gateway",
      "mode": "managed",
      "type": "aws_apigatewayv2_stage",
      "name": "dev",
      "provider": "provider[\"registry.terraform.io/hashicorp/aws\"]",
      "instances": [
        {
          "schema_version": 0,
          "attributes": {
            "access_log_settings": [
              {
                "destination_arn": "arn:aws:logs:us-east-1:233925838033:log-group:/aws/api-gw/api-appma-dev",
                "format": "{\"apiGatewayError\":\"$context.error.message\",\"authorizationError\":\"$context.authorizer.error\",\"httpMethod\":\"$context.httpMethod\",\"integrationErrorMessage\":\"$context.integrationErrorMessage\",\"integrationRealError\":\"$context.integration.error\",\"protocol\":\"$context.protocol\",\"requestId\":\"$context.requestId\",\"requestTime\":\"$context.requestTime\",\"resourcePath\":\"$context.resourcePath\",\"responseLength\":\"$context.responseLength\",\"routeKey\":\"$context.routeKey\",\"sourceIp\":\"$context.identity.sourceIp\",\"status\":\"$context.status\"}"
              }
            ],
            "api_id": "1xfslfeqxf",
            "arn": "arn:aws:apigateway:us-east-1::/apis/1xfslfeqxf/stages/dev",
            "auto_deploy": true,
            "client_certificate_id": "",
            "default_route_settings": [
              {
                "data_trace_enabled": false,
                "detailed_metrics_enabled": false,
                "logging_level": "",
                "throttling_burst_limit": 0,
                "throttling_rate_limit": 0
              }
            ],
            "deployment_id": "3m4qn2",
            "description": "",
            "execution_arn": "arn:aws:execute-api:us-east-1:233925838033:1xfslfeqxf/dev",
            "id": "dev",
            "invoke_url": "https://1xfslfeqxf.execute-api.us-east-1.amazonaws.com/dev",
            "name": "dev",
            "route_settings": [],
            "stage_variables": {},
            "tags": {},
            "tags_all": {
              "iac": "terraform"
            }
          },
          "sensitive_attributes": [],
          "private": "bnVsbA==",
          "dependencies": [
            "module.api_gateway.aws_apigatewayv2_api.main",
            "module.api_gateway.aws_cloudwatch_log_group.main_api_gw"
          ]
        }
      ]
    },
    {
      "module": "module.api_gateway",
      "mode": "managed",
      "type": "aws_cloudwatch_log_group",
      "name": "main_api_gw",
      "provider": "provider[\"registry.terraform.io/hashicorp/aws\"]",
      "instances": [
        {
          "schema_version": 0,
          "attributes": {
            "arn": "arn:aws:logs:us-east-1:233925838033:log-group:/aws/api-gw/api-appma-dev",
            "id": "/aws/api-gw/api-appma-dev",
            "kms_key_id": "",
            "log_group_class": "STANDARD",
            "name": "/aws/api-gw/api-appma-dev",
            "name_prefix": "",
            "retention_in_days": 7,
            "skip_destroy": false,
            "tags": {},
            "tags_all": {
              "iac": "terraform"
            }
          },
          "sensitive_attributes": [],
          "private": "bnVsbA==",
          "dependencies": [
            "module.api_gateway.aws_apigatewayv2_api.main"
          ]
        }
      ]
    },
    {
      "module": "module.api_gateway_resources_core_customer_create",
      "mode": "data",
      "type": "archive_file",
      "name": "lambda_package",
      "provider": "provider[\"registry.terraform.io/hashicorp/archive\"]",
      "instances": [
        {
          "schema_version": 0,
          "attributes": {
            "exclude_symlink_directories": null,
            "excludes": null,
            "id": "5ffac32621a595811ec2972425558bfc5735f00d",
            "output_base64sha256": "CjXG3A0l6Zqs1pamAczDH2Q3sn7gVsaCViRZMVtWcSw=",
            "output_base64sha512": "pRO2t4KfZTmzcReTo6BheWaVssrR4kxcsxC0IDeNhdloW+wEdwEL/zV6veRpEjMTPow0cgSU6uCTtHce7k+2FQ==",
            "output_file_mode": null,
            "output_md5": "9f2722af4e75ac313b5d4b0fc9463aef",
            "output_path": "./resources/core/customer-create/index.zip",
            "output_sha": "5ffac32621a595811ec2972425558bfc5735f00d",
            "output_sha256": "0a35c6dc0d25e99aacd696a601ccc31f6437b27ee056c682562459315b56712c",
            "output_sha512": "a513b6b7829f6539b3711793a3a061796695b2cad1e24c5cb310b420378d85d9685bec0477010bff357abde4691233133e8c34720494eae093b4771eee4fb615",
            "output_size": 3055032,
            "source": [],
            "source_content": null,
            "source_content_filename": null,
            "source_dir": "./lambdas/core/customer-create",
            "source_file": null,
            "type": "zip"
          },
          "sensitive_attributes": []
        }
      ]
    },
    {
      "module": "module.api_gateway_resources_core_customer_create",
      "mode": "data",
      "type": "aws_apigatewayv2_api",
      "name": "selected",
      "provider": "provider[\"registry.terraform.io/hashicorp/aws\"]",
      "instances": [
        {
          "schema_version": 0,
          "attributes": {
            "api_endpoint": "https://1xfslfeqxf.execute-api.us-east-1.amazonaws.com",
            "api_id": "1xfslfeqxf",
            "api_key_selection_expression": "$request.header.x-api-key",
            "arn": "arn:aws:apigateway:us-east-1::/apis/1xfslfeqxf",
            "cors_configuration": [
              {
                "allow_credentials": false,
                "allow_headers": [
                  "*"
                ],
                "allow_methods": [
                  "DELETE",
                  "GET",
                  "OPTIONS",
                  "POST",
                  "PUT"
                ],
                "allow_origins": [
                  "*",
                  "http://localhost:3000"
                ],
                "expose_headers": [],
                "max_age": 300
              }
            ],
            "description": "api-appma-dev API Gateway",
            "disable_execute_api_endpoint": false,
            "execution_arn": "arn:aws:execute-api:us-east-1:233925838033:1xfslfeqxf",
            "id": "1xfslfeqxf",
            "name": "api-appma-dev",
            "protocol_type": "HTTP",
            "route_selection_expression": "$request.method $request.path",
            "tags": {
              "iac": "terraform"
            },
            "version": ""
          },
          "sensitive_attributes": []
        }
      ]
    },
    {
      "module": "module.api_gateway_resources_core_customer_create",
      "mode": "data",
      "type": "aws_caller_identity",
      "name": "current",
      "provider": "provider[\"registry.terraform.io/hashicorp/aws\"]",
      "instances": [
        {
          "schema_version": 0,
          "attributes": {
            "account_id": "233925838033",
            "arn": "arn:aws:iam::233925838033:root",
            "id": "233925838033",
            "user_id": "233925838033"
          },
          "sensitive_attributes": []
        }
      ]
    },
    {
      "module": "module.api_gateway_resources_core_customer_create",
      "mode": "data",
      "type": "aws_iam_policy_document",
      "name": "lambda_policy_document",
      "provider": "provider[\"registry.terraform.io/hashicorp/aws\"]",
      "instances": [
        {
          "schema_version": 0,
          "attributes": {
            "id": "1899902370",
            "json": "{\n  \"Version\": \"2012-10-17\",\n  \"Statement\": [\n    {\n      \"Effect\": \"Allow\",\n      \"Action\": [\n        \"dynamodb:Scan\",\n        \"dynamodb:PutItem\"\n      ],\n      \"Resource\": \"arn:aws:dynamodb:us-east-1:233925838033:table/tbl-appma-customers-dev\"\n    }\n  ]\n}",
            "minified_json": "{\"Version\":\"2012-10-17\",\"Statement\":[{\"Effect\":\"Allow\",\"Action\":[\"dynamodb:Scan\",\"dynamodb:PutItem\"],\"Resource\":\"arn:aws:dynamodb:us-east-1:233925838033:table/tbl-appma-customers-dev\"}]}",
            "override_json": null,
            "override_policy_documents": null,
            "policy_id": null,
            "source_json": null,
            "source_policy_documents": null,
            "statement": [
              {
                "actions": [
                  "dynamodb:PutItem",
                  "dynamodb:Scan"
                ],
                "condition": [],
                "effect": "Allow",
                "not_actions": [],
                "not_principals": [],
                "not_resources": [],
                "principals": [],
                "resources": [
                  "arn:aws:dynamodb:us-east-1:233925838033:table/tbl-appma-customers-dev"
                ],
                "sid": ""
              }
            ],
            "version": "2012-10-17"
          },
          "sensitive_attributes": []
        }
      ]
    },
    {
      "module": "module.api_gateway_resources_core_customer_create",
      "mode": "data",
      "type": "aws_region",
      "name": "current",
      "provider": "provider[\"registry.terraform.io/hashicorp/aws\"]",
      "instances": [
        {
          "schema_version": 0,
          "attributes": {
            "description": "US East (N. Virginia)",
            "endpoint": "ec2.us-east-1.amazonaws.com",
            "id": "us-east-1",
            "name": "us-east-1"
          },
          "sensitive_attributes": []
        }
      ]
    },
    {
      "module": "module.api_gateway_resources_core_customer_create",
      "mode": "managed",
      "type": "aws_apigatewayv2_integration",
      "name": "lambda_handler",
      "provider": "provider[\"registry.terraform.io/hashicorp/aws\"]",
      "instances": [
        {
          "schema_version": 0,
          "attributes": {
            "api_id": "1xfslfeqxf",
            "connection_id": "",
            "connection_type": "INTERNET",
            "content_handling_strategy": "",
            "credentials_arn": "",
            "description": "",
            "id": "shp4pqr",
            "integration_method": "POST",
            "integration_response_selection_expression": "",
            "integration_subtype": "",
            "integration_type": "AWS_PROXY",
            "integration_uri": "arn:aws:apigateway:us-east-1:lambda:path/2015-03-31/functions/arn:aws:lambda:us-east-1:233925838033:function:lmb-appma-core-customers-create-dev/invocations",
            "passthrough_behavior": "",
            "payload_format_version": "1.0",
            "request_parameters": {},
            "request_templates": {},
            "response_parameters": [],
            "template_selection_expression": "",
            "timeout_milliseconds": 30000,
            "tls_config": []
          },
          "sensitive_attributes": [],
          "private": "bnVsbA==",
          "dependencies": [
            "module.api_gateway.aws_apigatewayv2_api.main",
            "module.api_gateway.aws_apigatewayv2_stage.dev",
            "module.api_gateway.aws_cloudwatch_log_group.main_api_gw",
            "module.api_gateway_resources_core_customer_create.aws_iam_role.lambda_role",
            "module.api_gateway_resources_core_customer_create.aws_lambda_function.html_lambda",
            "module.api_gateway_resources_core_customer_create.data.archive_file.lambda_package",
            "module.api_gateway_resources_core_customer_create.data.aws_apigatewayv2_api.selected",
            "module.customers_dynamodb.aws_dynamodb_table.customers-dynamodb-table"
          ]
        }
      ]
    },
    {
      "module": "module.api_gateway_resources_core_customer_create",
      "mode": "managed",
      "type": "aws_apigatewayv2_route",
      "name": "post_handler",
      "provider": "provider[\"registry.terraform.io/hashicorp/aws\"]",
      "instances": [
        {
          "schema_version": 0,
          "attributes": {
            "api_id": "1xfslfeqxf",
            "api_key_required": false,
            "authorization_scopes": [],
            "authorization_type": "CUSTOM",
            "authorizer_id": "8ylzuh",
            "id": "vhzq7so",
            "model_selection_expression": "",
            "operation_name": "",
            "request_models": {},
            "request_parameter": [],
            "route_key": "POST /api/core/customers",
            "route_response_selection_expression": "",
            "target": "integrations/shp4pqr"
          },
          "sensitive_attributes": [],
          "private": "bnVsbA==",
          "dependencies": [
            "module.api_gateway.aws_apigatewayv2_api.main",
            "module.api_gateway.aws_apigatewayv2_stage.dev",
            "module.api_gateway.aws_cloudwatch_log_group.main_api_gw",
            "module.api_gateway_resources_core_customer_create.aws_apigatewayv2_integration.lambda_handler",
            "module.api_gateway_resources_core_customer_create.aws_iam_role.lambda_role",
            "module.api_gateway_resources_core_customer_create.aws_lambda_function.html_lambda",
            "module.api_gateway_resources_core_customer_create.data.archive_file.lambda_package",
            "module.api_gateway_resources_core_customer_create.data.aws_apigatewayv2_api.selected",
            "module.api_gateway_resources_security_authorizer.aws_apigatewayv2_authorizer.header_based_authorizer",
            "module.api_gateway_resources_security_authorizer.aws_iam_role.lambda_role",
            "module.api_gateway_resources_security_authorizer.aws_lambda_function.html_lambda",
            "module.api_gateway_resources_security_authorizer.data.archive_file.lambda_package",
            "module.api_gateway_resources_security_authorizer.data.aws_apigatewayv2_api.selected",
            "module.customers_dynamodb.aws_dynamodb_table.customers-dynamodb-table"
          ]
        }
      ]
    },
    {
      "module": "module.api_gateway_resources_core_customer_create",
      "mode": "managed",
      "type": "aws_cloudwatch_log_group",
      "name": "html_loggroup_lambda",
      "provider": "provider[\"registry.terraform.io/hashicorp/aws\"]",
      "instances": [
        {
          "schema_version": 0,
          "attributes": {
            "arn": "arn:aws:logs:us-east-1:233925838033:log-group:/aws/lambda/lmb-appma-core-customers-create-dev",
            "id": "/aws/lambda/lmb-appma-core-customers-create-dev",
            "kms_key_id": "",
            "log_group_class": "STANDARD",
            "name": "/aws/lambda/lmb-appma-core-customers-create-dev",
            "name_prefix": "",
            "retention_in_days": 0,
            "skip_destroy": false,
            "tags": {},
            "tags_all": {
              "iac": "terraform"
            }
          },
          "sensitive_attributes": [],
          "private": "bnVsbA==",
          "dependencies": [
            "module.api_gateway.aws_apigatewayv2_api.main",
            "module.api_gateway.aws_apigatewayv2_stage.dev",
            "module.api_gateway.aws_cloudwatch_log_group.main_api_gw",
            "module.api_gateway_resources_core_customer_create.aws_iam_role.lambda_role",
            "module.api_gateway_resources_core_customer_create.aws_lambda_function.html_lambda",
            "module.api_gateway_resources_core_customer_create.data.archive_file.lambda_package",
            "module.customers_dynamodb.aws_dynamodb_table.customers-dynamodb-table"
          ]
        }
      ]
    },
    {
      "module": "module.api_gateway_resources_core_customer_create",
      "mode": "managed",
      "type": "aws_iam_policy",
      "name": "dynamodb_lambda_policy",
      "provider": "provider[\"registry.terraform.io/hashicorp/aws\"]",
      "instances": [
        {
          "schema_version": 0,
          "attributes": {
            "arn": "arn:aws:iam::233925838033:policy/policy-appma-core-customers-create-dev",
            "attachment_count": 1,
            "description": "This policy will be used by the lambda to write get data from DynamoDB",
            "id": "arn:aws:iam::233925838033:policy/policy-appma-core-customers-create-dev",
            "name": "policy-appma-core-customers-create-dev",
            "name_prefix": "",
            "path": "/",
            "policy": "{\"Statement\":[{\"Action\":[\"dynamodb:Scan\",\"dynamodb:PutItem\"],\"Effect\":\"Allow\",\"Resource\":\"arn:aws:dynamodb:us-east-1:233925838033:table/tbl-appma-customers-dev\"}],\"Version\":\"2012-10-17\"}",
            "policy_id": "ANPATM5YRATISYHFZGAHZ",
            "tags": {},
            "tags_all": {
              "iac": "terraform"
            }
          },
          "sensitive_attributes": [],
          "private": "bnVsbA==",
          "dependencies": [
            "module.api_gateway.aws_apigatewayv2_api.main",
            "module.api_gateway.aws_apigatewayv2_stage.dev",
            "module.api_gateway.aws_cloudwatch_log_group.main_api_gw",
            "module.api_gateway_resources_core_customer_create.data.aws_caller_identity.current",
            "module.api_gateway_resources_core_customer_create.data.aws_iam_policy_document.lambda_policy_document",
            "module.api_gateway_resources_core_customer_create.data.aws_region.current",
            "module.customers_dynamodb.aws_dynamodb_table.customers-dynamodb-table"
          ]
        }
      ]
    },
    {
      "module": "module.api_gateway_resources_core_customer_create",
      "mode": "managed",
      "type": "aws_iam_role",
      "name": "lambda_role",
      "provider": "provider[\"registry.terraform.io/hashicorp/aws\"]",
      "instances": [
        {
          "schema_version": 0,
          "attributes": {
            "arn": "arn:aws:iam::233925838033:role/role-appma-core-customers-create-dev",
            "assume_role_policy": "{\"Statement\":[{\"Action\":\"sts:AssumeRole\",\"Effect\":\"Allow\",\"Principal\":{\"Service\":\"lambda.amazonaws.com\"}}],\"Version\":\"2012-10-17\"}",
            "create_date": "2024-07-24T19:39:37Z",
            "description": "",
            "force_detach_policies": false,
            "id": "role-appma-core-customers-create-dev",
            "inline_policy": [],
            "managed_policy_arns": [
              "arn:aws:iam::233925838033:policy/policy-appma-core-customers-create-dev",
              "arn:aws:iam::aws:policy/service-role/AWSLambdaBasicExecutionRole"
            ],
            "max_session_duration": 3600,
            "name": "role-appma-core-customers-create-dev",
            "name_prefix": "",
            "path": "/",
            "permissions_boundary": "",
            "tags": {},
            "tags_all": {
              "iac": "terraform"
            },
            "unique_id": "AROATM5YRATIQCOT2R2MC"
          },
          "sensitive_attributes": [],
          "private": "bnVsbA==",
          "dependencies": [
            "module.api_gateway.aws_apigatewayv2_api.main",
            "module.api_gateway.aws_apigatewayv2_stage.dev",
            "module.api_gateway.aws_cloudwatch_log_group.main_api_gw",
            "module.customers_dynamodb.aws_dynamodb_table.customers-dynamodb-table"
          ]
        }
      ]
    },
    {
      "module": "module.api_gateway_resources_core_customer_create",
      "mode": "managed",
      "type": "aws_iam_role_policy_attachment",
      "name": "lambda_attachements",
      "provider": "provider[\"registry.terraform.io/hashicorp/aws\"]",
      "instances": [
        {
          "schema_version": 0,
          "attributes": {
            "id": "role-appma-core-customers-create-dev-2024072419395804320000000f",
            "policy_arn": "arn:aws:iam::233925838033:policy/policy-appma-core-customers-create-dev",
            "role": "role-appma-core-customers-create-dev"
          },
          "sensitive_attributes": [],
          "private": "bnVsbA==",
          "dependencies": [
            "module.api_gateway.aws_apigatewayv2_api.main",
            "module.api_gateway.aws_apigatewayv2_stage.dev",
            "module.api_gateway.aws_cloudwatch_log_group.main_api_gw",
            "module.api_gateway_resources_core_customer_create.aws_iam_policy.dynamodb_lambda_policy",
            "module.api_gateway_resources_core_customer_create.aws_iam_role.lambda_role",
            "module.api_gateway_resources_core_customer_create.data.aws_caller_identity.current",
            "module.api_gateway_resources_core_customer_create.data.aws_iam_policy_document.lambda_policy_document",
            "module.api_gateway_resources_core_customer_create.data.aws_region.current",
            "module.customers_dynamodb.aws_dynamodb_table.customers-dynamodb-table"
          ]
        }
      ]
    },
    {
      "module": "module.api_gateway_resources_core_customer_create",
      "mode": "managed",
      "type": "aws_iam_role_policy_attachment",
      "name": "lambda_role_policy",
      "provider": "provider[\"registry.terraform.io/hashicorp/aws\"]",
      "instances": [
        {
          "schema_version": 0,
          "attributes": {
            "id": "role-appma-core-customers-create-dev-20240724193941153200000005",
            "policy_arn": "arn:aws:iam::aws:policy/service-role/AWSLambdaBasicExecutionRole",
            "role": "role-appma-core-customers-create-dev"
          },
          "sensitive_attributes": [],
          "private": "bnVsbA==",
          "dependencies": [
            "module.api_gateway.aws_apigatewayv2_api.main",
            "module.api_gateway.aws_apigatewayv2_stage.dev",
            "module.api_gateway.aws_cloudwatch_log_group.main_api_gw",
            "module.api_gateway_resources_core_customer_create.aws_iam_role.lambda_role",
            "module.customers_dynamodb.aws_dynamodb_table.customers-dynamodb-table"
          ]
        }
      ]
    },
    {
      "module": "module.api_gateway_resources_core_customer_create",
      "mode": "managed",
      "type": "aws_lambda_function",
      "name": "html_lambda",
      "provider": "provider[\"registry.terraform.io/hashicorp/aws\"]",
      "instances": [
        {
          "schema_version": 0,
          "attributes": {
            "architectures": [
              "arm64"
            ],
            "arn": "arn:aws:lambda:us-east-1:233925838033:function:lmb-appma-core-customers-create-dev",
            "code_sha256": "CjXG3A0l6Zqs1pamAczDH2Q3sn7gVsaCViRZMVtWcSw=",
            "code_signing_config_arn": "",
            "dead_letter_config": [],
            "description": "",
            "environment": [],
            "ephemeral_storage": [
              {
                "size": 512
              }
            ],
            "file_system_config": [],
            "filename": "./resources/core/customer-create/index.zip",
            "function_name": "lmb-appma-core-customers-create-dev",
            "handler": "index.handler",
            "id": "lmb-appma-core-customers-create-dev",
            "image_config": [],
            "image_uri": "",
            "invoke_arn": "arn:aws:apigateway:us-east-1:lambda:path/2015-03-31/functions/arn:aws:lambda:us-east-1:233925838033:function:lmb-appma-core-customers-create-dev/invocations",
            "kms_key_arn": "",
            "last_modified": "2024-07-24T19:40:50.891+0000",
            "layers": [],
            "logging_config": [
              {
                "application_log_level": "",
                "log_format": "Text",
                "log_group": "/aws/lambda/lmb-appma-core-customers-create-dev",
                "system_log_level": ""
              }
            ],
            "memory_size": 128,
            "package_type": "Zip",
            "publish": false,
            "qualified_arn": "arn:aws:lambda:us-east-1:233925838033:function:lmb-appma-core-customers-create-dev:$LATEST",
            "qualified_invoke_arn": "arn:aws:apigateway:us-east-1:lambda:path/2015-03-31/functions/arn:aws:lambda:us-east-1:233925838033:function:lmb-appma-core-customers-create-dev:$LATEST/invocations",
            "replace_security_groups_on_destroy": null,
            "replacement_security_group_ids": null,
            "reserved_concurrent_executions": -1,
            "role": "arn:aws:iam::233925838033:role/role-appma-core-customers-create-dev",
            "runtime": "nodejs20.x",
            "s3_bucket": null,
            "s3_key": null,
            "s3_object_version": null,
            "signing_job_arn": "",
            "signing_profile_version_arn": "",
            "skip_destroy": false,
            "snap_start": [],
            "source_code_hash": "CjXG3A0l6Zqs1pamAczDH2Q3sn7gVsaCViRZMVtWcSw=",
            "source_code_size": 3055032,
            "tags": {
              "component": "customers-create",
              "domain": "core",
              "env": "dev"
            },
            "tags_all": {
              "component": "customers-create",
              "domain": "core",
              "env": "dev",
              "iac": "terraform"
            },
            "timeout": 30,
            "timeouts": null,
            "tracing_config": [
              {
                "mode": "PassThrough"
              }
            ],
            "version": "$LATEST",
            "vpc_config": []
          },
          "sensitive_attributes": [],
          "private": "eyJlMmJmYjczMC1lY2FhLTExZTYtOGY4OC0zNDM2M2JjN2M0YzAiOnsiY3JlYXRlIjo2MDAwMDAwMDAwMDAsImRlbGV0ZSI6NjAwMDAwMDAwMDAwLCJ1cGRhdGUiOjYwMDAwMDAwMDAwMH19",
          "dependencies": [
            "module.api_gateway.aws_apigatewayv2_api.main",
            "module.api_gateway.aws_apigatewayv2_stage.dev",
            "module.api_gateway.aws_cloudwatch_log_group.main_api_gw",
            "module.api_gateway_resources_core_customer_create.aws_iam_role.lambda_role",
            "module.api_gateway_resources_core_customer_create.data.archive_file.lambda_package",
            "module.customers_dynamodb.aws_dynamodb_table.customers-dynamodb-table"
          ]
        }
      ]
    },
    {
      "module": "module.api_gateway_resources_core_customer_create",
      "mode": "managed",
      "type": "aws_lambda_permission",
      "name": "api_gw",
      "provider": "provider[\"registry.terraform.io/hashicorp/aws\"]",
      "instances": [
        {
          "schema_version": 0,
          "attributes": {
            "action": "lambda:InvokeFunction",
            "event_source_token": null,
            "function_name": "lmb-appma-core-customers-create-dev",
            "function_url_auth_type": null,
            "id": "AllowExecutionFromAPIGateway",
            "principal": "apigateway.amazonaws.com",
            "principal_org_id": null,
            "qualifier": "",
            "source_account": null,
            "source_arn": "arn:aws:execute-api:us-east-1:233925838033:1xfslfeqxf/*/*",
            "statement_id": "AllowExecutionFromAPIGateway",
            "statement_id_prefix": ""
          },
          "sensitive_attributes": [],
          "private": "bnVsbA==",
          "dependencies": [
            "module.api_gateway.aws_apigatewayv2_api.main",
            "module.api_gateway.aws_apigatewayv2_stage.dev",
            "module.api_gateway.aws_cloudwatch_log_group.main_api_gw",
            "module.api_gateway_resources_core_customer_create.aws_iam_role.lambda_role",
            "module.api_gateway_resources_core_customer_create.aws_lambda_function.html_lambda",
            "module.api_gateway_resources_core_customer_create.data.archive_file.lambda_package",
            "module.api_gateway_resources_core_customer_create.data.aws_apigatewayv2_api.selected",
            "module.customers_dynamodb.aws_dynamodb_table.customers-dynamodb-table"
          ]
        }
      ]
    },
    {
      "module": "module.api_gateway_resources_core_customer_delete",
      "mode": "data",
      "type": "archive_file",
      "name": "lambda_package",
      "provider": "provider[\"registry.terraform.io/hashicorp/archive\"]",
      "instances": [
        {
          "schema_version": 0,
          "attributes": {
            "exclude_symlink_directories": null,
            "excludes": null,
            "id": "d9185b601067230c745ee18eec4faa3a59ea2f42",
            "output_base64sha256": "FhZBK0pE9H8vCGkQvxRUowr/Y5KJz66wDJueLTEXM8g=",
            "output_base64sha512": "LN2nrkVBZJI5/k6AbnjHGhvXzngmeos/KftUdZtrTtHys1vd4Huz32CgEnMjvbKNdQMl59qG6E8+fQbex9Qxsw==",
            "output_file_mode": null,
            "output_md5": "2e607a71b880aab72b2b86860e5438c6",
            "output_path": "./resources/core/customer-delete-by-id/index.zip",
            "output_sha": "d9185b601067230c745ee18eec4faa3a59ea2f42",
            "output_sha256": "1616412b4a44f47f2f086910bf1454a30aff639289cfaeb00c9b9e2d311733c8",
            "output_sha512": "2cdda7ae4541649239fe4e806e78c71a1bd7ce78267a8b3f29fb54759b6b4ed1f2b35bdde07bb3df60a0127323bdb28d750325e7da86e84f3e7d06dec7d431b3",
            "output_size": 2776947,
            "source": [],
            "source_content": null,
            "source_content_filename": null,
            "source_dir": "./lambdas/core/customer-delete-by-id",
            "source_file": null,
            "type": "zip"
          },
          "sensitive_attributes": []
        }
      ]
    },
    {
      "module": "module.api_gateway_resources_core_customer_delete",
      "mode": "data",
      "type": "aws_apigatewayv2_api",
      "name": "selected",
      "provider": "provider[\"registry.terraform.io/hashicorp/aws\"]",
      "instances": [
        {
          "schema_version": 0,
          "attributes": {
            "api_endpoint": "https://1xfslfeqxf.execute-api.us-east-1.amazonaws.com",
            "api_id": "1xfslfeqxf",
            "api_key_selection_expression": "$request.header.x-api-key",
            "arn": "arn:aws:apigateway:us-east-1::/apis/1xfslfeqxf",
            "cors_configuration": [
              {
                "allow_credentials": false,
                "allow_headers": [
                  "*"
                ],
                "allow_methods": [
                  "DELETE",
                  "GET",
                  "OPTIONS",
                  "POST",
                  "PUT"
                ],
                "allow_origins": [
                  "*",
                  "http://localhost:3000"
                ],
                "expose_headers": [],
                "max_age": 300
              }
            ],
            "description": "api-appma-dev API Gateway",
            "disable_execute_api_endpoint": false,
            "execution_arn": "arn:aws:execute-api:us-east-1:233925838033:1xfslfeqxf",
            "id": "1xfslfeqxf",
            "name": "api-appma-dev",
            "protocol_type": "HTTP",
            "route_selection_expression": "$request.method $request.path",
            "tags": {
              "iac": "terraform"
            },
            "version": ""
          },
          "sensitive_attributes": []
        }
      ]
    },
    {
      "module": "module.api_gateway_resources_core_customer_delete",
      "mode": "data",
      "type": "aws_caller_identity",
      "name": "current",
      "provider": "provider[\"registry.terraform.io/hashicorp/aws\"]",
      "instances": [
        {
          "schema_version": 0,
          "attributes": {
            "account_id": "233925838033",
            "arn": "arn:aws:iam::233925838033:root",
            "id": "233925838033",
            "user_id": "233925838033"
          },
          "sensitive_attributes": []
        }
      ]
    },
    {
      "module": "module.api_gateway_resources_core_customer_delete",
      "mode": "data",
      "type": "aws_iam_policy_document",
      "name": "lambda_policy_document",
      "provider": "provider[\"registry.terraform.io/hashicorp/aws\"]",
      "instances": [
        {
          "schema_version": 0,
          "attributes": {
            "id": "1539524332",
            "json": "{\n  \"Version\": \"2012-10-17\",\n  \"Statement\": [\n    {\n      \"Effect\": \"Allow\",\n      \"Action\": \"dynamodb:DeleteItem\",\n      \"Resource\": \"arn:aws:dynamodb:us-east-1:233925838033:table/tbl-appma-customers-dev\"\n    }\n  ]\n}",
            "minified_json": "{\"Version\":\"2012-10-17\",\"Statement\":[{\"Effect\":\"Allow\",\"Action\":\"dynamodb:DeleteItem\",\"Resource\":\"arn:aws:dynamodb:us-east-1:233925838033:table/tbl-appma-customers-dev\"}]}",
            "override_json": null,
            "override_policy_documents": null,
            "policy_id": null,
            "source_json": null,
            "source_policy_documents": null,
            "statement": [
              {
                "actions": [
                  "dynamodb:DeleteItem"
                ],
                "condition": [],
                "effect": "Allow",
                "not_actions": [],
                "not_principals": [],
                "not_resources": [],
                "principals": [],
                "resources": [
                  "arn:aws:dynamodb:us-east-1:233925838033:table/tbl-appma-customers-dev"
                ],
                "sid": ""
              }
            ],
            "version": "2012-10-17"
          },
          "sensitive_attributes": []
        }
      ]
    },
    {
      "module": "module.api_gateway_resources_core_customer_delete",
      "mode": "data",
      "type": "aws_region",
      "name": "current",
      "provider": "provider[\"registry.terraform.io/hashicorp/aws\"]",
      "instances": [
        {
          "schema_version": 0,
          "attributes": {
            "description": "US East (N. Virginia)",
            "endpoint": "ec2.us-east-1.amazonaws.com",
            "id": "us-east-1",
            "name": "us-east-1"
          },
          "sensitive_attributes": []
        }
      ]
    },
    {
      "module": "module.api_gateway_resources_core_customer_delete",
      "mode": "managed",
      "type": "aws_apigatewayv2_integration",
      "name": "lambda_handler",
      "provider": "provider[\"registry.terraform.io/hashicorp/aws\"]",
      "instances": [
        {
          "schema_version": 0,
          "attributes": {
            "api_id": "1xfslfeqxf",
            "connection_id": "",
            "connection_type": "INTERNET",
            "content_handling_strategy": "",
            "credentials_arn": "",
            "description": "",
            "id": "6xxtusi",
            "integration_method": "POST",
            "integration_response_selection_expression": "",
            "integration_subtype": "",
            "integration_type": "AWS_PROXY",
            "integration_uri": "arn:aws:apigateway:us-east-1:lambda:path/2015-03-31/functions/arn:aws:lambda:us-east-1:233925838033:function:lmb-appma-core-customers-delete-by-id-dev/invocations",
            "passthrough_behavior": "",
            "payload_format_version": "1.0",
            "request_parameters": {},
            "request_templates": {},
            "response_parameters": [],
            "template_selection_expression": "",
            "timeout_milliseconds": 30000,
            "tls_config": []
          },
          "sensitive_attributes": [],
          "private": "bnVsbA==",
          "dependencies": [
            "module.api_gateway.aws_apigatewayv2_api.main",
            "module.api_gateway.aws_apigatewayv2_stage.dev",
            "module.api_gateway.aws_cloudwatch_log_group.main_api_gw",
            "module.api_gateway_resources_core_customer_delete.aws_iam_role.lambda_role",
            "module.api_gateway_resources_core_customer_delete.aws_lambda_function.html_lambda",
            "module.api_gateway_resources_core_customer_delete.data.archive_file.lambda_package",
            "module.api_gateway_resources_core_customer_delete.data.aws_apigatewayv2_api.selected",
            "module.customers_dynamodb.aws_dynamodb_table.customers-dynamodb-table"
          ]
        }
      ]
    },
    {
      "module": "module.api_gateway_resources_core_customer_delete",
      "mode": "managed",
      "type": "aws_apigatewayv2_route",
      "name": "post_handler",
      "provider": "provider[\"registry.terraform.io/hashicorp/aws\"]",
      "instances": [
        {
          "schema_version": 0,
          "attributes": {
            "api_id": "1xfslfeqxf",
            "api_key_required": false,
            "authorization_scopes": [],
            "authorization_type": "CUSTOM",
            "authorizer_id": "8ylzuh",
            "id": "kc232wt",
            "model_selection_expression": "",
            "operation_name": "",
            "request_models": {},
            "request_parameter": [],
            "route_key": "DELETE /api/core/customers/{id}",
            "route_response_selection_expression": "",
            "target": "integrations/6xxtusi"
          },
          "sensitive_attributes": [],
          "private": "bnVsbA==",
          "dependencies": [
            "module.api_gateway.aws_apigatewayv2_api.main",
            "module.api_gateway.aws_apigatewayv2_stage.dev",
            "module.api_gateway.aws_cloudwatch_log_group.main_api_gw",
            "module.api_gateway_resources_core_customer_delete.aws_apigatewayv2_integration.lambda_handler",
            "module.api_gateway_resources_core_customer_delete.aws_iam_role.lambda_role",
            "module.api_gateway_resources_core_customer_delete.aws_lambda_function.html_lambda",
            "module.api_gateway_resources_core_customer_delete.data.archive_file.lambda_package",
            "module.api_gateway_resources_core_customer_delete.data.aws_apigatewayv2_api.selected",
            "module.api_gateway_resources_security_authorizer.aws_apigatewayv2_authorizer.header_based_authorizer",
            "module.api_gateway_resources_security_authorizer.aws_iam_role.lambda_role",
            "module.api_gateway_resources_security_authorizer.aws_lambda_function.html_lambda",
            "module.api_gateway_resources_security_authorizer.data.archive_file.lambda_package",
            "module.api_gateway_resources_security_authorizer.data.aws_apigatewayv2_api.selected",
            "module.customers_dynamodb.aws_dynamodb_table.customers-dynamodb-table"
          ]
        }
      ]
    },
    {
      "module": "module.api_gateway_resources_core_customer_delete",
      "mode": "managed",
      "type": "aws_cloudwatch_log_group",
      "name": "html_loggroup_lambda",
      "provider": "provider[\"registry.terraform.io/hashicorp/aws\"]",
      "instances": [
        {
          "schema_version": 0,
          "attributes": {
            "arn": "arn:aws:logs:us-east-1:233925838033:log-group:/aws/lambda/lmb-appma-core-customers-delete-by-id-dev",
            "id": "/aws/lambda/lmb-appma-core-customers-delete-by-id-dev",
            "kms_key_id": "",
            "log_group_class": "STANDARD",
            "name": "/aws/lambda/lmb-appma-core-customers-delete-by-id-dev",
            "name_prefix": "",
            "retention_in_days": 0,
            "skip_destroy": false,
            "tags": {},
            "tags_all": {
              "iac": "terraform"
            }
          },
          "sensitive_attributes": [],
          "private": "bnVsbA==",
          "dependencies": [
            "module.api_gateway.aws_apigatewayv2_api.main",
            "module.api_gateway.aws_apigatewayv2_stage.dev",
            "module.api_gateway.aws_cloudwatch_log_group.main_api_gw",
            "module.api_gateway_resources_core_customer_delete.aws_iam_role.lambda_role",
            "module.api_gateway_resources_core_customer_delete.aws_lambda_function.html_lambda",
            "module.api_gateway_resources_core_customer_delete.data.archive_file.lambda_package",
            "module.customers_dynamodb.aws_dynamodb_table.customers-dynamodb-table"
          ]
        }
      ]
    },
    {
      "module": "module.api_gateway_resources_core_customer_delete",
      "mode": "managed",
      "type": "aws_iam_policy",
      "name": "dynamodb_lambda_policy",
      "provider": "provider[\"registry.terraform.io/hashicorp/aws\"]",
      "instances": [
        {
          "schema_version": 0,
          "attributes": {
            "arn": "arn:aws:iam::233925838033:policy/policy-appma-core-customers-delete-by-id-dev",
            "attachment_count": 1,
            "description": "This policy will be used by the lambda to write get data from DynamoDB",
            "id": "arn:aws:iam::233925838033:policy/policy-appma-core-customers-delete-by-id-dev",
            "name": "policy-appma-core-customers-delete-by-id-dev",
            "name_prefix": "",
            "path": "/",
            "policy": "{\"Statement\":[{\"Action\":\"dynamodb:DeleteItem\",\"Effect\":\"Allow\",\"Resource\":\"arn:aws:dynamodb:us-east-1:233925838033:table/tbl-appma-customers-dev\"}],\"Version\":\"2012-10-17\"}",
            "policy_id": "ANPATM5YRATI67UC3NERQ",
            "tags": {},
            "tags_all": {
              "iac": "terraform"
            }
          },
          "sensitive_attributes": [],
          "private": "bnVsbA==",
          "dependencies": [
            "module.api_gateway.aws_apigatewayv2_api.main",
            "module.api_gateway.aws_apigatewayv2_stage.dev",
            "module.api_gateway.aws_cloudwatch_log_group.main_api_gw",
            "module.api_gateway_resources_core_customer_delete.data.aws_caller_identity.current",
            "module.api_gateway_resources_core_customer_delete.data.aws_iam_policy_document.lambda_policy_document",
            "module.api_gateway_resources_core_customer_delete.data.aws_region.current",
            "module.customers_dynamodb.aws_dynamodb_table.customers-dynamodb-table"
          ]
        }
      ]
    },
    {
      "module": "module.api_gateway_resources_core_customer_delete",
      "mode": "managed",
      "type": "aws_iam_role",
      "name": "lambda_role",
      "provider": "provider[\"registry.terraform.io/hashicorp/aws\"]",
      "instances": [
        {
          "schema_version": 0,
          "attributes": {
            "arn": "arn:aws:iam::233925838033:role/role-appma-core-customers-delete-by-id-dev",
            "assume_role_policy": "{\"Statement\":[{\"Action\":\"sts:AssumeRole\",\"Effect\":\"Allow\",\"Principal\":{\"Service\":\"lambda.amazonaws.com\"}}],\"Version\":\"2012-10-17\"}",
            "create_date": "2024-07-24T19:39:38Z",
            "description": "",
            "force_detach_policies": false,
            "id": "role-appma-core-customers-delete-by-id-dev",
            "inline_policy": [],
            "managed_policy_arns": [
              "arn:aws:iam::233925838033:policy/policy-appma-core-customers-delete-by-id-dev",
              "arn:aws:iam::aws:policy/service-role/AWSLambdaBasicExecutionRole"
            ],
            "max_session_duration": 3600,
            "name": "role-appma-core-customers-delete-by-id-dev",
            "name_prefix": "",
            "path": "/",
            "permissions_boundary": "",
            "tags": {},
            "tags_all": {
              "iac": "terraform"
            },
            "unique_id": "AROATM5YRATITQXOLLB5U"
          },
          "sensitive_attributes": [],
          "private": "bnVsbA==",
          "dependencies": [
            "module.api_gateway.aws_apigatewayv2_api.main",
            "module.api_gateway.aws_apigatewayv2_stage.dev",
            "module.api_gateway.aws_cloudwatch_log_group.main_api_gw",
            "module.customers_dynamodb.aws_dynamodb_table.customers-dynamodb-table"
          ]
        }
      ]
    },
    {
      "module": "module.api_gateway_resources_core_customer_delete",
      "mode": "managed",
      "type": "aws_iam_role_policy_attachment",
      "name": "lambda_attachements",
      "provider": "provider[\"registry.terraform.io/hashicorp/aws\"]",
      "instances": [
        {
          "schema_version": 0,
          "attributes": {
            "id": "role-appma-core-customers-delete-by-id-dev-2024072419395466750000000b",
            "policy_arn": "arn:aws:iam::233925838033:policy/policy-appma-core-customers-delete-by-id-dev",
            "role": "role-appma-core-customers-delete-by-id-dev"
          },
          "sensitive_attributes": [],
          "private": "bnVsbA==",
          "dependencies": [
            "module.api_gateway.aws_apigatewayv2_api.main",
            "module.api_gateway.aws_apigatewayv2_stage.dev",
            "module.api_gateway.aws_cloudwatch_log_group.main_api_gw",
            "module.api_gateway_resources_core_customer_delete.aws_iam_policy.dynamodb_lambda_policy",
            "module.api_gateway_resources_core_customer_delete.aws_iam_role.lambda_role",
            "module.api_gateway_resources_core_customer_delete.data.aws_caller_identity.current",
            "module.api_gateway_resources_core_customer_delete.data.aws_iam_policy_document.lambda_policy_document",
            "module.api_gateway_resources_core_customer_delete.data.aws_region.current",
            "module.customers_dynamodb.aws_dynamodb_table.customers-dynamodb-table"
          ]
        }
      ]
    },
    {
      "module": "module.api_gateway_resources_core_customer_delete",
      "mode": "managed",
      "type": "aws_iam_role_policy_attachment",
      "name": "lambda_role_policy",
      "provider": "provider[\"registry.terraform.io/hashicorp/aws\"]",
      "instances": [
        {
          "schema_version": 0,
          "attributes": {
            "id": "role-appma-core-customers-delete-by-id-dev-20240724193941481900000006",
            "policy_arn": "arn:aws:iam::aws:policy/service-role/AWSLambdaBasicExecutionRole",
            "role": "role-appma-core-customers-delete-by-id-dev"
          },
          "sensitive_attributes": [],
          "private": "bnVsbA==",
          "dependencies": [
            "module.api_gateway.aws_apigatewayv2_api.main",
            "module.api_gateway.aws_apigatewayv2_stage.dev",
            "module.api_gateway.aws_cloudwatch_log_group.main_api_gw",
            "module.api_gateway_resources_core_customer_delete.aws_iam_role.lambda_role",
            "module.customers_dynamodb.aws_dynamodb_table.customers-dynamodb-table"
          ]
        }
      ]
    },
    {
      "module": "module.api_gateway_resources_core_customer_delete",
      "mode": "managed",
      "type": "aws_lambda_function",
      "name": "html_lambda",
      "provider": "provider[\"registry.terraform.io/hashicorp/aws\"]",
      "instances": [
        {
          "schema_version": 0,
          "attributes": {
            "architectures": [
              "arm64"
            ],
            "arn": "arn:aws:lambda:us-east-1:233925838033:function:lmb-appma-core-customers-delete-by-id-dev",
            "code_sha256": "FhZBK0pE9H8vCGkQvxRUowr/Y5KJz66wDJueLTEXM8g=",
            "code_signing_config_arn": "",
            "dead_letter_config": [],
            "description": "",
            "environment": [],
            "ephemeral_storage": [
              {
                "size": 512
              }
            ],
            "file_system_config": [],
            "filename": "./resources/core/customer-delete-by-id/index.zip",
            "function_name": "lmb-appma-core-customers-delete-by-id-dev",
            "handler": "index.handler",
            "id": "lmb-appma-core-customers-delete-by-id-dev",
            "image_config": [],
            "image_uri": "",
            "invoke_arn": "arn:aws:apigateway:us-east-1:lambda:path/2015-03-31/functions/arn:aws:lambda:us-east-1:233925838033:function:lmb-appma-core-customers-delete-by-id-dev/invocations",
            "kms_key_arn": "",
            "last_modified": "2024-07-24T19:40:49.837+0000",
            "layers": [],
            "logging_config": [
              {
                "application_log_level": "",
                "log_format": "Text",
                "log_group": "/aws/lambda/lmb-appma-core-customers-delete-by-id-dev",
                "system_log_level": ""
              }
            ],
            "memory_size": 128,
            "package_type": "Zip",
            "publish": false,
            "qualified_arn": "arn:aws:lambda:us-east-1:233925838033:function:lmb-appma-core-customers-delete-by-id-dev:$LATEST",
            "qualified_invoke_arn": "arn:aws:apigateway:us-east-1:lambda:path/2015-03-31/functions/arn:aws:lambda:us-east-1:233925838033:function:lmb-appma-core-customers-delete-by-id-dev:$LATEST/invocations",
            "replace_security_groups_on_destroy": null,
            "replacement_security_group_ids": null,
            "reserved_concurrent_executions": -1,
            "role": "arn:aws:iam::233925838033:role/role-appma-core-customers-delete-by-id-dev",
            "runtime": "nodejs20.x",
            "s3_bucket": null,
            "s3_key": null,
            "s3_object_version": null,
            "signing_job_arn": "",
            "signing_profile_version_arn": "",
            "skip_destroy": false,
            "snap_start": [],
            "source_code_hash": "FhZBK0pE9H8vCGkQvxRUowr/Y5KJz66wDJueLTEXM8g=",
            "source_code_size": 2776947,
            "tags": {
              "component": "customer-delete-by-id",
              "domain": "core",
              "env": "dev"
            },
            "tags_all": {
              "component": "customer-delete-by-id",
              "domain": "core",
              "env": "dev",
              "iac": "terraform"
            },
            "timeout": 30,
            "timeouts": null,
            "tracing_config": [
              {
                "mode": "PassThrough"
              }
            ],
            "version": "$LATEST",
            "vpc_config": []
          },
          "sensitive_attributes": [],
          "private": "eyJlMmJmYjczMC1lY2FhLTExZTYtOGY4OC0zNDM2M2JjN2M0YzAiOnsiY3JlYXRlIjo2MDAwMDAwMDAwMDAsImRlbGV0ZSI6NjAwMDAwMDAwMDAwLCJ1cGRhdGUiOjYwMDAwMDAwMDAwMH19",
          "dependencies": [
            "module.api_gateway.aws_apigatewayv2_api.main",
            "module.api_gateway.aws_apigatewayv2_stage.dev",
            "module.api_gateway.aws_cloudwatch_log_group.main_api_gw",
            "module.api_gateway_resources_core_customer_delete.aws_iam_role.lambda_role",
            "module.api_gateway_resources_core_customer_delete.data.archive_file.lambda_package",
            "module.customers_dynamodb.aws_dynamodb_table.customers-dynamodb-table"
          ]
        }
      ]
    },
    {
      "module": "module.api_gateway_resources_core_customer_delete",
      "mode": "managed",
      "type": "aws_lambda_permission",
      "name": "api_gw",
      "provider": "provider[\"registry.terraform.io/hashicorp/aws\"]",
      "instances": [
        {
          "schema_version": 0,
          "attributes": {
            "action": "lambda:InvokeFunction",
            "event_source_token": null,
            "function_name": "lmb-appma-core-customers-delete-by-id-dev",
            "function_url_auth_type": null,
            "id": "AllowExecutionFromAPIGateway",
            "principal": "apigateway.amazonaws.com",
            "principal_org_id": null,
            "qualifier": "",
            "source_account": null,
            "source_arn": "arn:aws:execute-api:us-east-1:233925838033:1xfslfeqxf/*/*",
            "statement_id": "AllowExecutionFromAPIGateway",
            "statement_id_prefix": ""
          },
          "sensitive_attributes": [],
          "private": "bnVsbA==",
          "dependencies": [
            "module.api_gateway.aws_apigatewayv2_api.main",
            "module.api_gateway.aws_apigatewayv2_stage.dev",
            "module.api_gateway.aws_cloudwatch_log_group.main_api_gw",
            "module.api_gateway_resources_core_customer_delete.aws_iam_role.lambda_role",
            "module.api_gateway_resources_core_customer_delete.aws_lambda_function.html_lambda",
            "module.api_gateway_resources_core_customer_delete.data.archive_file.lambda_package",
            "module.api_gateway_resources_core_customer_delete.data.aws_apigatewayv2_api.selected",
            "module.customers_dynamodb.aws_dynamodb_table.customers-dynamodb-table"
          ]
        }
      ]
    },
    {
      "module": "module.api_gateway_resources_core_customer_find_all_or_filter",
      "mode": "data",
      "type": "archive_file",
      "name": "lambda_package",
      "provider": "provider[\"registry.terraform.io/hashicorp/archive\"]",
      "instances": [
        {
          "schema_version": 0,
          "attributes": {
            "exclude_symlink_directories": null,
            "excludes": null,
            "id": "9fea1f52827dc92c2061265660d2623ce3f102f3",
            "output_base64sha256": "05wqEbjOxq/gzqeEyrt0aiUo5tOmURDaUHERMvwQ3qg=",
            "output_base64sha512": "zSOxOyGoEwqrqIXzailKqpHgfc1HHaUSc9hZolW8VP7ZZ/3R4UQrDvWW3UZpRSCqiA9Mr6SJJNpIX9Tvpgh7qQ==",
            "output_file_mode": null,
            "output_md5": "fc01aa1b4c863886e963ba70d750d22f",
            "output_path": "./resources/core/customer-find-all-or-filter/index.zip",
            "output_sha": "9fea1f52827dc92c2061265660d2623ce3f102f3",
            "output_sha256": "d39c2a11b8cec6afe0cea784cabb746a2528e6d3a65110da50711132fc10dea8",
            "output_sha512": "cd23b13b21a8130aaba885f36a294aaa91e07dcd471da51273d859a255bc54fed967fdd1e1442b0ef596dd46694520aa880f4cafa48924da485fd4efa6087ba9",
            "output_size": 2778102,
            "source": [],
            "source_content": null,
            "source_content_filename": null,
            "source_dir": "./lambdas/core/customer-find-all-or-filter",
            "source_file": null,
            "type": "zip"
          },
          "sensitive_attributes": []
        }
      ]
    },
    {
      "module": "module.api_gateway_resources_core_customer_find_all_or_filter",
      "mode": "data",
      "type": "aws_apigatewayv2_api",
      "name": "selected",
      "provider": "provider[\"registry.terraform.io/hashicorp/aws\"]",
      "instances": [
        {
          "schema_version": 0,
          "attributes": {
            "api_endpoint": "https://1xfslfeqxf.execute-api.us-east-1.amazonaws.com",
            "api_id": "1xfslfeqxf",
            "api_key_selection_expression": "$request.header.x-api-key",
            "arn": "arn:aws:apigateway:us-east-1::/apis/1xfslfeqxf",
            "cors_configuration": [
              {
                "allow_credentials": false,
                "allow_headers": [
                  "*"
                ],
                "allow_methods": [
                  "DELETE",
                  "GET",
                  "OPTIONS",
                  "POST",
                  "PUT"
                ],
                "allow_origins": [
                  "*",
                  "http://localhost:3000"
                ],
                "expose_headers": [],
                "max_age": 300
              }
            ],
            "description": "api-appma-dev API Gateway",
            "disable_execute_api_endpoint": false,
            "execution_arn": "arn:aws:execute-api:us-east-1:233925838033:1xfslfeqxf",
            "id": "1xfslfeqxf",
            "name": "api-appma-dev",
            "protocol_type": "HTTP",
            "route_selection_expression": "$request.method $request.path",
            "tags": {
              "iac": "terraform"
            },
            "version": ""
          },
          "sensitive_attributes": []
        }
      ]
    },
    {
      "module": "module.api_gateway_resources_core_customer_find_all_or_filter",
      "mode": "data",
      "type": "aws_caller_identity",
      "name": "current",
      "provider": "provider[\"registry.terraform.io/hashicorp/aws\"]",
      "instances": [
        {
          "schema_version": 0,
          "attributes": {
            "account_id": "233925838033",
            "arn": "arn:aws:iam::233925838033:root",
            "id": "233925838033",
            "user_id": "233925838033"
          },
          "sensitive_attributes": []
        }
      ]
    },
    {
      "module": "module.api_gateway_resources_core_customer_find_all_or_filter",
      "mode": "data",
      "type": "aws_iam_policy_document",
      "name": "lambda_policy_document",
      "provider": "provider[\"registry.terraform.io/hashicorp/aws\"]",
      "instances": [
        {
          "schema_version": 0,
          "attributes": {
            "id": "1822380836",
            "json": "{\n  \"Version\": \"2012-10-17\",\n  \"Statement\": [\n    {\n      \"Effect\": \"Allow\",\n      \"Action\": \"dynamodb:Scan\",\n      \"Resource\": \"arn:aws:dynamodb:us-east-1:233925838033:table/tbl-appma-customers-dev\"\n    }\n  ]\n}",
            "minified_json": "{\"Version\":\"2012-10-17\",\"Statement\":[{\"Effect\":\"Allow\",\"Action\":\"dynamodb:Scan\",\"Resource\":\"arn:aws:dynamodb:us-east-1:233925838033:table/tbl-appma-customers-dev\"}]}",
            "override_json": null,
            "override_policy_documents": null,
            "policy_id": null,
            "source_json": null,
            "source_policy_documents": null,
            "statement": [
              {
                "actions": [
                  "dynamodb:Scan"
                ],
                "condition": [],
                "effect": "Allow",
                "not_actions": [],
                "not_principals": [],
                "not_resources": [],
                "principals": [],
                "resources": [
                  "arn:aws:dynamodb:us-east-1:233925838033:table/tbl-appma-customers-dev"
                ],
                "sid": ""
              }
            ],
            "version": "2012-10-17"
          },
          "sensitive_attributes": []
        }
      ]
    },
    {
      "module": "module.api_gateway_resources_core_customer_find_all_or_filter",
      "mode": "data",
      "type": "aws_region",
      "name": "current",
      "provider": "provider[\"registry.terraform.io/hashicorp/aws\"]",
      "instances": [
        {
          "schema_version": 0,
          "attributes": {
            "description": "US East (N. Virginia)",
            "endpoint": "ec2.us-east-1.amazonaws.com",
            "id": "us-east-1",
            "name": "us-east-1"
          },
          "sensitive_attributes": []
        }
      ]
    },
    {
      "module": "module.api_gateway_resources_core_customer_find_all_or_filter",
      "mode": "managed",
      "type": "aws_apigatewayv2_integration",
      "name": "lambda_handler",
      "provider": "provider[\"registry.terraform.io/hashicorp/aws\"]",
      "instances": [
        {
          "schema_version": 0,
          "attributes": {
            "api_id": "1xfslfeqxf",
            "connection_id": "",
            "connection_type": "INTERNET",
            "content_handling_strategy": "",
            "credentials_arn": "",
            "description": "",
            "id": "zb86zi7",
            "integration_method": "POST",
            "integration_response_selection_expression": "",
            "integration_subtype": "",
            "integration_type": "AWS_PROXY",
            "integration_uri": "arn:aws:apigateway:us-east-1:lambda:path/2015-03-31/functions/arn:aws:lambda:us-east-1:233925838033:function:lmb-appma-core-customers-find-all-or-filter-dev/invocations",
            "passthrough_behavior": "",
            "payload_format_version": "1.0",
            "request_parameters": {},
            "request_templates": {},
            "response_parameters": [],
            "template_selection_expression": "",
            "timeout_milliseconds": 30000,
            "tls_config": []
          },
          "sensitive_attributes": [],
          "private": "bnVsbA==",
          "dependencies": [
            "module.api_gateway.aws_apigatewayv2_api.main",
            "module.api_gateway.aws_apigatewayv2_stage.dev",
            "module.api_gateway.aws_cloudwatch_log_group.main_api_gw",
            "module.api_gateway_resources_core_customer_find_all_or_filter.aws_iam_role.lambda_role",
            "module.api_gateway_resources_core_customer_find_all_or_filter.aws_lambda_function.html_lambda",
            "module.api_gateway_resources_core_customer_find_all_or_filter.data.archive_file.lambda_package",
            "module.api_gateway_resources_core_customer_find_all_or_filter.data.aws_apigatewayv2_api.selected",
            "module.customers_dynamodb.aws_dynamodb_table.customers-dynamodb-table"
          ]
        }
      ]
    },
    {
      "module": "module.api_gateway_resources_core_customer_find_all_or_filter",
      "mode": "managed",
      "type": "aws_apigatewayv2_route",
      "name": "post_handler",
      "provider": "provider[\"registry.terraform.io/hashicorp/aws\"]",
      "instances": [
        {
          "schema_version": 0,
          "attributes": {
            "api_id": "1xfslfeqxf",
            "api_key_required": false,
            "authorization_scopes": [],
            "authorization_type": "CUSTOM",
            "authorizer_id": "8ylzuh",
            "id": "rux2n9e",
            "model_selection_expression": "",
            "operation_name": "",
            "request_models": {},
            "request_parameter": [],
            "route_key": "GET /api/core/customers",
            "route_response_selection_expression": "",
            "target": "integrations/zb86zi7"
          },
          "sensitive_attributes": [],
          "private": "bnVsbA==",
          "dependencies": [
            "module.api_gateway.aws_apigatewayv2_api.main",
            "module.api_gateway.aws_apigatewayv2_stage.dev",
            "module.api_gateway.aws_cloudwatch_log_group.main_api_gw",
            "module.api_gateway_resources_core_customer_find_all_or_filter.aws_apigatewayv2_integration.lambda_handler",
            "module.api_gateway_resources_core_customer_find_all_or_filter.aws_iam_role.lambda_role",
            "module.api_gateway_resources_core_customer_find_all_or_filter.aws_lambda_function.html_lambda",
            "module.api_gateway_resources_core_customer_find_all_or_filter.data.archive_file.lambda_package",
            "module.api_gateway_resources_core_customer_find_all_or_filter.data.aws_apigatewayv2_api.selected",
            "module.api_gateway_resources_security_authorizer.aws_apigatewayv2_authorizer.header_based_authorizer",
            "module.api_gateway_resources_security_authorizer.aws_iam_role.lambda_role",
            "module.api_gateway_resources_security_authorizer.aws_lambda_function.html_lambda",
            "module.api_gateway_resources_security_authorizer.data.archive_file.lambda_package",
            "module.api_gateway_resources_security_authorizer.data.aws_apigatewayv2_api.selected",
            "module.customers_dynamodb.aws_dynamodb_table.customers-dynamodb-table"
          ]
        }
      ]
    },
    {
      "module": "module.api_gateway_resources_core_customer_find_all_or_filter",
      "mode": "managed",
      "type": "aws_cloudwatch_log_group",
      "name": "html_loggroup_lambda",
      "provider": "provider[\"registry.terraform.io/hashicorp/aws\"]",
      "instances": [
        {
          "schema_version": 0,
          "attributes": {
            "arn": "arn:aws:logs:us-east-1:233925838033:log-group:/aws/lambda/lmb-appma-core-customers-find-all-or-filter-dev",
            "id": "/aws/lambda/lmb-appma-core-customers-find-all-or-filter-dev",
            "kms_key_id": "",
            "log_group_class": "STANDARD",
            "name": "/aws/lambda/lmb-appma-core-customers-find-all-or-filter-dev",
            "name_prefix": "",
            "retention_in_days": 0,
            "skip_destroy": false,
            "tags": {},
            "tags_all": {
              "iac": "terraform"
            }
          },
          "sensitive_attributes": [],
          "private": "bnVsbA==",
          "dependencies": [
            "module.api_gateway.aws_apigatewayv2_api.main",
            "module.api_gateway.aws_apigatewayv2_stage.dev",
            "module.api_gateway.aws_cloudwatch_log_group.main_api_gw",
            "module.api_gateway_resources_core_customer_find_all_or_filter.aws_iam_role.lambda_role",
            "module.api_gateway_resources_core_customer_find_all_or_filter.aws_lambda_function.html_lambda",
            "module.api_gateway_resources_core_customer_find_all_or_filter.data.archive_file.lambda_package",
            "module.customers_dynamodb.aws_dynamodb_table.customers-dynamodb-table"
          ]
        }
      ]
    },
    {
      "module": "module.api_gateway_resources_core_customer_find_all_or_filter",
      "mode": "managed",
      "type": "aws_iam_policy",
      "name": "dynamodb_lambda_policy",
      "provider": "provider[\"registry.terraform.io/hashicorp/aws\"]",
      "instances": [
        {
          "schema_version": 0,
          "attributes": {
            "arn": "arn:aws:iam::233925838033:policy/policy-appma-core-customers-find-all-or-filter-dev",
            "attachment_count": 1,
            "description": "This policy will be used by the lambda to write get data from DynamoDB",
            "id": "arn:aws:iam::233925838033:policy/policy-appma-core-customers-find-all-or-filter-dev",
            "name": "policy-appma-core-customers-find-all-or-filter-dev",
            "name_prefix": "",
            "path": "/",
            "policy": "{\"Statement\":[{\"Action\":\"dynamodb:Scan\",\"Effect\":\"Allow\",\"Resource\":\"arn:aws:dynamodb:us-east-1:233925838033:table/tbl-appma-customers-dev\"}],\"Version\":\"2012-10-17\"}",
            "policy_id": "ANPATM5YRATIYUFA72SFN",
            "tags": {},
            "tags_all": {
              "iac": "terraform"
            }
          },
          "sensitive_attributes": [],
          "private": "bnVsbA==",
          "dependencies": [
            "module.api_gateway.aws_apigatewayv2_api.main",
            "module.api_gateway.aws_apigatewayv2_stage.dev",
            "module.api_gateway.aws_cloudwatch_log_group.main_api_gw",
            "module.api_gateway_resources_core_customer_find_all_or_filter.data.aws_caller_identity.current",
            "module.api_gateway_resources_core_customer_find_all_or_filter.data.aws_iam_policy_document.lambda_policy_document",
            "module.api_gateway_resources_core_customer_find_all_or_filter.data.aws_region.current",
            "module.customers_dynamodb.aws_dynamodb_table.customers-dynamodb-table"
          ]
        }
      ]
    },
    {
      "module": "module.api_gateway_resources_core_customer_find_all_or_filter",
      "mode": "managed",
      "type": "aws_iam_role",
      "name": "lambda_role",
      "provider": "provider[\"registry.terraform.io/hashicorp/aws\"]",
      "instances": [
        {
          "schema_version": 0,
          "attributes": {
            "arn": "arn:aws:iam::233925838033:role/role-appma-core-customers-find-all-or-filter-dev",
            "assume_role_policy": "{\"Statement\":[{\"Action\":\"sts:AssumeRole\",\"Effect\":\"Allow\",\"Principal\":{\"Service\":\"lambda.amazonaws.com\"}}],\"Version\":\"2012-10-17\"}",
            "create_date": "2024-07-24T19:39:37Z",
            "description": "",
            "force_detach_policies": false,
            "id": "role-appma-core-customers-find-all-or-filter-dev",
            "inline_policy": [],
            "managed_policy_arns": [
              "arn:aws:iam::233925838033:policy/policy-appma-core-customers-find-all-or-filter-dev",
              "arn:aws:iam::aws:policy/service-role/AWSLambdaBasicExecutionRole"
            ],
            "max_session_duration": 3600,
            "name": "role-appma-core-customers-find-all-or-filter-dev",
            "name_prefix": "",
            "path": "/",
            "permissions_boundary": "",
            "tags": {},
            "tags_all": {
              "iac": "terraform"
            },
            "unique_id": "AROATM5YRATIUVYL6I4R2"
          },
          "sensitive_attributes": [],
          "private": "bnVsbA==",
          "dependencies": [
            "module.api_gateway.aws_apigatewayv2_api.main",
            "module.api_gateway.aws_apigatewayv2_stage.dev",
            "module.api_gateway.aws_cloudwatch_log_group.main_api_gw",
            "module.customers_dynamodb.aws_dynamodb_table.customers-dynamodb-table"
          ]
        }
      ]
    },
    {
      "module": "module.api_gateway_resources_core_customer_find_all_or_filter",
      "mode": "managed",
      "type": "aws_iam_role_policy_attachment",
      "name": "lambda_attachements",
      "provider": "provider[\"registry.terraform.io/hashicorp/aws\"]",
      "instances": [
        {
          "schema_version": 0,
          "attributes": {
            "id": "role-appma-core-customers-find-all-or-filter-dev-20240724193953629000000009",
            "policy_arn": "arn:aws:iam::233925838033:policy/policy-appma-core-customers-find-all-or-filter-dev",
            "role": "role-appma-core-customers-find-all-or-filter-dev"
          },
          "sensitive_attributes": [],
          "private": "bnVsbA==",
          "dependencies": [
            "module.api_gateway.aws_apigatewayv2_api.main",
            "module.api_gateway.aws_apigatewayv2_stage.dev",
            "module.api_gateway.aws_cloudwatch_log_group.main_api_gw",
            "module.api_gateway_resources_core_customer_find_all_or_filter.aws_iam_policy.dynamodb_lambda_policy",
            "module.api_gateway_resources_core_customer_find_all_or_filter.aws_iam_role.lambda_role",
            "module.api_gateway_resources_core_customer_find_all_or_filter.data.aws_caller_identity.current",
            "module.api_gateway_resources_core_customer_find_all_or_filter.data.aws_iam_policy_document.lambda_policy_document",
            "module.api_gateway_resources_core_customer_find_all_or_filter.data.aws_region.current",
            "module.customers_dynamodb.aws_dynamodb_table.customers-dynamodb-table"
          ]
        }
      ]
    },
    {
      "module": "module.api_gateway_resources_core_customer_find_all_or_filter",
      "mode": "managed",
      "type": "aws_iam_role_policy_attachment",
      "name": "lambda_role_policy",
      "provider": "provider[\"registry.terraform.io/hashicorp/aws\"]",
      "instances": [
        {
          "schema_version": 0,
          "attributes": {
            "id": "role-appma-core-customers-find-all-or-filter-dev-20240724193940744000000004",
            "policy_arn": "arn:aws:iam::aws:policy/service-role/AWSLambdaBasicExecutionRole",
            "role": "role-appma-core-customers-find-all-or-filter-dev"
          },
          "sensitive_attributes": [],
          "private": "bnVsbA==",
          "dependencies": [
            "module.api_gateway.aws_apigatewayv2_api.main",
            "module.api_gateway.aws_apigatewayv2_stage.dev",
            "module.api_gateway.aws_cloudwatch_log_group.main_api_gw",
            "module.api_gateway_resources_core_customer_find_all_or_filter.aws_iam_role.lambda_role",
            "module.customers_dynamodb.aws_dynamodb_table.customers-dynamodb-table"
          ]
        }
      ]
    },
    {
      "module": "module.api_gateway_resources_core_customer_find_all_or_filter",
      "mode": "managed",
      "type": "aws_lambda_function",
      "name": "html_lambda",
      "provider": "provider[\"registry.terraform.io/hashicorp/aws\"]",
      "instances": [
        {
          "schema_version": 0,
          "attributes": {
            "architectures": [
              "arm64"
            ],
            "arn": "arn:aws:lambda:us-east-1:233925838033:function:lmb-appma-core-customers-find-all-or-filter-dev",
            "code_sha256": "05wqEbjOxq/gzqeEyrt0aiUo5tOmURDaUHERMvwQ3qg=",
            "code_signing_config_arn": "",
            "dead_letter_config": [],
            "description": "",
            "environment": [],
            "ephemeral_storage": [
              {
                "size": 512
              }
            ],
            "file_system_config": [],
            "filename": "./resources/core/customer-find-all-or-filter/index.zip",
            "function_name": "lmb-appma-core-customers-find-all-or-filter-dev",
            "handler": "index.handler",
            "id": "lmb-appma-core-customers-find-all-or-filter-dev",
            "image_config": [],
            "image_uri": "",
            "invoke_arn": "arn:aws:apigateway:us-east-1:lambda:path/2015-03-31/functions/arn:aws:lambda:us-east-1:233925838033:function:lmb-appma-core-customers-find-all-or-filter-dev/invocations",
            "kms_key_arn": "",
            "last_modified": "2024-07-24T19:40:07.718+0000",
            "layers": [],
            "logging_config": [
              {
                "application_log_level": "",
                "log_format": "Text",
                "log_group": "/aws/lambda/lmb-appma-core-customers-find-all-or-filter-dev",
                "system_log_level": ""
              }
            ],
            "memory_size": 128,
            "package_type": "Zip",
            "publish": false,
            "qualified_arn": "arn:aws:lambda:us-east-1:233925838033:function:lmb-appma-core-customers-find-all-or-filter-dev:$LATEST",
            "qualified_invoke_arn": "arn:aws:apigateway:us-east-1:lambda:path/2015-03-31/functions/arn:aws:lambda:us-east-1:233925838033:function:lmb-appma-core-customers-find-all-or-filter-dev:$LATEST/invocations",
            "replace_security_groups_on_destroy": null,
            "replacement_security_group_ids": null,
            "reserved_concurrent_executions": -1,
            "role": "arn:aws:iam::233925838033:role/role-appma-core-customers-find-all-or-filter-dev",
            "runtime": "nodejs20.x",
            "s3_bucket": null,
            "s3_key": null,
            "s3_object_version": null,
            "signing_job_arn": "",
            "signing_profile_version_arn": "",
            "skip_destroy": false,
            "snap_start": [],
            "source_code_hash": "05wqEbjOxq/gzqeEyrt0aiUo5tOmURDaUHERMvwQ3qg=",
            "source_code_size": 2778102,
            "tags": {
              "component": "customer-find-all-or-filter",
              "domain": "core",
              "env": "dev"
            },
            "tags_all": {
              "component": "customer-find-all-or-filter",
              "domain": "core",
              "env": "dev",
              "iac": "terraform"
            },
            "timeout": 30,
            "timeouts": null,
            "tracing_config": [
              {
                "mode": "PassThrough"
              }
            ],
            "version": "$LATEST",
            "vpc_config": []
          },
          "sensitive_attributes": [],
          "private": "eyJlMmJmYjczMC1lY2FhLTExZTYtOGY4OC0zNDM2M2JjN2M0YzAiOnsiY3JlYXRlIjo2MDAwMDAwMDAwMDAsImRlbGV0ZSI6NjAwMDAwMDAwMDAwLCJ1cGRhdGUiOjYwMDAwMDAwMDAwMH19",
          "dependencies": [
            "module.api_gateway.aws_apigatewayv2_api.main",
            "module.api_gateway.aws_apigatewayv2_stage.dev",
            "module.api_gateway.aws_cloudwatch_log_group.main_api_gw",
            "module.api_gateway_resources_core_customer_find_all_or_filter.aws_iam_role.lambda_role",
            "module.api_gateway_resources_core_customer_find_all_or_filter.data.archive_file.lambda_package",
            "module.customers_dynamodb.aws_dynamodb_table.customers-dynamodb-table"
          ]
        }
      ]
    },
    {
      "module": "module.api_gateway_resources_core_customer_find_all_or_filter",
      "mode": "managed",
      "type": "aws_lambda_permission",
      "name": "api_gw",
      "provider": "provider[\"registry.terraform.io/hashicorp/aws\"]",
      "instances": [
        {
          "schema_version": 0,
          "attributes": {
            "action": "lambda:InvokeFunction",
            "event_source_token": null,
            "function_name": "lmb-appma-core-customers-find-all-or-filter-dev",
            "function_url_auth_type": null,
            "id": "AllowExecutionFromAPIGateway",
            "principal": "apigateway.amazonaws.com",
            "principal_org_id": null,
            "qualifier": "",
            "source_account": null,
            "source_arn": "arn:aws:execute-api:us-east-1:233925838033:1xfslfeqxf/*/*",
            "statement_id": "AllowExecutionFromAPIGateway",
            "statement_id_prefix": ""
          },
          "sensitive_attributes": [],
          "private": "bnVsbA==",
          "dependencies": [
            "module.api_gateway.aws_apigatewayv2_api.main",
            "module.api_gateway.aws_apigatewayv2_stage.dev",
            "module.api_gateway.aws_cloudwatch_log_group.main_api_gw",
            "module.api_gateway_resources_core_customer_find_all_or_filter.aws_iam_role.lambda_role",
            "module.api_gateway_resources_core_customer_find_all_or_filter.aws_lambda_function.html_lambda",
            "module.api_gateway_resources_core_customer_find_all_or_filter.data.archive_file.lambda_package",
            "module.api_gateway_resources_core_customer_find_all_or_filter.data.aws_apigatewayv2_api.selected",
            "module.customers_dynamodb.aws_dynamodb_table.customers-dynamodb-table"
          ]
        }
      ]
    },
    {
      "module": "module.api_gateway_resources_core_customer_find_by_id",
      "mode": "data",
      "type": "archive_file",
      "name": "lambda_package",
      "provider": "provider[\"registry.terraform.io/hashicorp/archive\"]",
      "instances": [
        {
          "schema_version": 0,
          "attributes": {
            "exclude_symlink_directories": null,
            "excludes": null,
            "id": "58a753eca3022580563cdae93e61bbcf4894ca50",
            "output_base64sha256": "8y/LXA0/roN98jMbgcIcjt4BYBT6tUDwt1zIY4Thoco=",
            "output_base64sha512": "Vm0RWDlfyO2X5WFxHT+cY4e9QyXELV93W48zsJLFB4PsFYqT/A216eg9y4LXZnaUezFFhYGLMHIp09sheDTUkw==",
            "output_file_mode": null,
            "output_md5": "ce6021fa1ea6624385947b2774bbea47",
            "output_path": "./resources/core/customer-find-by-id/index.zip",
            "output_sha": "58a753eca3022580563cdae93e61bbcf4894ca50",
            "output_sha256": "f32fcb5c0d3fae837df2331b81c21c8ede016014fab540f0b75cc86384e1a1ca",
            "output_sha512": "566d1158395fc8ed97e561711d3f9c6387bd4325c42d5f775b8f33b092c50783ec158a93fc0db5e9e83dcb82d76676947b314585818b307229d3db217834d493",
            "output_size": 2777480,
            "source": [],
            "source_content": null,
            "source_content_filename": null,
            "source_dir": "./lambdas/core/customer-find-by-id",
            "source_file": null,
            "type": "zip"
          },
          "sensitive_attributes": []
        }
      ]
    },
    {
      "module": "module.api_gateway_resources_core_customer_find_by_id",
      "mode": "data",
      "type": "aws_apigatewayv2_api",
      "name": "selected",
      "provider": "provider[\"registry.terraform.io/hashicorp/aws\"]",
      "instances": [
        {
          "schema_version": 0,
          "attributes": {
            "api_endpoint": "https://1xfslfeqxf.execute-api.us-east-1.amazonaws.com",
            "api_id": "1xfslfeqxf",
            "api_key_selection_expression": "$request.header.x-api-key",
            "arn": "arn:aws:apigateway:us-east-1::/apis/1xfslfeqxf",
            "cors_configuration": [
              {
                "allow_credentials": false,
                "allow_headers": [
                  "*"
                ],
                "allow_methods": [
                  "DELETE",
                  "GET",
                  "OPTIONS",
                  "POST",
                  "PUT"
                ],
                "allow_origins": [
                  "*",
                  "http://localhost:3000"
                ],
                "expose_headers": [],
                "max_age": 300
              }
            ],
            "description": "api-appma-dev API Gateway",
            "disable_execute_api_endpoint": false,
            "execution_arn": "arn:aws:execute-api:us-east-1:233925838033:1xfslfeqxf",
            "id": "1xfslfeqxf",
            "name": "api-appma-dev",
            "protocol_type": "HTTP",
            "route_selection_expression": "$request.method $request.path",
            "tags": {
              "iac": "terraform"
            },
            "version": ""
          },
          "sensitive_attributes": []
        }
      ]
    },
    {
      "module": "module.api_gateway_resources_core_customer_find_by_id",
      "mode": "data",
      "type": "aws_caller_identity",
      "name": "current",
      "provider": "provider[\"registry.terraform.io/hashicorp/aws\"]",
      "instances": [
        {
          "schema_version": 0,
          "attributes": {
            "account_id": "233925838033",
            "arn": "arn:aws:iam::233925838033:root",
            "id": "233925838033",
            "user_id": "233925838033"
          },
          "sensitive_attributes": []
        }
      ]
    },
    {
      "module": "module.api_gateway_resources_core_customer_find_by_id",
      "mode": "data",
      "type": "aws_iam_policy_document",
      "name": "lambda_policy_document",
      "provider": "provider[\"registry.terraform.io/hashicorp/aws\"]",
      "instances": [
        {
          "schema_version": 0,
          "attributes": {
            "id": "429682608",
            "json": "{\n  \"Version\": \"2012-10-17\",\n  \"Statement\": [\n    {\n      \"Effect\": \"Allow\",\n      \"Action\": \"dynamodb:GetItem\",\n      \"Resource\": \"arn:aws:dynamodb:us-east-1:233925838033:table/tbl-appma-customers-dev\"\n    }\n  ]\n}",
            "minified_json": "{\"Version\":\"2012-10-17\",\"Statement\":[{\"Effect\":\"Allow\",\"Action\":\"dynamodb:GetItem\",\"Resource\":\"arn:aws:dynamodb:us-east-1:233925838033:table/tbl-appma-customers-dev\"}]}",
            "override_json": null,
            "override_policy_documents": null,
            "policy_id": null,
            "source_json": null,
            "source_policy_documents": null,
            "statement": [
              {
                "actions": [
                  "dynamodb:GetItem"
                ],
                "condition": [],
                "effect": "Allow",
                "not_actions": [],
                "not_principals": [],
                "not_resources": [],
                "principals": [],
                "resources": [
                  "arn:aws:dynamodb:us-east-1:233925838033:table/tbl-appma-customers-dev"
                ],
                "sid": ""
              }
            ],
            "version": "2012-10-17"
          },
          "sensitive_attributes": []
        }
      ]
    },
    {
      "module": "module.api_gateway_resources_core_customer_find_by_id",
      "mode": "data",
      "type": "aws_region",
      "name": "current",
      "provider": "provider[\"registry.terraform.io/hashicorp/aws\"]",
      "instances": [
        {
          "schema_version": 0,
          "attributes": {
            "description": "US East (N. Virginia)",
            "endpoint": "ec2.us-east-1.amazonaws.com",
            "id": "us-east-1",
            "name": "us-east-1"
          },
          "sensitive_attributes": []
        }
      ]
    },
    {
      "module": "module.api_gateway_resources_core_customer_find_by_id",
      "mode": "managed",
      "type": "aws_apigatewayv2_integration",
      "name": "lambda_handler",
      "provider": "provider[\"registry.terraform.io/hashicorp/aws\"]",
      "instances": [
        {
          "schema_version": 0,
          "attributes": {
            "api_id": "1xfslfeqxf",
            "connection_id": "",
            "connection_type": "INTERNET",
            "content_handling_strategy": "",
            "credentials_arn": "",
            "description": "",
            "id": "tdtlu5m",
            "integration_method": "POST",
            "integration_response_selection_expression": "",
            "integration_subtype": "",
            "integration_type": "AWS_PROXY",
            "integration_uri": "arn:aws:apigateway:us-east-1:lambda:path/2015-03-31/functions/arn:aws:lambda:us-east-1:233925838033:function:lmb-appma-core-customers-find-by-id-dev/invocations",
            "passthrough_behavior": "",
            "payload_format_version": "1.0",
            "request_parameters": {},
            "request_templates": {},
            "response_parameters": [],
            "template_selection_expression": "",
            "timeout_milliseconds": 30000,
            "tls_config": []
          },
          "sensitive_attributes": [],
          "private": "bnVsbA==",
          "dependencies": [
            "module.api_gateway.aws_apigatewayv2_api.main",
            "module.api_gateway.aws_apigatewayv2_stage.dev",
            "module.api_gateway.aws_cloudwatch_log_group.main_api_gw",
            "module.api_gateway_resources_core_customer_find_by_id.aws_iam_role.lambda_role",
            "module.api_gateway_resources_core_customer_find_by_id.aws_lambda_function.html_lambda",
            "module.api_gateway_resources_core_customer_find_by_id.data.archive_file.lambda_package",
            "module.api_gateway_resources_core_customer_find_by_id.data.aws_apigatewayv2_api.selected",
            "module.customers_dynamodb.aws_dynamodb_table.customers-dynamodb-table"
          ]
        }
      ]
    },
    {
      "module": "module.api_gateway_resources_core_customer_find_by_id",
      "mode": "managed",
      "type": "aws_apigatewayv2_route",
      "name": "post_handler",
      "provider": "provider[\"registry.terraform.io/hashicorp/aws\"]",
      "instances": [
        {
          "schema_version": 0,
          "attributes": {
            "api_id": "1xfslfeqxf",
            "api_key_required": false,
            "authorization_scopes": [],
            "authorization_type": "CUSTOM",
            "authorizer_id": "8ylzuh",
            "id": "g6ikty2",
            "model_selection_expression": "",
            "operation_name": "",
            "request_models": {},
            "request_parameter": [],
            "route_key": "GET /api/core/customers/{id}",
            "route_response_selection_expression": "",
            "target": "integrations/tdtlu5m"
          },
          "sensitive_attributes": [],
          "private": "bnVsbA==",
          "dependencies": [
            "module.api_gateway.aws_apigatewayv2_api.main",
            "module.api_gateway.aws_apigatewayv2_stage.dev",
            "module.api_gateway.aws_cloudwatch_log_group.main_api_gw",
            "module.api_gateway_resources_core_customer_find_by_id.aws_apigatewayv2_integration.lambda_handler",
            "module.api_gateway_resources_core_customer_find_by_id.aws_iam_role.lambda_role",
            "module.api_gateway_resources_core_customer_find_by_id.aws_lambda_function.html_lambda",
            "module.api_gateway_resources_core_customer_find_by_id.data.archive_file.lambda_package",
            "module.api_gateway_resources_core_customer_find_by_id.data.aws_apigatewayv2_api.selected",
            "module.api_gateway_resources_security_authorizer.aws_apigatewayv2_authorizer.header_based_authorizer",
            "module.api_gateway_resources_security_authorizer.aws_iam_role.lambda_role",
            "module.api_gateway_resources_security_authorizer.aws_lambda_function.html_lambda",
            "module.api_gateway_resources_security_authorizer.data.archive_file.lambda_package",
            "module.api_gateway_resources_security_authorizer.data.aws_apigatewayv2_api.selected",
            "module.customers_dynamodb.aws_dynamodb_table.customers-dynamodb-table"
          ]
        }
      ]
    },
    {
      "module": "module.api_gateway_resources_core_customer_find_by_id",
      "mode": "managed",
      "type": "aws_cloudwatch_log_group",
      "name": "html_loggroup_lambda",
      "provider": "provider[\"registry.terraform.io/hashicorp/aws\"]",
      "instances": [
        {
          "schema_version": 0,
          "attributes": {
            "arn": "arn:aws:logs:us-east-1:233925838033:log-group:/aws/lambda/lmb-appma-core-customers-find-by-id-dev",
            "id": "/aws/lambda/lmb-appma-core-customers-find-by-id-dev",
            "kms_key_id": "",
            "log_group_class": "STANDARD",
            "name": "/aws/lambda/lmb-appma-core-customers-find-by-id-dev",
            "name_prefix": "",
            "retention_in_days": 0,
            "skip_destroy": false,
            "tags": {},
            "tags_all": {
              "iac": "terraform"
            }
          },
          "sensitive_attributes": [],
          "private": "bnVsbA==",
          "dependencies": [
            "module.api_gateway.aws_apigatewayv2_api.main",
            "module.api_gateway.aws_apigatewayv2_stage.dev",
            "module.api_gateway.aws_cloudwatch_log_group.main_api_gw",
            "module.api_gateway_resources_core_customer_find_by_id.aws_iam_role.lambda_role",
            "module.api_gateway_resources_core_customer_find_by_id.aws_lambda_function.html_lambda",
            "module.api_gateway_resources_core_customer_find_by_id.data.archive_file.lambda_package",
            "module.customers_dynamodb.aws_dynamodb_table.customers-dynamodb-table"
          ]
        }
      ]
    },
    {
      "module": "module.api_gateway_resources_core_customer_find_by_id",
      "mode": "managed",
      "type": "aws_iam_policy",
      "name": "dynamodb_lambda_policy",
      "provider": "provider[\"registry.terraform.io/hashicorp/aws\"]",
      "instances": [
        {
          "schema_version": 0,
          "attributes": {
            "arn": "arn:aws:iam::233925838033:policy/policy-appma-core-customers-find-by-id-dev",
            "attachment_count": 1,
            "description": "This policy will be used by the lambda to write get data from DynamoDB",
            "id": "arn:aws:iam::233925838033:policy/policy-appma-core-customers-find-by-id-dev",
            "name": "policy-appma-core-customers-find-by-id-dev",
            "name_prefix": "",
            "path": "/",
            "policy": "{\"Statement\":[{\"Action\":\"dynamodb:GetItem\",\"Effect\":\"Allow\",\"Resource\":\"arn:aws:dynamodb:us-east-1:233925838033:table/tbl-appma-customers-dev\"}],\"Version\":\"2012-10-17\"}",
            "policy_id": "ANPATM5YRATIZ7NGLVFP4",
            "tags": {},
            "tags_all": {
              "iac": "terraform"
            }
          },
          "sensitive_attributes": [],
          "private": "bnVsbA==",
          "dependencies": [
            "module.api_gateway.aws_apigatewayv2_api.main",
            "module.api_gateway.aws_apigatewayv2_stage.dev",
            "module.api_gateway.aws_cloudwatch_log_group.main_api_gw",
            "module.api_gateway_resources_core_customer_find_by_id.data.aws_caller_identity.current",
            "module.api_gateway_resources_core_customer_find_by_id.data.aws_iam_policy_document.lambda_policy_document",
            "module.api_gateway_resources_core_customer_find_by_id.data.aws_region.current",
            "module.customers_dynamodb.aws_dynamodb_table.customers-dynamodb-table"
          ]
        }
      ]
    },
    {
      "module": "module.api_gateway_resources_core_customer_find_by_id",
      "mode": "managed",
      "type": "aws_iam_role",
      "name": "lambda_role",
      "provider": "provider[\"registry.terraform.io/hashicorp/aws\"]",
      "instances": [
        {
          "schema_version": 0,
          "attributes": {
            "arn": "arn:aws:iam::233925838033:role/role-appma-core-customers-find-by-id-dev",
            "assume_role_policy": "{\"Statement\":[{\"Action\":\"sts:AssumeRole\",\"Effect\":\"Allow\",\"Principal\":{\"Service\":\"lambda.amazonaws.com\"}}],\"Version\":\"2012-10-17\"}",
            "create_date": "2024-07-24T19:39:31Z",
            "description": "",
            "force_detach_policies": false,
            "id": "role-appma-core-customers-find-by-id-dev",
            "inline_policy": [],
            "managed_policy_arns": [
              "arn:aws:iam::233925838033:policy/policy-appma-core-customers-find-by-id-dev",
              "arn:aws:iam::aws:policy/service-role/AWSLambdaBasicExecutionRole"
            ],
            "max_session_duration": 3600,
            "name": "role-appma-core-customers-find-by-id-dev",
            "name_prefix": "",
            "path": "/",
            "permissions_boundary": "",
            "tags": {},
            "tags_all": {
              "iac": "terraform"
            },
            "unique_id": "AROATM5YRATIT26QY5RL6"
          },
          "sensitive_attributes": [],
          "private": "bnVsbA==",
          "dependencies": [
            "module.api_gateway.aws_apigatewayv2_api.main",
            "module.api_gateway.aws_apigatewayv2_stage.dev",
            "module.api_gateway.aws_cloudwatch_log_group.main_api_gw",
            "module.customers_dynamodb.aws_dynamodb_table.customers-dynamodb-table"
          ]
        }
      ]
    },
    {
      "module": "module.api_gateway_resources_core_customer_find_by_id",
      "mode": "managed",
      "type": "aws_iam_role_policy_attachment",
      "name": "lambda_attachements",
      "provider": "provider[\"registry.terraform.io/hashicorp/aws\"]",
      "instances": [
        {
          "schema_version": 0,
          "attributes": {
            "id": "role-appma-core-customers-find-by-id-dev-20240724193951162700000008",
            "policy_arn": "arn:aws:iam::233925838033:policy/policy-appma-core-customers-find-by-id-dev",
            "role": "role-appma-core-customers-find-by-id-dev"
          },
          "sensitive_attributes": [],
          "private": "bnVsbA==",
          "dependencies": [
            "module.api_gateway.aws_apigatewayv2_api.main",
            "module.api_gateway.aws_apigatewayv2_stage.dev",
            "module.api_gateway.aws_cloudwatch_log_group.main_api_gw",
            "module.api_gateway_resources_core_customer_find_by_id.aws_iam_policy.dynamodb_lambda_policy",
            "module.api_gateway_resources_core_customer_find_by_id.aws_iam_role.lambda_role",
            "module.api_gateway_resources_core_customer_find_by_id.data.aws_caller_identity.current",
            "module.api_gateway_resources_core_customer_find_by_id.data.aws_iam_policy_document.lambda_policy_document",
            "module.api_gateway_resources_core_customer_find_by_id.data.aws_region.current",
            "module.customers_dynamodb.aws_dynamodb_table.customers-dynamodb-table"
          ]
        }
      ]
    },
    {
      "module": "module.api_gateway_resources_core_customer_find_by_id",
      "mode": "managed",
      "type": "aws_iam_role_policy_attachment",
      "name": "lambda_role_policy",
      "provider": "provider[\"registry.terraform.io/hashicorp/aws\"]",
      "instances": [
        {
          "schema_version": 0,
          "attributes": {
            "id": "role-appma-core-customers-find-by-id-dev-20240724193940016100000003",
            "policy_arn": "arn:aws:iam::aws:policy/service-role/AWSLambdaBasicExecutionRole",
            "role": "role-appma-core-customers-find-by-id-dev"
          },
          "sensitive_attributes": [],
          "private": "bnVsbA==",
          "dependencies": [
            "module.api_gateway.aws_apigatewayv2_api.main",
            "module.api_gateway.aws_apigatewayv2_stage.dev",
            "module.api_gateway.aws_cloudwatch_log_group.main_api_gw",
            "module.api_gateway_resources_core_customer_find_by_id.aws_iam_role.lambda_role",
            "module.customers_dynamodb.aws_dynamodb_table.customers-dynamodb-table"
          ]
        }
      ]
    },
    {
      "module": "module.api_gateway_resources_core_customer_find_by_id",
      "mode": "managed",
      "type": "aws_lambda_function",
      "name": "html_lambda",
      "provider": "provider[\"registry.terraform.io/hashicorp/aws\"]",
      "instances": [
        {
          "schema_version": 0,
          "attributes": {
            "architectures": [
              "arm64"
            ],
            "arn": "arn:aws:lambda:us-east-1:233925838033:function:lmb-appma-core-customers-find-by-id-dev",
            "code_sha256": "8y/LXA0/roN98jMbgcIcjt4BYBT6tUDwt1zIY4Thoco=",
            "code_signing_config_arn": "",
            "dead_letter_config": [],
            "description": "",
            "environment": [],
            "ephemeral_storage": [
              {
                "size": 512
              }
            ],
            "file_system_config": [],
            "filename": "./resources/core/customer-find-by-id/index.zip",
            "function_name": "lmb-appma-core-customers-find-by-id-dev",
            "handler": "index.handler",
            "id": "lmb-appma-core-customers-find-by-id-dev",
            "image_config": [],
            "image_uri": "",
            "invoke_arn": "arn:aws:apigateway:us-east-1:lambda:path/2015-03-31/functions/arn:aws:lambda:us-east-1:233925838033:function:lmb-appma-core-customers-find-by-id-dev/invocations",
            "kms_key_arn": "",
            "last_modified": "2024-07-24T19:39:59.183+0000",
            "layers": [],
            "logging_config": [
              {
                "application_log_level": "",
                "log_format": "Text",
                "log_group": "/aws/lambda/lmb-appma-core-customers-find-by-id-dev",
                "system_log_level": ""
              }
            ],
            "memory_size": 128,
            "package_type": "Zip",
            "publish": false,
            "qualified_arn": "arn:aws:lambda:us-east-1:233925838033:function:lmb-appma-core-customers-find-by-id-dev:$LATEST",
            "qualified_invoke_arn": "arn:aws:apigateway:us-east-1:lambda:path/2015-03-31/functions/arn:aws:lambda:us-east-1:233925838033:function:lmb-appma-core-customers-find-by-id-dev:$LATEST/invocations",
            "replace_security_groups_on_destroy": null,
            "replacement_security_group_ids": null,
            "reserved_concurrent_executions": -1,
            "role": "arn:aws:iam::233925838033:role/role-appma-core-customers-find-by-id-dev",
            "runtime": "nodejs20.x",
            "s3_bucket": null,
            "s3_key": null,
            "s3_object_version": null,
            "signing_job_arn": "",
            "signing_profile_version_arn": "",
            "skip_destroy": false,
            "snap_start": [],
            "source_code_hash": "8y/LXA0/roN98jMbgcIcjt4BYBT6tUDwt1zIY4Thoco=",
            "source_code_size": 2777480,
            "tags": {
              "component": "customer-find-by-id",
              "domain": "core",
              "env": "dev"
            },
            "tags_all": {
              "component": "customer-find-by-id",
              "domain": "core",
              "env": "dev",
              "iac": "terraform"
            },
            "timeout": 30,
            "timeouts": null,
            "tracing_config": [
              {
                "mode": "PassThrough"
              }
            ],
            "version": "$LATEST",
            "vpc_config": []
          },
          "sensitive_attributes": [],
          "private": "eyJlMmJmYjczMC1lY2FhLTExZTYtOGY4OC0zNDM2M2JjN2M0YzAiOnsiY3JlYXRlIjo2MDAwMDAwMDAwMDAsImRlbGV0ZSI6NjAwMDAwMDAwMDAwLCJ1cGRhdGUiOjYwMDAwMDAwMDAwMH19",
          "dependencies": [
            "module.api_gateway.aws_apigatewayv2_api.main",
            "module.api_gateway.aws_apigatewayv2_stage.dev",
            "module.api_gateway.aws_cloudwatch_log_group.main_api_gw",
            "module.api_gateway_resources_core_customer_find_by_id.aws_iam_role.lambda_role",
            "module.api_gateway_resources_core_customer_find_by_id.data.archive_file.lambda_package",
            "module.customers_dynamodb.aws_dynamodb_table.customers-dynamodb-table"
          ]
        }
      ]
    },
    {
      "module": "module.api_gateway_resources_core_customer_find_by_id",
      "mode": "managed",
      "type": "aws_lambda_permission",
      "name": "api_gw",
      "provider": "provider[\"registry.terraform.io/hashicorp/aws\"]",
      "instances": [
        {
          "schema_version": 0,
          "attributes": {
            "action": "lambda:InvokeFunction",
            "event_source_token": null,
            "function_name": "lmb-appma-core-customers-find-by-id-dev",
            "function_url_auth_type": null,
            "id": "AllowExecutionFromAPIGateway",
            "principal": "apigateway.amazonaws.com",
            "principal_org_id": null,
            "qualifier": "",
            "source_account": null,
            "source_arn": "arn:aws:execute-api:us-east-1:233925838033:1xfslfeqxf/*/*",
            "statement_id": "AllowExecutionFromAPIGateway",
            "statement_id_prefix": ""
          },
          "sensitive_attributes": [],
          "private": "bnVsbA==",
          "dependencies": [
            "module.api_gateway.aws_apigatewayv2_api.main",
            "module.api_gateway.aws_apigatewayv2_stage.dev",
            "module.api_gateway.aws_cloudwatch_log_group.main_api_gw",
            "module.api_gateway_resources_core_customer_find_by_id.aws_iam_role.lambda_role",
            "module.api_gateway_resources_core_customer_find_by_id.aws_lambda_function.html_lambda",
            "module.api_gateway_resources_core_customer_find_by_id.data.archive_file.lambda_package",
            "module.api_gateway_resources_core_customer_find_by_id.data.aws_apigatewayv2_api.selected",
            "module.customers_dynamodb.aws_dynamodb_table.customers-dynamodb-table"
          ]
        }
      ]
    },
    {
      "module": "module.api_gateway_resources_core_customer_update",
      "mode": "data",
      "type": "archive_file",
      "name": "lambda_package",
      "provider": "provider[\"registry.terraform.io/hashicorp/archive\"]",
      "instances": [
        {
          "schema_version": 0,
          "attributes": {
            "exclude_symlink_directories": null,
            "excludes": null,
            "id": "e8694ddba6fcefce743757565f68ddbb9cca92d6",
            "output_base64sha256": "Ry/M9lklyLrpZVVKxTnLz0kwOgCN1YytjsSuMxHsU/s=",
            "output_base64sha512": "weOe81+ie/hg2Buj4NpPzry0pY79zf4y7IRk6qX0Wr7R0tgu9/6gMng62EsgHMlqVnnDrZFwFkJoi01UEcuXtw==",
            "output_file_mode": null,
            "output_md5": "331a928e6da37df9088774dedc32b596",
            "output_path": "./resources/core/customer-update-by-id/index.zip",
            "output_sha": "e8694ddba6fcefce743757565f68ddbb9cca92d6",
            "output_sha256": "472fccf65925c8bae965554ac539cbcf49303a008dd58cad8ec4ae3311ec53fb",
            "output_sha512": "c1e39ef35fa27bf860d81ba3e0da4fcebcb4a58efdcdfe32ec8464eaa5f45abed1d2d82ef7fea032783ad84b201cc96a5679c3ad91701642688b4d5411cb97b7",
            "output_size": 2972308,
            "source": [],
            "source_content": null,
            "source_content_filename": null,
            "source_dir": "./lambdas/core/customer-update-by-id",
            "source_file": null,
            "type": "zip"
          },
          "sensitive_attributes": []
        }
      ]
    },
    {
      "module": "module.api_gateway_resources_core_customer_update",
      "mode": "data",
      "type": "aws_apigatewayv2_api",
      "name": "selected",
      "provider": "provider[\"registry.terraform.io/hashicorp/aws\"]",
      "instances": [
        {
          "schema_version": 0,
          "attributes": {
            "api_endpoint": "https://1xfslfeqxf.execute-api.us-east-1.amazonaws.com",
            "api_id": "1xfslfeqxf",
            "api_key_selection_expression": "$request.header.x-api-key",
            "arn": "arn:aws:apigateway:us-east-1::/apis/1xfslfeqxf",
            "cors_configuration": [
              {
                "allow_credentials": false,
                "allow_headers": [
                  "*"
                ],
                "allow_methods": [
                  "DELETE",
                  "GET",
                  "OPTIONS",
                  "POST",
                  "PUT"
                ],
                "allow_origins": [
                  "*",
                  "http://localhost:3000"
                ],
                "expose_headers": [],
                "max_age": 300
              }
            ],
            "description": "api-appma-dev API Gateway",
            "disable_execute_api_endpoint": false,
            "execution_arn": "arn:aws:execute-api:us-east-1:233925838033:1xfslfeqxf",
            "id": "1xfslfeqxf",
            "name": "api-appma-dev",
            "protocol_type": "HTTP",
            "route_selection_expression": "$request.method $request.path",
            "tags": {
              "iac": "terraform"
            },
            "version": ""
          },
          "sensitive_attributes": []
        }
      ]
    },
    {
      "module": "module.api_gateway_resources_core_customer_update",
      "mode": "data",
      "type": "aws_caller_identity",
      "name": "current",
      "provider": "provider[\"registry.terraform.io/hashicorp/aws\"]",
      "instances": [
        {
          "schema_version": 0,
          "attributes": {
            "account_id": "233925838033",
            "arn": "arn:aws:iam::233925838033:root",
            "id": "233925838033",
            "user_id": "233925838033"
          },
          "sensitive_attributes": []
        }
      ]
    },
    {
      "module": "module.api_gateway_resources_core_customer_update",
      "mode": "data",
      "type": "aws_iam_policy_document",
      "name": "lambda_policy_document",
      "provider": "provider[\"registry.terraform.io/hashicorp/aws\"]",
      "instances": [
        {
          "schema_version": 0,
          "attributes": {
            "id": "2006185767",
            "json": "{\n  \"Version\": \"2012-10-17\",\n  \"Statement\": [\n    {\n      \"Effect\": \"Allow\",\n      \"Action\": \"dynamodb:UpdateItem\",\n      \"Resource\": \"arn:aws:dynamodb:us-east-1:233925838033:table/tbl-appma-customers-dev\"\n    }\n  ]\n}",
            "minified_json": "{\"Version\":\"2012-10-17\",\"Statement\":[{\"Effect\":\"Allow\",\"Action\":\"dynamodb:UpdateItem\",\"Resource\":\"arn:aws:dynamodb:us-east-1:233925838033:table/tbl-appma-customers-dev\"}]}",
            "override_json": null,
            "override_policy_documents": null,
            "policy_id": null,
            "source_json": null,
            "source_policy_documents": null,
            "statement": [
              {
                "actions": [
                  "dynamodb:UpdateItem"
                ],
                "condition": [],
                "effect": "Allow",
                "not_actions": [],
                "not_principals": [],
                "not_resources": [],
                "principals": [],
                "resources": [
                  "arn:aws:dynamodb:us-east-1:233925838033:table/tbl-appma-customers-dev"
                ],
                "sid": ""
              }
            ],
            "version": "2012-10-17"
          },
          "sensitive_attributes": []
        }
      ]
    },
    {
      "module": "module.api_gateway_resources_core_customer_update",
      "mode": "data",
      "type": "aws_region",
      "name": "current",
      "provider": "provider[\"registry.terraform.io/hashicorp/aws\"]",
      "instances": [
        {
          "schema_version": 0,
          "attributes": {
            "description": "US East (N. Virginia)",
            "endpoint": "ec2.us-east-1.amazonaws.com",
            "id": "us-east-1",
            "name": "us-east-1"
          },
          "sensitive_attributes": []
        }
      ]
    },
    {
      "module": "module.api_gateway_resources_core_customer_update",
      "mode": "managed",
      "type": "aws_apigatewayv2_integration",
      "name": "lambda_handler",
      "provider": "provider[\"registry.terraform.io/hashicorp/aws\"]",
      "instances": [
        {
          "schema_version": 0,
          "attributes": {
            "api_id": "1xfslfeqxf",
            "connection_id": "",
            "connection_type": "INTERNET",
            "content_handling_strategy": "",
            "credentials_arn": "",
            "description": "",
            "id": "9fb6vsu",
            "integration_method": "POST",
            "integration_response_selection_expression": "",
            "integration_subtype": "",
            "integration_type": "AWS_PROXY",
            "integration_uri": "arn:aws:apigateway:us-east-1:lambda:path/2015-03-31/functions/arn:aws:lambda:us-east-1:233925838033:function:lmb-appma-core-customers-update-by-id-dev/invocations",
            "passthrough_behavior": "",
            "payload_format_version": "1.0",
            "request_parameters": {},
            "request_templates": {},
            "response_parameters": [],
            "template_selection_expression": "",
            "timeout_milliseconds": 30000,
            "tls_config": []
          },
          "sensitive_attributes": [],
          "private": "bnVsbA==",
          "dependencies": [
            "module.api_gateway.aws_apigatewayv2_api.main",
            "module.api_gateway.aws_apigatewayv2_stage.dev",
            "module.api_gateway.aws_cloudwatch_log_group.main_api_gw",
            "module.api_gateway_resources_core_customer_update.aws_iam_role.lambda_role",
            "module.api_gateway_resources_core_customer_update.aws_lambda_function.html_lambda",
            "module.api_gateway_resources_core_customer_update.data.archive_file.lambda_package",
            "module.api_gateway_resources_core_customer_update.data.aws_apigatewayv2_api.selected",
            "module.customers_dynamodb.aws_dynamodb_table.customers-dynamodb-table"
          ]
        }
      ]
    },
    {
      "module": "module.api_gateway_resources_core_customer_update",
      "mode": "managed",
      "type": "aws_apigatewayv2_route",
      "name": "post_handler",
      "provider": "provider[\"registry.terraform.io/hashicorp/aws\"]",
      "instances": [
        {
          "schema_version": 0,
          "attributes": {
            "api_id": "1xfslfeqxf",
            "api_key_required": false,
            "authorization_scopes": [],
            "authorization_type": "CUSTOM",
            "authorizer_id": "8ylzuh",
            "id": "kbq7if4",
            "model_selection_expression": "",
            "operation_name": "",
            "request_models": {},
            "request_parameter": [],
            "route_key": "PUT /api/core/customers/{id}",
            "route_response_selection_expression": "",
            "target": "integrations/9fb6vsu"
          },
          "sensitive_attributes": [],
          "private": "bnVsbA==",
          "dependencies": [
            "module.api_gateway.aws_apigatewayv2_api.main",
            "module.api_gateway.aws_apigatewayv2_stage.dev",
            "module.api_gateway.aws_cloudwatch_log_group.main_api_gw",
            "module.api_gateway_resources_core_customer_update.aws_apigatewayv2_integration.lambda_handler",
            "module.api_gateway_resources_core_customer_update.aws_iam_role.lambda_role",
            "module.api_gateway_resources_core_customer_update.aws_lambda_function.html_lambda",
            "module.api_gateway_resources_core_customer_update.data.archive_file.lambda_package",
            "module.api_gateway_resources_core_customer_update.data.aws_apigatewayv2_api.selected",
            "module.api_gateway_resources_security_authorizer.aws_apigatewayv2_authorizer.header_based_authorizer",
            "module.api_gateway_resources_security_authorizer.aws_iam_role.lambda_role",
            "module.api_gateway_resources_security_authorizer.aws_lambda_function.html_lambda",
            "module.api_gateway_resources_security_authorizer.data.archive_file.lambda_package",
            "module.api_gateway_resources_security_authorizer.data.aws_apigatewayv2_api.selected",
            "module.customers_dynamodb.aws_dynamodb_table.customers-dynamodb-table"
          ]
        }
      ]
    },
    {
      "module": "module.api_gateway_resources_core_customer_update",
      "mode": "managed",
      "type": "aws_cloudwatch_log_group",
      "name": "html_loggroup_lambda",
      "provider": "provider[\"registry.terraform.io/hashicorp/aws\"]",
      "instances": [
        {
          "schema_version": 0,
          "attributes": {
            "arn": "arn:aws:logs:us-east-1:233925838033:log-group:/aws/lambda/lmb-appma-core-customers-update-by-id-dev",
            "id": "/aws/lambda/lmb-appma-core-customers-update-by-id-dev",
            "kms_key_id": "",
            "log_group_class": "STANDARD",
            "name": "/aws/lambda/lmb-appma-core-customers-update-by-id-dev",
            "name_prefix": "",
            "retention_in_days": 0,
            "skip_destroy": false,
            "tags": {},
            "tags_all": {
              "iac": "terraform"
            }
          },
          "sensitive_attributes": [],
          "private": "bnVsbA==",
          "dependencies": [
            "module.api_gateway.aws_apigatewayv2_api.main",
            "module.api_gateway.aws_apigatewayv2_stage.dev",
            "module.api_gateway.aws_cloudwatch_log_group.main_api_gw",
            "module.api_gateway_resources_core_customer_update.aws_iam_role.lambda_role",
            "module.api_gateway_resources_core_customer_update.aws_lambda_function.html_lambda",
            "module.api_gateway_resources_core_customer_update.data.archive_file.lambda_package",
            "module.customers_dynamodb.aws_dynamodb_table.customers-dynamodb-table"
          ]
        }
      ]
    },
    {
      "module": "module.api_gateway_resources_core_customer_update",
      "mode": "managed",
      "type": "aws_iam_policy",
      "name": "dynamodb_lambda_policy",
      "provider": "provider[\"registry.terraform.io/hashicorp/aws\"]",
      "instances": [
        {
          "schema_version": 0,
          "attributes": {
            "arn": "arn:aws:iam::233925838033:policy/policy-appma-core-customers-update-by-id-dev",
            "attachment_count": 1,
            "description": "This policy will be used by the lambda to write get data from DynamoDB",
            "id": "arn:aws:iam::233925838033:policy/policy-appma-core-customers-update-by-id-dev",
            "name": "policy-appma-core-customers-update-by-id-dev",
            "name_prefix": "",
            "path": "/",
            "policy": "{\"Statement\":[{\"Action\":\"dynamodb:UpdateItem\",\"Effect\":\"Allow\",\"Resource\":\"arn:aws:dynamodb:us-east-1:233925838033:table/tbl-appma-customers-dev\"}],\"Version\":\"2012-10-17\"}",
            "policy_id": "ANPATM5YRATIX5YCCAY5K",
            "tags": {},
            "tags_all": {
              "iac": "terraform"
            }
          },
          "sensitive_attributes": [],
          "private": "bnVsbA==",
          "dependencies": [
            "module.api_gateway.aws_apigatewayv2_api.main",
            "module.api_gateway.aws_apigatewayv2_stage.dev",
            "module.api_gateway.aws_cloudwatch_log_group.main_api_gw",
            "module.api_gateway_resources_core_customer_update.data.aws_caller_identity.current",
            "module.api_gateway_resources_core_customer_update.data.aws_iam_policy_document.lambda_policy_document",
            "module.api_gateway_resources_core_customer_update.data.aws_region.current",
            "module.customers_dynamodb.aws_dynamodb_table.customers-dynamodb-table"
          ]
        }
      ]
    },
    {
      "module": "module.api_gateway_resources_core_customer_update",
      "mode": "managed",
      "type": "aws_iam_role",
      "name": "lambda_role",
      "provider": "provider[\"registry.terraform.io/hashicorp/aws\"]",
      "instances": [
        {
          "schema_version": 0,
          "attributes": {
            "arn": "arn:aws:iam::233925838033:role/role-appma-core-customers-update-by-id-dev",
            "assume_role_policy": "{\"Statement\":[{\"Action\":\"sts:AssumeRole\",\"Effect\":\"Allow\",\"Principal\":{\"Service\":\"lambda.amazonaws.com\"}}],\"Version\":\"2012-10-17\"}",
            "create_date": "2024-07-24T19:39:38Z",
            "description": "",
            "force_detach_policies": false,
            "id": "role-appma-core-customers-update-by-id-dev",
            "inline_policy": [],
            "managed_policy_arns": [
              "arn:aws:iam::233925838033:policy/policy-appma-core-customers-update-by-id-dev",
              "arn:aws:iam::aws:policy/service-role/AWSLambdaBasicExecutionRole"
            ],
            "max_session_duration": 3600,
            "name": "role-appma-core-customers-update-by-id-dev",
            "name_prefix": "",
            "path": "/",
            "permissions_boundary": "",
            "tags": {},
            "tags_all": {
              "iac": "terraform"
            },
            "unique_id": "AROATM5YRATIV6VPZ5V43"
          },
          "sensitive_attributes": [],
          "private": "bnVsbA==",
          "dependencies": [
            "module.api_gateway.aws_apigatewayv2_api.main",
            "module.api_gateway.aws_apigatewayv2_stage.dev",
            "module.api_gateway.aws_cloudwatch_log_group.main_api_gw",
            "module.customers_dynamodb.aws_dynamodb_table.customers-dynamodb-table"
          ]
        }
      ]
    },
    {
      "module": "module.api_gateway_resources_core_customer_update",
      "mode": "managed",
      "type": "aws_iam_role_policy_attachment",
      "name": "lambda_attachements",
      "provider": "provider[\"registry.terraform.io/hashicorp/aws\"]",
      "instances": [
        {
          "schema_version": 0,
          "attributes": {
            "id": "role-appma-core-customers-update-by-id-dev-2024072419395459090000000a",
            "policy_arn": "arn:aws:iam::233925838033:policy/policy-appma-core-customers-update-by-id-dev",
            "role": "role-appma-core-customers-update-by-id-dev"
          },
          "sensitive_attributes": [],
          "private": "bnVsbA==",
          "dependencies": [
            "module.api_gateway.aws_apigatewayv2_api.main",
            "module.api_gateway.aws_apigatewayv2_stage.dev",
            "module.api_gateway.aws_cloudwatch_log_group.main_api_gw",
            "module.api_gateway_resources_core_customer_update.aws_iam_policy.dynamodb_lambda_policy",
            "module.api_gateway_resources_core_customer_update.aws_iam_role.lambda_role",
            "module.api_gateway_resources_core_customer_update.data.aws_caller_identity.current",
            "module.api_gateway_resources_core_customer_update.data.aws_iam_policy_document.lambda_policy_document",
            "module.api_gateway_resources_core_customer_update.data.aws_region.current",
            "module.customers_dynamodb.aws_dynamodb_table.customers-dynamodb-table"
          ]
        }
      ]
    },
    {
      "module": "module.api_gateway_resources_core_customer_update",
      "mode": "managed",
      "type": "aws_iam_role_policy_attachment",
      "name": "lambda_role_policy",
      "provider": "provider[\"registry.terraform.io/hashicorp/aws\"]",
      "instances": [
        {
          "schema_version": 0,
          "attributes": {
            "id": "role-appma-core-customers-update-by-id-dev-20240724193941779700000007",
            "policy_arn": "arn:aws:iam::aws:policy/service-role/AWSLambdaBasicExecutionRole",
            "role": "role-appma-core-customers-update-by-id-dev"
          },
          "sensitive_attributes": [],
          "private": "bnVsbA==",
          "dependencies": [
            "module.api_gateway.aws_apigatewayv2_api.main",
            "module.api_gateway.aws_apigatewayv2_stage.dev",
            "module.api_gateway.aws_cloudwatch_log_group.main_api_gw",
            "module.api_gateway_resources_core_customer_update.aws_iam_role.lambda_role",
            "module.customers_dynamodb.aws_dynamodb_table.customers-dynamodb-table"
          ]
        }
      ]
    },
    {
      "module": "module.api_gateway_resources_core_customer_update",
      "mode": "managed",
      "type": "aws_lambda_function",
      "name": "html_lambda",
      "provider": "provider[\"registry.terraform.io/hashicorp/aws\"]",
      "instances": [
        {
          "schema_version": 0,
          "attributes": {
            "architectures": [
              "arm64"
            ],
            "arn": "arn:aws:lambda:us-east-1:233925838033:function:lmb-appma-core-customers-update-by-id-dev",
            "code_sha256": "Ry/M9lklyLrpZVVKxTnLz0kwOgCN1YytjsSuMxHsU/s=",
            "code_signing_config_arn": "",
            "dead_letter_config": [],
            "description": "",
            "environment": [],
            "ephemeral_storage": [
              {
                "size": 512
              }
            ],
            "file_system_config": [],
            "filename": "./resources/core/customer-update-by-id/index.zip",
            "function_name": "lmb-appma-core-customers-update-by-id-dev",
            "handler": "index.handler",
            "id": "lmb-appma-core-customers-update-by-id-dev",
            "image_config": [],
            "image_uri": "",
            "invoke_arn": "arn:aws:apigateway:us-east-1:lambda:path/2015-03-31/functions/arn:aws:lambda:us-east-1:233925838033:function:lmb-appma-core-customers-update-by-id-dev/invocations",
            "kms_key_arn": "",
            "last_modified": "2024-07-24T19:40:52.584+0000",
            "layers": [],
            "logging_config": [
              {
                "application_log_level": "",
                "log_format": "Text",
                "log_group": "/aws/lambda/lmb-appma-core-customers-update-by-id-dev",
                "system_log_level": ""
              }
            ],
            "memory_size": 128,
            "package_type": "Zip",
            "publish": false,
            "qualified_arn": "arn:aws:lambda:us-east-1:233925838033:function:lmb-appma-core-customers-update-by-id-dev:$LATEST",
            "qualified_invoke_arn": "arn:aws:apigateway:us-east-1:lambda:path/2015-03-31/functions/arn:aws:lambda:us-east-1:233925838033:function:lmb-appma-core-customers-update-by-id-dev:$LATEST/invocations",
            "replace_security_groups_on_destroy": null,
            "replacement_security_group_ids": null,
            "reserved_concurrent_executions": -1,
            "role": "arn:aws:iam::233925838033:role/role-appma-core-customers-update-by-id-dev",
            "runtime": "nodejs20.x",
            "s3_bucket": null,
            "s3_key": null,
            "s3_object_version": null,
            "signing_job_arn": "",
            "signing_profile_version_arn": "",
            "skip_destroy": false,
            "snap_start": [],
            "source_code_hash": "Ry/M9lklyLrpZVVKxTnLz0kwOgCN1YytjsSuMxHsU/s=",
            "source_code_size": 2972308,
            "tags": {
              "component": "customer-update-by-id",
              "domain": "core",
              "env": "dev"
            },
            "tags_all": {
              "component": "customer-update-by-id",
              "domain": "core",
              "env": "dev",
              "iac": "terraform"
            },
            "timeout": 30,
            "timeouts": null,
            "tracing_config": [
              {
                "mode": "PassThrough"
              }
            ],
            "version": "$LATEST",
            "vpc_config": []
          },
          "sensitive_attributes": [],
          "private": "eyJlMmJmYjczMC1lY2FhLTExZTYtOGY4OC0zNDM2M2JjN2M0YzAiOnsiY3JlYXRlIjo2MDAwMDAwMDAwMDAsImRlbGV0ZSI6NjAwMDAwMDAwMDAwLCJ1cGRhdGUiOjYwMDAwMDAwMDAwMH19",
          "dependencies": [
            "module.api_gateway.aws_apigatewayv2_api.main",
            "module.api_gateway.aws_apigatewayv2_stage.dev",
            "module.api_gateway.aws_cloudwatch_log_group.main_api_gw",
            "module.api_gateway_resources_core_customer_update.aws_iam_role.lambda_role",
            "module.api_gateway_resources_core_customer_update.data.archive_file.lambda_package",
            "module.customers_dynamodb.aws_dynamodb_table.customers-dynamodb-table"
          ]
        }
      ]
    },
    {
      "module": "module.api_gateway_resources_core_customer_update",
      "mode": "managed",
      "type": "aws_lambda_permission",
      "name": "api_gw",
      "provider": "provider[\"registry.terraform.io/hashicorp/aws\"]",
      "instances": [
        {
          "schema_version": 0,
          "attributes": {
            "action": "lambda:InvokeFunction",
            "event_source_token": null,
            "function_name": "lmb-appma-core-customers-update-by-id-dev",
            "function_url_auth_type": null,
            "id": "AllowExecutionFromAPIGateway",
            "principal": "apigateway.amazonaws.com",
            "principal_org_id": null,
            "qualifier": "",
            "source_account": null,
            "source_arn": "arn:aws:execute-api:us-east-1:233925838033:1xfslfeqxf/*/*",
            "statement_id": "AllowExecutionFromAPIGateway",
            "statement_id_prefix": ""
          },
          "sensitive_attributes": [],
          "private": "bnVsbA==",
          "dependencies": [
            "module.api_gateway.aws_apigatewayv2_api.main",
            "module.api_gateway.aws_apigatewayv2_stage.dev",
            "module.api_gateway.aws_cloudwatch_log_group.main_api_gw",
            "module.api_gateway_resources_core_customer_update.aws_iam_role.lambda_role",
            "module.api_gateway_resources_core_customer_update.aws_lambda_function.html_lambda",
            "module.api_gateway_resources_core_customer_update.data.archive_file.lambda_package",
            "module.api_gateway_resources_core_customer_update.data.aws_apigatewayv2_api.selected",
            "module.customers_dynamodb.aws_dynamodb_table.customers-dynamodb-table"
          ]
        }
      ]
    },
    {
      "module": "module.api_gateway_resources_core_service_create",
      "mode": "data",
      "type": "archive_file",
      "name": "lambda_package",
      "provider": "provider[\"registry.terraform.io/hashicorp/archive\"]",
      "instances": [
        {
          "schema_version": 0,
          "attributes": {
            "exclude_symlink_directories": null,
            "excludes": null,
            "id": "b3977ec8521c4707d939e97ee242a2d4e8437bfc",
            "output_base64sha256": "VUmrzarEhi28aQMKXRzkfdpVikWPqjmrBGavE83Unr0=",
            "output_base64sha512": "Su1KdbogRzF/K9/Xf5/ZzhGQ5wXROg/OcJf6yuBQxxjW4lzSu9XNDKMulTW2lDVr67dafUZv2KScjliXejy2/g==",
            "output_file_mode": null,
            "output_md5": "4f115ebecf7910f0018b1a8b39105ecb",
            "output_path": "./resources/core/service-create/index.zip",
            "output_sha": "b3977ec8521c4707d939e97ee242a2d4e8437bfc",
            "output_sha256": "5549abcdaac4862dbc69030a5d1ce47dda558a458faa39ab0466af13cdd49ebd",
            "output_sha512": "4aed4a75ba2047317f2bdfd77f9fd9ce1190e705d13a0fce7097facae050c718d6e25cd2bbd5cd0ca32e9535b694356bebb75a7d466fd8a49c8e58977a3cb6fe",
            "output_size": 3053800,
            "source": [],
            "source_content": null,
            "source_content_filename": null,
            "source_dir": "./lambdas/core/service-create",
            "source_file": null,
            "type": "zip"
          },
          "sensitive_attributes": []
        }
      ]
    },
    {
      "module": "module.api_gateway_resources_core_service_create",
      "mode": "data",
      "type": "aws_apigatewayv2_api",
      "name": "selected",
      "provider": "provider[\"registry.terraform.io/hashicorp/aws\"]",
      "instances": [
        {
          "schema_version": 0,
          "attributes": {
            "api_endpoint": "https://1xfslfeqxf.execute-api.us-east-1.amazonaws.com",
            "api_id": "1xfslfeqxf",
            "api_key_selection_expression": "$request.header.x-api-key",
            "arn": "arn:aws:apigateway:us-east-1::/apis/1xfslfeqxf",
            "cors_configuration": [
              {
                "allow_credentials": false,
                "allow_headers": [
                  "*"
                ],
                "allow_methods": [
                  "DELETE",
                  "GET",
                  "OPTIONS",
                  "POST",
                  "PUT"
                ],
                "allow_origins": [
                  "*",
                  "http://localhost:3000"
                ],
                "expose_headers": [],
                "max_age": 300
              }
            ],
            "description": "api-appma-dev API Gateway",
            "disable_execute_api_endpoint": false,
            "execution_arn": "arn:aws:execute-api:us-east-1:233925838033:1xfslfeqxf",
            "id": "1xfslfeqxf",
            "name": "api-appma-dev",
            "protocol_type": "HTTP",
            "route_selection_expression": "$request.method $request.path",
            "tags": {
              "iac": "terraform"
            },
            "version": ""
          },
          "sensitive_attributes": []
        }
      ]
    },
    {
      "module": "module.api_gateway_resources_core_service_create",
      "mode": "data",
      "type": "aws_caller_identity",
      "name": "current",
      "provider": "provider[\"registry.terraform.io/hashicorp/aws\"]",
      "instances": [
        {
          "schema_version": 0,
          "attributes": {
            "account_id": "233925838033",
            "arn": "arn:aws:iam::233925838033:root",
            "id": "233925838033",
            "user_id": "233925838033"
          },
          "sensitive_attributes": []
        }
      ]
    },
    {
      "module": "module.api_gateway_resources_core_service_create",
      "mode": "data",
      "type": "aws_iam_policy_document",
      "name": "lambda_policy_document",
      "provider": "provider[\"registry.terraform.io/hashicorp/aws\"]",
      "instances": [
        {
          "schema_version": 0,
          "attributes": {
            "id": "1304290317",
            "json": "{\n  \"Version\": \"2012-10-17\",\n  \"Statement\": [\n    {\n      \"Effect\": \"Allow\",\n      \"Action\": [\n        \"dynamodb:Scan\",\n        \"dynamodb:PutItem\"\n      ],\n      \"Resource\": \"arn:aws:dynamodb:us-east-1:233925838033:table/tbl-appma-services-dev\"\n    }\n  ]\n}",
            "minified_json": "{\"Version\":\"2012-10-17\",\"Statement\":[{\"Effect\":\"Allow\",\"Action\":[\"dynamodb:Scan\",\"dynamodb:PutItem\"],\"Resource\":\"arn:aws:dynamodb:us-east-1:233925838033:table/tbl-appma-services-dev\"}]}",
            "override_json": null,
            "override_policy_documents": null,
            "policy_id": null,
            "source_json": null,
            "source_policy_documents": null,
            "statement": [
              {
                "actions": [
                  "dynamodb:PutItem",
                  "dynamodb:Scan"
                ],
                "condition": [],
                "effect": "Allow",
                "not_actions": [],
                "not_principals": [],
                "not_resources": [],
                "principals": [],
                "resources": [
                  "arn:aws:dynamodb:us-east-1:233925838033:table/tbl-appma-services-dev"
                ],
                "sid": ""
              }
            ],
            "version": "2012-10-17"
          },
          "sensitive_attributes": []
        }
      ]
    },
    {
      "module": "module.api_gateway_resources_core_service_create",
      "mode": "data",
      "type": "aws_region",
      "name": "current",
      "provider": "provider[\"registry.terraform.io/hashicorp/aws\"]",
      "instances": [
        {
          "schema_version": 0,
          "attributes": {
            "description": "US East (N. Virginia)",
            "endpoint": "ec2.us-east-1.amazonaws.com",
            "id": "us-east-1",
            "name": "us-east-1"
          },
          "sensitive_attributes": []
        }
      ]
    },
    {
      "module": "module.api_gateway_resources_core_service_create",
      "mode": "managed",
      "type": "aws_apigatewayv2_integration",
      "name": "lambda_handler",
      "provider": "provider[\"registry.terraform.io/hashicorp/aws\"]",
      "instances": [
        {
          "schema_version": 0,
          "attributes": {
            "api_id": "1xfslfeqxf",
            "connection_id": "",
            "connection_type": "INTERNET",
            "content_handling_strategy": "",
            "credentials_arn": "",
            "description": "",
            "id": "f6f5in8",
            "integration_method": "POST",
            "integration_response_selection_expression": "",
            "integration_subtype": "",
            "integration_type": "AWS_PROXY",
            "integration_uri": "arn:aws:apigateway:us-east-1:lambda:path/2015-03-31/functions/arn:aws:lambda:us-east-1:233925838033:function:lmb-appma-core-services-create-dev/invocations",
            "passthrough_behavior": "",
            "payload_format_version": "1.0",
            "request_parameters": {},
            "request_templates": {},
            "response_parameters": [],
            "template_selection_expression": "",
            "timeout_milliseconds": 30000,
            "tls_config": []
          },
          "sensitive_attributes": [],
          "private": "bnVsbA==",
          "dependencies": [
            "module.api_gateway.aws_apigatewayv2_api.main",
            "module.api_gateway.aws_apigatewayv2_stage.dev",
            "module.api_gateway.aws_cloudwatch_log_group.main_api_gw",
            "module.api_gateway_resources_core_service_create.aws_iam_role.lambda_role",
            "module.api_gateway_resources_core_service_create.aws_lambda_function.html_lambda",
            "module.api_gateway_resources_core_service_create.data.archive_file.lambda_package",
            "module.api_gateway_resources_core_service_create.data.aws_apigatewayv2_api.selected",
            "module.services_dynamodb.aws_dynamodb_table.services-dynamodb-table"
          ]
        }
      ]
    },
    {
      "module": "module.api_gateway_resources_core_service_create",
      "mode": "managed",
      "type": "aws_apigatewayv2_route",
      "name": "post_handler",
      "provider": "provider[\"registry.terraform.io/hashicorp/aws\"]",
      "instances": [
        {
          "schema_version": 0,
          "attributes": {
            "api_id": "1xfslfeqxf",
            "api_key_required": false,
            "authorization_scopes": [],
            "authorization_type": "CUSTOM",
            "authorizer_id": "8ylzuh",
            "id": "8qo4fk9",
            "model_selection_expression": "",
            "operation_name": "",
            "request_models": {},
            "request_parameter": [],
            "route_key": "POST /api/core/services",
            "route_response_selection_expression": "",
            "target": "integrations/f6f5in8"
          },
          "sensitive_attributes": [],
          "private": "bnVsbA==",
          "dependencies": [
            "module.api_gateway.aws_apigatewayv2_api.main",
            "module.api_gateway.aws_apigatewayv2_stage.dev",
            "module.api_gateway.aws_cloudwatch_log_group.main_api_gw",
            "module.api_gateway_resources_core_service_create.aws_apigatewayv2_integration.lambda_handler",
            "module.api_gateway_resources_core_service_create.aws_iam_role.lambda_role",
            "module.api_gateway_resources_core_service_create.aws_lambda_function.html_lambda",
            "module.api_gateway_resources_core_service_create.data.archive_file.lambda_package",
            "module.api_gateway_resources_core_service_create.data.aws_apigatewayv2_api.selected",
            "module.api_gateway_resources_security_authorizer.aws_apigatewayv2_authorizer.header_based_authorizer",
            "module.api_gateway_resources_security_authorizer.aws_iam_role.lambda_role",
            "module.api_gateway_resources_security_authorizer.aws_lambda_function.html_lambda",
            "module.api_gateway_resources_security_authorizer.data.archive_file.lambda_package",
            "module.api_gateway_resources_security_authorizer.data.aws_apigatewayv2_api.selected",
            "module.services_dynamodb.aws_dynamodb_table.services-dynamodb-table"
          ]
        }
      ]
    },
    {
      "module": "module.api_gateway_resources_core_service_create",
      "mode": "managed",
      "type": "aws_cloudwatch_log_group",
      "name": "html_loggroup_lambda",
      "provider": "provider[\"registry.terraform.io/hashicorp/aws\"]",
      "instances": [
        {
          "schema_version": 0,
          "attributes": {
            "arn": "arn:aws:logs:us-east-1:233925838033:log-group:/aws/lambda/lmb-appma-core-services-create-dev",
            "id": "/aws/lambda/lmb-appma-core-services-create-dev",
            "kms_key_id": "",
            "log_group_class": "STANDARD",
            "name": "/aws/lambda/lmb-appma-core-services-create-dev",
            "name_prefix": "",
            "retention_in_days": 0,
            "skip_destroy": false,
            "tags": {},
            "tags_all": {
              "iac": "terraform"
            }
          },
          "sensitive_attributes": [],
          "private": "bnVsbA==",
          "dependencies": [
            "module.api_gateway.aws_apigatewayv2_api.main",
            "module.api_gateway.aws_apigatewayv2_stage.dev",
            "module.api_gateway.aws_cloudwatch_log_group.main_api_gw",
            "module.api_gateway_resources_core_service_create.aws_iam_role.lambda_role",
            "module.api_gateway_resources_core_service_create.aws_lambda_function.html_lambda",
            "module.api_gateway_resources_core_service_create.data.archive_file.lambda_package",
            "module.services_dynamodb.aws_dynamodb_table.services-dynamodb-table"
          ]
        }
      ]
    },
    {
      "module": "module.api_gateway_resources_core_service_create",
      "mode": "managed",
      "type": "aws_iam_policy",
      "name": "dynamodb_lambda_policy",
      "provider": "provider[\"registry.terraform.io/hashicorp/aws\"]",
      "instances": [
        {
          "schema_version": 0,
          "attributes": {
            "arn": "arn:aws:iam::233925838033:policy/policy-appma-core-services-create-dev",
            "attachment_count": 1,
            "description": "This policy will be used by the lambda to write get data from DynamoDB",
            "id": "arn:aws:iam::233925838033:policy/policy-appma-core-services-create-dev",
            "name": "policy-appma-core-services-create-dev",
            "name_prefix": "",
            "path": "/",
            "policy": "{\"Statement\":[{\"Action\":[\"dynamodb:Scan\",\"dynamodb:PutItem\"],\"Effect\":\"Allow\",\"Resource\":\"arn:aws:dynamodb:us-east-1:233925838033:table/tbl-appma-services-dev\"}],\"Version\":\"2012-10-17\"}",
            "policy_id": "ANPATM5YRATI4ZYBPFGIN",
            "tags": {},
            "tags_all": {
              "iac": "terraform"
            }
          },
          "sensitive_attributes": [],
          "private": "bnVsbA==",
          "dependencies": [
            "module.api_gateway.aws_apigatewayv2_api.main",
            "module.api_gateway.aws_apigatewayv2_stage.dev",
            "module.api_gateway.aws_cloudwatch_log_group.main_api_gw",
            "module.api_gateway_resources_core_service_create.data.aws_caller_identity.current",
            "module.api_gateway_resources_core_service_create.data.aws_iam_policy_document.lambda_policy_document",
            "module.api_gateway_resources_core_service_create.data.aws_region.current",
            "module.services_dynamodb.aws_dynamodb_table.services-dynamodb-table"
          ]
        }
      ]
    },
    {
      "module": "module.api_gateway_resources_core_service_create",
      "mode": "managed",
      "type": "aws_iam_role",
      "name": "lambda_role",
      "provider": "provider[\"registry.terraform.io/hashicorp/aws\"]",
      "instances": [
        {
          "schema_version": 0,
          "attributes": {
            "arn": "arn:aws:iam::233925838033:role/role-appma-core-services-create-dev",
            "assume_role_policy": "{\"Statement\":[{\"Action\":\"sts:AssumeRole\",\"Effect\":\"Allow\",\"Principal\":{\"Service\":\"lambda.amazonaws.com\"}}],\"Version\":\"2012-10-17\"}",
            "create_date": "2024-07-24T19:40:05Z",
            "description": "",
            "force_detach_policies": false,
            "id": "role-appma-core-services-create-dev",
            "inline_policy": [],
            "managed_policy_arns": [
              "arn:aws:iam::233925838033:policy/policy-appma-core-services-create-dev",
              "arn:aws:iam::aws:policy/service-role/AWSLambdaBasicExecutionRole"
            ],
            "max_session_duration": 3600,
            "name": "role-appma-core-services-create-dev",
            "name_prefix": "",
            "path": "/",
            "permissions_boundary": "",
            "tags": {},
            "tags_all": {
              "iac": "terraform"
            },
            "unique_id": "AROATM5YRATIQOX2I6BRF"
          },
          "sensitive_attributes": [],
          "private": "bnVsbA==",
          "dependencies": [
            "module.api_gateway.aws_apigatewayv2_api.main",
            "module.api_gateway.aws_apigatewayv2_stage.dev",
            "module.api_gateway.aws_cloudwatch_log_group.main_api_gw",
            "module.services_dynamodb.aws_dynamodb_table.services-dynamodb-table"
          ]
        }
      ]
    },
    {
      "module": "module.api_gateway_resources_core_service_create",
      "mode": "managed",
      "type": "aws_iam_role_policy_attachment",
      "name": "lambda_attachements",
      "provider": "provider[\"registry.terraform.io/hashicorp/aws\"]",
      "instances": [
        {
          "schema_version": 0,
          "attributes": {
            "id": "role-appma-core-services-create-dev-2024072419404322900000001c",
            "policy_arn": "arn:aws:iam::233925838033:policy/policy-appma-core-services-create-dev",
            "role": "role-appma-core-services-create-dev"
          },
          "sensitive_attributes": [],
          "private": "bnVsbA==",
          "dependencies": [
            "module.api_gateway.aws_apigatewayv2_api.main",
            "module.api_gateway.aws_apigatewayv2_stage.dev",
            "module.api_gateway.aws_cloudwatch_log_group.main_api_gw",
            "module.api_gateway_resources_core_service_create.aws_iam_policy.dynamodb_lambda_policy",
            "module.api_gateway_resources_core_service_create.aws_iam_role.lambda_role",
            "module.api_gateway_resources_core_service_create.data.aws_caller_identity.current",
            "module.api_gateway_resources_core_service_create.data.aws_iam_policy_document.lambda_policy_document",
            "module.api_gateway_resources_core_service_create.data.aws_region.current",
            "module.services_dynamodb.aws_dynamodb_table.services-dynamodb-table"
          ]
        }
      ]
    },
    {
      "module": "module.api_gateway_resources_core_service_create",
      "mode": "managed",
      "type": "aws_iam_role_policy_attachment",
      "name": "lambda_role_policy",
      "provider": "provider[\"registry.terraform.io/hashicorp/aws\"]",
      "instances": [
        {
          "schema_version": 0,
          "attributes": {
            "id": "role-appma-core-services-create-dev-20240724194007856300000017",
            "policy_arn": "arn:aws:iam::aws:policy/service-role/AWSLambdaBasicExecutionRole",
            "role": "role-appma-core-services-create-dev"
          },
          "sensitive_attributes": [],
          "private": "bnVsbA==",
          "dependencies": [
            "module.api_gateway.aws_apigatewayv2_api.main",
            "module.api_gateway.aws_apigatewayv2_stage.dev",
            "module.api_gateway.aws_cloudwatch_log_group.main_api_gw",
            "module.api_gateway_resources_core_service_create.aws_iam_role.lambda_role",
            "module.services_dynamodb.aws_dynamodb_table.services-dynamodb-table"
          ]
        }
      ]
    },
    {
      "module": "module.api_gateway_resources_core_service_create",
      "mode": "managed",
      "type": "aws_lambda_function",
      "name": "html_lambda",
      "provider": "provider[\"registry.terraform.io/hashicorp/aws\"]",
      "instances": [
        {
          "schema_version": 0,
          "attributes": {
            "architectures": [
              "arm64"
            ],
            "arn": "arn:aws:lambda:us-east-1:233925838033:function:lmb-appma-core-services-create-dev",
            "code_sha256": "VUmrzarEhi28aQMKXRzkfdpVikWPqjmrBGavE83Unr0=",
            "code_signing_config_arn": "",
            "dead_letter_config": [],
            "description": "",
            "environment": [],
            "ephemeral_storage": [
              {
                "size": 512
              }
            ],
            "file_system_config": [],
            "filename": "./resources/core/service-create/index.zip",
            "function_name": "lmb-appma-core-services-create-dev",
            "handler": "index.handler",
            "id": "lmb-appma-core-services-create-dev",
            "image_config": [],
            "image_uri": "",
            "invoke_arn": "arn:aws:apigateway:us-east-1:lambda:path/2015-03-31/functions/arn:aws:lambda:us-east-1:233925838033:function:lmb-appma-core-services-create-dev/invocations",
            "kms_key_arn": "",
            "last_modified": "2024-08-01T17:10:42.000+0000",
            "layers": [],
            "logging_config": [
              {
                "application_log_level": "",
                "log_format": "Text",
                "log_group": "/aws/lambda/lmb-appma-core-services-create-dev",
                "system_log_level": ""
              }
            ],
            "memory_size": 128,
            "package_type": "Zip",
            "publish": false,
            "qualified_arn": "arn:aws:lambda:us-east-1:233925838033:function:lmb-appma-core-services-create-dev:$LATEST",
            "qualified_invoke_arn": "arn:aws:apigateway:us-east-1:lambda:path/2015-03-31/functions/arn:aws:lambda:us-east-1:233925838033:function:lmb-appma-core-services-create-dev:$LATEST/invocations",
            "replace_security_groups_on_destroy": null,
            "replacement_security_group_ids": null,
            "reserved_concurrent_executions": -1,
            "role": "arn:aws:iam::233925838033:role/role-appma-core-services-create-dev",
            "runtime": "nodejs20.x",
            "s3_bucket": null,
            "s3_key": null,
            "s3_object_version": null,
            "signing_job_arn": "",
            "signing_profile_version_arn": "",
            "skip_destroy": false,
            "snap_start": [],
            "source_code_hash": "VUmrzarEhi28aQMKXRzkfdpVikWPqjmrBGavE83Unr0=",
            "source_code_size": 3053800,
            "tags": {
              "component": "services-create",
              "domain": "core",
              "env": "dev"
            },
            "tags_all": {
              "component": "services-create",
              "domain": "core",
              "env": "dev",
              "iac": "terraform"
            },
            "timeout": 30,
            "timeouts": null,
            "tracing_config": [
              {
                "mode": "PassThrough"
              }
            ],
            "version": "$LATEST",
            "vpc_config": []
          },
          "sensitive_attributes": [],
          "private": "eyJlMmJmYjczMC1lY2FhLTExZTYtOGY4OC0zNDM2M2JjN2M0YzAiOnsiY3JlYXRlIjo2MDAwMDAwMDAwMDAsImRlbGV0ZSI6NjAwMDAwMDAwMDAwLCJ1cGRhdGUiOjYwMDAwMDAwMDAwMH19",
          "dependencies": [
            "module.api_gateway.aws_apigatewayv2_api.main",
            "module.api_gateway.aws_apigatewayv2_stage.dev",
            "module.api_gateway.aws_cloudwatch_log_group.main_api_gw",
            "module.api_gateway_resources_core_service_create.aws_iam_role.lambda_role",
            "module.api_gateway_resources_core_service_create.data.archive_file.lambda_package",
            "module.services_dynamodb.aws_dynamodb_table.services-dynamodb-table"
          ]
        }
      ]
    },
    {
      "module": "module.api_gateway_resources_core_service_create",
      "mode": "managed",
      "type": "aws_lambda_permission",
      "name": "api_gw",
      "provider": "provider[\"registry.terraform.io/hashicorp/aws\"]",
      "instances": [
        {
          "schema_version": 0,
          "attributes": {
            "action": "lambda:InvokeFunction",
            "event_source_token": null,
            "function_name": "lmb-appma-core-services-create-dev",
            "function_url_auth_type": null,
            "id": "AllowExecutionFromAPIGateway",
            "principal": "apigateway.amazonaws.com",
            "principal_org_id": null,
            "qualifier": "",
            "source_account": null,
            "source_arn": "arn:aws:execute-api:us-east-1:233925838033:1xfslfeqxf/*/*",
            "statement_id": "AllowExecutionFromAPIGateway",
            "statement_id_prefix": ""
          },
          "sensitive_attributes": [],
          "private": "bnVsbA==",
          "dependencies": [
            "module.api_gateway.aws_apigatewayv2_api.main",
            "module.api_gateway.aws_apigatewayv2_stage.dev",
            "module.api_gateway.aws_cloudwatch_log_group.main_api_gw",
            "module.api_gateway_resources_core_service_create.aws_iam_role.lambda_role",
            "module.api_gateway_resources_core_service_create.aws_lambda_function.html_lambda",
            "module.api_gateway_resources_core_service_create.data.archive_file.lambda_package",
            "module.api_gateway_resources_core_service_create.data.aws_apigatewayv2_api.selected",
            "module.services_dynamodb.aws_dynamodb_table.services-dynamodb-table"
          ]
        }
      ]
    },
    {
      "module": "module.api_gateway_resources_core_service_delete",
      "mode": "data",
      "type": "archive_file",
      "name": "lambda_package",
      "provider": "provider[\"registry.terraform.io/hashicorp/archive\"]",
      "instances": [
        {
          "schema_version": 0,
          "attributes": {
            "exclude_symlink_directories": null,
            "excludes": null,
            "id": "4795bde5be1a4d14098beb4563991d70b5d590bd",
            "output_base64sha256": "2wPuu0lc5KLr2Gc3ECMC9Yxs+sUvbjy5lngo8fa4WGc=",
            "output_base64sha512": "vpLFu0XobFolXYMuhUO0867QlNkkmhg6tDuItHH9hnkwUDHfffZYkUSuj/bq3LKjor2kUHoAsrdrO9IAPANPcw==",
            "output_file_mode": null,
            "output_md5": "52c101578b63e191d900e6c8a3876445",
            "output_path": "./resources/core/service-delete-by-id/index.zip",
            "output_sha": "4795bde5be1a4d14098beb4563991d70b5d590bd",
            "output_sha256": "db03eebb495ce4a2ebd86737102302f58c6cfac52f6e3cb9967828f1f6b85867",
            "output_sha512": "be92c5bb45e86c5a255d832e8543b4f3aed094d9249a183ab43b88b471fd8679305031df7df6589144ae8ff6eadcb2a3a2bda4507a00b2b76b3bd2003c034f73",
            "output_size": 2970126,
            "source": [],
            "source_content": null,
            "source_content_filename": null,
            "source_dir": "./lambdas/core/service-delete-by-id",
            "source_file": null,
            "type": "zip"
          },
          "sensitive_attributes": []
        }
      ]
    },
    {
      "module": "module.api_gateway_resources_core_service_delete",
      "mode": "data",
      "type": "aws_apigatewayv2_api",
      "name": "selected",
      "provider": "provider[\"registry.terraform.io/hashicorp/aws\"]",
      "instances": [
        {
          "schema_version": 0,
          "attributes": {
            "api_endpoint": "https://1xfslfeqxf.execute-api.us-east-1.amazonaws.com",
            "api_id": "1xfslfeqxf",
            "api_key_selection_expression": "$request.header.x-api-key",
            "arn": "arn:aws:apigateway:us-east-1::/apis/1xfslfeqxf",
            "cors_configuration": [
              {
                "allow_credentials": false,
                "allow_headers": [
                  "*"
                ],
                "allow_methods": [
                  "DELETE",
                  "GET",
                  "OPTIONS",
                  "POST",
                  "PUT"
                ],
                "allow_origins": [
                  "*",
                  "http://localhost:3000"
                ],
                "expose_headers": [],
                "max_age": 300
              }
            ],
            "description": "api-appma-dev API Gateway",
            "disable_execute_api_endpoint": false,
            "execution_arn": "arn:aws:execute-api:us-east-1:233925838033:1xfslfeqxf",
            "id": "1xfslfeqxf",
            "name": "api-appma-dev",
            "protocol_type": "HTTP",
            "route_selection_expression": "$request.method $request.path",
            "tags": {
              "iac": "terraform"
            },
            "version": ""
          },
          "sensitive_attributes": []
        }
      ]
    },
    {
      "module": "module.api_gateway_resources_core_service_delete",
      "mode": "data",
      "type": "aws_caller_identity",
      "name": "current",
      "provider": "provider[\"registry.terraform.io/hashicorp/aws\"]",
      "instances": [
        {
          "schema_version": 0,
          "attributes": {
            "account_id": "233925838033",
            "arn": "arn:aws:iam::233925838033:root",
            "id": "233925838033",
            "user_id": "233925838033"
          },
          "sensitive_attributes": []
        }
      ]
    },
    {
      "module": "module.api_gateway_resources_core_service_delete",
      "mode": "data",
      "type": "aws_iam_policy_document",
      "name": "lambda_policy_document",
      "provider": "provider[\"registry.terraform.io/hashicorp/aws\"]",
      "instances": [
        {
          "schema_version": 0,
          "attributes": {
            "id": "795914799",
            "json": "{\n  \"Version\": \"2012-10-17\",\n  \"Statement\": [\n    {\n      \"Effect\": \"Allow\",\n      \"Action\": \"dynamodb:DeleteItem\",\n      \"Resource\": \"arn:aws:dynamodb:us-east-1:233925838033:table/tbl-appma-services-dev\"\n    }\n  ]\n}",
            "minified_json": "{\"Version\":\"2012-10-17\",\"Statement\":[{\"Effect\":\"Allow\",\"Action\":\"dynamodb:DeleteItem\",\"Resource\":\"arn:aws:dynamodb:us-east-1:233925838033:table/tbl-appma-services-dev\"}]}",
            "override_json": null,
            "override_policy_documents": null,
            "policy_id": null,
            "source_json": null,
            "source_policy_documents": null,
            "statement": [
              {
                "actions": [
                  "dynamodb:DeleteItem"
                ],
                "condition": [],
                "effect": "Allow",
                "not_actions": [],
                "not_principals": [],
                "not_resources": [],
                "principals": [],
                "resources": [
                  "arn:aws:dynamodb:us-east-1:233925838033:table/tbl-appma-services-dev"
                ],
                "sid": ""
              }
            ],
            "version": "2012-10-17"
          },
          "sensitive_attributes": []
        }
      ]
    },
    {
      "module": "module.api_gateway_resources_core_service_delete",
      "mode": "data",
      "type": "aws_region",
      "name": "current",
      "provider": "provider[\"registry.terraform.io/hashicorp/aws\"]",
      "instances": [
        {
          "schema_version": 0,
          "attributes": {
            "description": "US East (N. Virginia)",
            "endpoint": "ec2.us-east-1.amazonaws.com",
            "id": "us-east-1",
            "name": "us-east-1"
          },
          "sensitive_attributes": []
        }
      ]
    },
    {
      "module": "module.api_gateway_resources_core_service_delete",
      "mode": "managed",
      "type": "aws_apigatewayv2_integration",
      "name": "lambda_handler",
      "provider": "provider[\"registry.terraform.io/hashicorp/aws\"]",
      "instances": [
        {
          "schema_version": 0,
          "attributes": {
            "api_id": "1xfslfeqxf",
            "connection_id": "",
            "connection_type": "INTERNET",
            "content_handling_strategy": "",
            "credentials_arn": "",
            "description": "",
            "id": "zcwy48p",
            "integration_method": "POST",
            "integration_response_selection_expression": "",
            "integration_subtype": "",
            "integration_type": "AWS_PROXY",
            "integration_uri": "arn:aws:apigateway:us-east-1:lambda:path/2015-03-31/functions/arn:aws:lambda:us-east-1:233925838033:function:lmb-appma-core-services-delete-by-id-dev/invocations",
            "passthrough_behavior": "",
            "payload_format_version": "1.0",
            "request_parameters": {},
            "request_templates": {},
            "response_parameters": [],
            "template_selection_expression": "",
            "timeout_milliseconds": 30000,
            "tls_config": []
          },
          "sensitive_attributes": [],
          "private": "bnVsbA==",
          "dependencies": [
            "module.api_gateway.aws_apigatewayv2_api.main",
            "module.api_gateway.aws_apigatewayv2_stage.dev",
            "module.api_gateway.aws_cloudwatch_log_group.main_api_gw",
            "module.api_gateway_resources_core_service_delete.aws_iam_role.lambda_role",
            "module.api_gateway_resources_core_service_delete.aws_lambda_function.html_lambda",
            "module.api_gateway_resources_core_service_delete.data.archive_file.lambda_package",
            "module.api_gateway_resources_core_service_delete.data.aws_apigatewayv2_api.selected",
            "module.services_dynamodb.aws_dynamodb_table.services-dynamodb-table"
          ]
        }
      ]
    },
    {
      "module": "module.api_gateway_resources_core_service_delete",
      "mode": "managed",
      "type": "aws_apigatewayv2_route",
      "name": "post_handler",
      "provider": "provider[\"registry.terraform.io/hashicorp/aws\"]",
      "instances": [
        {
          "schema_version": 0,
          "attributes": {
            "api_id": "1xfslfeqxf",
            "api_key_required": false,
            "authorization_scopes": [],
            "authorization_type": "CUSTOM",
            "authorizer_id": "8ylzuh",
            "id": "wtgbe9l",
            "model_selection_expression": "",
            "operation_name": "",
            "request_models": {},
            "request_parameter": [],
            "route_key": "DELETE /api/core/services/{id}",
            "route_response_selection_expression": "",
            "target": "integrations/zcwy48p"
          },
          "sensitive_attributes": [],
          "private": "bnVsbA==",
          "dependencies": [
            "module.api_gateway.aws_apigatewayv2_api.main",
            "module.api_gateway.aws_apigatewayv2_stage.dev",
            "module.api_gateway.aws_cloudwatch_log_group.main_api_gw",
            "module.api_gateway_resources_core_service_delete.aws_apigatewayv2_integration.lambda_handler",
            "module.api_gateway_resources_core_service_delete.aws_iam_role.lambda_role",
            "module.api_gateway_resources_core_service_delete.aws_lambda_function.html_lambda",
            "module.api_gateway_resources_core_service_delete.data.archive_file.lambda_package",
            "module.api_gateway_resources_core_service_delete.data.aws_apigatewayv2_api.selected",
            "module.api_gateway_resources_security_authorizer.aws_apigatewayv2_authorizer.header_based_authorizer",
            "module.api_gateway_resources_security_authorizer.aws_iam_role.lambda_role",
            "module.api_gateway_resources_security_authorizer.aws_lambda_function.html_lambda",
            "module.api_gateway_resources_security_authorizer.data.archive_file.lambda_package",
            "module.api_gateway_resources_security_authorizer.data.aws_apigatewayv2_api.selected",
            "module.services_dynamodb.aws_dynamodb_table.services-dynamodb-table"
          ]
        }
      ]
    },
    {
      "module": "module.api_gateway_resources_core_service_delete",
      "mode": "managed",
      "type": "aws_cloudwatch_log_group",
      "name": "html_loggroup_lambda",
      "provider": "provider[\"registry.terraform.io/hashicorp/aws\"]",
      "instances": [
        {
          "schema_version": 0,
          "attributes": {
            "arn": "arn:aws:logs:us-east-1:233925838033:log-group:/aws/lambda/lmb-appma-core-services-delete-by-id-dev",
            "id": "/aws/lambda/lmb-appma-core-services-delete-by-id-dev",
            "kms_key_id": "",
            "log_group_class": "STANDARD",
            "name": "/aws/lambda/lmb-appma-core-services-delete-by-id-dev",
            "name_prefix": "",
            "retention_in_days": 0,
            "skip_destroy": false,
            "tags": {},
            "tags_all": {
              "iac": "terraform"
            }
          },
          "sensitive_attributes": [],
          "private": "bnVsbA==",
          "dependencies": [
            "module.api_gateway.aws_apigatewayv2_api.main",
            "module.api_gateway.aws_apigatewayv2_stage.dev",
            "module.api_gateway.aws_cloudwatch_log_group.main_api_gw",
            "module.api_gateway_resources_core_service_delete.aws_iam_role.lambda_role",
            "module.api_gateway_resources_core_service_delete.aws_lambda_function.html_lambda",
            "module.api_gateway_resources_core_service_delete.data.archive_file.lambda_package",
            "module.services_dynamodb.aws_dynamodb_table.services-dynamodb-table"
          ]
        }
      ]
    },
    {
      "module": "module.api_gateway_resources_core_service_delete",
      "mode": "managed",
      "type": "aws_iam_policy",
      "name": "dynamodb_lambda_policy",
      "provider": "provider[\"registry.terraform.io/hashicorp/aws\"]",
      "instances": [
        {
          "schema_version": 0,
          "attributes": {
            "arn": "arn:aws:iam::233925838033:policy/policy-appma-core-services-delete-by-id-dev",
            "attachment_count": 1,
            "description": "This policy will be used by the lambda to write get data from DynamoDB",
            "id": "arn:aws:iam::233925838033:policy/policy-appma-core-services-delete-by-id-dev",
            "name": "policy-appma-core-services-delete-by-id-dev",
            "name_prefix": "",
            "path": "/",
            "policy": "{\"Statement\":[{\"Action\":\"dynamodb:DeleteItem\",\"Effect\":\"Allow\",\"Resource\":\"arn:aws:dynamodb:us-east-1:233925838033:table/tbl-appma-services-dev\"}],\"Version\":\"2012-10-17\"}",
            "policy_id": "ANPATM5YRATIXNV3A2ZVC",
            "tags": {},
            "tags_all": {
              "iac": "terraform"
            }
          },
          "sensitive_attributes": [],
          "private": "bnVsbA==",
          "dependencies": [
            "module.api_gateway.aws_apigatewayv2_api.main",
            "module.api_gateway.aws_apigatewayv2_stage.dev",
            "module.api_gateway.aws_cloudwatch_log_group.main_api_gw",
            "module.api_gateway_resources_core_service_delete.data.aws_caller_identity.current",
            "module.api_gateway_resources_core_service_delete.data.aws_iam_policy_document.lambda_policy_document",
            "module.api_gateway_resources_core_service_delete.data.aws_region.current",
            "module.services_dynamodb.aws_dynamodb_table.services-dynamodb-table"
          ]
        }
      ]
    },
    {
      "module": "module.api_gateway_resources_core_service_delete",
      "mode": "managed",
      "type": "aws_iam_role",
      "name": "lambda_role",
      "provider": "provider[\"registry.terraform.io/hashicorp/aws\"]",
      "instances": [
        {
          "schema_version": 0,
          "attributes": {
            "arn": "arn:aws:iam::233925838033:role/role-appma-core-services-delete-by-id-dev",
            "assume_role_policy": "{\"Statement\":[{\"Action\":\"sts:AssumeRole\",\"Effect\":\"Allow\",\"Principal\":{\"Service\":\"lambda.amazonaws.com\"}}],\"Version\":\"2012-10-17\"}",
            "create_date": "2024-07-24T19:40:06Z",
            "description": "",
            "force_detach_policies": false,
            "id": "role-appma-core-services-delete-by-id-dev",
            "inline_policy": [],
            "managed_policy_arns": [
              "arn:aws:iam::233925838033:policy/policy-appma-core-services-delete-by-id-dev",
              "arn:aws:iam::aws:policy/service-role/AWSLambdaBasicExecutionRole"
            ],
            "max_session_duration": 3600,
            "name": "role-appma-core-services-delete-by-id-dev",
            "name_prefix": "",
            "path": "/",
            "permissions_boundary": "",
            "tags": {},
            "tags_all": {
              "iac": "terraform"
            },
            "unique_id": "AROATM5YRATIZZH7ZTEAL"
          },
          "sensitive_attributes": [],
          "private": "bnVsbA==",
          "dependencies": [
            "module.api_gateway.aws_apigatewayv2_api.main",
            "module.api_gateway.aws_apigatewayv2_stage.dev",
            "module.api_gateway.aws_cloudwatch_log_group.main_api_gw",
            "module.services_dynamodb.aws_dynamodb_table.services-dynamodb-table"
          ]
        }
      ]
    },
    {
      "module": "module.api_gateway_resources_core_service_delete",
      "mode": "managed",
      "type": "aws_iam_role_policy_attachment",
      "name": "lambda_attachements",
      "provider": "provider[\"registry.terraform.io/hashicorp/aws\"]",
      "instances": [
        {
          "schema_version": 0,
          "attributes": {
            "id": "role-appma-core-services-delete-by-id-dev-2024072419404524570000001d",
            "policy_arn": "arn:aws:iam::233925838033:policy/policy-appma-core-services-delete-by-id-dev",
            "role": "role-appma-core-services-delete-by-id-dev"
          },
          "sensitive_attributes": [],
          "private": "bnVsbA==",
          "dependencies": [
            "module.api_gateway.aws_apigatewayv2_api.main",
            "module.api_gateway.aws_apigatewayv2_stage.dev",
            "module.api_gateway.aws_cloudwatch_log_group.main_api_gw",
            "module.api_gateway_resources_core_service_delete.aws_iam_policy.dynamodb_lambda_policy",
            "module.api_gateway_resources_core_service_delete.aws_iam_role.lambda_role",
            "module.api_gateway_resources_core_service_delete.data.aws_caller_identity.current",
            "module.api_gateway_resources_core_service_delete.data.aws_iam_policy_document.lambda_policy_document",
            "module.api_gateway_resources_core_service_delete.data.aws_region.current",
            "module.services_dynamodb.aws_dynamodb_table.services-dynamodb-table"
          ]
        }
      ]
    },
    {
      "module": "module.api_gateway_resources_core_service_delete",
      "mode": "managed",
      "type": "aws_iam_role_policy_attachment",
      "name": "lambda_role_policy",
      "provider": "provider[\"registry.terraform.io/hashicorp/aws\"]",
      "instances": [
        {
          "schema_version": 0,
          "attributes": {
            "id": "role-appma-core-services-delete-by-id-dev-20240724194009622100000018",
            "policy_arn": "arn:aws:iam::aws:policy/service-role/AWSLambdaBasicExecutionRole",
            "role": "role-appma-core-services-delete-by-id-dev"
          },
          "sensitive_attributes": [],
          "private": "bnVsbA==",
          "dependencies": [
            "module.api_gateway.aws_apigatewayv2_api.main",
            "module.api_gateway.aws_apigatewayv2_stage.dev",
            "module.api_gateway.aws_cloudwatch_log_group.main_api_gw",
            "module.api_gateway_resources_core_service_delete.aws_iam_role.lambda_role",
            "module.services_dynamodb.aws_dynamodb_table.services-dynamodb-table"
          ]
        }
      ]
    },
    {
      "module": "module.api_gateway_resources_core_service_delete",
      "mode": "managed",
      "type": "aws_lambda_function",
      "name": "html_lambda",
      "provider": "provider[\"registry.terraform.io/hashicorp/aws\"]",
      "instances": [
        {
          "schema_version": 0,
          "attributes": {
            "architectures": [
              "arm64"
            ],
            "arn": "arn:aws:lambda:us-east-1:233925838033:function:lmb-appma-core-services-delete-by-id-dev",
            "code_sha256": "2wPuu0lc5KLr2Gc3ECMC9Yxs+sUvbjy5lngo8fa4WGc=",
            "code_signing_config_arn": "",
            "dead_letter_config": [],
            "description": "",
            "environment": [],
            "ephemeral_storage": [
              {
                "size": 512
              }
            ],
            "file_system_config": [],
            "filename": "./resources/core/service-delete-by-id/index.zip",
            "function_name": "lmb-appma-core-services-delete-by-id-dev",
            "handler": "index.handler",
            "id": "lmb-appma-core-services-delete-by-id-dev",
            "image_config": [],
            "image_uri": "",
            "invoke_arn": "arn:aws:apigateway:us-east-1:lambda:path/2015-03-31/functions/arn:aws:lambda:us-east-1:233925838033:function:lmb-appma-core-services-delete-by-id-dev/invocations",
            "kms_key_arn": "",
            "last_modified": "2024-07-24T19:41:44.742+0000",
            "layers": [],
            "logging_config": [
              {
                "application_log_level": "",
                "log_format": "Text",
                "log_group": "/aws/lambda/lmb-appma-core-services-delete-by-id-dev",
                "system_log_level": ""
              }
            ],
            "memory_size": 128,
            "package_type": "Zip",
            "publish": false,
            "qualified_arn": "arn:aws:lambda:us-east-1:233925838033:function:lmb-appma-core-services-delete-by-id-dev:$LATEST",
            "qualified_invoke_arn": "arn:aws:apigateway:us-east-1:lambda:path/2015-03-31/functions/arn:aws:lambda:us-east-1:233925838033:function:lmb-appma-core-services-delete-by-id-dev:$LATEST/invocations",
            "replace_security_groups_on_destroy": null,
            "replacement_security_group_ids": null,
            "reserved_concurrent_executions": -1,
            "role": "arn:aws:iam::233925838033:role/role-appma-core-services-delete-by-id-dev",
            "runtime": "nodejs20.x",
            "s3_bucket": null,
            "s3_key": null,
            "s3_object_version": null,
            "signing_job_arn": "",
            "signing_profile_version_arn": "",
            "skip_destroy": false,
            "snap_start": [],
            "source_code_hash": "2wPuu0lc5KLr2Gc3ECMC9Yxs+sUvbjy5lngo8fa4WGc=",
            "source_code_size": 2970126,
            "tags": {
              "component": "services-delete-by-id",
              "domain": "core",
              "env": "dev"
            },
            "tags_all": {
              "component": "services-delete-by-id",
              "domain": "core",
              "env": "dev",
              "iac": "terraform"
            },
            "timeout": 30,
            "timeouts": null,
            "tracing_config": [
              {
                "mode": "PassThrough"
              }
            ],
            "version": "$LATEST",
            "vpc_config": []
          },
          "sensitive_attributes": [],
          "private": "eyJlMmJmYjczMC1lY2FhLTExZTYtOGY4OC0zNDM2M2JjN2M0YzAiOnsiY3JlYXRlIjo2MDAwMDAwMDAwMDAsImRlbGV0ZSI6NjAwMDAwMDAwMDAwLCJ1cGRhdGUiOjYwMDAwMDAwMDAwMH19",
          "dependencies": [
            "module.api_gateway.aws_apigatewayv2_api.main",
            "module.api_gateway.aws_apigatewayv2_stage.dev",
            "module.api_gateway.aws_cloudwatch_log_group.main_api_gw",
            "module.api_gateway_resources_core_service_delete.aws_iam_role.lambda_role",
            "module.api_gateway_resources_core_service_delete.data.archive_file.lambda_package",
            "module.services_dynamodb.aws_dynamodb_table.services-dynamodb-table"
          ]
        }
      ]
    },
    {
      "module": "module.api_gateway_resources_core_service_delete",
      "mode": "managed",
      "type": "aws_lambda_permission",
      "name": "api_gw",
      "provider": "provider[\"registry.terraform.io/hashicorp/aws\"]",
      "instances": [
        {
          "schema_version": 0,
          "attributes": {
            "action": "lambda:InvokeFunction",
            "event_source_token": null,
            "function_name": "lmb-appma-core-services-delete-by-id-dev",
            "function_url_auth_type": null,
            "id": "AllowExecutionFromAPIGateway",
            "principal": "apigateway.amazonaws.com",
            "principal_org_id": null,
            "qualifier": "",
            "source_account": null,
            "source_arn": "arn:aws:execute-api:us-east-1:233925838033:1xfslfeqxf/*/*",
            "statement_id": "AllowExecutionFromAPIGateway",
            "statement_id_prefix": ""
          },
          "sensitive_attributes": [],
          "private": "bnVsbA==",
          "dependencies": [
            "module.api_gateway.aws_apigatewayv2_api.main",
            "module.api_gateway.aws_apigatewayv2_stage.dev",
            "module.api_gateway.aws_cloudwatch_log_group.main_api_gw",
            "module.api_gateway_resources_core_service_delete.aws_iam_role.lambda_role",
            "module.api_gateway_resources_core_service_delete.aws_lambda_function.html_lambda",
            "module.api_gateway_resources_core_service_delete.data.archive_file.lambda_package",
            "module.api_gateway_resources_core_service_delete.data.aws_apigatewayv2_api.selected",
            "module.services_dynamodb.aws_dynamodb_table.services-dynamodb-table"
          ]
        }
      ]
    },
    {
      "module": "module.api_gateway_resources_core_service_find_all_or_filter",
      "mode": "data",
      "type": "archive_file",
      "name": "lambda_package",
      "provider": "provider[\"registry.terraform.io/hashicorp/archive\"]",
      "instances": [
        {
          "schema_version": 0,
          "attributes": {
            "exclude_symlink_directories": null,
            "excludes": null,
            "id": "961f77fe35bc0a85f863ad89b1392cc2d368514f",
            "output_base64sha256": "EPgGZAWnx2vChDpxzUpzshG85vipvD2TV0r3+J1pdAI=",
            "output_base64sha512": "6Vk+i2PZF8DykWHO4ibIvwWrczX52Q2jEqSAailc6hr+IXniwg43v0vzf8NB6oqepE78hHeth4SXMaIVL180yA==",
            "output_file_mode": null,
            "output_md5": "3eb14e804b17d2bae7f64fe4d2149ef6",
            "output_path": "./resources/core/service-find-all-or-filter/index.zip",
            "output_sha": "961f77fe35bc0a85f863ad89b1392cc2d368514f",
            "output_sha256": "10f8066405a7c76bc2843a71cd4a73b211bce6f8a9bc3d93574af7f89d697402",
            "output_sha512": "e9593e8b63d917c0f29161cee226c8bf05ab7335f9d90da312a4806a295cea1afe2179e2c20e37bf4bf37fc341ea8a9ea44efc8477ad87849731a2152f5f34c8",
            "output_size": 2778847,
            "source": [],
            "source_content": null,
            "source_content_filename": null,
            "source_dir": "./lambdas/core/service-find-all-or-filter",
            "source_file": null,
            "type": "zip"
          },
          "sensitive_attributes": []
        }
      ]
    },
    {
      "module": "module.api_gateway_resources_core_service_find_all_or_filter",
      "mode": "data",
      "type": "aws_apigatewayv2_api",
      "name": "selected",
      "provider": "provider[\"registry.terraform.io/hashicorp/aws\"]",
      "instances": [
        {
          "schema_version": 0,
          "attributes": {
            "api_endpoint": "https://1xfslfeqxf.execute-api.us-east-1.amazonaws.com",
            "api_id": "1xfslfeqxf",
            "api_key_selection_expression": "$request.header.x-api-key",
            "arn": "arn:aws:apigateway:us-east-1::/apis/1xfslfeqxf",
            "cors_configuration": [
              {
                "allow_credentials": false,
                "allow_headers": [
                  "*"
                ],
                "allow_methods": [
                  "DELETE",
                  "GET",
                  "OPTIONS",
                  "POST",
                  "PUT"
                ],
                "allow_origins": [
                  "*",
                  "http://localhost:3000"
                ],
                "expose_headers": [],
                "max_age": 300
              }
            ],
            "description": "api-appma-dev API Gateway",
            "disable_execute_api_endpoint": false,
            "execution_arn": "arn:aws:execute-api:us-east-1:233925838033:1xfslfeqxf",
            "id": "1xfslfeqxf",
            "name": "api-appma-dev",
            "protocol_type": "HTTP",
            "route_selection_expression": "$request.method $request.path",
            "tags": {
              "iac": "terraform"
            },
            "version": ""
          },
          "sensitive_attributes": []
        }
      ]
    },
    {
      "module": "module.api_gateway_resources_core_service_find_all_or_filter",
      "mode": "data",
      "type": "aws_caller_identity",
      "name": "current",
      "provider": "provider[\"registry.terraform.io/hashicorp/aws\"]",
      "instances": [
        {
          "schema_version": 0,
          "attributes": {
            "account_id": "233925838033",
            "arn": "arn:aws:iam::233925838033:root",
            "id": "233925838033",
            "user_id": "233925838033"
          },
          "sensitive_attributes": []
        }
      ]
    },
    {
      "module": "module.api_gateway_resources_core_service_find_all_or_filter",
      "mode": "data",
      "type": "aws_iam_policy_document",
      "name": "lambda_policy_document",
      "provider": "provider[\"registry.terraform.io/hashicorp/aws\"]",
      "instances": [
        {
          "schema_version": 0,
          "attributes": {
            "id": "1540031005",
            "json": "{\n  \"Version\": \"2012-10-17\",\n  \"Statement\": [\n    {\n      \"Effect\": \"Allow\",\n      \"Action\": \"dynamodb:Scan\",\n      \"Resource\": \"arn:aws:dynamodb:us-east-1:233925838033:table/tbl-appma-services-dev\"\n    }\n  ]\n}",
            "minified_json": "{\"Version\":\"2012-10-17\",\"Statement\":[{\"Effect\":\"Allow\",\"Action\":\"dynamodb:Scan\",\"Resource\":\"arn:aws:dynamodb:us-east-1:233925838033:table/tbl-appma-services-dev\"}]}",
            "override_json": null,
            "override_policy_documents": null,
            "policy_id": null,
            "source_json": null,
            "source_policy_documents": null,
            "statement": [
              {
                "actions": [
                  "dynamodb:Scan"
                ],
                "condition": [],
                "effect": "Allow",
                "not_actions": [],
                "not_principals": [],
                "not_resources": [],
                "principals": [],
                "resources": [
                  "arn:aws:dynamodb:us-east-1:233925838033:table/tbl-appma-services-dev"
                ],
                "sid": ""
              }
            ],
            "version": "2012-10-17"
          },
          "sensitive_attributes": []
        }
      ]
    },
    {
      "module": "module.api_gateway_resources_core_service_find_all_or_filter",
      "mode": "data",
      "type": "aws_region",
      "name": "current",
      "provider": "provider[\"registry.terraform.io/hashicorp/aws\"]",
      "instances": [
        {
          "schema_version": 0,
          "attributes": {
            "description": "US East (N. Virginia)",
            "endpoint": "ec2.us-east-1.amazonaws.com",
            "id": "us-east-1",
            "name": "us-east-1"
          },
          "sensitive_attributes": []
        }
      ]
    },
    {
      "module": "module.api_gateway_resources_core_service_find_all_or_filter",
      "mode": "managed",
      "type": "aws_apigatewayv2_integration",
      "name": "lambda_handler",
      "provider": "provider[\"registry.terraform.io/hashicorp/aws\"]",
      "instances": [
        {
          "schema_version": 0,
          "attributes": {
            "api_id": "1xfslfeqxf",
            "connection_id": "",
            "connection_type": "INTERNET",
            "content_handling_strategy": "",
            "credentials_arn": "",
            "description": "",
            "id": "j4zk0o1",
            "integration_method": "POST",
            "integration_response_selection_expression": "",
            "integration_subtype": "",
            "integration_type": "AWS_PROXY",
            "integration_uri": "arn:aws:apigateway:us-east-1:lambda:path/2015-03-31/functions/arn:aws:lambda:us-east-1:233925838033:function:lmb-appma-core-services-find-all-or-filter-dev/invocations",
            "passthrough_behavior": "",
            "payload_format_version": "1.0",
            "request_parameters": {},
            "request_templates": {},
            "response_parameters": [],
            "template_selection_expression": "",
            "timeout_milliseconds": 30000,
            "tls_config": []
          },
          "sensitive_attributes": [],
          "private": "bnVsbA==",
          "dependencies": [
            "module.api_gateway.aws_apigatewayv2_api.main",
            "module.api_gateway.aws_apigatewayv2_stage.dev",
            "module.api_gateway.aws_cloudwatch_log_group.main_api_gw",
            "module.api_gateway_resources_core_service_find_all_or_filter.aws_iam_role.lambda_role",
            "module.api_gateway_resources_core_service_find_all_or_filter.aws_lambda_function.html_lambda",
            "module.api_gateway_resources_core_service_find_all_or_filter.data.archive_file.lambda_package",
            "module.api_gateway_resources_core_service_find_all_or_filter.data.aws_apigatewayv2_api.selected",
            "module.services_dynamodb.aws_dynamodb_table.services-dynamodb-table"
          ]
        }
      ]
    },
    {
      "module": "module.api_gateway_resources_core_service_find_all_or_filter",
      "mode": "managed",
      "type": "aws_apigatewayv2_route",
      "name": "post_handler",
      "provider": "provider[\"registry.terraform.io/hashicorp/aws\"]",
      "instances": [
        {
          "schema_version": 0,
          "attributes": {
            "api_id": "1xfslfeqxf",
            "api_key_required": false,
            "authorization_scopes": [],
            "authorization_type": "CUSTOM",
            "authorizer_id": "8ylzuh",
            "id": "i8gustc",
            "model_selection_expression": "",
            "operation_name": "",
            "request_models": {},
            "request_parameter": [],
            "route_key": "GET /api/core/services",
            "route_response_selection_expression": "",
            "target": "integrations/j4zk0o1"
          },
          "sensitive_attributes": [],
          "private": "bnVsbA==",
          "dependencies": [
            "module.api_gateway.aws_apigatewayv2_api.main",
            "module.api_gateway.aws_apigatewayv2_stage.dev",
            "module.api_gateway.aws_cloudwatch_log_group.main_api_gw",
            "module.api_gateway_resources_core_service_find_all_or_filter.aws_apigatewayv2_integration.lambda_handler",
            "module.api_gateway_resources_core_service_find_all_or_filter.aws_iam_role.lambda_role",
            "module.api_gateway_resources_core_service_find_all_or_filter.aws_lambda_function.html_lambda",
            "module.api_gateway_resources_core_service_find_all_or_filter.data.archive_file.lambda_package",
            "module.api_gateway_resources_core_service_find_all_or_filter.data.aws_apigatewayv2_api.selected",
            "module.api_gateway_resources_security_authorizer.aws_apigatewayv2_authorizer.header_based_authorizer",
            "module.api_gateway_resources_security_authorizer.aws_iam_role.lambda_role",
            "module.api_gateway_resources_security_authorizer.aws_lambda_function.html_lambda",
            "module.api_gateway_resources_security_authorizer.data.archive_file.lambda_package",
            "module.api_gateway_resources_security_authorizer.data.aws_apigatewayv2_api.selected",
            "module.services_dynamodb.aws_dynamodb_table.services-dynamodb-table"
          ]
        }
      ]
    },
    {
      "module": "module.api_gateway_resources_core_service_find_all_or_filter",
      "mode": "managed",
      "type": "aws_cloudwatch_log_group",
      "name": "html_loggroup_lambda",
      "provider": "provider[\"registry.terraform.io/hashicorp/aws\"]",
      "instances": [
        {
          "schema_version": 0,
          "attributes": {
            "arn": "arn:aws:logs:us-east-1:233925838033:log-group:/aws/lambda/lmb-appma-core-services-find-all-or-filter-dev",
            "id": "/aws/lambda/lmb-appma-core-services-find-all-or-filter-dev",
            "kms_key_id": "",
            "log_group_class": "STANDARD",
            "name": "/aws/lambda/lmb-appma-core-services-find-all-or-filter-dev",
            "name_prefix": "",
            "retention_in_days": 0,
            "skip_destroy": false,
            "tags": {},
            "tags_all": {
              "iac": "terraform"
            }
          },
          "sensitive_attributes": [],
          "private": "bnVsbA==",
          "dependencies": [
            "module.api_gateway.aws_apigatewayv2_api.main",
            "module.api_gateway.aws_apigatewayv2_stage.dev",
            "module.api_gateway.aws_cloudwatch_log_group.main_api_gw",
            "module.api_gateway_resources_core_service_find_all_or_filter.aws_iam_role.lambda_role",
            "module.api_gateway_resources_core_service_find_all_or_filter.aws_lambda_function.html_lambda",
            "module.api_gateway_resources_core_service_find_all_or_filter.data.archive_file.lambda_package",
            "module.services_dynamodb.aws_dynamodb_table.services-dynamodb-table"
          ]
        }
      ]
    },
    {
      "module": "module.api_gateway_resources_core_service_find_all_or_filter",
      "mode": "managed",
      "type": "aws_iam_policy",
      "name": "dynamodb_lambda_policy",
      "provider": "provider[\"registry.terraform.io/hashicorp/aws\"]",
      "instances": [
        {
          "schema_version": 0,
          "attributes": {
            "arn": "arn:aws:iam::233925838033:policy/policy-appma-core-services-find-all-or-filter-dev",
            "attachment_count": 1,
            "description": "This policy will be used by the lambda to write get data from DynamoDB",
            "id": "arn:aws:iam::233925838033:policy/policy-appma-core-services-find-all-or-filter-dev",
            "name": "policy-appma-core-services-find-all-or-filter-dev",
            "name_prefix": "",
            "path": "/",
            "policy": "{\"Statement\":[{\"Action\":\"dynamodb:Scan\",\"Effect\":\"Allow\",\"Resource\":\"arn:aws:dynamodb:us-east-1:233925838033:table/tbl-appma-services-dev\"}],\"Version\":\"2012-10-17\"}",
            "policy_id": "ANPATM5YRATIQGYESROR2",
            "tags": {},
            "tags_all": {
              "iac": "terraform"
            }
          },
          "sensitive_attributes": [],
          "private": "bnVsbA==",
          "dependencies": [
            "module.api_gateway.aws_apigatewayv2_api.main",
            "module.api_gateway.aws_apigatewayv2_stage.dev",
            "module.api_gateway.aws_cloudwatch_log_group.main_api_gw",
            "module.api_gateway_resources_core_service_find_all_or_filter.data.aws_caller_identity.current",
            "module.api_gateway_resources_core_service_find_all_or_filter.data.aws_iam_policy_document.lambda_policy_document",
            "module.api_gateway_resources_core_service_find_all_or_filter.data.aws_region.current",
            "module.services_dynamodb.aws_dynamodb_table.services-dynamodb-table"
          ]
        }
      ]
    },
    {
      "module": "module.api_gateway_resources_core_service_find_all_or_filter",
      "mode": "managed",
      "type": "aws_iam_role",
      "name": "lambda_role",
      "provider": "provider[\"registry.terraform.io/hashicorp/aws\"]",
      "instances": [
        {
          "schema_version": 0,
          "attributes": {
            "arn": "arn:aws:iam::233925838033:role/role-appma-core-services-find-all-or-filter-dev",
            "assume_role_policy": "{\"Statement\":[{\"Action\":\"sts:AssumeRole\",\"Effect\":\"Allow\",\"Principal\":{\"Service\":\"lambda.amazonaws.com\"}}],\"Version\":\"2012-10-17\"}",
            "create_date": "2024-07-24T19:40:06Z",
            "description": "",
            "force_detach_policies": false,
            "id": "role-appma-core-services-find-all-or-filter-dev",
            "inline_policy": [],
            "managed_policy_arns": [
              "arn:aws:iam::233925838033:policy/policy-appma-core-services-find-all-or-filter-dev",
              "arn:aws:iam::aws:policy/service-role/AWSLambdaBasicExecutionRole"
            ],
            "max_session_duration": 3600,
            "name": "role-appma-core-services-find-all-or-filter-dev",
            "name_prefix": "",
            "path": "/",
            "permissions_boundary": "",
            "tags": {},
            "tags_all": {
              "iac": "terraform"
            },
            "unique_id": "AROATM5YRATIQVGTKB2ZL"
          },
          "sensitive_attributes": [],
          "private": "bnVsbA==",
          "dependencies": [
            "module.api_gateway.aws_apigatewayv2_api.main",
            "module.api_gateway.aws_apigatewayv2_stage.dev",
            "module.api_gateway.aws_cloudwatch_log_group.main_api_gw",
            "module.services_dynamodb.aws_dynamodb_table.services-dynamodb-table"
          ]
        }
      ]
    },
    {
      "module": "module.api_gateway_resources_core_service_find_all_or_filter",
      "mode": "managed",
      "type": "aws_iam_role_policy_attachment",
      "name": "lambda_attachements",
      "provider": "provider[\"registry.terraform.io/hashicorp/aws\"]",
      "instances": [
        {
          "schema_version": 0,
          "attributes": {
            "id": "role-appma-core-services-find-all-or-filter-dev-2024072419404736790000001e",
            "policy_arn": "arn:aws:iam::233925838033:policy/policy-appma-core-services-find-all-or-filter-dev",
            "role": "role-appma-core-services-find-all-or-filter-dev"
          },
          "sensitive_attributes": [],
          "private": "bnVsbA==",
          "dependencies": [
            "module.api_gateway.aws_apigatewayv2_api.main",
            "module.api_gateway.aws_apigatewayv2_stage.dev",
            "module.api_gateway.aws_cloudwatch_log_group.main_api_gw",
            "module.api_gateway_resources_core_service_find_all_or_filter.aws_iam_policy.dynamodb_lambda_policy",
            "module.api_gateway_resources_core_service_find_all_or_filter.aws_iam_role.lambda_role",
            "module.api_gateway_resources_core_service_find_all_or_filter.data.aws_caller_identity.current",
            "module.api_gateway_resources_core_service_find_all_or_filter.data.aws_iam_policy_document.lambda_policy_document",
            "module.api_gateway_resources_core_service_find_all_or_filter.data.aws_region.current",
            "module.services_dynamodb.aws_dynamodb_table.services-dynamodb-table"
          ]
        }
      ]
    },
    {
      "module": "module.api_gateway_resources_core_service_find_all_or_filter",
      "mode": "managed",
      "type": "aws_iam_role_policy_attachment",
      "name": "lambda_role_policy",
      "provider": "provider[\"registry.terraform.io/hashicorp/aws\"]",
      "instances": [
        {
          "schema_version": 0,
          "attributes": {
            "id": "role-appma-core-services-find-all-or-filter-dev-20240724194020664500000019",
            "policy_arn": "arn:aws:iam::aws:policy/service-role/AWSLambdaBasicExecutionRole",
            "role": "role-appma-core-services-find-all-or-filter-dev"
          },
          "sensitive_attributes": [],
          "private": "bnVsbA==",
          "dependencies": [
            "module.api_gateway.aws_apigatewayv2_api.main",
            "module.api_gateway.aws_apigatewayv2_stage.dev",
            "module.api_gateway.aws_cloudwatch_log_group.main_api_gw",
            "module.api_gateway_resources_core_service_find_all_or_filter.aws_iam_role.lambda_role",
            "module.services_dynamodb.aws_dynamodb_table.services-dynamodb-table"
          ]
        }
      ]
    },
    {
      "module": "module.api_gateway_resources_core_service_find_all_or_filter",
      "mode": "managed",
      "type": "aws_lambda_function",
      "name": "html_lambda",
      "provider": "provider[\"registry.terraform.io/hashicorp/aws\"]",
      "instances": [
        {
          "schema_version": 0,
          "attributes": {
            "architectures": [
              "arm64"
            ],
            "arn": "arn:aws:lambda:us-east-1:233925838033:function:lmb-appma-core-services-find-all-or-filter-dev",
            "code_sha256": "EPgGZAWnx2vChDpxzUpzshG85vipvD2TV0r3+J1pdAI=",
            "code_signing_config_arn": "",
            "dead_letter_config": [],
            "description": "",
            "environment": [],
            "ephemeral_storage": [
              {
                "size": 512
              }
            ],
            "file_system_config": [],
            "filename": "./resources/core/service-find-all-or-filter/index.zip",
            "function_name": "lmb-appma-core-services-find-all-or-filter-dev",
            "handler": "index.handler",
            "id": "lmb-appma-core-services-find-all-or-filter-dev",
            "image_config": [],
            "image_uri": "",
            "invoke_arn": "arn:aws:apigateway:us-east-1:lambda:path/2015-03-31/functions/arn:aws:lambda:us-east-1:233925838033:function:lmb-appma-core-services-find-all-or-filter-dev/invocations",
            "kms_key_arn": "",
            "last_modified": "2024-08-01T16:28:16.000+0000",
            "layers": [],
            "logging_config": [
              {
                "application_log_level": "",
                "log_format": "Text",
                "log_group": "/aws/lambda/lmb-appma-core-services-find-all-or-filter-dev",
                "system_log_level": ""
              }
            ],
            "memory_size": 128,
            "package_type": "Zip",
            "publish": false,
            "qualified_arn": "arn:aws:lambda:us-east-1:233925838033:function:lmb-appma-core-services-find-all-or-filter-dev:$LATEST",
            "qualified_invoke_arn": "arn:aws:apigateway:us-east-1:lambda:path/2015-03-31/functions/arn:aws:lambda:us-east-1:233925838033:function:lmb-appma-core-services-find-all-or-filter-dev:$LATEST/invocations",
            "replace_security_groups_on_destroy": null,
            "replacement_security_group_ids": null,
            "reserved_concurrent_executions": -1,
            "role": "arn:aws:iam::233925838033:role/role-appma-core-services-find-all-or-filter-dev",
            "runtime": "nodejs20.x",
            "s3_bucket": null,
            "s3_key": null,
            "s3_object_version": null,
            "signing_job_arn": "",
            "signing_profile_version_arn": "",
            "skip_destroy": false,
            "snap_start": [],
            "source_code_hash": "EPgGZAWnx2vChDpxzUpzshG85vipvD2TV0r3+J1pdAI=",
            "source_code_size": 2778847,
            "tags": {
              "component": "services-find-all-or-filter",
              "domain": "core",
              "env": "dev"
            },
            "tags_all": {
              "component": "services-find-all-or-filter",
              "domain": "core",
              "env": "dev",
              "iac": "terraform"
            },
            "timeout": 30,
            "timeouts": null,
            "tracing_config": [
              {
                "mode": "PassThrough"
              }
            ],
            "version": "$LATEST",
            "vpc_config": []
          },
          "sensitive_attributes": [],
          "private": "eyJlMmJmYjczMC1lY2FhLTExZTYtOGY4OC0zNDM2M2JjN2M0YzAiOnsiY3JlYXRlIjo2MDAwMDAwMDAwMDAsImRlbGV0ZSI6NjAwMDAwMDAwMDAwLCJ1cGRhdGUiOjYwMDAwMDAwMDAwMH19",
          "dependencies": [
            "module.api_gateway.aws_apigatewayv2_api.main",
            "module.api_gateway.aws_apigatewayv2_stage.dev",
            "module.api_gateway.aws_cloudwatch_log_group.main_api_gw",
            "module.api_gateway_resources_core_service_find_all_or_filter.aws_iam_role.lambda_role",
            "module.api_gateway_resources_core_service_find_all_or_filter.data.archive_file.lambda_package",
            "module.services_dynamodb.aws_dynamodb_table.services-dynamodb-table"
          ]
        }
      ]
    },
    {
      "module": "module.api_gateway_resources_core_service_find_all_or_filter",
      "mode": "managed",
      "type": "aws_lambda_permission",
      "name": "api_gw",
      "provider": "provider[\"registry.terraform.io/hashicorp/aws\"]",
      "instances": [
        {
          "schema_version": 0,
          "attributes": {
            "action": "lambda:InvokeFunction",
            "event_source_token": null,
            "function_name": "lmb-appma-core-services-find-all-or-filter-dev",
            "function_url_auth_type": null,
            "id": "AllowExecutionFromAPIGateway",
            "principal": "apigateway.amazonaws.com",
            "principal_org_id": null,
            "qualifier": "",
            "source_account": null,
            "source_arn": "arn:aws:execute-api:us-east-1:233925838033:1xfslfeqxf/*/*",
            "statement_id": "AllowExecutionFromAPIGateway",
            "statement_id_prefix": ""
          },
          "sensitive_attributes": [],
          "private": "bnVsbA==",
          "dependencies": [
            "module.api_gateway.aws_apigatewayv2_api.main",
            "module.api_gateway.aws_apigatewayv2_stage.dev",
            "module.api_gateway.aws_cloudwatch_log_group.main_api_gw",
            "module.api_gateway_resources_core_service_find_all_or_filter.aws_iam_role.lambda_role",
            "module.api_gateway_resources_core_service_find_all_or_filter.aws_lambda_function.html_lambda",
            "module.api_gateway_resources_core_service_find_all_or_filter.data.archive_file.lambda_package",
            "module.api_gateway_resources_core_service_find_all_or_filter.data.aws_apigatewayv2_api.selected",
            "module.services_dynamodb.aws_dynamodb_table.services-dynamodb-table"
          ]
        }
      ]
    },
    {
      "module": "module.api_gateway_resources_core_service_find_by_id",
      "mode": "data",
      "type": "archive_file",
      "name": "lambda_package",
      "provider": "provider[\"registry.terraform.io/hashicorp/archive\"]",
      "instances": [
        {
          "schema_version": 0,
          "attributes": {
            "exclude_symlink_directories": null,
            "excludes": null,
            "id": "6f9af2cd106eba9e4390c27f85fcf137d57c4d28",
            "output_base64sha256": "DvdChpGved22iyz2AgrQ9Gn0/f2pVcezWx+rbIbdoHE=",
            "output_base64sha512": "C8CCmifXtCnTHMMF/GiPTJhrdQmsXNyuK7GuLqBOeKaVD5weLJ9sgHyIqV8BuEDG3+vAU/iAeKwk+HxQb842gQ==",
            "output_file_mode": null,
            "output_md5": "64c878cddf91201a87deb6e71bb2bf2e",
            "output_path": "./resources/core/service-find-by-id/index.zip",
            "output_sha": "6f9af2cd106eba9e4390c27f85fcf137d57c4d28",
            "output_sha256": "0ef7428691af79ddb68b2cf6020ad0f469f4fdfda955c7b35b1fab6c86dda071",
            "output_sha512": "0bc0829a27d7b429d31cc305fc688f4c986b7509ac5cdcae2bb1ae2ea04e78a6950f9c1e2c9f6c807c88a95f01b840c6dfebc053f88078ac24f87c506fce3681",
            "output_size": 2777222,
            "source": [],
            "source_content": null,
            "source_content_filename": null,
            "source_dir": "./lambdas/core/service-find-by-id",
            "source_file": null,
            "type": "zip"
          },
          "sensitive_attributes": []
        }
      ]
    },
    {
      "module": "module.api_gateway_resources_core_service_find_by_id",
      "mode": "data",
      "type": "aws_apigatewayv2_api",
      "name": "selected",
      "provider": "provider[\"registry.terraform.io/hashicorp/aws\"]",
      "instances": [
        {
          "schema_version": 0,
          "attributes": {
            "api_endpoint": "https://1xfslfeqxf.execute-api.us-east-1.amazonaws.com",
            "api_id": "1xfslfeqxf",
            "api_key_selection_expression": "$request.header.x-api-key",
            "arn": "arn:aws:apigateway:us-east-1::/apis/1xfslfeqxf",
            "cors_configuration": [
              {
                "allow_credentials": false,
                "allow_headers": [
                  "*"
                ],
                "allow_methods": [
                  "DELETE",
                  "GET",
                  "OPTIONS",
                  "POST",
                  "PUT"
                ],
                "allow_origins": [
                  "*",
                  "http://localhost:3000"
                ],
                "expose_headers": [],
                "max_age": 300
              }
            ],
            "description": "api-appma-dev API Gateway",
            "disable_execute_api_endpoint": false,
            "execution_arn": "arn:aws:execute-api:us-east-1:233925838033:1xfslfeqxf",
            "id": "1xfslfeqxf",
            "name": "api-appma-dev",
            "protocol_type": "HTTP",
            "route_selection_expression": "$request.method $request.path",
            "tags": {
              "iac": "terraform"
            },
            "version": ""
          },
          "sensitive_attributes": []
        }
      ]
    },
    {
      "module": "module.api_gateway_resources_core_service_find_by_id",
      "mode": "data",
      "type": "aws_caller_identity",
      "name": "current",
      "provider": "provider[\"registry.terraform.io/hashicorp/aws\"]",
      "instances": [
        {
          "schema_version": 0,
          "attributes": {
            "account_id": "233925838033",
            "arn": "arn:aws:iam::233925838033:root",
            "id": "233925838033",
            "user_id": "233925838033"
          },
          "sensitive_attributes": []
        }
      ]
    },
    {
      "module": "module.api_gateway_resources_core_service_find_by_id",
      "mode": "data",
      "type": "aws_iam_policy_document",
      "name": "lambda_policy_document",
      "provider": "provider[\"registry.terraform.io/hashicorp/aws\"]",
      "instances": [
        {
          "schema_version": 0,
          "attributes": {
            "id": "844370655",
            "json": "{\n  \"Version\": \"2012-10-17\",\n  \"Statement\": [\n    {\n      \"Effect\": \"Allow\",\n      \"Action\": \"dynamodb:GetItem\",\n      \"Resource\": \"arn:aws:dynamodb:us-east-1:233925838033:table/tbl-appma-services-dev\"\n    }\n  ]\n}",
            "minified_json": "{\"Version\":\"2012-10-17\",\"Statement\":[{\"Effect\":\"Allow\",\"Action\":\"dynamodb:GetItem\",\"Resource\":\"arn:aws:dynamodb:us-east-1:233925838033:table/tbl-appma-services-dev\"}]}",
            "override_json": null,
            "override_policy_documents": null,
            "policy_id": null,
            "source_json": null,
            "source_policy_documents": null,
            "statement": [
              {
                "actions": [
                  "dynamodb:GetItem"
                ],
                "condition": [],
                "effect": "Allow",
                "not_actions": [],
                "not_principals": [],
                "not_resources": [],
                "principals": [],
                "resources": [
                  "arn:aws:dynamodb:us-east-1:233925838033:table/tbl-appma-services-dev"
                ],
                "sid": ""
              }
            ],
            "version": "2012-10-17"
          },
          "sensitive_attributes": []
        }
      ]
    },
    {
      "module": "module.api_gateway_resources_core_service_find_by_id",
      "mode": "data",
      "type": "aws_region",
      "name": "current",
      "provider": "provider[\"registry.terraform.io/hashicorp/aws\"]",
      "instances": [
        {
          "schema_version": 0,
          "attributes": {
            "description": "US East (N. Virginia)",
            "endpoint": "ec2.us-east-1.amazonaws.com",
            "id": "us-east-1",
            "name": "us-east-1"
          },
          "sensitive_attributes": []
        }
      ]
    },
    {
      "module": "module.api_gateway_resources_core_service_find_by_id",
      "mode": "managed",
      "type": "aws_apigatewayv2_integration",
      "name": "lambda_handler",
      "provider": "provider[\"registry.terraform.io/hashicorp/aws\"]",
      "instances": [
        {
          "schema_version": 0,
          "attributes": {
            "api_id": "1xfslfeqxf",
            "connection_id": "",
            "connection_type": "INTERNET",
            "content_handling_strategy": "",
            "credentials_arn": "",
            "description": "",
            "id": "4bmhsot",
            "integration_method": "POST",
            "integration_response_selection_expression": "",
            "integration_subtype": "",
            "integration_type": "AWS_PROXY",
            "integration_uri": "arn:aws:apigateway:us-east-1:lambda:path/2015-03-31/functions/arn:aws:lambda:us-east-1:233925838033:function:lmb-appma-core-services-find-by-id-dev/invocations",
            "passthrough_behavior": "",
            "payload_format_version": "1.0",
            "request_parameters": {},
            "request_templates": {},
            "response_parameters": [],
            "template_selection_expression": "",
            "timeout_milliseconds": 30000,
            "tls_config": []
          },
          "sensitive_attributes": [],
          "private": "bnVsbA==",
          "dependencies": [
            "module.api_gateway.aws_apigatewayv2_api.main",
            "module.api_gateway.aws_apigatewayv2_stage.dev",
            "module.api_gateway.aws_cloudwatch_log_group.main_api_gw",
            "module.api_gateway_resources_core_service_find_by_id.aws_iam_role.lambda_role",
            "module.api_gateway_resources_core_service_find_by_id.aws_lambda_function.html_lambda",
            "module.api_gateway_resources_core_service_find_by_id.data.archive_file.lambda_package",
            "module.api_gateway_resources_core_service_find_by_id.data.aws_apigatewayv2_api.selected",
            "module.services_dynamodb.aws_dynamodb_table.services-dynamodb-table"
          ]
        }
      ]
    },
    {
      "module": "module.api_gateway_resources_core_service_find_by_id",
      "mode": "managed",
      "type": "aws_apigatewayv2_route",
      "name": "post_handler",
      "provider": "provider[\"registry.terraform.io/hashicorp/aws\"]",
      "instances": [
        {
          "schema_version": 0,
          "attributes": {
            "api_id": "1xfslfeqxf",
            "api_key_required": false,
            "authorization_scopes": [],
            "authorization_type": "CUSTOM",
            "authorizer_id": "8ylzuh",
            "id": "7nn4wqj",
            "model_selection_expression": "",
            "operation_name": "",
            "request_models": {},
            "request_parameter": [],
            "route_key": "GET /api/core/services/{id}",
            "route_response_selection_expression": "",
            "target": "integrations/4bmhsot"
          },
          "sensitive_attributes": [],
          "private": "bnVsbA==",
          "dependencies": [
            "module.api_gateway.aws_apigatewayv2_api.main",
            "module.api_gateway.aws_apigatewayv2_stage.dev",
            "module.api_gateway.aws_cloudwatch_log_group.main_api_gw",
            "module.api_gateway_resources_core_service_find_by_id.aws_apigatewayv2_integration.lambda_handler",
            "module.api_gateway_resources_core_service_find_by_id.aws_iam_role.lambda_role",
            "module.api_gateway_resources_core_service_find_by_id.aws_lambda_function.html_lambda",
            "module.api_gateway_resources_core_service_find_by_id.data.archive_file.lambda_package",
            "module.api_gateway_resources_core_service_find_by_id.data.aws_apigatewayv2_api.selected",
            "module.api_gateway_resources_security_authorizer.aws_apigatewayv2_authorizer.header_based_authorizer",
            "module.api_gateway_resources_security_authorizer.aws_iam_role.lambda_role",
            "module.api_gateway_resources_security_authorizer.aws_lambda_function.html_lambda",
            "module.api_gateway_resources_security_authorizer.data.archive_file.lambda_package",
            "module.api_gateway_resources_security_authorizer.data.aws_apigatewayv2_api.selected",
            "module.services_dynamodb.aws_dynamodb_table.services-dynamodb-table"
          ]
        }
      ]
    },
    {
      "module": "module.api_gateway_resources_core_service_find_by_id",
      "mode": "managed",
      "type": "aws_cloudwatch_log_group",
      "name": "html_loggroup_lambda",
      "provider": "provider[\"registry.terraform.io/hashicorp/aws\"]",
      "instances": [
        {
          "schema_version": 0,
          "attributes": {
            "arn": "arn:aws:logs:us-east-1:233925838033:log-group:/aws/lambda/lmb-appma-core-services-find-by-id-dev",
            "id": "/aws/lambda/lmb-appma-core-services-find-by-id-dev",
            "kms_key_id": "",
            "log_group_class": "STANDARD",
            "name": "/aws/lambda/lmb-appma-core-services-find-by-id-dev",
            "name_prefix": "",
            "retention_in_days": 0,
            "skip_destroy": false,
            "tags": {},
            "tags_all": {
              "iac": "terraform"
            }
          },
          "sensitive_attributes": [],
          "private": "bnVsbA==",
          "dependencies": [
            "module.api_gateway.aws_apigatewayv2_api.main",
            "module.api_gateway.aws_apigatewayv2_stage.dev",
            "module.api_gateway.aws_cloudwatch_log_group.main_api_gw",
            "module.api_gateway_resources_core_service_find_by_id.aws_iam_role.lambda_role",
            "module.api_gateway_resources_core_service_find_by_id.aws_lambda_function.html_lambda",
            "module.api_gateway_resources_core_service_find_by_id.data.archive_file.lambda_package",
            "module.services_dynamodb.aws_dynamodb_table.services-dynamodb-table"
          ]
        }
      ]
    },
    {
      "module": "module.api_gateway_resources_core_service_find_by_id",
      "mode": "managed",
      "type": "aws_iam_policy",
      "name": "dynamodb_lambda_policy",
      "provider": "provider[\"registry.terraform.io/hashicorp/aws\"]",
      "instances": [
        {
          "schema_version": 0,
          "attributes": {
            "arn": "arn:aws:iam::233925838033:policy/policy-appma-core-services-find-by-id-dev",
            "attachment_count": 1,
            "description": "This policy will be used by the lambda to write get data from DynamoDB",
            "id": "arn:aws:iam::233925838033:policy/policy-appma-core-services-find-by-id-dev",
            "name": "policy-appma-core-services-find-by-id-dev",
            "name_prefix": "",
            "path": "/",
            "policy": "{\"Statement\":[{\"Action\":\"dynamodb:GetItem\",\"Effect\":\"Allow\",\"Resource\":\"arn:aws:dynamodb:us-east-1:233925838033:table/tbl-appma-services-dev\"}],\"Version\":\"2012-10-17\"}",
            "policy_id": "ANPATM5YRATI7AMXLWEEX",
            "tags": {},
            "tags_all": {
              "iac": "terraform"
            }
          },
          "sensitive_attributes": [],
          "private": "bnVsbA==",
          "dependencies": [
            "module.api_gateway.aws_apigatewayv2_api.main",
            "module.api_gateway.aws_apigatewayv2_stage.dev",
            "module.api_gateway.aws_cloudwatch_log_group.main_api_gw",
            "module.api_gateway_resources_core_service_find_by_id.data.aws_caller_identity.current",
            "module.api_gateway_resources_core_service_find_by_id.data.aws_iam_policy_document.lambda_policy_document",
            "module.api_gateway_resources_core_service_find_by_id.data.aws_region.current",
            "module.services_dynamodb.aws_dynamodb_table.services-dynamodb-table"
          ]
        }
      ]
    },
    {
      "module": "module.api_gateway_resources_core_service_find_by_id",
      "mode": "managed",
      "type": "aws_iam_role",
      "name": "lambda_role",
      "provider": "provider[\"registry.terraform.io/hashicorp/aws\"]",
      "instances": [
        {
          "schema_version": 0,
          "attributes": {
            "arn": "arn:aws:iam::233925838033:role/role-appma-core-services-find-by-id-dev",
            "assume_role_policy": "{\"Statement\":[{\"Action\":\"sts:AssumeRole\",\"Effect\":\"Allow\",\"Principal\":{\"Service\":\"lambda.amazonaws.com\"}}],\"Version\":\"2012-10-17\"}",
            "create_date": "2024-07-24T19:40:06Z",
            "description": "",
            "force_detach_policies": false,
            "id": "role-appma-core-services-find-by-id-dev",
            "inline_policy": [],
            "managed_policy_arns": [
              "arn:aws:iam::233925838033:policy/policy-appma-core-services-find-by-id-dev",
              "arn:aws:iam::aws:policy/service-role/AWSLambdaBasicExecutionRole"
            ],
            "max_session_duration": 3600,
            "name": "role-appma-core-services-find-by-id-dev",
            "name_prefix": "",
            "path": "/",
            "permissions_boundary": "",
            "tags": {},
            "tags_all": {
              "iac": "terraform"
            },
            "unique_id": "AROATM5YRATI5QGM2BD6T"
          },
          "sensitive_attributes": [],
          "private": "bnVsbA==",
          "dependencies": [
            "module.api_gateway.aws_apigatewayv2_api.main",
            "module.api_gateway.aws_apigatewayv2_stage.dev",
            "module.api_gateway.aws_cloudwatch_log_group.main_api_gw",
            "module.services_dynamodb.aws_dynamodb_table.services-dynamodb-table"
          ]
        }
      ]
    },
    {
      "module": "module.api_gateway_resources_core_service_find_by_id",
      "mode": "managed",
      "type": "aws_iam_role_policy_attachment",
      "name": "lambda_attachements",
      "provider": "provider[\"registry.terraform.io/hashicorp/aws\"]",
      "instances": [
        {
          "schema_version": 0,
          "attributes": {
            "id": "role-appma-core-services-find-by-id-dev-2024072419404770170000001f",
            "policy_arn": "arn:aws:iam::233925838033:policy/policy-appma-core-services-find-by-id-dev",
            "role": "role-appma-core-services-find-by-id-dev"
          },
          "sensitive_attributes": [],
          "private": "bnVsbA==",
          "dependencies": [
            "module.api_gateway.aws_apigatewayv2_api.main",
            "module.api_gateway.aws_apigatewayv2_stage.dev",
            "module.api_gateway.aws_cloudwatch_log_group.main_api_gw",
            "module.api_gateway_resources_core_service_find_by_id.aws_iam_policy.dynamodb_lambda_policy",
            "module.api_gateway_resources_core_service_find_by_id.aws_iam_role.lambda_role",
            "module.api_gateway_resources_core_service_find_by_id.data.aws_caller_identity.current",
            "module.api_gateway_resources_core_service_find_by_id.data.aws_iam_policy_document.lambda_policy_document",
            "module.api_gateway_resources_core_service_find_by_id.data.aws_region.current",
            "module.services_dynamodb.aws_dynamodb_table.services-dynamodb-table"
          ]
        }
      ]
    },
    {
      "module": "module.api_gateway_resources_core_service_find_by_id",
      "mode": "managed",
      "type": "aws_iam_role_policy_attachment",
      "name": "lambda_role_policy",
      "provider": "provider[\"registry.terraform.io/hashicorp/aws\"]",
      "instances": [
        {
          "schema_version": 0,
          "attributes": {
            "id": "role-appma-core-services-find-by-id-dev-2024072419403005900000001a",
            "policy_arn": "arn:aws:iam::aws:policy/service-role/AWSLambdaBasicExecutionRole",
            "role": "role-appma-core-services-find-by-id-dev"
          },
          "sensitive_attributes": [],
          "private": "bnVsbA==",
          "dependencies": [
            "module.api_gateway.aws_apigatewayv2_api.main",
            "module.api_gateway.aws_apigatewayv2_stage.dev",
            "module.api_gateway.aws_cloudwatch_log_group.main_api_gw",
            "module.api_gateway_resources_core_service_find_by_id.aws_iam_role.lambda_role",
            "module.services_dynamodb.aws_dynamodb_table.services-dynamodb-table"
          ]
        }
      ]
    },
    {
      "module": "module.api_gateway_resources_core_service_find_by_id",
      "mode": "managed",
      "type": "aws_lambda_function",
      "name": "html_lambda",
      "provider": "provider[\"registry.terraform.io/hashicorp/aws\"]",
      "instances": [
        {
          "schema_version": 0,
          "attributes": {
            "architectures": [
              "arm64"
            ],
            "arn": "arn:aws:lambda:us-east-1:233925838033:function:lmb-appma-core-services-find-by-id-dev",
            "code_sha256": "DvdChpGved22iyz2AgrQ9Gn0/f2pVcezWx+rbIbdoHE=",
            "code_signing_config_arn": "",
            "dead_letter_config": [],
            "description": "",
            "environment": [],
            "ephemeral_storage": [
              {
                "size": 512
              }
            ],
            "file_system_config": [],
            "filename": "./resources/core/service-find-by-id/index.zip",
            "function_name": "lmb-appma-core-services-find-by-id-dev",
            "handler": "index.handler",
            "id": "lmb-appma-core-services-find-by-id-dev",
            "image_config": [],
            "image_uri": "",
            "invoke_arn": "arn:aws:apigateway:us-east-1:lambda:path/2015-03-31/functions/arn:aws:lambda:us-east-1:233925838033:function:lmb-appma-core-services-find-by-id-dev/invocations",
            "kms_key_arn": "",
            "last_modified": "2024-07-24T19:42:03.953+0000",
            "layers": [],
            "logging_config": [
              {
                "application_log_level": "",
                "log_format": "Text",
                "log_group": "/aws/lambda/lmb-appma-core-services-find-by-id-dev",
                "system_log_level": ""
              }
            ],
            "memory_size": 128,
            "package_type": "Zip",
            "publish": false,
            "qualified_arn": "arn:aws:lambda:us-east-1:233925838033:function:lmb-appma-core-services-find-by-id-dev:$LATEST",
            "qualified_invoke_arn": "arn:aws:apigateway:us-east-1:lambda:path/2015-03-31/functions/arn:aws:lambda:us-east-1:233925838033:function:lmb-appma-core-services-find-by-id-dev:$LATEST/invocations",
            "replace_security_groups_on_destroy": null,
            "replacement_security_group_ids": null,
            "reserved_concurrent_executions": -1,
            "role": "arn:aws:iam::233925838033:role/role-appma-core-services-find-by-id-dev",
            "runtime": "nodejs20.x",
            "s3_bucket": null,
            "s3_key": null,
            "s3_object_version": null,
            "signing_job_arn": "",
            "signing_profile_version_arn": "",
            "skip_destroy": false,
            "snap_start": [],
            "source_code_hash": "DvdChpGved22iyz2AgrQ9Gn0/f2pVcezWx+rbIbdoHE=",
            "source_code_size": 2777222,
            "tags": {
              "component": "services-find-by-id",
              "domain": "core",
              "env": "dev"
            },
            "tags_all": {
              "component": "services-find-by-id",
              "domain": "core",
              "env": "dev",
              "iac": "terraform"
            },
            "timeout": 30,
            "timeouts": null,
            "tracing_config": [
              {
                "mode": "PassThrough"
              }
            ],
            "version": "$LATEST",
            "vpc_config": []
          },
          "sensitive_attributes": [],
          "private": "eyJlMmJmYjczMC1lY2FhLTExZTYtOGY4OC0zNDM2M2JjN2M0YzAiOnsiY3JlYXRlIjo2MDAwMDAwMDAwMDAsImRlbGV0ZSI6NjAwMDAwMDAwMDAwLCJ1cGRhdGUiOjYwMDAwMDAwMDAwMH19",
          "dependencies": [
            "module.api_gateway.aws_apigatewayv2_api.main",
            "module.api_gateway.aws_apigatewayv2_stage.dev",
            "module.api_gateway.aws_cloudwatch_log_group.main_api_gw",
            "module.api_gateway_resources_core_service_find_by_id.aws_iam_role.lambda_role",
            "module.api_gateway_resources_core_service_find_by_id.data.archive_file.lambda_package",
            "module.services_dynamodb.aws_dynamodb_table.services-dynamodb-table"
          ]
        }
      ]
    },
    {
      "module": "module.api_gateway_resources_core_service_find_by_id",
      "mode": "managed",
      "type": "aws_lambda_permission",
      "name": "api_gw",
      "provider": "provider[\"registry.terraform.io/hashicorp/aws\"]",
      "instances": [
        {
          "schema_version": 0,
          "attributes": {
            "action": "lambda:InvokeFunction",
            "event_source_token": null,
            "function_name": "lmb-appma-core-services-find-by-id-dev",
            "function_url_auth_type": null,
            "id": "AllowExecutionFromAPIGateway",
            "principal": "apigateway.amazonaws.com",
            "principal_org_id": null,
            "qualifier": "",
            "source_account": null,
            "source_arn": "arn:aws:execute-api:us-east-1:233925838033:1xfslfeqxf/*/*",
            "statement_id": "AllowExecutionFromAPIGateway",
            "statement_id_prefix": ""
          },
          "sensitive_attributes": [],
          "private": "bnVsbA==",
          "dependencies": [
            "module.api_gateway.aws_apigatewayv2_api.main",
            "module.api_gateway.aws_apigatewayv2_stage.dev",
            "module.api_gateway.aws_cloudwatch_log_group.main_api_gw",
            "module.api_gateway_resources_core_service_find_by_id.aws_iam_role.lambda_role",
            "module.api_gateway_resources_core_service_find_by_id.aws_lambda_function.html_lambda",
            "module.api_gateway_resources_core_service_find_by_id.data.archive_file.lambda_package",
            "module.api_gateway_resources_core_service_find_by_id.data.aws_apigatewayv2_api.selected",
            "module.services_dynamodb.aws_dynamodb_table.services-dynamodb-table"
          ]
        }
      ]
    },
    {
      "module": "module.api_gateway_resources_core_service_update",
      "mode": "data",
      "type": "archive_file",
      "name": "lambda_package",
      "provider": "provider[\"registry.terraform.io/hashicorp/archive\"]",
      "instances": [
        {
          "schema_version": 0,
          "attributes": {
            "exclude_symlink_directories": null,
            "excludes": null,
            "id": "2040f8fa681e2770457a53bb0bb01132aa5f95ba",
            "output_base64sha256": "wo7Ru8ypWykUaQIcTT26ONZls6hoXtkT/Lk8S685NwU=",
            "output_base64sha512": "S7Wn7zDFvpftk3kwkjzZaBEOgMPJP4W+zyt7ZnQPiuqyKtaD3zPCs1rocG+7t5+5oKx3Gjhe4RMG5HPClokFRQ==",
            "output_file_mode": null,
            "output_md5": "5e4c9dde8771e48bc9c9ecd259473fc8",
            "output_path": "./resources/core/service-update-by-id/index.zip",
            "output_sha": "2040f8fa681e2770457a53bb0bb01132aa5f95ba",
            "output_sha256": "c28ed1bbcca95b291469021c4d3dba38d665b3a8685ed913fcb93c4baf393705",
            "output_sha512": "4bb5a7ef30c5be97ed937930923cd968110e80c3c93f85becf2b7b66740f8aeab22ad683df33c2b35ae8706fbbb79fb9a0ac771a385ee11306e473c296890545",
            "output_size": 2971422,
            "source": [],
            "source_content": null,
            "source_content_filename": null,
            "source_dir": "./lambdas/core/service-update-by-id",
            "source_file": null,
            "type": "zip"
          },
          "sensitive_attributes": []
        }
      ]
    },
    {
      "module": "module.api_gateway_resources_core_service_update",
      "mode": "data",
      "type": "aws_apigatewayv2_api",
      "name": "selected",
      "provider": "provider[\"registry.terraform.io/hashicorp/aws\"]",
      "instances": [
        {
          "schema_version": 0,
          "attributes": {
            "api_endpoint": "https://1xfslfeqxf.execute-api.us-east-1.amazonaws.com",
            "api_id": "1xfslfeqxf",
            "api_key_selection_expression": "$request.header.x-api-key",
            "arn": "arn:aws:apigateway:us-east-1::/apis/1xfslfeqxf",
            "cors_configuration": [
              {
                "allow_credentials": false,
                "allow_headers": [
                  "*"
                ],
                "allow_methods": [
                  "DELETE",
                  "GET",
                  "OPTIONS",
                  "POST",
                  "PUT"
                ],
                "allow_origins": [
                  "*",
                  "http://localhost:3000"
                ],
                "expose_headers": [],
                "max_age": 300
              }
            ],
            "description": "api-appma-dev API Gateway",
            "disable_execute_api_endpoint": false,
            "execution_arn": "arn:aws:execute-api:us-east-1:233925838033:1xfslfeqxf",
            "id": "1xfslfeqxf",
            "name": "api-appma-dev",
            "protocol_type": "HTTP",
            "route_selection_expression": "$request.method $request.path",
            "tags": {
              "iac": "terraform"
            },
            "version": ""
          },
          "sensitive_attributes": []
        }
      ]
    },
    {
      "module": "module.api_gateway_resources_core_service_update",
      "mode": "data",
      "type": "aws_caller_identity",
      "name": "current",
      "provider": "provider[\"registry.terraform.io/hashicorp/aws\"]",
      "instances": [
        {
          "schema_version": 0,
          "attributes": {
            "account_id": "233925838033",
            "arn": "arn:aws:iam::233925838033:root",
            "id": "233925838033",
            "user_id": "233925838033"
          },
          "sensitive_attributes": []
        }
      ]
    },
    {
      "module": "module.api_gateway_resources_core_service_update",
      "mode": "data",
      "type": "aws_iam_policy_document",
      "name": "lambda_policy_document",
      "provider": "provider[\"registry.terraform.io/hashicorp/aws\"]",
      "instances": [
        {
          "schema_version": 0,
          "attributes": {
            "id": "1503661423",
            "json": "{\n  \"Version\": \"2012-10-17\",\n  \"Statement\": [\n    {\n      \"Effect\": \"Allow\",\n      \"Action\": \"dynamodb:UpdateItem\",\n      \"Resource\": \"arn:aws:dynamodb:us-east-1:233925838033:table/tbl-appma-services-dev\"\n    }\n  ]\n}",
            "minified_json": "{\"Version\":\"2012-10-17\",\"Statement\":[{\"Effect\":\"Allow\",\"Action\":\"dynamodb:UpdateItem\",\"Resource\":\"arn:aws:dynamodb:us-east-1:233925838033:table/tbl-appma-services-dev\"}]}",
            "override_json": null,
            "override_policy_documents": null,
            "policy_id": null,
            "source_json": null,
            "source_policy_documents": null,
            "statement": [
              {
                "actions": [
                  "dynamodb:UpdateItem"
                ],
                "condition": [],
                "effect": "Allow",
                "not_actions": [],
                "not_principals": [],
                "not_resources": [],
                "principals": [],
                "resources": [
                  "arn:aws:dynamodb:us-east-1:233925838033:table/tbl-appma-services-dev"
                ],
                "sid": ""
              }
            ],
            "version": "2012-10-17"
          },
          "sensitive_attributes": []
        }
      ]
    },
    {
      "module": "module.api_gateway_resources_core_service_update",
      "mode": "data",
      "type": "aws_region",
      "name": "current",
      "provider": "provider[\"registry.terraform.io/hashicorp/aws\"]",
      "instances": [
        {
          "schema_version": 0,
          "attributes": {
            "description": "US East (N. Virginia)",
            "endpoint": "ec2.us-east-1.amazonaws.com",
            "id": "us-east-1",
            "name": "us-east-1"
          },
          "sensitive_attributes": []
        }
      ]
    },
    {
      "module": "module.api_gateway_resources_core_service_update",
      "mode": "managed",
      "type": "aws_apigatewayv2_integration",
      "name": "lambda_handler",
      "provider": "provider[\"registry.terraform.io/hashicorp/aws\"]",
      "instances": [
        {
          "schema_version": 0,
          "attributes": {
            "api_id": "1xfslfeqxf",
            "connection_id": "",
            "connection_type": "INTERNET",
            "content_handling_strategy": "",
            "credentials_arn": "",
            "description": "",
            "id": "dnpzeyd",
            "integration_method": "POST",
            "integration_response_selection_expression": "",
            "integration_subtype": "",
            "integration_type": "AWS_PROXY",
            "integration_uri": "arn:aws:apigateway:us-east-1:lambda:path/2015-03-31/functions/arn:aws:lambda:us-east-1:233925838033:function:lmb-appma-core-services-update-by-id-dev/invocations",
            "passthrough_behavior": "",
            "payload_format_version": "1.0",
            "request_parameters": {},
            "request_templates": {},
            "response_parameters": [],
            "template_selection_expression": "",
            "timeout_milliseconds": 30000,
            "tls_config": []
          },
          "sensitive_attributes": [],
          "private": "bnVsbA==",
          "dependencies": [
            "module.api_gateway.aws_apigatewayv2_api.main",
            "module.api_gateway.aws_apigatewayv2_stage.dev",
            "module.api_gateway.aws_cloudwatch_log_group.main_api_gw",
            "module.api_gateway_resources_core_service_update.aws_iam_role.lambda_role",
            "module.api_gateway_resources_core_service_update.aws_lambda_function.html_lambda",
            "module.api_gateway_resources_core_service_update.data.archive_file.lambda_package",
            "module.api_gateway_resources_core_service_update.data.aws_apigatewayv2_api.selected",
            "module.services_dynamodb.aws_dynamodb_table.services-dynamodb-table"
          ]
        }
      ]
    },
    {
      "module": "module.api_gateway_resources_core_service_update",
      "mode": "managed",
      "type": "aws_apigatewayv2_route",
      "name": "post_handler",
      "provider": "provider[\"registry.terraform.io/hashicorp/aws\"]",
      "instances": [
        {
          "schema_version": 0,
          "attributes": {
            "api_id": "1xfslfeqxf",
            "api_key_required": false,
            "authorization_scopes": [],
            "authorization_type": "CUSTOM",
            "authorizer_id": "8ylzuh",
            "id": "u4fu07v",
            "model_selection_expression": "",
            "operation_name": "",
            "request_models": {},
            "request_parameter": [],
            "route_key": "PUT /api/core/services/{id}",
            "route_response_selection_expression": "",
            "target": "integrations/dnpzeyd"
          },
          "sensitive_attributes": [],
          "private": "bnVsbA==",
          "dependencies": [
            "module.api_gateway.aws_apigatewayv2_api.main",
            "module.api_gateway.aws_apigatewayv2_stage.dev",
            "module.api_gateway.aws_cloudwatch_log_group.main_api_gw",
            "module.api_gateway_resources_core_service_update.aws_apigatewayv2_integration.lambda_handler",
            "module.api_gateway_resources_core_service_update.aws_iam_role.lambda_role",
            "module.api_gateway_resources_core_service_update.aws_lambda_function.html_lambda",
            "module.api_gateway_resources_core_service_update.data.archive_file.lambda_package",
            "module.api_gateway_resources_core_service_update.data.aws_apigatewayv2_api.selected",
            "module.api_gateway_resources_security_authorizer.aws_apigatewayv2_authorizer.header_based_authorizer",
            "module.api_gateway_resources_security_authorizer.aws_iam_role.lambda_role",
            "module.api_gateway_resources_security_authorizer.aws_lambda_function.html_lambda",
            "module.api_gateway_resources_security_authorizer.data.archive_file.lambda_package",
            "module.api_gateway_resources_security_authorizer.data.aws_apigatewayv2_api.selected",
            "module.services_dynamodb.aws_dynamodb_table.services-dynamodb-table"
          ]
        }
      ]
    },
    {
      "module": "module.api_gateway_resources_core_service_update",
      "mode": "managed",
      "type": "aws_cloudwatch_log_group",
      "name": "html_loggroup_lambda",
      "provider": "provider[\"registry.terraform.io/hashicorp/aws\"]",
      "instances": [
        {
          "schema_version": 0,
          "attributes": {
            "arn": "arn:aws:logs:us-east-1:233925838033:log-group:/aws/lambda/lmb-appma-core-services-update-by-id-dev",
            "id": "/aws/lambda/lmb-appma-core-services-update-by-id-dev",
            "kms_key_id": "",
            "log_group_class": "STANDARD",
            "name": "/aws/lambda/lmb-appma-core-services-update-by-id-dev",
            "name_prefix": "",
            "retention_in_days": 0,
            "skip_destroy": false,
            "tags": {},
            "tags_all": {
              "iac": "terraform"
            }
          },
          "sensitive_attributes": [],
          "private": "bnVsbA==",
          "dependencies": [
            "module.api_gateway.aws_apigatewayv2_api.main",
            "module.api_gateway.aws_apigatewayv2_stage.dev",
            "module.api_gateway.aws_cloudwatch_log_group.main_api_gw",
            "module.api_gateway_resources_core_service_update.aws_iam_role.lambda_role",
            "module.api_gateway_resources_core_service_update.aws_lambda_function.html_lambda",
            "module.api_gateway_resources_core_service_update.data.archive_file.lambda_package",
            "module.services_dynamodb.aws_dynamodb_table.services-dynamodb-table"
          ]
        }
      ]
    },
    {
      "module": "module.api_gateway_resources_core_service_update",
      "mode": "managed",
      "type": "aws_iam_policy",
      "name": "dynamodb_lambda_policy",
      "provider": "provider[\"registry.terraform.io/hashicorp/aws\"]",
      "instances": [
        {
          "schema_version": 0,
          "attributes": {
            "arn": "arn:aws:iam::233925838033:policy/policy-appma-core-services-update-by-id-dev",
            "attachment_count": 1,
            "description": "This policy will be used by the lambda to write get data from DynamoDB",
            "id": "arn:aws:iam::233925838033:policy/policy-appma-core-services-update-by-id-dev",
            "name": "policy-appma-core-services-update-by-id-dev",
            "name_prefix": "",
            "path": "/",
            "policy": "{\"Statement\":[{\"Action\":\"dynamodb:UpdateItem\",\"Effect\":\"Allow\",\"Resource\":\"arn:aws:dynamodb:us-east-1:233925838033:table/tbl-appma-services-dev\"}],\"Version\":\"2012-10-17\"}",
            "policy_id": "ANPATM5YRATI37PBDEYLL",
            "tags": {},
            "tags_all": {
              "iac": "terraform"
            }
          },
          "sensitive_attributes": [],
          "private": "bnVsbA==",
          "dependencies": [
            "module.api_gateway.aws_apigatewayv2_api.main",
            "module.api_gateway.aws_apigatewayv2_stage.dev",
            "module.api_gateway.aws_cloudwatch_log_group.main_api_gw",
            "module.api_gateway_resources_core_service_update.data.aws_caller_identity.current",
            "module.api_gateway_resources_core_service_update.data.aws_iam_policy_document.lambda_policy_document",
            "module.api_gateway_resources_core_service_update.data.aws_region.current",
            "module.services_dynamodb.aws_dynamodb_table.services-dynamodb-table"
          ]
        }
      ]
    },
    {
      "module": "module.api_gateway_resources_core_service_update",
      "mode": "managed",
      "type": "aws_iam_role",
      "name": "lambda_role",
      "provider": "provider[\"registry.terraform.io/hashicorp/aws\"]",
      "instances": [
        {
          "schema_version": 0,
          "attributes": {
            "arn": "arn:aws:iam::233925838033:role/role-appma-core-services-update-by-id-dev",
            "assume_role_policy": "{\"Statement\":[{\"Action\":\"sts:AssumeRole\",\"Effect\":\"Allow\",\"Principal\":{\"Service\":\"lambda.amazonaws.com\"}}],\"Version\":\"2012-10-17\"}",
            "create_date": "2024-07-24T19:40:07Z",
            "description": "",
            "force_detach_policies": false,
            "id": "role-appma-core-services-update-by-id-dev",
            "inline_policy": [],
            "managed_policy_arns": [
              "arn:aws:iam::233925838033:policy/policy-appma-core-services-update-by-id-dev",
              "arn:aws:iam::aws:policy/service-role/AWSLambdaBasicExecutionRole"
            ],
            "max_session_duration": 3600,
            "name": "role-appma-core-services-update-by-id-dev",
            "name_prefix": "",
            "path": "/",
            "permissions_boundary": "",
            "tags": {},
            "tags_all": {
              "iac": "terraform"
            },
            "unique_id": "AROATM5YRATITBKXQC5JW"
          },
          "sensitive_attributes": [],
          "private": "bnVsbA==",
          "dependencies": [
            "module.api_gateway.aws_apigatewayv2_api.main",
            "module.api_gateway.aws_apigatewayv2_stage.dev",
            "module.api_gateway.aws_cloudwatch_log_group.main_api_gw",
            "module.services_dynamodb.aws_dynamodb_table.services-dynamodb-table"
          ]
        }
      ]
    },
    {
      "module": "module.api_gateway_resources_core_service_update",
      "mode": "managed",
      "type": "aws_iam_role_policy_attachment",
      "name": "lambda_attachements",
      "provider": "provider[\"registry.terraform.io/hashicorp/aws\"]",
      "instances": [
        {
          "schema_version": 0,
          "attributes": {
            "id": "role-appma-core-services-update-by-id-dev-20240724194050480600000020",
            "policy_arn": "arn:aws:iam::233925838033:policy/policy-appma-core-services-update-by-id-dev",
            "role": "role-appma-core-services-update-by-id-dev"
          },
          "sensitive_attributes": [],
          "private": "bnVsbA==",
          "dependencies": [
            "module.api_gateway.aws_apigatewayv2_api.main",
            "module.api_gateway.aws_apigatewayv2_stage.dev",
            "module.api_gateway.aws_cloudwatch_log_group.main_api_gw",
            "module.api_gateway_resources_core_service_update.aws_iam_policy.dynamodb_lambda_policy",
            "module.api_gateway_resources_core_service_update.aws_iam_role.lambda_role",
            "module.api_gateway_resources_core_service_update.data.aws_caller_identity.current",
            "module.api_gateway_resources_core_service_update.data.aws_iam_policy_document.lambda_policy_document",
            "module.api_gateway_resources_core_service_update.data.aws_region.current",
            "module.services_dynamodb.aws_dynamodb_table.services-dynamodb-table"
          ]
        }
      ]
    },
    {
      "module": "module.api_gateway_resources_core_service_update",
      "mode": "managed",
      "type": "aws_iam_role_policy_attachment",
      "name": "lambda_role_policy",
      "provider": "provider[\"registry.terraform.io/hashicorp/aws\"]",
      "instances": [
        {
          "schema_version": 0,
          "attributes": {
            "id": "role-appma-core-services-update-by-id-dev-2024072419403983560000001b",
            "policy_arn": "arn:aws:iam::aws:policy/service-role/AWSLambdaBasicExecutionRole",
            "role": "role-appma-core-services-update-by-id-dev"
          },
          "sensitive_attributes": [],
          "private": "bnVsbA==",
          "dependencies": [
            "module.api_gateway.aws_apigatewayv2_api.main",
            "module.api_gateway.aws_apigatewayv2_stage.dev",
            "module.api_gateway.aws_cloudwatch_log_group.main_api_gw",
            "module.api_gateway_resources_core_service_update.aws_iam_role.lambda_role",
            "module.services_dynamodb.aws_dynamodb_table.services-dynamodb-table"
          ]
        }
      ]
    },
    {
      "module": "module.api_gateway_resources_core_service_update",
      "mode": "managed",
      "type": "aws_lambda_function",
      "name": "html_lambda",
      "provider": "provider[\"registry.terraform.io/hashicorp/aws\"]",
      "instances": [
        {
          "schema_version": 0,
          "attributes": {
            "architectures": [
              "arm64"
            ],
            "arn": "arn:aws:lambda:us-east-1:233925838033:function:lmb-appma-core-services-update-by-id-dev",
            "code_sha256": "wo7Ru8ypWykUaQIcTT26ONZls6hoXtkT/Lk8S685NwU=",
            "code_signing_config_arn": "",
            "dead_letter_config": [],
            "description": "",
            "environment": [],
            "ephemeral_storage": [
              {
                "size": 512
              }
            ],
            "file_system_config": [],
            "filename": "./resources/core/service-update-by-id/index.zip",
            "function_name": "lmb-appma-core-services-update-by-id-dev",
            "handler": "index.handler",
            "id": "lmb-appma-core-services-update-by-id-dev",
            "image_config": [],
            "image_uri": "",
            "invoke_arn": "arn:aws:apigateway:us-east-1:lambda:path/2015-03-31/functions/arn:aws:lambda:us-east-1:233925838033:function:lmb-appma-core-services-update-by-id-dev/invocations",
            "kms_key_arn": "",
            "last_modified": "2024-08-01T17:10:32.000+0000",
            "layers": [],
            "logging_config": [
              {
                "application_log_level": "",
                "log_format": "Text",
                "log_group": "/aws/lambda/lmb-appma-core-services-update-by-id-dev",
                "system_log_level": ""
              }
            ],
            "memory_size": 128,
            "package_type": "Zip",
            "publish": false,
            "qualified_arn": "arn:aws:lambda:us-east-1:233925838033:function:lmb-appma-core-services-update-by-id-dev:$LATEST",
            "qualified_invoke_arn": "arn:aws:apigateway:us-east-1:lambda:path/2015-03-31/functions/arn:aws:lambda:us-east-1:233925838033:function:lmb-appma-core-services-update-by-id-dev:$LATEST/invocations",
            "replace_security_groups_on_destroy": null,
            "replacement_security_group_ids": null,
            "reserved_concurrent_executions": -1,
            "role": "arn:aws:iam::233925838033:role/role-appma-core-services-update-by-id-dev",
            "runtime": "nodejs20.x",
            "s3_bucket": null,
            "s3_key": null,
            "s3_object_version": null,
            "signing_job_arn": "",
            "signing_profile_version_arn": "",
            "skip_destroy": false,
            "snap_start": [],
            "source_code_hash": "wo7Ru8ypWykUaQIcTT26ONZls6hoXtkT/Lk8S685NwU=",
            "source_code_size": 2971422,
            "tags": {
              "component": "services-update-by-id",
              "domain": "core",
              "env": "dev"
            },
            "tags_all": {
              "component": "services-update-by-id",
              "domain": "core",
              "env": "dev",
              "iac": "terraform"
            },
            "timeout": 30,
            "timeouts": null,
            "tracing_config": [
              {
                "mode": "PassThrough"
              }
            ],
            "version": "$LATEST",
            "vpc_config": []
          },
          "sensitive_attributes": [],
          "private": "eyJlMmJmYjczMC1lY2FhLTExZTYtOGY4OC0zNDM2M2JjN2M0YzAiOnsiY3JlYXRlIjo2MDAwMDAwMDAwMDAsImRlbGV0ZSI6NjAwMDAwMDAwMDAwLCJ1cGRhdGUiOjYwMDAwMDAwMDAwMH19",
          "dependencies": [
            "module.api_gateway.aws_apigatewayv2_api.main",
            "module.api_gateway.aws_apigatewayv2_stage.dev",
            "module.api_gateway.aws_cloudwatch_log_group.main_api_gw",
            "module.api_gateway_resources_core_service_update.aws_iam_role.lambda_role",
            "module.api_gateway_resources_core_service_update.data.archive_file.lambda_package",
            "module.services_dynamodb.aws_dynamodb_table.services-dynamodb-table"
          ]
        }
      ]
    },
    {
      "module": "module.api_gateway_resources_core_service_update",
      "mode": "managed",
      "type": "aws_lambda_permission",
      "name": "api_gw",
      "provider": "provider[\"registry.terraform.io/hashicorp/aws\"]",
      "instances": [
        {
          "schema_version": 0,
          "attributes": {
            "action": "lambda:InvokeFunction",
            "event_source_token": null,
            "function_name": "lmb-appma-core-services-update-by-id-dev",
            "function_url_auth_type": null,
            "id": "AllowExecutionFromAPIGateway",
            "principal": "apigateway.amazonaws.com",
            "principal_org_id": null,
            "qualifier": "",
            "source_account": null,
            "source_arn": "arn:aws:execute-api:us-east-1:233925838033:1xfslfeqxf/*/*",
            "statement_id": "AllowExecutionFromAPIGateway",
            "statement_id_prefix": ""
          },
          "sensitive_attributes": [],
          "private": "bnVsbA==",
          "dependencies": [
            "module.api_gateway.aws_apigatewayv2_api.main",
            "module.api_gateway.aws_apigatewayv2_stage.dev",
            "module.api_gateway.aws_cloudwatch_log_group.main_api_gw",
            "module.api_gateway_resources_core_service_update.aws_iam_role.lambda_role",
            "module.api_gateway_resources_core_service_update.aws_lambda_function.html_lambda",
            "module.api_gateway_resources_core_service_update.data.archive_file.lambda_package",
            "module.api_gateway_resources_core_service_update.data.aws_apigatewayv2_api.selected",
            "module.services_dynamodb.aws_dynamodb_table.services-dynamodb-table"
          ]
        }
      ]
    },
    {
      "module": "module.api_gateway_resources_core_user_associate-employee",
      "mode": "data",
      "type": "archive_file",
      "name": "lambda_package",
      "provider": "provider[\"registry.terraform.io/hashicorp/archive\"]",
      "instances": [
        {
          "schema_version": 0,
          "attributes": {
            "exclude_symlink_directories": null,
            "excludes": null,
            "id": "75327ea808de2861ddec3d6bb793af1cee20f829",
            "output_base64sha256": "ZB3Ocj9u/dFX2BpnAVi1LG+3AIVtk4qJc7lFCB4xOC4=",
            "output_base64sha512": "wvXv6r2I5Gk/D8VBktV8lKWepsWVt/7jwQN5+Ad9OV/6gA61UktcDisEzmtMMtnb42bX0A65xduMbETdRXZ3pw==",
            "output_file_mode": null,
            "output_md5": "db4b32affdf03d485eddd82f84041d6a",
            "output_path": "./resources/core/user-associate-employee/index.zip",
            "output_sha": "75327ea808de2861ddec3d6bb793af1cee20f829",
            "output_sha256": "641dce723f6efdd157d81a670158b52c6fb700856d938a8973b945081e31382e",
            "output_sha512": "c2f5efeabd88e4693f0fc54192d57c94a59ea6c595b7fee3c10379f8077d395ffa800eb5524b5c0e2b04ce6b4c32d9dbe366d7d00eb9c5db8c6c44dd457677a7",
            "output_size": 2974468,
            "source": [],
            "source_content": null,
            "source_content_filename": null,
            "source_dir": "./lambdas/core/user-associate-employee",
            "source_file": null,
            "type": "zip"
          },
          "sensitive_attributes": []
        }
      ]
    },
    {
      "module": "module.api_gateway_resources_core_user_associate-employee",
      "mode": "data",
      "type": "aws_apigatewayv2_api",
      "name": "selected",
      "provider": "provider[\"registry.terraform.io/hashicorp/aws\"]",
      "instances": [
        {
          "schema_version": 0,
          "attributes": {
            "api_endpoint": "https://1xfslfeqxf.execute-api.us-east-1.amazonaws.com",
            "api_id": "1xfslfeqxf",
            "api_key_selection_expression": "$request.header.x-api-key",
            "arn": "arn:aws:apigateway:us-east-1::/apis/1xfslfeqxf",
            "cors_configuration": [
              {
                "allow_credentials": false,
                "allow_headers": [
                  "*"
                ],
                "allow_methods": [
                  "DELETE",
                  "GET",
                  "OPTIONS",
                  "POST",
                  "PUT"
                ],
                "allow_origins": [
                  "*",
                  "http://localhost:3000"
                ],
                "expose_headers": [],
                "max_age": 300
              }
            ],
            "description": "api-appma-dev API Gateway",
            "disable_execute_api_endpoint": false,
            "execution_arn": "arn:aws:execute-api:us-east-1:233925838033:1xfslfeqxf",
            "id": "1xfslfeqxf",
            "name": "api-appma-dev",
            "protocol_type": "HTTP",
            "route_selection_expression": "$request.method $request.path",
            "tags": {
              "iac": "terraform"
            },
            "version": ""
          },
          "sensitive_attributes": []
        }
      ]
    },
    {
      "module": "module.api_gateway_resources_core_user_associate-employee",
      "mode": "data",
      "type": "aws_caller_identity",
      "name": "current",
      "provider": "provider[\"registry.terraform.io/hashicorp/aws\"]",
      "instances": [
        {
          "schema_version": 0,
          "attributes": {
            "account_id": "233925838033",
            "arn": "arn:aws:iam::233925838033:root",
            "id": "233925838033",
            "user_id": "233925838033"
          },
          "sensitive_attributes": []
        }
      ]
    },
    {
      "module": "module.api_gateway_resources_core_user_associate-employee",
      "mode": "data",
      "type": "aws_iam_policy_document",
      "name": "lambda_policy_document",
      "provider": "provider[\"registry.terraform.io/hashicorp/aws\"]",
      "instances": [
        {
          "schema_version": 0,
          "attributes": {
            "id": "1834060969",
            "json": "{\n  \"Version\": \"2012-10-17\",\n  \"Statement\": [\n    {\n      \"Effect\": \"Allow\",\n      \"Action\": [\n        \"dynamodb:UpdateItem\",\n        \"dynamodb:Scan\",\n        \"dynamodb:GetItem\"\n      ],\n      \"Resource\": \"arn:aws:dynamodb:us-east-1:233925838033:table/tbl-appma-users-dev\"\n    }\n  ]\n}",
            "minified_json": "{\"Version\":\"2012-10-17\",\"Statement\":[{\"Effect\":\"Allow\",\"Action\":[\"dynamodb:UpdateItem\",\"dynamodb:Scan\",\"dynamodb:GetItem\"],\"Resource\":\"arn:aws:dynamodb:us-east-1:233925838033:table/tbl-appma-users-dev\"}]}",
            "override_json": null,
            "override_policy_documents": null,
            "policy_id": null,
            "source_json": null,
            "source_policy_documents": null,
            "statement": [
              {
                "actions": [
                  "dynamodb:GetItem",
                  "dynamodb:Scan",
                  "dynamodb:UpdateItem"
                ],
                "condition": [],
                "effect": "Allow",
                "not_actions": [],
                "not_principals": [],
                "not_resources": [],
                "principals": [],
                "resources": [
                  "arn:aws:dynamodb:us-east-1:233925838033:table/tbl-appma-users-dev"
                ],
                "sid": ""
              }
            ],
            "version": "2012-10-17"
          },
          "sensitive_attributes": []
        }
      ]
    },
    {
      "module": "module.api_gateway_resources_core_user_associate-employee",
      "mode": "data",
      "type": "aws_region",
      "name": "current",
      "provider": "provider[\"registry.terraform.io/hashicorp/aws\"]",
      "instances": [
        {
          "schema_version": 0,
          "attributes": {
            "description": "US East (N. Virginia)",
            "endpoint": "ec2.us-east-1.amazonaws.com",
            "id": "us-east-1",
            "name": "us-east-1"
          },
          "sensitive_attributes": []
        }
      ]
    },
    {
      "module": "module.api_gateway_resources_core_user_associate-employee",
      "mode": "managed",
      "type": "aws_apigatewayv2_integration",
      "name": "lambda_handler",
      "provider": "provider[\"registry.terraform.io/hashicorp/aws\"]",
      "instances": [
        {
          "schema_version": 0,
          "attributes": {
            "api_id": "1xfslfeqxf",
            "connection_id": "",
            "connection_type": "INTERNET",
            "content_handling_strategy": "",
            "credentials_arn": "",
            "description": "",
            "id": "6eyeml0",
            "integration_method": "POST",
            "integration_response_selection_expression": "",
            "integration_subtype": "",
            "integration_type": "AWS_PROXY",
            "integration_uri": "arn:aws:apigateway:us-east-1:lambda:path/2015-03-31/functions/arn:aws:lambda:us-east-1:233925838033:function:lmb-appma-core-users-associate-employee-dev/invocations",
            "passthrough_behavior": "",
            "payload_format_version": "1.0",
            "request_parameters": {},
            "request_templates": {},
            "response_parameters": [],
            "template_selection_expression": "",
            "timeout_milliseconds": 30000,
            "tls_config": []
          },
          "sensitive_attributes": [],
          "private": "bnVsbA==",
          "dependencies": [
            "module.api_gateway.aws_apigatewayv2_api.main",
            "module.api_gateway.aws_apigatewayv2_stage.dev",
            "module.api_gateway.aws_cloudwatch_log_group.main_api_gw",
            "module.api_gateway_resources_core_user_associate-employee.aws_iam_role.lambda_role",
            "module.api_gateway_resources_core_user_associate-employee.aws_lambda_function.html_lambda",
            "module.api_gateway_resources_core_user_associate-employee.data.archive_file.lambda_package",
            "module.api_gateway_resources_core_user_associate-employee.data.aws_apigatewayv2_api.selected",
            "module.users_dynamodb.aws_dynamodb_table.users-dynamodb-table"
          ]
        }
      ]
    },
    {
      "module": "module.api_gateway_resources_core_user_associate-employee",
      "mode": "managed",
      "type": "aws_apigatewayv2_route",
      "name": "post_handler",
      "provider": "provider[\"registry.terraform.io/hashicorp/aws\"]",
      "instances": [
        {
          "schema_version": 0,
          "attributes": {
            "api_id": "1xfslfeqxf",
            "api_key_required": false,
            "authorization_scopes": [],
            "authorization_type": "CUSTOM",
            "authorizer_id": "8ylzuh",
            "id": "r0loost",
            "model_selection_expression": "",
            "operation_name": "",
            "request_models": {},
            "request_parameter": [],
            "route_key": "PUT /api/core/users/associate-employee/{id}",
            "route_response_selection_expression": "",
            "target": "integrations/6eyeml0"
          },
          "sensitive_attributes": [],
          "private": "bnVsbA==",
          "dependencies": [
            "module.api_gateway.aws_apigatewayv2_api.main",
            "module.api_gateway.aws_apigatewayv2_stage.dev",
            "module.api_gateway.aws_cloudwatch_log_group.main_api_gw",
            "module.api_gateway_resources_core_user_associate-employee.aws_apigatewayv2_integration.lambda_handler",
            "module.api_gateway_resources_core_user_associate-employee.aws_iam_role.lambda_role",
            "module.api_gateway_resources_core_user_associate-employee.aws_lambda_function.html_lambda",
            "module.api_gateway_resources_core_user_associate-employee.data.archive_file.lambda_package",
            "module.api_gateway_resources_core_user_associate-employee.data.aws_apigatewayv2_api.selected",
            "module.api_gateway_resources_security_authorizer.aws_apigatewayv2_authorizer.header_based_authorizer",
            "module.api_gateway_resources_security_authorizer.aws_iam_role.lambda_role",
            "module.api_gateway_resources_security_authorizer.aws_lambda_function.html_lambda",
            "module.api_gateway_resources_security_authorizer.data.archive_file.lambda_package",
            "module.api_gateway_resources_security_authorizer.data.aws_apigatewayv2_api.selected",
            "module.users_dynamodb.aws_dynamodb_table.users-dynamodb-table"
          ]
        }
      ]
    },
    {
      "module": "module.api_gateway_resources_core_user_associate-employee",
      "mode": "managed",
      "type": "aws_cloudwatch_log_group",
      "name": "html_loggroup_lambda",
      "provider": "provider[\"registry.terraform.io/hashicorp/aws\"]",
      "instances": [
        {
          "schema_version": 0,
          "attributes": {
            "arn": "arn:aws:logs:us-east-1:233925838033:log-group:/aws/lambda/lmb-appma-core-users-associate-employee-dev",
            "id": "/aws/lambda/lmb-appma-core-users-associate-employee-dev",
            "kms_key_id": "",
            "log_group_class": "STANDARD",
            "name": "/aws/lambda/lmb-appma-core-users-associate-employee-dev",
            "name_prefix": "",
            "retention_in_days": 0,
            "skip_destroy": false,
            "tags": {},
            "tags_all": {
              "iac": "terraform"
            }
          },
          "sensitive_attributes": [],
          "private": "bnVsbA==",
          "dependencies": [
            "module.api_gateway.aws_apigatewayv2_api.main",
            "module.api_gateway.aws_apigatewayv2_stage.dev",
            "module.api_gateway.aws_cloudwatch_log_group.main_api_gw",
            "module.api_gateway_resources_core_user_associate-employee.aws_iam_role.lambda_role",
            "module.api_gateway_resources_core_user_associate-employee.aws_lambda_function.html_lambda",
            "module.api_gateway_resources_core_user_associate-employee.data.archive_file.lambda_package",
            "module.users_dynamodb.aws_dynamodb_table.users-dynamodb-table"
          ]
        }
      ]
    },
    {
      "module": "module.api_gateway_resources_core_user_associate-employee",
      "mode": "managed",
      "type": "aws_iam_policy",
      "name": "dynamodb_lambda_policy",
      "provider": "provider[\"registry.terraform.io/hashicorp/aws\"]",
      "instances": [
        {
          "schema_version": 0,
          "attributes": {
            "arn": "arn:aws:iam::233925838033:policy/policy-appma-core-users-associate-employee-dev",
            "attachment_count": 1,
            "description": "This policy will be used by the lambda to write get data from DynamoDB",
            "id": "arn:aws:iam::233925838033:policy/policy-appma-core-users-associate-employee-dev",
            "name": "policy-appma-core-users-associate-employee-dev",
            "name_prefix": "",
            "path": "/",
            "policy": "{\"Statement\":[{\"Action\":[\"dynamodb:UpdateItem\",\"dynamodb:Scan\",\"dynamodb:GetItem\"],\"Effect\":\"Allow\",\"Resource\":\"arn:aws:dynamodb:us-east-1:233925838033:table/tbl-appma-users-dev\"}],\"Version\":\"2012-10-17\"}",
            "policy_id": "ANPATM5YRATIS5JFA7GBM",
            "tags": {},
            "tags_all": {
              "iac": "terraform"
            }
          },
          "sensitive_attributes": [],
          "private": "bnVsbA==",
          "dependencies": [
            "module.api_gateway.aws_apigatewayv2_api.main",
            "module.api_gateway.aws_apigatewayv2_stage.dev",
            "module.api_gateway.aws_cloudwatch_log_group.main_api_gw",
            "module.api_gateway_resources_core_user_associate-employee.data.aws_caller_identity.current",
            "module.api_gateway_resources_core_user_associate-employee.data.aws_iam_policy_document.lambda_policy_document",
            "module.api_gateway_resources_core_user_associate-employee.data.aws_region.current",
            "module.users_dynamodb.aws_dynamodb_table.users-dynamodb-table"
          ]
        }
      ]
    },
    {
      "module": "module.api_gateway_resources_core_user_associate-employee",
      "mode": "managed",
      "type": "aws_iam_role",
      "name": "lambda_role",
      "provider": "provider[\"registry.terraform.io/hashicorp/aws\"]",
      "instances": [
        {
          "schema_version": 0,
          "attributes": {
            "arn": "arn:aws:iam::233925838033:role/role-appma-core-users-associate-employee-dev",
            "assume_role_policy": "{\"Statement\":[{\"Action\":\"sts:AssumeRole\",\"Effect\":\"Allow\",\"Principal\":{\"Service\":\"lambda.amazonaws.com\"}}],\"Version\":\"2012-10-17\"}",
            "create_date": "2024-07-24T19:39:50Z",
            "description": "",
            "force_detach_policies": false,
            "id": "role-appma-core-users-associate-employee-dev",
            "inline_policy": [],
            "managed_policy_arns": [
              "arn:aws:iam::233925838033:policy/policy-appma-core-users-associate-employee-dev",
              "arn:aws:iam::aws:policy/service-role/AWSLambdaBasicExecutionRole"
            ],
            "max_session_duration": 3600,
            "name": "role-appma-core-users-associate-employee-dev",
            "name_prefix": "",
            "path": "/",
            "permissions_boundary": "",
            "tags": {},
            "tags_all": {
              "iac": "terraform"
            },
            "unique_id": "AROATM5YRATIYEBP73HQY"
          },
          "sensitive_attributes": [],
          "private": "bnVsbA==",
          "dependencies": [
            "module.api_gateway.aws_apigatewayv2_api.main",
            "module.api_gateway.aws_apigatewayv2_stage.dev",
            "module.api_gateway.aws_cloudwatch_log_group.main_api_gw",
            "module.users_dynamodb.aws_dynamodb_table.users-dynamodb-table"
          ]
        }
      ]
    },
    {
      "module": "module.api_gateway_resources_core_user_associate-employee",
      "mode": "managed",
      "type": "aws_iam_role_policy_attachment",
      "name": "lambda_attachements",
      "provider": "provider[\"registry.terraform.io/hashicorp/aws\"]",
      "instances": [
        {
          "schema_version": 0,
          "attributes": {
            "id": "role-appma-core-users-associate-employee-dev-20240724194004068800000013",
            "policy_arn": "arn:aws:iam::233925838033:policy/policy-appma-core-users-associate-employee-dev",
            "role": "role-appma-core-users-associate-employee-dev"
          },
          "sensitive_attributes": [],
          "private": "bnVsbA==",
          "dependencies": [
            "module.api_gateway.aws_apigatewayv2_api.main",
            "module.api_gateway.aws_apigatewayv2_stage.dev",
            "module.api_gateway.aws_cloudwatch_log_group.main_api_gw",
            "module.api_gateway_resources_core_user_associate-employee.aws_iam_policy.dynamodb_lambda_policy",
            "module.api_gateway_resources_core_user_associate-employee.aws_iam_role.lambda_role",
            "module.api_gateway_resources_core_user_associate-employee.data.aws_caller_identity.current",
            "module.api_gateway_resources_core_user_associate-employee.data.aws_iam_policy_document.lambda_policy_document",
            "module.api_gateway_resources_core_user_associate-employee.data.aws_region.current",
            "module.users_dynamodb.aws_dynamodb_table.users-dynamodb-table"
          ]
        }
      ]
    },
    {
      "module": "module.api_gateway_resources_core_user_associate-employee",
      "mode": "managed",
      "type": "aws_iam_role_policy_attachment",
      "name": "lambda_role_policy",
      "provider": "provider[\"registry.terraform.io/hashicorp/aws\"]",
      "instances": [
        {
          "schema_version": 0,
          "attributes": {
            "id": "role-appma-core-users-associate-employee-dev-2024072419395645770000000c",
            "policy_arn": "arn:aws:iam::aws:policy/service-role/AWSLambdaBasicExecutionRole",
            "role": "role-appma-core-users-associate-employee-dev"
          },
          "sensitive_attributes": [],
          "private": "bnVsbA==",
          "dependencies": [
            "module.api_gateway.aws_apigatewayv2_api.main",
            "module.api_gateway.aws_apigatewayv2_stage.dev",
            "module.api_gateway.aws_cloudwatch_log_group.main_api_gw",
            "module.api_gateway_resources_core_user_associate-employee.aws_iam_role.lambda_role",
            "module.users_dynamodb.aws_dynamodb_table.users-dynamodb-table"
          ]
        }
      ]
    },
    {
      "module": "module.api_gateway_resources_core_user_associate-employee",
      "mode": "managed",
      "type": "aws_lambda_function",
      "name": "html_lambda",
      "provider": "provider[\"registry.terraform.io/hashicorp/aws\"]",
      "instances": [
        {
          "schema_version": 0,
          "attributes": {
            "architectures": [
              "arm64"
            ],
            "arn": "arn:aws:lambda:us-east-1:233925838033:function:lmb-appma-core-users-associate-employee-dev",
            "code_sha256": "ZB3Ocj9u/dFX2BpnAVi1LG+3AIVtk4qJc7lFCB4xOC4=",
            "code_signing_config_arn": "",
            "dead_letter_config": [],
            "description": "",
            "environment": [],
            "ephemeral_storage": [
              {
                "size": 512
              }
            ],
            "file_system_config": [],
            "filename": "./resources/core/user-associate-employee/index.zip",
            "function_name": "lmb-appma-core-users-associate-employee-dev",
            "handler": "index.handler",
            "id": "lmb-appma-core-users-associate-employee-dev",
            "image_config": [],
            "image_uri": "",
            "invoke_arn": "arn:aws:apigateway:us-east-1:lambda:path/2015-03-31/functions/arn:aws:lambda:us-east-1:233925838033:function:lmb-appma-core-users-associate-employee-dev/invocations",
            "kms_key_arn": "",
            "last_modified": "2024-08-01T16:28:25.000+0000",
            "layers": [],
            "logging_config": [
              {
                "application_log_level": "",
                "log_format": "Text",
                "log_group": "/aws/lambda/lmb-appma-core-users-associate-employee-dev",
                "system_log_level": ""
              }
            ],
            "memory_size": 128,
            "package_type": "Zip",
            "publish": false,
            "qualified_arn": "arn:aws:lambda:us-east-1:233925838033:function:lmb-appma-core-users-associate-employee-dev:$LATEST",
            "qualified_invoke_arn": "arn:aws:apigateway:us-east-1:lambda:path/2015-03-31/functions/arn:aws:lambda:us-east-1:233925838033:function:lmb-appma-core-users-associate-employee-dev:$LATEST/invocations",
            "replace_security_groups_on_destroy": null,
            "replacement_security_group_ids": null,
            "reserved_concurrent_executions": -1,
            "role": "arn:aws:iam::233925838033:role/role-appma-core-users-associate-employee-dev",
            "runtime": "nodejs20.x",
            "s3_bucket": null,
            "s3_key": null,
            "s3_object_version": null,
            "signing_job_arn": "",
            "signing_profile_version_arn": "",
            "skip_destroy": false,
            "snap_start": [],
            "source_code_hash": "ZB3Ocj9u/dFX2BpnAVi1LG+3AIVtk4qJc7lFCB4xOC4=",
            "source_code_size": 2974468,
            "tags": {
              "component": "user-associate-employee",
              "domain": "core",
              "env": "dev"
            },
            "tags_all": {
              "component": "user-associate-employee",
              "domain": "core",
              "env": "dev",
              "iac": "terraform"
            },
            "timeout": 30,
            "timeouts": null,
            "tracing_config": [
              {
                "mode": "PassThrough"
              }
            ],
            "version": "$LATEST",
            "vpc_config": []
          },
          "sensitive_attributes": [],
          "private": "eyJlMmJmYjczMC1lY2FhLTExZTYtOGY4OC0zNDM2M2JjN2M0YzAiOnsiY3JlYXRlIjo2MDAwMDAwMDAwMDAsImRlbGV0ZSI6NjAwMDAwMDAwMDAwLCJ1cGRhdGUiOjYwMDAwMDAwMDAwMH19",
          "dependencies": [
            "module.api_gateway.aws_apigatewayv2_api.main",
            "module.api_gateway.aws_apigatewayv2_stage.dev",
            "module.api_gateway.aws_cloudwatch_log_group.main_api_gw",
            "module.api_gateway_resources_core_user_associate-employee.aws_iam_role.lambda_role",
            "module.api_gateway_resources_core_user_associate-employee.data.archive_file.lambda_package",
            "module.users_dynamodb.aws_dynamodb_table.users-dynamodb-table"
          ]
        }
      ]
    },
    {
      "module": "module.api_gateway_resources_core_user_associate-employee",
      "mode": "managed",
      "type": "aws_lambda_permission",
      "name": "api_gw",
      "provider": "provider[\"registry.terraform.io/hashicorp/aws\"]",
      "instances": [
        {
          "schema_version": 0,
          "attributes": {
            "action": "lambda:InvokeFunction",
            "event_source_token": null,
            "function_name": "lmb-appma-core-users-associate-employee-dev",
            "function_url_auth_type": null,
            "id": "AllowExecutionFromAPIGateway",
            "principal": "apigateway.amazonaws.com",
            "principal_org_id": null,
            "qualifier": "",
            "source_account": null,
            "source_arn": "arn:aws:execute-api:us-east-1:233925838033:1xfslfeqxf/*/*",
            "statement_id": "AllowExecutionFromAPIGateway",
            "statement_id_prefix": ""
          },
          "sensitive_attributes": [],
          "private": "bnVsbA==",
          "dependencies": [
            "module.api_gateway.aws_apigatewayv2_api.main",
            "module.api_gateway.aws_apigatewayv2_stage.dev",
            "module.api_gateway.aws_cloudwatch_log_group.main_api_gw",
            "module.api_gateway_resources_core_user_associate-employee.aws_iam_role.lambda_role",
            "module.api_gateway_resources_core_user_associate-employee.aws_lambda_function.html_lambda",
            "module.api_gateway_resources_core_user_associate-employee.data.archive_file.lambda_package",
            "module.api_gateway_resources_core_user_associate-employee.data.aws_apigatewayv2_api.selected",
            "module.users_dynamodb.aws_dynamodb_table.users-dynamodb-table"
          ]
        }
      ]
    },
    {
      "module": "module.api_gateway_resources_core_user_create",
      "mode": "data",
      "type": "archive_file",
      "name": "lambda_package",
      "provider": "provider[\"registry.terraform.io/hashicorp/archive\"]",
      "instances": [
        {
          "schema_version": 0,
          "attributes": {
            "exclude_symlink_directories": null,
            "excludes": null,
            "id": "afc18728b78a56c458f1383b88b5c597fd38f47a",
            "output_base64sha256": "Wyvv+NUxpeFLSrh4C5X5bhvODqqOHuMphmAwqE8c5XI=",
            "output_base64sha512": "086A8kelxDwFh9BN/CpQ9h7Uwku+MV8WuSf7cI9pINXruH5GaWgXMAXHc7tkG8gciaz+8xpso1275s0PNRBs+A==",
            "output_file_mode": null,
            "output_md5": "50717a99dd37175a30cb764619974f60",
            "output_path": "./resources/core/user-create/index.zip",
            "output_sha": "afc18728b78a56c458f1383b88b5c597fd38f47a",
            "output_sha256": "5b2beff8d531a5e14b4ab8780b95f96e1bce0eaa8e1ee329866030a84f1ce572",
            "output_sha512": "d3ce80f247a5c43c0587d04dfc2a50f61ed4c24bbe315f16b927fb708f6920d5ebb87e466968173005c773bb641bc81c89acfef31a6ca35dbbe6cd0f35106cf8",
            "output_size": 2922442,
            "source": [],
            "source_content": null,
            "source_content_filename": null,
            "source_dir": "./lambdas/core/user-create",
            "source_file": null,
            "type": "zip"
          },
          "sensitive_attributes": []
        }
      ]
    },
    {
      "module": "module.api_gateway_resources_core_user_create",
      "mode": "data",
      "type": "aws_apigatewayv2_api",
      "name": "selected",
      "provider": "provider[\"registry.terraform.io/hashicorp/aws\"]",
      "instances": [
        {
          "schema_version": 0,
          "attributes": {
            "api_endpoint": "https://1xfslfeqxf.execute-api.us-east-1.amazonaws.com",
            "api_id": "1xfslfeqxf",
            "api_key_selection_expression": "$request.header.x-api-key",
            "arn": "arn:aws:apigateway:us-east-1::/apis/1xfslfeqxf",
            "cors_configuration": [
              {
                "allow_credentials": false,
                "allow_headers": [
                  "*"
                ],
                "allow_methods": [
                  "DELETE",
                  "GET",
                  "OPTIONS",
                  "POST",
                  "PUT"
                ],
                "allow_origins": [
                  "*",
                  "http://localhost:3000"
                ],
                "expose_headers": [],
                "max_age": 300
              }
            ],
            "description": "api-appma-dev API Gateway",
            "disable_execute_api_endpoint": false,
            "execution_arn": "arn:aws:execute-api:us-east-1:233925838033:1xfslfeqxf",
            "id": "1xfslfeqxf",
            "name": "api-appma-dev",
            "protocol_type": "HTTP",
            "route_selection_expression": "$request.method $request.path",
            "tags": {
              "iac": "terraform"
            },
            "version": ""
          },
          "sensitive_attributes": []
        }
      ]
    },
    {
      "module": "module.api_gateway_resources_core_user_create",
      "mode": "data",
      "type": "aws_caller_identity",
      "name": "current",
      "provider": "provider[\"registry.terraform.io/hashicorp/aws\"]",
      "instances": [
        {
          "schema_version": 0,
          "attributes": {
            "account_id": "233925838033",
            "arn": "arn:aws:iam::233925838033:root",
            "id": "233925838033",
            "user_id": "233925838033"
          },
          "sensitive_attributes": []
        }
      ]
    },
    {
      "module": "module.api_gateway_resources_core_user_create",
      "mode": "data",
      "type": "aws_iam_policy_document",
      "name": "lambda_policy_document",
      "provider": "provider[\"registry.terraform.io/hashicorp/aws\"]",
      "instances": [
        {
          "schema_version": 0,
          "attributes": {
            "id": "1707289149",
            "json": "{\n  \"Version\": \"2012-10-17\",\n  \"Statement\": [\n    {\n      \"Effect\": \"Allow\",\n      \"Action\": [\n        \"dynamodb:Scan\",\n        \"dynamodb:PutItem\"\n      ],\n      \"Resource\": \"arn:aws:dynamodb:us-east-1:233925838033:table/tbl-appma-users-dev\"\n    }\n  ]\n}",
            "minified_json": "{\"Version\":\"2012-10-17\",\"Statement\":[{\"Effect\":\"Allow\",\"Action\":[\"dynamodb:Scan\",\"dynamodb:PutItem\"],\"Resource\":\"arn:aws:dynamodb:us-east-1:233925838033:table/tbl-appma-users-dev\"}]}",
            "override_json": null,
            "override_policy_documents": null,
            "policy_id": null,
            "source_json": null,
            "source_policy_documents": null,
            "statement": [
              {
                "actions": [
                  "dynamodb:PutItem",
                  "dynamodb:Scan"
                ],
                "condition": [],
                "effect": "Allow",
                "not_actions": [],
                "not_principals": [],
                "not_resources": [],
                "principals": [],
                "resources": [
                  "arn:aws:dynamodb:us-east-1:233925838033:table/tbl-appma-users-dev"
                ],
                "sid": ""
              }
            ],
            "version": "2012-10-17"
          },
          "sensitive_attributes": []
        }
      ]
    },
    {
      "module": "module.api_gateway_resources_core_user_create",
      "mode": "data",
      "type": "aws_region",
      "name": "current",
      "provider": "provider[\"registry.terraform.io/hashicorp/aws\"]",
      "instances": [
        {
          "schema_version": 0,
          "attributes": {
            "description": "US East (N. Virginia)",
            "endpoint": "ec2.us-east-1.amazonaws.com",
            "id": "us-east-1",
            "name": "us-east-1"
          },
          "sensitive_attributes": []
        }
      ]
    },
    {
      "module": "module.api_gateway_resources_core_user_create",
      "mode": "managed",
      "type": "aws_apigatewayv2_integration",
      "name": "lambda_handler",
      "provider": "provider[\"registry.terraform.io/hashicorp/aws\"]",
      "instances": [
        {
          "schema_version": 0,
          "attributes": {
            "api_id": "1xfslfeqxf",
            "connection_id": "",
            "connection_type": "INTERNET",
            "content_handling_strategy": "",
            "credentials_arn": "",
            "description": "",
            "id": "5xtmptu",
            "integration_method": "POST",
            "integration_response_selection_expression": "",
            "integration_subtype": "",
            "integration_type": "AWS_PROXY",
            "integration_uri": "arn:aws:apigateway:us-east-1:lambda:path/2015-03-31/functions/arn:aws:lambda:us-east-1:233925838033:function:lmb-appma-core-users-create-dev/invocations",
            "passthrough_behavior": "",
            "payload_format_version": "1.0",
            "request_parameters": {},
            "request_templates": {},
            "response_parameters": [],
            "template_selection_expression": "",
            "timeout_milliseconds": 30000,
            "tls_config": []
          },
          "sensitive_attributes": [],
          "private": "bnVsbA==",
          "dependencies": [
            "module.api_gateway.aws_apigatewayv2_api.main",
            "module.api_gateway.aws_apigatewayv2_stage.dev",
            "module.api_gateway.aws_cloudwatch_log_group.main_api_gw",
            "module.api_gateway_resources_core_user_create.aws_iam_role.lambda_role",
            "module.api_gateway_resources_core_user_create.aws_lambda_function.html_lambda",
            "module.api_gateway_resources_core_user_create.data.archive_file.lambda_package",
            "module.api_gateway_resources_core_user_create.data.aws_apigatewayv2_api.selected",
            "module.users_dynamodb.aws_dynamodb_table.users-dynamodb-table"
          ]
        }
      ]
    },
    {
      "module": "module.api_gateway_resources_core_user_create",
      "mode": "managed",
      "type": "aws_apigatewayv2_route",
      "name": "post_handler",
      "provider": "provider[\"registry.terraform.io/hashicorp/aws\"]",
      "instances": [
        {
          "schema_version": 0,
          "attributes": {
            "api_id": "1xfslfeqxf",
            "api_key_required": false,
            "authorization_scopes": [],
            "authorization_type": "NONE",
            "authorizer_id": "",
            "id": "8ivn9d5",
            "model_selection_expression": "",
            "operation_name": "",
            "request_models": {},
            "request_parameter": [],
            "route_key": "POST /api/core/users",
            "route_response_selection_expression": "",
            "target": "integrations/5xtmptu"
          },
          "sensitive_attributes": [],
          "private": "bnVsbA==",
          "dependencies": [
            "module.api_gateway.aws_apigatewayv2_api.main",
            "module.api_gateway.aws_apigatewayv2_stage.dev",
            "module.api_gateway.aws_cloudwatch_log_group.main_api_gw",
            "module.api_gateway_resources_core_user_create.aws_apigatewayv2_integration.lambda_handler",
            "module.api_gateway_resources_core_user_create.aws_iam_role.lambda_role",
            "module.api_gateway_resources_core_user_create.aws_lambda_function.html_lambda",
            "module.api_gateway_resources_core_user_create.data.archive_file.lambda_package",
            "module.api_gateway_resources_core_user_create.data.aws_apigatewayv2_api.selected",
            "module.users_dynamodb.aws_dynamodb_table.users-dynamodb-table"
          ]
        }
      ]
    },
    {
      "module": "module.api_gateway_resources_core_user_create",
      "mode": "managed",
      "type": "aws_cloudwatch_log_group",
      "name": "html_loggroup_lambda",
      "provider": "provider[\"registry.terraform.io/hashicorp/aws\"]",
      "instances": [
        {
          "schema_version": 0,
          "attributes": {
            "arn": "arn:aws:logs:us-east-1:233925838033:log-group:/aws/lambda/lmb-appma-core-users-create-dev",
            "id": "/aws/lambda/lmb-appma-core-users-create-dev",
            "kms_key_id": "",
            "log_group_class": "STANDARD",
            "name": "/aws/lambda/lmb-appma-core-users-create-dev",
            "name_prefix": "",
            "retention_in_days": 0,
            "skip_destroy": false,
            "tags": {},
            "tags_all": {
              "iac": "terraform"
            }
          },
          "sensitive_attributes": [],
          "private": "bnVsbA==",
          "dependencies": [
            "module.api_gateway.aws_apigatewayv2_api.main",
            "module.api_gateway.aws_apigatewayv2_stage.dev",
            "module.api_gateway.aws_cloudwatch_log_group.main_api_gw",
            "module.api_gateway_resources_core_user_create.aws_iam_role.lambda_role",
            "module.api_gateway_resources_core_user_create.aws_lambda_function.html_lambda",
            "module.api_gateway_resources_core_user_create.data.archive_file.lambda_package",
            "module.users_dynamodb.aws_dynamodb_table.users-dynamodb-table"
          ]
        }
      ]
    },
    {
      "module": "module.api_gateway_resources_core_user_create",
      "mode": "managed",
      "type": "aws_iam_policy",
      "name": "dynamodb_lambda_policy",
      "provider": "provider[\"registry.terraform.io/hashicorp/aws\"]",
      "instances": [
        {
          "schema_version": 0,
          "attributes": {
            "arn": "arn:aws:iam::233925838033:policy/policy-appma-core-users-create-dev",
            "attachment_count": 1,
            "description": "This policy will be used by the lambda to write get data from DynamoDB",
            "id": "arn:aws:iam::233925838033:policy/policy-appma-core-users-create-dev",
            "name": "policy-appma-core-users-create-dev",
            "name_prefix": "",
            "path": "/",
            "policy": "{\"Statement\":[{\"Action\":[\"dynamodb:Scan\",\"dynamodb:PutItem\"],\"Effect\":\"Allow\",\"Resource\":\"arn:aws:dynamodb:us-east-1:233925838033:table/tbl-appma-users-dev\"}],\"Version\":\"2012-10-17\"}",
            "policy_id": "ANPATM5YRATI2BST3TZFZ",
            "tags": {},
            "tags_all": {
              "iac": "terraform"
            }
          },
          "sensitive_attributes": [],
          "private": "bnVsbA==",
          "dependencies": [
            "module.api_gateway.aws_apigatewayv2_api.main",
            "module.api_gateway.aws_apigatewayv2_stage.dev",
            "module.api_gateway.aws_cloudwatch_log_group.main_api_gw",
            "module.api_gateway_resources_core_user_create.data.aws_caller_identity.current",
            "module.api_gateway_resources_core_user_create.data.aws_iam_policy_document.lambda_policy_document",
            "module.api_gateway_resources_core_user_create.data.aws_region.current",
            "module.users_dynamodb.aws_dynamodb_table.users-dynamodb-table"
          ]
        }
      ]
    },
    {
      "module": "module.api_gateway_resources_core_user_create",
      "mode": "managed",
      "type": "aws_iam_role",
      "name": "lambda_role",
      "provider": "provider[\"registry.terraform.io/hashicorp/aws\"]",
      "instances": [
        {
          "schema_version": 0,
          "attributes": {
            "arn": "arn:aws:iam::233925838033:role/role-appma-core-users-create-dev",
            "assume_role_policy": "{\"Statement\":[{\"Action\":\"sts:AssumeRole\",\"Effect\":\"Allow\",\"Principal\":{\"Service\":\"lambda.amazonaws.com\"}}],\"Version\":\"2012-10-17\"}",
            "create_date": "2024-07-24T19:39:50Z",
            "description": "",
            "force_detach_policies": false,
            "id": "role-appma-core-users-create-dev",
            "inline_policy": [],
            "managed_policy_arns": [
              "arn:aws:iam::233925838033:policy/policy-appma-core-users-create-dev",
              "arn:aws:iam::aws:policy/service-role/AWSLambdaBasicExecutionRole"
            ],
            "max_session_duration": 3600,
            "name": "role-appma-core-users-create-dev",
            "name_prefix": "",
            "path": "/",
            "permissions_boundary": "",
            "tags": {},
            "tags_all": {
              "iac": "terraform"
            },
            "unique_id": "AROATM5YRATIWNN4HKA62"
          },
          "sensitive_attributes": [],
          "private": "bnVsbA==",
          "dependencies": [
            "module.api_gateway.aws_apigatewayv2_api.main",
            "module.api_gateway.aws_apigatewayv2_stage.dev",
            "module.api_gateway.aws_cloudwatch_log_group.main_api_gw",
            "module.users_dynamodb.aws_dynamodb_table.users-dynamodb-table"
          ]
        }
      ]
    },
    {
      "module": "module.api_gateway_resources_core_user_create",
      "mode": "managed",
      "type": "aws_iam_role_policy_attachment",
      "name": "lambda_attachements",
      "provider": "provider[\"registry.terraform.io/hashicorp/aws\"]",
      "instances": [
        {
          "schema_version": 0,
          "attributes": {
            "id": "role-appma-core-users-create-dev-20240724194002471700000012",
            "policy_arn": "arn:aws:iam::233925838033:policy/policy-appma-core-users-create-dev",
            "role": "role-appma-core-users-create-dev"
          },
          "sensitive_attributes": [],
          "private": "bnVsbA==",
          "dependencies": [
            "module.api_gateway.aws_apigatewayv2_api.main",
            "module.api_gateway.aws_apigatewayv2_stage.dev",
            "module.api_gateway.aws_cloudwatch_log_group.main_api_gw",
            "module.api_gateway_resources_core_user_create.aws_iam_policy.dynamodb_lambda_policy",
            "module.api_gateway_resources_core_user_create.aws_iam_role.lambda_role",
            "module.api_gateway_resources_core_user_create.data.aws_caller_identity.current",
            "module.api_gateway_resources_core_user_create.data.aws_iam_policy_document.lambda_policy_document",
            "module.api_gateway_resources_core_user_create.data.aws_region.current",
            "module.users_dynamodb.aws_dynamodb_table.users-dynamodb-table"
          ]
        }
      ]
    },
    {
      "module": "module.api_gateway_resources_core_user_create",
      "mode": "managed",
      "type": "aws_iam_role_policy_attachment",
      "name": "lambda_role_policy",
      "provider": "provider[\"registry.terraform.io/hashicorp/aws\"]",
      "instances": [
        {
          "schema_version": 0,
          "attributes": {
            "id": "role-appma-core-users-create-dev-2024072419395774470000000e",
            "policy_arn": "arn:aws:iam::aws:policy/service-role/AWSLambdaBasicExecutionRole",
            "role": "role-appma-core-users-create-dev"
          },
          "sensitive_attributes": [],
          "private": "bnVsbA==",
          "dependencies": [
            "module.api_gateway.aws_apigatewayv2_api.main",
            "module.api_gateway.aws_apigatewayv2_stage.dev",
            "module.api_gateway.aws_cloudwatch_log_group.main_api_gw",
            "module.api_gateway_resources_core_user_create.aws_iam_role.lambda_role",
            "module.users_dynamodb.aws_dynamodb_table.users-dynamodb-table"
          ]
        }
      ]
    },
    {
      "module": "module.api_gateway_resources_core_user_create",
      "mode": "managed",
      "type": "aws_lambda_function",
      "name": "html_lambda",
      "provider": "provider[\"registry.terraform.io/hashicorp/aws\"]",
      "instances": [
        {
          "schema_version": 0,
          "attributes": {
            "architectures": [
              "arm64"
            ],
            "arn": "arn:aws:lambda:us-east-1:233925838033:function:lmb-appma-core-users-create-dev",
            "code_sha256": "Wyvv+NUxpeFLSrh4C5X5bhvODqqOHuMphmAwqE8c5XI=",
            "code_signing_config_arn": "",
            "dead_letter_config": [],
            "description": "",
            "environment": [],
            "ephemeral_storage": [
              {
                "size": 512
              }
            ],
            "file_system_config": [],
            "filename": "./resources/core/user-create/index.zip",
            "function_name": "lmb-appma-core-users-create-dev",
            "handler": "index.handler",
            "id": "lmb-appma-core-users-create-dev",
            "image_config": [],
            "image_uri": "",
            "invoke_arn": "arn:aws:apigateway:us-east-1:lambda:path/2015-03-31/functions/arn:aws:lambda:us-east-1:233925838033:function:lmb-appma-core-users-create-dev/invocations",
            "kms_key_arn": "",
            "last_modified": "2024-07-29T20:55:41.000+0000",
            "layers": [],
            "logging_config": [
              {
                "application_log_level": "",
                "log_format": "Text",
                "log_group": "/aws/lambda/lmb-appma-core-users-create-dev",
                "system_log_level": ""
              }
            ],
            "memory_size": 128,
            "package_type": "Zip",
            "publish": false,
            "qualified_arn": "arn:aws:lambda:us-east-1:233925838033:function:lmb-appma-core-users-create-dev:$LATEST",
            "qualified_invoke_arn": "arn:aws:apigateway:us-east-1:lambda:path/2015-03-31/functions/arn:aws:lambda:us-east-1:233925838033:function:lmb-appma-core-users-create-dev:$LATEST/invocations",
            "replace_security_groups_on_destroy": null,
            "replacement_security_group_ids": null,
            "reserved_concurrent_executions": -1,
            "role": "arn:aws:iam::233925838033:role/role-appma-core-users-create-dev",
            "runtime": "nodejs20.x",
            "s3_bucket": null,
            "s3_key": null,
            "s3_object_version": null,
            "signing_job_arn": "",
            "signing_profile_version_arn": "",
            "skip_destroy": false,
            "snap_start": [],
            "source_code_hash": "Wyvv+NUxpeFLSrh4C5X5bhvODqqOHuMphmAwqE8c5XI=",
            "source_code_size": 2922442,
            "tags": {
              "component": "user-create",
              "domain": "core",
              "env": "dev"
            },
            "tags_all": {
              "component": "user-create",
              "domain": "core",
              "env": "dev",
              "iac": "terraform"
            },
            "timeout": 30,
            "timeouts": null,
            "tracing_config": [
              {
                "mode": "PassThrough"
              }
            ],
            "version": "$LATEST",
            "vpc_config": []
          },
          "sensitive_attributes": [],
          "private": "eyJlMmJmYjczMC1lY2FhLTExZTYtOGY4OC0zNDM2M2JjN2M0YzAiOnsiY3JlYXRlIjo2MDAwMDAwMDAwMDAsImRlbGV0ZSI6NjAwMDAwMDAwMDAwLCJ1cGRhdGUiOjYwMDAwMDAwMDAwMH19",
          "dependencies": [
            "module.api_gateway.aws_apigatewayv2_api.main",
            "module.api_gateway.aws_apigatewayv2_stage.dev",
            "module.api_gateway.aws_cloudwatch_log_group.main_api_gw",
            "module.api_gateway_resources_core_user_create.aws_iam_role.lambda_role",
            "module.api_gateway_resources_core_user_create.data.archive_file.lambda_package",
            "module.users_dynamodb.aws_dynamodb_table.users-dynamodb-table"
          ]
        }
      ]
    },
    {
      "module": "module.api_gateway_resources_core_user_create",
      "mode": "managed",
      "type": "aws_lambda_permission",
      "name": "api_gw",
      "provider": "provider[\"registry.terraform.io/hashicorp/aws\"]",
      "instances": [
        {
          "schema_version": 0,
          "attributes": {
            "action": "lambda:InvokeFunction",
            "event_source_token": null,
            "function_name": "lmb-appma-core-users-create-dev",
            "function_url_auth_type": null,
            "id": "AllowExecutionFromAPIGateway",
            "principal": "apigateway.amazonaws.com",
            "principal_org_id": null,
            "qualifier": "",
            "source_account": null,
            "source_arn": "arn:aws:execute-api:us-east-1:233925838033:1xfslfeqxf/*/*",
            "statement_id": "AllowExecutionFromAPIGateway",
            "statement_id_prefix": ""
          },
          "sensitive_attributes": [],
          "private": "bnVsbA==",
          "dependencies": [
            "module.api_gateway.aws_apigatewayv2_api.main",
            "module.api_gateway.aws_apigatewayv2_stage.dev",
            "module.api_gateway.aws_cloudwatch_log_group.main_api_gw",
            "module.api_gateway_resources_core_user_create.aws_iam_role.lambda_role",
            "module.api_gateway_resources_core_user_create.aws_lambda_function.html_lambda",
            "module.api_gateway_resources_core_user_create.data.archive_file.lambda_package",
            "module.api_gateway_resources_core_user_create.data.aws_apigatewayv2_api.selected",
            "module.users_dynamodb.aws_dynamodb_table.users-dynamodb-table"
          ]
        }
      ]
    },
    {
      "module": "module.api_gateway_resources_core_user_find_by_id",
      "mode": "data",
      "type": "archive_file",
      "name": "lambda_package",
      "provider": "provider[\"registry.terraform.io/hashicorp/archive\"]",
      "instances": [
        {
          "schema_version": 0,
          "attributes": {
            "exclude_symlink_directories": null,
            "excludes": null,
            "id": "0d530dd304f7a4a0e867da61cc0edf5b6ee939f3",
            "output_base64sha256": "iyU/RiHG1+apoSvHecZz/tTMBKaENycYEirVXfDnK1s=",
            "output_base64sha512": "ShCgi/qkopazIy9qiwdqytvxu3K9hkoMbv0Miqsi/Vk/WQ2TZbYgnRZXFBpTzmp9ba7j29b6FSg48bhI5Y6X5w==",
            "output_file_mode": null,
            "output_md5": "b05e8e56662fdc08fa3344ff1847c84b",
            "output_path": "./resources/core/user-find-by-id/index.zip",
            "output_sha": "0d530dd304f7a4a0e867da61cc0edf5b6ee939f3",
            "output_sha256": "8b253f4621c6d7e6a9a12bc779c673fed4cc04a684372718122ad55df0e72b5b",
            "output_sha512": "4a10a08bfaa4a296b3232f6a8b076acadbf1bb72bd864a0c6efd0c8aab22fd593f590d9365b6209d1657141a53ce6a7d6daee3dbd6fa152838f1b848e58e97e7",
            "output_size": 2777874,
            "source": [],
            "source_content": null,
            "source_content_filename": null,
            "source_dir": "./lambdas/core/user-find-by-id",
            "source_file": null,
            "type": "zip"
          },
          "sensitive_attributes": []
        }
      ]
    },
    {
      "module": "module.api_gateway_resources_core_user_find_by_id",
      "mode": "data",
      "type": "aws_apigatewayv2_api",
      "name": "selected",
      "provider": "provider[\"registry.terraform.io/hashicorp/aws\"]",
      "instances": [
        {
          "schema_version": 0,
          "attributes": {
            "api_endpoint": "https://1xfslfeqxf.execute-api.us-east-1.amazonaws.com",
            "api_id": "1xfslfeqxf",
            "api_key_selection_expression": "$request.header.x-api-key",
            "arn": "arn:aws:apigateway:us-east-1::/apis/1xfslfeqxf",
            "cors_configuration": [
              {
                "allow_credentials": false,
                "allow_headers": [
                  "*"
                ],
                "allow_methods": [
                  "DELETE",
                  "GET",
                  "OPTIONS",
                  "POST",
                  "PUT"
                ],
                "allow_origins": [
                  "*",
                  "http://localhost:3000"
                ],
                "expose_headers": [],
                "max_age": 300
              }
            ],
            "description": "api-appma-dev API Gateway",
            "disable_execute_api_endpoint": false,
            "execution_arn": "arn:aws:execute-api:us-east-1:233925838033:1xfslfeqxf",
            "id": "1xfslfeqxf",
            "name": "api-appma-dev",
            "protocol_type": "HTTP",
            "route_selection_expression": "$request.method $request.path",
            "tags": {
              "iac": "terraform"
            },
            "version": ""
          },
          "sensitive_attributes": []
        }
      ]
    },
    {
      "module": "module.api_gateway_resources_core_user_find_by_id",
      "mode": "data",
      "type": "aws_caller_identity",
      "name": "current",
      "provider": "provider[\"registry.terraform.io/hashicorp/aws\"]",
      "instances": [
        {
          "schema_version": 0,
          "attributes": {
            "account_id": "233925838033",
            "arn": "arn:aws:iam::233925838033:root",
            "id": "233925838033",
            "user_id": "233925838033"
          },
          "sensitive_attributes": []
        }
      ]
    },
    {
      "module": "module.api_gateway_resources_core_user_find_by_id",
      "mode": "data",
      "type": "aws_iam_policy_document",
      "name": "lambda_policy_document",
      "provider": "provider[\"registry.terraform.io/hashicorp/aws\"]",
      "instances": [
        {
          "schema_version": 0,
          "attributes": {
            "id": "1947163899",
            "json": "{\n  \"Version\": \"2012-10-17\",\n  \"Statement\": [\n    {\n      \"Effect\": \"Allow\",\n      \"Action\": \"dynamodb:GetItem\",\n      \"Resource\": \"arn:aws:dynamodb:us-east-1:233925838033:table/tbl-appma-users-dev\"\n    }\n  ]\n}",
            "minified_json": "{\"Version\":\"2012-10-17\",\"Statement\":[{\"Effect\":\"Allow\",\"Action\":\"dynamodb:GetItem\",\"Resource\":\"arn:aws:dynamodb:us-east-1:233925838033:table/tbl-appma-users-dev\"}]}",
            "override_json": null,
            "override_policy_documents": null,
            "policy_id": null,
            "source_json": null,
            "source_policy_documents": null,
            "statement": [
              {
                "actions": [
                  "dynamodb:GetItem"
                ],
                "condition": [],
                "effect": "Allow",
                "not_actions": [],
                "not_principals": [],
                "not_resources": [],
                "principals": [],
                "resources": [
                  "arn:aws:dynamodb:us-east-1:233925838033:table/tbl-appma-users-dev"
                ],
                "sid": ""
              }
            ],
            "version": "2012-10-17"
          },
          "sensitive_attributes": []
        }
      ]
    },
    {
      "module": "module.api_gateway_resources_core_user_find_by_id",
      "mode": "data",
      "type": "aws_region",
      "name": "current",
      "provider": "provider[\"registry.terraform.io/hashicorp/aws\"]",
      "instances": [
        {
          "schema_version": 0,
          "attributes": {
            "description": "US East (N. Virginia)",
            "endpoint": "ec2.us-east-1.amazonaws.com",
            "id": "us-east-1",
            "name": "us-east-1"
          },
          "sensitive_attributes": []
        }
      ]
    },
    {
      "module": "module.api_gateway_resources_core_user_find_by_id",
      "mode": "managed",
      "type": "aws_apigatewayv2_integration",
      "name": "lambda_handler",
      "provider": "provider[\"registry.terraform.io/hashicorp/aws\"]",
      "instances": [
        {
          "schema_version": 0,
          "attributes": {
            "api_id": "1xfslfeqxf",
            "connection_id": "",
            "connection_type": "INTERNET",
            "content_handling_strategy": "",
            "credentials_arn": "",
            "description": "",
            "id": "hdpt48u",
            "integration_method": "POST",
            "integration_response_selection_expression": "",
            "integration_subtype": "",
            "integration_type": "AWS_PROXY",
            "integration_uri": "arn:aws:apigateway:us-east-1:lambda:path/2015-03-31/functions/arn:aws:lambda:us-east-1:233925838033:function:lmb-appma-core-users-find-by-id-dev/invocations",
            "passthrough_behavior": "",
            "payload_format_version": "1.0",
            "request_parameters": {},
            "request_templates": {},
            "response_parameters": [],
            "template_selection_expression": "",
            "timeout_milliseconds": 30000,
            "tls_config": []
          },
          "sensitive_attributes": [],
          "private": "bnVsbA==",
          "dependencies": [
            "module.api_gateway.aws_apigatewayv2_api.main",
            "module.api_gateway.aws_apigatewayv2_stage.dev",
            "module.api_gateway.aws_cloudwatch_log_group.main_api_gw",
            "module.api_gateway_resources_core_user_find_by_id.aws_iam_role.lambda_role",
            "module.api_gateway_resources_core_user_find_by_id.aws_lambda_function.html_lambda",
            "module.api_gateway_resources_core_user_find_by_id.data.archive_file.lambda_package",
            "module.api_gateway_resources_core_user_find_by_id.data.aws_apigatewayv2_api.selected",
            "module.users_dynamodb.aws_dynamodb_table.users-dynamodb-table"
          ]
        }
      ]
    },
    {
      "module": "module.api_gateway_resources_core_user_find_by_id",
      "mode": "managed",
      "type": "aws_apigatewayv2_route",
      "name": "post_handler",
      "provider": "provider[\"registry.terraform.io/hashicorp/aws\"]",
      "instances": [
        {
          "schema_version": 0,
          "attributes": {
            "api_id": "1xfslfeqxf",
            "api_key_required": false,
            "authorization_scopes": [],
            "authorization_type": "CUSTOM",
            "authorizer_id": "8ylzuh",
            "id": "81tjprj",
            "model_selection_expression": "",
            "operation_name": "",
            "request_models": {},
            "request_parameter": [],
            "route_key": "GET /api/core/users/{id}",
            "route_response_selection_expression": "",
            "target": "integrations/hdpt48u"
          },
          "sensitive_attributes": [],
          "private": "bnVsbA==",
          "dependencies": [
            "module.api_gateway.aws_apigatewayv2_api.main",
            "module.api_gateway.aws_apigatewayv2_stage.dev",
            "module.api_gateway.aws_cloudwatch_log_group.main_api_gw",
            "module.api_gateway_resources_core_user_find_by_id.aws_apigatewayv2_integration.lambda_handler",
            "module.api_gateway_resources_core_user_find_by_id.aws_iam_role.lambda_role",
            "module.api_gateway_resources_core_user_find_by_id.aws_lambda_function.html_lambda",
            "module.api_gateway_resources_core_user_find_by_id.data.archive_file.lambda_package",
            "module.api_gateway_resources_core_user_find_by_id.data.aws_apigatewayv2_api.selected",
            "module.api_gateway_resources_security_authorizer.aws_apigatewayv2_authorizer.header_based_authorizer",
            "module.api_gateway_resources_security_authorizer.aws_iam_role.lambda_role",
            "module.api_gateway_resources_security_authorizer.aws_lambda_function.html_lambda",
            "module.api_gateway_resources_security_authorizer.data.archive_file.lambda_package",
            "module.api_gateway_resources_security_authorizer.data.aws_apigatewayv2_api.selected",
            "module.users_dynamodb.aws_dynamodb_table.users-dynamodb-table"
          ]
        }
      ]
    },
    {
      "module": "module.api_gateway_resources_core_user_find_by_id",
      "mode": "managed",
      "type": "aws_cloudwatch_log_group",
      "name": "html_loggroup_lambda",
      "provider": "provider[\"registry.terraform.io/hashicorp/aws\"]",
      "instances": [
        {
          "schema_version": 0,
          "attributes": {
            "arn": "arn:aws:logs:us-east-1:233925838033:log-group:/aws/lambda/lmb-appma-core-users-find-by-id-dev",
            "id": "/aws/lambda/lmb-appma-core-users-find-by-id-dev",
            "kms_key_id": "",
            "log_group_class": "STANDARD",
            "name": "/aws/lambda/lmb-appma-core-users-find-by-id-dev",
            "name_prefix": "",
            "retention_in_days": 0,
            "skip_destroy": false,
            "tags": {},
            "tags_all": {
              "iac": "terraform"
            }
          },
          "sensitive_attributes": [],
          "private": "bnVsbA==",
          "dependencies": [
            "module.api_gateway.aws_apigatewayv2_api.main",
            "module.api_gateway.aws_apigatewayv2_stage.dev",
            "module.api_gateway.aws_cloudwatch_log_group.main_api_gw",
            "module.api_gateway_resources_core_user_find_by_id.aws_iam_role.lambda_role",
            "module.api_gateway_resources_core_user_find_by_id.aws_lambda_function.html_lambda",
            "module.api_gateway_resources_core_user_find_by_id.data.archive_file.lambda_package",
            "module.users_dynamodb.aws_dynamodb_table.users-dynamodb-table"
          ]
        }
      ]
    },
    {
      "module": "module.api_gateway_resources_core_user_find_by_id",
      "mode": "managed",
      "type": "aws_iam_policy",
      "name": "dynamodb_lambda_policy",
      "provider": "provider[\"registry.terraform.io/hashicorp/aws\"]",
      "instances": [
        {
          "schema_version": 0,
          "attributes": {
            "arn": "arn:aws:iam::233925838033:policy/policy-appma-core-users-find-by-id-dev",
            "attachment_count": 1,
            "description": "This policy will be used by the lambda to write get data from DynamoDB",
            "id": "arn:aws:iam::233925838033:policy/policy-appma-core-users-find-by-id-dev",
            "name": "policy-appma-core-users-find-by-id-dev",
            "name_prefix": "",
            "path": "/",
            "policy": "{\"Statement\":[{\"Action\":\"dynamodb:GetItem\",\"Effect\":\"Allow\",\"Resource\":\"arn:aws:dynamodb:us-east-1:233925838033:table/tbl-appma-users-dev\"}],\"Version\":\"2012-10-17\"}",
            "policy_id": "ANPATM5YRATI77L2NWCFR",
            "tags": {},
            "tags_all": {
              "iac": "terraform"
            }
          },
          "sensitive_attributes": [],
          "private": "bnVsbA==",
          "dependencies": [
            "module.api_gateway.aws_apigatewayv2_api.main",
            "module.api_gateway.aws_apigatewayv2_stage.dev",
            "module.api_gateway.aws_cloudwatch_log_group.main_api_gw",
            "module.api_gateway_resources_core_user_find_by_id.data.aws_caller_identity.current",
            "module.api_gateway_resources_core_user_find_by_id.data.aws_iam_policy_document.lambda_policy_document",
            "module.api_gateway_resources_core_user_find_by_id.data.aws_region.current",
            "module.users_dynamodb.aws_dynamodb_table.users-dynamodb-table"
          ]
        }
      ]
    },
    {
      "module": "module.api_gateway_resources_core_user_find_by_id",
      "mode": "managed",
      "type": "aws_iam_role",
      "name": "lambda_role",
      "provider": "provider[\"registry.terraform.io/hashicorp/aws\"]",
      "instances": [
        {
          "schema_version": 0,
          "attributes": {
            "arn": "arn:aws:iam::233925838033:role/role-appma-core-users-find-by-id-dev",
            "assume_role_policy": "{\"Statement\":[{\"Action\":\"sts:AssumeRole\",\"Effect\":\"Allow\",\"Principal\":{\"Service\":\"lambda.amazonaws.com\"}}],\"Version\":\"2012-10-17\"}",
            "create_date": "2024-07-24T19:39:51Z",
            "description": "",
            "force_detach_policies": false,
            "id": "role-appma-core-users-find-by-id-dev",
            "inline_policy": [],
            "managed_policy_arns": [
              "arn:aws:iam::233925838033:policy/policy-appma-core-users-find-by-id-dev",
              "arn:aws:iam::aws:policy/service-role/AWSLambdaBasicExecutionRole"
            ],
            "max_session_duration": 3600,
            "name": "role-appma-core-users-find-by-id-dev",
            "name_prefix": "",
            "path": "/",
            "permissions_boundary": "",
            "tags": {},
            "tags_all": {
              "iac": "terraform"
            },
            "unique_id": "AROATM5YRATI3IT7DRGBN"
          },
          "sensitive_attributes": [],
          "private": "bnVsbA==",
          "dependencies": [
            "module.api_gateway.aws_apigatewayv2_api.main",
            "module.api_gateway.aws_apigatewayv2_stage.dev",
            "module.api_gateway.aws_cloudwatch_log_group.main_api_gw",
            "module.users_dynamodb.aws_dynamodb_table.users-dynamodb-table"
          ]
        }
      ]
    },
    {
      "module": "module.api_gateway_resources_core_user_find_by_id",
      "mode": "managed",
      "type": "aws_iam_role_policy_attachment",
      "name": "lambda_attachements",
      "provider": "provider[\"registry.terraform.io/hashicorp/aws\"]",
      "instances": [
        {
          "schema_version": 0,
          "attributes": {
            "id": "role-appma-core-users-find-by-id-dev-20240724194005760700000015",
            "policy_arn": "arn:aws:iam::233925838033:policy/policy-appma-core-users-find-by-id-dev",
            "role": "role-appma-core-users-find-by-id-dev"
          },
          "sensitive_attributes": [],
          "private": "bnVsbA==",
          "dependencies": [
            "module.api_gateway.aws_apigatewayv2_api.main",
            "module.api_gateway.aws_apigatewayv2_stage.dev",
            "module.api_gateway.aws_cloudwatch_log_group.main_api_gw",
            "module.api_gateway_resources_core_user_find_by_id.aws_iam_policy.dynamodb_lambda_policy",
            "module.api_gateway_resources_core_user_find_by_id.aws_iam_role.lambda_role",
            "module.api_gateway_resources_core_user_find_by_id.data.aws_caller_identity.current",
            "module.api_gateway_resources_core_user_find_by_id.data.aws_iam_policy_document.lambda_policy_document",
            "module.api_gateway_resources_core_user_find_by_id.data.aws_region.current",
            "module.users_dynamodb.aws_dynamodb_table.users-dynamodb-table"
          ]
        }
      ]
    },
    {
      "module": "module.api_gateway_resources_core_user_find_by_id",
      "mode": "managed",
      "type": "aws_iam_role_policy_attachment",
      "name": "lambda_role_policy",
      "provider": "provider[\"registry.terraform.io/hashicorp/aws\"]",
      "instances": [
        {
          "schema_version": 0,
          "attributes": {
            "id": "role-appma-core-users-find-by-id-dev-20240724193958176000000010",
            "policy_arn": "arn:aws:iam::aws:policy/service-role/AWSLambdaBasicExecutionRole",
            "role": "role-appma-core-users-find-by-id-dev"
          },
          "sensitive_attributes": [],
          "private": "bnVsbA==",
          "dependencies": [
            "module.api_gateway.aws_apigatewayv2_api.main",
            "module.api_gateway.aws_apigatewayv2_stage.dev",
            "module.api_gateway.aws_cloudwatch_log_group.main_api_gw",
            "module.api_gateway_resources_core_user_find_by_id.aws_iam_role.lambda_role",
            "module.users_dynamodb.aws_dynamodb_table.users-dynamodb-table"
          ]
        }
      ]
    },
    {
      "module": "module.api_gateway_resources_core_user_find_by_id",
      "mode": "managed",
      "type": "aws_lambda_function",
      "name": "html_lambda",
      "provider": "provider[\"registry.terraform.io/hashicorp/aws\"]",
      "instances": [
        {
          "schema_version": 0,
          "attributes": {
            "architectures": [
              "arm64"
            ],
            "arn": "arn:aws:lambda:us-east-1:233925838033:function:lmb-appma-core-users-find-by-id-dev",
            "code_sha256": "iyU/RiHG1+apoSvHecZz/tTMBKaENycYEirVXfDnK1s=",
            "code_signing_config_arn": "",
            "dead_letter_config": [],
            "description": "",
            "environment": [],
            "ephemeral_storage": [
              {
                "size": 512
              }
            ],
            "file_system_config": [],
            "filename": "./resources/core/user-find-by-id/index.zip",
            "function_name": "lmb-appma-core-users-find-by-id-dev",
            "handler": "index.handler",
            "id": "lmb-appma-core-users-find-by-id-dev",
            "image_config": [],
            "image_uri": "",
            "invoke_arn": "arn:aws:apigateway:us-east-1:lambda:path/2015-03-31/functions/arn:aws:lambda:us-east-1:233925838033:function:lmb-appma-core-users-find-by-id-dev/invocations",
            "kms_key_arn": "",
            "last_modified": "2024-07-29T16:00:10.000+0000",
            "layers": [],
            "logging_config": [
              {
                "application_log_level": "",
                "log_format": "Text",
                "log_group": "/aws/lambda/lmb-appma-core-users-find-by-id-dev",
                "system_log_level": ""
              }
            ],
            "memory_size": 128,
            "package_type": "Zip",
            "publish": false,
            "qualified_arn": "arn:aws:lambda:us-east-1:233925838033:function:lmb-appma-core-users-find-by-id-dev:$LATEST",
            "qualified_invoke_arn": "arn:aws:apigateway:us-east-1:lambda:path/2015-03-31/functions/arn:aws:lambda:us-east-1:233925838033:function:lmb-appma-core-users-find-by-id-dev:$LATEST/invocations",
            "replace_security_groups_on_destroy": null,
            "replacement_security_group_ids": null,
            "reserved_concurrent_executions": -1,
            "role": "arn:aws:iam::233925838033:role/role-appma-core-users-find-by-id-dev",
            "runtime": "nodejs20.x",
            "s3_bucket": null,
            "s3_key": null,
            "s3_object_version": null,
            "signing_job_arn": "",
            "signing_profile_version_arn": "",
            "skip_destroy": false,
            "snap_start": [],
            "source_code_hash": "iyU/RiHG1+apoSvHecZz/tTMBKaENycYEirVXfDnK1s=",
            "source_code_size": 2777874,
            "tags": {
              "component": "user-find-by-id",
              "domain": "core",
              "env": "dev"
            },
            "tags_all": {
              "component": "user-find-by-id",
              "domain": "core",
              "env": "dev",
              "iac": "terraform"
            },
            "timeout": 30,
            "timeouts": null,
            "tracing_config": [
              {
                "mode": "PassThrough"
              }
            ],
            "version": "$LATEST",
            "vpc_config": []
          },
          "sensitive_attributes": [],
          "private": "eyJlMmJmYjczMC1lY2FhLTExZTYtOGY4OC0zNDM2M2JjN2M0YzAiOnsiY3JlYXRlIjo2MDAwMDAwMDAwMDAsImRlbGV0ZSI6NjAwMDAwMDAwMDAwLCJ1cGRhdGUiOjYwMDAwMDAwMDAwMH19",
          "dependencies": [
            "module.api_gateway.aws_apigatewayv2_api.main",
            "module.api_gateway.aws_apigatewayv2_stage.dev",
            "module.api_gateway.aws_cloudwatch_log_group.main_api_gw",
            "module.api_gateway_resources_core_user_find_by_id.aws_iam_role.lambda_role",
            "module.api_gateway_resources_core_user_find_by_id.data.archive_file.lambda_package",
            "module.users_dynamodb.aws_dynamodb_table.users-dynamodb-table"
          ]
        }
      ]
    },
    {
      "module": "module.api_gateway_resources_core_user_find_by_id",
      "mode": "managed",
      "type": "aws_lambda_permission",
      "name": "api_gw",
      "provider": "provider[\"registry.terraform.io/hashicorp/aws\"]",
      "instances": [
        {
          "schema_version": 0,
          "attributes": {
            "action": "lambda:InvokeFunction",
            "event_source_token": null,
            "function_name": "lmb-appma-core-users-find-by-id-dev",
            "function_url_auth_type": null,
            "id": "AllowExecutionFromAPIGateway",
            "principal": "apigateway.amazonaws.com",
            "principal_org_id": null,
            "qualifier": "",
            "source_account": null,
            "source_arn": "arn:aws:execute-api:us-east-1:233925838033:1xfslfeqxf/*/*",
            "statement_id": "AllowExecutionFromAPIGateway",
            "statement_id_prefix": ""
          },
          "sensitive_attributes": [],
          "private": "bnVsbA==",
          "dependencies": [
            "module.api_gateway.aws_apigatewayv2_api.main",
            "module.api_gateway.aws_apigatewayv2_stage.dev",
            "module.api_gateway.aws_cloudwatch_log_group.main_api_gw",
            "module.api_gateway_resources_core_user_find_by_id.aws_iam_role.lambda_role",
            "module.api_gateway_resources_core_user_find_by_id.aws_lambda_function.html_lambda",
            "module.api_gateway_resources_core_user_find_by_id.data.archive_file.lambda_package",
            "module.api_gateway_resources_core_user_find_by_id.data.aws_apigatewayv2_api.selected",
            "module.users_dynamodb.aws_dynamodb_table.users-dynamodb-table"
          ]
        }
      ]
    },
    {
      "module": "module.api_gateway_resources_core_user_find_employees",
      "mode": "data",
      "type": "archive_file",
      "name": "lambda_package",
      "provider": "provider[\"registry.terraform.io/hashicorp/archive\"]",
      "instances": [
        {
          "schema_version": 0,
          "attributes": {
            "exclude_symlink_directories": null,
            "excludes": null,
            "id": "346c24905bfd21a1eeaa0ee7727283bf8deb6fa1",
            "output_base64sha256": "qYkWjTmH5SOyF9J42zDs4Ca3Jud2+osm0Y4znpdV58U=",
            "output_base64sha512": "RYtIuLmIYgWXGLDEzejV8iLpQ4DmK6zCb4lwSQsJ/P4zSiqHBnlWbXUOJtxVL51UZA5VVutWnOotTmHlh+s1MQ==",
            "output_file_mode": null,
            "output_md5": "4719ae30ec1ac0e09a67506b2529d88b",
            "output_path": "./resources/core/user-find-employees/index.zip",
            "output_sha": "346c24905bfd21a1eeaa0ee7727283bf8deb6fa1",
            "output_sha256": "a989168d3987e523b217d278db30ece026b726e776fa8b26d18e339e9755e7c5",
            "output_sha512": "458b48b8b98862059718b0c4cde8d5f222e94380e62bacc26f8970490b09fcfe334a2a870679566d750e26dc552f9d54640e5556eb569cea2d4e61e587eb3531",
            "output_size": 2778034,
            "source": [],
            "source_content": null,
            "source_content_filename": null,
            "source_dir": "./lambdas/core/user-find-employees",
            "source_file": null,
            "type": "zip"
          },
          "sensitive_attributes": []
        }
      ]
    },
    {
      "module": "module.api_gateway_resources_core_user_find_employees",
      "mode": "data",
      "type": "aws_apigatewayv2_api",
      "name": "selected",
      "provider": "provider[\"registry.terraform.io/hashicorp/aws\"]",
      "instances": [
        {
          "schema_version": 0,
          "attributes": {
            "api_endpoint": "https://1xfslfeqxf.execute-api.us-east-1.amazonaws.com",
            "api_id": "1xfslfeqxf",
            "api_key_selection_expression": "$request.header.x-api-key",
            "arn": "arn:aws:apigateway:us-east-1::/apis/1xfslfeqxf",
            "cors_configuration": [
              {
                "allow_credentials": false,
                "allow_headers": [
                  "*"
                ],
                "allow_methods": [
                  "DELETE",
                  "GET",
                  "OPTIONS",
                  "POST",
                  "PUT"
                ],
                "allow_origins": [
                  "*",
                  "http://localhost:3000"
                ],
                "expose_headers": [],
                "max_age": 300
              }
            ],
            "description": "api-appma-dev API Gateway",
            "disable_execute_api_endpoint": false,
            "execution_arn": "arn:aws:execute-api:us-east-1:233925838033:1xfslfeqxf",
            "id": "1xfslfeqxf",
            "name": "api-appma-dev",
            "protocol_type": "HTTP",
            "route_selection_expression": "$request.method $request.path",
            "tags": {
              "iac": "terraform"
            },
            "version": ""
          },
          "sensitive_attributes": []
        }
      ]
    },
    {
      "module": "module.api_gateway_resources_core_user_find_employees",
      "mode": "data",
      "type": "aws_caller_identity",
      "name": "current",
      "provider": "provider[\"registry.terraform.io/hashicorp/aws\"]",
      "instances": [
        {
          "schema_version": 0,
          "attributes": {
            "account_id": "233925838033",
            "arn": "arn:aws:iam::233925838033:root",
            "id": "233925838033",
            "user_id": "233925838033"
          },
          "sensitive_attributes": []
        }
      ]
    },
    {
      "module": "module.api_gateway_resources_core_user_find_employees",
      "mode": "data",
      "type": "aws_iam_policy_document",
      "name": "lambda_policy_document",
      "provider": "provider[\"registry.terraform.io/hashicorp/aws\"]",
      "instances": [
        {
          "schema_version": 0,
          "attributes": {
            "id": "1756626500",
            "json": "{\n  \"Version\": \"2012-10-17\",\n  \"Statement\": [\n    {\n      \"Effect\": \"Allow\",\n      \"Action\": [\n        \"dynamodb:GetItem\",\n        \"dynamodb:BatchGetItem\"\n      ],\n      \"Resource\": \"arn:aws:dynamodb:us-east-1:233925838033:table/tbl-appma-users-dev\"\n    }\n  ]\n}",
            "minified_json": "{\"Version\":\"2012-10-17\",\"Statement\":[{\"Effect\":\"Allow\",\"Action\":[\"dynamodb:GetItem\",\"dynamodb:BatchGetItem\"],\"Resource\":\"arn:aws:dynamodb:us-east-1:233925838033:table/tbl-appma-users-dev\"}]}",
            "override_json": null,
            "override_policy_documents": null,
            "policy_id": null,
            "source_json": null,
            "source_policy_documents": null,
            "statement": [
              {
                "actions": [
                  "dynamodb:BatchGetItem",
                  "dynamodb:GetItem"
                ],
                "condition": [],
                "effect": "Allow",
                "not_actions": [],
                "not_principals": [],
                "not_resources": [],
                "principals": [],
                "resources": [
                  "arn:aws:dynamodb:us-east-1:233925838033:table/tbl-appma-users-dev"
                ],
                "sid": ""
              }
            ],
            "version": "2012-10-17"
          },
          "sensitive_attributes": []
        }
      ]
    },
    {
      "module": "module.api_gateway_resources_core_user_find_employees",
      "mode": "data",
      "type": "aws_region",
      "name": "current",
      "provider": "provider[\"registry.terraform.io/hashicorp/aws\"]",
      "instances": [
        {
          "schema_version": 0,
          "attributes": {
            "description": "US East (N. Virginia)",
            "endpoint": "ec2.us-east-1.amazonaws.com",
            "id": "us-east-1",
            "name": "us-east-1"
          },
          "sensitive_attributes": []
        }
      ]
    },
    {
      "module": "module.api_gateway_resources_core_user_find_employees",
      "mode": "managed",
      "type": "aws_apigatewayv2_integration",
      "name": "lambda_handler",
      "provider": "provider[\"registry.terraform.io/hashicorp/aws\"]",
      "instances": [
        {
          "schema_version": 0,
          "attributes": {
            "api_id": "1xfslfeqxf",
            "connection_id": "",
            "connection_type": "INTERNET",
            "content_handling_strategy": "",
            "credentials_arn": "",
            "description": "",
            "id": "r8z09t8",
            "integration_method": "POST",
            "integration_response_selection_expression": "",
            "integration_subtype": "",
            "integration_type": "AWS_PROXY",
            "integration_uri": "arn:aws:apigateway:us-east-1:lambda:path/2015-03-31/functions/arn:aws:lambda:us-east-1:233925838033:function:lmb-appma-core-users-find-employees-dev/invocations",
            "passthrough_behavior": "",
            "payload_format_version": "1.0",
            "request_parameters": {},
            "request_templates": {},
            "response_parameters": [],
            "template_selection_expression": "",
            "timeout_milliseconds": 30000,
            "tls_config": []
          },
          "sensitive_attributes": [],
          "private": "bnVsbA==",
          "dependencies": [
            "module.api_gateway.aws_apigatewayv2_api.main",
            "module.api_gateway.aws_apigatewayv2_stage.dev",
            "module.api_gateway.aws_cloudwatch_log_group.main_api_gw",
            "module.api_gateway_resources_core_user_find_employees.aws_iam_role.lambda_role",
            "module.api_gateway_resources_core_user_find_employees.aws_lambda_function.html_lambda",
            "module.api_gateway_resources_core_user_find_employees.data.archive_file.lambda_package",
            "module.api_gateway_resources_core_user_find_employees.data.aws_apigatewayv2_api.selected",
            "module.users_dynamodb.aws_dynamodb_table.users-dynamodb-table"
          ]
        }
      ]
    },
    {
      "module": "module.api_gateway_resources_core_user_find_employees",
      "mode": "managed",
      "type": "aws_apigatewayv2_route",
      "name": "post_handler",
      "provider": "provider[\"registry.terraform.io/hashicorp/aws\"]",
      "instances": [
        {
          "schema_version": 0,
          "attributes": {
            "api_id": "1xfslfeqxf",
            "api_key_required": false,
            "authorization_scopes": [],
            "authorization_type": "CUSTOM",
            "authorizer_id": "8ylzuh",
            "id": "oc1l9f1",
            "model_selection_expression": "",
            "operation_name": "",
            "request_models": {},
            "request_parameter": [],
            "route_key": "GET /api/core/users/employees/{id}",
            "route_response_selection_expression": "",
            "target": "integrations/r8z09t8"
          },
          "sensitive_attributes": [],
          "private": "bnVsbA==",
          "dependencies": [
            "module.api_gateway.aws_apigatewayv2_api.main",
            "module.api_gateway.aws_apigatewayv2_stage.dev",
            "module.api_gateway.aws_cloudwatch_log_group.main_api_gw",
            "module.api_gateway_resources_core_user_find_employees.aws_apigatewayv2_integration.lambda_handler",
            "module.api_gateway_resources_core_user_find_employees.aws_iam_role.lambda_role",
            "module.api_gateway_resources_core_user_find_employees.aws_lambda_function.html_lambda",
            "module.api_gateway_resources_core_user_find_employees.data.archive_file.lambda_package",
            "module.api_gateway_resources_core_user_find_employees.data.aws_apigatewayv2_api.selected",
            "module.api_gateway_resources_security_authorizer.aws_apigatewayv2_authorizer.header_based_authorizer",
            "module.api_gateway_resources_security_authorizer.aws_iam_role.lambda_role",
            "module.api_gateway_resources_security_authorizer.aws_lambda_function.html_lambda",
            "module.api_gateway_resources_security_authorizer.data.archive_file.lambda_package",
            "module.api_gateway_resources_security_authorizer.data.aws_apigatewayv2_api.selected",
            "module.users_dynamodb.aws_dynamodb_table.users-dynamodb-table"
          ]
        }
      ]
    },
    {
      "module": "module.api_gateway_resources_core_user_find_employees",
      "mode": "managed",
      "type": "aws_cloudwatch_log_group",
      "name": "html_loggroup_lambda",
      "provider": "provider[\"registry.terraform.io/hashicorp/aws\"]",
      "instances": [
        {
          "schema_version": 0,
          "attributes": {
            "arn": "arn:aws:logs:us-east-1:233925838033:log-group:/aws/lambda/lmb-appma-core-users-find-employees-dev",
            "id": "/aws/lambda/lmb-appma-core-users-find-employees-dev",
            "kms_key_id": "",
            "log_group_class": "STANDARD",
            "name": "/aws/lambda/lmb-appma-core-users-find-employees-dev",
            "name_prefix": "",
            "retention_in_days": 0,
            "skip_destroy": false,
            "tags": {},
            "tags_all": {
              "iac": "terraform"
            }
          },
          "sensitive_attributes": [],
          "private": "bnVsbA==",
          "dependencies": [
            "module.api_gateway.aws_apigatewayv2_api.main",
            "module.api_gateway.aws_apigatewayv2_stage.dev",
            "module.api_gateway.aws_cloudwatch_log_group.main_api_gw",
            "module.api_gateway_resources_core_user_find_employees.aws_iam_role.lambda_role",
            "module.api_gateway_resources_core_user_find_employees.aws_lambda_function.html_lambda",
            "module.api_gateway_resources_core_user_find_employees.data.archive_file.lambda_package",
            "module.users_dynamodb.aws_dynamodb_table.users-dynamodb-table"
          ]
        }
      ]
    },
    {
      "module": "module.api_gateway_resources_core_user_find_employees",
      "mode": "managed",
      "type": "aws_iam_policy",
      "name": "dynamodb_lambda_policy",
      "provider": "provider[\"registry.terraform.io/hashicorp/aws\"]",
      "instances": [
        {
          "schema_version": 0,
          "attributes": {
            "arn": "arn:aws:iam::233925838033:policy/policy-appma-core-users-find-employees-dev",
            "attachment_count": 1,
            "description": "This policy will be used by the lambda to write get data from DynamoDB",
            "id": "arn:aws:iam::233925838033:policy/policy-appma-core-users-find-employees-dev",
            "name": "policy-appma-core-users-find-employees-dev",
            "name_prefix": "",
            "path": "/",
            "policy": "{\"Statement\":[{\"Action\":[\"dynamodb:GetItem\",\"dynamodb:BatchGetItem\"],\"Effect\":\"Allow\",\"Resource\":\"arn:aws:dynamodb:us-east-1:233925838033:table/tbl-appma-users-dev\"}],\"Version\":\"2012-10-17\"}",
            "policy_id": "ANPATM5YRATIYJHJM3N4Q",
            "tags": {},
            "tags_all": {
              "iac": "terraform"
            }
          },
          "sensitive_attributes": [],
          "private": "bnVsbA==",
          "dependencies": [
            "module.api_gateway.aws_apigatewayv2_api.main",
            "module.api_gateway.aws_apigatewayv2_stage.dev",
            "module.api_gateway.aws_cloudwatch_log_group.main_api_gw",
            "module.api_gateway_resources_core_user_find_employees.data.aws_caller_identity.current",
            "module.api_gateway_resources_core_user_find_employees.data.aws_iam_policy_document.lambda_policy_document",
            "module.api_gateway_resources_core_user_find_employees.data.aws_region.current",
            "module.users_dynamodb.aws_dynamodb_table.users-dynamodb-table"
          ]
        }
      ]
    },
    {
      "module": "module.api_gateway_resources_core_user_find_employees",
      "mode": "managed",
      "type": "aws_iam_role",
      "name": "lambda_role",
      "provider": "provider[\"registry.terraform.io/hashicorp/aws\"]",
      "instances": [
        {
          "schema_version": 0,
          "attributes": {
            "arn": "arn:aws:iam::233925838033:role/role-appma-core-users-find-employees-dev",
            "assume_role_policy": "{\"Statement\":[{\"Action\":\"sts:AssumeRole\",\"Effect\":\"Allow\",\"Principal\":{\"Service\":\"lambda.amazonaws.com\"}}],\"Version\":\"2012-10-17\"}",
            "create_date": "2024-07-29T16:00:04Z",
            "description": "",
            "force_detach_policies": false,
            "id": "role-appma-core-users-find-employees-dev",
            "inline_policy": [],
            "managed_policy_arns": [
              "arn:aws:iam::233925838033:policy/policy-appma-core-users-find-employees-dev",
              "arn:aws:iam::aws:policy/service-role/AWSLambdaBasicExecutionRole"
            ],
            "max_session_duration": 3600,
            "name": "role-appma-core-users-find-employees-dev",
            "name_prefix": "",
            "path": "/",
            "permissions_boundary": "",
            "tags": {},
            "tags_all": {
              "iac": "terraform"
            },
            "unique_id": "AROATM5YRATITQ53XAVST"
          },
          "sensitive_attributes": [],
          "private": "bnVsbA==",
          "dependencies": [
            "module.api_gateway.aws_apigatewayv2_api.main",
            "module.api_gateway.aws_apigatewayv2_stage.dev",
            "module.api_gateway.aws_cloudwatch_log_group.main_api_gw",
            "module.users_dynamodb.aws_dynamodb_table.users-dynamodb-table"
          ]
        }
      ]
    },
    {
      "module": "module.api_gateway_resources_core_user_find_employees",
      "mode": "managed",
      "type": "aws_iam_role_policy_attachment",
      "name": "lambda_attachements",
      "provider": "provider[\"registry.terraform.io/hashicorp/aws\"]",
      "instances": [
        {
          "schema_version": 0,
          "attributes": {
            "id": "role-appma-core-users-find-employees-dev-20240729160005538200000003",
            "policy_arn": "arn:aws:iam::233925838033:policy/policy-appma-core-users-find-employees-dev",
            "role": "role-appma-core-users-find-employees-dev"
          },
          "sensitive_attributes": [],
          "private": "bnVsbA==",
          "dependencies": [
            "module.api_gateway.aws_apigatewayv2_api.main",
            "module.api_gateway.aws_apigatewayv2_stage.dev",
            "module.api_gateway.aws_cloudwatch_log_group.main_api_gw",
            "module.api_gateway_resources_core_user_find_employees.aws_iam_policy.dynamodb_lambda_policy",
            "module.api_gateway_resources_core_user_find_employees.aws_iam_role.lambda_role",
            "module.api_gateway_resources_core_user_find_employees.data.aws_caller_identity.current",
            "module.api_gateway_resources_core_user_find_employees.data.aws_iam_policy_document.lambda_policy_document",
            "module.api_gateway_resources_core_user_find_employees.data.aws_region.current",
            "module.users_dynamodb.aws_dynamodb_table.users-dynamodb-table"
          ]
        }
      ]
    },
    {
      "module": "module.api_gateway_resources_core_user_find_employees",
      "mode": "managed",
      "type": "aws_iam_role_policy_attachment",
      "name": "lambda_role_policy",
      "provider": "provider[\"registry.terraform.io/hashicorp/aws\"]",
      "instances": [
        {
          "schema_version": 0,
          "attributes": {
            "id": "role-appma-core-users-find-employees-dev-20240729160005531100000002",
            "policy_arn": "arn:aws:iam::aws:policy/service-role/AWSLambdaBasicExecutionRole",
            "role": "role-appma-core-users-find-employees-dev"
          },
          "sensitive_attributes": [],
          "private": "bnVsbA==",
          "dependencies": [
            "module.api_gateway.aws_apigatewayv2_api.main",
            "module.api_gateway.aws_apigatewayv2_stage.dev",
            "module.api_gateway.aws_cloudwatch_log_group.main_api_gw",
            "module.api_gateway_resources_core_user_find_employees.aws_iam_role.lambda_role",
            "module.users_dynamodb.aws_dynamodb_table.users-dynamodb-table"
          ]
        }
      ]
    },
    {
      "module": "module.api_gateway_resources_core_user_find_employees",
      "mode": "managed",
      "type": "aws_lambda_function",
      "name": "html_lambda",
      "provider": "provider[\"registry.terraform.io/hashicorp/aws\"]",
      "instances": [
        {
          "schema_version": 0,
          "attributes": {
            "architectures": [
              "arm64"
            ],
            "arn": "arn:aws:lambda:us-east-1:233925838033:function:lmb-appma-core-users-find-employees-dev",
            "code_sha256": "qYkWjTmH5SOyF9J42zDs4Ca3Jud2+osm0Y4znpdV58U=",
            "code_signing_config_arn": "",
            "dead_letter_config": [],
            "description": "",
            "environment": [],
            "ephemeral_storage": [
              {
                "size": 512
              }
            ],
            "file_system_config": [],
            "filename": "./resources/core/user-find-employees/index.zip",
            "function_name": "lmb-appma-core-users-find-employees-dev",
            "handler": "index.handler",
            "id": "lmb-appma-core-users-find-employees-dev",
            "image_config": [],
            "image_uri": "",
            "invoke_arn": "arn:aws:apigateway:us-east-1:lambda:path/2015-03-31/functions/arn:aws:lambda:us-east-1:233925838033:function:lmb-appma-core-users-find-employees-dev/invocations",
            "kms_key_arn": "",
            "last_modified": "2024-07-29T19:53:09.000+0000",
            "layers": [],
            "logging_config": [
              {
                "application_log_level": "",
                "log_format": "Text",
                "log_group": "/aws/lambda/lmb-appma-core-users-find-employees-dev",
                "system_log_level": ""
              }
            ],
            "memory_size": 128,
            "package_type": "Zip",
            "publish": false,
            "qualified_arn": "arn:aws:lambda:us-east-1:233925838033:function:lmb-appma-core-users-find-employees-dev:$LATEST",
            "qualified_invoke_arn": "arn:aws:apigateway:us-east-1:lambda:path/2015-03-31/functions/arn:aws:lambda:us-east-1:233925838033:function:lmb-appma-core-users-find-employees-dev:$LATEST/invocations",
            "replace_security_groups_on_destroy": null,
            "replacement_security_group_ids": null,
            "reserved_concurrent_executions": -1,
            "role": "arn:aws:iam::233925838033:role/role-appma-core-users-find-employees-dev",
            "runtime": "nodejs20.x",
            "s3_bucket": null,
            "s3_key": null,
            "s3_object_version": null,
            "signing_job_arn": "",
            "signing_profile_version_arn": "",
            "skip_destroy": false,
            "snap_start": [],
            "source_code_hash": "qYkWjTmH5SOyF9J42zDs4Ca3Jud2+osm0Y4znpdV58U=",
            "source_code_size": 2778034,
            "tags": {
              "component": "user-find-employees",
              "domain": "core",
              "env": "dev"
            },
            "tags_all": {
              "component": "user-find-employees",
              "domain": "core",
              "env": "dev",
              "iac": "terraform"
            },
            "timeout": 30,
            "timeouts": null,
            "tracing_config": [
              {
                "mode": "PassThrough"
              }
            ],
            "version": "$LATEST",
            "vpc_config": []
          },
          "sensitive_attributes": [],
          "private": "eyJlMmJmYjczMC1lY2FhLTExZTYtOGY4OC0zNDM2M2JjN2M0YzAiOnsiY3JlYXRlIjo2MDAwMDAwMDAwMDAsImRlbGV0ZSI6NjAwMDAwMDAwMDAwLCJ1cGRhdGUiOjYwMDAwMDAwMDAwMH19",
          "dependencies": [
            "module.api_gateway.aws_apigatewayv2_api.main",
            "module.api_gateway.aws_apigatewayv2_stage.dev",
            "module.api_gateway.aws_cloudwatch_log_group.main_api_gw",
            "module.api_gateway_resources_core_user_find_employees.aws_iam_role.lambda_role",
            "module.api_gateway_resources_core_user_find_employees.data.archive_file.lambda_package",
            "module.users_dynamodb.aws_dynamodb_table.users-dynamodb-table"
          ]
        }
      ]
    },
    {
      "module": "module.api_gateway_resources_core_user_find_employees",
      "mode": "managed",
      "type": "aws_lambda_permission",
      "name": "api_gw",
      "provider": "provider[\"registry.terraform.io/hashicorp/aws\"]",
      "instances": [
        {
          "schema_version": 0,
          "attributes": {
            "action": "lambda:InvokeFunction",
            "event_source_token": null,
            "function_name": "lmb-appma-core-users-find-employees-dev",
            "function_url_auth_type": null,
            "id": "AllowExecutionFromAPIGateway",
            "principal": "apigateway.amazonaws.com",
            "principal_org_id": null,
            "qualifier": "",
            "source_account": null,
            "source_arn": "arn:aws:execute-api:us-east-1:233925838033:1xfslfeqxf/*/*",
            "statement_id": "AllowExecutionFromAPIGateway",
            "statement_id_prefix": ""
          },
          "sensitive_attributes": [],
          "private": "bnVsbA==",
          "dependencies": [
            "module.api_gateway.aws_apigatewayv2_api.main",
            "module.api_gateway.aws_apigatewayv2_stage.dev",
            "module.api_gateway.aws_cloudwatch_log_group.main_api_gw",
            "module.api_gateway_resources_core_user_find_employees.aws_iam_role.lambda_role",
            "module.api_gateway_resources_core_user_find_employees.aws_lambda_function.html_lambda",
            "module.api_gateway_resources_core_user_find_employees.data.archive_file.lambda_package",
            "module.api_gateway_resources_core_user_find_employees.data.aws_apigatewayv2_api.selected",
            "module.users_dynamodb.aws_dynamodb_table.users-dynamodb-table"
          ]
        }
      ]
    },
    {
      "module": "module.api_gateway_resources_core_user_find_invitations",
      "mode": "data",
      "type": "archive_file",
      "name": "lambda_package",
      "provider": "provider[\"registry.terraform.io/hashicorp/archive\"]",
      "instances": [
        {
          "schema_version": 0,
          "attributes": {
            "exclude_symlink_directories": null,
            "excludes": null,
            "id": "be14dc1dc60ffd708288fb7b75f6025874c9689d",
            "output_base64sha256": "1BbmhxxJEuehSPhPimDerFTchVPY4IEpN4Iz/UUk3CU=",
            "output_base64sha512": "nSpY8dsHeLdivAFWGs0bZImBqfxKbNL/L4DhFanCFX61b39OCa99oqkc6XX8ZEboqI0DlyH5KymZH3WP+S67uQ==",
            "output_file_mode": null,
            "output_md5": "facf7414d38a74876f8207930d779d7c",
            "output_path": "./resources/core/user-find-invitations/index.zip",
            "output_sha": "be14dc1dc60ffd708288fb7b75f6025874c9689d",
            "output_sha256": "d416e6871c4912e7a148f84f8a60deac54dc8553d8e08129378233fd4524dc25",
            "output_sha512": "9d2a58f1db0778b762bc01561acd1b648981a9fc4a6cd2ff2f80e115a9c2157eb56f7f4e09af7da2a91ce975fc6446e8a88d039721f92b29991f758ff92ebbb9",
            "output_size": 2778034,
            "source": [],
            "source_content": null,
            "source_content_filename": null,
            "source_dir": "./lambdas/core/user-find-invitations",
            "source_file": null,
            "type": "zip"
          },
          "sensitive_attributes": []
        }
      ]
    },
    {
      "module": "module.api_gateway_resources_core_user_find_invitations",
      "mode": "data",
      "type": "aws_apigatewayv2_api",
      "name": "selected",
      "provider": "provider[\"registry.terraform.io/hashicorp/aws\"]",
      "instances": [
        {
          "schema_version": 0,
          "attributes": {
            "api_endpoint": "https://1xfslfeqxf.execute-api.us-east-1.amazonaws.com",
            "api_id": "1xfslfeqxf",
            "api_key_selection_expression": "$request.header.x-api-key",
            "arn": "arn:aws:apigateway:us-east-1::/apis/1xfslfeqxf",
            "cors_configuration": [
              {
                "allow_credentials": false,
                "allow_headers": [
                  "*"
                ],
                "allow_methods": [
                  "DELETE",
                  "GET",
                  "OPTIONS",
                  "POST",
                  "PUT"
                ],
                "allow_origins": [
                  "*",
                  "http://localhost:3000"
                ],
                "expose_headers": [],
                "max_age": 300
              }
            ],
            "description": "api-appma-dev API Gateway",
            "disable_execute_api_endpoint": false,
            "execution_arn": "arn:aws:execute-api:us-east-1:233925838033:1xfslfeqxf",
            "id": "1xfslfeqxf",
            "name": "api-appma-dev",
            "protocol_type": "HTTP",
            "route_selection_expression": "$request.method $request.path",
            "tags": {
              "iac": "terraform"
            },
            "version": ""
          },
          "sensitive_attributes": []
        }
      ]
    },
    {
      "module": "module.api_gateway_resources_core_user_find_invitations",
      "mode": "data",
      "type": "aws_caller_identity",
      "name": "current",
      "provider": "provider[\"registry.terraform.io/hashicorp/aws\"]",
      "instances": [
        {
          "schema_version": 0,
          "attributes": {
            "account_id": "233925838033",
            "arn": "arn:aws:iam::233925838033:root",
            "id": "233925838033",
            "user_id": "233925838033"
          },
          "sensitive_attributes": []
        }
      ]
    },
    {
      "module": "module.api_gateway_resources_core_user_find_invitations",
      "mode": "data",
      "type": "aws_iam_policy_document",
      "name": "lambda_policy_document",
      "provider": "provider[\"registry.terraform.io/hashicorp/aws\"]",
      "instances": [
        {
          "schema_version": 0,
          "attributes": {
            "id": "1756626500",
            "json": "{\n  \"Version\": \"2012-10-17\",\n  \"Statement\": [\n    {\n      \"Effect\": \"Allow\",\n      \"Action\": [\n        \"dynamodb:GetItem\",\n        \"dynamodb:BatchGetItem\"\n      ],\n      \"Resource\": \"arn:aws:dynamodb:us-east-1:233925838033:table/tbl-appma-users-dev\"\n    }\n  ]\n}",
            "minified_json": "{\"Version\":\"2012-10-17\",\"Statement\":[{\"Effect\":\"Allow\",\"Action\":[\"dynamodb:GetItem\",\"dynamodb:BatchGetItem\"],\"Resource\":\"arn:aws:dynamodb:us-east-1:233925838033:table/tbl-appma-users-dev\"}]}",
            "override_json": null,
            "override_policy_documents": null,
            "policy_id": null,
            "source_json": null,
            "source_policy_documents": null,
            "statement": [
              {
                "actions": [
                  "dynamodb:BatchGetItem",
                  "dynamodb:GetItem"
                ],
                "condition": [],
                "effect": "Allow",
                "not_actions": [],
                "not_principals": [],
                "not_resources": [],
                "principals": [],
                "resources": [
                  "arn:aws:dynamodb:us-east-1:233925838033:table/tbl-appma-users-dev"
                ],
                "sid": ""
              }
            ],
            "version": "2012-10-17"
          },
          "sensitive_attributes": []
        }
      ]
    },
    {
      "module": "module.api_gateway_resources_core_user_find_invitations",
      "mode": "data",
      "type": "aws_region",
      "name": "current",
      "provider": "provider[\"registry.terraform.io/hashicorp/aws\"]",
      "instances": [
        {
          "schema_version": 0,
          "attributes": {
            "description": "US East (N. Virginia)",
            "endpoint": "ec2.us-east-1.amazonaws.com",
            "id": "us-east-1",
            "name": "us-east-1"
          },
          "sensitive_attributes": []
        }
      ]
    },
    {
      "module": "module.api_gateway_resources_core_user_find_invitations",
      "mode": "managed",
      "type": "aws_apigatewayv2_integration",
      "name": "lambda_handler",
      "provider": "provider[\"registry.terraform.io/hashicorp/aws\"]",
      "instances": [
        {
          "schema_version": 0,
          "attributes": {
            "api_id": "1xfslfeqxf",
            "connection_id": "",
            "connection_type": "INTERNET",
            "content_handling_strategy": "",
            "credentials_arn": "",
            "description": "",
            "id": "x7fmw2j",
            "integration_method": "POST",
            "integration_response_selection_expression": "",
            "integration_subtype": "",
            "integration_type": "AWS_PROXY",
            "integration_uri": "arn:aws:apigateway:us-east-1:lambda:path/2015-03-31/functions/arn:aws:lambda:us-east-1:233925838033:function:lmb-appma-core-users-find-invitations-dev/invocations",
            "passthrough_behavior": "",
            "payload_format_version": "1.0",
            "request_parameters": {},
            "request_templates": {},
            "response_parameters": [],
            "template_selection_expression": "",
            "timeout_milliseconds": 30000,
            "tls_config": []
          },
          "sensitive_attributes": [],
          "private": "bnVsbA==",
          "dependencies": [
            "module.api_gateway.aws_apigatewayv2_api.main",
            "module.api_gateway.aws_apigatewayv2_stage.dev",
            "module.api_gateway.aws_cloudwatch_log_group.main_api_gw",
            "module.api_gateway_resources_core_user_find_invitations.aws_iam_role.lambda_role",
            "module.api_gateway_resources_core_user_find_invitations.aws_lambda_function.html_lambda",
            "module.api_gateway_resources_core_user_find_invitations.data.archive_file.lambda_package",
            "module.api_gateway_resources_core_user_find_invitations.data.aws_apigatewayv2_api.selected",
            "module.users_dynamodb.aws_dynamodb_table.users-dynamodb-table"
          ]
        }
      ]
    },
    {
      "module": "module.api_gateway_resources_core_user_find_invitations",
      "mode": "managed",
      "type": "aws_apigatewayv2_route",
      "name": "post_handler",
      "provider": "provider[\"registry.terraform.io/hashicorp/aws\"]",
      "instances": [
        {
          "schema_version": 0,
          "attributes": {
            "api_id": "1xfslfeqxf",
            "api_key_required": false,
            "authorization_scopes": [],
            "authorization_type": "CUSTOM",
            "authorizer_id": "8ylzuh",
            "id": "xi6hoor",
            "model_selection_expression": "",
            "operation_name": "",
            "request_models": {},
            "request_parameter": [],
            "route_key": "GET /api/core/users/invitations/{id}",
            "route_response_selection_expression": "",
            "target": "integrations/x7fmw2j"
          },
          "sensitive_attributes": [],
          "private": "bnVsbA==",
          "dependencies": [
            "module.api_gateway.aws_apigatewayv2_api.main",
            "module.api_gateway.aws_apigatewayv2_stage.dev",
            "module.api_gateway.aws_cloudwatch_log_group.main_api_gw",
            "module.api_gateway_resources_core_user_find_invitations.aws_apigatewayv2_integration.lambda_handler",
            "module.api_gateway_resources_core_user_find_invitations.aws_iam_role.lambda_role",
            "module.api_gateway_resources_core_user_find_invitations.aws_lambda_function.html_lambda",
            "module.api_gateway_resources_core_user_find_invitations.data.archive_file.lambda_package",
            "module.api_gateway_resources_core_user_find_invitations.data.aws_apigatewayv2_api.selected",
            "module.api_gateway_resources_security_authorizer.aws_apigatewayv2_authorizer.header_based_authorizer",
            "module.api_gateway_resources_security_authorizer.aws_iam_role.lambda_role",
            "module.api_gateway_resources_security_authorizer.aws_lambda_function.html_lambda",
            "module.api_gateway_resources_security_authorizer.data.archive_file.lambda_package",
            "module.api_gateway_resources_security_authorizer.data.aws_apigatewayv2_api.selected",
            "module.users_dynamodb.aws_dynamodb_table.users-dynamodb-table"
          ]
        }
      ]
    },
    {
      "module": "module.api_gateway_resources_core_user_find_invitations",
      "mode": "managed",
      "type": "aws_cloudwatch_log_group",
      "name": "html_loggroup_lambda",
      "provider": "provider[\"registry.terraform.io/hashicorp/aws\"]",
      "instances": [
        {
          "schema_version": 0,
          "attributes": {
            "arn": "arn:aws:logs:us-east-1:233925838033:log-group:/aws/lambda/lmb-appma-core-users-find-invitations-dev",
            "id": "/aws/lambda/lmb-appma-core-users-find-invitations-dev",
            "kms_key_id": "",
            "log_group_class": "STANDARD",
            "name": "/aws/lambda/lmb-appma-core-users-find-invitations-dev",
            "name_prefix": "",
            "retention_in_days": 0,
            "skip_destroy": false,
            "tags": {},
            "tags_all": {
              "iac": "terraform"
            }
          },
          "sensitive_attributes": [],
          "private": "bnVsbA==",
          "dependencies": [
            "module.api_gateway.aws_apigatewayv2_api.main",
            "module.api_gateway.aws_apigatewayv2_stage.dev",
            "module.api_gateway.aws_cloudwatch_log_group.main_api_gw",
            "module.api_gateway_resources_core_user_find_invitations.aws_iam_role.lambda_role",
            "module.api_gateway_resources_core_user_find_invitations.aws_lambda_function.html_lambda",
            "module.api_gateway_resources_core_user_find_invitations.data.archive_file.lambda_package",
            "module.users_dynamodb.aws_dynamodb_table.users-dynamodb-table"
          ]
        }
      ]
    },
    {
      "module": "module.api_gateway_resources_core_user_find_invitations",
      "mode": "managed",
      "type": "aws_iam_policy",
      "name": "dynamodb_lambda_policy",
      "provider": "provider[\"registry.terraform.io/hashicorp/aws\"]",
      "instances": [
        {
          "schema_version": 0,
          "attributes": {
            "arn": "arn:aws:iam::233925838033:policy/policy-appma-core-users-find-invitations-dev",
            "attachment_count": 1,
            "description": "This policy will be used by the lambda to write get data from DynamoDB",
            "id": "arn:aws:iam::233925838033:policy/policy-appma-core-users-find-invitations-dev",
            "name": "policy-appma-core-users-find-invitations-dev",
            "name_prefix": "",
            "path": "/",
            "policy": "{\"Statement\":[{\"Action\":[\"dynamodb:GetItem\",\"dynamodb:BatchGetItem\"],\"Effect\":\"Allow\",\"Resource\":\"arn:aws:dynamodb:us-east-1:233925838033:table/tbl-appma-users-dev\"}],\"Version\":\"2012-10-17\"}",
            "policy_id": "ANPATM5YRATI7WEVYFEPV",
            "tags": {},
            "tags_all": {
              "iac": "terraform"
            }
          },
          "sensitive_attributes": [],
          "private": "bnVsbA==",
          "dependencies": [
            "module.api_gateway.aws_apigatewayv2_api.main",
            "module.api_gateway.aws_apigatewayv2_stage.dev",
            "module.api_gateway.aws_cloudwatch_log_group.main_api_gw",
            "module.api_gateway_resources_core_user_find_invitations.data.aws_caller_identity.current",
            "module.api_gateway_resources_core_user_find_invitations.data.aws_iam_policy_document.lambda_policy_document",
            "module.api_gateway_resources_core_user_find_invitations.data.aws_region.current",
            "module.users_dynamodb.aws_dynamodb_table.users-dynamodb-table"
          ]
        }
      ]
    },
    {
      "module": "module.api_gateway_resources_core_user_find_invitations",
      "mode": "managed",
      "type": "aws_iam_role",
      "name": "lambda_role",
      "provider": "provider[\"registry.terraform.io/hashicorp/aws\"]",
      "instances": [
        {
          "schema_version": 0,
          "attributes": {
            "arn": "arn:aws:iam::233925838033:role/role-appma-core-users-find-invitations-dev",
            "assume_role_policy": "{\"Statement\":[{\"Action\":\"sts:AssumeRole\",\"Effect\":\"Allow\",\"Principal\":{\"Service\":\"lambda.amazonaws.com\"}}],\"Version\":\"2012-10-17\"}",
            "create_date": "2024-07-29T16:00:04Z",
            "description": "",
            "force_detach_policies": false,
            "id": "role-appma-core-users-find-invitations-dev",
            "inline_policy": [],
            "managed_policy_arns": [
              "arn:aws:iam::233925838033:policy/policy-appma-core-users-find-invitations-dev",
              "arn:aws:iam::aws:policy/service-role/AWSLambdaBasicExecutionRole"
            ],
            "max_session_duration": 3600,
            "name": "role-appma-core-users-find-invitations-dev",
            "name_prefix": "",
            "path": "/",
            "permissions_boundary": "",
            "tags": {},
            "tags_all": {
              "iac": "terraform"
            },
            "unique_id": "AROATM5YRATIUEO7DFIO4"
          },
          "sensitive_attributes": [],
          "private": "bnVsbA==",
          "dependencies": [
            "module.api_gateway.aws_apigatewayv2_api.main",
            "module.api_gateway.aws_apigatewayv2_stage.dev",
            "module.api_gateway.aws_cloudwatch_log_group.main_api_gw",
            "module.users_dynamodb.aws_dynamodb_table.users-dynamodb-table"
          ]
        }
      ]
    },
    {
      "module": "module.api_gateway_resources_core_user_find_invitations",
      "mode": "managed",
      "type": "aws_iam_role_policy_attachment",
      "name": "lambda_attachements",
      "provider": "provider[\"registry.terraform.io/hashicorp/aws\"]",
      "instances": [
        {
          "schema_version": 0,
          "attributes": {
            "id": "role-appma-core-users-find-invitations-dev-20240729160005538200000004",
            "policy_arn": "arn:aws:iam::233925838033:policy/policy-appma-core-users-find-invitations-dev",
            "role": "role-appma-core-users-find-invitations-dev"
          },
          "sensitive_attributes": [],
          "private": "bnVsbA==",
          "dependencies": [
            "module.api_gateway.aws_apigatewayv2_api.main",
            "module.api_gateway.aws_apigatewayv2_stage.dev",
            "module.api_gateway.aws_cloudwatch_log_group.main_api_gw",
            "module.api_gateway_resources_core_user_find_invitations.aws_iam_policy.dynamodb_lambda_policy",
            "module.api_gateway_resources_core_user_find_invitations.aws_iam_role.lambda_role",
            "module.api_gateway_resources_core_user_find_invitations.data.aws_caller_identity.current",
            "module.api_gateway_resources_core_user_find_invitations.data.aws_iam_policy_document.lambda_policy_document",
            "module.api_gateway_resources_core_user_find_invitations.data.aws_region.current",
            "module.users_dynamodb.aws_dynamodb_table.users-dynamodb-table"
          ]
        }
      ]
    },
    {
      "module": "module.api_gateway_resources_core_user_find_invitations",
      "mode": "managed",
      "type": "aws_iam_role_policy_attachment",
      "name": "lambda_role_policy",
      "provider": "provider[\"registry.terraform.io/hashicorp/aws\"]",
      "instances": [
        {
          "schema_version": 0,
          "attributes": {
            "id": "role-appma-core-users-find-invitations-dev-20240729160005493400000001",
            "policy_arn": "arn:aws:iam::aws:policy/service-role/AWSLambdaBasicExecutionRole",
            "role": "role-appma-core-users-find-invitations-dev"
          },
          "sensitive_attributes": [],
          "private": "bnVsbA==",
          "dependencies": [
            "module.api_gateway.aws_apigatewayv2_api.main",
            "module.api_gateway.aws_apigatewayv2_stage.dev",
            "module.api_gateway.aws_cloudwatch_log_group.main_api_gw",
            "module.api_gateway_resources_core_user_find_invitations.aws_iam_role.lambda_role",
            "module.users_dynamodb.aws_dynamodb_table.users-dynamodb-table"
          ]
        }
      ]
    },
    {
      "module": "module.api_gateway_resources_core_user_find_invitations",
      "mode": "managed",
      "type": "aws_lambda_function",
      "name": "html_lambda",
      "provider": "provider[\"registry.terraform.io/hashicorp/aws\"]",
      "instances": [
        {
          "schema_version": 0,
          "attributes": {
            "architectures": [
              "arm64"
            ],
            "arn": "arn:aws:lambda:us-east-1:233925838033:function:lmb-appma-core-users-find-invitations-dev",
            "code_sha256": "1BbmhxxJEuehSPhPimDerFTchVPY4IEpN4Iz/UUk3CU=",
            "code_signing_config_arn": "",
            "dead_letter_config": [],
            "description": "",
            "environment": [],
            "ephemeral_storage": [
              {
                "size": 512
              }
            ],
            "file_system_config": [],
            "filename": "./resources/core/user-find-invitations/index.zip",
            "function_name": "lmb-appma-core-users-find-invitations-dev",
            "handler": "index.handler",
            "id": "lmb-appma-core-users-find-invitations-dev",
            "image_config": [],
            "image_uri": "",
            "invoke_arn": "arn:aws:apigateway:us-east-1:lambda:path/2015-03-31/functions/arn:aws:lambda:us-east-1:233925838033:function:lmb-appma-core-users-find-invitations-dev/invocations",
            "kms_key_arn": "",
            "last_modified": "2024-07-29T19:53:24.000+0000",
            "layers": [],
            "logging_config": [
              {
                "application_log_level": "",
                "log_format": "Text",
                "log_group": "/aws/lambda/lmb-appma-core-users-find-invitations-dev",
                "system_log_level": ""
              }
            ],
            "memory_size": 128,
            "package_type": "Zip",
            "publish": false,
            "qualified_arn": "arn:aws:lambda:us-east-1:233925838033:function:lmb-appma-core-users-find-invitations-dev:$LATEST",
            "qualified_invoke_arn": "arn:aws:apigateway:us-east-1:lambda:path/2015-03-31/functions/arn:aws:lambda:us-east-1:233925838033:function:lmb-appma-core-users-find-invitations-dev:$LATEST/invocations",
            "replace_security_groups_on_destroy": null,
            "replacement_security_group_ids": null,
            "reserved_concurrent_executions": -1,
            "role": "arn:aws:iam::233925838033:role/role-appma-core-users-find-invitations-dev",
            "runtime": "nodejs20.x",
            "s3_bucket": null,
            "s3_key": null,
            "s3_object_version": null,
            "signing_job_arn": "",
            "signing_profile_version_arn": "",
            "skip_destroy": false,
            "snap_start": [],
            "source_code_hash": "1BbmhxxJEuehSPhPimDerFTchVPY4IEpN4Iz/UUk3CU=",
            "source_code_size": 2778034,
            "tags": {
              "component": "user-find-invitations",
              "domain": "core",
              "env": "dev"
            },
            "tags_all": {
              "component": "user-find-invitations",
              "domain": "core",
              "env": "dev",
              "iac": "terraform"
            },
            "timeout": 30,
            "timeouts": null,
            "tracing_config": [
              {
                "mode": "PassThrough"
              }
            ],
            "version": "$LATEST",
            "vpc_config": []
          },
          "sensitive_attributes": [],
          "private": "eyJlMmJmYjczMC1lY2FhLTExZTYtOGY4OC0zNDM2M2JjN2M0YzAiOnsiY3JlYXRlIjo2MDAwMDAwMDAwMDAsImRlbGV0ZSI6NjAwMDAwMDAwMDAwLCJ1cGRhdGUiOjYwMDAwMDAwMDAwMH19",
          "dependencies": [
            "module.api_gateway.aws_apigatewayv2_api.main",
            "module.api_gateway.aws_apigatewayv2_stage.dev",
            "module.api_gateway.aws_cloudwatch_log_group.main_api_gw",
            "module.api_gateway_resources_core_user_find_invitations.aws_iam_role.lambda_role",
            "module.api_gateway_resources_core_user_find_invitations.data.archive_file.lambda_package",
            "module.users_dynamodb.aws_dynamodb_table.users-dynamodb-table"
          ]
        }
      ]
    },
    {
      "module": "module.api_gateway_resources_core_user_find_invitations",
      "mode": "managed",
      "type": "aws_lambda_permission",
      "name": "api_gw",
      "provider": "provider[\"registry.terraform.io/hashicorp/aws\"]",
      "instances": [
        {
          "schema_version": 0,
          "attributes": {
            "action": "lambda:InvokeFunction",
            "event_source_token": null,
            "function_name": "lmb-appma-core-users-find-invitations-dev",
            "function_url_auth_type": null,
            "id": "AllowExecutionFromAPIGateway",
            "principal": "apigateway.amazonaws.com",
            "principal_org_id": null,
            "qualifier": "",
            "source_account": null,
            "source_arn": "arn:aws:execute-api:us-east-1:233925838033:1xfslfeqxf/*/*",
            "statement_id": "AllowExecutionFromAPIGateway",
            "statement_id_prefix": ""
          },
          "sensitive_attributes": [],
          "private": "bnVsbA==",
          "dependencies": [
            "module.api_gateway.aws_apigatewayv2_api.main",
            "module.api_gateway.aws_apigatewayv2_stage.dev",
            "module.api_gateway.aws_cloudwatch_log_group.main_api_gw",
            "module.api_gateway_resources_core_user_find_invitations.aws_iam_role.lambda_role",
            "module.api_gateway_resources_core_user_find_invitations.aws_lambda_function.html_lambda",
            "module.api_gateway_resources_core_user_find_invitations.data.archive_file.lambda_package",
            "module.api_gateway_resources_core_user_find_invitations.data.aws_apigatewayv2_api.selected",
            "module.users_dynamodb.aws_dynamodb_table.users-dynamodb-table"
          ]
        }
      ]
    },
    {
      "module": "module.api_gateway_resources_core_user_update",
      "mode": "data",
      "type": "archive_file",
      "name": "lambda_package",
      "provider": "provider[\"registry.terraform.io/hashicorp/archive\"]",
      "instances": [
        {
          "schema_version": 0,
          "attributes": {
            "exclude_symlink_directories": null,
            "excludes": null,
            "id": "81f86c2c24f34370dcabcf17af8b00ef1e8063da",
            "output_base64sha256": "dRygQ+tsJqrXN+i6TcUc6Qp5wyCjTwnos5+9besGrV4=",
            "output_base64sha512": "2SHtgSldzwycGv1fjx/3fzgM9n0LjXrQUm5CdXYaNL65xT59f59i60ze/CUIbty7+do0fCj7JQ+5jl5m1HZHSg==",
            "output_file_mode": null,
            "output_md5": "a60d5a882a542c6feda1546982dd665f",
            "output_path": "./resources/core/user-update-by-id/index.zip",
            "output_sha": "81f86c2c24f34370dcabcf17af8b00ef1e8063da",
            "output_sha256": "751ca043eb6c26aad737e8ba4dc51ce90a79c320a34f09e8b39fbd6deb06ad5e",
            "output_sha512": "d921ed81295dcf0c9c1afd5f8f1ff77f380cf67d0b8d7ad0526e4275761a34beb9c53e7d7f9f62eb4cdefc25086edcbbf9da347c28fb250fb98e5e66d476474a",
            "output_size": 2972063,
            "source": [],
            "source_content": null,
            "source_content_filename": null,
            "source_dir": "./lambdas/core/user-update-by-id",
            "source_file": null,
            "type": "zip"
          },
          "sensitive_attributes": []
        }
      ]
    },
    {
      "module": "module.api_gateway_resources_core_user_update",
      "mode": "data",
      "type": "aws_apigatewayv2_api",
      "name": "selected",
      "provider": "provider[\"registry.terraform.io/hashicorp/aws\"]",
      "instances": [
        {
          "schema_version": 0,
          "attributes": {
            "api_endpoint": "https://1xfslfeqxf.execute-api.us-east-1.amazonaws.com",
            "api_id": "1xfslfeqxf",
            "api_key_selection_expression": "$request.header.x-api-key",
            "arn": "arn:aws:apigateway:us-east-1::/apis/1xfslfeqxf",
            "cors_configuration": [
              {
                "allow_credentials": false,
                "allow_headers": [
                  "*"
                ],
                "allow_methods": [
                  "DELETE",
                  "GET",
                  "OPTIONS",
                  "POST",
                  "PUT"
                ],
                "allow_origins": [
                  "*",
                  "http://localhost:3000"
                ],
                "expose_headers": [],
                "max_age": 300
              }
            ],
            "description": "api-appma-dev API Gateway",
            "disable_execute_api_endpoint": false,
            "execution_arn": "arn:aws:execute-api:us-east-1:233925838033:1xfslfeqxf",
            "id": "1xfslfeqxf",
            "name": "api-appma-dev",
            "protocol_type": "HTTP",
            "route_selection_expression": "$request.method $request.path",
            "tags": {
              "iac": "terraform"
            },
            "version": ""
          },
          "sensitive_attributes": []
        }
      ]
    },
    {
      "module": "module.api_gateway_resources_core_user_update",
      "mode": "data",
      "type": "aws_caller_identity",
      "name": "current",
      "provider": "provider[\"registry.terraform.io/hashicorp/aws\"]",
      "instances": [
        {
          "schema_version": 0,
          "attributes": {
            "account_id": "233925838033",
            "arn": "arn:aws:iam::233925838033:root",
            "id": "233925838033",
            "user_id": "233925838033"
          },
          "sensitive_attributes": []
        }
      ]
    },
    {
      "module": "module.api_gateway_resources_core_user_update",
      "mode": "data",
      "type": "aws_iam_policy_document",
      "name": "lambda_policy_document",
      "provider": "provider[\"registry.terraform.io/hashicorp/aws\"]",
      "instances": [
        {
          "schema_version": 0,
          "attributes": {
            "id": "1573486933",
            "json": "{\n  \"Version\": \"2012-10-17\",\n  \"Statement\": [\n    {\n      \"Effect\": \"Allow\",\n      \"Action\": \"dynamodb:UpdateItem\",\n      \"Resource\": \"arn:aws:dynamodb:us-east-1:233925838033:table/tbl-appma-users-dev\"\n    }\n  ]\n}",
            "minified_json": "{\"Version\":\"2012-10-17\",\"Statement\":[{\"Effect\":\"Allow\",\"Action\":\"dynamodb:UpdateItem\",\"Resource\":\"arn:aws:dynamodb:us-east-1:233925838033:table/tbl-appma-users-dev\"}]}",
            "override_json": null,
            "override_policy_documents": null,
            "policy_id": null,
            "source_json": null,
            "source_policy_documents": null,
            "statement": [
              {
                "actions": [
                  "dynamodb:UpdateItem"
                ],
                "condition": [],
                "effect": "Allow",
                "not_actions": [],
                "not_principals": [],
                "not_resources": [],
                "principals": [],
                "resources": [
                  "arn:aws:dynamodb:us-east-1:233925838033:table/tbl-appma-users-dev"
                ],
                "sid": ""
              }
            ],
            "version": "2012-10-17"
          },
          "sensitive_attributes": []
        }
      ]
    },
    {
      "module": "module.api_gateway_resources_core_user_update",
      "mode": "data",
      "type": "aws_region",
      "name": "current",
      "provider": "provider[\"registry.terraform.io/hashicorp/aws\"]",
      "instances": [
        {
          "schema_version": 0,
          "attributes": {
            "description": "US East (N. Virginia)",
            "endpoint": "ec2.us-east-1.amazonaws.com",
            "id": "us-east-1",
            "name": "us-east-1"
          },
          "sensitive_attributes": []
        }
      ]
    },
    {
      "module": "module.api_gateway_resources_core_user_update",
      "mode": "managed",
      "type": "aws_apigatewayv2_integration",
      "name": "lambda_handler",
      "provider": "provider[\"registry.terraform.io/hashicorp/aws\"]",
      "instances": [
        {
          "schema_version": 0,
          "attributes": {
            "api_id": "1xfslfeqxf",
            "connection_id": "",
            "connection_type": "INTERNET",
            "content_handling_strategy": "",
            "credentials_arn": "",
            "description": "",
            "id": "gn9jnst",
            "integration_method": "POST",
            "integration_response_selection_expression": "",
            "integration_subtype": "",
            "integration_type": "AWS_PROXY",
            "integration_uri": "arn:aws:apigateway:us-east-1:lambda:path/2015-03-31/functions/arn:aws:lambda:us-east-1:233925838033:function:lmb-appma-core-users-update-by-id-dev/invocations",
            "passthrough_behavior": "",
            "payload_format_version": "1.0",
            "request_parameters": {},
            "request_templates": {},
            "response_parameters": [],
            "template_selection_expression": "",
            "timeout_milliseconds": 30000,
            "tls_config": []
          },
          "sensitive_attributes": [],
          "private": "bnVsbA==",
          "dependencies": [
            "module.api_gateway.aws_apigatewayv2_api.main",
            "module.api_gateway.aws_apigatewayv2_stage.dev",
            "module.api_gateway.aws_cloudwatch_log_group.main_api_gw",
            "module.api_gateway_resources_core_user_update.aws_iam_role.lambda_role",
            "module.api_gateway_resources_core_user_update.aws_lambda_function.html_lambda",
            "module.api_gateway_resources_core_user_update.data.archive_file.lambda_package",
            "module.api_gateway_resources_core_user_update.data.aws_apigatewayv2_api.selected",
            "module.users_dynamodb.aws_dynamodb_table.users-dynamodb-table"
          ]
        }
      ]
    },
    {
      "module": "module.api_gateway_resources_core_user_update",
      "mode": "managed",
      "type": "aws_apigatewayv2_route",
      "name": "post_handler",
      "provider": "provider[\"registry.terraform.io/hashicorp/aws\"]",
      "instances": [
        {
          "schema_version": 0,
          "attributes": {
            "api_id": "1xfslfeqxf",
            "api_key_required": false,
            "authorization_scopes": [],
            "authorization_type": "CUSTOM",
            "authorizer_id": "8ylzuh",
            "id": "3qf4k82",
            "model_selection_expression": "",
            "operation_name": "",
            "request_models": {},
            "request_parameter": [],
            "route_key": "PUT /api/core/users/{id}",
            "route_response_selection_expression": "",
            "target": "integrations/gn9jnst"
          },
          "sensitive_attributes": [],
          "private": "bnVsbA==",
          "dependencies": [
            "module.api_gateway.aws_apigatewayv2_api.main",
            "module.api_gateway.aws_apigatewayv2_stage.dev",
            "module.api_gateway.aws_cloudwatch_log_group.main_api_gw",
            "module.api_gateway_resources_core_user_update.aws_apigatewayv2_integration.lambda_handler",
            "module.api_gateway_resources_core_user_update.aws_iam_role.lambda_role",
            "module.api_gateway_resources_core_user_update.aws_lambda_function.html_lambda",
            "module.api_gateway_resources_core_user_update.data.archive_file.lambda_package",
            "module.api_gateway_resources_core_user_update.data.aws_apigatewayv2_api.selected",
            "module.api_gateway_resources_security_authorizer.aws_apigatewayv2_authorizer.header_based_authorizer",
            "module.api_gateway_resources_security_authorizer.aws_iam_role.lambda_role",
            "module.api_gateway_resources_security_authorizer.aws_lambda_function.html_lambda",
            "module.api_gateway_resources_security_authorizer.data.archive_file.lambda_package",
            "module.api_gateway_resources_security_authorizer.data.aws_apigatewayv2_api.selected",
            "module.users_dynamodb.aws_dynamodb_table.users-dynamodb-table"
          ]
        }
      ]
    },
    {
      "module": "module.api_gateway_resources_core_user_update",
      "mode": "managed",
      "type": "aws_cloudwatch_log_group",
      "name": "html_loggroup_lambda",
      "provider": "provider[\"registry.terraform.io/hashicorp/aws\"]",
      "instances": [
        {
          "schema_version": 0,
          "attributes": {
            "arn": "arn:aws:logs:us-east-1:233925838033:log-group:/aws/lambda/lmb-appma-core-users-update-by-id-dev",
            "id": "/aws/lambda/lmb-appma-core-users-update-by-id-dev",
            "kms_key_id": "",
            "log_group_class": "STANDARD",
            "name": "/aws/lambda/lmb-appma-core-users-update-by-id-dev",
            "name_prefix": "",
            "retention_in_days": 0,
            "skip_destroy": false,
            "tags": {},
            "tags_all": {
              "iac": "terraform"
            }
          },
          "sensitive_attributes": [],
          "private": "bnVsbA==",
          "dependencies": [
            "module.api_gateway.aws_apigatewayv2_api.main",
            "module.api_gateway.aws_apigatewayv2_stage.dev",
            "module.api_gateway.aws_cloudwatch_log_group.main_api_gw",
            "module.api_gateway_resources_core_user_update.aws_iam_role.lambda_role",
            "module.api_gateway_resources_core_user_update.aws_lambda_function.html_lambda",
            "module.api_gateway_resources_core_user_update.data.archive_file.lambda_package",
            "module.users_dynamodb.aws_dynamodb_table.users-dynamodb-table"
          ]
        }
      ]
    },
    {
      "module": "module.api_gateway_resources_core_user_update",
      "mode": "managed",
      "type": "aws_iam_policy",
      "name": "dynamodb_lambda_policy",
      "provider": "provider[\"registry.terraform.io/hashicorp/aws\"]",
      "instances": [
        {
          "schema_version": 0,
          "attributes": {
            "arn": "arn:aws:iam::233925838033:policy/policy-appma-core-users-update-by-id-dev",
            "attachment_count": 1,
            "description": "This policy will be used by the lambda to write get data from DynamoDB",
            "id": "arn:aws:iam::233925838033:policy/policy-appma-core-users-update-by-id-dev",
            "name": "policy-appma-core-users-update-by-id-dev",
            "name_prefix": "",
            "path": "/",
            "policy": "{\"Statement\":[{\"Action\":\"dynamodb:UpdateItem\",\"Effect\":\"Allow\",\"Resource\":\"arn:aws:dynamodb:us-east-1:233925838033:table/tbl-appma-users-dev\"}],\"Version\":\"2012-10-17\"}",
            "policy_id": "ANPATM5YRATIYOTAKE5AY",
            "tags": {},
            "tags_all": {
              "iac": "terraform"
            }
          },
          "sensitive_attributes": [],
          "private": "bnVsbA==",
          "dependencies": [
            "module.api_gateway.aws_apigatewayv2_api.main",
            "module.api_gateway.aws_apigatewayv2_stage.dev",
            "module.api_gateway.aws_cloudwatch_log_group.main_api_gw",
            "module.api_gateway_resources_core_user_update.data.aws_caller_identity.current",
            "module.api_gateway_resources_core_user_update.data.aws_iam_policy_document.lambda_policy_document",
            "module.api_gateway_resources_core_user_update.data.aws_region.current",
            "module.users_dynamodb.aws_dynamodb_table.users-dynamodb-table"
          ]
        }
      ]
    },
    {
      "module": "module.api_gateway_resources_core_user_update",
      "mode": "managed",
      "type": "aws_iam_role",
      "name": "lambda_role",
      "provider": "provider[\"registry.terraform.io/hashicorp/aws\"]",
      "instances": [
        {
          "schema_version": 0,
          "attributes": {
            "arn": "arn:aws:iam::233925838033:role/role-appma-core-users-update-by-id-dev",
            "assume_role_policy": "{\"Statement\":[{\"Action\":\"sts:AssumeRole\",\"Effect\":\"Allow\",\"Principal\":{\"Service\":\"lambda.amazonaws.com\"}}],\"Version\":\"2012-10-17\"}",
            "create_date": "2024-07-24T19:39:50Z",
            "description": "",
            "force_detach_policies": false,
            "id": "role-appma-core-users-update-by-id-dev",
            "inline_policy": [],
            "managed_policy_arns": [
              "arn:aws:iam::233925838033:policy/policy-appma-core-users-update-by-id-dev",
              "arn:aws:iam::aws:policy/service-role/AWSLambdaBasicExecutionRole"
            ],
            "max_session_duration": 3600,
            "name": "role-appma-core-users-update-by-id-dev",
            "name_prefix": "",
            "path": "/",
            "permissions_boundary": "",
            "tags": {},
            "tags_all": {
              "iac": "terraform"
            },
            "unique_id": "AROATM5YRATIYROK3U3ZF"
          },
          "sensitive_attributes": [],
          "private": "bnVsbA==",
          "dependencies": [
            "module.api_gateway.aws_apigatewayv2_api.main",
            "module.api_gateway.aws_apigatewayv2_stage.dev",
            "module.api_gateway.aws_cloudwatch_log_group.main_api_gw",
            "module.users_dynamodb.aws_dynamodb_table.users-dynamodb-table"
          ]
        }
      ]
    },
    {
      "module": "module.api_gateway_resources_core_user_update",
      "mode": "managed",
      "type": "aws_iam_role_policy_attachment",
      "name": "lambda_attachements",
      "provider": "provider[\"registry.terraform.io/hashicorp/aws\"]",
      "instances": [
        {
          "schema_version": 0,
          "attributes": {
            "id": "role-appma-core-users-update-by-id-dev-20240724194005097800000014",
            "policy_arn": "arn:aws:iam::233925838033:policy/policy-appma-core-users-update-by-id-dev",
            "role": "role-appma-core-users-update-by-id-dev"
          },
          "sensitive_attributes": [],
          "private": "bnVsbA==",
          "dependencies": [
            "module.api_gateway.aws_apigatewayv2_api.main",
            "module.api_gateway.aws_apigatewayv2_stage.dev",
            "module.api_gateway.aws_cloudwatch_log_group.main_api_gw",
            "module.api_gateway_resources_core_user_update.aws_iam_policy.dynamodb_lambda_policy",
            "module.api_gateway_resources_core_user_update.aws_iam_role.lambda_role",
            "module.api_gateway_resources_core_user_update.data.aws_caller_identity.current",
            "module.api_gateway_resources_core_user_update.data.aws_iam_policy_document.lambda_policy_document",
            "module.api_gateway_resources_core_user_update.data.aws_region.current",
            "module.users_dynamodb.aws_dynamodb_table.users-dynamodb-table"
          ]
        }
      ]
    },
    {
      "module": "module.api_gateway_resources_core_user_update",
      "mode": "managed",
      "type": "aws_iam_role_policy_attachment",
      "name": "lambda_role_policy",
      "provider": "provider[\"registry.terraform.io/hashicorp/aws\"]",
      "instances": [
        {
          "schema_version": 0,
          "attributes": {
            "id": "role-appma-core-users-update-by-id-dev-2024072419395676310000000d",
            "policy_arn": "arn:aws:iam::aws:policy/service-role/AWSLambdaBasicExecutionRole",
            "role": "role-appma-core-users-update-by-id-dev"
          },
          "sensitive_attributes": [],
          "private": "bnVsbA==",
          "dependencies": [
            "module.api_gateway.aws_apigatewayv2_api.main",
            "module.api_gateway.aws_apigatewayv2_stage.dev",
            "module.api_gateway.aws_cloudwatch_log_group.main_api_gw",
            "module.api_gateway_resources_core_user_update.aws_iam_role.lambda_role",
            "module.users_dynamodb.aws_dynamodb_table.users-dynamodb-table"
          ]
        }
      ]
    },
    {
      "module": "module.api_gateway_resources_core_user_update",
      "mode": "managed",
      "type": "aws_lambda_function",
      "name": "html_lambda",
      "provider": "provider[\"registry.terraform.io/hashicorp/aws\"]",
      "instances": [
        {
          "schema_version": 0,
          "attributes": {
            "architectures": [
              "arm64"
            ],
            "arn": "arn:aws:lambda:us-east-1:233925838033:function:lmb-appma-core-users-update-by-id-dev",
            "code_sha256": "dRygQ+tsJqrXN+i6TcUc6Qp5wyCjTwnos5+9besGrV4=",
            "code_signing_config_arn": "",
            "dead_letter_config": [],
            "description": "",
            "environment": [],
            "ephemeral_storage": [
              {
                "size": 512
              }
            ],
            "file_system_config": [],
            "filename": "./resources/core/user-update-by-id/index.zip",
            "function_name": "lmb-appma-core-users-update-by-id-dev",
            "handler": "index.handler",
            "id": "lmb-appma-core-users-update-by-id-dev",
            "image_config": [],
            "image_uri": "",
            "invoke_arn": "arn:aws:apigateway:us-east-1:lambda:path/2015-03-31/functions/arn:aws:lambda:us-east-1:233925838033:function:lmb-appma-core-users-update-by-id-dev/invocations",
            "kms_key_arn": "",
            "last_modified": "2024-07-25T19:18:38.000+0000",
            "layers": [],
            "logging_config": [
              {
                "application_log_level": "",
                "log_format": "Text",
                "log_group": "/aws/lambda/lmb-appma-core-users-update-by-id-dev",
                "system_log_level": ""
              }
            ],
            "memory_size": 128,
            "package_type": "Zip",
            "publish": false,
            "qualified_arn": "arn:aws:lambda:us-east-1:233925838033:function:lmb-appma-core-users-update-by-id-dev:$LATEST",
            "qualified_invoke_arn": "arn:aws:apigateway:us-east-1:lambda:path/2015-03-31/functions/arn:aws:lambda:us-east-1:233925838033:function:lmb-appma-core-users-update-by-id-dev:$LATEST/invocations",
            "replace_security_groups_on_destroy": null,
            "replacement_security_group_ids": null,
            "reserved_concurrent_executions": -1,
            "role": "arn:aws:iam::233925838033:role/role-appma-core-users-update-by-id-dev",
            "runtime": "nodejs20.x",
            "s3_bucket": null,
            "s3_key": null,
            "s3_object_version": null,
            "signing_job_arn": "",
            "signing_profile_version_arn": "",
            "skip_destroy": false,
            "snap_start": [],
            "source_code_hash": "dRygQ+tsJqrXN+i6TcUc6Qp5wyCjTwnos5+9besGrV4=",
            "source_code_size": 2972063,
            "tags": {
              "component": "user-update-by-id",
              "domain": "core",
              "env": "dev"
            },
            "tags_all": {
              "component": "user-update-by-id",
              "domain": "core",
              "env": "dev",
              "iac": "terraform"
            },
            "timeout": 30,
            "timeouts": null,
            "tracing_config": [
              {
                "mode": "PassThrough"
              }
            ],
            "version": "$LATEST",
            "vpc_config": []
          },
          "sensitive_attributes": [],
          "private": "eyJlMmJmYjczMC1lY2FhLTExZTYtOGY4OC0zNDM2M2JjN2M0YzAiOnsiY3JlYXRlIjo2MDAwMDAwMDAwMDAsImRlbGV0ZSI6NjAwMDAwMDAwMDAwLCJ1cGRhdGUiOjYwMDAwMDAwMDAwMH19",
          "dependencies": [
            "module.api_gateway.aws_apigatewayv2_api.main",
            "module.api_gateway.aws_apigatewayv2_stage.dev",
            "module.api_gateway.aws_cloudwatch_log_group.main_api_gw",
            "module.api_gateway_resources_core_user_update.aws_iam_role.lambda_role",
            "module.api_gateway_resources_core_user_update.data.archive_file.lambda_package",
            "module.users_dynamodb.aws_dynamodb_table.users-dynamodb-table"
          ]
        }
      ]
    },
    {
      "module": "module.api_gateway_resources_core_user_update",
      "mode": "managed",
      "type": "aws_lambda_permission",
      "name": "api_gw",
      "provider": "provider[\"registry.terraform.io/hashicorp/aws\"]",
      "instances": [
        {
          "schema_version": 0,
          "attributes": {
            "action": "lambda:InvokeFunction",
            "event_source_token": null,
            "function_name": "lmb-appma-core-users-update-by-id-dev",
            "function_url_auth_type": null,
            "id": "AllowExecutionFromAPIGateway",
            "principal": "apigateway.amazonaws.com",
            "principal_org_id": null,
            "qualifier": "",
            "source_account": null,
            "source_arn": "arn:aws:execute-api:us-east-1:233925838033:1xfslfeqxf/*/*",
            "statement_id": "AllowExecutionFromAPIGateway",
            "statement_id_prefix": ""
          },
          "sensitive_attributes": [],
          "private": "bnVsbA==",
          "dependencies": [
            "module.api_gateway.aws_apigatewayv2_api.main",
            "module.api_gateway.aws_apigatewayv2_stage.dev",
            "module.api_gateway.aws_cloudwatch_log_group.main_api_gw",
            "module.api_gateway_resources_core_user_update.aws_iam_role.lambda_role",
            "module.api_gateway_resources_core_user_update.aws_lambda_function.html_lambda",
            "module.api_gateway_resources_core_user_update.data.archive_file.lambda_package",
            "module.api_gateway_resources_core_user_update.data.aws_apigatewayv2_api.selected",
            "module.users_dynamodb.aws_dynamodb_table.users-dynamodb-table"
          ]
        }
      ]
    },
    {
      "module": "module.api_gateway_resources_core_user_update_invitation",
      "mode": "data",
      "type": "archive_file",
      "name": "lambda_package",
      "provider": "provider[\"registry.terraform.io/hashicorp/archive\"]",
      "instances": [
        {
          "schema_version": 0,
          "attributes": {
            "exclude_symlink_directories": null,
            "excludes": null,
            "id": "7096c97baf45a0f6c3e864a166e3e425034c1a6c",
            "output_base64sha256": "LmQUu62ymfOVbTnlnAejwn7RC5NGFJYu3jcNZCyBSuM=",
            "output_base64sha512": "vFHKUj4GiNiJpNZjk8VZaS/Bl0dso4r7jRUuQR1CR08TaJ5gVID+RxMCx3a11rOJ9fuvAKzPZnb1Cdw8v09Wxg==",
            "output_file_mode": null,
            "output_md5": "7593a762f99b0d3199c8133b05115867",
            "output_path": "./resources/core/user-update-invitation/index.zip",
            "output_sha": "7096c97baf45a0f6c3e864a166e3e425034c1a6c",
            "output_sha256": "2e6414bbadb299f3956d39e59c07a3c27ed10b934614962ede370d642c814ae3",
            "output_sha512": "bc51ca523e0688d889a4d66393c559692fc197476ca38afb8d152e411d42474f13689e605480fe471302c776b5d6b389f5fbaf00accf6676f509dc3cbf4f56c6",
            "output_size": 2972832,
            "source": [],
            "source_content": null,
            "source_content_filename": null,
            "source_dir": "./lambdas/core/user-update-invitation",
            "source_file": null,
            "type": "zip"
          },
          "sensitive_attributes": []
        }
      ]
    },
    {
      "module": "module.api_gateway_resources_core_user_update_invitation",
      "mode": "data",
      "type": "aws_apigatewayv2_api",
      "name": "selected",
      "provider": "provider[\"registry.terraform.io/hashicorp/aws\"]",
      "instances": [
        {
          "schema_version": 0,
          "attributes": {
            "api_endpoint": "https://1xfslfeqxf.execute-api.us-east-1.amazonaws.com",
            "api_id": "1xfslfeqxf",
            "api_key_selection_expression": "$request.header.x-api-key",
            "arn": "arn:aws:apigateway:us-east-1::/apis/1xfslfeqxf",
            "cors_configuration": [
              {
                "allow_credentials": false,
                "allow_headers": [
                  "*"
                ],
                "allow_methods": [
                  "DELETE",
                  "GET",
                  "OPTIONS",
                  "POST",
                  "PUT"
                ],
                "allow_origins": [
                  "*",
                  "http://localhost:3000"
                ],
                "expose_headers": [],
                "max_age": 300
              }
            ],
            "description": "api-appma-dev API Gateway",
            "disable_execute_api_endpoint": false,
            "execution_arn": "arn:aws:execute-api:us-east-1:233925838033:1xfslfeqxf",
            "id": "1xfslfeqxf",
            "name": "api-appma-dev",
            "protocol_type": "HTTP",
            "route_selection_expression": "$request.method $request.path",
            "tags": {
              "iac": "terraform"
            },
            "version": ""
          },
          "sensitive_attributes": []
        }
      ]
    },
    {
      "module": "module.api_gateway_resources_core_user_update_invitation",
      "mode": "data",
      "type": "aws_caller_identity",
      "name": "current",
      "provider": "provider[\"registry.terraform.io/hashicorp/aws\"]",
      "instances": [
        {
          "schema_version": 0,
          "attributes": {
            "account_id": "233925838033",
            "arn": "arn:aws:iam::233925838033:root",
            "id": "233925838033",
            "user_id": "233925838033"
          },
          "sensitive_attributes": []
        }
      ]
    },
    {
      "module": "module.api_gateway_resources_core_user_update_invitation",
      "mode": "data",
      "type": "aws_iam_policy_document",
      "name": "lambda_policy_document",
      "provider": "provider[\"registry.terraform.io/hashicorp/aws\"]",
      "instances": [
        {
          "schema_version": 0,
          "attributes": {
            "id": "1834060969",
            "json": "{\n  \"Version\": \"2012-10-17\",\n  \"Statement\": [\n    {\n      \"Effect\": \"Allow\",\n      \"Action\": [\n        \"dynamodb:UpdateItem\",\n        \"dynamodb:Scan\",\n        \"dynamodb:GetItem\"\n      ],\n      \"Resource\": \"arn:aws:dynamodb:us-east-1:233925838033:table/tbl-appma-users-dev\"\n    }\n  ]\n}",
            "minified_json": "{\"Version\":\"2012-10-17\",\"Statement\":[{\"Effect\":\"Allow\",\"Action\":[\"dynamodb:UpdateItem\",\"dynamodb:Scan\",\"dynamodb:GetItem\"],\"Resource\":\"arn:aws:dynamodb:us-east-1:233925838033:table/tbl-appma-users-dev\"}]}",
            "override_json": null,
            "override_policy_documents": null,
            "policy_id": null,
            "source_json": null,
            "source_policy_documents": null,
            "statement": [
              {
                "actions": [
                  "dynamodb:GetItem",
                  "dynamodb:Scan",
                  "dynamodb:UpdateItem"
                ],
                "condition": [],
                "effect": "Allow",
                "not_actions": [],
                "not_principals": [],
                "not_resources": [],
                "principals": [],
                "resources": [
                  "arn:aws:dynamodb:us-east-1:233925838033:table/tbl-appma-users-dev"
                ],
                "sid": ""
              }
            ],
            "version": "2012-10-17"
          },
          "sensitive_attributes": []
        }
      ]
    },
    {
      "module": "module.api_gateway_resources_core_user_update_invitation",
      "mode": "data",
      "type": "aws_region",
      "name": "current",
      "provider": "provider[\"registry.terraform.io/hashicorp/aws\"]",
      "instances": [
        {
          "schema_version": 0,
          "attributes": {
            "description": "US East (N. Virginia)",
            "endpoint": "ec2.us-east-1.amazonaws.com",
            "id": "us-east-1",
            "name": "us-east-1"
          },
          "sensitive_attributes": []
        }
      ]
    },
    {
      "module": "module.api_gateway_resources_core_user_update_invitation",
      "mode": "managed",
      "type": "aws_apigatewayv2_integration",
      "name": "lambda_handler",
      "provider": "provider[\"registry.terraform.io/hashicorp/aws\"]",
      "instances": [
        {
          "schema_version": 0,
          "attributes": {
            "api_id": "1xfslfeqxf",
            "connection_id": "",
            "connection_type": "INTERNET",
            "content_handling_strategy": "",
            "credentials_arn": "",
            "description": "",
            "id": "nh8b2v3",
            "integration_method": "POST",
            "integration_response_selection_expression": "",
            "integration_subtype": "",
            "integration_type": "AWS_PROXY",
            "integration_uri": "arn:aws:apigateway:us-east-1:lambda:path/2015-03-31/functions/arn:aws:lambda:us-east-1:233925838033:function:lmb-appma-core-users-update-invitation-dev/invocations",
            "passthrough_behavior": "",
            "payload_format_version": "1.0",
            "request_parameters": {},
            "request_templates": {},
            "response_parameters": [],
            "template_selection_expression": "",
            "timeout_milliseconds": 30000,
            "tls_config": []
          },
          "sensitive_attributes": [],
          "private": "bnVsbA==",
          "dependencies": [
            "module.api_gateway.aws_apigatewayv2_api.main",
            "module.api_gateway.aws_apigatewayv2_stage.dev",
            "module.api_gateway.aws_cloudwatch_log_group.main_api_gw",
            "module.api_gateway_resources_core_user_update_invitation.aws_iam_role.lambda_role",
            "module.api_gateway_resources_core_user_update_invitation.aws_lambda_function.html_lambda",
            "module.api_gateway_resources_core_user_update_invitation.data.archive_file.lambda_package",
            "module.api_gateway_resources_core_user_update_invitation.data.aws_apigatewayv2_api.selected",
            "module.users_dynamodb.aws_dynamodb_table.users-dynamodb-table"
          ]
        }
      ]
    },
    {
      "module": "module.api_gateway_resources_core_user_update_invitation",
      "mode": "managed",
      "type": "aws_apigatewayv2_route",
      "name": "post_handler",
      "provider": "provider[\"registry.terraform.io/hashicorp/aws\"]",
      "instances": [
        {
          "schema_version": 0,
          "attributes": {
            "api_id": "1xfslfeqxf",
            "api_key_required": false,
            "authorization_scopes": [],
            "authorization_type": "CUSTOM",
            "authorizer_id": "8ylzuh",
            "id": "3mfeeoq",
            "model_selection_expression": "",
            "operation_name": "",
            "request_models": {},
            "request_parameter": [],
            "route_key": "PUT /api/core/users/invitation/{id}",
            "route_response_selection_expression": "",
            "target": "integrations/nh8b2v3"
          },
          "sensitive_attributes": [],
          "private": "bnVsbA==",
          "dependencies": [
            "module.api_gateway.aws_apigatewayv2_api.main",
            "module.api_gateway.aws_apigatewayv2_stage.dev",
            "module.api_gateway.aws_cloudwatch_log_group.main_api_gw",
            "module.api_gateway_resources_core_user_update_invitation.aws_apigatewayv2_integration.lambda_handler",
            "module.api_gateway_resources_core_user_update_invitation.aws_iam_role.lambda_role",
            "module.api_gateway_resources_core_user_update_invitation.aws_lambda_function.html_lambda",
            "module.api_gateway_resources_core_user_update_invitation.data.archive_file.lambda_package",
            "module.api_gateway_resources_core_user_update_invitation.data.aws_apigatewayv2_api.selected",
            "module.api_gateway_resources_security_authorizer.aws_apigatewayv2_authorizer.header_based_authorizer",
            "module.api_gateway_resources_security_authorizer.aws_iam_role.lambda_role",
            "module.api_gateway_resources_security_authorizer.aws_lambda_function.html_lambda",
            "module.api_gateway_resources_security_authorizer.data.archive_file.lambda_package",
            "module.api_gateway_resources_security_authorizer.data.aws_apigatewayv2_api.selected",
            "module.users_dynamodb.aws_dynamodb_table.users-dynamodb-table"
          ]
        }
      ]
    },
    {
      "module": "module.api_gateway_resources_core_user_update_invitation",
      "mode": "managed",
      "type": "aws_cloudwatch_log_group",
      "name": "html_loggroup_lambda",
      "provider": "provider[\"registry.terraform.io/hashicorp/aws\"]",
      "instances": [
        {
          "schema_version": 0,
          "attributes": {
            "arn": "arn:aws:logs:us-east-1:233925838033:log-group:/aws/lambda/lmb-appma-core-users-update-invitation-dev",
            "id": "/aws/lambda/lmb-appma-core-users-update-invitation-dev",
            "kms_key_id": "",
            "log_group_class": "STANDARD",
            "name": "/aws/lambda/lmb-appma-core-users-update-invitation-dev",
            "name_prefix": "",
            "retention_in_days": 0,
            "skip_destroy": false,
            "tags": {},
            "tags_all": {
              "iac": "terraform"
            }
          },
          "sensitive_attributes": [],
          "private": "bnVsbA==",
          "dependencies": [
            "module.api_gateway.aws_apigatewayv2_api.main",
            "module.api_gateway.aws_apigatewayv2_stage.dev",
            "module.api_gateway.aws_cloudwatch_log_group.main_api_gw",
            "module.api_gateway_resources_core_user_update_invitation.aws_iam_role.lambda_role",
            "module.api_gateway_resources_core_user_update_invitation.aws_lambda_function.html_lambda",
            "module.api_gateway_resources_core_user_update_invitation.data.archive_file.lambda_package",
            "module.users_dynamodb.aws_dynamodb_table.users-dynamodb-table"
          ]
        }
      ]
    },
    {
      "module": "module.api_gateway_resources_core_user_update_invitation",
      "mode": "managed",
      "type": "aws_iam_policy",
      "name": "dynamodb_lambda_policy",
      "provider": "provider[\"registry.terraform.io/hashicorp/aws\"]",
      "instances": [
        {
          "schema_version": 0,
          "attributes": {
            "arn": "arn:aws:iam::233925838033:policy/policy-appma-core-users-update-invitation-dev",
            "attachment_count": 1,
            "description": "This policy will be used by the lambda to write get data from DynamoDB",
            "id": "arn:aws:iam::233925838033:policy/policy-appma-core-users-update-invitation-dev",
            "name": "policy-appma-core-users-update-invitation-dev",
            "name_prefix": "",
            "path": "/",
            "policy": "{\"Statement\":[{\"Action\":[\"dynamodb:UpdateItem\",\"dynamodb:Scan\",\"dynamodb:GetItem\"],\"Effect\":\"Allow\",\"Resource\":\"arn:aws:dynamodb:us-east-1:233925838033:table/tbl-appma-users-dev\"}],\"Version\":\"2012-10-17\"}",
            "policy_id": "ANPATM5YRATI7OM623XMS",
            "tags": {},
            "tags_all": {
              "iac": "terraform"
            }
          },
          "sensitive_attributes": [],
          "private": "bnVsbA==",
          "dependencies": [
            "module.api_gateway.aws_apigatewayv2_api.main",
            "module.api_gateway.aws_apigatewayv2_stage.dev",
            "module.api_gateway.aws_cloudwatch_log_group.main_api_gw",
            "module.api_gateway_resources_core_user_update_invitation.data.aws_caller_identity.current",
            "module.api_gateway_resources_core_user_update_invitation.data.aws_iam_policy_document.lambda_policy_document",
            "module.api_gateway_resources_core_user_update_invitation.data.aws_region.current",
            "module.users_dynamodb.aws_dynamodb_table.users-dynamodb-table"
          ]
        }
      ]
    },
    {
      "module": "module.api_gateway_resources_core_user_update_invitation",
      "mode": "managed",
      "type": "aws_iam_role",
      "name": "lambda_role",
      "provider": "provider[\"registry.terraform.io/hashicorp/aws\"]",
      "instances": [
        {
          "schema_version": 0,
          "attributes": {
            "arn": "arn:aws:iam::233925838033:role/role-appma-core-users-update-invitation-dev",
            "assume_role_policy": "{\"Statement\":[{\"Action\":\"sts:AssumeRole\",\"Effect\":\"Allow\",\"Principal\":{\"Service\":\"lambda.amazonaws.com\"}}],\"Version\":\"2012-10-17\"}",
            "create_date": "2024-07-29T19:53:07Z",
            "description": "",
            "force_detach_policies": false,
            "id": "role-appma-core-users-update-invitation-dev",
            "inline_policy": [],
            "managed_policy_arns": [
              "arn:aws:iam::233925838033:policy/policy-appma-core-users-update-invitation-dev",
              "arn:aws:iam::aws:policy/service-role/AWSLambdaBasicExecutionRole"
            ],
            "max_session_duration": 3600,
            "name": "role-appma-core-users-update-invitation-dev",
            "name_prefix": "",
            "path": "/",
            "permissions_boundary": "",
            "tags": {},
            "tags_all": {
              "iac": "terraform"
            },
            "unique_id": "AROATM5YRATIYCYNOJJ4U"
          },
          "sensitive_attributes": [],
          "private": "bnVsbA==",
          "dependencies": [
            "module.api_gateway.aws_apigatewayv2_api.main",
            "module.api_gateway.aws_apigatewayv2_stage.dev",
            "module.api_gateway.aws_cloudwatch_log_group.main_api_gw",
            "module.users_dynamodb.aws_dynamodb_table.users-dynamodb-table"
          ]
        }
      ]
    },
    {
      "module": "module.api_gateway_resources_core_user_update_invitation",
      "mode": "managed",
      "type": "aws_iam_role_policy_attachment",
      "name": "lambda_attachements",
      "provider": "provider[\"registry.terraform.io/hashicorp/aws\"]",
      "instances": [
        {
          "schema_version": 0,
          "attributes": {
            "id": "role-appma-core-users-update-invitation-dev-20240729195307707600000002",
            "policy_arn": "arn:aws:iam::233925838033:policy/policy-appma-core-users-update-invitation-dev",
            "role": "role-appma-core-users-update-invitation-dev"
          },
          "sensitive_attributes": [],
          "private": "bnVsbA==",
          "dependencies": [
            "module.api_gateway.aws_apigatewayv2_api.main",
            "module.api_gateway.aws_apigatewayv2_stage.dev",
            "module.api_gateway.aws_cloudwatch_log_group.main_api_gw",
            "module.api_gateway_resources_core_user_update_invitation.aws_iam_policy.dynamodb_lambda_policy",
            "module.api_gateway_resources_core_user_update_invitation.aws_iam_role.lambda_role",
            "module.api_gateway_resources_core_user_update_invitation.data.aws_caller_identity.current",
            "module.api_gateway_resources_core_user_update_invitation.data.aws_iam_policy_document.lambda_policy_document",
            "module.api_gateway_resources_core_user_update_invitation.data.aws_region.current",
            "module.users_dynamodb.aws_dynamodb_table.users-dynamodb-table"
          ]
        }
      ]
    },
    {
      "module": "module.api_gateway_resources_core_user_update_invitation",
      "mode": "managed",
      "type": "aws_iam_role_policy_attachment",
      "name": "lambda_role_policy",
      "provider": "provider[\"registry.terraform.io/hashicorp/aws\"]",
      "instances": [
        {
          "schema_version": 0,
          "attributes": {
            "id": "role-appma-core-users-update-invitation-dev-20240729195307707600000001",
            "policy_arn": "arn:aws:iam::aws:policy/service-role/AWSLambdaBasicExecutionRole",
            "role": "role-appma-core-users-update-invitation-dev"
          },
          "sensitive_attributes": [],
          "private": "bnVsbA==",
          "dependencies": [
            "module.api_gateway.aws_apigatewayv2_api.main",
            "module.api_gateway.aws_apigatewayv2_stage.dev",
            "module.api_gateway.aws_cloudwatch_log_group.main_api_gw",
            "module.api_gateway_resources_core_user_update_invitation.aws_iam_role.lambda_role",
            "module.users_dynamodb.aws_dynamodb_table.users-dynamodb-table"
          ]
        }
      ]
    },
    {
      "module": "module.api_gateway_resources_core_user_update_invitation",
      "mode": "managed",
      "type": "aws_lambda_function",
      "name": "html_lambda",
      "provider": "provider[\"registry.terraform.io/hashicorp/aws\"]",
      "instances": [
        {
          "schema_version": 0,
          "attributes": {
            "architectures": [
              "arm64"
            ],
            "arn": "arn:aws:lambda:us-east-1:233925838033:function:lmb-appma-core-users-update-invitation-dev",
            "code_sha256": "LmQUu62ymfOVbTnlnAejwn7RC5NGFJYu3jcNZCyBSuM=",
            "code_signing_config_arn": "",
            "dead_letter_config": [],
            "description": "",
            "environment": [],
            "ephemeral_storage": [
              {
                "size": 512
              }
            ],
            "file_system_config": [],
            "filename": "./resources/core/user-update-invitation/index.zip",
            "function_name": "lmb-appma-core-users-update-invitation-dev",
            "handler": "index.handler",
            "id": "lmb-appma-core-users-update-invitation-dev",
            "image_config": [],
            "image_uri": "",
            "invoke_arn": "arn:aws:apigateway:us-east-1:lambda:path/2015-03-31/functions/arn:aws:lambda:us-east-1:233925838033:function:lmb-appma-core-users-update-invitation-dev/invocations",
            "kms_key_arn": "",
            "last_modified": "2024-07-29T19:53:38.153+0000",
            "layers": [],
            "logging_config": [
              {
                "application_log_level": "",
                "log_format": "Text",
                "log_group": "/aws/lambda/lmb-appma-core-users-update-invitation-dev",
                "system_log_level": ""
              }
            ],
            "memory_size": 128,
            "package_type": "Zip",
            "publish": false,
            "qualified_arn": "arn:aws:lambda:us-east-1:233925838033:function:lmb-appma-core-users-update-invitation-dev:$LATEST",
            "qualified_invoke_arn": "arn:aws:apigateway:us-east-1:lambda:path/2015-03-31/functions/arn:aws:lambda:us-east-1:233925838033:function:lmb-appma-core-users-update-invitation-dev:$LATEST/invocations",
            "replace_security_groups_on_destroy": null,
            "replacement_security_group_ids": null,
            "reserved_concurrent_executions": -1,
            "role": "arn:aws:iam::233925838033:role/role-appma-core-users-update-invitation-dev",
            "runtime": "nodejs20.x",
            "s3_bucket": null,
            "s3_key": null,
            "s3_object_version": null,
            "signing_job_arn": "",
            "signing_profile_version_arn": "",
            "skip_destroy": false,
            "snap_start": [],
            "source_code_hash": "LmQUu62ymfOVbTnlnAejwn7RC5NGFJYu3jcNZCyBSuM=",
            "source_code_size": 2972832,
            "tags": {
              "component": "user-update-invitation",
              "domain": "core",
              "env": "dev"
            },
            "tags_all": {
              "component": "user-update-invitation",
              "domain": "core",
              "env": "dev",
              "iac": "terraform"
            },
            "timeout": 30,
            "timeouts": null,
            "tracing_config": [
              {
                "mode": "PassThrough"
              }
            ],
            "version": "$LATEST",
            "vpc_config": []
          },
          "sensitive_attributes": [],
          "private": "eyJlMmJmYjczMC1lY2FhLTExZTYtOGY4OC0zNDM2M2JjN2M0YzAiOnsiY3JlYXRlIjo2MDAwMDAwMDAwMDAsImRlbGV0ZSI6NjAwMDAwMDAwMDAwLCJ1cGRhdGUiOjYwMDAwMDAwMDAwMH19",
          "dependencies": [
            "module.api_gateway.aws_apigatewayv2_api.main",
            "module.api_gateway.aws_apigatewayv2_stage.dev",
            "module.api_gateway.aws_cloudwatch_log_group.main_api_gw",
            "module.api_gateway_resources_core_user_update_invitation.aws_iam_role.lambda_role",
            "module.api_gateway_resources_core_user_update_invitation.data.archive_file.lambda_package",
            "module.users_dynamodb.aws_dynamodb_table.users-dynamodb-table"
          ]
        }
      ]
    },
    {
      "module": "module.api_gateway_resources_core_user_update_invitation",
      "mode": "managed",
      "type": "aws_lambda_permission",
      "name": "api_gw",
      "provider": "provider[\"registry.terraform.io/hashicorp/aws\"]",
      "instances": [
        {
          "schema_version": 0,
          "attributes": {
            "action": "lambda:InvokeFunction",
            "event_source_token": null,
            "function_name": "lmb-appma-core-users-update-invitation-dev",
            "function_url_auth_type": null,
            "id": "AllowExecutionFromAPIGateway",
            "principal": "apigateway.amazonaws.com",
            "principal_org_id": null,
            "qualifier": "",
            "source_account": null,
            "source_arn": "arn:aws:execute-api:us-east-1:233925838033:1xfslfeqxf/*/*",
            "statement_id": "AllowExecutionFromAPIGateway",
            "statement_id_prefix": ""
          },
          "sensitive_attributes": [],
          "private": "bnVsbA==",
          "dependencies": [
            "module.api_gateway.aws_apigatewayv2_api.main",
            "module.api_gateway.aws_apigatewayv2_stage.dev",
            "module.api_gateway.aws_cloudwatch_log_group.main_api_gw",
            "module.api_gateway_resources_core_user_update_invitation.aws_iam_role.lambda_role",
            "module.api_gateway_resources_core_user_update_invitation.aws_lambda_function.html_lambda",
            "module.api_gateway_resources_core_user_update_invitation.data.archive_file.lambda_package",
            "module.api_gateway_resources_core_user_update_invitation.data.aws_apigatewayv2_api.selected",
            "module.users_dynamodb.aws_dynamodb_table.users-dynamodb-table"
          ]
        }
      ]
    },
    {
      "module": "module.api_gateway_resources_security_authorizer",
      "mode": "data",
      "type": "archive_file",
      "name": "lambda_package",
      "provider": "provider[\"registry.terraform.io/hashicorp/archive\"]",
      "instances": [
        {
          "schema_version": 0,
          "attributes": {
            "exclude_symlink_directories": null,
            "excludes": null,
            "id": "0e9692e9e9bada8eb181cb338c63b03cabec8d8d",
            "output_base64sha256": "DSAGWyZ4R5IR2D8b6r3O0IPpc+Vid2uGE/pMgtlp5lY=",
            "output_base64sha512": "JkoxeQisLIhrKPEPNUHn7QhqSkTdTazJXcymQDVF0XmW6EMg4/QSSLjvAg/Ryfl30+VhqSHgUP3ZZdNBes3UMA==",
            "output_file_mode": null,
            "output_md5": "77de5d9a53eacfed2d96888977515104",
            "output_path": "./resources/auth/authorizer/index.zip",
            "output_sha": "0e9692e9e9bada8eb181cb338c63b03cabec8d8d",
            "output_sha256": "0d20065b2678479211d83f1beabdced083e973e562776b8613fa4c82d969e656",
            "output_sha512": "264a317908ac2c886b28f10f3541e7ed086a4a44dd4dacc95dcca6403545d17996e84320e3f41248b8ef020fd1c9f977d3e561a921e050fdd965d3417acdd430",
            "output_size": 2859487,
            "source": [],
            "source_content": null,
            "source_content_filename": null,
            "source_dir": "./lambdas/auth/authorizer",
            "source_file": null,
            "type": "zip"
          },
          "sensitive_attributes": []
        }
      ]
    },
    {
      "module": "module.api_gateway_resources_security_authorizer",
      "mode": "data",
      "type": "aws_apigatewayv2_api",
      "name": "selected",
      "provider": "provider[\"registry.terraform.io/hashicorp/aws\"]",
      "instances": [
        {
          "schema_version": 0,
          "attributes": {
            "api_endpoint": "https://1xfslfeqxf.execute-api.us-east-1.amazonaws.com",
            "api_id": "1xfslfeqxf",
            "api_key_selection_expression": "$request.header.x-api-key",
            "arn": "arn:aws:apigateway:us-east-1::/apis/1xfslfeqxf",
            "cors_configuration": [
              {
                "allow_credentials": false,
                "allow_headers": [
                  "*"
                ],
                "allow_methods": [
                  "DELETE",
                  "GET",
                  "OPTIONS",
                  "POST",
                  "PUT"
                ],
                "allow_origins": [
                  "*",
                  "http://localhost:3000"
                ],
                "expose_headers": [],
                "max_age": 300
              }
            ],
            "description": "api-appma-dev API Gateway",
            "disable_execute_api_endpoint": false,
            "execution_arn": "arn:aws:execute-api:us-east-1:233925838033:1xfslfeqxf",
            "id": "1xfslfeqxf",
            "name": "api-appma-dev",
            "protocol_type": "HTTP",
            "route_selection_expression": "$request.method $request.path",
            "tags": {
              "iac": "terraform"
            },
            "version": ""
          },
          "sensitive_attributes": []
        }
      ]
    },
    {
      "module": "module.api_gateway_resources_security_authorizer",
      "mode": "data",
      "type": "aws_caller_identity",
      "name": "current",
      "provider": "provider[\"registry.terraform.io/hashicorp/aws\"]",
      "instances": [
        {
          "schema_version": 0,
          "attributes": {
            "account_id": "233925838033",
            "arn": "arn:aws:iam::233925838033:root",
            "id": "233925838033",
            "user_id": "233925838033"
          },
          "sensitive_attributes": []
        }
      ]
    },
    {
      "module": "module.api_gateway_resources_security_authorizer",
      "mode": "data",
      "type": "aws_iam_policy_document",
      "name": "lambda_policy_document",
      "provider": "provider[\"registry.terraform.io/hashicorp/aws\"]",
      "instances": [
        {
          "schema_version": 0,
          "attributes": {
            "id": "1807035367",
            "json": "{\n  \"Version\": \"2012-10-17\",\n  \"Statement\": [\n    {\n      \"Effect\": \"Allow\",\n      \"Action\": [\n        \"dynamodb:Scan\",\n        \"dynamodb:PutItem\",\n        \"dynamodb:GetItem\",\n        \"dynamodb:DeleteItem\"\n      ],\n      \"Resource\": \"arn:aws:dynamodb:us-east-1:233925838033:table/tbl-appma-token-dev\"\n    }\n  ]\n}",
            "minified_json": "{\"Version\":\"2012-10-17\",\"Statement\":[{\"Effect\":\"Allow\",\"Action\":[\"dynamodb:Scan\",\"dynamodb:PutItem\",\"dynamodb:GetItem\",\"dynamodb:DeleteItem\"],\"Resource\":\"arn:aws:dynamodb:us-east-1:233925838033:table/tbl-appma-token-dev\"}]}",
            "override_json": null,
            "override_policy_documents": null,
            "policy_id": null,
            "source_json": null,
            "source_policy_documents": null,
            "statement": [
              {
                "actions": [
                  "dynamodb:DeleteItem",
                  "dynamodb:GetItem",
                  "dynamodb:PutItem",
                  "dynamodb:Scan"
                ],
                "condition": [],
                "effect": "Allow",
                "not_actions": [],
                "not_principals": [],
                "not_resources": [],
                "principals": [],
                "resources": [
                  "arn:aws:dynamodb:us-east-1:233925838033:table/tbl-appma-token-dev"
                ],
                "sid": ""
              }
            ],
            "version": "2012-10-17"
          },
          "sensitive_attributes": []
        }
      ]
    },
    {
      "module": "module.api_gateway_resources_security_authorizer",
      "mode": "data",
      "type": "aws_region",
      "name": "current",
      "provider": "provider[\"registry.terraform.io/hashicorp/aws\"]",
      "instances": [
        {
          "schema_version": 0,
          "attributes": {
            "description": "US East (N. Virginia)",
            "endpoint": "ec2.us-east-1.amazonaws.com",
            "id": "us-east-1",
            "name": "us-east-1"
          },
          "sensitive_attributes": []
        }
      ]
    },
    {
      "module": "module.api_gateway_resources_security_authorizer",
      "mode": "managed",
      "type": "aws_apigatewayv2_authorizer",
      "name": "header_based_authorizer",
      "provider": "provider[\"registry.terraform.io/hashicorp/aws\"]",
      "instances": [
        {
          "schema_version": 0,
          "attributes": {
            "api_id": "1xfslfeqxf",
            "authorizer_credentials_arn": "",
            "authorizer_payload_format_version": "2.0",
            "authorizer_result_ttl_in_seconds": 0,
            "authorizer_type": "REQUEST",
            "authorizer_uri": "arn:aws:apigateway:us-east-1:lambda:path/2015-03-31/functions/arn:aws:lambda:us-east-1:233925838033:function:lmb-appma-security-auth-authorizer-dev/invocations",
            "enable_simple_responses": true,
            "id": "8ylzuh",
            "identity_sources": [
              "$request.header.authorization"
            ],
            "jwt_configuration": [],
            "name": "lmb-appma-security-auth-authorizer-dev",
            "timeouts": null
          },
          "sensitive_attributes": [],
          "private": "eyJlMmJmYjczMC1lY2FhLTExZTYtOGY4OC0zNDM2M2JjN2M0YzAiOnsiZGVsZXRlIjoxODAwMDAwMDAwMDAwfX0=",
          "dependencies": [
            "module.api_gateway.aws_apigatewayv2_api.main",
            "module.api_gateway_resources_security_authorizer.aws_iam_role.lambda_role",
            "module.api_gateway_resources_security_authorizer.aws_lambda_function.html_lambda",
            "module.api_gateway_resources_security_authorizer.data.archive_file.lambda_package",
            "module.api_gateway_resources_security_authorizer.data.aws_apigatewayv2_api.selected"
          ]
        }
      ]
    },
    {
      "module": "module.api_gateway_resources_security_authorizer",
      "mode": "managed",
      "type": "aws_cloudwatch_log_group",
      "name": "html_loggroup_lambda",
      "provider": "provider[\"registry.terraform.io/hashicorp/aws\"]",
      "instances": [
        {
          "schema_version": 0,
          "attributes": {
            "arn": "arn:aws:logs:us-east-1:233925838033:log-group:/aws/lambda/lmb-appma-security-auth-authorizer-dev",
            "id": "/aws/lambda/lmb-appma-security-auth-authorizer-dev",
            "kms_key_id": "",
            "log_group_class": "STANDARD",
            "name": "/aws/lambda/lmb-appma-security-auth-authorizer-dev",
            "name_prefix": "",
            "retention_in_days": 7,
            "skip_destroy": false,
            "tags": {},
            "tags_all": {
              "iac": "terraform"
            }
          },
          "sensitive_attributes": [],
          "private": "bnVsbA==",
          "dependencies": [
            "module.api_gateway_resources_security_authorizer.aws_iam_role.lambda_role",
            "module.api_gateway_resources_security_authorizer.aws_lambda_function.html_lambda",
            "module.api_gateway_resources_security_authorizer.data.archive_file.lambda_package"
          ]
        }
      ]
    },
    {
      "module": "module.api_gateway_resources_security_authorizer",
      "mode": "managed",
      "type": "aws_iam_policy",
      "name": "dynamodb_lambda_policy",
      "provider": "provider[\"registry.terraform.io/hashicorp/aws\"]",
      "instances": [
        {
          "schema_version": 0,
          "attributes": {
            "arn": "arn:aws:iam::233925838033:policy/policy-appma-security-auth-authorizer-dev",
            "attachment_count": 1,
            "description": "This policy will be used by the lambda to write get data from DynamoDB",
            "id": "arn:aws:iam::233925838033:policy/policy-appma-security-auth-authorizer-dev",
            "name": "policy-appma-security-auth-authorizer-dev",
            "name_prefix": "",
            "path": "/",
            "policy": "{\"Statement\":[{\"Action\":[\"dynamodb:Scan\",\"dynamodb:PutItem\",\"dynamodb:GetItem\",\"dynamodb:DeleteItem\"],\"Effect\":\"Allow\",\"Resource\":\"arn:aws:dynamodb:us-east-1:233925838033:table/tbl-appma-token-dev\"}],\"Version\":\"2012-10-17\"}",
            "policy_id": "ANPATM5YRATISY6BUMZBX",
            "tags": {},
            "tags_all": {
              "iac": "terraform"
            }
          },
          "sensitive_attributes": [],
          "private": "bnVsbA==",
          "dependencies": [
            "module.api_gateway_resources_security_authorizer.data.aws_caller_identity.current",
            "module.api_gateway_resources_security_authorizer.data.aws_iam_policy_document.lambda_policy_document",
            "module.api_gateway_resources_security_authorizer.data.aws_region.current"
          ]
        }
      ]
    },
    {
      "module": "module.api_gateway_resources_security_authorizer",
      "mode": "managed",
      "type": "aws_iam_role",
      "name": "lambda_role",
      "provider": "provider[\"registry.terraform.io/hashicorp/aws\"]",
      "instances": [
        {
          "schema_version": 0,
          "attributes": {
            "arn": "arn:aws:iam::233925838033:role/role-appma-security-auth-authorizer-dev",
            "assume_role_policy": "{\"Statement\":[{\"Action\":\"sts:AssumeRole\",\"Effect\":\"Allow\",\"Principal\":{\"Service\":\"lambda.amazonaws.com\"}}],\"Version\":\"2012-10-17\"}",
            "create_date": "2024-07-24T19:39:21Z",
            "description": "",
            "force_detach_policies": false,
            "id": "role-appma-security-auth-authorizer-dev",
            "inline_policy": [],
            "managed_policy_arns": [
              "arn:aws:iam::233925838033:policy/policy-appma-security-auth-authorizer-dev",
              "arn:aws:iam::aws:policy/service-role/AWSLambdaBasicExecutionRole"
            ],
            "max_session_duration": 3600,
            "name": "role-appma-security-auth-authorizer-dev",
            "name_prefix": "",
            "path": "/",
            "permissions_boundary": "",
            "tags": {},
            "tags_all": {
              "iac": "terraform"
            },
            "unique_id": "AROATM5YRATIXED6XQE75"
          },
          "sensitive_attributes": [],
          "private": "bnVsbA=="
        }
      ]
    },
    {
      "module": "module.api_gateway_resources_security_authorizer",
      "mode": "managed",
      "type": "aws_iam_role_policy_attachment",
      "name": "lambda_attachements",
      "provider": "provider[\"registry.terraform.io/hashicorp/aws\"]",
      "instances": [
        {
          "schema_version": 0,
          "attributes": {
            "id": "role-appma-security-auth-authorizer-dev-20240724193921674400000001",
            "policy_arn": "arn:aws:iam::233925838033:policy/policy-appma-security-auth-authorizer-dev",
            "role": "role-appma-security-auth-authorizer-dev"
          },
          "sensitive_attributes": [],
          "private": "bnVsbA==",
          "dependencies": [
            "module.api_gateway_resources_security_authorizer.aws_iam_policy.dynamodb_lambda_policy",
            "module.api_gateway_resources_security_authorizer.aws_iam_role.lambda_role",
            "module.api_gateway_resources_security_authorizer.data.aws_caller_identity.current",
            "module.api_gateway_resources_security_authorizer.data.aws_iam_policy_document.lambda_policy_document",
            "module.api_gateway_resources_security_authorizer.data.aws_region.current"
          ]
        }
      ]
    },
    {
      "module": "module.api_gateway_resources_security_authorizer",
      "mode": "managed",
      "type": "aws_iam_role_policy_attachment",
      "name": "lambda_role_policy",
      "provider": "provider[\"registry.terraform.io/hashicorp/aws\"]",
      "instances": [
        {
          "schema_version": 0,
          "attributes": {
            "id": "role-appma-security-auth-authorizer-dev-20240724193921691800000002",
            "policy_arn": "arn:aws:iam::aws:policy/service-role/AWSLambdaBasicExecutionRole",
            "role": "role-appma-security-auth-authorizer-dev"
          },
          "sensitive_attributes": [],
          "private": "bnVsbA==",
          "dependencies": [
            "module.api_gateway_resources_security_authorizer.aws_iam_role.lambda_role"
          ]
        }
      ]
    },
    {
      "module": "module.api_gateway_resources_security_authorizer",
      "mode": "managed",
      "type": "aws_lambda_function",
      "name": "html_lambda",
      "provider": "provider[\"registry.terraform.io/hashicorp/aws\"]",
      "instances": [
        {
          "schema_version": 0,
          "attributes": {
            "architectures": [
              "arm64"
            ],
            "arn": "arn:aws:lambda:us-east-1:233925838033:function:lmb-appma-security-auth-authorizer-dev",
            "code_sha256": "DSAGWyZ4R5IR2D8b6r3O0IPpc+Vid2uGE/pMgtlp5lY=",
            "code_signing_config_arn": "",
            "dead_letter_config": [],
            "description": "",
            "environment": [],
            "ephemeral_storage": [
              {
                "size": 512
              }
            ],
            "file_system_config": [],
            "filename": "./resources/auth/authorizer/index.zip",
            "function_name": "lmb-appma-security-auth-authorizer-dev",
            "handler": "index.handler",
            "id": "lmb-appma-security-auth-authorizer-dev",
            "image_config": [],
            "image_uri": "",
            "invoke_arn": "arn:aws:apigateway:us-east-1:lambda:path/2015-03-31/functions/arn:aws:lambda:us-east-1:233925838033:function:lmb-appma-security-auth-authorizer-dev/invocations",
            "kms_key_arn": "",
            "last_modified": "2024-07-24T19:39:51.908+0000",
            "layers": [],
            "logging_config": [
              {
                "application_log_level": "",
                "log_format": "Text",
                "log_group": "/aws/lambda/lmb-appma-security-auth-authorizer-dev",
                "system_log_level": ""
              }
            ],
            "memory_size": 128,
            "package_type": "Zip",
            "publish": false,
            "qualified_arn": "arn:aws:lambda:us-east-1:233925838033:function:lmb-appma-security-auth-authorizer-dev:$LATEST",
            "qualified_invoke_arn": "arn:aws:apigateway:us-east-1:lambda:path/2015-03-31/functions/arn:aws:lambda:us-east-1:233925838033:function:lmb-appma-security-auth-authorizer-dev:$LATEST/invocations",
            "replace_security_groups_on_destroy": null,
            "replacement_security_group_ids": null,
            "reserved_concurrent_executions": -1,
            "role": "arn:aws:iam::233925838033:role/role-appma-security-auth-authorizer-dev",
            "runtime": "nodejs20.x",
            "s3_bucket": null,
            "s3_key": null,
            "s3_object_version": null,
            "signing_job_arn": "",
            "signing_profile_version_arn": "",
            "skip_destroy": false,
            "snap_start": [],
            "source_code_hash": "DSAGWyZ4R5IR2D8b6r3O0IPpc+Vid2uGE/pMgtlp5lY=",
            "source_code_size": 2859487,
            "tags": {
              "component": "authorizer",
              "domain": "security",
              "env": "dev"
            },
            "tags_all": {
              "component": "authorizer",
              "domain": "security",
              "env": "dev",
              "iac": "terraform"
            },
            "timeout": 30,
            "timeouts": null,
            "tracing_config": [
              {
                "mode": "PassThrough"
              }
            ],
            "version": "$LATEST",
            "vpc_config": []
          },
          "sensitive_attributes": [],
          "private": "eyJlMmJmYjczMC1lY2FhLTExZTYtOGY4OC0zNDM2M2JjN2M0YzAiOnsiY3JlYXRlIjo2MDAwMDAwMDAwMDAsImRlbGV0ZSI6NjAwMDAwMDAwMDAwLCJ1cGRhdGUiOjYwMDAwMDAwMDAwMH19",
          "dependencies": [
            "module.api_gateway_resources_security_authorizer.aws_iam_role.lambda_role",
            "module.api_gateway_resources_security_authorizer.data.archive_file.lambda_package"
          ]
        }
      ]
    },
    {
      "module": "module.api_gateway_resources_security_authorizer",
      "mode": "managed",
      "type": "aws_lambda_permission",
      "name": "allow_api_gw_invoke_authorizer",
      "provider": "provider[\"registry.terraform.io/hashicorp/aws\"]",
      "instances": [
        {
          "schema_version": 0,
          "attributes": {
            "action": "lambda:InvokeFunction",
            "event_source_token": null,
            "function_name": "lmb-appma-security-auth-authorizer-dev",
            "function_url_auth_type": null,
            "id": "allowInvokeFromAPIGatewayAuthorizer",
            "principal": "apigateway.amazonaws.com",
            "principal_org_id": null,
            "qualifier": "",
            "source_account": null,
            "source_arn": "arn:aws:execute-api:us-east-1:233925838033:1xfslfeqxf/authorizers/8ylzuh",
            "statement_id": "allowInvokeFromAPIGatewayAuthorizer",
            "statement_id_prefix": ""
          },
          "sensitive_attributes": [],
          "private": "bnVsbA==",
          "dependencies": [
            "module.api_gateway.aws_apigatewayv2_api.main",
            "module.api_gateway_resources_security_authorizer.aws_apigatewayv2_authorizer.header_based_authorizer",
            "module.api_gateway_resources_security_authorizer.aws_iam_role.lambda_role",
            "module.api_gateway_resources_security_authorizer.aws_lambda_function.html_lambda",
            "module.api_gateway_resources_security_authorizer.data.archive_file.lambda_package",
            "module.api_gateway_resources_security_authorizer.data.aws_apigatewayv2_api.selected"
          ]
        }
      ]
    },
    {
      "module": "module.api_gateway_resources_security_login",
      "mode": "data",
      "type": "archive_file",
      "name": "lambda_package",
      "provider": "provider[\"registry.terraform.io/hashicorp/archive\"]",
      "instances": [
        {
          "schema_version": 0,
          "attributes": {
            "exclude_symlink_directories": null,
            "excludes": null,
            "id": "5f8601efd9d4840ac55772ff746def06b515fdc3",
            "output_base64sha256": "du+B9qHLoqjOZRlDNJRWZmsf3crYWIgoLobmn0jIB4Y=",
            "output_base64sha512": "Gab/7WctbajLKsEeRIG+0lX97xH00gPGyem0i1tzkhRO1yn4DdyPfbQfDZGvqcwtkb7ex6J+7970dMjzYk5cFg==",
            "output_file_mode": null,
            "output_md5": "63657bb57d564bcb3fa36f68d9365209",
            "output_path": "./resources/auth/login/index.zip",
            "output_sha": "5f8601efd9d4840ac55772ff746def06b515fdc3",
            "output_sha256": "76ef81f6a1cba2a8ce651943349456666b1fddcad85888282e86e69f48c80786",
            "output_sha512": "19a6ffed672d6da8cb2ac11e4481bed255fdef11f4d203c6c9e9b48b5b7392144ed729f80ddc8f7db41f0d91afa9cc2d91bedec7a27eefdef474c8f3624e5c16",
            "output_size": 3316805,
            "source": [],
            "source_content": null,
            "source_content_filename": null,
            "source_dir": "./lambdas/auth/login",
            "source_file": null,
            "type": "zip"
          },
          "sensitive_attributes": []
        }
      ]
    },
    {
      "module": "module.api_gateway_resources_security_login",
      "mode": "data",
      "type": "aws_apigatewayv2_api",
      "name": "selected",
      "provider": "provider[\"registry.terraform.io/hashicorp/aws\"]",
      "instances": [
        {
          "schema_version": 0,
          "attributes": {
            "api_endpoint": "https://1xfslfeqxf.execute-api.us-east-1.amazonaws.com",
            "api_id": "1xfslfeqxf",
            "api_key_selection_expression": "$request.header.x-api-key",
            "arn": "arn:aws:apigateway:us-east-1::/apis/1xfslfeqxf",
            "cors_configuration": [
              {
                "allow_credentials": false,
                "allow_headers": [
                  "*"
                ],
                "allow_methods": [
                  "DELETE",
                  "GET",
                  "OPTIONS",
                  "POST",
                  "PUT"
                ],
                "allow_origins": [
                  "*",
                  "http://localhost:3000"
                ],
                "expose_headers": [],
                "max_age": 300
              }
            ],
            "description": "api-appma-dev API Gateway",
            "disable_execute_api_endpoint": false,
            "execution_arn": "arn:aws:execute-api:us-east-1:233925838033:1xfslfeqxf",
            "id": "1xfslfeqxf",
            "name": "api-appma-dev",
            "protocol_type": "HTTP",
            "route_selection_expression": "$request.method $request.path",
            "tags": {
              "iac": "terraform"
            },
            "version": ""
          },
          "sensitive_attributes": []
        }
      ]
    },
    {
      "module": "module.api_gateway_resources_security_login",
      "mode": "data",
      "type": "aws_caller_identity",
      "name": "current",
      "provider": "provider[\"registry.terraform.io/hashicorp/aws\"]",
      "instances": [
        {
          "schema_version": 0,
          "attributes": {
            "account_id": "233925838033",
            "arn": "arn:aws:iam::233925838033:root",
            "id": "233925838033",
            "user_id": "233925838033"
          },
          "sensitive_attributes": []
        }
      ]
    },
    {
      "module": "module.api_gateway_resources_security_login",
      "mode": "data",
      "type": "aws_iam_policy_document",
      "name": "lambda_policy_document",
      "provider": "provider[\"registry.terraform.io/hashicorp/aws\"]",
      "instances": [
        {
          "schema_version": 0,
          "attributes": {
            "id": "140084577",
            "json": "{\n  \"Version\": \"2012-10-17\",\n  \"Statement\": [\n    {\n      \"Effect\": \"Allow\",\n      \"Action\": [\n        \"dynamodb:Scan\",\n        \"dynamodb:PutItem\",\n        \"dynamodb:DeleteItem\"\n      ],\n      \"Resource\": [\n        \"arn:aws:dynamodb:us-east-1:233925838033:table/tbl-appma-users-dev\",\n        \"arn:aws:dynamodb:us-east-1:233925838033:table/tbl-appma-token-dev\"\n      ]\n    }\n  ]\n}",
            "minified_json": "{\"Version\":\"2012-10-17\",\"Statement\":[{\"Effect\":\"Allow\",\"Action\":[\"dynamodb:Scan\",\"dynamodb:PutItem\",\"dynamodb:DeleteItem\"],\"Resource\":[\"arn:aws:dynamodb:us-east-1:233925838033:table/tbl-appma-users-dev\",\"arn:aws:dynamodb:us-east-1:233925838033:table/tbl-appma-token-dev\"]}]}",
            "override_json": null,
            "override_policy_documents": null,
            "policy_id": null,
            "source_json": null,
            "source_policy_documents": null,
            "statement": [
              {
                "actions": [
                  "dynamodb:DeleteItem",
                  "dynamodb:PutItem",
                  "dynamodb:Scan"
                ],
                "condition": [],
                "effect": "Allow",
                "not_actions": [],
                "not_principals": [],
                "not_resources": [],
                "principals": [],
                "resources": [
                  "arn:aws:dynamodb:us-east-1:233925838033:table/tbl-appma-token-dev",
                  "arn:aws:dynamodb:us-east-1:233925838033:table/tbl-appma-users-dev"
                ],
                "sid": ""
              }
            ],
            "version": "2012-10-17"
          },
          "sensitive_attributes": []
        }
      ]
    },
    {
      "module": "module.api_gateway_resources_security_login",
      "mode": "data",
      "type": "aws_region",
      "name": "current",
      "provider": "provider[\"registry.terraform.io/hashicorp/aws\"]",
      "instances": [
        {
          "schema_version": 0,
          "attributes": {
            "description": "US East (N. Virginia)",
            "endpoint": "ec2.us-east-1.amazonaws.com",
            "id": "us-east-1",
            "name": "us-east-1"
          },
          "sensitive_attributes": []
        }
      ]
    },
    {
      "module": "module.api_gateway_resources_security_login",
      "mode": "managed",
      "type": "aws_apigatewayv2_integration",
      "name": "lambda_handler",
      "provider": "provider[\"registry.terraform.io/hashicorp/aws\"]",
      "instances": [
        {
          "schema_version": 0,
          "attributes": {
            "api_id": "1xfslfeqxf",
            "connection_id": "",
            "connection_type": "INTERNET",
            "content_handling_strategy": "",
            "credentials_arn": "",
            "description": "",
            "id": "7qcr8hv",
            "integration_method": "POST",
            "integration_response_selection_expression": "",
            "integration_subtype": "",
            "integration_type": "AWS_PROXY",
            "integration_uri": "arn:aws:apigateway:us-east-1:lambda:path/2015-03-31/functions/arn:aws:lambda:us-east-1:233925838033:function:lmb-appma-security-auth-login-dev/invocations",
            "passthrough_behavior": "",
            "payload_format_version": "1.0",
            "request_parameters": {},
            "request_templates": {},
            "response_parameters": [],
            "template_selection_expression": "",
            "timeout_milliseconds": 30000,
            "tls_config": []
          },
          "sensitive_attributes": [],
          "private": "bnVsbA==",
          "dependencies": [
            "module.api_gateway.aws_apigatewayv2_api.main",
            "module.api_gateway.aws_apigatewayv2_stage.dev",
            "module.api_gateway.aws_cloudwatch_log_group.main_api_gw",
            "module.api_gateway_resources_security_login.aws_iam_role.lambda_role",
            "module.api_gateway_resources_security_login.aws_lambda_function.html_lambda",
            "module.api_gateway_resources_security_login.data.archive_file.lambda_package",
            "module.api_gateway_resources_security_login.data.aws_apigatewayv2_api.selected",
            "module.customers_dynamodb.aws_dynamodb_table.customers-dynamodb-table",
            "module.token_dynamodb.aws_dynamodb_table.token-dynamodb-table",
            "module.users_dynamodb.aws_dynamodb_table.users-dynamodb-table"
          ]
        }
      ]
    },
    {
      "module": "module.api_gateway_resources_security_login",
      "mode": "managed",
      "type": "aws_apigatewayv2_route",
      "name": "post_handler",
      "provider": "provider[\"registry.terraform.io/hashicorp/aws\"]",
      "instances": [
        {
          "schema_version": 0,
          "attributes": {
            "api_id": "1xfslfeqxf",
            "api_key_required": false,
            "authorization_scopes": [],
            "authorization_type": "NONE",
            "authorizer_id": "",
            "id": "36sc4ks",
            "model_selection_expression": "",
            "operation_name": "",
            "request_models": {},
            "request_parameter": [],
            "route_key": "POST /api/security/auth/login",
            "route_response_selection_expression": "",
            "target": "integrations/7qcr8hv"
          },
          "sensitive_attributes": [],
          "private": "bnVsbA==",
          "dependencies": [
            "module.api_gateway.aws_apigatewayv2_api.main",
            "module.api_gateway.aws_apigatewayv2_stage.dev",
            "module.api_gateway.aws_cloudwatch_log_group.main_api_gw",
            "module.api_gateway_resources_security_login.aws_apigatewayv2_integration.lambda_handler",
            "module.api_gateway_resources_security_login.aws_iam_role.lambda_role",
            "module.api_gateway_resources_security_login.aws_lambda_function.html_lambda",
            "module.api_gateway_resources_security_login.data.archive_file.lambda_package",
            "module.api_gateway_resources_security_login.data.aws_apigatewayv2_api.selected",
            "module.customers_dynamodb.aws_dynamodb_table.customers-dynamodb-table",
            "module.token_dynamodb.aws_dynamodb_table.token-dynamodb-table",
            "module.users_dynamodb.aws_dynamodb_table.users-dynamodb-table"
          ]
        }
      ]
    },
    {
      "module": "module.api_gateway_resources_security_login",
      "mode": "managed",
      "type": "aws_cloudwatch_log_group",
      "name": "html_loggroup_lambda",
      "provider": "provider[\"registry.terraform.io/hashicorp/aws\"]",
      "instances": [
        {
          "schema_version": 0,
          "attributes": {
            "arn": "arn:aws:logs:us-east-1:233925838033:log-group:/aws/lambda/lmb-appma-security-auth-login-dev",
            "id": "/aws/lambda/lmb-appma-security-auth-login-dev",
            "kms_key_id": "",
            "log_group_class": "STANDARD",
            "name": "/aws/lambda/lmb-appma-security-auth-login-dev",
            "name_prefix": "",
            "retention_in_days": 0,
            "skip_destroy": false,
            "tags": {},
            "tags_all": {
              "iac": "terraform"
            }
          },
          "sensitive_attributes": [],
          "private": "bnVsbA==",
          "dependencies": [
            "module.api_gateway.aws_apigatewayv2_api.main",
            "module.api_gateway.aws_apigatewayv2_stage.dev",
            "module.api_gateway.aws_cloudwatch_log_group.main_api_gw",
            "module.api_gateway_resources_security_login.aws_iam_role.lambda_role",
            "module.api_gateway_resources_security_login.aws_lambda_function.html_lambda",
            "module.api_gateway_resources_security_login.data.archive_file.lambda_package",
            "module.customers_dynamodb.aws_dynamodb_table.customers-dynamodb-table",
            "module.token_dynamodb.aws_dynamodb_table.token-dynamodb-table",
            "module.users_dynamodb.aws_dynamodb_table.users-dynamodb-table"
          ]
        }
      ]
    },
    {
      "module": "module.api_gateway_resources_security_login",
      "mode": "managed",
      "type": "aws_iam_policy",
      "name": "dynamodb_lambda_policy",
      "provider": "provider[\"registry.terraform.io/hashicorp/aws\"]",
      "instances": [
        {
          "schema_version": 0,
          "attributes": {
            "arn": "arn:aws:iam::233925838033:policy/policy-appma-security-auth-login-dev",
            "attachment_count": 1,
            "description": "This policy will be used by the lambda to write get data from DynamoDB",
            "id": "arn:aws:iam::233925838033:policy/policy-appma-security-auth-login-dev",
            "name": "policy-appma-security-auth-login-dev",
            "name_prefix": "",
            "path": "/",
            "policy": "{\"Statement\":[{\"Action\":[\"dynamodb:Scan\",\"dynamodb:PutItem\",\"dynamodb:DeleteItem\"],\"Effect\":\"Allow\",\"Resource\":[\"arn:aws:dynamodb:us-east-1:233925838033:table/tbl-appma-users-dev\",\"arn:aws:dynamodb:us-east-1:233925838033:table/tbl-appma-token-dev\"]}],\"Version\":\"2012-10-17\"}",
            "policy_id": "ANPATM5YRATITKZPDMIAA",
            "tags": {},
            "tags_all": {
              "iac": "terraform"
            }
          },
          "sensitive_attributes": [],
          "private": "bnVsbA==",
          "dependencies": [
            "module.api_gateway.aws_apigatewayv2_api.main",
            "module.api_gateway.aws_apigatewayv2_stage.dev",
            "module.api_gateway.aws_cloudwatch_log_group.main_api_gw",
            "module.api_gateway_resources_security_login.data.aws_caller_identity.current",
            "module.api_gateway_resources_security_login.data.aws_iam_policy_document.lambda_policy_document",
            "module.api_gateway_resources_security_login.data.aws_region.current",
            "module.customers_dynamodb.aws_dynamodb_table.customers-dynamodb-table",
            "module.token_dynamodb.aws_dynamodb_table.token-dynamodb-table",
            "module.users_dynamodb.aws_dynamodb_table.users-dynamodb-table"
          ]
        }
      ]
    },
    {
      "module": "module.api_gateway_resources_security_login",
      "mode": "managed",
      "type": "aws_iam_role",
      "name": "lambda_role",
      "provider": "provider[\"registry.terraform.io/hashicorp/aws\"]",
      "instances": [
        {
          "schema_version": 0,
          "attributes": {
            "arn": "arn:aws:iam::233925838033:role/role-appma-security-auth-login-dev",
            "assume_role_policy": "{\"Statement\":[{\"Action\":\"sts:AssumeRole\",\"Effect\":\"Allow\",\"Principal\":{\"Service\":\"lambda.amazonaws.com\"}}],\"Version\":\"2012-10-17\"}",
            "create_date": "2024-07-24T19:39:51Z",
            "description": "",
            "force_detach_policies": false,
            "id": "role-appma-security-auth-login-dev",
            "inline_policy": [],
            "managed_policy_arns": [
              "arn:aws:iam::233925838033:policy/policy-appma-security-auth-login-dev",
              "arn:aws:iam::aws:policy/service-role/AWSLambdaBasicExecutionRole"
            ],
            "max_session_duration": 3600,
            "name": "role-appma-security-auth-login-dev",
            "name_prefix": "",
            "path": "/",
            "permissions_boundary": "",
            "tags": {},
            "tags_all": {
              "iac": "terraform"
            },
            "unique_id": "AROATM5YRATISXQRDV37J"
          },
          "sensitive_attributes": [],
          "private": "bnVsbA==",
          "dependencies": [
            "module.api_gateway.aws_apigatewayv2_api.main",
            "module.api_gateway.aws_apigatewayv2_stage.dev",
            "module.api_gateway.aws_cloudwatch_log_group.main_api_gw",
            "module.customers_dynamodb.aws_dynamodb_table.customers-dynamodb-table",
            "module.token_dynamodb.aws_dynamodb_table.token-dynamodb-table",
            "module.users_dynamodb.aws_dynamodb_table.users-dynamodb-table"
          ]
        }
      ]
    },
    {
      "module": "module.api_gateway_resources_security_login",
      "mode": "managed",
      "type": "aws_iam_role_policy_attachment",
      "name": "lambda_attachements",
      "provider": "provider[\"registry.terraform.io/hashicorp/aws\"]",
      "instances": [
        {
          "schema_version": 0,
          "attributes": {
            "id": "role-appma-security-auth-login-dev-20240724194006614800000016",
            "policy_arn": "arn:aws:iam::233925838033:policy/policy-appma-security-auth-login-dev",
            "role": "role-appma-security-auth-login-dev"
          },
          "sensitive_attributes": [],
          "private": "bnVsbA==",
          "dependencies": [
            "module.api_gateway.aws_apigatewayv2_api.main",
            "module.api_gateway.aws_apigatewayv2_stage.dev",
            "module.api_gateway.aws_cloudwatch_log_group.main_api_gw",
            "module.api_gateway_resources_security_login.aws_iam_policy.dynamodb_lambda_policy",
            "module.api_gateway_resources_security_login.aws_iam_role.lambda_role",
            "module.api_gateway_resources_security_login.data.aws_caller_identity.current",
            "module.api_gateway_resources_security_login.data.aws_iam_policy_document.lambda_policy_document",
            "module.api_gateway_resources_security_login.data.aws_region.current",
            "module.customers_dynamodb.aws_dynamodb_table.customers-dynamodb-table",
            "module.token_dynamodb.aws_dynamodb_table.token-dynamodb-table",
            "module.users_dynamodb.aws_dynamodb_table.users-dynamodb-table"
          ]
        }
      ]
    },
    {
      "module": "module.api_gateway_resources_security_login",
      "mode": "managed",
      "type": "aws_iam_role_policy_attachment",
      "name": "lambda_role_policy",
      "provider": "provider[\"registry.terraform.io/hashicorp/aws\"]",
      "instances": [
        {
          "schema_version": 0,
          "attributes": {
            "id": "role-appma-security-auth-login-dev-20240724193958355400000011",
            "policy_arn": "arn:aws:iam::aws:policy/service-role/AWSLambdaBasicExecutionRole",
            "role": "role-appma-security-auth-login-dev"
          },
          "sensitive_attributes": [],
          "private": "bnVsbA==",
          "dependencies": [
            "module.api_gateway.aws_apigatewayv2_api.main",
            "module.api_gateway.aws_apigatewayv2_stage.dev",
            "module.api_gateway.aws_cloudwatch_log_group.main_api_gw",
            "module.api_gateway_resources_security_login.aws_iam_role.lambda_role",
            "module.customers_dynamodb.aws_dynamodb_table.customers-dynamodb-table",
            "module.token_dynamodb.aws_dynamodb_table.token-dynamodb-table",
            "module.users_dynamodb.aws_dynamodb_table.users-dynamodb-table"
          ]
        }
      ]
    },
    {
      "module": "module.api_gateway_resources_security_login",
      "mode": "managed",
      "type": "aws_lambda_function",
      "name": "html_lambda",
      "provider": "provider[\"registry.terraform.io/hashicorp/aws\"]",
      "instances": [
        {
          "schema_version": 0,
          "attributes": {
            "architectures": [
              "arm64"
            ],
            "arn": "arn:aws:lambda:us-east-1:233925838033:function:lmb-appma-security-auth-login-dev",
            "code_sha256": "du+B9qHLoqjOZRlDNJRWZmsf3crYWIgoLobmn0jIB4Y=",
            "code_signing_config_arn": "",
            "dead_letter_config": [],
            "description": "",
            "environment": [],
            "ephemeral_storage": [
              {
                "size": 512
              }
            ],
            "file_system_config": [],
            "filename": "./resources/auth/login/index.zip",
            "function_name": "lmb-appma-security-auth-login-dev",
            "handler": "index.handler",
            "id": "lmb-appma-security-auth-login-dev",
            "image_config": [],
            "image_uri": "",
            "invoke_arn": "arn:aws:apigateway:us-east-1:lambda:path/2015-03-31/functions/arn:aws:lambda:us-east-1:233925838033:function:lmb-appma-security-auth-login-dev/invocations",
            "kms_key_arn": "",
            "last_modified": "2024-07-24T19:41:25.087+0000",
            "layers": [],
            "logging_config": [
              {
                "application_log_level": "",
                "log_format": "Text",
                "log_group": "/aws/lambda/lmb-appma-security-auth-login-dev",
                "system_log_level": ""
              }
            ],
            "memory_size": 128,
            "package_type": "Zip",
            "publish": false,
            "qualified_arn": "arn:aws:lambda:us-east-1:233925838033:function:lmb-appma-security-auth-login-dev:$LATEST",
            "qualified_invoke_arn": "arn:aws:apigateway:us-east-1:lambda:path/2015-03-31/functions/arn:aws:lambda:us-east-1:233925838033:function:lmb-appma-security-auth-login-dev:$LATEST/invocations",
            "replace_security_groups_on_destroy": null,
            "replacement_security_group_ids": null,
            "reserved_concurrent_executions": -1,
            "role": "arn:aws:iam::233925838033:role/role-appma-security-auth-login-dev",
            "runtime": "nodejs20.x",
            "s3_bucket": null,
            "s3_key": null,
            "s3_object_version": null,
            "signing_job_arn": "",
            "signing_profile_version_arn": "",
            "skip_destroy": false,
            "snap_start": [],
            "source_code_hash": "du+B9qHLoqjOZRlDNJRWZmsf3crYWIgoLobmn0jIB4Y=",
            "source_code_size": 3316805,
            "tags": {
              "component": "login",
              "domain": "security",
              "env": "dev"
            },
            "tags_all": {
              "component": "login",
              "domain": "security",
              "env": "dev",
              "iac": "terraform"
            },
            "timeout": 30,
            "timeouts": null,
            "tracing_config": [
              {
                "mode": "PassThrough"
              }
            ],
            "version": "$LATEST",
            "vpc_config": []
          },
          "sensitive_attributes": [],
          "private": "eyJlMmJmYjczMC1lY2FhLTExZTYtOGY4OC0zNDM2M2JjN2M0YzAiOnsiY3JlYXRlIjo2MDAwMDAwMDAwMDAsImRlbGV0ZSI6NjAwMDAwMDAwMDAwLCJ1cGRhdGUiOjYwMDAwMDAwMDAwMH19",
          "dependencies": [
            "module.api_gateway.aws_apigatewayv2_api.main",
            "module.api_gateway.aws_apigatewayv2_stage.dev",
            "module.api_gateway.aws_cloudwatch_log_group.main_api_gw",
            "module.api_gateway_resources_security_login.aws_iam_role.lambda_role",
            "module.api_gateway_resources_security_login.data.archive_file.lambda_package",
            "module.customers_dynamodb.aws_dynamodb_table.customers-dynamodb-table",
            "module.token_dynamodb.aws_dynamodb_table.token-dynamodb-table",
            "module.users_dynamodb.aws_dynamodb_table.users-dynamodb-table"
          ]
        }
      ]
    },
    {
      "module": "module.api_gateway_resources_security_login",
      "mode": "managed",
      "type": "aws_lambda_permission",
      "name": "api_gw",
      "provider": "provider[\"registry.terraform.io/hashicorp/aws\"]",
      "instances": [
        {
          "schema_version": 0,
          "attributes": {
            "action": "lambda:InvokeFunction",
            "event_source_token": null,
            "function_name": "lmb-appma-security-auth-login-dev",
            "function_url_auth_type": null,
            "id": "AllowExecutionFromAPIGateway",
            "principal": "apigateway.amazonaws.com",
            "principal_org_id": null,
            "qualifier": "",
            "source_account": null,
            "source_arn": "arn:aws:execute-api:us-east-1:233925838033:1xfslfeqxf/*/*",
            "statement_id": "AllowExecutionFromAPIGateway",
            "statement_id_prefix": ""
          },
          "sensitive_attributes": [],
          "private": "bnVsbA==",
          "dependencies": [
            "module.api_gateway.aws_apigatewayv2_api.main",
            "module.api_gateway.aws_apigatewayv2_stage.dev",
            "module.api_gateway.aws_cloudwatch_log_group.main_api_gw",
            "module.api_gateway_resources_security_login.aws_iam_role.lambda_role",
            "module.api_gateway_resources_security_login.aws_lambda_function.html_lambda",
            "module.api_gateway_resources_security_login.data.archive_file.lambda_package",
            "module.api_gateway_resources_security_login.data.aws_apigatewayv2_api.selected",
            "module.customers_dynamodb.aws_dynamodb_table.customers-dynamodb-table",
            "module.token_dynamodb.aws_dynamodb_table.token-dynamodb-table",
            "module.users_dynamodb.aws_dynamodb_table.users-dynamodb-table"
          ]
        }
      ]
    },
    {
      "module": "module.customers_dynamodb",
      "mode": "managed",
      "type": "aws_dynamodb_table",
      "name": "customers-dynamodb-table",
      "provider": "provider[\"registry.terraform.io/hashicorp/aws\"]",
      "instances": [
        {
          "schema_version": 1,
          "attributes": {
            "arn": "arn:aws:dynamodb:us-east-1:233925838033:table/tbl-appma-customers-dev",
            "attribute": [
              {
                "name": "id",
                "type": "S"
              },
              {
                "name": "userId",
                "type": "S"
              }
            ],
            "billing_mode": "PAY_PER_REQUEST",
            "deletion_protection_enabled": false,
            "global_secondary_index": [],
            "hash_key": "id",
            "id": "tbl-appma-customers-dev",
            "import_table": [],
            "local_secondary_index": [],
            "name": "tbl-appma-customers-dev",
            "point_in_time_recovery": [
              {
                "enabled": false
              }
            ],
            "range_key": "userId",
            "read_capacity": 0,
            "replica": [],
            "restore_date_time": null,
            "restore_source_name": null,
            "restore_to_latest_time": null,
            "server_side_encryption": [],
            "stream_arn": "",
            "stream_enabled": false,
            "stream_label": "",
            "stream_view_type": "",
            "table_class": "STANDARD",
            "tags": {
              "APP_NAME": "apma",
              "ENVIRONMENT": "dev",
              "JTW_SECRET_VALUE": "secret",
              "JWT_TOKEN_LIFE": "1000",
              "LOGGER_LEVEL": "DEBUG",
              "REGION": "us-east-1"
            },
            "tags_all": {
              "APP_NAME": "apma",
              "ENVIRONMENT": "dev",
              "JTW_SECRET_VALUE": "secret",
              "JWT_TOKEN_LIFE": "1000",
              "LOGGER_LEVEL": "DEBUG",
              "REGION": "us-east-1",
              "iac": "terraform"
            },
            "timeouts": null,
            "ttl": [
              {
                "attribute_name": "",
                "enabled": false
              }
            ],
            "write_capacity": 0
          },
          "sensitive_attributes": [],
          "private": "eyJlMmJmYjczMC1lY2FhLTExZTYtOGY4OC0zNDM2M2JjN2M0YzAiOnsiY3JlYXRlIjoxODAwMDAwMDAwMDAwLCJkZWxldGUiOjYwMDAwMDAwMDAwMCwidXBkYXRlIjozNjAwMDAwMDAwMDAwfSwic2NoZW1hX3ZlcnNpb24iOiIxIn0="
        }
      ]
    },
    {
      "module": "module.services_dynamodb",
      "mode": "managed",
      "type": "aws_dynamodb_table",
      "name": "services-dynamodb-table",
      "provider": "provider[\"registry.terraform.io/hashicorp/aws\"]",
      "instances": [
        {
          "schema_version": 1,
          "attributes": {
            "arn": "arn:aws:dynamodb:us-east-1:233925838033:table/tbl-appma-services-dev",
            "attribute": [
              {
                "name": "id",
                "type": "S"
              },
              {
                "name": "userId",
                "type": "S"
              }
            ],
            "billing_mode": "PAY_PER_REQUEST",
            "deletion_protection_enabled": false,
            "global_secondary_index": [],
            "hash_key": "id",
            "id": "tbl-appma-services-dev",
            "import_table": [],
            "local_secondary_index": [],
            "name": "tbl-appma-services-dev",
            "point_in_time_recovery": [
              {
                "enabled": false
              }
            ],
            "range_key": "userId",
            "read_capacity": 0,
            "replica": [],
            "restore_date_time": null,
            "restore_source_name": null,
            "restore_to_latest_time": null,
            "server_side_encryption": [],
            "stream_arn": "",
            "stream_enabled": false,
            "stream_label": "",
            "stream_view_type": "",
            "table_class": "STANDARD",
            "tags": {
              "APP_NAME": "apma",
              "ENVIRONMENT": "dev",
              "JTW_SECRET_VALUE": "secret",
              "JWT_TOKEN_LIFE": "1000",
              "LOGGER_LEVEL": "DEBUG",
              "REGION": "us-east-1"
            },
            "tags_all": {
              "APP_NAME": "apma",
              "ENVIRONMENT": "dev",
              "JTW_SECRET_VALUE": "secret",
              "JWT_TOKEN_LIFE": "1000",
              "LOGGER_LEVEL": "DEBUG",
              "REGION": "us-east-1",
              "iac": "terraform"
            },
            "timeouts": null,
            "ttl": [
              {
                "attribute_name": "",
                "enabled": false
              }
            ],
            "write_capacity": 0
          },
          "sensitive_attributes": [],
          "private": "eyJlMmJmYjczMC1lY2FhLTExZTYtOGY4OC0zNDM2M2JjN2M0YzAiOnsiY3JlYXRlIjoxODAwMDAwMDAwMDAwLCJkZWxldGUiOjYwMDAwMDAwMDAwMCwidXBkYXRlIjozNjAwMDAwMDAwMDAwfSwic2NoZW1hX3ZlcnNpb24iOiIxIn0="
        }
      ]
    },
    {
      "module": "module.token_dynamodb",
      "mode": "managed",
      "type": "aws_dynamodb_table",
      "name": "token-dynamodb-table",
      "provider": "provider[\"registry.terraform.io/hashicorp/aws\"]",
      "instances": [
        {
          "schema_version": 1,
          "attributes": {
            "arn": "arn:aws:dynamodb:us-east-1:233925838033:table/tbl-appma-token-dev",
            "attribute": [
              {
                "name": "id",
                "type": "S"
              }
            ],
            "billing_mode": "PAY_PER_REQUEST",
            "deletion_protection_enabled": false,
            "global_secondary_index": [],
            "hash_key": "id",
            "id": "tbl-appma-token-dev",
            "import_table": [],
            "local_secondary_index": [],
            "name": "tbl-appma-token-dev",
            "point_in_time_recovery": [
              {
                "enabled": false
              }
            ],
            "range_key": null,
            "read_capacity": 0,
            "replica": [],
            "restore_date_time": null,
            "restore_source_name": null,
            "restore_to_latest_time": null,
            "server_side_encryption": [],
            "stream_arn": "",
            "stream_enabled": false,
            "stream_label": "",
            "stream_view_type": "",
            "table_class": "STANDARD",
            "tags": {
              "APP_NAME": "apma",
              "ENVIRONMENT": "dev",
              "JTW_SECRET_VALUE": "secret",
              "JWT_TOKEN_LIFE": "1000",
              "LOGGER_LEVEL": "DEBUG",
              "REGION": "us-east-1"
            },
            "tags_all": {
              "APP_NAME": "apma",
              "ENVIRONMENT": "dev",
              "JTW_SECRET_VALUE": "secret",
              "JWT_TOKEN_LIFE": "1000",
              "LOGGER_LEVEL": "DEBUG",
              "REGION": "us-east-1",
              "iac": "terraform"
            },
            "timeouts": null,
            "ttl": [
              {
                "attribute_name": "",
                "enabled": false
              }
            ],
            "write_capacity": 0
          },
          "sensitive_attributes": [],
          "private": "eyJlMmJmYjczMC1lY2FhLTExZTYtOGY4OC0zNDM2M2JjN2M0YzAiOnsiY3JlYXRlIjoxODAwMDAwMDAwMDAwLCJkZWxldGUiOjYwMDAwMDAwMDAwMCwidXBkYXRlIjozNjAwMDAwMDAwMDAwfSwic2NoZW1hX3ZlcnNpb24iOiIxIn0="
        }
      ]
    },
    {
      "module": "module.users_dynamodb",
      "mode": "managed",
      "type": "aws_dynamodb_table",
      "name": "users-dynamodb-table",
      "provider": "provider[\"registry.terraform.io/hashicorp/aws\"]",
      "instances": [
        {
          "schema_version": 1,
          "attributes": {
            "arn": "arn:aws:dynamodb:us-east-1:233925838033:table/tbl-appma-users-dev",
            "attribute": [
              {
                "name": "id",
                "type": "S"
              }
            ],
            "billing_mode": "PAY_PER_REQUEST",
            "deletion_protection_enabled": false,
            "global_secondary_index": [],
            "hash_key": "id",
            "id": "tbl-appma-users-dev",
            "import_table": [],
            "local_secondary_index": [],
            "name": "tbl-appma-users-dev",
            "point_in_time_recovery": [
              {
                "enabled": false
              }
            ],
            "range_key": null,
            "read_capacity": 0,
            "replica": [],
            "restore_date_time": null,
            "restore_source_name": null,
            "restore_to_latest_time": null,
            "server_side_encryption": [],
            "stream_arn": "",
            "stream_enabled": false,
            "stream_label": "",
            "stream_view_type": "",
            "table_class": "STANDARD",
            "tags": {
              "APP_NAME": "apma",
              "ENVIRONMENT": "dev",
              "JTW_SECRET_VALUE": "secret",
              "JWT_TOKEN_LIFE": "1000",
              "LOGGER_LEVEL": "DEBUG",
              "REGION": "us-east-1"
            },
            "tags_all": {
              "APP_NAME": "apma",
              "ENVIRONMENT": "dev",
              "JTW_SECRET_VALUE": "secret",
              "JWT_TOKEN_LIFE": "1000",
              "LOGGER_LEVEL": "DEBUG",
              "REGION": "us-east-1",
              "iac": "terraform"
            },
            "timeouts": null,
            "ttl": [
              {
                "attribute_name": "",
                "enabled": false
              }
            ],
            "write_capacity": 0
          },
          "sensitive_attributes": [],
          "private": "eyJlMmJmYjczMC1lY2FhLTExZTYtOGY4OC0zNDM2M2JjN2M0YzAiOnsiY3JlYXRlIjoxODAwMDAwMDAwMDAwLCJkZWxldGUiOjYwMDAwMDAwMDAwMCwidXBkYXRlIjozNjAwMDAwMDAwMDAwfSwic2NoZW1hX3ZlcnNpb24iOiIxIn0="
        }
      ]
    }
  ],
  "check_results": [
    {
      "object_kind": "var",
      "config_addr": "module.api_gateway_resources_core_customer_update.var.env",
      "status": "pass",
      "objects": [
        {
          "object_addr": "module.api_gateway_resources_core_customer_update.var.env",
          "status": "pass"
        }
      ]
    },
    {
      "object_kind": "var",
      "config_addr": "module.api_gateway.var.domain",
      "status": "pass",
      "objects": [
        {
          "object_addr": "module.api_gateway.var.domain",
          "status": "pass"
        }
      ]
    },
    {
      "object_kind": "var",
      "config_addr": "module.api_gateway_resources_core_user_associate-employee.var.subdomain",
      "status": "pass",
      "objects": [
        {
          "object_addr": "module.api_gateway_resources_core_user_associate-employee.var.subdomain",
          "status": "pass"
        }
      ]
    },
    {
      "object_kind": "var",
      "config_addr": "module.api_gateway_resources_core_customer_create.var.domain",
      "status": "pass",
      "objects": [
        {
          "object_addr": "module.api_gateway_resources_core_customer_create.var.domain",
          "status": "pass"
        }
      ]
    },
    {
      "object_kind": "var",
      "config_addr": "module.customers_dynamodb.var.env",
      "status": "pass",
      "objects": [
        {
          "object_addr": "module.customers_dynamodb.var.env",
          "status": "pass"
        }
      ]
    },
    {
      "object_kind": "var",
      "config_addr": "module.api_gateway_resources_core_user_find_by_id.var.subdomain",
      "status": "pass",
      "objects": [
        {
          "object_addr": "module.api_gateway_resources_core_user_find_by_id.var.subdomain",
          "status": "pass"
        }
      ]
    },
    {
      "object_kind": "var",
      "config_addr": "module.api_gateway_resources_core_service_create.var.domain",
      "status": "pass",
      "objects": [
        {
          "object_addr": "module.api_gateway_resources_core_service_create.var.domain",
          "status": "pass"
        }
      ]
    },
    {
      "object_kind": "var",
      "config_addr": "module.api_gateway_resources_core_service_create.var.env",
      "status": "pass",
      "objects": [
        {
          "object_addr": "module.api_gateway_resources_core_service_create.var.env",
          "status": "pass"
        }
      ]
    },
    {
      "object_kind": "var",
      "config_addr": "module.api_gateway_resources_core_service_update.var.subdomain",
      "status": "pass",
      "objects": [
        {
          "object_addr": "module.api_gateway_resources_core_service_update.var.subdomain",
          "status": "pass"
        }
      ]
    },
    {
      "object_kind": "var",
      "config_addr": "module.api_gateway_resources_security_login.var.lambda_runtime",
      "status": "pass",
      "objects": [
        {
          "object_addr": "module.api_gateway_resources_security_login.var.lambda_runtime",
          "status": "pass"
        }
      ]
    },
    {
      "object_kind": "var",
      "config_addr": "module.api_gateway_resources_core_customer_delete.var.domain",
      "status": "pass",
      "objects": [
        {
          "object_addr": "module.api_gateway_resources_core_customer_delete.var.domain",
          "status": "pass"
        }
      ]
    },
    {
      "object_kind": "var",
      "config_addr": "module.api_gateway_resources_core_customer_delete.var.subdomain",
      "status": "pass",
      "objects": [
        {
          "object_addr": "module.api_gateway_resources_core_customer_delete.var.subdomain",
          "status": "pass"
        }
      ]
    },
    {
      "object_kind": "var",
      "config_addr": "module.services_dynamodb.var.lambda_runtime",
      "status": "pass",
      "objects": [
        {
          "object_addr": "module.services_dynamodb.var.lambda_runtime",
          "status": "pass"
        }
      ]
    },
    {
      "object_kind": "var",
      "config_addr": "module.api_gateway_resources_core_user_find_invitations.var.lambda_runtime",
      "status": "pass",
      "objects": [
        {
          "object_addr": "module.api_gateway_resources_core_user_find_invitations.var.lambda_runtime",
          "status": "pass"
        }
      ]
    },
    {
      "object_kind": "var",
      "config_addr": "module.api_gateway_resources_core_user_find_invitations.var.subdomain",
      "status": "pass",
      "objects": [
        {
          "object_addr": "module.api_gateway_resources_core_user_find_invitations.var.subdomain",
          "status": "pass"
        }
      ]
    },
    {
      "object_kind": "var",
      "config_addr": "module.api_gateway_resources_security_login.var.domain",
      "status": "pass",
      "objects": [
        {
          "object_addr": "module.api_gateway_resources_security_login.var.domain",
          "status": "pass"
        }
      ]
    },
    {
      "object_kind": "var",
      "config_addr": "module.api_gateway_resources_core_user_update.var.subdomain",
      "status": "pass",
      "objects": [
        {
          "object_addr": "module.api_gateway_resources_core_user_update.var.subdomain",
          "status": "pass"
        }
      ]
    },
    {
      "object_kind": "var",
      "config_addr": "module.api_gateway_resources_core_user_update.var.lambda_runtime",
      "status": "pass",
      "objects": [
        {
          "object_addr": "module.api_gateway_resources_core_user_update.var.lambda_runtime",
          "status": "pass"
        }
      ]
    },
    {
      "object_kind": "var",
      "config_addr": "module.api_gateway_resources_core_customer_update.var.subdomain",
      "status": "pass",
      "objects": [
        {
          "object_addr": "module.api_gateway_resources_core_customer_update.var.subdomain",
          "status": "pass"
        }
      ]
    },
    {
      "object_kind": "var",
      "config_addr": "module.api_gateway_resources_core_customer_update.var.domain",
      "status": "pass",
      "objects": [
        {
          "object_addr": "module.api_gateway_resources_core_customer_update.var.domain",
          "status": "pass"
        }
      ]
    },
    {
      "object_kind": "var",
      "config_addr": "module.token_dynamodb.var.env",
      "status": "pass",
      "objects": [
        {
          "object_addr": "module.token_dynamodb.var.env",
          "status": "pass"
        }
      ]
    },
    {
      "object_kind": "var",
      "config_addr": "module.api_gateway_resources_core_customer_delete.var.lambda_runtime",
      "status": "pass",
      "objects": [
        {
          "object_addr": "module.api_gateway_resources_core_customer_delete.var.lambda_runtime",
          "status": "pass"
        }
      ]
    },
    {
      "object_kind": "var",
      "config_addr": "module.api_gateway_resources_core_user_find_employees.var.domain",
      "status": "pass",
      "objects": [
        {
          "object_addr": "module.api_gateway_resources_core_user_find_employees.var.domain",
          "status": "pass"
        }
      ]
    },
    {
      "object_kind": "var",
      "config_addr": "module.api_gateway_resources_core_service_find_all_or_filter.var.subdomain",
      "status": "pass",
      "objects": [
        {
          "object_addr": "module.api_gateway_resources_core_service_find_all_or_filter.var.subdomain",
          "status": "pass"
        }
      ]
    },
    {
      "object_kind": "var",
      "config_addr": "module.api_gateway_resources_core_service_delete.var.lambda_runtime",
      "status": "pass",
      "objects": [
        {
          "object_addr": "module.api_gateway_resources_core_service_delete.var.lambda_runtime",
          "status": "pass"
        }
      ]
    },
    {
      "object_kind": "var",
      "config_addr": "module.api_gateway_resources_security_login.var.subdomain",
      "status": "pass",
      "objects": [
        {
          "object_addr": "module.api_gateway_resources_security_login.var.subdomain",
          "status": "pass"
        }
      ]
    },
    {
      "object_kind": "var",
      "config_addr": "module.api_gateway_resources_core_service_create.var.lambda_runtime",
      "status": "pass",
      "objects": [
        {
          "object_addr": "module.api_gateway_resources_core_service_create.var.lambda_runtime",
          "status": "pass"
        }
      ]
    },
    {
      "object_kind": "var",
      "config_addr": "module.api_gateway_resources_core_user_create.var.domain",
      "status": "pass",
      "objects": [
        {
          "object_addr": "module.api_gateway_resources_core_user_create.var.domain",
          "status": "pass"
        }
      ]
    },
    {
      "object_kind": "var",
      "config_addr": "module.api_gateway_resources_core_user_find_employees.var.lambda_runtime",
      "status": "pass",
      "objects": [
        {
          "object_addr": "module.api_gateway_resources_core_user_find_employees.var.lambda_runtime",
          "status": "pass"
        }
      ]
    },
    {
      "object_kind": "var",
      "config_addr": "module.api_gateway_resources_core_user_find_employees.var.env",
      "status": "pass",
      "objects": [
        {
          "object_addr": "module.api_gateway_resources_core_user_find_employees.var.env",
          "status": "pass"
        }
      ]
    },
    {
      "object_kind": "var",
      "config_addr": "module.api_gateway_resources_core_service_find_by_id.var.lambda_runtime",
      "status": "pass",
      "objects": [
        {
          "object_addr": "module.api_gateway_resources_core_service_find_by_id.var.lambda_runtime",
          "status": "pass"
        }
      ]
    },
    {
      "object_kind": "var",
      "config_addr": "module.api_gateway_resources_core_customer_find_all_or_filter.var.domain",
      "status": "pass",
      "objects": [
        {
          "object_addr": "module.api_gateway_resources_core_customer_find_all_or_filter.var.domain",
          "status": "pass"
        }
      ]
    },
    {
      "object_kind": "var",
      "config_addr": "module.customers_dynamodb.var.subdomain",
      "status": "pass",
      "objects": [
        {
          "object_addr": "module.customers_dynamodb.var.subdomain",
          "status": "pass"
        }
      ]
    },
    {
      "object_kind": "var",
      "config_addr": "module.api_gateway_resources_core_customer_find_by_id.var.domain",
      "status": "pass",
      "objects": [
        {
          "object_addr": "module.api_gateway_resources_core_customer_find_by_id.var.domain",
          "status": "pass"
        }
      ]
    },
    {
      "object_kind": "var",
      "config_addr": "module.api_gateway_resources_core_service_find_all_or_filter.var.env",
      "status": "pass",
      "objects": [
        {
          "object_addr": "module.api_gateway_resources_core_service_find_all_or_filter.var.env",
          "status": "pass"
        }
      ]
    },
    {
      "object_kind": "var",
      "config_addr": "module.token_dynamodb.var.lambda_runtime",
      "status": "pass",
      "objects": [
        {
          "object_addr": "module.token_dynamodb.var.lambda_runtime",
          "status": "pass"
        }
      ]
    },
    {
      "object_kind": "var",
      "config_addr": "module.api_gateway_resources_core_user_find_invitations.var.domain",
      "status": "pass",
      "objects": [
        {
          "object_addr": "module.api_gateway_resources_core_user_find_invitations.var.domain",
          "status": "pass"
        }
      ]
    },
    {
      "object_kind": "var",
      "config_addr": "module.api_gateway_resources_security_authorizer.var.env",
      "status": "pass",
      "objects": [
        {
          "object_addr": "module.api_gateway_resources_security_authorizer.var.env",
          "status": "pass"
        }
      ]
    },
    {
      "object_kind": "var",
      "config_addr": "module.api_gateway_resources_core_user_create.var.env",
      "status": "pass",
      "objects": [
        {
          "object_addr": "module.api_gateway_resources_core_user_create.var.env",
          "status": "pass"
        }
      ]
    },
    {
      "object_kind": "var",
      "config_addr": "module.api_gateway_resources_core_service_update.var.lambda_runtime",
      "status": "pass",
      "objects": [
        {
          "object_addr": "module.api_gateway_resources_core_service_update.var.lambda_runtime",
          "status": "pass"
        }
      ]
    },
    {
      "object_kind": "var",
      "config_addr": "module.api_gateway_resources_core_customer_update.var.lambda_runtime",
      "status": "pass",
      "objects": [
        {
          "object_addr": "module.api_gateway_resources_core_customer_update.var.lambda_runtime",
          "status": "pass"
        }
      ]
    },
    {
      "object_kind": "var",
      "config_addr": "module.api_gateway.var.subdomain",
      "status": "pass",
      "objects": [
        {
          "object_addr": "module.api_gateway.var.subdomain",
          "status": "pass"
        }
      ]
    },
    {
      "object_kind": "var",
      "config_addr": "module.api_gateway_resources_core_service_delete.var.env",
      "status": "pass",
      "objects": [
        {
          "object_addr": "module.api_gateway_resources_core_service_delete.var.env",
          "status": "pass"
        }
      ]
    },
    {
      "object_kind": "var",
      "config_addr": "module.api_gateway_resources_core_customer_create.var.subdomain",
      "status": "pass",
      "objects": [
        {
          "object_addr": "module.api_gateway_resources_core_customer_create.var.subdomain",
          "status": "pass"
        }
      ]
    },
    {
      "object_kind": "var",
      "config_addr": "module.api_gateway_resources_core_user_update.var.domain",
      "status": "pass",
      "objects": [
        {
          "object_addr": "module.api_gateway_resources_core_user_update.var.domain",
          "status": "pass"
        }
      ]
    },
    {
      "object_kind": "var",
      "config_addr": "module.api_gateway_resources_core_user_find_employees.var.subdomain",
      "status": "pass",
      "objects": [
        {
          "object_addr": "module.api_gateway_resources_core_user_find_employees.var.subdomain",
          "status": "pass"
        }
      ]
    },
    {
      "object_kind": "var",
      "config_addr": "module.api_gateway_resources_core_service_delete.var.domain",
      "status": "pass",
      "objects": [
        {
          "object_addr": "module.api_gateway_resources_core_service_delete.var.domain",
          "status": "pass"
        }
      ]
    },
    {
      "object_kind": "var",
      "config_addr": "module.api_gateway_resources_core_user_associate-employee.var.env",
      "status": "pass",
      "objects": [
        {
          "object_addr": "module.api_gateway_resources_core_user_associate-employee.var.env",
          "status": "pass"
        }
      ]
    },
    {
      "object_kind": "var",
      "config_addr": "module.api_gateway_resources_core_user_create.var.lambda_runtime",
      "status": "pass",
      "objects": [
        {
          "object_addr": "module.api_gateway_resources_core_user_create.var.lambda_runtime",
          "status": "pass"
        }
      ]
    },
    {
      "object_kind": "var",
      "config_addr": "module.api_gateway_resources_core_user_update_invitation.var.domain",
      "status": "pass",
      "objects": [
        {
          "object_addr": "module.api_gateway_resources_core_user_update_invitation.var.domain",
          "status": "pass"
        }
      ]
    },
    {
      "object_kind": "var",
      "config_addr": "module.api_gateway_resources_core_customer_find_by_id.var.lambda_runtime",
      "status": "pass",
      "objects": [
        {
          "object_addr": "module.api_gateway_resources_core_customer_find_by_id.var.lambda_runtime",
          "status": "pass"
        }
      ]
    },
    {
      "object_kind": "var",
      "config_addr": "module.api_gateway_resources_core_user_find_by_id.var.domain",
      "status": "pass",
      "objects": [
        {
          "object_addr": "module.api_gateway_resources_core_user_find_by_id.var.domain",
          "status": "pass"
        }
      ]
    },
    {
      "object_kind": "var",
      "config_addr": "module.api_gateway_resources_core_service_find_all_or_filter.var.lambda_runtime",
      "status": "pass",
      "objects": [
        {
          "object_addr": "module.api_gateway_resources_core_service_find_all_or_filter.var.lambda_runtime",
          "status": "pass"
        }
      ]
    },
    {
      "object_kind": "var",
      "config_addr": "module.token_dynamodb.var.domain",
      "status": "pass",
      "objects": [
        {
          "object_addr": "module.token_dynamodb.var.domain",
          "status": "pass"
        }
      ]
    },
    {
      "object_kind": "var",
      "config_addr": "module.api_gateway_resources_core_customer_create.var.env",
      "status": "pass",
      "objects": [
        {
          "object_addr": "module.api_gateway_resources_core_customer_create.var.env",
          "status": "pass"
        }
      ]
    },
    {
      "object_kind": "var",
      "config_addr": "module.api_gateway_resources_core_service_create.var.subdomain",
      "status": "pass",
      "objects": [
        {
          "object_addr": "module.api_gateway_resources_core_service_create.var.subdomain",
          "status": "pass"
        }
      ]
    },
    {
      "object_kind": "var",
      "config_addr": "module.api_gateway_resources_core_customer_find_by_id.var.env",
      "status": "pass",
      "objects": [
        {
          "object_addr": "module.api_gateway_resources_core_customer_find_by_id.var.env",
          "status": "pass"
        }
      ]
    },
    {
      "object_kind": "var",
      "config_addr": "module.api_gateway_resources_core_service_delete.var.subdomain",
      "status": "pass",
      "objects": [
        {
          "object_addr": "module.api_gateway_resources_core_service_delete.var.subdomain",
          "status": "pass"
        }
      ]
    },
    {
      "object_kind": "var",
      "config_addr": "module.users_dynamodb.var.lambda_runtime",
      "status": "pass",
      "objects": [
        {
          "object_addr": "module.users_dynamodb.var.lambda_runtime",
          "status": "pass"
        }
      ]
    },
    {
      "object_kind": "var",
      "config_addr": "module.services_dynamodb.var.domain",
      "status": "pass",
      "objects": [
        {
          "object_addr": "module.services_dynamodb.var.domain",
          "status": "pass"
        }
      ]
    },
    {
      "object_kind": "var",
      "config_addr": "module.api_gateway_resources_core_service_find_all_or_filter.var.domain",
      "status": "pass",
      "objects": [
        {
          "object_addr": "module.api_gateway_resources_core_service_find_all_or_filter.var.domain",
          "status": "pass"
        }
      ]
    },
    {
      "object_kind": "var",
      "config_addr": "module.api_gateway_resources_core_customer_find_all_or_filter.var.env",
      "status": "pass",
      "objects": [
        {
          "object_addr": "module.api_gateway_resources_core_customer_find_all_or_filter.var.env",
          "status": "pass"
        }
      ]
    },
    {
      "object_kind": "var",
      "config_addr": "module.api_gateway_resources_core_user_find_by_id.var.lambda_runtime",
      "status": "pass",
      "objects": [
        {
          "object_addr": "module.api_gateway_resources_core_user_find_by_id.var.lambda_runtime",
          "status": "pass"
        }
      ]
    },
    {
      "object_kind": "var",
      "config_addr": "module.api_gateway_resources_security_authorizer.var.subdomain",
      "status": "pass",
      "objects": [
        {
          "object_addr": "module.api_gateway_resources_security_authorizer.var.subdomain",
          "status": "pass"
        }
      ]
    },
    {
      "object_kind": "var",
      "config_addr": "module.api_gateway_resources_security_authorizer.var.lambda_runtime",
      "status": "pass",
      "objects": [
        {
          "object_addr": "module.api_gateway_resources_security_authorizer.var.lambda_runtime",
          "status": "pass"
        }
      ]
    },
    {
      "object_kind": "var",
      "config_addr": "module.api_gateway.var.lambda_runtime",
      "status": "pass",
      "objects": [
        {
          "object_addr": "module.api_gateway.var.lambda_runtime",
          "status": "pass"
        }
      ]
    },
    {
      "object_kind": "var",
      "config_addr": "module.users_dynamodb.var.subdomain",
      "status": "pass",
      "objects": [
        {
          "object_addr": "module.users_dynamodb.var.subdomain",
          "status": "pass"
        }
      ]
    },
    {
      "object_kind": "var",
      "config_addr": "module.api_gateway_resources_core_service_update.var.domain",
      "status": "pass",
      "objects": [
        {
          "object_addr": "module.api_gateway_resources_core_service_update.var.domain",
          "status": "pass"
        }
      ]
    },
    {
      "object_kind": "var",
      "config_addr": "module.api_gateway_resources_core_customer_find_all_or_filter.var.subdomain",
      "status": "pass",
      "objects": [
        {
          "object_addr": "module.api_gateway_resources_core_customer_find_all_or_filter.var.subdomain",
          "status": "pass"
        }
      ]
    },
    {
      "object_kind": "var",
      "config_addr": "module.api_gateway_resources_core_user_update_invitation.var.subdomain",
      "status": "pass",
      "objects": [
        {
          "object_addr": "module.api_gateway_resources_core_user_update_invitation.var.subdomain",
          "status": "pass"
        }
      ]
    },
    {
      "object_kind": "var",
      "config_addr": "module.users_dynamodb.var.domain",
      "status": "pass",
      "objects": [
        {
          "object_addr": "module.users_dynamodb.var.domain",
          "status": "pass"
        }
      ]
    },
    {
      "object_kind": "var",
      "config_addr": "module.api_gateway_resources_core_user_create.var.subdomain",
      "status": "pass",
      "objects": [
        {
          "object_addr": "module.api_gateway_resources_core_user_create.var.subdomain",
          "status": "pass"
        }
      ]
    },
    {
      "object_kind": "var",
      "config_addr": "module.api_gateway_resources_core_service_find_by_id.var.env",
      "status": "pass",
      "objects": [
        {
          "object_addr": "module.api_gateway_resources_core_service_find_by_id.var.env",
          "status": "pass"
        }
      ]
    },
    {
      "object_kind": "var",
      "config_addr": "module.api_gateway_resources_security_login.var.env",
      "status": "pass",
      "objects": [
        {
          "object_addr": "module.api_gateway_resources_security_login.var.env",
          "status": "pass"
        }
      ]
    },
    {
      "object_kind": "var",
      "config_addr": "module.api_gateway_resources_core_customer_create.var.lambda_runtime",
      "status": "pass",
      "objects": [
        {
          "object_addr": "module.api_gateway_resources_core_customer_create.var.lambda_runtime",
          "status": "pass"
        }
      ]
    },
    {
      "object_kind": "var",
      "config_addr": "module.api_gateway_resources_core_user_update_invitation.var.env",
      "status": "pass",
      "objects": [
        {
          "object_addr": "module.api_gateway_resources_core_user_update_invitation.var.env",
          "status": "pass"
        }
      ]
    },
    {
      "object_kind": "var",
      "config_addr": "module.users_dynamodb.var.env",
      "status": "pass",
      "objects": [
        {
          "object_addr": "module.users_dynamodb.var.env",
          "status": "pass"
        }
      ]
    },
    {
      "object_kind": "var",
      "config_addr": "module.api_gateway_resources_security_authorizer.var.domain",
      "status": "pass",
      "objects": [
        {
          "object_addr": "module.api_gateway_resources_security_authorizer.var.domain",
          "status": "pass"
        }
      ]
    },
    {
      "object_kind": "var",
      "config_addr": "module.customers_dynamodb.var.domain",
      "status": "pass",
      "objects": [
        {
          "object_addr": "module.customers_dynamodb.var.domain",
          "status": "pass"
        }
      ]
    },
    {
      "object_kind": "var",
      "config_addr": "module.token_dynamodb.var.subdomain",
      "status": "pass",
      "objects": [
        {
          "object_addr": "module.token_dynamodb.var.subdomain",
          "status": "pass"
        }
      ]
    },
    {
      "object_kind": "var",
      "config_addr": "module.services_dynamodb.var.env",
      "status": "pass",
      "objects": [
        {
          "object_addr": "module.services_dynamodb.var.env",
          "status": "pass"
        }
      ]
    },
    {
      "object_kind": "var",
      "config_addr": "module.api_gateway_resources_core_customer_find_by_id.var.subdomain",
      "status": "pass",
      "objects": [
        {
          "object_addr": "module.api_gateway_resources_core_customer_find_by_id.var.subdomain",
          "status": "pass"
        }
      ]
    },
    {
      "object_kind": "var",
      "config_addr": "module.api_gateway_resources_core_service_find_by_id.var.subdomain",
      "status": "pass",
      "objects": [
        {
          "object_addr": "module.api_gateway_resources_core_service_find_by_id.var.subdomain",
          "status": "pass"
        }
      ]
    },
    {
      "object_kind": "var",
      "config_addr": "module.services_dynamodb.var.subdomain",
      "status": "pass",
      "objects": [
        {
          "object_addr": "module.services_dynamodb.var.subdomain",
          "status": "pass"
        }
      ]
    },
    {
      "object_kind": "var",
      "config_addr": "module.api_gateway_resources_core_service_find_by_id.var.domain",
      "status": "pass",
      "objects": [
        {
          "object_addr": "module.api_gateway_resources_core_service_find_by_id.var.domain",
          "status": "pass"
        }
      ]
    },
    {
      "object_kind": "var",
      "config_addr": "module.api_gateway_resources_core_user_find_invitations.var.env",
      "status": "pass",
      "objects": [
        {
          "object_addr": "module.api_gateway_resources_core_user_find_invitations.var.env",
          "status": "pass"
        }
      ]
    },
    {
      "object_kind": "var",
      "config_addr": "module.api_gateway_resources_core_customer_find_all_or_filter.var.lambda_runtime",
      "status": "pass",
      "objects": [
        {
          "object_addr": "module.api_gateway_resources_core_customer_find_all_or_filter.var.lambda_runtime",
          "status": "pass"
        }
      ]
    },
    {
      "object_kind": "var",
      "config_addr": "module.api_gateway_resources_core_service_update.var.env",
      "status": "pass",
      "objects": [
        {
          "object_addr": "module.api_gateway_resources_core_service_update.var.env",
          "status": "pass"
        }
      ]
    },
    {
      "object_kind": "var",
      "config_addr": "module.api_gateway.var.env",
      "status": "pass",
      "objects": [
        {
          "object_addr": "module.api_gateway.var.env",
          "status": "pass"
        }
      ]
    },
    {
      "object_kind": "var",
      "config_addr": "module.api_gateway_resources_core_user_associate-employee.var.domain",
      "status": "pass",
      "objects": [
        {
          "object_addr": "module.api_gateway_resources_core_user_associate-employee.var.domain",
          "status": "pass"
        }
      ]
    },
    {
      "object_kind": "var",
      "config_addr": "module.customers_dynamodb.var.lambda_runtime",
      "status": "pass",
      "objects": [
        {
          "object_addr": "module.customers_dynamodb.var.lambda_runtime",
          "status": "pass"
        }
      ]
    },
    {
      "object_kind": "var",
      "config_addr": "module.api_gateway_resources_core_customer_delete.var.env",
      "status": "pass",
      "objects": [
        {
          "object_addr": "module.api_gateway_resources_core_customer_delete.var.env",
          "status": "pass"
        }
      ]
    },
    {
      "object_kind": "var",
      "config_addr": "module.api_gateway_resources_core_user_associate-employee.var.lambda_runtime",
      "status": "pass",
      "objects": [
        {
          "object_addr": "module.api_gateway_resources_core_user_associate-employee.var.lambda_runtime",
          "status": "pass"
        }
      ]
    },
    {
      "object_kind": "var",
      "config_addr": "module.api_gateway_resources_core_user_find_by_id.var.env",
      "status": "pass",
      "objects": [
        {
          "object_addr": "module.api_gateway_resources_core_user_find_by_id.var.env",
          "status": "pass"
        }
      ]
    },
    {
      "object_kind": "var",
      "config_addr": "module.api_gateway_resources_core_user_update_invitation.var.lambda_runtime",
      "status": "pass",
      "objects": [
        {
          "object_addr": "module.api_gateway_resources_core_user_update_invitation.var.lambda_runtime",
          "status": "pass"
        }
      ]
    },
    {
      "object_kind": "var",
      "config_addr": "module.api_gateway_resources_core_user_update.var.env",
      "status": "pass",
      "objects": [
        {
          "object_addr": "module.api_gateway_resources_core_user_update.var.env",
          "status": "pass"
        }
      ]
    }
  ]
}
